{"format_version":"0.2","provider_schemas":{"registry.terraform.io/techbeck03/guacamole":{"provider":{"version":0,"block":{"attributes":{"disable_cookies":{"type":"bool","description_kind":"plain","optional":true,"sensitive":true},"disable_tls_verification":{"type":"bool","description_kind":"plain","optional":true,"sensitive":true},"password":{"type":"string","description_kind":"plain","required":true,"sensitive":true},"url":{"type":"string","description_kind":"plain","required":true},"username":{"type":"string","description_kind":"plain","required":true}},"description_kind":"plain"}},"resource_schemas":{"guacamole_connection_group":{"version":0,"block":{"attributes":{"active_connections":{"type":"number","description":"Active connections of guacamole connection group","description_kind":"plain","computed":true},"id":{"type":"string","description_kind":"plain","optional":true,"computed":true},"identifier":{"type":"string","description":"Identifier of guacamole connection group","description_kind":"plain","computed":true},"name":{"type":"string","description":"Name of guacamole connection group","description_kind":"plain","required":true},"parent_identifier":{"type":"string","description":"Parent Identifier of guacamole connection group","description_kind":"plain","required":true},"type":{"type":"string","description":"Type of guacamole connection group","description_kind":"plain","optional":true}},"block_types":{"attributes":{"nesting_mode":"list","block":{"attributes":{"enable_session_affinity":{"type":"bool","description":"Enable session affinity","description_kind":"plain","optional":true,"computed":true},"max_connections":{"type":"string","description":"Maximum number of total simultaneous connections allowed","description_kind":"plain","optional":true,"computed":true},"max_connections_per_user":{"type":"string","description":"Maximum number of simultaneous connections allowed per user","description_kind":"plain","optional":true,"computed":true}},"description":"Attributes of guacamole connection group","description_kind":"plain"}}},"description_kind":"plain"}},"guacamole_connection_kubernetes":{"version":0,"block":{"attributes":{"active_connections":{"type":"number","description":"Active connection count for the guacamole connection","description_kind":"plain","computed":true},"id":{"type":"string","description_kind":"plain","optional":true,"computed":true},"identifier":{"type":"string","description":"Numeric identifier of the guacamole connection","description_kind":"plain","computed":true},"name":{"type":"string","description":"Name of the guacamole connection","description_kind":"plain","required":true},"parent_identifier":{"type":"string","description":"Parent identifier of the guacamole connection","description_kind":"plain","optional":true},"protocol":{"type":"string","description":"Protocol type of the guacamole connection","description_kind":"plain","computed":true}},"block_types":{"attributes":{"nesting_mode":"list","block":{"attributes":{"failover_only":{"type":"bool","description":"Use load balancing for failover only","description_kind":"plain","optional":true,"computed":true},"guacd_encryption":{"type":"string","description":"Guacd proxy encryption type","description_kind":"plain","optional":true,"computed":true},"guacd_hostname":{"type":"string","description":"Guacd proxy hostname","description_kind":"plain","optional":true,"computed":true},"guacd_port":{"type":"string","description":"Guacd proxy port","description_kind":"plain","optional":true,"computed":true},"max_connections":{"type":"string","description":"Maximum concurrent total connections","description_kind":"plain","optional":true,"computed":true},"max_connections_per_user":{"type":"string","description":"Maximum concurrent connections per user","description_kind":"plain","optional":true,"computed":true},"weight":{"type":"string","description":"Load balancing connection weight","description_kind":"plain","optional":true,"computed":true}},"description":"Guacamole connection attributes","description_kind":"plain"},"max_items":1},"parameters":{"nesting_mode":"list","block":{"attributes":{"backspace":{"type":"string","description":"Backspace key sends","description_kind":"plain","optional":true,"computed":true},"ca_cert":{"type":"string","description":"Certificate authority certificate","description_kind":"plain","optional":true,"computed":true},"client_cert":{"type":"string","description":"Client certificate","description_kind":"plain","optional":true,"computed":true},"client_key":{"type":"string","description":"Client key","description_kind":"plain","optional":true,"computed":true},"color_scheme":{"type":"string","description":"Display color scheme","description_kind":"plain","optional":true,"computed":true},"container":{"type":"string","description":"Container name","description_kind":"plain","optional":true,"computed":true},"font_name":{"type":"string","description":"Display font name","description_kind":"plain","optional":true,"computed":true},"font_size":{"type":"string","description":"Display font size","description_kind":"plain","optional":true,"computed":true},"hostname":{"type":"string","description":"Hostname of target","description_kind":"plain","required":true},"ignore_cert":{"type":"bool","description":"Ignore certificate errors","description_kind":"plain","optional":true,"computed":true},"max_scrollback_size":{"type":"string","description":"Display maximum scrollback","description_kind":"plain","optional":true,"computed":true},"namespace":{"type":"string","description":"Namespace name","description_kind":"plain","optional":true,"computed":true},"pod":{"type":"string","description":"Pod name","description_kind":"plain","optional":true,"computed":true},"port":{"type":"string","description":"Port for target connection","description_kind":"plain","optional":true,"computed":true},"readonly":{"type":"bool","description":"Display is readonly","description_kind":"plain","optional":true,"computed":true},"recording_auto_create_path":{"type":"bool","description":"Auto create recording path","description_kind":"plain","optional":true,"computed":true},"recording_exclude_mouse":{"type":"bool","description":"Exclude mouse","description_kind":"plain","optional":true,"computed":true},"recording_exclude_output":{"type":"bool","description":"Exclude graphics/streams","description_kind":"plain","optional":true,"computed":true},"recording_include_keys":{"type":"bool","description":"Include key events","description_kind":"plain","optional":true,"computed":true},"recording_name":{"type":"string","description":"Screen recording name","description_kind":"plain","optional":true,"computed":true},"recording_path":{"type":"string","description":"Screen recording path","description_kind":"plain","optional":true,"computed":true},"typescript_auto_create_path":{"type":"bool","description":"Automatically create typescript path","description_kind":"plain","optional":true,"computed":true},"typescript_name":{"type":"string","description":"Typescript name","description_kind":"plain","optional":true,"computed":true},"typescript_path":{"type":"string","description":"Typescript path","description_kind":"plain","optional":true,"computed":true},"use_ssl":{"type":"bool","description":"Use SSL/TLS","description_kind":"plain","optional":true,"computed":true}},"description":"Guacamole connection parameters","description_kind":"plain"},"min_items":1,"max_items":1}},"description_kind":"plain"}},"guacamole_connection_rdp":{"version":0,"block":{"attributes":{"active_connections":{"type":"number","description":"Active connection count for the guacamole connection","description_kind":"plain","computed":true},"id":{"type":"string","description_kind":"plain","optional":true,"computed":true},"identifier":{"type":"string","description":"Numeric identifier of the guacamole connection","description_kind":"plain","computed":true},"name":{"type":"string","description":"Name of the guacamole connection","description_kind":"plain","required":true},"parent_identifier":{"type":"string","description":"Parent identifier of the guacamole connection","description_kind":"plain","optional":true},"protocol":{"type":"string","description":"Protocol type of the guacamole connection","description_kind":"plain","computed":true}},"block_types":{"attributes":{"nesting_mode":"list","block":{"attributes":{"failover_only":{"type":"bool","description":"Use load balancing for failover only","description_kind":"plain","optional":true,"computed":true},"guacd_encryption":{"type":"string","description":"Guacd proxy encryption type","description_kind":"plain","optional":true,"computed":true},"guacd_hostname":{"type":"string","description":"Guacd proxy hostname","description_kind":"plain","optional":true,"computed":true},"guacd_port":{"type":"string","description":"Guacd proxy port","description_kind":"plain","optional":true,"computed":true},"max_connections":{"type":"string","description":"Maximum concurrent total connections","description_kind":"plain","optional":true,"computed":true},"max_connections_per_user":{"type":"string","description":"Maximum concurrent connections per user","description_kind":"plain","optional":true,"computed":true},"weight":{"type":"string","description":"Load balancing connection weight","description_kind":"plain","optional":true,"computed":true}},"description":"Guacamole connection attributes","description_kind":"plain"},"max_items":1},"parameters":{"nesting_mode":"list","block":{"attributes":{"administrator_console":{"type":"bool","description":"Enable administrator console","description_kind":"plain","optional":true,"computed":true},"client_name":{"type":"string","description":"Client name for rdp connection","description_kind":"plain","optional":true,"computed":true},"color_depth":{"type":"string","description":"Color depth of rdp connection","description_kind":"plain","optional":true,"computed":true},"console_audio":{"type":"bool","description":"Support audio in console","description_kind":"plain","optional":true,"computed":true},"create_drive_path":{"type":"bool","description":"Create drive path for device redirection","description_kind":"plain","optional":true,"computed":true},"disable_audio":{"type":"bool","description":"Disable audio","description_kind":"plain","optional":true,"computed":true},"disable_authentication":{"type":"bool","description":"Disable rdp authentication","description_kind":"plain","optional":true,"computed":true},"disable_bitmap_caching":{"type":"bool","description":"Disable bitmap caching","description_kind":"plain","optional":true,"computed":true},"disable_copy":{"type":"bool","description":"Disable copying from terminal","description_kind":"plain","optional":true,"computed":true},"disable_file_download":{"type":"bool","description":"Disable file download for device redirection","description_kind":"plain","optional":true,"computed":true},"disable_file_upload":{"type":"bool","description":"Disable file upload for device redirection","description_kind":"plain","optional":true,"computed":true},"disable_glyph_caching":{"type":"bool","description":"Disable glyph caching","description_kind":"plain","optional":true,"computed":true},"disable_offscreen_caching":{"type":"bool","description":"Disable off-screen caching","description_kind":"plain","optional":true,"computed":true},"disable_paste":{"type":"bool","description":"Disable pasting from client","description_kind":"plain","optional":true,"computed":true},"domain":{"type":"string","description":"Domain name of rdp connection","description_kind":"plain","optional":true,"computed":true},"dpi":{"type":"string","description":"Resolution (DPI) of rdp connection","description_kind":"plain","optional":true,"computed":true},"drive_name":{"type":"string","description":"Drive name for device redirection","description_kind":"plain","optional":true,"computed":true},"drive_path":{"type":"string","description":"Drive path for device redirection","description_kind":"plain","optional":true,"computed":true},"enable_audio_input":{"type":"bool","description":"Enable audio input (microphone)","description_kind":"plain","optional":true,"computed":true},"enable_desktop_composition":{"type":"bool","description":"Enable desktop composition","description_kind":"plain","optional":true,"computed":true},"enable_drive":{"type":"bool","description":"Enable drive for device redirection","description_kind":"plain","optional":true,"computed":true},"enable_font_smoothing":{"type":"bool","description":"Enable font smoothing","description_kind":"plain","optional":true,"computed":true},"enable_full_window_drag":{"type":"bool","description":"Enable full window drag","description_kind":"plain","optional":true,"computed":true},"enable_menu_animations":{"type":"bool","description":"Enable menu animations","description_kind":"plain","optional":true,"computed":true},"enable_printing":{"type":"bool","description":"Enable printing","description_kind":"plain","optional":true,"computed":true},"enable_theming":{"type":"bool","description":"Enable theming","description_kind":"plain","optional":true,"computed":true},"enable_wallpaper":{"type":"bool","description":"Enable wallpaper","description_kind":"plain","optional":true,"computed":true},"gateway_domain":{"type":"string","description":"RDS gateway domain","description_kind":"plain","optional":true,"computed":true},"gateway_hostname":{"type":"string","description":"RDS gateway hostname","description_kind":"plain","optional":true,"computed":true},"gateway_password":{"type":"string","description":"RDS gateway password","description_kind":"plain","optional":true,"computed":true},"gateway_port":{"type":"string","description":"RDS gateway port","description_kind":"plain","optional":true,"computed":true},"gateway_username":{"type":"string","description":"RDS gateway username","description_kind":"plain","optional":true,"computed":true},"height":{"type":"string","description":"Screen height (px)","description_kind":"plain","optional":true,"computed":true},"hostname":{"type":"string","description":"Hostname of target","description_kind":"plain","required":true},"ignore_cert":{"type":"bool","description":"Ignore domain certificate warnings","description_kind":"plain","optional":true,"computed":true},"initial_program":{"type":"string","description":"Initial program for rdp connection","description_kind":"plain","optional":true,"computed":true},"keyboard_layout":{"type":"string","description":"Keyboard layout for rdp connection","description_kind":"plain","optional":true,"computed":true},"load_balance_info":{"type":"string","description":"Load balance info/cookie","description_kind":"plain","optional":true,"computed":true},"password":{"type":"string","description":"Password for rdp connection","description_kind":"plain","optional":true,"computed":true},"port":{"type":"string","description":"Port for target connection","description_kind":"plain","optional":true,"computed":true},"preconnection_blob":{"type":"string","description":"Preconnection BLOB (VM ID)","description_kind":"plain","optional":true,"computed":true},"preconnection_id":{"type":"string","description":"RDP source ID","description_kind":"plain","optional":true,"computed":true},"printer_name":{"type":"string","description":"Redirected printer name","description_kind":"plain","optional":true,"computed":true},"readonly":{"type":"bool","description":"Display is readonly","description_kind":"plain","optional":true,"computed":true},"recording_auto_create_path":{"type":"bool","description":"Auto create recording path","description_kind":"plain","optional":true,"computed":true},"recording_exclude_mouse":{"type":"bool","description":"Exclude mouse","description_kind":"plain","optional":true,"computed":true},"recording_exclude_output":{"type":"bool","description":"Exclude graphics/streams","description_kind":"plain","optional":true,"computed":true},"recording_include_keys":{"type":"bool","description":"Include key events","description_kind":"plain","optional":true,"computed":true},"recording_name":{"type":"string","description":"Screen recording name","description_kind":"plain","optional":true,"computed":true},"recording_path":{"type":"string","description":"Screen recording path","description_kind":"plain","optional":true,"computed":true},"remote_app":{"type":"string","description":"Remote App program","description_kind":"plain","optional":true,"computed":true},"remote_app_parameters":{"type":"string","description":"Remote App parameters","description_kind":"plain","optional":true,"computed":true},"remote_app_working_directory":{"type":"string","description":"Remote App working directory","description_kind":"plain","optional":true,"computed":true},"resize_method":{"type":"string","description":"Resize method rdp connection","description_kind":"plain","optional":true,"computed":true},"security_mode":{"type":"string","description":"RDP security mode","description_kind":"plain","optional":true,"computed":true},"sftp_disable_file_download":{"type":"bool","description":"Disable file download","description_kind":"plain","optional":true,"computed":true},"sftp_disable_file_upload":{"type":"bool","description":"Disable file upload","description_kind":"plain","optional":true,"computed":true},"sftp_enable":{"type":"bool","description":"Enable sftp","description_kind":"plain","optional":true,"computed":true},"sftp_host_key":{"type":"string","description":"SFTP server public host key (Base64)","description_kind":"plain","optional":true,"computed":true},"sftp_hostname":{"type":"string","description":"SFTP server hostname","description_kind":"plain","optional":true,"computed":true},"sftp_keepalive_interval":{"type":"string","description":"SFTP keepalive interval","description_kind":"plain","optional":true,"computed":true},"sftp_passphrase":{"type":"string","description":"SFTP server private key passphrase","description_kind":"plain","optional":true,"computed":true},"sftp_password":{"type":"string","description":"SFTP server password","description_kind":"plain","optional":true,"computed":true},"sftp_port":{"type":"string","description":"SFTP server port","description_kind":"plain","optional":true,"computed":true},"sftp_private_key":{"type":"string","description":"SFTP server private key","description_kind":"plain","optional":true,"computed":true},"sftp_root_directory":{"type":"string","description":"File browser root directory","description_kind":"plain","optional":true,"computed":true},"sftp_upload_directory":{"type":"string","description":"SFTP default upload directory","description_kind":"plain","optional":true,"computed":true},"sftp_username":{"type":"string","description":"SFTP server username","description_kind":"plain","optional":true,"computed":true},"static_channels":{"type":"string","description":"Static channel names","description_kind":"plain","optional":true,"computed":true},"timezone":{"type":"string","description":"Timezone/Locale for rdp connection","description_kind":"plain","optional":true,"computed":true},"username":{"type":"string","description":"Username for rdp connection","description_kind":"plain","required":true},"width":{"type":"string","description":"Screen width (px)","description_kind":"plain","optional":true,"computed":true},"wol_boot_wait_time":{"type":"string","description":"Host boot wait time","description_kind":"plain","optional":true,"computed":true},"wol_broadcast_address":{"type":"string","description":"Broadcast address for WoL packet","description_kind":"plain","optional":true,"computed":true},"wol_mac_address":{"type":"string","description":"MAC address of the remote host","description_kind":"plain","optional":true,"computed":true},"wol_send_packet":{"type":"bool","description":"Send WoL packet","description_kind":"plain","optional":true,"computed":true}},"description":"Guacamole connection parameters","description_kind":"plain"},"min_items":1,"max_items":1}},"description_kind":"plain"}},"guacamole_connection_ssh":{"version":0,"block":{"attributes":{"active_connections":{"type":"number","description":"Active connection count for the guacamole connection","description_kind":"plain","computed":true},"id":{"type":"string","description_kind":"plain","optional":true,"computed":true},"identifier":{"type":"string","description":"Numeric identifier of the guacamole connection","description_kind":"plain","computed":true},"name":{"type":"string","description":"Name of the guacamole connection","description_kind":"plain","required":true},"parent_identifier":{"type":"string","description":"Parent identifier of the guacamole connection","description_kind":"plain","optional":true},"protocol":{"type":"string","description":"Protocol type of the guacamole connection","description_kind":"plain","computed":true}},"block_types":{"attributes":{"nesting_mode":"list","block":{"attributes":{"failover_only":{"type":"bool","description":"Use load balancing for failover only","description_kind":"plain","optional":true,"computed":true},"guacd_encryption":{"type":"string","description":"Guacd proxy encryption type","description_kind":"plain","optional":true,"computed":true},"guacd_hostname":{"type":"string","description":"Guacd proxy hostname","description_kind":"plain","optional":true,"computed":true},"guacd_port":{"type":"string","description":"Guacd proxy port","description_kind":"plain","optional":true,"computed":true},"max_connections":{"type":"string","description":"Maximum concurrent total connections","description_kind":"plain","optional":true,"computed":true},"max_connections_per_user":{"type":"string","description":"Maximum concurrent connections per user","description_kind":"plain","optional":true,"computed":true},"weight":{"type":"string","description":"Load balancing connection weight","description_kind":"plain","optional":true,"computed":true}},"description":"Guacamole connection attributes","description_kind":"plain"},"max_items":1},"parameters":{"nesting_mode":"list","block":{"attributes":{"backspace":{"type":"string","description":"Backspace key sends","description_kind":"plain","optional":true,"computed":true},"color_scheme":{"type":"string","description":"Display color scheme","description_kind":"plain","optional":true,"computed":true},"disable_copy":{"type":"bool","description":"Disable copying from terminal","description_kind":"plain","optional":true,"computed":true},"disable_paste":{"type":"bool","description":"Disable pasting from client","description_kind":"plain","optional":true,"computed":true},"execute_command":{"type":"string","description":"Execute command","description_kind":"plain","optional":true,"computed":true},"font_name":{"type":"string","description":"Display font name","description_kind":"plain","optional":true,"computed":true},"font_size":{"type":"string","description":"Display font size","description_kind":"plain","optional":true,"computed":true},"hostname":{"type":"string","description":"Hostname of target","description_kind":"plain","required":true},"locale":{"type":"string","description":"Language/Locale","description_kind":"plain","optional":true,"computed":true},"max_scrollback_size":{"type":"string","description":"Display maximum scrollback","description_kind":"plain","optional":true,"computed":true},"passphrase":{"type":"string","description":"Private key passphrase","description_kind":"plain","optional":true,"computed":true},"password":{"type":"string","description":"Password for ssh connection","description_kind":"plain","optional":true,"computed":true},"port":{"type":"string","description":"Port for target connection","description_kind":"plain","optional":true,"computed":true},"private_key":{"type":"string","description":"Private key for ssh connection","description_kind":"plain","optional":true,"computed":true},"public_host_key":{"type":"string","description":"Public host key","description_kind":"plain","optional":true,"computed":true},"readonly":{"type":"bool","description":"Display is readonly","description_kind":"plain","optional":true,"computed":true},"recording_auto_create_path":{"type":"bool","description":"Auto create recording path","description_kind":"plain","optional":true,"computed":true},"recording_exclude_mouse":{"type":"bool","description":"Exclude mouse","description_kind":"plain","optional":true,"computed":true},"recording_exclude_output":{"type":"bool","description":"Exclude graphics/streams","description_kind":"plain","optional":true,"computed":true},"recording_include_keys":{"type":"bool","description":"Include key events","description_kind":"plain","optional":true,"computed":true},"recording_name":{"type":"string","description":"Screen recording name","description_kind":"plain","optional":true,"computed":true},"recording_path":{"type":"string","description":"Screen recording path","description_kind":"plain","optional":true,"computed":true},"server_keepalive":{"type":"string","description":"Server keepalive interval","description_kind":"plain","optional":true,"computed":true},"sftp_disable_file_download":{"type":"bool","description":"Disable file download","description_kind":"plain","optional":true,"computed":true},"sftp_disable_file_upload":{"type":"bool","description":"Disable file upload","description_kind":"plain","optional":true,"computed":true},"sftp_enable":{"type":"bool","description":"Enable sftp","description_kind":"plain","optional":true,"computed":true},"sftp_root_directory":{"type":"string","description":"File browser root directory","description_kind":"plain","optional":true,"computed":true},"terminal_type":{"type":"string","description":"Terminal type","description_kind":"plain","optional":true,"computed":true},"timezone":{"type":"string","description":"Timezone","description_kind":"plain","optional":true,"computed":true},"typescript_auto_create_path":{"type":"bool","description":"Automatically create typescript path","description_kind":"plain","optional":true,"computed":true},"typescript_name":{"type":"string","description":"Typescript name","description_kind":"plain","optional":true,"computed":true},"typescript_path":{"type":"string","description":"Typescript path","description_kind":"plain","optional":true,"computed":true},"username":{"type":"string","description":"Username for ssh connection","description_kind":"plain","required":true},"wol_boot_wait_time":{"type":"string","description":"Host boot wait time","description_kind":"plain","optional":true,"computed":true},"wol_broadcast_address":{"type":"string","description":"Broadcast address for WoL packet","description_kind":"plain","optional":true,"computed":true},"wol_mac_address":{"type":"string","description":"MAC address of the remote host","description_kind":"plain","optional":true,"computed":true},"wol_send_packet":{"type":"bool","description":"Send WoL packet","description_kind":"plain","optional":true,"computed":true}},"description":"Guacamole connection parameters","description_kind":"plain"},"min_items":1,"max_items":1}},"description_kind":"plain"}},"guacamole_connection_telnet":{"version":0,"block":{"attributes":{"active_connections":{"type":"number","description":"Active connection count for the guacamole connection","description_kind":"plain","computed":true},"id":{"type":"string","description_kind":"plain","optional":true,"computed":true},"identifier":{"type":"string","description":"Numeric identifier of the guacamole connection","description_kind":"plain","computed":true},"name":{"type":"string","description":"Name of the guacamole connection","description_kind":"plain","required":true},"parent_identifier":{"type":"string","description":"Parent identifier of the guacamole connection","description_kind":"plain","optional":true},"protocol":{"type":"string","description":"Protocol type of the guacamole connection","description_kind":"plain","computed":true}},"block_types":{"attributes":{"nesting_mode":"list","block":{"attributes":{"failover_only":{"type":"bool","description":"Use load balancing for failover only","description_kind":"plain","optional":true,"computed":true},"guacd_encryption":{"type":"string","description":"Guacd proxy encryption type","description_kind":"plain","optional":true,"computed":true},"guacd_hostname":{"type":"string","description":"Guacd proxy hostname","description_kind":"plain","optional":true,"computed":true},"guacd_port":{"type":"string","description":"Guacd proxy port","description_kind":"plain","optional":true,"computed":true},"max_connections":{"type":"string","description":"Maximum concurrent total connections","description_kind":"plain","optional":true,"computed":true},"max_connections_per_user":{"type":"string","description":"Maximum concurrent connections per user","description_kind":"plain","optional":true,"computed":true},"weight":{"type":"string","description":"Load balancing connection weight","description_kind":"plain","optional":true,"computed":true}},"description":"Guacamole connection attributes","description_kind":"plain"},"max_items":1},"parameters":{"nesting_mode":"list","block":{"attributes":{"backspace":{"type":"string","description":"Backspace key sends","description_kind":"plain","optional":true,"computed":true},"color_scheme":{"type":"string","description":"Display color scheme","description_kind":"plain","optional":true,"computed":true},"disable_copy":{"type":"bool","description":"Disable copying from terminal","description_kind":"plain","optional":true,"computed":true},"disable_paste":{"type":"bool","description":"Disable pasting from client","description_kind":"plain","optional":true,"computed":true},"font_name":{"type":"string","description":"Display font name","description_kind":"plain","optional":true,"computed":true},"font_size":{"type":"string","description":"Display font size","description_kind":"plain","optional":true,"computed":true},"hostname":{"type":"string","description":"Hostname of target","description_kind":"plain","required":true},"login_failure_regex":{"type":"string","description":"Login failure regex for telnet connection","description_kind":"plain","optional":true,"computed":true},"login_success_regex":{"type":"string","description":"Login success regex for telnet connection","description_kind":"plain","optional":true,"computed":true},"max_scrollback_size":{"type":"string","description":"Display maximum scrollback","description_kind":"plain","optional":true,"computed":true},"password":{"type":"string","description":"Password for telnet connection","description_kind":"plain","optional":true,"computed":true},"password_regex":{"type":"string","description":"Password regex for telnet connection","description_kind":"plain","optional":true,"computed":true},"port":{"type":"string","description":"Port for target connection","description_kind":"plain","optional":true,"computed":true},"readonly":{"type":"bool","description":"Display is readonly","description_kind":"plain","optional":true,"computed":true},"recording_auto_create_path":{"type":"bool","description":"Auto create recording path","description_kind":"plain","optional":true,"computed":true},"recording_exclude_mouse":{"type":"bool","description":"Exclude mouse","description_kind":"plain","optional":true,"computed":true},"recording_exclude_output":{"type":"bool","description":"Exclude graphics/streams","description_kind":"plain","optional":true,"computed":true},"recording_include_keys":{"type":"bool","description":"Include key events","description_kind":"plain","optional":true,"computed":true},"recording_name":{"type":"string","description":"Screen recording name","description_kind":"plain","optional":true,"computed":true},"recording_path":{"type":"string","description":"Screen recording path","description_kind":"plain","optional":true,"computed":true},"terminal_type":{"type":"string","description":"Terminal type","description_kind":"plain","optional":true,"computed":true},"typescript_auto_create_path":{"type":"bool","description":"Automatically create typescript path","description_kind":"plain","optional":true,"computed":true},"typescript_name":{"type":"string","description":"Typescript name","description_kind":"plain","optional":true,"computed":true},"typescript_path":{"type":"string","description":"Typescript path","description_kind":"plain","optional":true,"computed":true},"username":{"type":"string","description":"Username for telnet connection","description_kind":"plain","required":true},"username_regex":{"type":"string","description":"Username regex for telnet connection","description_kind":"plain","optional":true,"computed":true},"wol_boot_wait_time":{"type":"string","description":"Host boot wait time","description_kind":"plain","optional":true,"computed":true},"wol_broadcast_address":{"type":"string","description":"Broadcast address for WoL packet","description_kind":"plain","optional":true,"computed":true},"wol_mac_address":{"type":"string","description":"MAC address of the remote host","description_kind":"plain","optional":true,"computed":true},"wol_send_packet":{"type":"bool","description":"Send WoL packet","description_kind":"plain","optional":true,"computed":true}},"description":"Guacamole connection parameters","description_kind":"plain"},"min_items":1,"max_items":1}},"description_kind":"plain"}},"guacamole_connection_vnc":{"version":0,"block":{"attributes":{"active_connections":{"type":"number","description":"Active connection count for the guacamole connection","description_kind":"plain","computed":true},"id":{"type":"string","description_kind":"plain","optional":true,"computed":true},"identifier":{"type":"string","description":"Numeric identifier of the guacamole connection","description_kind":"plain","computed":true},"name":{"type":"string","description":"Name of the guacamole connection","description_kind":"plain","required":true},"parent_identifier":{"type":"string","description":"Parent identifier of the guacamole connection","description_kind":"plain","optional":true},"protocol":{"type":"string","description":"Protocol type of the guacamole connection","description_kind":"plain","computed":true}},"block_types":{"attributes":{"nesting_mode":"list","block":{"attributes":{"failover_only":{"type":"bool","description":"Use load balancing for failover only","description_kind":"plain","optional":true,"computed":true},"guacd_encryption":{"type":"string","description":"Guacd proxy encryption type","description_kind":"plain","optional":true,"computed":true},"guacd_hostname":{"type":"string","description":"Guacd proxy hostname","description_kind":"plain","optional":true,"computed":true},"guacd_port":{"type":"string","description":"Guacd proxy port","description_kind":"plain","optional":true,"computed":true},"max_connections":{"type":"string","description":"Maximum concurrent total connections","description_kind":"plain","optional":true,"computed":true},"max_connections_per_user":{"type":"string","description":"Maximum concurrent connections per user","description_kind":"plain","optional":true,"computed":true},"weight":{"type":"string","description":"Load balancing connection weight","description_kind":"plain","optional":true,"computed":true}},"description":"Guacamole connection attributes","description_kind":"plain"},"max_items":1},"parameters":{"nesting_mode":"list","block":{"attributes":{"audio_server_name":{"type":"string","description":"Audio server name","description_kind":"plain","optional":true,"computed":true},"clipboard_encoding":{"type":"string","description":"Clipboard encoding","description_kind":"plain","optional":true,"computed":true},"color_depth":{"type":"string","description":"Color depth","description_kind":"plain","optional":true,"computed":true},"cursor":{"type":"string","description":"Local or remote cursor","description_kind":"plain","optional":true,"computed":true},"destination_host":{"type":"string","description":"VNC repeater destination host","description_kind":"plain","optional":true,"computed":true},"destination_port":{"type":"string","description":"VN repeater destination port","description_kind":"plain","optional":true,"computed":true},"disable_copy":{"type":"bool","description":"Disable copying from terminal","description_kind":"plain","optional":true,"computed":true},"disable_paste":{"type":"bool","description":"Disable pasting from client","description_kind":"plain","optional":true,"computed":true},"enable_audio":{"type":"bool","description":"Enable audio","description_kind":"plain","optional":true,"computed":true},"hostname":{"type":"string","description":"Hostname of target","description_kind":"plain","required":true},"password":{"type":"string","description":"Password for vnc connection","description_kind":"plain","optional":true,"computed":true},"port":{"type":"string","description":"Port for target connection","description_kind":"plain","optional":true,"computed":true},"readonly":{"type":"bool","description":"Display is readonly","description_kind":"plain","optional":true,"computed":true},"recording_auto_create_path":{"type":"bool","description":"Auto create recording path","description_kind":"plain","optional":true,"computed":true},"recording_exclude_mouse":{"type":"bool","description":"Exclude mouse","description_kind":"plain","optional":true,"computed":true},"recording_exclude_output":{"type":"bool","description":"Exclude graphics/streams","description_kind":"plain","optional":true,"computed":true},"recording_include_keys":{"type":"bool","description":"Include key events","description_kind":"plain","optional":true,"computed":true},"recording_name":{"type":"string","description":"Screen recording name","description_kind":"plain","optional":true,"computed":true},"recording_path":{"type":"string","description":"Screen recording path","description_kind":"plain","optional":true,"computed":true},"sftp_disable_file_download":{"type":"bool","description":"Disable file download","description_kind":"plain","optional":true,"computed":true},"sftp_disable_file_upload":{"type":"bool","description":"Disable file upload","description_kind":"plain","optional":true,"computed":true},"sftp_enable":{"type":"bool","description":"Enable sftp","description_kind":"plain","optional":true,"computed":true},"sftp_host_key":{"type":"string","description":"SFTP server public host key (Base64)","description_kind":"plain","optional":true,"computed":true},"sftp_hostname":{"type":"string","description":"SFTP server hostname","description_kind":"plain","optional":true,"computed":true},"sftp_keepalive_interval":{"type":"string","description":"SFTP keepalive interval","description_kind":"plain","optional":true,"computed":true},"sftp_passphrase":{"type":"string","description":"SFTP server private key passphrase","description_kind":"plain","optional":true,"computed":true},"sftp_password":{"type":"string","description":"SFTP server password","description_kind":"plain","optional":true,"computed":true},"sftp_port":{"type":"string","description":"SFTP server port","description_kind":"plain","optional":true,"computed":true},"sftp_private_key":{"type":"string","description":"SFTP server private key","description_kind":"plain","optional":true,"computed":true},"sftp_root_directory":{"type":"string","description":"File browser root directory","description_kind":"plain","optional":true,"computed":true},"sftp_upload_directory":{"type":"string","description":"SFTP default upload directory","description_kind":"plain","optional":true,"computed":true},"sftp_username":{"type":"string","description":"SFTP server username","description_kind":"plain","optional":true,"computed":true},"swap_red_blue":{"type":"bool","description":"Swap red/blue Components","description_kind":"plain","optional":true,"computed":true},"username":{"type":"string","description":"Username for vnc connection","description_kind":"plain","required":true},"wol_boot_wait_time":{"type":"string","description":"Host boot wait time","description_kind":"plain","optional":true,"computed":true},"wol_broadcast_address":{"type":"string","description":"Broadcast address for WoL packet","description_kind":"plain","optional":true,"computed":true},"wol_mac_address":{"type":"string","description":"MAC address of the remote host","description_kind":"plain","optional":true,"computed":true},"wol_send_packet":{"type":"bool","description":"Send WoL packet","description_kind":"plain","optional":true,"computed":true}},"description":"Guacamole connection parameters","description_kind":"plain"},"min_items":1,"max_items":1}},"description_kind":"plain"}},"guacamole_user":{"version":0,"block":{"attributes":{"connection_groups":{"type":["set","string"],"description":"Connection Group identifiers a user has permission to read","description_kind":"plain","optional":true},"connections":{"type":["set","string"],"description":"Connections identifiers a user has permission to read","description_kind":"plain","optional":true},"group_membership":{"type":["set","string"],"description":"Groups this user is a member of","description_kind":"plain","optional":true},"id":{"type":"string","description_kind":"plain","optional":true,"computed":true},"last_active":{"type":"string","description":"Epoch time string of last user activity","description_kind":"plain","computed":true},"password":{"type":"string","description":"Password of guacamole user","description_kind":"plain","optional":true,"sensitive":true},"system_permissions":{"type":["set","string"],"description":"System permissions assigned to user","description_kind":"plain","optional":true},"username":{"type":"string","description":"Username of guacamole user","description_kind":"plain","required":true}},"block_types":{"attributes":{"nesting_mode":"list","block":{"attributes":{"access_window_end":{"type":"string","description":"Access window end time for user","description_kind":"plain","optional":true,"computed":true},"access_window_start":{"type":"string","description":"Access window start time for user","description_kind":"plain","optional":true,"computed":true},"disabled":{"type":"bool","description":"Whether account is disabled","description_kind":"plain","optional":true,"computed":true},"email":{"type":"string","description":"Email of user","description_kind":"plain","optional":true,"computed":true},"expired":{"type":"bool","description":"Whether the user is expired","description_kind":"plain","optional":true},"full_name":{"type":"string","description":"Full name of user","description_kind":"plain","optional":true,"computed":true},"organizational_role":{"type":"string","description":"Organizational role of user","description_kind":"plain","optional":true,"computed":true},"timezone":{"type":"string","description":"Timezone of user","description_kind":"plain","optional":true,"computed":true},"valid_from":{"type":"string","description":"Start date for when user is valid","description_kind":"plain","optional":true,"computed":true},"valid_until":{"type":"string","description":"End date for when user is valid","description_kind":"plain","optional":true,"computed":true}},"description":"Attributes of guacamole user","description_kind":"plain"},"max_items":1}},"description_kind":"plain"}},"guacamole_user_group":{"version":0,"block":{"attributes":{"connection_groups":{"type":["set","string"],"description":"Connection Group identifiers a user has permission to read","description_kind":"plain","optional":true},"connections":{"type":["set","string"],"description":"Connections identifiers a user has permission to read","description_kind":"plain","optional":true},"group_membership":{"type":["set","string"],"description":"Groups this user group is a member of","description_kind":"plain","optional":true},"id":{"type":"string","description_kind":"plain","optional":true,"computed":true},"identifier":{"type":"string","description":"Identifier of guacamole user group","description_kind":"plain","required":true},"system_permissions":{"type":["set","string"],"description":"System permissions assigned to user group","description_kind":"plain","optional":true}},"block_types":{"attributes":{"nesting_mode":"list","block":{"attributes":{"disabled":{"type":"bool","description":"Whether group is disabled","description_kind":"plain","optional":true,"computed":true}},"description":"Attributes of guacamole user group","description_kind":"plain"},"max_items":1}},"description_kind":"plain"}}},"data_source_schemas":{"guacamole_connection_group":{"version":0,"block":{"attributes":{"active_connections":{"type":"number","description":"Identifier of guacamole connection group","description_kind":"plain","computed":true},"attributes":{"type":["list",["object",{"enable_session_affinity":"bool","max_connections":"string","max_connections_per_user":"string"}]],"description":"Attributes of guacamole connection group","description_kind":"plain","computed":true},"id":{"type":"string","description_kind":"plain","optional":true,"computed":true},"identifier":{"type":"string","description":"Identifier of guacamole connection group","description_kind":"plain","optional":true},"member_connection_groups":{"type":["list",["object",{"active_connections":"number","identifier":"string","name":"string","parent_identifier":"string","type":"string"}]],"description":"Member connection groups of a guacamole connection group","description_kind":"plain","computed":true},"member_connections":{"type":["list",["object",{"active_connections":"number","identifier":"string","name":"string","parent_identifier":"string","protocol":"string"}]],"description":"Member connections of a guacamole connection group","description_kind":"plain","computed":true},"name":{"type":"string","description":"Identifier of guacamole connection group","description_kind":"plain","computed":true},"parent_identifier":{"type":"string","description":"Parent Identifier of guacamole connection group","description_kind":"plain","optional":true},"path":{"type":"string","description":"Identifier of guacamole connection group","description_kind":"plain","optional":true},"type":{"type":"string","description":"Identifier of guacamole connection group","description_kind":"plain","computed":true}},"description_kind":"plain"}},"guacamole_connection_kubernetes":{"version":0,"block":{"attributes":{"active_connections":{"type":"number","description":"Active connection count for the guacamole connection","description_kind":"plain","computed":true},"attributes":{"type":["list",["object",{"failover_only":"bool","guacd_encryption":"string","guacd_hostname":"string","guacd_port":"string","max_connections":"string","max_connections_per_user":"string","weight":"string"}]],"description":"Guacamole connection attributes","description_kind":"plain","computed":true},"id":{"type":"string","description_kind":"plain","optional":true,"computed":true},"identifier":{"type":"string","description":"Numeric identifier of the guacamole connection","description_kind":"plain","optional":true},"name":{"type":"string","description":"Name of the guacamole connection","description_kind":"plain","computed":true},"parent_identifier":{"type":"string","description":"Parent identifier of the guacamole connection","description_kind":"plain","computed":true},"path":{"type":"string","description":"Path of connection","description_kind":"plain","optional":true},"protocol":{"type":"string","description":"Protocol type of the guacamole connection","description_kind":"plain","computed":true}},"block_types":{"parameters":{"nesting_mode":"list","block":{"attributes":{"backspace":{"type":"string","description":"Backspace key sends","description_kind":"plain","computed":true},"ca_cert":{"type":"string","description":"Certificate authority certificate","description_kind":"plain","computed":true},"client_cert":{"type":"string","description":"Client certificate","description_kind":"plain","computed":true},"client_key":{"type":"string","description":"Client key","description_kind":"plain","computed":true},"color_scheme":{"type":"string","description":"Display color scheme","description_kind":"plain","computed":true},"container":{"type":"string","description":"Container name","description_kind":"plain","computed":true},"font_name":{"type":"string","description":"Display font name","description_kind":"plain","computed":true},"font_size":{"type":"string","description":"Display font size","description_kind":"plain","computed":true},"hostname":{"type":"string","description":"Hostname of target","description_kind":"plain","computed":true},"ignore_cert":{"type":"bool","description":"Ignore certificate errors","description_kind":"plain","computed":true},"max_scrollback_size":{"type":"string","description":"Display maximum scrollback","description_kind":"plain","computed":true},"namespace":{"type":"string","description":"Namespace name","description_kind":"plain","computed":true},"pod":{"type":"string","description":"Pod name","description_kind":"plain","computed":true},"port":{"type":"string","description":"Port for target connection","description_kind":"plain","computed":true},"readonly":{"type":"bool","description":"Display is readonly","description_kind":"plain","computed":true},"recording_auto_create_path":{"type":"bool","description":"Auto create recording path","description_kind":"plain","computed":true},"recording_exclude_mouse":{"type":"bool","description":"Exclude mouse","description_kind":"plain","computed":true},"recording_exclude_output":{"type":"bool","description":"Exclude graphics/streams","description_kind":"plain","computed":true},"recording_include_keys":{"type":"bool","description":"Include key events","description_kind":"plain","computed":true},"recording_name":{"type":"string","description":"Screen recording name","description_kind":"plain","computed":true},"recording_path":{"type":"string","description":"Screen recording path","description_kind":"plain","computed":true},"typescript_auto_create_path":{"type":"bool","description":"Automatically create typescript path","description_kind":"plain","computed":true},"typescript_name":{"type":"string","description":"Typescript name","description_kind":"plain","computed":true},"typescript_path":{"type":"string","description":"Typescript path","description_kind":"plain","computed":true},"use_ssl":{"type":"bool","description":"Use SSL/TLS","description_kind":"plain","computed":true}},"description":"Guacamole connection parameters","description_kind":"plain"},"min_items":1,"max_items":1}},"description_kind":"plain"}},"guacamole_connection_rdp":{"version":0,"block":{"attributes":{"active_connections":{"type":"number","description":"Active connection count for the guacamole connection","description_kind":"plain","computed":true},"attributes":{"type":["list",["object",{"failover_only":"bool","guacd_encryption":"string","guacd_hostname":"string","guacd_port":"string","max_connections":"string","max_connections_per_user":"string","weight":"string"}]],"description":"Guacamole connection attributes","description_kind":"plain","computed":true},"id":{"type":"string","description_kind":"plain","optional":true,"computed":true},"identifier":{"type":"string","description":"Numeric identifier of the guacamole connection","description_kind":"plain","optional":true},"name":{"type":"string","description":"Name of the guacamole connection","description_kind":"plain","computed":true},"parent_identifier":{"type":"string","description":"Parent identifier of the guacamole connection","description_kind":"plain","computed":true},"path":{"type":"string","description":"Path of connection","description_kind":"plain","optional":true},"protocol":{"type":"string","description":"Protocol type of the guacamole connection","description_kind":"plain","computed":true}},"block_types":{"parameters":{"nesting_mode":"list","block":{"attributes":{"administrator_console":{"type":"bool","description":"Enable administrator console","description_kind":"plain","computed":true},"client_name":{"type":"string","description":"Client name for rdp connection","description_kind":"plain","computed":true},"color_depth":{"type":"string","description":"Color depth of rdp connection","description_kind":"plain","computed":true},"console_audio":{"type":"bool","description":"Support audio in console","description_kind":"plain","computed":true},"create_drive_path":{"type":"bool","description":"Create drive path for device redirection","description_kind":"plain","computed":true},"disable_audio":{"type":"bool","description":"Disable audio","description_kind":"plain","computed":true},"disable_authentication":{"type":"bool","description":"Disable rdp authentication","description_kind":"plain","computed":true},"disable_bitmap_caching":{"type":"bool","description":"Disable bitmap caching","description_kind":"plain","computed":true},"disable_copy":{"type":"bool","description":"Disable copying from terminal","description_kind":"plain","computed":true},"disable_file_download":{"type":"bool","description":"Disable file download for device redirection","description_kind":"plain","computed":true},"disable_file_upload":{"type":"bool","description":"Disable file upload for device redirection","description_kind":"plain","computed":true},"disable_glyph_caching":{"type":"bool","description":"Disable glyph caching","description_kind":"plain","computed":true},"disable_offscreen_caching":{"type":"bool","description":"Disable off-screen caching","description_kind":"plain","computed":true},"disable_paste":{"type":"bool","description":"Disable pasting from client","description_kind":"plain","computed":true},"domain":{"type":"string","description":"Domain name of rdp connection","description_kind":"plain","computed":true},"dpi":{"type":"string","description":"Resolution (DPI) of rdp connection","description_kind":"plain","computed":true},"drive_name":{"type":"string","description":"Drive name for device redirection","description_kind":"plain","computed":true},"drive_path":{"type":"string","description":"Drive path for device redirection","description_kind":"plain","computed":true},"enable_audio_input":{"type":"bool","description":"Enable audio input (microphone)","description_kind":"plain","computed":true},"enable_desktop_composition":{"type":"bool","description":"Enable desktop composition","description_kind":"plain","computed":true},"enable_drive":{"type":"bool","description":"Enable drive for device redirection","description_kind":"plain","computed":true},"enable_font_smoothing":{"type":"bool","description":"Enable font smoothing","description_kind":"plain","computed":true},"enable_full_window_drag":{"type":"bool","description":"Enable full window drag","description_kind":"plain","computed":true},"enable_menu_animations":{"type":"bool","description":"Enable menu animations","description_kind":"plain","computed":true},"enable_printing":{"type":"bool","description":"Enable printing","description_kind":"plain","computed":true},"enable_theming":{"type":"bool","description":"Enable theming","description_kind":"plain","computed":true},"enable_wallpaper":{"type":"bool","description":"Enable wallpaper","description_kind":"plain","computed":true},"gateway_domain":{"type":"string","description":"RDS gateway domain","description_kind":"plain","computed":true},"gateway_hostname":{"type":"string","description":"RDS gateway hostname","description_kind":"plain","computed":true},"gateway_password":{"type":"string","description":"RDS gateway password","description_kind":"plain","computed":true},"gateway_port":{"type":"string","description":"RDS gateway port","description_kind":"plain","computed":true},"gateway_username":{"type":"string","description":"RDS gateway username","description_kind":"plain","computed":true},"height":{"type":"string","description":"Screen height (px)","description_kind":"plain","computed":true},"hostname":{"type":"string","description":"Hostname of target","description_kind":"plain","computed":true},"ignore_cert":{"type":"bool","description":"Ignore domain certificate warnings","description_kind":"plain","computed":true},"initial_program":{"type":"string","description":"Initial program for rdp connection","description_kind":"plain","computed":true},"keyboard_layout":{"type":"string","description":"Keyboard layout for rdp connection","description_kind":"plain","computed":true},"load_balance_info":{"type":"string","description":"Load balance info/cookie","description_kind":"plain","computed":true},"password":{"type":"string","description":"Password for rdp connection","description_kind":"plain","computed":true},"port":{"type":"string","description":"Port for target connection","description_kind":"plain","computed":true},"preconnection_blob":{"type":"string","description":"Preconnection BLOB (VM ID)","description_kind":"plain","computed":true},"preconnection_id":{"type":"string","description":"RDP source ID","description_kind":"plain","computed":true},"printer_name":{"type":"string","description":"Redirected printer name","description_kind":"plain","computed":true},"readonly":{"type":"bool","description":"Display is readonly","description_kind":"plain","computed":true},"recording_auto_create_path":{"type":"bool","description":"Auto create recording path","description_kind":"plain","computed":true},"recording_exclude_mouse":{"type":"bool","description":"Exclude mouse","description_kind":"plain","computed":true},"recording_exclude_output":{"type":"bool","description":"Exclude graphics/streams","description_kind":"plain","computed":true},"recording_include_keys":{"type":"bool","description":"Include key events","description_kind":"plain","computed":true},"recording_name":{"type":"string","description":"Screen recording name","description_kind":"plain","computed":true},"recording_path":{"type":"string","description":"Screen recording path","description_kind":"plain","computed":true},"remote_app":{"type":"string","description":"Remote App program","description_kind":"plain","computed":true},"remote_app_parameters":{"type":"string","description":"Remote App parameters","description_kind":"plain","computed":true},"remote_app_working_directory":{"type":"string","description":"Remote App working directory","description_kind":"plain","computed":true},"resize_method":{"type":"string","description":"Resize method rdp connection","description_kind":"plain","computed":true},"security_mode":{"type":"string","description":"RDP security mode","description_kind":"plain","computed":true},"sftp_disable_file_download":{"type":"bool","description":"Disable file download","description_kind":"plain","computed":true},"sftp_disable_file_upload":{"type":"bool","description":"Disable file upload","description_kind":"plain","computed":true},"sftp_enable":{"type":"bool","description":"Enable sftp","description_kind":"plain","computed":true},"sftp_host_key":{"type":"string","description":"SFTP server public host key (Base64)","description_kind":"plain","computed":true},"sftp_hostname":{"type":"string","description":"SFTP server hostname","description_kind":"plain","computed":true},"sftp_keepalive_interval":{"type":"string","description":"SFTP keepalive interval","description_kind":"plain","computed":true},"sftp_passphrase":{"type":"string","description":"SFTP server private key passphrase","description_kind":"plain","computed":true},"sftp_password":{"type":"string","description":"SFTP server password","description_kind":"plain","computed":true},"sftp_port":{"type":"string","description":"SFTP server port","description_kind":"plain","computed":true},"sftp_private_key":{"type":"string","description":"SFTP server private key","description_kind":"plain","computed":true},"sftp_root_directory":{"type":"string","description":"File browser root directory","description_kind":"plain","computed":true},"sftp_upload_directory":{"type":"string","description":"SFTP default upload directory","description_kind":"plain","computed":true},"sftp_username":{"type":"string","description":"SFTP server username","description_kind":"plain","computed":true},"static_channels":{"type":"string","description":"Static channel names","description_kind":"plain","computed":true},"timezone":{"type":"string","description":"Timezone/Locale for rdp connection","description_kind":"plain","computed":true},"username":{"type":"string","description":"Username for rdp connection","description_kind":"plain","computed":true},"width":{"type":"string","description":"Screen width (px)","description_kind":"plain","computed":true},"wol_boot_wait_time":{"type":"string","description":"Host boot wait time","description_kind":"plain","computed":true},"wol_broadcast_address":{"type":"string","description":"Broadcast address for WoL packet","description_kind":"plain","computed":true},"wol_mac_address":{"type":"string","description":"MAC address of the remote host","description_kind":"plain","computed":true},"wol_send_packet":{"type":"bool","description":"Send WoL packet","description_kind":"plain","computed":true}},"description":"Guacamole connection parameters","description_kind":"plain"},"min_items":1,"max_items":1}},"description_kind":"plain"}},"guacamole_connection_ssh":{"version":0,"block":{"attributes":{"active_connections":{"type":"number","description":"Active connection count for the guacamole connection","description_kind":"plain","computed":true},"attributes":{"type":["list",["object",{"failover_only":"bool","guacd_encryption":"string","guacd_hostname":"string","guacd_port":"string","max_connections":"string","max_connections_per_user":"string","weight":"string"}]],"description":"Guacamole connection attributes","description_kind":"plain","computed":true},"id":{"type":"string","description_kind":"plain","optional":true,"computed":true},"identifier":{"type":"string","description":"Numeric identifier of the guacamole connection","description_kind":"plain","optional":true},"name":{"type":"string","description":"Name of the guacamole connection","description_kind":"plain","computed":true},"parent_identifier":{"type":"string","description":"Parent identifier of the guacamole connection","description_kind":"plain","computed":true},"path":{"type":"string","description":"Path of connection","description_kind":"plain","optional":true},"protocol":{"type":"string","description":"Protocol type of the guacamole connection","description_kind":"plain","computed":true}},"block_types":{"parameters":{"nesting_mode":"list","block":{"attributes":{"backspace":{"type":"string","description":"Backspace key sends","description_kind":"plain","computed":true},"color_scheme":{"type":"string","description":"Display color scheme","description_kind":"plain","computed":true},"disable_copy":{"type":"bool","description":"Disable copying from terminal","description_kind":"plain","computed":true},"disable_paste":{"type":"bool","description":"Disable pasting from client","description_kind":"plain","computed":true},"execute_command":{"type":"string","description":"Execute command","description_kind":"plain","computed":true},"font_name":{"type":"string","description":"Display font name","description_kind":"plain","computed":true},"font_size":{"type":"string","description":"Display font size","description_kind":"plain","computed":true},"hostname":{"type":"string","description":"Hostname of target","description_kind":"plain","computed":true},"locale":{"type":"string","description":"Language/Locale","description_kind":"plain","computed":true},"max_scrollback_size":{"type":"string","description":"Display maximum scrollback","description_kind":"plain","computed":true},"passphrase":{"type":"string","description":"Private key passphrase","description_kind":"plain","computed":true},"port":{"type":"string","description":"Port for target connection","description_kind":"plain","computed":true},"private_key":{"type":"string","description":"Private key for ssh connection","description_kind":"plain","computed":true},"public_host_key":{"type":"string","description":"Public host key","description_kind":"plain","computed":true},"readonly":{"type":"bool","description":"Display is readonly","description_kind":"plain","computed":true},"recording_auto_create_path":{"type":"bool","description":"Auto create recording path","description_kind":"plain","computed":true},"recording_exclude_mouse":{"type":"bool","description":"Exclude mouse","description_kind":"plain","computed":true},"recording_exclude_output":{"type":"bool","description":"Exclude graphics/streams","description_kind":"plain","computed":true},"recording_include_keys":{"type":"bool","description":"Include key events","description_kind":"plain","computed":true},"recording_name":{"type":"string","description":"Screen recording name","description_kind":"plain","computed":true},"recording_path":{"type":"string","description":"Screen recording path","description_kind":"plain","computed":true},"server_keepalive":{"type":"string","description":"Server keepalive interval","description_kind":"plain","computed":true},"sftp_disable_file_download":{"type":"bool","description":"Disable file download","description_kind":"plain","computed":true},"sftp_disable_file_upload":{"type":"bool","description":"Disable file upload","description_kind":"plain","computed":true},"sftp_enable":{"type":"bool","description":"Enable sftp","description_kind":"plain","computed":true},"sftp_root_directory":{"type":"string","description":"File browser root directory","description_kind":"plain","computed":true},"terminal_type":{"type":"string","description":"Terminal type","description_kind":"plain","computed":true},"timezone":{"type":"string","description":"Timezone","description_kind":"plain","computed":true},"typescript_auto_create_path":{"type":"bool","description":"Automatically create typescript path","description_kind":"plain","computed":true},"typescript_name":{"type":"string","description":"Typescript name","description_kind":"plain","computed":true},"typescript_path":{"type":"string","description":"Typescript path","description_kind":"plain","computed":true},"username":{"type":"string","description":"Username for ssh connection","description_kind":"plain","computed":true},"wol_boot_wait_time":{"type":"string","description":"Host boot wait time","description_kind":"plain","computed":true},"wol_broadcast_address":{"type":"string","description":"Broadcast address for WoL packet","description_kind":"plain","computed":true},"wol_mac_address":{"type":"string","description":"MAC address of the remote host","description_kind":"plain","computed":true},"wol_send_packet":{"type":"bool","description":"Send WoL packet","description_kind":"plain","computed":true}},"description":"Guacamole connection parameters","description_kind":"plain"},"max_items":1}},"description_kind":"plain"}},"guacamole_connection_telnet":{"version":0,"block":{"attributes":{"active_connections":{"type":"number","description":"Active connection count for the guacamole connection","description_kind":"plain","computed":true},"attributes":{"type":["list",["object",{"failover_only":"bool","guacd_encryption":"string","guacd_hostname":"string","guacd_port":"string","max_connections":"string","max_connections_per_user":"string","weight":"string"}]],"description":"Guacamole connection attributes","description_kind":"plain","computed":true},"id":{"type":"string","description_kind":"plain","optional":true,"computed":true},"identifier":{"type":"string","description":"Numeric identifier of the guacamole connection","description_kind":"plain","optional":true},"name":{"type":"string","description":"Name of the guacamole connection","description_kind":"plain","computed":true},"parent_identifier":{"type":"string","description":"Parent identifier of the guacamole connection","description_kind":"plain","computed":true},"path":{"type":"string","description":"Path of connection","description_kind":"plain","optional":true},"protocol":{"type":"string","description":"Protocol type of the guacamole connection","description_kind":"plain","computed":true}},"block_types":{"parameters":{"nesting_mode":"list","block":{"attributes":{"backspace":{"type":"string","description":"Backspace key sends","description_kind":"plain","computed":true},"color_scheme":{"type":"string","description":"Display color scheme","description_kind":"plain","computed":true},"disable_copy":{"type":"bool","description":"Disable copying from terminal","description_kind":"plain","computed":true},"disable_paste":{"type":"bool","description":"Disable pasting from client","description_kind":"plain","computed":true},"font_name":{"type":"string","description":"Display font name","description_kind":"plain","computed":true},"font_size":{"type":"string","description":"Display font size","description_kind":"plain","computed":true},"hostname":{"type":"string","description":"Hostname of target","description_kind":"plain","computed":true},"login_failure_regex":{"type":"string","description":"Login failure regex for telnet connection","description_kind":"plain","computed":true},"login_success_regex":{"type":"string","description":"Login success regex for telnet connection","description_kind":"plain","computed":true},"max_scrollback_size":{"type":"string","description":"Display maximum scrollback","description_kind":"plain","computed":true},"password_regex":{"type":"string","description":"Password regex for telnet connection","description_kind":"plain","computed":true},"port":{"type":"string","description":"Port for target connection","description_kind":"plain","computed":true},"readonly":{"type":"bool","description":"Display is readonly","description_kind":"plain","computed":true},"recording_auto_create_path":{"type":"bool","description":"Auto create recording path","description_kind":"plain","computed":true},"recording_exclude_mouse":{"type":"bool","description":"Exclude mouse","description_kind":"plain","computed":true},"recording_exclude_output":{"type":"bool","description":"Exclude graphics/streams","description_kind":"plain","computed":true},"recording_include_keys":{"type":"bool","description":"Include key events","description_kind":"plain","computed":true},"recording_name":{"type":"string","description":"Screen recording name","description_kind":"plain","computed":true},"recording_path":{"type":"string","description":"Screen recording path","description_kind":"plain","computed":true},"terminal_type":{"type":"string","description":"Terminal type","description_kind":"plain","computed":true},"typescript_auto_create_path":{"type":"bool","description":"Automatically create typescript path","description_kind":"plain","computed":true},"typescript_name":{"type":"string","description":"Typescript name","description_kind":"plain","computed":true},"typescript_path":{"type":"string","description":"Typescript path","description_kind":"plain","computed":true},"username":{"type":"string","description":"Username for telnet connection","description_kind":"plain","computed":true},"username_regex":{"type":"string","description":"Username regex for telnet connection","description_kind":"plain","computed":true},"wol_boot_wait_time":{"type":"string","description":"Host boot wait time","description_kind":"plain","computed":true},"wol_broadcast_address":{"type":"string","description":"Broadcast address for WoL packet","description_kind":"plain","computed":true},"wol_mac_address":{"type":"string","description":"MAC address of the remote host","description_kind":"plain","computed":true},"wol_send_packet":{"type":"bool","description":"Send WoL packet","description_kind":"plain","computed":true}},"description":"Guacamole connection parameters","description_kind":"plain"},"max_items":1}},"description_kind":"plain"}},"guacamole_connection_vnc":{"version":0,"block":{"attributes":{"active_connections":{"type":"number","description":"Active connection count for the guacamole connection","description_kind":"plain","computed":true},"attributes":{"type":["list",["object",{"failover_only":"bool","guacd_encryption":"string","guacd_hostname":"string","guacd_port":"string","max_connections":"string","max_connections_per_user":"string","weight":"string"}]],"description":"Guacamole connection attributes","description_kind":"plain","computed":true},"id":{"type":"string","description_kind":"plain","optional":true,"computed":true},"identifier":{"type":"string","description":"Numeric identifier of the guacamole connection","description_kind":"plain","optional":true},"name":{"type":"string","description":"Name of the guacamole connection","description_kind":"plain","computed":true},"parent_identifier":{"type":"string","description":"Parent identifier of the guacamole connection","description_kind":"plain","computed":true},"path":{"type":"string","description":"Path of connection","description_kind":"plain","optional":true},"protocol":{"type":"string","description":"Protocol type of the guacamole connection","description_kind":"plain","computed":true}},"block_types":{"parameters":{"nesting_mode":"list","block":{"attributes":{"audio_server_name":{"type":"string","description":"Audio server name","description_kind":"plain","computed":true},"clipboard_encoding":{"type":"string","description":"Clipboard encoding","description_kind":"plain","computed":true},"color_depth":{"type":"string","description":"Color depth","description_kind":"plain","computed":true},"cursor":{"type":"string","description":"Local or remote cursor","description_kind":"plain","computed":true},"destination_host":{"type":"string","description":"VNC repeater destination host","description_kind":"plain","computed":true},"destination_port":{"type":"string","description":"VN repeater destination port","description_kind":"plain","computed":true},"disable_copy":{"type":"bool","description":"Disable copying from terminal","description_kind":"plain","computed":true},"disable_paste":{"type":"bool","description":"Disable pasting from client","description_kind":"plain","computed":true},"enable_audio":{"type":"bool","description":"Enable audio","description_kind":"plain","computed":true},"hostname":{"type":"string","description":"Hostname of target","description_kind":"plain","computed":true},"password":{"type":"string","description":"Password for vnc connection","description_kind":"plain","computed":true},"port":{"type":"string","description":"Port for target connection","description_kind":"plain","optional":true,"computed":true},"readonly":{"type":"bool","description":"Display is readonly","description_kind":"plain","computed":true},"recording_auto_create_path":{"type":"bool","description":"Auto create recording path","description_kind":"plain","computed":true},"recording_exclude_mouse":{"type":"bool","description":"Exclude mouse","description_kind":"plain","computed":true},"recording_exclude_output":{"type":"bool","description":"Exclude graphics/streams","description_kind":"plain","computed":true},"recording_include_keys":{"type":"bool","description":"Include key events","description_kind":"plain","computed":true},"recording_name":{"type":"string","description":"Screen recording name","description_kind":"plain","computed":true},"recording_path":{"type":"string","description":"Screen recording path","description_kind":"plain","computed":true},"sftp_disable_file_download":{"type":"bool","description":"Disable file download","description_kind":"plain","computed":true},"sftp_disable_file_upload":{"type":"bool","description":"Disable file upload","description_kind":"plain","computed":true},"sftp_enable":{"type":"bool","description":"Enable sftp","description_kind":"plain","computed":true},"sftp_host_key":{"type":"string","description":"SFTP server public host key (Base64)","description_kind":"plain","computed":true},"sftp_hostname":{"type":"string","description":"SFTP server hostname","description_kind":"plain","computed":true},"sftp_keepalive_interval":{"type":"string","description":"SFTP keepalive interval","description_kind":"plain","computed":true},"sftp_passphrase":{"type":"string","description":"SFTP server private key passphrase","description_kind":"plain","computed":true},"sftp_password":{"type":"string","description":"SFTP server password","description_kind":"plain","computed":true},"sftp_port":{"type":"string","description":"SFTP server port","description_kind":"plain","computed":true},"sftp_private_key":{"type":"string","description":"SFTP server private key","description_kind":"plain","computed":true},"sftp_root_directory":{"type":"string","description":"File browser root directory","description_kind":"plain","computed":true},"sftp_upload_directory":{"type":"string","description":"SFTP default upload directory","description_kind":"plain","computed":true},"sftp_username":{"type":"string","description":"SFTP server username","description_kind":"plain","computed":true},"swap_red_blue":{"type":"bool","description":"Swap red/blue Components","description_kind":"plain","computed":true},"username":{"type":"string","description":"Username for vnc connection","description_kind":"plain","required":true},"wol_boot_wait_time":{"type":"string","description":"Host boot wait time","description_kind":"plain","computed":true},"wol_broadcast_address":{"type":"string","description":"Broadcast address for WoL packet","description_kind":"plain","computed":true},"wol_mac_address":{"type":"string","description":"MAC address of the remote host","description_kind":"plain","computed":true},"wol_send_packet":{"type":"bool","description":"Send WoL packet","description_kind":"plain","computed":true}},"description":"Guacamole connection parameters","description_kind":"plain"},"min_items":1,"max_items":1}},"description_kind":"plain"}},"guacamole_user":{"version":0,"block":{"attributes":{"attributes":{"type":["list",["object",{"access_window_end":"string","access_window_start":"string","disabled":"bool","email":"string","expired":"bool","full_name":"string","organizational_role":"string","timezone":"string","valid_from":"string","valid_until":"string"}]],"description":"Attributes of guacamole user","description_kind":"plain","computed":true},"connection_groups":{"type":["set","string"],"description":"Connection Group identifiers a user has permission to read","description_kind":"plain","optional":true},"connections":{"type":["set","string"],"description":"Connections identifiers a user has permission to read","description_kind":"plain","optional":true},"group_membership":{"type":["set","string"],"description":"Groups this user is a member of","description_kind":"plain","computed":true},"id":{"type":"string","description_kind":"plain","optional":true,"computed":true},"last_active":{"type":"string","description":"Epoch time string of last user activity","description_kind":"plain","computed":true},"system_permissions":{"type":["set","string"],"description":"System permissions assigned to user","description_kind":"plain","computed":true},"username":{"type":"string","description":"Username of guacamole user","description_kind":"plain","required":true}},"description_kind":"plain"}},"guacamole_user_group":{"version":0,"block":{"attributes":{"attributes":{"type":["list",["object",{"disabled":"bool"}]],"description":"Attributes of guacamole user group","description_kind":"plain","computed":true},"connection_groups":{"type":["set","string"],"description":"Connection Group identifiers a user has permission to read","description_kind":"plain","optional":true},"connections":{"type":["set","string"],"description":"Connections identifiers a user has permission to read","description_kind":"plain","optional":true},"id":{"type":"string","description_kind":"plain","optional":true,"computed":true},"identifier":{"type":"string","description":"Identifier of guacamole user group","description_kind":"plain","required":true},"member_groups":{"type":["set","string"],"description":"Member groups of a guacamole user group","description_kind":"plain","computed":true},"member_users":{"type":["set","string"],"description":"Member users of a guacamole user group","description_kind":"plain","computed":true},"parent_groups":{"type":["set","string"],"description":"Member groups of a guacamole user group","description_kind":"plain","computed":true},"system_permissions":{"type":["set","string"],"description":"Member users of a guacamole user group","description_kind":"plain","computed":true}},"description_kind":"plain"}}}}}}
