{"format_version":"0.2","provider_schemas":{"registry.terraform.io/techbeck03/infoblox":{"provider":{"version":0,"block":{"attributes":{"disable_tls_verification":{"type":"bool","description":"Disable tls verification","description_kind":"plain","optional":true},"hostname":{"type":"string","description":"Infoblox server hostname","description_kind":"plain","required":true},"orchestrator_extensible_attributes":{"type":["map","string"],"description":"Extensible attributes applied to all objects configured by provider","description_kind":"plain","optional":true,"computed":true},"password":{"type":"string","description":"Infoblox server password","description_kind":"plain","required":true,"sensitive":true},"port":{"type":"string","description":"Infoblox server port","description_kind":"plain","optional":true},"username":{"type":"string","description":"Infoblox server username","description_kind":"plain","required":true},"wapi_version":{"type":"string","description":"Infoblox server wapi version","description_kind":"plain","optional":true}},"description_kind":"plain"}},"resource_schemas":{"infoblox_a_record":{"version":0,"block":{"attributes":{"comment":{"type":"string","description":"Comment for the record; maximum 256 characters.","description_kind":"plain","optional":true,"computed":true},"disable":{"type":"bool","description":"Determines if the record is disabled or not. False means that the record is enabled.","description_kind":"plain","optional":true,"computed":true},"dns_name":{"type":"string","description":"The name for an A record in punycode format.","description_kind":"plain","computed":true},"extensible_attributes":{"type":["map","string"],"description":"Extensible attributes of A record (Values are JSON encoded).","description_kind":"plain","optional":true,"computed":true},"hostname":{"type":"string","description":"Hostname of A record.","description_kind":"plain","required":true},"id":{"type":"string","description_kind":"plain","optional":true,"computed":true},"ip_address":{"type":"string","description":"The IPv4 Address of the record.","description_kind":"plain","required":true},"ref":{"type":"string","description":"Reference id of A record object.","description_kind":"plain","computed":true},"view":{"type":"string","description":"The name of the DNS view in which the record resides.","description_kind":"plain","optional":true,"computed":true},"zone":{"type":"string","description":"The name of the zone in which the record resides.","description_kind":"plain","computed":true}},"description_kind":"plain"}},"infoblox_alias_record":{"version":0,"block":{"attributes":{"comment":{"type":"string","description":"Comment for the record; maximum 256 characters.","description_kind":"plain","optional":true,"computed":true},"disable":{"type":"bool","description":"Determines if the record is disabled or not. False means that the record is enabled.","description_kind":"plain","optional":true,"computed":true},"dns_name":{"type":"string","description":"The name for an Alias record in punycode format.","description_kind":"plain","computed":true},"dns_target_name":{"type":"string","description":"Target name in punycode format.","description_kind":"plain","computed":true},"extensible_attributes":{"type":["map","string"],"description":"Extensible attributes of alias record (Values are JSON encoded).","description_kind":"plain","optional":true,"computed":true},"id":{"type":"string","description_kind":"plain","optional":true,"computed":true},"name":{"type":"string","description":"The name for an Alias record in FQDN format.","description_kind":"plain","required":true},"ref":{"type":"string","description":"Reference id of alias record object.","description_kind":"plain","computed":true},"target_name":{"type":"string","description":"Target name in FQDN format.","description_kind":"plain","required":true},"target_type":{"type":"string","description":"Target type.","description_kind":"plain","required":true},"view":{"type":"string","description":"The name of the DNS View in which the record resides.","description_kind":"plain","optional":true,"computed":true},"zone":{"type":"string","description":"The name of the zone in which the record resides.","description_kind":"plain","computed":true}},"description_kind":"plain"}},"infoblox_cname_record":{"version":0,"block":{"attributes":{"alias":{"type":"string","description":"The name for a CNAME record in FQDN format.","description_kind":"plain","required":true},"canonical":{"type":"string","description":"Canonical name in FQDN format.","description_kind":"plain","required":true},"comment":{"type":"string","description":"Comment for the record; maximum 256 characters.","description_kind":"plain","optional":true,"computed":true},"disable":{"type":"bool","description":"Determines if the record is disabled or not. False means that the record is enabled.","description_kind":"plain","optional":true,"computed":true},"dns_canonical":{"type":"string","description":"Canonical name in punycode format.","description_kind":"plain","computed":true},"dns_name":{"type":"string","description":"The name for the CNAME record in punycode format.","description_kind":"plain","computed":true},"extensible_attributes":{"type":["map","string"],"description":"Extensible attributes of cname record (Values are JSON encoded).","description_kind":"plain","optional":true,"computed":true},"id":{"type":"string","description_kind":"plain","optional":true,"computed":true},"ref":{"type":"string","description":"Reference id of cname record object.","description_kind":"plain","computed":true},"view":{"type":"string","description":"The name of the DNS view in which the record resides.","description_kind":"plain","optional":true,"computed":true},"zone":{"type":"string","description":"The name of the zone in which the record resides.","description_kind":"plain","computed":true}},"description_kind":"plain"}},"infoblox_fixed_address":{"version":0,"block":{"attributes":{"cidr":{"type":"string","description":"The network to which this fixed address belongs, in IPv4 Address/CIDR format.","description_kind":"plain","optional":true,"computed":true},"comment":{"type":"string","description":"Comment for the fixed address; maximum 256 characters.","description_kind":"plain","optional":true,"computed":true},"disable":{"type":"bool","description":"Determines whether a fixed address is disabled or not. When this is set to False, the fixed address is enabled.","description_kind":"plain","optional":true},"extensible_attributes":{"type":["map","string"],"description":"Extensible attributes of fixed address (Values are JSON encoded).","description_kind":"plain","optional":true,"computed":true},"grid_ref":{"type":"string","description":"Ref for grid needed for restarting services.","description_kind":"plain","optional":true},"hostname":{"type":"string","description":"This field contains the name of this fixed address.","description_kind":"plain","optional":true,"computed":true},"id":{"type":"string","description_kind":"plain","optional":true,"computed":true},"ip_address":{"type":"string","description":"The IPv4 Address of the fixed address.","description_kind":"plain","optional":true,"computed":true},"mac":{"type":"string","description":"The MAC address value for this fixed address.","description_kind":"plain","optional":true,"computed":true},"match_client":{"type":"string","description":"The match_client value for this fixed address.","description_kind":"plain","optional":true,"computed":true},"network_view":{"type":"string","description":"The name of the network view in which this fixed address resides.","description_kind":"plain","optional":true,"computed":true},"range_function_string":{"type":"string","description":"Range start and end string for next_available_ip function calls.","description_kind":"plain","optional":true},"ref":{"type":"string","description":"Reference id of fixed address object.","description_kind":"plain","computed":true},"restart_if_needed":{"type":"bool","description":"Restart dhcp services if needed.","description_kind":"plain","optional":true}},"block_types":{"member":{"nesting_mode":"list","block":{"attributes":{"hostname":{"type":"string","description":"Hostname of member.","description_kind":"plain","required":true},"ip_v4_address":{"type":"string","description":"IPv4 address.","description_kind":"plain","optional":true,"computed":true},"ip_v6_address":{"type":"string","description":"IPv6 address.","description_kind":"plain","optional":true,"computed":true},"struct":{"type":"string","description":"Struct type of member.","description_kind":"plain","optional":true}},"description":"Grid member associated with fixed address.","description_kind":"plain"},"min_items":1,"max_items":1},"option":{"nesting_mode":"set","block":{"attributes":{"code":{"type":"number","description":"The code of the DHCP option.","description_kind":"plain","required":true},"name":{"type":"string","description":"Name of the DHCP option.","description_kind":"plain","required":true},"use_option":{"type":"bool","description":"Only applies to special options that are displayed separately from other options and have a use flag.","description_kind":"plain","optional":true},"value":{"type":"string","description":"Value of the DHCP option.","description_kind":"plain","required":true},"vendor_class":{"type":"string","description":"The name of the space this DHCP option is associated to.","description_kind":"plain","optional":true}},"description":"An array of DHCP option structs that lists the DHCP options associated with the object.","description_kind":"plain"}}},"description_kind":"plain"}},"infoblox_host_record":{"version":0,"block":{"attributes":{"comment":{"type":"string","description":"Comment for the record; maximum 256 characters.","description_kind":"plain","optional":true,"computed":true},"enable_dns":{"type":"bool","description":"When false, the host does not have parent zone information.","description_kind":"plain","optional":true,"computed":true},"extensible_attributes":{"type":["map","string"],"description":"Extensible attributes of host record (Values are JSON encoded).","description_kind":"plain","optional":true,"computed":true},"hostname":{"type":"string","description":"The host name in FQDN format.","description_kind":"plain","required":true},"id":{"type":"string","description_kind":"plain","optional":true,"computed":true},"network_view":{"type":"string","description":"The name of the network view in which the host record resides.","description_kind":"plain","optional":true,"computed":true},"ref":{"type":"string","description":"Reference id of host record object.","description_kind":"plain","computed":true},"view":{"type":"string","description":"The name of the DNS view in which the record resides.","description_kind":"plain","optional":true,"computed":true},"zone":{"type":"string","description":"The name of the zone in which the record resides.","description_kind":"plain","computed":true}},"block_types":{"ip_v4_address":{"nesting_mode":"list","block":{"attributes":{"configure_for_dhcp":{"type":"bool","description":"Set this to True to enable the DHCP configuration for this host address.","description_kind":"plain","optional":true,"computed":true},"hostname":{"type":"string","description":"Hostname associated with IP address.","description_kind":"plain","computed":true},"ip_address":{"type":"string","description":"IP address.","description_kind":"plain","optional":true,"computed":true},"mac_address":{"type":"string","description":"MAC address associated with IP address.","description_kind":"plain","optional":true,"computed":true},"network":{"type":"string","description":"Network for host record in CIDR notation (next_available_ip will be retrieved from this network).","description_kind":"plain","optional":true,"computed":true},"range_function_string":{"type":"string","description":"Range start and end string for next_available_ip function calls.","description_kind":"plain","optional":true},"ref":{"type":"string","description":"Reference id of address object.","description_kind":"plain","computed":true},"use_for_ea_inheritance":{"type":"bool","description":"Set this to True when using this host address for EA inheritance.","description_kind":"plain","optional":true,"computed":true}},"description":"IPv4 addresses associated with host record.","description_kind":"plain"}}},"description_kind":"plain"}},"infoblox_network":{"version":0,"block":{"attributes":{"cidr":{"type":"string","description":"The network address in IPv4 Address/CIDR format.","description_kind":"plain","required":true},"comment":{"type":"string","description":"Comment for the record; maximum 256 characters.","description_kind":"plain","optional":true,"computed":true},"disable_dhcp":{"type":"bool","description":"Disable for DHCP.","description_kind":"plain","optional":true,"computed":true},"extensible_attributes":{"type":["map","string"],"description":"Extensible attributes of network (Values are JSON encoded).","description_kind":"plain","optional":true,"computed":true},"grid_ref":{"type":"string","description":"Ref for grid needed for restarting services.","description_kind":"plain","optional":true},"id":{"type":"string","description_kind":"plain","optional":true,"computed":true},"network_view":{"type":"string","description":"The name of the network view in which this network resides.","description_kind":"plain","optional":true,"computed":true},"ref":{"type":"string","description":"Reference id of network object.","description_kind":"plain","computed":true},"restart_if_needed":{"type":"bool","description":"Restart dhcp services if needed.","description_kind":"plain","optional":true}},"block_types":{"member":{"nesting_mode":"list","block":{"attributes":{"hostname":{"type":"string","description":"Hostname of member.","description_kind":"plain","required":true},"ip_v4_address":{"type":"string","description":"IPv4 address.","description_kind":"plain","optional":true,"computed":true},"ip_v6_address":{"type":"string","description":"IPv6 address.","description_kind":"plain","optional":true,"computed":true},"struct":{"type":"string","description":"Struct type of member.","description_kind":"plain","optional":true}},"description":"Grid members associated with network.","description_kind":"plain"},"max_items":1},"option":{"nesting_mode":"set","block":{"attributes":{"code":{"type":"number","description":"The code of the DHCP option.","description_kind":"plain","required":true},"name":{"type":"string","description":"Name of the DHCP option.","description_kind":"plain","required":true},"use_option":{"type":"bool","description":"Only applies to special options that are displayed separately from other options and have a use flag.","description_kind":"plain","optional":true},"value":{"type":"string","description":"Value of the DHCP option.","description_kind":"plain","required":true},"vendor_class":{"type":"string","description":"The name of the space this DHCP option is associated to.","description_kind":"plain","optional":true}},"description":"An array of DHCP option structs that lists the DHCP options associated with the object.","description_kind":"plain"}}},"description_kind":"plain"}},"infoblox_ptr_record":{"version":0,"block":{"attributes":{"comment":{"type":"string","description":"Comment for the record; maximum 256 characters.","description_kind":"plain","optional":true,"computed":true},"disable":{"type":"bool","description":"Determines if the record is disabled or not. False means that the record is enabled.","description_kind":"plain","optional":true,"computed":true},"dns_name":{"type":"string","description":"The name for a DNS PTR record in punycode format.","description_kind":"plain","computed":true},"dns_pointer_domain_name":{"type":"string","description":"The domain name of the DNS PTR record in punycode format.","description_kind":"plain","computed":true},"extensible_attributes":{"type":["map","string"],"description":"Extensible attributes of ptr record (Values are JSON encoded).","description_kind":"plain","optional":true,"computed":true},"id":{"type":"string","description_kind":"plain","optional":true,"computed":true},"ip_v4_address":{"type":"string","description":"The IPv4 Address of the record.","description_kind":"plain","optional":true},"ip_v6_address":{"type":"string","description":"The IPv6 Address of the record.","description_kind":"plain","optional":true},"name":{"type":"string","description":"The name of the DNS PTR record in FQDN format.","description_kind":"plain","optional":true,"computed":true},"pointer_domain_name":{"type":"string","description":"The domain name of the DNS PTR record in FQDN format.","description_kind":"plain","optional":true,"computed":true},"ref":{"type":"string","description":"Reference id of ptr record object.","description_kind":"plain","computed":true},"view":{"type":"string","description":"Name of the DNS View in which the record resides.","description_kind":"plain","optional":true,"computed":true},"zone":{"type":"string","description":"The name of the zone in which the record resides.","description_kind":"plain","computed":true}},"description_kind":"plain"}},"infoblox_range":{"version":0,"block":{"attributes":{"cidr":{"type":"string","description":"The network to which this range belongs, in IPv4 Address/CIDR format.","description_kind":"plain","required":true},"comment":{"type":"string","description":"Comment for the range; maximum 256 characters.","description_kind":"plain","optional":true,"computed":true},"disable_dhcp":{"type":"bool","description":"Disable for DHCP.","description_kind":"plain","optional":true,"computed":true},"end_address":{"type":"string","description":"The IPv4 Address end address of the range.","description_kind":"plain","optional":true,"computed":true},"extensible_attributes":{"type":["map","string"],"description":"Extensible attributes of range object (Values are JSON encoded).","description_kind":"plain","optional":true,"computed":true},"grid_ref":{"type":"string","description":"Ref for grid needed for restarting services.","description_kind":"plain","optional":true},"id":{"type":"string","description_kind":"plain","optional":true,"computed":true},"network_view":{"type":"string","description":"The name of the network view in which this range resides.","description_kind":"plain","optional":true,"computed":true},"range_function_string":{"type":"string","description":"String representation of start and end addresses to be used with function calls","description_kind":"plain","computed":true},"ref":{"type":"string","description":"Reference id of range object.","description_kind":"plain","computed":true},"restart_if_needed":{"type":"bool","description":"Restart dhcp services if needed.","description_kind":"plain","optional":true},"sequential_count":{"type":"number","description":"Sequential count of addresses.","description_kind":"plain","optional":true},"start_address":{"type":"string","description":"The IPv4 Address starting address of the range.","description_kind":"plain","optional":true,"computed":true}},"block_types":{"member":{"nesting_mode":"list","block":{"attributes":{"hostname":{"type":"string","description":"Hostname of member.","description_kind":"plain","required":true},"ip_v4_address":{"type":"string","description":"IPv4 address.","description_kind":"plain","optional":true,"computed":true},"ip_v6_address":{"type":"string","description":"IPv6 address.","description_kind":"plain","optional":true,"computed":true},"struct":{"type":"string","description":"Struct type of member.","description_kind":"plain","optional":true}},"description":"Grid member associated with range.","description_kind":"plain"},"min_items":1,"max_items":1},"option":{"nesting_mode":"set","block":{"attributes":{"code":{"type":"number","description":"The code of the DHCP option.","description_kind":"plain","required":true},"name":{"type":"string","description":"Name of the DHCP option.","description_kind":"plain","required":true},"use_option":{"type":"bool","description":"Only applies to special options that are displayed separately from other options and have a use flag.","description_kind":"plain","optional":true},"value":{"type":"string","description":"Value of the DHCP option.","description_kind":"plain","required":true},"vendor_class":{"type":"string","description":"The name of the space this DHCP option is associated to.","description_kind":"plain","optional":true}},"description":"An array of DHCP option structs that lists the DHCP options associated with the object.","description_kind":"plain"}}},"description_kind":"plain"}}},"data_source_schemas":{"infoblox_a_record":{"version":0,"block":{"attributes":{"comment":{"type":"string","description":"Comment for the record; maximum 256 characters.","description_kind":"plain","computed":true},"disable":{"type":"bool","description":"Determines if the record is disabled or not. False means that the record is enabled.","description_kind":"plain","computed":true},"dns_name":{"type":"string","description":"The name for an A record in punycode format.","description_kind":"plain","computed":true},"extensible_attributes":{"type":["map","string"],"description":"Extensible attributes of A record (Values are JSON encoded).","description_kind":"plain","computed":true},"hostname":{"type":"string","description":"Hostname of A record.","description_kind":"plain","optional":true,"computed":true},"id":{"type":"string","description_kind":"plain","optional":true,"computed":true},"ip_address":{"type":"string","description":"The IPv4 Address of the record.","description_kind":"plain","optional":true,"computed":true},"query_params":{"type":["map","string"],"description":"Additional query parameters","description_kind":"plain","optional":true},"ref":{"type":"string","description":"Reference id of A record object.","description_kind":"plain","optional":true,"computed":true},"view":{"type":"string","description":"The name of the DNS view in which the record resides.","description_kind":"plain","optional":true,"computed":true},"zone":{"type":"string","description":"The name of the zone in which the record resides.","description_kind":"plain","optional":true,"computed":true}},"description_kind":"plain"}},"infoblox_alias_record":{"version":0,"block":{"attributes":{"comment":{"type":"string","description":"Comment for the record; maximum 256 characters.","description_kind":"plain","computed":true},"disable":{"type":"bool","description":"Determines if the record is disabled or not. False means that the record is enabled.","description_kind":"plain","computed":true},"dns_name":{"type":"string","description":"The name for an Alias record in punycode format.","description_kind":"plain","computed":true},"dns_target_name":{"type":"string","description":"Target name in punycode format.","description_kind":"plain","computed":true},"extensible_attributes":{"type":["map","string"],"description":"Extensible attributes of alias record (Values are JSON encoded).","description_kind":"plain","computed":true},"id":{"type":"string","description_kind":"plain","optional":true,"computed":true},"name":{"type":"string","description":"The name for an Alias record in FQDN format.","description_kind":"plain","optional":true,"computed":true},"query_params":{"type":["map","string"],"description":"Additional query parameters","description_kind":"plain","optional":true},"ref":{"type":"string","description":"Reference id of alias record object.","description_kind":"plain","optional":true,"computed":true},"target_name":{"type":"string","description":"Target name in FQDN format.","description_kind":"plain","computed":true},"target_type":{"type":"string","description":"Target type.","description_kind":"plain","computed":true},"view":{"type":"string","description":"The name of the DNS View in which the record resides.","description_kind":"plain","optional":true,"computed":true},"zone":{"type":"string","description":"The name of the zone in which the record resides.","description_kind":"plain","optional":true,"computed":true}},"description_kind":"plain"}},"infoblox_cname_record":{"version":0,"block":{"attributes":{"alias":{"type":"string","description":"The name for a CNAME record in FQDN format.","description_kind":"plain","optional":true,"computed":true},"canonical":{"type":"string","description":"Canonical name in FQDN format.","description_kind":"plain","optional":true,"computed":true},"comment":{"type":"string","description":"Comment for the record; maximum 256 characters.","description_kind":"plain","computed":true},"disable":{"type":"bool","description":"Determines if the record is disabled or not. False means that the record is enabled.","description_kind":"plain","computed":true},"dns_canonical":{"type":"string","description":"Canonical name in punycode format.","description_kind":"plain","computed":true},"dns_name":{"type":"string","description":"The name for the CNAME record in punycode format.","description_kind":"plain","computed":true},"extensible_attributes":{"type":["map","string"],"description":"Extensible attributes of cname record (Values are JSON encoded).","description_kind":"plain","computed":true},"id":{"type":"string","description_kind":"plain","optional":true,"computed":true},"query_params":{"type":["map","string"],"description":"Additional query parameters","description_kind":"plain","optional":true},"ref":{"type":"string","description":"Reference id of cname record object.","description_kind":"plain","optional":true,"computed":true},"view":{"type":"string","description":"The name of the DNS view in which the record resides.","description_kind":"plain","optional":true,"computed":true},"zone":{"type":"string","description":"The name of the zone in which the record resides.","description_kind":"plain","optional":true,"computed":true}},"description_kind":"plain"}},"infoblox_fixed_address":{"version":0,"block":{"attributes":{"cidr":{"type":"string","description":"The network to which this fixed address belongs, in IPv4 Address/CIDR format.","description_kind":"plain","computed":true},"comment":{"type":"string","description":"Comment for the fixed address; maximum 256 characters.","description_kind":"plain","computed":true},"disable":{"type":"bool","description":"Determines whether a fixed address is disabled or not. When this is set to False, the fixed address is enabled.","description_kind":"plain","computed":true},"extensible_attributes":{"type":["map","string"],"description":"Extensible attributes of fixed address (Values are JSON encoded).","description_kind":"plain","computed":true},"hostname":{"type":"string","description":"This field contains the name of this fixed address.","description_kind":"plain","optional":true,"computed":true},"id":{"type":"string","description_kind":"plain","optional":true,"computed":true},"ip_address":{"type":"string","description":"The IPv4 Address of the fixed address.","description_kind":"plain","optional":true,"computed":true},"mac":{"type":"string","description":"The MAC address value for this fixed address.","description_kind":"plain","computed":true},"match_client":{"type":"string","description":"The match_client value for this fixed address.","description_kind":"plain","computed":true},"network_view":{"type":"string","description":"The name of the network view in which this fixed address resides.","description_kind":"plain","optional":true,"computed":true},"option":{"type":["set",["object",{"code":"number","name":"string","use_option":"bool","value":"string","vendor_class":"string"}]],"description":"An array of DHCP option structs that lists the DHCP options associated with the object.","description_kind":"plain","computed":true},"query_params":{"type":["map","string"],"description":"Additional query parameters","description_kind":"plain","optional":true},"ref":{"type":"string","description":"Reference id of fixed address object.","description_kind":"plain","optional":true,"computed":true}},"description_kind":"plain"}},"infoblox_grid":{"version":0,"block":{"attributes":{"dns_resolvers":{"type":["list","string"],"description":"List of DNS resolvers.","description_kind":"plain","computed":true},"dns_search_domains":{"type":["list","string"],"description":"List of DNS search domains.","description_kind":"plain","computed":true},"id":{"type":"string","description_kind":"plain","optional":true,"computed":true},"name":{"type":"string","description":"Name of grid.","description_kind":"plain","optional":true,"computed":true},"query_params":{"type":["map","string"],"description":"Additional query parameters.","description_kind":"plain","optional":true},"ref":{"type":"string","description":"Reference id of grid object.","description_kind":"plain","optional":true,"computed":true},"service_status":{"type":"string","description":"Service status of grid.","description_kind":"plain","computed":true}},"description_kind":"plain"}},"infoblox_grid_member":{"version":0,"block":{"attributes":{"config_address_type":{"type":"string","description":"Configured IP address type.","description_kind":"plain","computed":true},"hostname":{"type":"string","description":"Hostname of member in FQDN format.","description_kind":"plain","optional":true,"computed":true},"id":{"type":"string","description_kind":"plain","optional":true,"computed":true},"query_params":{"type":["map","string"],"description":"Additional query parameters.","description_kind":"plain","optional":true},"ref":{"type":"string","description":"Reference id of member.","description_kind":"plain","optional":true,"computed":true},"service_type_configuration":{"type":"string","description":"Service type configuration.","description_kind":"plain","computed":true}},"description_kind":"plain"}},"infoblox_host_record":{"version":0,"block":{"attributes":{"comment":{"type":"string","description":"Comment for the record; maximum 256 characters.","description_kind":"plain","computed":true},"enable_dns":{"type":"bool","description":"When false, the host does not have parent zone information.","description_kind":"plain","computed":true},"extensible_attributes":{"type":["map","string"],"description":"Extensible attributes of host record (Values are JSON encoded).","description_kind":"plain","computed":true},"hostname":{"type":"string","description":"The host name in FQDN format.","description_kind":"plain","optional":true,"computed":true},"id":{"type":"string","description_kind":"plain","optional":true,"computed":true},"ip_v4_address":{"type":["list",["object",{"configure_for_dhcp":"bool","hostname":"string","ip_address":"string","mac_address":"string","network":"string","ref":"string","use_for_ea_inheritance":"bool"}]],"description":"IPv4 addresses associated with host record.","description_kind":"plain","computed":true},"network_view":{"type":"string","description":"The name of the network view in which the host record resides.","description_kind":"plain","optional":true,"computed":true},"query_params":{"type":["map","string"],"description":"Additional query parameters.","description_kind":"plain","optional":true},"ref":{"type":"string","description":"Reference id of host record object.","description_kind":"plain","optional":true,"computed":true},"view":{"type":"string","description":"The name of the DNS view in which the record resides.","description_kind":"plain","computed":true},"zone":{"type":"string","description":"The name of the zone in which the record resides.","description_kind":"plain","optional":true,"computed":true}},"description_kind":"plain"}},"infoblox_network":{"version":0,"block":{"attributes":{"cidr":{"type":"string","description":"The network address in IPv4 Address/CIDR format.","description_kind":"plain","optional":true,"computed":true},"comment":{"type":"string","description":"Comment for the record; maximum 256 characters.","description_kind":"plain","computed":true},"disable_dhcp":{"type":"bool","description":"Disable for DHCP.","description_kind":"plain","computed":true},"extensible_attributes":{"type":["map","string"],"description":"Extensible attributes of network (Values are JSON encoded).","description_kind":"plain","computed":true},"id":{"type":"string","description_kind":"plain","optional":true,"computed":true},"member":{"type":["set",["object",{"hostname":"string","ip_v4_address":"string","ip_v6_address":"string","struct":"string"}]],"description":"Grid members associated with network.","description_kind":"plain","computed":true},"network_view":{"type":"string","description":"Network view","description_kind":"plain","optional":true,"computed":true},"option":{"type":["set",["object",{"code":"number","name":"string","use_option":"bool","value":"string","vendor_class":"string"}]],"description":"An array of DHCP option structs that lists the DHCP options associated with the object.","description_kind":"plain","computed":true},"query_params":{"type":["map","string"],"description":"Additional query parameters","description_kind":"plain","optional":true},"ref":{"type":"string","description":"Reference id of network object.","description_kind":"plain","optional":true,"computed":true}},"description_kind":"plain"}},"infoblox_ptr_record":{"version":0,"block":{"attributes":{"comment":{"type":"string","description":"Comment for the record; maximum 256 characters.","description_kind":"plain","computed":true},"disable":{"type":"bool","description":"Determines if the record is disabled or not. False means that the record is enabled.","description_kind":"plain","computed":true},"dns_name":{"type":"string","description":"The name for a DNS PTR record in punycode format.","description_kind":"plain","computed":true},"dns_pointer_domain_name":{"type":"string","description":"The domain name of the DNS PTR record in punycode format.","description_kind":"plain","computed":true},"extensible_attributes":{"type":["map","string"],"description":"Extensible attributes of ptr record (Values are JSON encoded).","description_kind":"plain","computed":true},"id":{"type":"string","description_kind":"plain","optional":true,"computed":true},"ip_v4_address":{"type":"string","description":"The IPv4 Address of the record.","description_kind":"plain","optional":true,"computed":true},"ip_v6_address":{"type":"string","description":"The IPv6 Address of the record.","description_kind":"plain","optional":true,"computed":true},"name":{"type":"string","description":"The name of the DNS PTR record in FQDN format.","description_kind":"plain","optional":true,"computed":true},"pointer_domain_name":{"type":"string","description":"The domain name of the DNS PTR record in FQDN format.","description_kind":"plain","optional":true,"computed":true},"query_params":{"type":["map","string"],"description":"Additional query parameters.","description_kind":"plain","optional":true},"ref":{"type":"string","description":"Reference id of ptr record object.","description_kind":"plain","optional":true,"computed":true},"view":{"type":"string","description":"Name of the DNS View in which the record resides.","description_kind":"plain","optional":true,"computed":true},"zone":{"type":"string","description":"The name of the zone in which the record resides.","description_kind":"plain","optional":true,"computed":true}},"description_kind":"plain"}},"infoblox_range":{"version":0,"block":{"attributes":{"cidr":{"type":"string","description":"The network to which this range belongs, in IPv4 Address/CIDR format.","description_kind":"plain","optional":true},"comment":{"type":"string","description":"Comment for the range; maximum 256 characters.","description_kind":"plain","computed":true},"disable_dhcp":{"type":"bool","description":"Disable for DHCP.","description_kind":"plain","computed":true},"end_address":{"type":"string","description":"The IPv4 Address end address of the range.","description_kind":"plain","optional":true,"computed":true},"extensible_attributes":{"type":["map","string"],"description":"Extensible attributes of range object (Values are JSON encoded).","description_kind":"plain","computed":true},"id":{"type":"string","description_kind":"plain","optional":true,"computed":true},"member":{"type":["set",["object",{"hostname":"string","ip_v4_address":"string","ip_v6_address":"string","struct":"string"}]],"description":"Grid members associated with range.","description_kind":"plain","computed":true},"network_view":{"type":"string","description":"The name of the network view in which this range resides.","description_kind":"plain","computed":true},"option":{"type":["set",["object",{"code":"number","name":"string","use_option":"bool","value":"string","vendor_class":"string"}]],"description":"An array of DHCP option structs that lists the DHCP options associated with the object.","description_kind":"plain","computed":true},"query_params":{"type":["map","string"],"description":"Additional query parameters.","description_kind":"plain","optional":true},"range_function_string":{"type":"string","description":"String representation of start and end addresses to be used with function calls.","description_kind":"plain","computed":true},"ref":{"type":"string","description":"Reference id of range object.","description_kind":"plain","optional":true,"computed":true},"start_address":{"type":"string","description":"The IPv4 Address starting address of the range.","description_kind":"plain","optional":true,"computed":true}},"description_kind":"plain"}},"infoblox_sequential_address_block":{"version":0,"block":{"attributes":{"address_count":{"type":"number","description":"Number of IPs to allocate.","description_kind":"plain","required":true},"addresses":{"type":["list",["object",{"cidr":"string","hostnames":["list","string"],"ip_address":"string","mac_address":"string","network_view":"string","objects":["list","string"],"ref":"string","status":"string","types":["list","string"],"usage":["list","string"]}]],"description":"List of sequential ip address objects.","description_kind":"plain","computed":true},"cidr":{"type":"string","description":"Network for address block in IPv4 Address/CIDR format.","description_kind":"plain","required":true},"id":{"type":"string","description_kind":"plain","optional":true,"computed":true},"network_view":{"type":"string","description":"The name of the network view in which the address block resides.","description_kind":"plain","optional":true,"computed":true}},"description_kind":"plain"}}}}}}
