{"format_version":"0.2","provider_schemas":{"registry.terraform.io/teckresourcestds/github":{"provider":{"version":0,"block":{"attributes":{"base_url":{"type":"string","description":"The GitHub Base API URL","description_kind":"plain","optional":true},"insecure":{"type":"bool","description":"Enable `insecure` mode for testing purposes","description_kind":"plain","optional":true},"organization":{"type":"string","description":"The GitHub organization name to manage. Use this field instead of `owner` when managing organization accounts.","description_kind":"plain","optional":true},"owner":{"type":"string","description":"The GitHub owner name to manage. Use this field instead of `organization` when managing individual accounts.","description_kind":"plain","optional":true},"token":{"type":"string","description":"The OAuth token used to connect to GitHub. `anonymous` mode is enabled if `token` is not configured.","description_kind":"plain","optional":true}},"description_kind":"plain"}},"resource_schemas":{"github_actions_organization_secret":{"version":0,"block":{"attributes":{"created_at":{"type":"string","description_kind":"plain","computed":true},"id":{"type":"string","description_kind":"plain","optional":true,"computed":true},"plaintext_value":{"type":"string","description_kind":"plain","required":true,"sensitive":true},"secret_name":{"type":"string","description_kind":"plain","required":true},"selected_repository_ids":{"type":["set","number"],"description_kind":"plain","optional":true},"updated_at":{"type":"string","description_kind":"plain","computed":true},"visibility":{"type":"string","description_kind":"plain","required":true}},"description_kind":"plain"}},"github_actions_secret":{"version":0,"block":{"attributes":{"created_at":{"type":"string","description_kind":"plain","computed":true},"id":{"type":"string","description_kind":"plain","optional":true,"computed":true},"plaintext_value":{"type":"string","description_kind":"plain","required":true,"sensitive":true},"repository":{"type":"string","description_kind":"plain","required":true},"secret_name":{"type":"string","description_kind":"plain","required":true},"updated_at":{"type":"string","description_kind":"plain","computed":true}},"description_kind":"plain"}},"github_branch":{"version":0,"block":{"attributes":{"branch":{"type":"string","description_kind":"plain","required":true},"etag":{"type":"string","description_kind":"plain","computed":true},"id":{"type":"string","description_kind":"plain","optional":true,"computed":true},"ref":{"type":"string","description_kind":"plain","computed":true},"repository":{"type":"string","description_kind":"plain","required":true},"sha":{"type":"string","description_kind":"plain","computed":true},"source_branch":{"type":"string","description_kind":"plain","optional":true},"source_sha":{"type":"string","description_kind":"plain","optional":true,"computed":true}},"description_kind":"plain"}},"github_branch_default":{"version":0,"block":{"attributes":{"branch":{"type":"string","description_kind":"plain","required":true},"id":{"type":"string","description_kind":"plain","optional":true,"computed":true},"repository":{"type":"string","description_kind":"plain","required":true}},"description_kind":"plain"}},"github_branch_protection":{"version":1,"block":{"attributes":{"allows_deletions":{"type":"bool","description_kind":"plain","optional":true},"allows_force_pushes":{"type":"bool","description_kind":"plain","optional":true},"enforce_admins":{"type":"bool","description_kind":"plain","optional":true},"id":{"type":"string","description_kind":"plain","optional":true,"computed":true},"pattern":{"type":"string","description_kind":"plain","required":true},"push_restrictions":{"type":["set","string"],"description_kind":"plain","optional":true},"repository_id":{"type":"string","description":"Node ID or name of repository","description_kind":"plain","required":true},"require_signed_commits":{"type":"bool","description_kind":"plain","optional":true}},"block_types":{"required_pull_request_reviews":{"nesting_mode":"list","block":{"attributes":{"dismiss_stale_reviews":{"type":"bool","description_kind":"plain","optional":true},"dismissal_restrictions":{"type":["set","string"],"description_kind":"plain","optional":true},"require_code_owner_reviews":{"type":"bool","description_kind":"plain","optional":true},"required_approving_review_count":{"type":"number","description_kind":"plain","optional":true}},"description_kind":"plain"}},"required_status_checks":{"nesting_mode":"list","block":{"attributes":{"contexts":{"type":["set","string"],"description_kind":"plain","optional":true},"strict":{"type":"bool","description_kind":"plain","optional":true}},"description_kind":"plain"}}},"description_kind":"plain"}},"github_branch_protection_v3":{"version":0,"block":{"attributes":{"branch":{"type":"string","description_kind":"plain","required":true},"enforce_admins":{"type":"bool","description_kind":"plain","optional":true},"etag":{"type":"string","description_kind":"plain","computed":true},"id":{"type":"string","description_kind":"plain","optional":true,"computed":true},"repository":{"type":"string","description_kind":"plain","required":true},"require_signed_commits":{"type":"bool","description_kind":"plain","optional":true}},"block_types":{"required_pull_request_reviews":{"nesting_mode":"list","block":{"attributes":{"dismiss_stale_reviews":{"type":"bool","description_kind":"plain","optional":true},"dismissal_teams":{"type":["set","string"],"description_kind":"plain","optional":true},"dismissal_users":{"type":["set","string"],"description_kind":"plain","optional":true},"include_admins":{"type":"bool","description_kind":"plain","optional":true},"require_code_owner_reviews":{"type":"bool","description_kind":"plain","optional":true},"required_approving_review_count":{"type":"number","description_kind":"plain","optional":true}},"description_kind":"plain"},"max_items":1},"required_status_checks":{"nesting_mode":"list","block":{"attributes":{"contexts":{"type":["set","string"],"description_kind":"plain","optional":true},"include_admins":{"type":"bool","description_kind":"plain","optional":true},"strict":{"type":"bool","description_kind":"plain","optional":true}},"description_kind":"plain"},"max_items":1},"restrictions":{"nesting_mode":"list","block":{"attributes":{"apps":{"type":["set","string"],"description_kind":"plain","optional":true},"teams":{"type":["set","string"],"description_kind":"plain","optional":true},"users":{"type":["set","string"],"description_kind":"plain","optional":true}},"description_kind":"plain"},"max_items":1}},"description_kind":"plain"}},"github_issue_label":{"version":0,"block":{"attributes":{"color":{"type":"string","description_kind":"plain","required":true},"description":{"type":"string","description_kind":"plain","optional":true},"etag":{"type":"string","description_kind":"plain","computed":true},"id":{"type":"string","description_kind":"plain","optional":true,"computed":true},"name":{"type":"string","description_kind":"plain","required":true},"repository":{"type":"string","description_kind":"plain","required":true},"url":{"type":"string","description_kind":"plain","computed":true}},"description_kind":"plain"}},"github_membership":{"version":0,"block":{"attributes":{"etag":{"type":"string","description_kind":"plain","computed":true},"id":{"type":"string","description_kind":"plain","optional":true,"computed":true},"role":{"type":"string","description_kind":"plain","optional":true},"username":{"type":"string","description_kind":"plain","required":true}},"description_kind":"plain"}},"github_organization_block":{"version":0,"block":{"attributes":{"etag":{"type":"string","description_kind":"plain","computed":true},"id":{"type":"string","description_kind":"plain","optional":true,"computed":true},"username":{"type":"string","description_kind":"plain","required":true}},"description_kind":"plain"}},"github_organization_project":{"version":0,"block":{"attributes":{"body":{"type":"string","description_kind":"plain","optional":true},"etag":{"type":"string","description_kind":"plain","computed":true},"id":{"type":"string","description_kind":"plain","optional":true,"computed":true},"name":{"type":"string","description_kind":"plain","required":true},"url":{"type":"string","description_kind":"plain","computed":true}},"description_kind":"plain"}},"github_organization_webhook":{"version":1,"block":{"attributes":{"active":{"type":"bool","description_kind":"plain","optional":true},"etag":{"type":"string","description_kind":"plain","computed":true},"events":{"type":["set","string"],"description_kind":"plain","required":true},"id":{"type":"string","description_kind":"plain","optional":true,"computed":true},"name":{"type":"string","description_kind":"plain","optional":true},"url":{"type":"string","description_kind":"plain","computed":true}},"block_types":{"configuration":{"nesting_mode":"list","block":{"attributes":{"content_type":{"type":"string","description_kind":"plain","optional":true},"insecure_ssl":{"type":"bool","description_kind":"plain","optional":true},"secret":{"type":"string","description_kind":"plain","optional":true,"sensitive":true},"url":{"type":"string","description_kind":"plain","required":true,"sensitive":true}},"description_kind":"plain"},"max_items":1}},"description_kind":"plain"}},"github_project_card":{"version":0,"block":{"attributes":{"card_id":{"type":"number","description_kind":"plain","computed":true},"column_id":{"type":"string","description_kind":"plain","required":true},"etag":{"type":"string","description_kind":"plain","computed":true},"id":{"type":"string","description_kind":"plain","optional":true,"computed":true},"note":{"type":"string","description_kind":"plain","required":true}},"description_kind":"plain"}},"github_project_column":{"version":0,"block":{"attributes":{"column_id":{"type":"number","description_kind":"plain","computed":true},"etag":{"type":"string","description_kind":"plain","computed":true},"id":{"type":"string","description_kind":"plain","optional":true,"computed":true},"name":{"type":"string","description_kind":"plain","required":true},"project_id":{"type":"string","description_kind":"plain","required":true}},"description_kind":"plain"}},"github_pull_request":{"version":0,"block":{"attributes":{"base":{"type":"string","description_kind":"plain","required":true},"body":{"type":"string","description_kind":"plain","required":true},"head":{"type":"string","description_kind":"plain","required":true},"id":{"type":"string","description_kind":"plain","optional":true,"computed":true},"repository":{"type":"string","description_kind":"plain","required":true},"title":{"type":"string","description_kind":"plain","required":true},"uid":{"type":"string","description_kind":"plain","required":true}},"description_kind":"plain"}},"github_repository":{"version":0,"block":{"attributes":{"allow_merge_commit":{"type":"bool","description_kind":"plain","optional":true},"allow_rebase_merge":{"type":"bool","description_kind":"plain","optional":true},"allow_squash_merge":{"type":"bool","description_kind":"plain","optional":true},"archive_on_destroy":{"type":"bool","description_kind":"plain","optional":true},"archived":{"type":"bool","description_kind":"plain","optional":true},"auto_init":{"type":"bool","description_kind":"plain","optional":true},"default_branch":{"type":"string","description":"Can only be set after initial repository creation, and only if the target branch exists","description_kind":"plain","optional":true,"computed":true},"delete_branch_on_merge":{"type":"bool","description_kind":"plain","optional":true},"description":{"type":"string","description_kind":"plain","optional":true},"etag":{"type":"string","description_kind":"plain","computed":true},"full_name":{"type":"string","description_kind":"plain","computed":true},"git_clone_url":{"type":"string","description_kind":"plain","computed":true},"gitignore_template":{"type":"string","description_kind":"plain","optional":true},"has_downloads":{"type":"bool","description_kind":"plain","optional":true},"has_issues":{"type":"bool","description_kind":"plain","optional":true},"has_projects":{"type":"bool","description_kind":"plain","optional":true},"has_wiki":{"type":"bool","description_kind":"plain","optional":true},"homepage_url":{"type":"string","description_kind":"plain","optional":true},"html_url":{"type":"string","description_kind":"plain","computed":true},"http_clone_url":{"type":"string","description_kind":"plain","computed":true},"id":{"type":"string","description_kind":"plain","optional":true,"computed":true},"is_template":{"type":"bool","description_kind":"plain","optional":true},"license_template":{"type":"string","description_kind":"plain","optional":true},"name":{"type":"string","description_kind":"plain","required":true},"node_id":{"type":"string","description_kind":"plain","computed":true},"private":{"type":"bool","description_kind":"plain","optional":true,"computed":true},"repo_id":{"type":"number","description_kind":"plain","computed":true},"ssh_clone_url":{"type":"string","description_kind":"plain","computed":true},"svn_url":{"type":"string","description_kind":"plain","computed":true},"topics":{"type":["set","string"],"description_kind":"plain","optional":true},"visibility":{"type":"string","description_kind":"plain","optional":true,"computed":true},"vulnerability_alerts":{"type":"bool","description_kind":"plain","optional":true}},"block_types":{"pages":{"nesting_mode":"list","block":{"attributes":{"cname":{"type":"string","description_kind":"plain","optional":true},"custom_404":{"type":"bool","description_kind":"plain","computed":true},"html_url":{"type":"string","description_kind":"plain","computed":true},"status":{"type":"string","description_kind":"plain","computed":true},"url":{"type":"string","description_kind":"plain","computed":true}},"block_types":{"source":{"nesting_mode":"list","block":{"attributes":{"branch":{"type":"string","description_kind":"plain","required":true},"path":{"type":"string","description_kind":"plain","optional":true}},"description_kind":"plain"},"min_items":1,"max_items":1}},"description_kind":"plain"},"max_items":1},"template":{"nesting_mode":"list","block":{"attributes":{"owner":{"type":"string","description_kind":"plain","required":true},"repository":{"type":"string","description_kind":"plain","required":true}},"description_kind":"plain"},"max_items":1}},"description_kind":"plain"}},"github_repository_collaborator":{"version":0,"block":{"attributes":{"id":{"type":"string","description_kind":"plain","optional":true,"computed":true},"invitation_id":{"type":"string","description_kind":"plain","computed":true},"permission":{"type":"string","description_kind":"plain","optional":true},"repository":{"type":"string","description_kind":"plain","required":true},"username":{"type":"string","description_kind":"plain","required":true}},"description_kind":"plain"}},"github_repository_deploy_key":{"version":0,"block":{"attributes":{"etag":{"type":"string","description_kind":"plain","computed":true},"id":{"type":"string","description_kind":"plain","optional":true,"computed":true},"key":{"type":"string","description_kind":"plain","required":true},"read_only":{"type":"bool","description_kind":"plain","optional":true},"repository":{"type":"string","description_kind":"plain","required":true},"title":{"type":"string","description_kind":"plain","required":true}},"description_kind":"plain"}},"github_repository_file":{"version":0,"block":{"attributes":{"branch":{"type":"string","description":"The branch name, defaults to \"main\"","description_kind":"plain","optional":true},"commit_author":{"type":"string","description":"The commit author name, defaults to the authenticated user's name","description_kind":"plain","optional":true,"computed":true},"commit_email":{"type":"string","description":"The commit author email address, defaults to the authenticated user's email address","description_kind":"plain","optional":true,"computed":true},"commit_message":{"type":"string","description":"The commit message when creating or updating the file","description_kind":"plain","optional":true,"computed":true},"commit_sha":{"type":"string","description":"The SHA of the commit that modified the file","description_kind":"plain","computed":true},"content":{"type":"string","description":"The file's content","description_kind":"plain","required":true},"file":{"type":"string","description":"The file path to manage","description_kind":"plain","required":true},"id":{"type":"string","description_kind":"plain","optional":true,"computed":true},"overwrite_on_create":{"type":"bool","description":"Enable overwriting existing files, defaults to \"false\"","description_kind":"plain","optional":true},"repository":{"type":"string","description":"The repository name","description_kind":"plain","required":true},"sha":{"type":"string","description":"The blob SHA of the file","description_kind":"plain","computed":true}},"description_kind":"plain"}},"github_repository_milestone":{"version":0,"block":{"attributes":{"description":{"type":"string","description_kind":"plain","optional":true},"due_date":{"type":"string","description":"in yyyy-mm-dd format","description_kind":"plain","optional":true},"id":{"type":"string","description_kind":"plain","optional":true,"computed":true},"number":{"type":"number","description_kind":"plain","computed":true},"owner":{"type":"string","description_kind":"plain","required":true},"repository":{"type":"string","description_kind":"plain","required":true},"state":{"type":"string","description_kind":"plain","optional":true},"title":{"type":"string","description_kind":"plain","required":true}},"description_kind":"plain"}},"github_repository_project":{"version":0,"block":{"attributes":{"body":{"type":"string","description_kind":"plain","optional":true},"etag":{"type":"string","description_kind":"plain","computed":true},"id":{"type":"string","description_kind":"plain","optional":true,"computed":true},"name":{"type":"string","description_kind":"plain","required":true},"repository":{"type":"string","description_kind":"plain","required":true},"url":{"type":"string","description_kind":"plain","computed":true}},"description_kind":"plain"}},"github_repository_webhook":{"version":1,"block":{"attributes":{"active":{"type":"bool","description_kind":"plain","optional":true},"etag":{"type":"string","description_kind":"plain","computed":true},"events":{"type":["set","string"],"description_kind":"plain","required":true},"id":{"type":"string","description_kind":"plain","optional":true,"computed":true},"name":{"type":"string","description_kind":"plain","optional":true},"repository":{"type":"string","description_kind":"plain","required":true},"url":{"type":"string","description_kind":"plain","computed":true}},"block_types":{"configuration":{"nesting_mode":"list","block":{"attributes":{"content_type":{"type":"string","description_kind":"plain","optional":true},"insecure_ssl":{"type":"bool","description_kind":"plain","optional":true},"secret":{"type":"string","description_kind":"plain","optional":true,"sensitive":true},"url":{"type":"string","description_kind":"plain","required":true,"sensitive":true}},"description_kind":"plain"},"max_items":1}},"description_kind":"plain"}},"github_team":{"version":0,"block":{"attributes":{"description":{"type":"string","description_kind":"plain","optional":true},"etag":{"type":"string","description_kind":"plain","computed":true},"id":{"type":"string","description_kind":"plain","optional":true,"computed":true},"ldap_dn":{"type":"string","description_kind":"plain","optional":true},"name":{"type":"string","description_kind":"plain","required":true},"node_id":{"type":"string","description_kind":"plain","computed":true},"parent_team_id":{"type":"number","description_kind":"plain","optional":true},"privacy":{"type":"string","description_kind":"plain","optional":true},"slug":{"type":"string","description_kind":"plain","computed":true}},"description_kind":"plain"}},"github_team_membership":{"version":0,"block":{"attributes":{"etag":{"type":"string","description_kind":"plain","computed":true},"id":{"type":"string","description_kind":"plain","optional":true,"computed":true},"role":{"type":"string","description_kind":"plain","optional":true},"team_id":{"type":"string","description_kind":"plain","required":true},"username":{"type":"string","description_kind":"plain","required":true}},"description_kind":"plain"}},"github_team_repository":{"version":0,"block":{"attributes":{"etag":{"type":"string","description_kind":"plain","computed":true},"id":{"type":"string","description_kind":"plain","optional":true,"computed":true},"permission":{"type":"string","description_kind":"plain","optional":true},"repository":{"type":"string","description_kind":"plain","required":true},"team_id":{"type":"string","description_kind":"plain","required":true}},"description_kind":"plain"}},"github_team_sync_group_mapping":{"version":0,"block":{"attributes":{"etag":{"type":"string","description_kind":"plain","computed":true},"id":{"type":"string","description_kind":"plain","optional":true,"computed":true},"team_slug":{"type":"string","description_kind":"plain","required":true}},"block_types":{"group":{"nesting_mode":"set","block":{"attributes":{"group_description":{"type":"string","description_kind":"plain","required":true},"group_id":{"type":"string","description_kind":"plain","required":true},"group_name":{"type":"string","description_kind":"plain","required":true}},"description_kind":"plain"}}},"description_kind":"plain"}},"github_user_gpg_key":{"version":0,"block":{"attributes":{"armored_public_key":{"type":"string","description_kind":"plain","required":true},"etag":{"type":"string","description_kind":"plain","computed":true},"id":{"type":"string","description_kind":"plain","optional":true,"computed":true},"key_id":{"type":"string","description_kind":"plain","computed":true}},"description_kind":"plain"}},"github_user_invitation_accepter":{"version":0,"block":{"attributes":{"id":{"type":"string","description_kind":"plain","optional":true,"computed":true},"invitation_id":{"type":"string","description_kind":"plain","required":true}},"description_kind":"plain"}},"github_user_ssh_key":{"version":0,"block":{"attributes":{"etag":{"type":"string","description_kind":"plain","computed":true},"id":{"type":"string","description_kind":"plain","optional":true,"computed":true},"key":{"type":"string","description_kind":"plain","required":true},"title":{"type":"string","description_kind":"plain","required":true},"url":{"type":"string","description_kind":"plain","computed":true}},"description_kind":"plain"}}},"data_source_schemas":{"github_actions_public_key":{"version":0,"block":{"attributes":{"id":{"type":"string","description_kind":"plain","optional":true,"computed":true},"key":{"type":"string","description_kind":"plain","computed":true},"key_id":{"type":"string","description_kind":"plain","computed":true},"repository":{"type":"string","description_kind":"plain","required":true}},"description_kind":"plain"}},"github_branch":{"version":0,"block":{"attributes":{"branch":{"type":"string","description_kind":"plain","required":true},"etag":{"type":"string","description_kind":"plain","computed":true},"id":{"type":"string","description_kind":"plain","optional":true,"computed":true},"ref":{"type":"string","description_kind":"plain","computed":true},"repository":{"type":"string","description_kind":"plain","required":true},"sha":{"type":"string","description_kind":"plain","computed":true}},"description_kind":"plain"}},"github_collaborators":{"version":0,"block":{"attributes":{"affiliation":{"type":"string","description_kind":"plain","optional":true},"collaborator":{"type":["list",["object",{"events_url":"string","followers_url":"string","following_url":"string","gists_url":"string","html_url":"string","id":"number","login":"string","organizations_url":"string","permission":"string","received_events_url":"string","repos_url":"string","site_admin":"bool","starred_url":"string","subscriptions_url":"string","type":"string","url":"string"}]],"description_kind":"plain","computed":true},"id":{"type":"string","description_kind":"plain","optional":true,"computed":true},"owner":{"type":"string","description_kind":"plain","required":true},"repository":{"type":"string","description_kind":"plain","required":true}},"description_kind":"plain"}},"github_ip_ranges":{"version":0,"block":{"attributes":{"git":{"type":["list","string"],"description_kind":"plain","computed":true},"hooks":{"type":["list","string"],"description_kind":"plain","computed":true},"id":{"type":"string","description_kind":"plain","optional":true,"computed":true},"importer":{"type":["list","string"],"description_kind":"plain","computed":true},"pages":{"type":["list","string"],"description_kind":"plain","computed":true}},"description_kind":"plain"}},"github_membership":{"version":0,"block":{"attributes":{"etag":{"type":"string","description_kind":"plain","computed":true},"id":{"type":"string","description_kind":"plain","optional":true,"computed":true},"organization":{"type":"string","description_kind":"plain","optional":true},"role":{"type":"string","description_kind":"plain","computed":true},"username":{"type":"string","description_kind":"plain","required":true}},"description_kind":"plain"}},"github_organization":{"version":0,"block":{"attributes":{"description":{"type":"string","description_kind":"plain","computed":true},"id":{"type":"string","description_kind":"plain","optional":true,"computed":true},"login":{"type":"string","description_kind":"plain","computed":true},"name":{"type":"string","description_kind":"plain","required":true},"node_id":{"type":"string","description_kind":"plain","computed":true},"plan":{"type":"string","description_kind":"plain","computed":true}},"description_kind":"plain"}},"github_organization_team_sync_groups":{"version":0,"block":{"attributes":{"groups":{"type":["list",["object",{"group_description":"string","group_id":"string","group_name":"string"}]],"description_kind":"plain","computed":true},"id":{"type":"string","description_kind":"plain","optional":true,"computed":true}},"description_kind":"plain"}},"github_release":{"version":0,"block":{"attributes":{"asserts_url":{"type":"string","description_kind":"plain","computed":true},"body":{"type":"string","description_kind":"plain","computed":true},"created_at":{"type":"string","description_kind":"plain","computed":true},"draft":{"type":"bool","description_kind":"plain","computed":true},"html_url":{"type":"string","description_kind":"plain","computed":true},"id":{"type":"string","description_kind":"plain","optional":true,"computed":true},"name":{"type":"string","description_kind":"plain","computed":true},"owner":{"type":"string","description_kind":"plain","required":true},"prerelease":{"type":"bool","description_kind":"plain","computed":true},"published_at":{"type":"string","description_kind":"plain","computed":true},"release_id":{"type":"number","description_kind":"plain","optional":true},"release_tag":{"type":"string","description_kind":"plain","optional":true},"repository":{"type":"string","description_kind":"plain","required":true},"retrieve_by":{"type":"string","description_kind":"plain","required":true},"tarball_url":{"type":"string","description_kind":"plain","computed":true},"target_commitish":{"type":"string","description_kind":"plain","computed":true},"upload_url":{"type":"string","description_kind":"plain","computed":true},"url":{"type":"string","description_kind":"plain","computed":true},"zipball_url":{"type":"string","description_kind":"plain","computed":true}},"description_kind":"plain"}},"github_repositories":{"version":0,"block":{"attributes":{"full_names":{"type":["list","string"],"description_kind":"plain","computed":true},"id":{"type":"string","description_kind":"plain","optional":true,"computed":true},"names":{"type":["list","string"],"description_kind":"plain","computed":true},"query":{"type":"string","description_kind":"plain","required":true},"sort":{"type":"string","description_kind":"plain","optional":true}},"description_kind":"plain"}},"github_repository":{"version":0,"block":{"attributes":{"allow_merge_commit":{"type":"bool","description_kind":"plain","computed":true},"allow_rebase_merge":{"type":"bool","description_kind":"plain","computed":true},"allow_squash_merge":{"type":"bool","description_kind":"plain","computed":true},"archived":{"type":"bool","description_kind":"plain","computed":true},"default_branch":{"type":"string","description_kind":"plain","computed":true},"description":{"type":"string","description_kind":"plain","computed":true},"full_name":{"type":"string","description_kind":"plain","optional":true},"git_clone_url":{"type":"string","description_kind":"plain","computed":true},"has_downloads":{"type":"bool","description_kind":"plain","computed":true},"has_issues":{"type":"bool","description_kind":"plain","computed":true},"has_projects":{"type":"bool","description_kind":"plain","computed":true},"has_wiki":{"type":"bool","description_kind":"plain","computed":true},"homepage_url":{"type":"string","description_kind":"plain","computed":true},"html_url":{"type":"string","description_kind":"plain","computed":true},"http_clone_url":{"type":"string","description_kind":"plain","computed":true},"id":{"type":"string","description_kind":"plain","optional":true,"computed":true},"name":{"type":"string","description_kind":"plain","optional":true},"node_id":{"type":"string","description_kind":"plain","computed":true},"pages":{"type":["list",["object",{"cname":"string","custom_404":"bool","html_url":"string","source":["list",["object",{"branch":"string","path":"string"}]],"status":"string","url":"string"}]],"description_kind":"plain","computed":true},"private":{"type":"bool","description_kind":"plain","computed":true},"repo_id":{"type":"number","description_kind":"plain","computed":true},"ssh_clone_url":{"type":"string","description_kind":"plain","computed":true},"svn_url":{"type":"string","description_kind":"plain","computed":true},"topics":{"type":["list","string"],"description_kind":"plain","computed":true},"visibility":{"type":"string","description_kind":"plain","computed":true}},"description_kind":"plain"}},"github_repository_milestone":{"version":0,"block":{"attributes":{"description":{"type":"string","description_kind":"plain","computed":true},"due_date":{"type":"string","description_kind":"plain","computed":true},"id":{"type":"string","description_kind":"plain","optional":true,"computed":true},"number":{"type":"number","description_kind":"plain","required":true},"owner":{"type":"string","description_kind":"plain","required":true},"repository":{"type":"string","description_kind":"plain","required":true},"state":{"type":"string","description_kind":"plain","computed":true},"title":{"type":"string","description_kind":"plain","computed":true}},"description_kind":"plain"}},"github_team":{"version":0,"block":{"attributes":{"description":{"type":"string","description_kind":"plain","computed":true},"id":{"type":"string","description_kind":"plain","optional":true,"computed":true},"members":{"type":["list","string"],"description_kind":"plain","computed":true},"name":{"type":"string","description_kind":"plain","computed":true},"node_id":{"type":"string","description_kind":"plain","computed":true},"permission":{"type":"string","description_kind":"plain","computed":true},"privacy":{"type":"string","description_kind":"plain","computed":true},"slug":{"type":"string","description_kind":"plain","required":true}},"description_kind":"plain"}},"github_user":{"version":0,"block":{"attributes":{"avatar_url":{"type":"string","description_kind":"plain","computed":true},"bio":{"type":"string","description_kind":"plain","computed":true},"blog":{"type":"string","description_kind":"plain","computed":true},"company":{"type":"string","description_kind":"plain","computed":true},"created_at":{"type":"string","description_kind":"plain","computed":true},"email":{"type":"string","description_kind":"plain","computed":true},"followers":{"type":"number","description_kind":"plain","computed":true},"following":{"type":"number","description_kind":"plain","computed":true},"gpg_keys":{"type":["list","string"],"description_kind":"plain","computed":true},"gravatar_id":{"type":"string","description_kind":"plain","computed":true},"id":{"type":"string","description_kind":"plain","optional":true,"computed":true},"location":{"type":"string","description_kind":"plain","computed":true},"login":{"type":"string","description_kind":"plain","computed":true},"name":{"type":"string","description_kind":"plain","computed":true},"node_id":{"type":"string","description_kind":"plain","computed":true},"public_gists":{"type":"number","description_kind":"plain","computed":true},"public_repos":{"type":"number","description_kind":"plain","computed":true},"site_admin":{"type":"bool","description_kind":"plain","computed":true},"ssh_keys":{"type":["list","string"],"description_kind":"plain","computed":true},"updated_at":{"type":"string","description_kind":"plain","computed":true},"username":{"type":"string","description_kind":"plain","required":true}},"description_kind":"plain"}}}}}}
