{"format_version":"0.2","provider_schemas":{"registry.terraform.io/tenstad/artifactory":{"provider":{"version":0,"block":{"attributes":{"access_token":{"type":"string","description_kind":"plain","optional":true,"sensitive":true},"api_key":{"type":"string","description_kind":"plain","optional":true,"sensitive":true},"password":{"type":"string","description_kind":"plain","optional":true,"sensitive":true},"url":{"type":"string","description_kind":"plain","optional":true},"username":{"type":"string","description_kind":"plain","optional":true}},"description_kind":"plain"}},"resource_schemas":{"artifactory_access_token":{"version":0,"block":{"attributes":{"access_token":{"type":"string","description_kind":"plain","computed":true,"sensitive":true},"audience":{"type":"string","description_kind":"plain","optional":true},"end_date":{"type":"string","description_kind":"plain","optional":true,"computed":true},"end_date_relative":{"type":"string","description_kind":"plain","optional":true},"groups":{"type":["list","string"],"description_kind":"plain","optional":true},"id":{"type":"string","description_kind":"plain","optional":true,"computed":true},"refresh_token":{"type":"string","description_kind":"plain","computed":true,"sensitive":true},"refreshable":{"type":"bool","description_kind":"plain","optional":true},"username":{"type":"string","description_kind":"plain","required":true}},"block_types":{"admin_token":{"nesting_mode":"set","block":{"attributes":{"instance_id":{"type":"string","description_kind":"plain","required":true}},"description_kind":"plain"},"max_items":1}},"description_kind":"plain"}},"artifactory_api_key":{"version":0,"block":{"attributes":{"api_key":{"type":"string","description_kind":"plain","computed":true,"sensitive":true},"id":{"type":"string","description_kind":"plain","optional":true,"computed":true}},"description_kind":"plain"}},"artifactory_certificate":{"version":0,"block":{"attributes":{"alias":{"type":"string","description_kind":"plain","required":true},"content":{"type":"string","description_kind":"plain","required":true,"sensitive":true},"fingerprint":{"type":"string","description_kind":"plain","computed":true},"id":{"type":"string","description_kind":"plain","optional":true,"computed":true},"issued_by":{"type":"string","description_kind":"plain","computed":true},"issued_on":{"type":"string","description_kind":"plain","computed":true},"issued_to":{"type":"string","description_kind":"plain","computed":true},"valid_until":{"type":"string","description_kind":"plain","computed":true}},"description_kind":"plain"}},"artifactory_group":{"version":0,"block":{"attributes":{"admin_privileges":{"type":"bool","description_kind":"plain","optional":true,"computed":true},"auto_join":{"type":"bool","description_kind":"plain","optional":true,"computed":true},"description":{"type":"string","description_kind":"plain","optional":true},"id":{"type":"string","description_kind":"plain","optional":true,"computed":true},"name":{"type":"string","description_kind":"plain","required":true},"realm":{"type":"string","description_kind":"plain","optional":true,"computed":true},"realm_attributes":{"type":"string","description_kind":"plain","optional":true}},"description_kind":"plain"}},"artifactory_local_repository":{"version":0,"block":{"attributes":{"archive_browsing_enabled":{"type":"bool","description_kind":"plain","optional":true},"blacked_out":{"type":"bool","description_kind":"plain","optional":true,"computed":true},"block_pushing_schema1":{"type":"bool","description_kind":"plain","optional":true,"computed":true},"calculate_yum_metadata":{"type":"bool","description_kind":"plain","optional":true},"checksum_policy_type":{"type":"string","description_kind":"plain","optional":true,"computed":true},"debian_trivial_layout":{"type":"bool","description_kind":"plain","optional":true},"description":{"type":"string","description_kind":"plain","optional":true},"docker_api_version":{"type":"string","description_kind":"plain","optional":true,"computed":true},"enable_file_lists_indexing":{"type":"bool","description_kind":"plain","optional":true,"computed":true},"excludes_pattern":{"type":"string","description_kind":"plain","optional":true,"computed":true},"force_nuget_authentication":{"type":"bool","description_kind":"plain","optional":true,"computed":true},"handle_releases":{"type":"bool","description_kind":"plain","optional":true,"computed":true},"handle_snapshots":{"type":"bool","description_kind":"plain","optional":true,"computed":true},"id":{"type":"string","description_kind":"plain","optional":true,"computed":true},"includes_pattern":{"type":"string","description_kind":"plain","optional":true,"computed":true},"key":{"type":"string","description_kind":"plain","required":true},"max_unique_snapshots":{"type":"number","description_kind":"plain","optional":true,"computed":true},"max_unique_tags":{"type":"number","description_kind":"plain","optional":true,"computed":true},"notes":{"type":"string","description_kind":"plain","optional":true},"package_type":{"type":"string","description_kind":"plain","optional":true,"computed":true},"priority_resolution":{"type":"bool","description_kind":"plain","optional":true,"computed":true},"property_sets":{"type":["set","string"],"description_kind":"plain","optional":true},"repo_layout_ref":{"type":"string","description_kind":"plain","optional":true,"computed":true},"snapshot_version_behavior":{"type":"string","description_kind":"plain","optional":true,"computed":true},"suppress_pom_consistency_checks":{"type":"bool","description_kind":"plain","optional":true,"computed":true},"xray_index":{"type":"bool","description_kind":"plain","optional":true,"computed":true},"yum_root_depth":{"type":"number","description_kind":"plain","optional":true}},"description_kind":"plain"}},"artifactory_permission_target":{"version":0,"block":{"attributes":{"excludes_pattern":{"type":"string","description_kind":"plain","optional":true},"id":{"type":"string","description_kind":"plain","optional":true,"computed":true},"includes_pattern":{"type":"string","description_kind":"plain","optional":true},"name":{"type":"string","description_kind":"plain","required":true},"repositories":{"type":["set","string"],"description_kind":"plain","optional":true}},"block_types":{"build":{"nesting_mode":"list","block":{"attributes":{"excludes_pattern":{"type":["set","string"],"description_kind":"plain","optional":true},"includes_pattern":{"type":["set","string"],"description_kind":"plain","optional":true},"repositories":{"type":["set","string"],"description_kind":"plain","required":true}},"block_types":{"actions":{"nesting_mode":"list","block":{"block_types":{"groups":{"nesting_mode":"set","block":{"attributes":{"name":{"type":"string","description_kind":"plain","required":true},"permissions":{"type":["set","string"],"description_kind":"plain","required":true}},"description_kind":"plain"}},"users":{"nesting_mode":"set","block":{"attributes":{"name":{"type":"string","description_kind":"plain","required":true},"permissions":{"type":["set","string"],"description_kind":"plain","required":true}},"description_kind":"plain"}}},"description_kind":"plain"},"max_items":1}},"description_kind":"plain"},"max_items":1},"groups":{"nesting_mode":"set","block":{"attributes":{"name":{"type":"string","description_kind":"plain","required":true},"permissions":{"type":["set","string"],"description_kind":"plain","required":true}},"description_kind":"plain"}},"repo":{"nesting_mode":"list","block":{"attributes":{"excludes_pattern":{"type":["set","string"],"description_kind":"plain","optional":true},"includes_pattern":{"type":["set","string"],"description_kind":"plain","optional":true},"repositories":{"type":["set","string"],"description_kind":"plain","required":true}},"block_types":{"actions":{"nesting_mode":"list","block":{"block_types":{"groups":{"nesting_mode":"set","block":{"attributes":{"name":{"type":"string","description_kind":"plain","required":true},"permissions":{"type":["set","string"],"description_kind":"plain","required":true}},"description_kind":"plain"}},"users":{"nesting_mode":"set","block":{"attributes":{"name":{"type":"string","description_kind":"plain","required":true},"permissions":{"type":["set","string"],"description_kind":"plain","required":true}},"description_kind":"plain"}}},"description_kind":"plain"},"max_items":1}},"description_kind":"plain"},"max_items":1},"users":{"nesting_mode":"set","block":{"attributes":{"name":{"type":"string","description_kind":"plain","required":true},"permissions":{"type":["set","string"],"description_kind":"plain","required":true}},"description_kind":"plain"}}},"description_kind":"plain"}},"artifactory_permission_targets":{"version":0,"block":{"attributes":{"excludes_pattern":{"type":"string","description_kind":"plain","optional":true},"id":{"type":"string","description_kind":"plain","optional":true,"computed":true},"includes_pattern":{"type":"string","description_kind":"plain","optional":true},"name":{"type":"string","description_kind":"plain","required":true},"repositories":{"type":["set","string"],"description_kind":"plain","optional":true}},"block_types":{"build":{"nesting_mode":"list","block":{"attributes":{"excludes_pattern":{"type":["set","string"],"description_kind":"plain","optional":true},"includes_pattern":{"type":["set","string"],"description_kind":"plain","optional":true},"repositories":{"type":["set","string"],"description_kind":"plain","required":true}},"block_types":{"actions":{"nesting_mode":"list","block":{"block_types":{"groups":{"nesting_mode":"set","block":{"attributes":{"name":{"type":"string","description_kind":"plain","required":true},"permissions":{"type":["set","string"],"description_kind":"plain","required":true}},"description_kind":"plain"}},"users":{"nesting_mode":"set","block":{"attributes":{"name":{"type":"string","description_kind":"plain","required":true},"permissions":{"type":["set","string"],"description_kind":"plain","required":true}},"description_kind":"plain"}}},"description_kind":"plain"},"max_items":1}},"description_kind":"plain"},"max_items":1},"groups":{"nesting_mode":"set","block":{"attributes":{"name":{"type":"string","description_kind":"plain","required":true},"permissions":{"type":["set","string"],"description_kind":"plain","required":true}},"description_kind":"plain"}},"repo":{"nesting_mode":"list","block":{"attributes":{"excludes_pattern":{"type":["set","string"],"description_kind":"plain","optional":true},"includes_pattern":{"type":["set","string"],"description_kind":"plain","optional":true},"repositories":{"type":["set","string"],"description_kind":"plain","required":true}},"block_types":{"actions":{"nesting_mode":"list","block":{"block_types":{"groups":{"nesting_mode":"set","block":{"attributes":{"name":{"type":"string","description_kind":"plain","required":true},"permissions":{"type":["set","string"],"description_kind":"plain","required":true}},"description_kind":"plain"}},"users":{"nesting_mode":"set","block":{"attributes":{"name":{"type":"string","description_kind":"plain","required":true},"permissions":{"type":["set","string"],"description_kind":"plain","required":true}},"description_kind":"plain"}}},"description_kind":"plain"},"max_items":1}},"description_kind":"plain"},"max_items":1},"users":{"nesting_mode":"set","block":{"attributes":{"name":{"type":"string","description_kind":"plain","required":true},"permissions":{"type":["set","string"],"description_kind":"plain","required":true}},"description_kind":"plain"}}},"description_kind":"plain"}},"artifactory_remote_repository":{"version":0,"block":{"attributes":{"allow_any_host_auth":{"type":"bool","description_kind":"plain","optional":true,"computed":true},"blacked_out":{"type":"bool","description_kind":"plain","optional":true,"computed":true},"block_mismatching_mime_types":{"type":"bool","description_kind":"plain","optional":true,"computed":true},"block_pushing_schema1":{"type":"bool","description_kind":"plain","optional":true,"computed":true},"bower_registry_url":{"type":"string","description_kind":"plain","optional":true,"computed":true},"bypass_head_requests":{"type":"bool","description_kind":"plain","optional":true,"computed":true},"client_tls_certificate":{"type":"string","description_kind":"plain","optional":true,"computed":true},"description":{"type":"string","description_kind":"plain","optional":true},"download_context_path":{"type":"string","description_kind":"plain","optional":true},"enable_cookie_management":{"type":"bool","description_kind":"plain","optional":true,"computed":true},"enable_token_authentication":{"type":"bool","description_kind":"plain","optional":true,"computed":true},"excludes_pattern":{"type":"string","description_kind":"plain","optional":true,"computed":true},"external_dependencies_enabled":{"type":"bool","description_kind":"plain","optional":true,"computed":true},"external_dependencies_patterns":{"type":["list","string"],"description_kind":"plain","optional":true,"computed":true},"feed_context_path":{"type":"string","description_kind":"plain","optional":true},"fetch_jars_eagerly":{"type":"bool","description_kind":"plain","optional":true,"computed":true},"fetch_sources_eagerly":{"type":"bool","description_kind":"plain","optional":true,"computed":true},"force_nuget_authentication":{"type":"bool","description_kind":"plain","optional":true,"computed":true},"handle_releases":{"type":"bool","description_kind":"plain","optional":true,"computed":true},"handle_snapshots":{"type":"bool","description_kind":"plain","optional":true,"computed":true},"hard_fail":{"type":"bool","description_kind":"plain","optional":true,"computed":true},"id":{"type":"string","description_kind":"plain","optional":true,"computed":true},"includes_pattern":{"type":"string","description_kind":"plain","optional":true,"computed":true},"key":{"type":"string","description_kind":"plain","required":true},"local_address":{"type":"string","description_kind":"plain","optional":true},"max_unique_snapshots":{"type":"number","description_kind":"plain","optional":true,"computed":true},"missed_cache_period_seconds":{"type":"number","description_kind":"plain","optional":true,"computed":true},"notes":{"type":"string","description_kind":"plain","optional":true},"offline":{"type":"bool","description_kind":"plain","optional":true,"computed":true},"package_type":{"type":"string","description_kind":"plain","optional":true},"password":{"type":"string","description_kind":"plain","optional":true,"sensitive":true},"priority_resolution":{"type":"bool","description_kind":"plain","optional":true,"computed":true},"property_sets":{"type":["set","string"],"description_kind":"plain","optional":true},"proxy":{"type":"string","description_kind":"plain","optional":true,"computed":true},"pypi_registry_url":{"type":"string","description_kind":"plain","optional":true,"computed":true},"remote_repo_checksum_policy_type":{"type":"string","description_kind":"plain","optional":true,"computed":true},"repo_layout_ref":{"type":"string","description_kind":"plain","optional":true,"computed":true},"retrieval_cache_period_seconds":{"type":"number","description_kind":"plain","optional":true,"computed":true},"share_configuration":{"type":"bool","description_kind":"plain","optional":true,"computed":true},"socket_timeout_millis":{"type":"number","description_kind":"plain","optional":true,"computed":true},"store_artifacts_locally":{"type":"bool","description_kind":"plain","optional":true,"computed":true},"suppress_pom_consistency_checks":{"type":"bool","description_kind":"plain","optional":true,"computed":true},"synchronize_properties":{"type":"bool","description_kind":"plain","optional":true,"computed":true},"unused_artifacts_cleanup_period_hours":{"type":"number","description_kind":"plain","optional":true,"computed":true},"url":{"type":"string","description_kind":"plain","required":true},"username":{"type":"string","description_kind":"plain","optional":true},"v3_feed_url":{"type":"string","description_kind":"plain","optional":true},"vcs_git_download_url":{"type":"string","description_kind":"plain","optional":true,"computed":true},"vcs_git_provider":{"type":"string","description_kind":"plain","optional":true,"computed":true},"vcs_type":{"type":"string","description_kind":"plain","optional":true,"computed":true},"xray_index":{"type":"bool","description_kind":"plain","optional":true,"computed":true}},"block_types":{"content_synchronisation":{"nesting_mode":"list","block":{"attributes":{"enabled":{"type":"bool","description_kind":"plain","optional":true}},"description_kind":"plain"},"max_items":1},"nuget":{"nesting_mode":"list","block":{"attributes":{"download_context_path":{"type":"string","description_kind":"plain","optional":true},"feed_context_path":{"type":"string","description_kind":"plain","optional":true},"v3_feed_url":{"type":"string","description_kind":"plain","optional":true}},"description_kind":"plain"},"max_items":1}},"description_kind":"plain"}},"artifactory_replication_config":{"version":0,"block":{"attributes":{"cron_exp":{"type":"string","description_kind":"plain","required":true},"enable_event_replication":{"type":"bool","description_kind":"plain","optional":true,"computed":true},"id":{"type":"string","description_kind":"plain","optional":true,"computed":true},"repo_key":{"type":"string","description_kind":"plain","required":true}},"block_types":{"replications":{"nesting_mode":"list","block":{"attributes":{"enabled":{"type":"bool","description_kind":"plain","optional":true,"computed":true},"password":{"type":"string","description_kind":"plain","optional":true,"sensitive":true},"path_prefix":{"type":"string","description_kind":"plain","optional":true},"socket_timeout_millis":{"type":"number","description_kind":"plain","optional":true,"computed":true},"sync_deletes":{"type":"bool","description_kind":"plain","optional":true,"computed":true},"sync_properties":{"type":"bool","description_kind":"plain","optional":true,"computed":true},"sync_statistics":{"type":"bool","description_kind":"plain","optional":true,"computed":true},"url":{"type":"string","description_kind":"plain","required":true},"username":{"type":"string","description_kind":"plain","optional":true}},"description_kind":"plain"}}},"description_kind":"plain"}},"artifactory_single_replication_config":{"version":0,"block":{"attributes":{"cron_exp":{"type":"string","description_kind":"plain","required":true},"enable_event_replication":{"type":"bool","description_kind":"plain","optional":true,"computed":true},"enabled":{"type":"bool","description_kind":"plain","optional":true,"computed":true},"id":{"type":"string","description_kind":"plain","optional":true,"computed":true},"password":{"type":"string","description_kind":"plain","optional":true,"sensitive":true},"path_prefix":{"type":"string","description_kind":"plain","optional":true},"repo_key":{"type":"string","description_kind":"plain","required":true},"socket_timeout_millis":{"type":"number","description_kind":"plain","optional":true,"computed":true},"sync_deletes":{"type":"bool","description_kind":"plain","optional":true,"computed":true},"sync_properties":{"type":"bool","description_kind":"plain","optional":true,"computed":true},"sync_statistics":{"type":"bool","description_kind":"plain","optional":true,"computed":true},"url":{"type":"string","description_kind":"plain","optional":true},"username":{"type":"string","description_kind":"plain","optional":true}},"description_kind":"plain"}},"artifactory_user":{"version":0,"block":{"attributes":{"admin":{"type":"bool","description_kind":"plain","optional":true,"computed":true},"disable_ui_access":{"type":"bool","description_kind":"plain","optional":true,"computed":true},"email":{"type":"string","description_kind":"plain","required":true},"groups":{"type":["set","string"],"description_kind":"plain","optional":true},"id":{"type":"string","description_kind":"plain","optional":true,"computed":true},"internal_password_disabled":{"type":"bool","description_kind":"plain","optional":true,"computed":true},"name":{"type":"string","description_kind":"plain","required":true},"password":{"type":"string","description_kind":"plain","optional":true,"sensitive":true},"profile_updatable":{"type":"bool","description_kind":"plain","optional":true,"computed":true}},"description_kind":"plain"}},"artifactory_virtual_repository":{"version":0,"block":{"attributes":{"artifactory_requests_can_retrieve_remote_artifacts":{"type":"bool","description_kind":"plain","optional":true},"debian_trivial_layout":{"type":"bool","description_kind":"plain","optional":true},"default_deployment_repo":{"type":"string","description_kind":"plain","optional":true},"description":{"type":"string","description_kind":"plain","optional":true},"excludes_pattern":{"type":"string","description_kind":"plain","optional":true},"force_nuget_authentication":{"type":"bool","description_kind":"plain","optional":true,"computed":true},"id":{"type":"string","description_kind":"plain","optional":true,"computed":true},"includes_pattern":{"type":"string","description_kind":"plain","optional":true},"key":{"type":"string","description_kind":"plain","required":true},"key_pair":{"type":"string","description_kind":"plain","optional":true},"notes":{"type":"string","description_kind":"plain","optional":true},"package_type":{"type":"string","description_kind":"plain","required":true},"pom_repository_references_cleanup_policy":{"type":"string","description_kind":"plain","optional":true,"computed":true},"repo_layout_ref":{"type":"string","description_kind":"plain","optional":true,"computed":true},"repositories":{"type":["list","string"],"description_kind":"plain","required":true}},"description_kind":"plain"}},"artifactory_xray_policy":{"version":0,"block":{"attributes":{"author":{"type":"string","description_kind":"plain","computed":true},"created":{"type":"string","description_kind":"plain","computed":true},"description":{"type":"string","description_kind":"plain","optional":true},"id":{"type":"string","description_kind":"plain","optional":true,"computed":true},"modified":{"type":"string","description_kind":"plain","computed":true},"name":{"type":"string","description_kind":"plain","required":true},"type":{"type":"string","description_kind":"plain","required":true}},"block_types":{"rules":{"nesting_mode":"list","block":{"attributes":{"name":{"type":"string","description_kind":"plain","required":true},"priority":{"type":"number","description_kind":"plain","required":true}},"block_types":{"actions":{"nesting_mode":"list","block":{"attributes":{"custom_severity":{"type":"string","description_kind":"plain","optional":true},"fail_build":{"type":"bool","description_kind":"plain","optional":true},"mails":{"type":["list","string"],"description_kind":"plain","optional":true},"webhooks":{"type":["list","string"],"description_kind":"plain","optional":true}},"block_types":{"block_download":{"nesting_mode":"list","block":{"attributes":{"active":{"type":"bool","description_kind":"plain","required":true},"unscanned":{"type":"bool","description_kind":"plain","required":true}},"description_kind":"plain"},"min_items":1,"max_items":1}},"description_kind":"plain"},"max_items":1},"criteria":{"nesting_mode":"list","block":{"attributes":{"allow_unknown":{"type":"bool","description_kind":"plain","optional":true},"allowed_licenses":{"type":["list","string"],"description_kind":"plain","optional":true},"banned_licenses":{"type":["list","string"],"description_kind":"plain","optional":true},"min_severity":{"type":"string","description_kind":"plain","optional":true}},"block_types":{"cvss_range":{"nesting_mode":"list","block":{"attributes":{"from":{"type":"number","description_kind":"plain","required":true},"to":{"type":"number","description_kind":"plain","required":true}},"description_kind":"plain"},"max_items":1}},"description_kind":"plain"},"min_items":1,"max_items":1}},"description_kind":"plain"},"min_items":1}},"description_kind":"plain"}},"artifactory_xray_watch":{"version":0,"block":{"attributes":{"active":{"type":"bool","description_kind":"plain","optional":true},"description":{"type":"string","description_kind":"plain","optional":true},"id":{"type":"string","description_kind":"plain","optional":true,"computed":true},"name":{"type":"string","description_kind":"plain","required":true},"watch_recipients":{"type":["list","string"],"description_kind":"plain","optional":true}},"block_types":{"assigned_policies":{"nesting_mode":"list","block":{"attributes":{"name":{"type":"string","description_kind":"plain","required":true},"type":{"type":"string","description_kind":"plain","required":true}},"description_kind":"plain"},"min_items":1},"resources":{"nesting_mode":"list","block":{"attributes":{"bin_mgr_id":{"type":"string","description_kind":"plain","optional":true},"name":{"type":"string","description_kind":"plain","required":true},"type":{"type":"string","description_kind":"plain","required":true}},"block_types":{"filters":{"nesting_mode":"list","block":{"attributes":{"type":{"type":"string","description_kind":"plain","required":true},"value":{"type":"string","description_kind":"plain","required":true}},"description_kind":"plain"}}},"description_kind":"plain"},"min_items":1}},"description_kind":"plain"}}},"data_source_schemas":{"artifactory_file":{"version":0,"block":{"attributes":{"created":{"type":"string","description_kind":"plain","computed":true},"created_by":{"type":"string","description_kind":"plain","computed":true},"download_uri":{"type":"string","description_kind":"plain","computed":true},"force_overwrite":{"type":"bool","description_kind":"plain","optional":true},"id":{"type":"string","description_kind":"plain","optional":true,"computed":true},"last_modified":{"type":"string","description_kind":"plain","computed":true},"last_updated":{"type":"string","description_kind":"plain","computed":true},"md5":{"type":"string","description_kind":"plain","computed":true},"mimetype":{"type":"string","description_kind":"plain","computed":true},"modified_by":{"type":"string","description_kind":"plain","computed":true},"output_path":{"type":"string","description_kind":"plain","required":true},"path":{"type":"string","description_kind":"plain","required":true},"repository":{"type":"string","description_kind":"plain","required":true},"sha1":{"type":"string","description_kind":"plain","computed":true},"sha256":{"type":"string","description_kind":"plain","computed":true},"size":{"type":"number","description_kind":"plain","computed":true}},"description_kind":"plain"}},"artifactory_fileinfo":{"version":0,"block":{"attributes":{"created":{"type":"string","description_kind":"plain","computed":true},"created_by":{"type":"string","description_kind":"plain","computed":true},"download_uri":{"type":"string","description_kind":"plain","computed":true},"id":{"type":"string","description_kind":"plain","optional":true,"computed":true},"last_modified":{"type":"string","description_kind":"plain","computed":true},"last_updated":{"type":"string","description_kind":"plain","computed":true},"md5":{"type":"string","description_kind":"plain","computed":true},"mimetype":{"type":"string","description_kind":"plain","computed":true},"modified_by":{"type":"string","description_kind":"plain","computed":true},"path":{"type":"string","description_kind":"plain","required":true},"repository":{"type":"string","description_kind":"plain","required":true},"sha1":{"type":"string","description_kind":"plain","computed":true},"sha256":{"type":"string","description_kind":"plain","computed":true},"size":{"type":"number","description_kind":"plain","computed":true}},"description_kind":"plain"}}}}}}
