{"format_version":"0.2","provider_schemas":{"registry.terraform.io/tenstad/remote":{"provider":{"version":0,"block":{"attributes":{"max_sessions":{"type":"number","description":"Maximum number of open sessions in each host connection. Defaults to `3`.","description_kind":"markdown","optional":true}},"block_types":{"conn":{"nesting_mode":"list","block":{"attributes":{"host":{"type":"string","description":"The remote host.","description_kind":"markdown","required":true},"password":{"type":"string","description":"The pasword for the user on the remote host.","description_kind":"markdown","optional":true,"sensitive":true},"port":{"type":"number","description":"The ssh port on the remote host. Defaults to `22`.","description_kind":"markdown","optional":true},"private_key":{"type":"string","description":"The private key used to login to the remote host.","description_kind":"markdown","optional":true,"sensitive":true},"private_key_env_var":{"type":"string","description":"The name of the local environment variable containing the private key used to login to the remote host.","description_kind":"markdown","optional":true},"private_key_path":{"type":"string","description":"The local path to the private key used to login to the remote host.","description_kind":"markdown","optional":true},"sudo":{"type":"bool","description":"Use sudo to gain access to file. Defaults to `false`.","description_kind":"markdown","optional":true},"user":{"type":"string","description":"The user on the remote host.","description_kind":"markdown","required":true}},"description":"Default connection to host where files are located. Can be overridden in resources and data sources.","description_kind":"markdown"},"max_items":1}},"description_kind":"plain"}},"resource_schemas":{"remote_file":{"version":0,"block":{"attributes":{"content":{"type":"string","description":"Content of file.","description_kind":"markdown","required":true},"id":{"type":"string","description_kind":"plain","optional":true,"computed":true},"path":{"type":"string","description":"Path to file on remote host.","description_kind":"markdown","required":true},"permissions":{"type":"string","description":"Permissions of file. Defaults to `0644`.","description_kind":"markdown","optional":true},"result_conn":{"type":["list",["object",{"host":"string","password":"string","port":"number","private_key":"string","private_key_env_var":"string","private_key_path":"string","sudo":"bool","user":"string"}]],"description":"Computed conn for handling default functionality.","description_kind":"markdown","computed":true}},"block_types":{"conn":{"nesting_mode":"list","block":{"attributes":{"host":{"type":"string","description":"The remote host.","description_kind":"markdown","required":true},"password":{"type":"string","description":"The pasword for the user on the remote host.","description_kind":"markdown","optional":true,"sensitive":true},"port":{"type":"number","description":"The ssh port on the remote host. Defaults to `22`.","description_kind":"markdown","optional":true},"private_key":{"type":"string","description":"The private key used to login to the remote host.","description_kind":"markdown","optional":true,"sensitive":true},"private_key_env_var":{"type":"string","description":"The name of the local environment variable containing the private key used to login to the remote host.","description_kind":"markdown","optional":true},"private_key_path":{"type":"string","description":"The local path to the private key used to login to the remote host.","description_kind":"markdown","optional":true},"sudo":{"type":"bool","description":"Use sudo to gain access to file. Defaults to `false`.","description_kind":"markdown","optional":true},"user":{"type":"string","description":"The user on the remote host.","description_kind":"markdown","required":true}},"description":"Connection to host where files are located.","description_kind":"markdown"},"max_items":1}},"description":"File on remote host.","description_kind":"markdown"}}},"data_source_schemas":{"remote_file":{"version":0,"block":{"attributes":{"content":{"type":"string","description":"Content of file.","description_kind":"markdown","computed":true},"id":{"type":"string","description_kind":"plain","optional":true,"computed":true},"path":{"type":"string","description":"Path to file on remote host.","description_kind":"markdown","required":true},"result_conn":{"type":["list",["object",{"host":"string","password":"string","port":"number","private_key":"string","private_key_env_var":"string","private_key_path":"string","sudo":"bool","user":"string"}]],"description":"Result of applying provider's `conn` as default to optional `conn`","description_kind":"markdown","computed":true}},"block_types":{"conn":{"nesting_mode":"list","block":{"attributes":{"host":{"type":"string","description":"The remote host.","description_kind":"markdown","required":true},"password":{"type":"string","description":"The pasword for the user on the remote host.","description_kind":"markdown","optional":true,"sensitive":true},"port":{"type":"number","description":"The ssh port on the remote host. Defaults to `22`.","description_kind":"markdown","optional":true},"private_key":{"type":"string","description":"The private key used to login to the remote host.","description_kind":"markdown","optional":true,"sensitive":true},"private_key_env_var":{"type":"string","description":"The name of the local environment variable containing the private key used to login to the remote host.","description_kind":"markdown","optional":true},"private_key_path":{"type":"string","description":"The local path to the private key used to login to the remote host.","description_kind":"markdown","optional":true},"sudo":{"type":"bool","description":"Use sudo to gain access to file. Defaults to `false`.","description_kind":"markdown","optional":true},"user":{"type":"string","description":"The user on the remote host.","description_kind":"markdown","required":true}},"description":"Connection to host where files are located.","description_kind":"markdown"},"max_items":1}},"description":"File on remote host.","description_kind":"markdown"}}}}}}
