{"format_version":"0.2","provider_schemas":{"registry.terraform.io/terdei/juice":{"provider":{"version":0,"block":{"attributes":{"j_auth_url":{"type":"string","description_kind":"plain","optional":true},"j_group":{"type":"string","description_kind":"plain","optional":true},"j_password":{"type":"string","description_kind":"plain","optional":true,"sensitive":true},"j_username":{"type":"string","description_kind":"plain","optional":true}},"description_kind":"plain"}},"resource_schemas":{"juice_project":{"version":0,"block":{"attributes":{"cloud":{"type":"string","description_kind":"plain","optional":true},"description":{"type":"string","description_kind":"plain","optional":true},"domain":{"type":"string","description_kind":"plain","computed":true},"id":{"type":"string","description_kind":"plain","optional":true,"computed":true},"name":{"type":"string","description_kind":"plain","required":true},"uuid":{"type":"string","description_kind":"plain","computed":true}},"description_kind":"plain"}},"juice_quota":{"version":0,"block":{"attributes":{"backup_gigabytes":{"type":"number","description_kind":"plain","optional":true,"computed":true},"backups":{"type":"number","description_kind":"plain","optional":true,"computed":true},"cores":{"type":"number","description_kind":"plain","optional":true,"computed":true},"fixed_ips":{"type":"number","description_kind":"plain","optional":true,"computed":true},"floatingips":{"type":"number","description_kind":"plain","optional":true,"computed":true},"gigabytes":{"type":"number","description_kind":"plain","optional":true,"computed":true},"id":{"type":"string","description_kind":"plain","optional":true,"computed":true},"injected_file_size":{"type":"number","description_kind":"plain","optional":true,"computed":true},"injected_files":{"type":"number","description_kind":"plain","optional":true,"computed":true},"injected_path_size":{"type":"number","description_kind":"plain","optional":true,"computed":true},"instances":{"type":"number","description_kind":"plain","optional":true,"computed":true},"juice_project_id":{"type":"string","description_kind":"plain","required":true},"key_pairs":{"type":"number","description_kind":"plain","optional":true,"computed":true},"networks":{"type":"number","description_kind":"plain","optional":true,"computed":true},"per_volume_gigabytes":{"type":"number","description_kind":"plain","optional":true,"computed":true},"ports":{"type":"number","description_kind":"plain","optional":true,"computed":true},"ram":{"type":"number","description_kind":"plain","optional":true,"computed":true},"routers":{"type":"number","description_kind":"plain","optional":true,"computed":true},"security_group_rules":{"type":"number","description_kind":"plain","optional":true,"computed":true},"security_groups":{"type":"number","description_kind":"plain","optional":true,"computed":true},"server_group_members":{"type":"number","description_kind":"plain","optional":true,"computed":true},"server_groups":{"type":"number","description_kind":"plain","optional":true,"computed":true},"snapshots":{"type":"number","description_kind":"plain","optional":true,"computed":true},"subnets":{"type":"number","description_kind":"plain","optional":true,"computed":true},"volumes":{"type":"number","description_kind":"plain","optional":true,"computed":true}},"description_kind":"plain"}}}}}}
