{"format_version":"0.2","provider_schemas":{"registry.terraform.io/terraform-provider-cloudfoundry-v3/cloudfoundry-v3":{"provider":{"version":0,"block":{"attributes":{"api_url":{"type":"string","description_kind":"plain","optional":true},"app_logs_max":{"type":"number","description":"Number of logs message which can be see when app creation is errored (-1 means all messages stored)","description_kind":"plain","optional":true},"cf_client_id":{"type":"string","description_kind":"plain","optional":true},"cf_client_secret":{"type":"string","description_kind":"plain","optional":true},"default_quota_name":{"type":"string","description":"Name of the default quota","description_kind":"plain","optional":true},"password":{"type":"string","description_kind":"plain","optional":true},"purge_when_delete":{"type":"bool","description":"Set to true to purge when deleting a resource (e.g.: service instance, service broker)","description_kind":"plain","optional":true},"skip_ssl_validation":{"type":"bool","description_kind":"plain","optional":true},"sso_passcode":{"type":"string","description_kind":"plain","optional":true},"store_tokens_path":{"type":"string","description":"Path to a file to store tokens used for login. (this is useful for sso, this avoid requiring each time sso passcode)","description_kind":"plain","optional":true},"uaa_client_id":{"type":"string","description_kind":"plain","optional":true},"uaa_client_secret":{"type":"string","description_kind":"plain","optional":true},"user":{"type":"string","description_kind":"plain","optional":true}},"description_kind":"plain"}},"resource_schemas":{"cloudfoundry_app":{"version":0,"block":{"attributes":{"command":{"type":"string","description":"The command used to start the process; this overrides start commands from Procfiles and buildpacks","description_kind":"plain","optional":true,"sensitive":true},"disk_in_mb":{"type":"number","description":"The disk limit in mb allocated per instance","description_kind":"plain","optional":true},"environment":{"type":["map","string"],"description":"The environment variables associated with the given app. Environment variable names may not start with VCAP_. PORT is not a valid environment variable.","description_kind":"plain","optional":true,"sensitive":true},"health_check_endpoint":{"type":"string","description":"HTTP endpoint called to determine if the app is healthy. (valid only when type is http)","description_kind":"plain","optional":true,"computed":true},"health_check_timeout":{"type":"number","description":"timeout waiting for healthcheck response","description_kind":"plain","optional":true,"computed":true},"health_check_type":{"type":"string","description":"Type of health check to perform; one of: port, process or http","description_kind":"plain","optional":true},"id":{"type":"string","description_kind":"plain","optional":true,"computed":true},"instances":{"type":"number","description":"The number of instances of this application's web process to run","description_kind":"plain","optional":true},"memory_in_mb":{"type":"number","description":"The memory limit in mb for all instances of the web process","description_kind":"plain","optional":true},"name":{"type":"string","description":"Name of the application. Names must be unique within a Space","description_kind":"plain","required":true},"space_id":{"type":"string","description":"The GUID of the parent Space to place this application in","description_kind":"plain","required":true},"strategy":{"type":"string","description":"Strategy used for the deployment","description_kind":"plain","optional":true},"type":{"type":"string","description":"The lifecycle type of the application. There are two types (lifecycles) of cloudfoundry application builds, 'buildpack' and 'docker'.","description_kind":"plain","optional":true}},"description_kind":"plain"}},"cloudfoundry_deployment":{"version":0,"block":{"attributes":{"app_id":{"type":"string","description":"id of the application to perform deployment on","description_kind":"plain","required":true},"droplet_id":{"type":"string","description":"the application's droplet. droplet must be in ready state (successfully staged)","description_kind":"plain","optional":true},"id":{"type":"string","description_kind":"plain","optional":true,"computed":true},"strategy":{"type":"string","description":"deployment method (currently only 'rolling' supported)","description_kind":"plain","required":true}},"description":"deployments associate the desired active droplet to use for a running application and handle managing the changes without interuption","description_kind":"plain"}},"cloudfoundry_droplet":{"version":0,"block":{"attributes":{"app_id":{"type":"string","description":"application GUID to build package/droplet for","description_kind":"plain","required":true},"buildpacks":{"type":["list","string"],"description":"A list of the names of buildpacks, URLs from which they may be downloaded","description_kind":"plain","optional":true},"command":{"type":"string","description":"The command used to start the process, this should be passed from the app resource to trigger rebuild on change","description_kind":"plain","optional":true,"sensitive":true},"docker_image":{"type":"string","description":"The docker image to use. Required if lifecycle type is 'docker'","description_kind":"plain","optional":true},"environment":{"type":["map","string"],"description":"The environment variables associated with the given droplet. Environment variable names may not start with VCAP_. PORT is not a valid environment variable.","description_kind":"plain","optional":true,"sensitive":true},"id":{"type":"string","description_kind":"plain","optional":true,"computed":true},"source_code_hash":{"type":"string","description":"Set this to a sum of the source_code data to trigger deployments on changes","description_kind":"plain","optional":true},"source_code_path":{"type":"string","description":"Path to a zip of the application source code. Required if type is 'buildpack'","description_kind":"plain","optional":true},"stack":{"type":"string","description":"The root filesystem to use with the buildpack, for example cflinuxfs3","description_kind":"plain","optional":true},"type":{"type":"string","description":"The lifecycle type of the source. There are two types (lifecycles) of cloudfoundry application builds, 'buildpack' and 'docker'. For buildpack source types, you must supply `source_code_path` to a zip of application source code. For the 'docker' source type, you must supply the `docker_image`.","description_kind":"plain","optional":true}},"description":"deployments associate the desired active droplet to use for a running application and handle managing the changes without interuption","description_kind":"plain"}},"cloudfoundry_route":{"version":0,"block":{"attributes":{"domain_id":{"type":"string","description_kind":"plain","required":true},"endpoint":{"type":"string","description_kind":"plain","computed":true},"host":{"type":"string","description_kind":"plain","optional":true},"id":{"type":"string","description_kind":"plain","optional":true,"computed":true},"path":{"type":"string","description_kind":"plain","optional":true},"space_id":{"type":"string","description_kind":"plain","required":true}},"description_kind":"plain"}},"cloudfoundry_route_destination":{"version":0,"block":{"attributes":{"app_id":{"type":"string","description_kind":"plain","required":true},"id":{"type":"string","description_kind":"plain","optional":true,"computed":true},"route_id":{"type":"string","description_kind":"plain","required":true}},"description_kind":"plain"}},"cloudfoundry_service_binding":{"version":0,"block":{"attributes":{"app_id":{"type":"string","description_kind":"plain","required":true},"id":{"type":"string","description_kind":"plain","optional":true,"computed":true},"params":{"type":"string","description_kind":"plain","optional":true},"service_instance_id":{"type":"string","description_kind":"plain","required":true}},"description_kind":"plain"}},"cloudfoundry_service_instance":{"version":0,"block":{"attributes":{"id":{"type":"string","description_kind":"plain","optional":true,"computed":true},"name":{"type":"string","description_kind":"plain","required":true},"params":{"type":"string","description_kind":"plain","optional":true},"service_plan_id":{"type":"string","description_kind":"plain","required":true},"space_id":{"type":"string","description_kind":"plain","required":true},"tags":{"type":["list","string"],"description_kind":"plain","optional":true}},"block_types":{"timeouts":{"nesting_mode":"single","block":{"attributes":{"create":{"type":"string","description_kind":"plain","optional":true},"delete":{"type":"string","description_kind":"plain","optional":true},"update":{"type":"string","description_kind":"plain","optional":true}},"description_kind":"plain"}}},"description_kind":"plain"}}},"data_source_schemas":{"cloudfoundry_domain":{"version":0,"block":{"attributes":{"domain":{"type":"string","description_kind":"plain","optional":true,"computed":true},"id":{"type":"string","description_kind":"plain","optional":true,"computed":true},"internal":{"type":"bool","description_kind":"plain","computed":true},"name":{"type":"string","description_kind":"plain","optional":true,"computed":true},"org":{"type":"string","description_kind":"plain","computed":true},"sub_domain":{"type":"string","description_kind":"plain","optional":true}},"description_kind":"plain"}},"cloudfoundry_org":{"version":0,"block":{"attributes":{"id":{"type":"string","description_kind":"plain","optional":true,"computed":true},"name":{"type":"string","description_kind":"plain","required":true}},"description_kind":"plain"}},"cloudfoundry_space":{"version":0,"block":{"attributes":{"id":{"type":"string","description_kind":"plain","optional":true,"computed":true},"name":{"type":"string","description_kind":"plain","required":true},"org":{"type":"string","description_kind":"plain","optional":true,"computed":true},"org_name":{"type":"string","description_kind":"plain","optional":true,"computed":true},"quota_id":{"type":"string","description_kind":"plain","computed":true}},"description_kind":"plain"}}}}}}
