{"format_version":"0.2","provider_schemas":{"registry.terraform.io/terraform-in-action/petstore":{"provider":{"version":0,"block":{"attributes":{"address":{"type":"string","description_kind":"plain","optional":true}},"description_kind":"plain"}},"resource_schemas":{"petstore_pet":{"version":0,"block":{"attributes":{"age":{"type":"number","description_kind":"plain","required":true},"id":{"type":"string","description_kind":"plain","optional":true,"computed":true},"name":{"type":"string","description_kind":"plain","optional":true},"species":{"type":"string","description_kind":"plain","required":true}},"description_kind":"plain"}}},"data_source_schemas":{"petstore_pet_ids":{"version":0,"block":{"attributes":{"id":{"type":"string","description_kind":"plain","optional":true,"computed":true},"ids":{"type":["list","string"],"description_kind":"plain","computed":true},"names":{"type":["list","string"],"description_kind":"plain","required":true}},"description_kind":"plain"}}}}}}
