{"format_version":"0.2","provider_schemas":{"registry.terraform.io/terraform-provider-concourse/concourse":{"provider":{"version":0,"block":{"attributes":{"password":{"type":"string","description":"Password, do not use if using target ","description_kind":"plain","optional":true},"target":{"type":"string","description":"Target as in 'fly --target', do not use if using team/username/password","description_kind":"plain","optional":true},"team":{"type":"string","description":"Team name, do not use if using target ","description_kind":"plain","optional":true},"url":{"type":"string","description":"URL, do not use if using target ","description_kind":"plain","optional":true},"username":{"type":"string","description":"Username, do not use if using target","description_kind":"plain","optional":true}},"description_kind":"plain"}},"resource_schemas":{"concourse_pipeline":{"version":0,"block":{"attributes":{"id":{"type":"string","description_kind":"plain","optional":true,"computed":true},"is_exposed":{"type":"bool","description_kind":"plain","required":true},"is_paused":{"type":"bool","description_kind":"plain","required":true},"json":{"type":"string","description_kind":"plain","computed":true},"pipeline_config":{"type":"string","description_kind":"plain","required":true},"pipeline_config_format":{"type":"string","description_kind":"plain","required":true},"pipeline_name":{"type":"string","description_kind":"plain","required":true},"team_name":{"type":"string","description_kind":"plain","required":true},"yaml":{"type":"string","description_kind":"plain","computed":true}},"description_kind":"plain"}},"concourse_team":{"version":1,"block":{"attributes":{"id":{"type":"string","description_kind":"plain","optional":true,"computed":true},"members":{"type":["set","string"],"description_kind":"plain","optional":true},"owners":{"type":["set","string"],"description_kind":"plain","optional":true},"pipeline_operators":{"type":["set","string"],"description_kind":"plain","optional":true},"team_name":{"type":"string","description_kind":"plain","required":true},"viewers":{"type":["set","string"],"description_kind":"plain","optional":true}},"description_kind":"plain"}}},"data_source_schemas":{"concourse_pipeline":{"version":0,"block":{"attributes":{"id":{"type":"string","description_kind":"plain","optional":true,"computed":true},"is_exposed":{"type":"bool","description_kind":"plain","computed":true},"is_paused":{"type":"bool","description_kind":"plain","computed":true},"json":{"type":"string","description_kind":"plain","computed":true},"pipeline_name":{"type":"string","description_kind":"plain","required":true},"team_name":{"type":"string","description_kind":"plain","required":true},"yaml":{"type":"string","description_kind":"plain","computed":true}},"description_kind":"plain"}},"concourse_team":{"version":1,"block":{"attributes":{"id":{"type":"string","description_kind":"plain","optional":true,"computed":true},"members":{"type":["set","string"],"description_kind":"plain","computed":true},"owners":{"type":["set","string"],"description_kind":"plain","computed":true},"pipeline_operators":{"type":["set","string"],"description_kind":"plain","computed":true},"team_name":{"type":"string","description_kind":"plain","required":true},"viewers":{"type":["set","string"],"description_kind":"plain","computed":true}},"description_kind":"plain"}},"concourse_teams":{"version":0,"block":{"attributes":{"id":{"type":"string","description_kind":"plain","optional":true,"computed":true},"names":{"type":["set","string"],"description_kind":"plain","computed":true}},"description_kind":"plain"}}}}}}
