{"format_version":"0.2","provider_schemas":{"registry.terraform.io/terrycain/chef":{"provider":{"version":0,"block":{"attributes":{"allow_unverified_ssl":{"type":"bool","description":"If set, the Chef client will permit unverifiable SSL certificates.","description_kind":"plain","optional":true},"client_name":{"type":"string","description":"Name of a registered client within the Chef server.","description_kind":"plain","required":true},"key_material":{"type":"string","description_kind":"plain","optional":true},"private_key_pem":{"type":"string","description":"PEM-formatted private key for client authentication.","description_kind":"plain","optional":true},"server_url":{"type":"string","description":"URL of the root of the target Chef server or organization.","description_kind":"plain","required":true}},"description_kind":"plain"}},"resource_schemas":{"chef_data_bag":{"version":0,"block":{"attributes":{"api_uri":{"type":"string","description_kind":"plain","computed":true},"id":{"type":"string","description_kind":"plain","optional":true,"computed":true},"name":{"type":"string","description_kind":"plain","required":true}},"description_kind":"plain"}},"chef_data_bag_item":{"version":0,"block":{"attributes":{"content_json":{"type":"string","description_kind":"plain","required":true},"data_bag_name":{"type":"string","description_kind":"plain","required":true},"id":{"type":"string","description_kind":"plain","optional":true,"computed":true}},"description_kind":"plain"}},"chef_environment":{"version":0,"block":{"attributes":{"cookbook_constraints":{"type":["map","string"],"description_kind":"plain","optional":true},"default_attributes_json":{"type":"string","description_kind":"plain","optional":true},"description":{"type":"string","description_kind":"plain","optional":true},"id":{"type":"string","description_kind":"plain","optional":true,"computed":true},"name":{"type":"string","description_kind":"plain","required":true},"override_attributes_json":{"type":"string","description_kind":"plain","optional":true}},"description_kind":"plain"}},"chef_node":{"version":0,"block":{"attributes":{"automatic_attributes_json":{"type":"string","description_kind":"plain","optional":true},"default_attributes_json":{"type":"string","description_kind":"plain","optional":true},"environment_name":{"type":"string","description_kind":"plain","optional":true},"id":{"type":"string","description_kind":"plain","optional":true,"computed":true},"name":{"type":"string","description_kind":"plain","required":true},"normal_attributes_json":{"type":"string","description_kind":"plain","optional":true},"override_attributes_json":{"type":"string","description_kind":"plain","optional":true},"run_list":{"type":["list","string"],"description_kind":"plain","optional":true}},"description_kind":"plain"}},"chef_role":{"version":0,"block":{"attributes":{"default_attributes_json":{"type":"string","description_kind":"plain","optional":true},"description":{"type":"string","description_kind":"plain","optional":true},"id":{"type":"string","description_kind":"plain","optional":true,"computed":true},"name":{"type":"string","description_kind":"plain","required":true},"override_attributes_json":{"type":"string","description_kind":"plain","optional":true},"run_list":{"type":["list","string"],"description_kind":"plain","optional":true}},"description_kind":"plain"}}}}}}
