{"format_version":"0.2","provider_schemas":{"registry.terraform.io/terra-farm/xenorchestra":{"provider":{"version":0,"block":{"attributes":{"password":{"type":"string","description":"Password for xoa api","description_kind":"plain","required":true},"url":{"type":"string","description":"Hostname of the xoa router","description_kind":"plain","required":true},"username":{"type":"string","description":"User account for xoa api","description_kind":"plain","required":true}},"description_kind":"plain"}},"resource_schemas":{"xenorchestra_cloud_config":{"version":0,"block":{"attributes":{"id":{"type":"string","description_kind":"plain","optional":true,"computed":true},"name":{"type":"string","description_kind":"plain","required":true},"template":{"type":"string","description_kind":"plain","required":true}},"description_kind":"plain"}},"xenorchestra_resource_set":{"version":0,"block":{"attributes":{"id":{"type":"string","description_kind":"plain","optional":true,"computed":true},"name":{"type":"string","description_kind":"plain","required":true},"objects":{"type":["set","string"],"description_kind":"plain","optional":true},"subjects":{"type":["set","string"],"description_kind":"plain","optional":true}},"block_types":{"limit":{"nesting_mode":"set","block":{"attributes":{"quantity":{"type":"number","description_kind":"plain","required":true},"type":{"type":"string","description_kind":"plain","required":true}},"description_kind":"plain"},"min_items":1}},"description_kind":"plain"}},"xenorchestra_vm":{"version":0,"block":{"attributes":{"auto_poweron":{"type":"bool","description_kind":"plain","optional":true},"cloud_config":{"type":"string","description_kind":"plain","optional":true},"cloud_network_config":{"type":"string","description_kind":"plain","optional":true},"core_os":{"type":"bool","description_kind":"plain","optional":true},"cpu_cap":{"type":"number","description_kind":"plain","optional":true},"cpu_weight":{"type":"number","description_kind":"plain","optional":true},"cpus":{"type":"number","description_kind":"plain","required":true},"high_availability":{"type":"string","description_kind":"plain","optional":true},"id":{"type":"string","description_kind":"plain","optional":true,"computed":true},"memory_max":{"type":"number","description_kind":"plain","required":true},"name_description":{"type":"string","description_kind":"plain","optional":true},"name_label":{"type":"string","description_kind":"plain","required":true},"resource_set":{"type":"string","description_kind":"plain","optional":true},"template":{"type":"string","description_kind":"plain","required":true}},"block_types":{"disk":{"nesting_mode":"list","block":{"attributes":{"attached":{"type":"bool","description_kind":"plain","optional":true},"name_label":{"type":"string","description_kind":"plain","required":true},"position":{"type":"string","description_kind":"plain","computed":true},"size":{"type":"number","description_kind":"plain","required":true},"sr_id":{"type":"string","description_kind":"plain","required":true},"vbd_id":{"type":"string","description_kind":"plain","computed":true},"vdi_id":{"type":"string","description_kind":"plain","computed":true}},"description_kind":"plain"},"min_items":1},"network":{"nesting_mode":"list","block":{"attributes":{"attached":{"type":"bool","description_kind":"plain","optional":true},"device":{"type":"string","description_kind":"plain","computed":true},"mac_address":{"type":"string","description_kind":"plain","optional":true,"computed":true},"network_id":{"type":"string","description_kind":"plain","required":true}},"description_kind":"plain"},"min_items":1},"timeouts":{"nesting_mode":"single","block":{"attributes":{"create":{"type":"string","description_kind":"plain","optional":true},"update":{"type":"string","description_kind":"plain","optional":true}},"description_kind":"plain"}}},"description_kind":"plain"}}},"data_source_schemas":{"xenorchestra_network":{"version":0,"block":{"attributes":{"bridge":{"type":"string","description_kind":"plain","optional":true,"computed":true},"id":{"type":"string","description_kind":"plain","optional":true,"computed":true},"name_label":{"type":"string","description_kind":"plain","required":true},"pool_id":{"type":"string","description_kind":"plain","optional":true}},"description_kind":"plain"}},"xenorchestra_pif":{"version":0,"block":{"attributes":{"attached":{"type":"bool","description_kind":"plain","computed":true},"device":{"type":"string","description_kind":"plain","required":true},"host":{"type":"string","description_kind":"plain","computed":true},"host_id":{"type":"string","description_kind":"plain","optional":true,"computed":true},"id":{"type":"string","description_kind":"plain","optional":true,"computed":true},"network":{"type":"string","description_kind":"plain","computed":true},"pool_id":{"type":"string","description_kind":"plain","computed":true},"uuid":{"type":"string","description_kind":"plain","computed":true},"vlan":{"type":"number","description_kind":"plain","required":true}},"description_kind":"plain"}},"xenorchestra_pool":{"version":0,"block":{"attributes":{"cpus":{"type":["map","string"],"description_kind":"plain","computed":true},"description":{"type":"string","description_kind":"plain","computed":true},"id":{"type":"string","description_kind":"plain","optional":true,"computed":true},"name_label":{"type":"string","description_kind":"plain","required":true}},"description_kind":"plain"}},"xenorchestra_resource_set":{"version":0,"block":{"attributes":{"id":{"type":"string","description_kind":"plain","optional":true,"computed":true},"name":{"type":"string","description_kind":"plain","required":true}},"description_kind":"plain"}},"xenorchestra_sr":{"version":0,"block":{"attributes":{"id":{"type":"string","description_kind":"plain","optional":true,"computed":true},"name_label":{"type":"string","description_kind":"plain","required":true},"pool_id":{"type":"string","description_kind":"plain","optional":true},"sr_type":{"type":"string","description_kind":"plain","computed":true},"tags":{"type":["list","string"],"description_kind":"plain","optional":true},"uuid":{"type":"string","description_kind":"plain","computed":true}},"description_kind":"plain"}},"xenorchestra_template":{"version":0,"block":{"attributes":{"id":{"type":"string","description_kind":"plain","optional":true,"computed":true},"name_label":{"type":"string","description_kind":"plain","required":true},"pool_id":{"type":"string","description_kind":"plain","optional":true},"uuid":{"type":"string","description_kind":"plain","computed":true}},"description_kind":"plain"}}}}}}
