{"format_version":"0.2","provider_schemas":{"registry.terraform.io/tharunforu/pagerduty":{"provider":{"version":0,"block":{"attributes":{"token":{"type":"string","description_kind":"plain","required":true}},"description_kind":"plain"}},"resource_schemas":{"pagerduty_user_resource":{"version":0,"block":{"attributes":{"email":{"type":"string","description_kind":"plain","required":true},"id":{"type":"string","description_kind":"plain","computed":true},"last_updated":{"type":"string","description_kind":"plain","optional":true,"computed":true},"name":{"type":"string","description_kind":"plain","required":true},"role":{"type":"string","description_kind":"plain","required":true},"type":{"type":"string","description_kind":"plain","required":true}},"block_types":{"contact_methods":{"nesting_mode":"list","block":{"attributes":{"summary":{"type":"string","description_kind":"plain","optional":true,"computed":true},"type":{"type":"string","description_kind":"plain","optional":true,"computed":true}},"description_kind":"plain"}}},"description_kind":"plain"}}},"data_source_schemas":{"pagerduty_user_data":{"version":0,"block":{"attributes":{"contact_methods":{"type":["list",["object",{"summary":"string","type":"string"}]],"description_kind":"plain","computed":true},"email":{"type":"string","description_kind":"plain","computed":true},"id":{"type":"string","description_kind":"plain","required":true},"name":{"type":"string","description_kind":"plain","computed":true},"role":{"type":"string","description_kind":"plain","computed":true},"type":{"type":"string","description_kind":"plain","computed":true}},"description_kind":"plain"}}}}}}
