{"format_version":"0.2","provider_schemas":{"registry.terraform.io/theostanton/notion":{"provider":{"version":0,"block":{"attributes":{"token":{"type":"string","description_kind":"plain","required":true,"sensitive":true}},"description_kind":"plain"}},"resource_schemas":{"notion_database":{"version":0,"block":{"attributes":{"id":{"type":"string","description_kind":"plain","optional":true,"computed":true},"parent":{"type":"string","description_kind":"plain","required":true},"title":{"type":"string","description_kind":"plain","required":true},"title_column_id":{"type":"string","description_kind":"plain","computed":true},"title_column_title":{"type":"string","description_kind":"plain","required":true},"url":{"type":"string","description_kind":"plain","computed":true}},"description_kind":"plain"}},"notion_database_entry":{"version":0,"block":{"attributes":{"database":{"type":"string","description_kind":"plain","required":true},"id":{"type":"string","description_kind":"plain","optional":true,"computed":true},"title":{"type":"string","description_kind":"plain","required":true},"url":{"type":"string","description_kind":"plain","computed":true}},"description_kind":"plain"}},"notion_database_property_checkbox":{"version":0,"block":{"attributes":{"database":{"type":"string","description":"ID of database this property belongs to","description_kind":"plain","required":true},"id":{"type":"string","description_kind":"plain","optional":true,"computed":true},"name":{"type":"string","description":"title of this property","description_kind":"plain","required":true}},"description_kind":"plain"}},"notion_database_property_created_by":{"version":0,"block":{"attributes":{"database":{"type":"string","description":"ID of database this property belongs to","description_kind":"plain","required":true},"id":{"type":"string","description_kind":"plain","optional":true,"computed":true},"name":{"type":"string","description":"title of this property","description_kind":"plain","required":true}},"description_kind":"plain"}},"notion_database_property_created_time":{"version":0,"block":{"attributes":{"database":{"type":"string","description":"ID of database this property belongs to","description_kind":"plain","required":true},"id":{"type":"string","description_kind":"plain","optional":true,"computed":true},"name":{"type":"string","description":"title of this property","description_kind":"plain","required":true}},"description_kind":"plain"}},"notion_database_property_date":{"version":0,"block":{"attributes":{"database":{"type":"string","description":"ID of database this property belongs to","description_kind":"plain","required":true},"id":{"type":"string","description_kind":"plain","optional":true,"computed":true},"name":{"type":"string","description":"title of this property","description_kind":"plain","required":true}},"description_kind":"plain"}},"notion_database_property_email":{"version":0,"block":{"attributes":{"database":{"type":"string","description":"ID of database this property belongs to","description_kind":"plain","required":true},"id":{"type":"string","description_kind":"plain","optional":true,"computed":true},"name":{"type":"string","description":"title of this property","description_kind":"plain","required":true}},"description_kind":"plain"}},"notion_database_property_last_edited_by":{"version":0,"block":{"attributes":{"database":{"type":"string","description":"ID of database this property belongs to","description_kind":"plain","required":true},"id":{"type":"string","description_kind":"plain","optional":true,"computed":true},"name":{"type":"string","description":"title of this property","description_kind":"plain","required":true}},"description_kind":"plain"}},"notion_database_property_last_edited_time":{"version":0,"block":{"attributes":{"database":{"type":"string","description":"ID of database this property belongs to","description_kind":"plain","required":true},"id":{"type":"string","description_kind":"plain","optional":true,"computed":true},"name":{"type":"string","description":"title of this property","description_kind":"plain","required":true}},"description_kind":"plain"}},"notion_database_property_multi_select":{"version":0,"block":{"attributes":{"database":{"type":"string","description":"ID of database this property belongs to","description_kind":"plain","required":true},"id":{"type":"string","description_kind":"plain","optional":true,"computed":true},"name":{"type":"string","description":"title of this property","description_kind":"plain","required":true},"options":{"type":["map","string"],"description":"Sorted list of options available for this property.","description_kind":"plain","optional":true}},"description_kind":"plain"}},"notion_database_property_number":{"version":0,"block":{"attributes":{"database":{"type":"string","description":"ID of database this property belongs to","description_kind":"plain","required":true},"format":{"type":"string","description":"How the number is displayed in Notion. Potential values include: number, number_with_commas, percent, dollar, canadian_dollar, euro, pound, yen, ruble, rupee, won, yuan, real, lira, rupiah, franc, hong_kong_dollar, new_zealand_dollar, krona, norwegian_krone, mexican_peso, rand, new_taiwan_dollar, danish_krone, zloty, baht, forint, koruna, shekel, chilean_peso, philippine_peso, dirham, colombian_peso, riyal, ringgit, leu.","description_kind":"plain","optional":true},"id":{"type":"string","description_kind":"plain","optional":true,"computed":true},"name":{"type":"string","description":"title of this property","description_kind":"plain","required":true}},"description_kind":"plain"}},"notion_database_property_people":{"version":0,"block":{"attributes":{"database":{"type":"string","description":"ID of database this property belongs to","description_kind":"plain","required":true},"id":{"type":"string","description_kind":"plain","optional":true,"computed":true},"name":{"type":"string","description":"title of this property","description_kind":"plain","required":true}},"description_kind":"plain"}},"notion_database_property_relation":{"version":0,"block":{"attributes":{"database":{"type":"string","description":"ID of database this property belongs to","description_kind":"plain","required":true},"id":{"type":"string","description_kind":"plain","optional":true,"computed":true},"name":{"type":"string","description":"title of this property","description_kind":"plain","required":true},"related_database":{"type":"string","description":"ID of database this property relates to","description_kind":"plain","required":true}},"description_kind":"plain"}},"notion_database_property_rich_text":{"version":0,"block":{"attributes":{"database":{"type":"string","description":"ID of database this property belongs to","description_kind":"plain","required":true},"id":{"type":"string","description_kind":"plain","optional":true,"computed":true},"name":{"type":"string","description":"title of this property","description_kind":"plain","required":true}},"description_kind":"plain"}},"notion_database_property_rollup":{"version":0,"block":{"attributes":{"database":{"type":"string","description":"ID of database this property belongs to","description_kind":"plain","required":true},"function":{"type":"string","description":"The function that is evaluated for every page in the relation of the rollup.\nPossible values include: count_all, count_values, count_unique_values, count_empty, count_not_empty, percent_empty, percent_not_empty, sum, average, median, min, max, range, show_original","description_kind":"plain","required":true},"id":{"type":"string","description_kind":"plain","optional":true,"computed":true},"name":{"type":"string","description":"title of this property","description_kind":"plain","required":true},"relation_property":{"type":"string","description":"The name of the relation property this property is responsible for rolling up. This relation is in the same database where the new rollup property is being created.","description_kind":"plain","required":true},"rollup_property":{"type":"string","description":"The name of the property in the related database that is used as an input to function.","description_kind":"plain","required":true}},"description_kind":"plain"}},"notion_database_property_select":{"version":0,"block":{"attributes":{"database":{"type":"string","description":"ID of database this property belongs to","description_kind":"plain","required":true},"id":{"type":"string","description_kind":"plain","optional":true,"computed":true},"name":{"type":"string","description":"title of this property","description_kind":"plain","required":true},"options":{"type":["map","string"],"description":"Sorted list of options available for this property.","description_kind":"plain","optional":true}},"description_kind":"plain"}},"notion_database_property_url":{"version":0,"block":{"attributes":{"database":{"type":"string","description":"ID of database this property belongs to","description_kind":"plain","required":true},"id":{"type":"string","description_kind":"plain","optional":true,"computed":true},"name":{"type":"string","description":"title of this property","description_kind":"plain","required":true}},"description_kind":"plain"}},"notion_page":{"version":0,"block":{"attributes":{"id":{"type":"string","description_kind":"plain","optional":true,"computed":true},"parent_page_id":{"type":"string","description_kind":"plain","required":true},"title":{"type":"string","description_kind":"plain","required":true},"url":{"type":"string","description_kind":"plain","computed":true}},"description_kind":"plain"}}},"data_source_schemas":{"notion_database":{"version":0,"block":{"attributes":{"id":{"type":"string","description_kind":"plain","optional":true,"computed":true},"query":{"type":"string","description_kind":"plain","required":true},"title":{"type":"string","description_kind":"plain","computed":true},"url":{"type":"string","description_kind":"plain","computed":true}},"description_kind":"plain"}},"notion_database_entries":{"version":0,"block":{"attributes":{"database":{"type":"string","description_kind":"plain","required":true},"entries":{"type":["list",["map","string"]],"description_kind":"plain","computed":true},"id":{"type":"string","description_kind":"plain","optional":true,"computed":true}},"description_kind":"plain"}},"notion_page":{"version":0,"block":{"attributes":{"id":{"type":"string","description_kind":"plain","optional":true,"computed":true},"parent_page_id":{"type":"string","description_kind":"plain","computed":true},"query":{"type":"string","description_kind":"plain","required":true},"title":{"type":"string","description_kind":"plain","computed":true},"url":{"type":"string","description_kind":"plain","computed":true}},"description_kind":"plain"}},"notion_user":{"version":0,"block":{"attributes":{"email":{"type":"string","description_kind":"plain","required":true},"id":{"type":"string","description_kind":"plain","optional":true,"computed":true},"name":{"type":"string","description_kind":"plain","computed":true},"user_id":{"type":"string","description_kind":"plain","computed":true}},"description_kind":"plain"}}}}}}
