{"format_version":"0.2","provider_schemas":{"registry.terraform.io/thereforsunrise/circleci":{"provider":{"version":0,"block":{"attributes":{"api_token":{"type":"string","description":"The token key for API operations.","description_kind":"plain","required":true},"organization":{"type":"string","description":"The CircleCI organization.","description_kind":"plain","optional":true},"url":{"type":"string","description":"The URL of the Circle CI API (v2)","description_kind":"plain","optional":true},"vcs_type":{"type":"string","description":"The VCS type for the organization.","description_kind":"plain","optional":true}},"description_kind":"plain"}},"resource_schemas":{"circleci_context":{"version":0,"block":{"attributes":{"id":{"type":"string","description_kind":"plain","optional":true,"computed":true},"name":{"type":"string","description":"The name of the context","description_kind":"plain","required":true},"organization":{"type":"string","description":"The organization where the context will be created","description_kind":"plain","optional":true}},"description_kind":"plain"}},"circleci_context_environment_variable":{"version":0,"block":{"attributes":{"context_id":{"type":"string","description":"The ID of the context where the environment variable is defined","description_kind":"plain","required":true},"id":{"type":"string","description_kind":"plain","optional":true,"computed":true},"organization":{"type":"string","description":"The organization where the context is defined","description_kind":"plain","optional":true},"value":{"type":"string","description":"The value that will be set for the environment variable.","description_kind":"plain","required":true,"sensitive":true},"variable":{"type":"string","description":"The name of the environment variable","description_kind":"plain","required":true}},"description_kind":"plain"}},"circleci_environment_variable":{"version":1,"block":{"attributes":{"id":{"type":"string","description_kind":"plain","optional":true,"computed":true},"name":{"type":"string","description":"The name of the environment variable","description_kind":"plain","required":true},"organization":{"type":"string","description":"The CircleCI organization.","description_kind":"plain","optional":true},"project":{"type":"string","description":"The name of the CircleCI project to create the variable in","description_kind":"plain","required":true},"value":{"type":"string","description":"The value of the environment variable","description_kind":"plain","required":true,"sensitive":true}},"block_types":{"timeouts":{"nesting_mode":"single","block":{"attributes":{"create":{"type":"string","description_kind":"plain","optional":true},"delete":{"type":"string","description_kind":"plain","optional":true}},"description_kind":"plain"}}},"description_kind":"plain"}}},"data_source_schemas":{"circleci_context":{"version":0,"block":{"attributes":{"id":{"type":"string","description_kind":"plain","optional":true,"computed":true},"name":{"type":"string","description":"The name of the context","description_kind":"plain","required":true},"organization":{"type":"string","description":"The organization where the context is defined","description_kind":"plain","optional":true}},"description_kind":"plain"}}}}}}
