{"format_version":"0.2","provider_schemas":{"registry.terraform.io/thiagoarrais/wercel":{"provider":{"version":0,"block":{"attributes":{"token":{"type":"string","description_kind":"plain","required":true,"sensitive":true}},"description_kind":"plain"}},"resource_schemas":{"wercel_environment_variable":{"version":0,"block":{"attributes":{"id":{"type":"string","description_kind":"plain","optional":true,"computed":true},"key":{"type":"string","description_kind":"plain","required":true},"project_id":{"type":"string","description_kind":"plain","required":true},"secret_name":{"type":"string","description_kind":"plain","computed":true},"secret_uid":{"type":"string","description_kind":"plain","computed":true},"target":{"type":"string","description_kind":"plain","optional":true},"value":{"type":"string","description_kind":"plain","required":true}},"description_kind":"plain"}},"wercel_project":{"version":0,"block":{"attributes":{"domains":{"type":["set","string"],"description_kind":"plain","optional":true},"id":{"type":"string","description_kind":"plain","optional":true,"computed":true},"name":{"type":"string","description_kind":"plain","required":true},"root":{"type":"string","description_kind":"plain","optional":true}},"block_types":{"repo":{"nesting_mode":"list","block":{"attributes":{"project_url":{"type":"string","description_kind":"plain","required":true},"type":{"type":"string","description_kind":"plain","required":true}},"description_kind":"plain"},"max_items":1}},"description_kind":"plain"}}}}}}
