{"format_version":"0.2","provider_schemas":{"registry.terraform.io/threefoldtech/grid":{"provider":{"version":0,"block":{"attributes":{"graphql_url":{"type":"string","description_kind":"plain","optional":true},"mnemonics":{"type":"string","description_kind":"plain","required":true,"sensitive":true},"rmb_url":{"type":"string","description_kind":"plain","optional":true},"substrate_url":{"type":"string","description_kind":"plain","optional":true},"twin_id":{"type":"number","description_kind":"plain","required":true}},"description_kind":"plain"}},"resource_schemas":{"grid_deployment":{"version":0,"block":{"attributes":{"id":{"type":"string","description_kind":"plain","optional":true,"computed":true},"ip_range":{"type":"string","description_kind":"plain","optional":true},"network_name":{"type":"string","description_kind":"plain","optional":true},"node":{"type":"number","description":"Node id to place deployment on","description_kind":"markdown","required":true}},"block_types":{"disks":{"nesting_mode":"list","block":{"attributes":{"description":{"type":"string","description_kind":"plain","required":true},"name":{"type":"string","description_kind":"plain","required":true},"size":{"type":"number","description_kind":"plain","required":true}},"description_kind":"plain"}},"qsfs":{"nesting_mode":"list","block":{"attributes":{"cache":{"type":"number","description":"The size of the fuse mountpoint on the node in MBs (holds qsfs local data before pushing)","description_kind":"markdown","required":true},"compression_algorithm":{"type":"string","description":"configuration to use for the compression stage. Currently only snappy is supported","description_kind":"markdown","optional":true},"description":{"type":"string","description":"The minimum amount of shards which are needed to recover the original data.","description_kind":"markdown","required":true},"encryption_algorithm":{"type":"string","description":"configuration to use for the encryption stage. Currently only AES is supported.","description_kind":"markdown","optional":true},"encryption_key":{"type":"string","description_kind":"plain","required":true},"expected_shards":{"type":"number","description":"The amount of shards which are generated when the data is encoded. Essentially, this is the amount of shards which is needed to be able to recover the data, and some disposable shards which could be lost. The amount of disposable shards can be calculated as expected_shards - minimal_shards.","description_kind":"markdown","required":true},"max_zdb_data_dir_size":{"type":"number","description":"Maximum size of the data dir in MiB, if this is set and the sum of the file sizes in the data dir gets higher than this value, the least used, already encoded file will be removed.","description_kind":"markdown","required":true},"metrics_endpoint":{"type":"string","description_kind":"plain","computed":true},"minimal_shards":{"type":"number","description_kind":"plain","required":true},"name":{"type":"string","description_kind":"plain","required":true},"redundant_groups":{"type":"number","description":"The amount of groups which one should be able to loose while still being able to recover the original data.","description_kind":"markdown","required":true},"redundant_nodes":{"type":"number","description":"The amount of nodes that can be lost in every group while still being able to recover the original data.","description_kind":"markdown","required":true}},"block_types":{"groups":{"nesting_mode":"list","block":{"block_types":{"backends":{"nesting_mode":"list","block":{"attributes":{"address":{"type":"string","description_kind":"plain","required":true},"namespace":{"type":"string","description_kind":"plain","required":true},"password":{"type":"string","description_kind":"plain","required":true}},"description_kind":"plain"}}},"description":"The backend groups to write the data to.","description_kind":"markdown"},"min_items":1},"metadata":{"nesting_mode":"list","block":{"attributes":{"encryption_algorithm":{"type":"string","description_kind":"plain","optional":true},"encryption_key":{"type":"string","description_kind":"plain","required":true},"prefix":{"type":"string","description_kind":"plain","required":true},"type":{"type":"string","description":"configuration for the metadata store to use, currently only zdb is supported","description_kind":"markdown","optional":true}},"block_types":{"backends":{"nesting_mode":"list","block":{"attributes":{"address":{"type":"string","description_kind":"plain","required":true},"namespace":{"type":"string","description_kind":"plain","required":true},"password":{"type":"string","description_kind":"plain","required":true}},"description_kind":"plain"}}},"description_kind":"plain"},"min_items":1,"max_items":1}},"description_kind":"plain"}},"vms":{"nesting_mode":"list","block":{"attributes":{"computedip":{"type":"string","description":"The public ip","description_kind":"markdown","computed":true},"cpu":{"type":"number","description":"CPU size","description_kind":"markdown","optional":true},"description":{"type":"string","description":"Machine Description","description_kind":"markdown","optional":true},"entrypoint":{"type":"string","description":"VM entry point","description_kind":"markdown","optional":true},"flist":{"type":"string","description_kind":"plain","required":true},"ip":{"type":"string","description":"IP","description_kind":"markdown","optional":true,"computed":true},"memory":{"type":"number","description":"Memory size","description_kind":"markdown","optional":true},"name":{"type":"string","description_kind":"plain","required":true},"planetary":{"type":"bool","description_kind":"plain","optional":true},"publicip":{"type":"bool","description":"If you want to enable public ip or not","description_kind":"markdown","optional":true},"ygg_ip":{"type":"string","description_kind":"plain","computed":true}},"block_types":{"env_vars":{"nesting_mode":"list","block":{"attributes":{"key":{"type":"string","description_kind":"plain","required":true},"value":{"type":"string","description_kind":"plain","required":true}},"description_kind":"plain"}},"mounts":{"nesting_mode":"list","block":{"attributes":{"disk_name":{"type":"string","description_kind":"plain","required":true},"mount_point":{"type":"string","description_kind":"plain","required":true}},"description_kind":"plain"}}},"description_kind":"plain"}},"zdbs":{"nesting_mode":"list","block":{"attributes":{"description":{"type":"string","description_kind":"plain","required":true},"ips":{"type":["list","string"],"description":"IPs of the zdb","description_kind":"markdown","computed":true},"mode":{"type":"string","description":"Mode of the zdb","description_kind":"markdown","optional":true,"computed":true},"name":{"type":"string","description_kind":"plain","required":true},"namespace":{"type":"string","description":"Namespace of the zdb","description_kind":"markdown","computed":true},"password":{"type":"string","description_kind":"plain","required":true},"port":{"type":"number","description":"Port of the zdb","description_kind":"markdown","computed":true},"size":{"type":"number","description_kind":"plain","required":true}},"description_kind":"plain"}}},"description":"Sample resource in the Terraform provider scaffolding.","description_kind":"markdown"}},"grid_fqdn_proxy":{"version":0,"block":{"attributes":{"backends":{"type":["list","string"],"description":"The backends of the gateway proxy","description_kind":"markdown","required":true},"description":{"type":"string","description":"Description field","description_kind":"markdown","optional":true},"fqdn":{"type":"string","description":"The fully quallified domain name of the deployed workload.","description_kind":"markdown","required":true},"id":{"type":"string","description_kind":"plain","optional":true,"computed":true},"name":{"type":"string","description":"resource name","description_kind":"markdown","required":true},"node":{"type":"number","description":"The gateway's node id","description_kind":"markdown","required":true},"node_deployment_id":{"type":["map","number"],"description_kind":"plain","computed":true},"tls_passthrough":{"type":"bool","description":"true to pass the tls as is to the backends.","description_kind":"markdown","optional":true}},"description":"Resource for deploying gateway domains.","description_kind":"markdown"}},"grid_kubernetes":{"version":0,"block":{"attributes":{"id":{"type":"string","description_kind":"plain","optional":true,"computed":true},"network_name":{"type":"string","description_kind":"plain","optional":true},"node_deployment_id":{"type":["map","number"],"description_kind":"plain","computed":true},"nodes_ip_range":{"type":["map","string"],"description_kind":"plain","required":true},"ssh_key":{"type":"string","description_kind":"plain","optional":true},"token":{"type":"string","description":"The cluster secret token","description_kind":"markdown","required":true}},"block_types":{"master":{"nesting_mode":"list","block":{"attributes":{"computedip":{"type":"string","description":"The public ip","description_kind":"markdown","computed":true},"cpu":{"type":"number","description":"CPU size","description_kind":"markdown","required":true},"disk_size":{"type":"number","description":"Data disk size","description_kind":"markdown","required":true},"flist":{"type":"string","description_kind":"plain","optional":true},"ip":{"type":"string","description":"IP","description_kind":"markdown","optional":true,"computed":true},"memory":{"type":"number","description":"Memory size","description_kind":"markdown","required":true},"name":{"type":"string","description_kind":"plain","required":true},"node":{"type":"number","description":"Node ID","description_kind":"markdown","required":true},"publicip":{"type":"bool","description":"If you want to enable public ip or not","description_kind":"markdown","optional":true}},"description_kind":"plain"},"min_items":1,"max_items":1},"workers":{"nesting_mode":"list","block":{"attributes":{"computedip":{"type":"string","description":"The public ip","description_kind":"markdown","computed":true},"cpu":{"type":"number","description":"CPU size","description_kind":"markdown","required":true},"disk_size":{"type":"number","description":"Data disk size","description_kind":"markdown","required":true},"flist":{"type":"string","description_kind":"plain","optional":true},"ip":{"type":"string","description":"IP","description_kind":"markdown","optional":true,"computed":true},"memory":{"type":"number","description":"Memory size","description_kind":"markdown","required":true},"name":{"type":"string","description_kind":"plain","required":true},"node":{"type":"number","description":"Node ID","description_kind":"markdown","required":true},"publicip":{"type":"bool","description":"If you want to enable public ip or not","description_kind":"markdown","optional":true}},"description_kind":"plain"}}},"description":"Sample resource in the Terraform provider scaffolding.","description_kind":"markdown"}},"grid_name_proxy":{"version":0,"block":{"attributes":{"backends":{"type":["list","string"],"description":"The backends of the gateway proxy","description_kind":"markdown","required":true},"description":{"type":"string","description":"Description field","description_kind":"markdown","optional":true},"fqdn":{"type":"string","description":"The fully quallified domain name of the deployed workload.","description_kind":"markdown","computed":true},"id":{"type":"string","description_kind":"plain","optional":true,"computed":true},"name":{"type":"string","description":"resource name","description_kind":"markdown","required":true},"node":{"type":"number","description":"The gateway's node id","description_kind":"markdown","required":true},"node_deployment_id":{"type":["map","number"],"description_kind":"plain","computed":true},"tls_passthrough":{"type":"bool","description":"true to pass the tls as is to the backends.","description_kind":"markdown","optional":true}},"description":"Resource for deploying gateway domains.","description_kind":"markdown"}},"grid_network":{"version":0,"block":{"attributes":{"access_wg_config":{"type":"string","description":"wg config for access","description_kind":"markdown","computed":true},"add_wg_access":{"type":"bool","description":"whether to add a public node to network and use it to generate a wg config","description_kind":"markdown","optional":true},"description":{"type":"string","description":"Description field","description_kind":"markdown","required":true},"external_ip":{"type":"string","description":"ip of the access point","description_kind":"markdown","computed":true},"external_sk":{"type":"string","description":"access point private key","description_kind":"markdown","computed":true},"id":{"type":"string","description_kind":"plain","optional":true,"computed":true},"ip_range":{"type":"string","description":"Network ip range","description_kind":"markdown","required":true},"name":{"type":"string","description":"Network Name","description_kind":"markdown","required":true},"node_deployment_id":{"type":["map","number"],"description_kind":"plain","computed":true},"nodes":{"type":["list","number"],"description":"Network size in Gigabytes","description_kind":"markdown","required":true},"nodes_ip_range":{"type":["map","string"],"description":"Computed values of nodes' ip ranges after deployment","description_kind":"markdown","optional":true,"computed":true},"public_node_id":{"type":"number","description":"access point public key","description_kind":"markdown","computed":true}},"description":"Sample resource in the Terraform provider scaffolding.","description_kind":"markdown"}}},"data_source_schemas":{"grid_gateway_domain":{"version":0,"block":{"attributes":{"fqdn":{"type":"string","description":"Full domain name","description_kind":"markdown","computed":true},"id":{"type":"string","description_kind":"plain","optional":true,"computed":true},"name":{"type":"string","description":"The name ","description_kind":"markdown","required":true},"node":{"type":"number","description":"Node ID of the gateway","description_kind":"markdown","required":true}},"description":"Data source for computing gateway name proxy fqdn.","description_kind":"markdown"}}}}}}
