{"format_version":"0.2","provider_schemas":{"registry.terraform.io/thxcode/windbag":{"provider":{"version":0,"block":{"block_types":{"docker":{"nesting_mode":"set","block":{"attributes":{"download_uri":{"type":"string","description":"Specify the URI to download the Docker ZIP archive.","description_kind":"markdown","optional":true},"experimental":{"type":"bool","description":"Specify whether to enable experimental feature. Defaults to `true`.","description_kind":"markdown","optional":true},"max_concurrent_downloads":{"type":"number","description":"Specify the max concurrent downloads for each pull. Defaults to `8`.","description_kind":"markdown","optional":true},"max_concurrent_uploads":{"type":"number","description":"Specify the max concurrent uploads for each push. Defaults to `8`.","description_kind":"markdown","optional":true},"max_download_attempts":{"type":"number","description":"Specify the max download attempts for each pull. Defaults to `10`.","description_kind":"markdown","optional":true},"push_foreign_layers":{"type":"bool","description":"Specify where to push none distributable artifacts, like 'mcr.microsoft.com' layer. Defaults to `false`.","description_kind":"markdown","optional":true},"registry_mirrors":{"type":["list","string"],"description":"Specify the list of registry mirror.","description_kind":"markdown","optional":true},"version":{"type":"string","description":"Specify the version of Docker. Defaults to `19.03`.","description_kind":"markdown","optional":true}},"description":"Specify the Docker as builder.","description_kind":"markdown"},"max_items":1}},"description_kind":"plain"}},"resource_schemas":{"windbag_image":{"version":0,"block":{"attributes":{"build_arg":{"type":["map","string"],"description":"Specify the build-time arguments.","description_kind":"markdown","optional":true},"disable_release_build_args_injection":{"type":"bool","description":"Specify whether to disable the release related build arguments injection, ref to https://registry.terraform.io/providers/thxCode/windbag/latest/docs#highlight.","description_kind":"markdown","optional":true},"disable_target_platform_args_injection":{"type":"bool","description":"Specify whether to disable the target platform arguments injection, ref to https://registry.terraform.io/providers/thxCode/windbag/latest/docs#highlight.","description_kind":"markdown","optional":true},"file":{"type":"string","description":"Specify the path of the building Dockerfile.","description_kind":"markdown","optional":true},"force_rm":{"type":"bool","description":"Specify to remove intermediate containers. Defaults to `false`.","description_kind":"markdown","optional":true},"id":{"type":"string","description_kind":"plain","optional":true,"computed":true},"isolation":{"type":"string","description":"Specify the isolation technology of container.","description_kind":"markdown","optional":true},"label":{"type":["map","string"],"description":"Specify the metadata label.","description_kind":"markdown","optional":true},"manifest":{"type":"bool","description":"Specify to manifest the build artifact. Defaults to `true`.","description_kind":"markdown","optional":true},"manifest_timeout":{"type":"string","description":"Specify the timeout to manifest pre tag. Defaults to `15m`.","description_kind":"markdown","optional":true},"no_cache":{"type":"bool","description":"Specify the isolation technology of container. Defaults to `false`.","description_kind":"markdown","optional":true},"path":{"type":"string","description":"Specify the path to build.","description_kind":"markdown","optional":true},"push":{"type":"bool","description":"Specify to push the build artifact. Defaults to `true`.","description_kind":"markdown","optional":true},"push_timeout":{"type":"string","description":"Specify the timeout to push pre build tag. Defaults to `15m`.","description_kind":"markdown","optional":true},"rm":{"type":"bool","description":"Specify to remove intermediate containers after a successful build. Defaults to `true`.","description_kind":"markdown","optional":true},"tag":{"type":["list","string"],"description":"Specify the name of the built artifact, and use the repository of the last item as this resource ID.","description_kind":"markdown","required":true},"target":{"type":"string","description":"Specify the target of build stage to build.","description_kind":"markdown","optional":true}},"block_types":{"build_arg_release_mapper":{"nesting_mode":"set","block":{"attributes":{"build_arg":{"type":["map","string"],"description":"Specify the build-time arguments of related release.","description_kind":"markdown","optional":true},"release":{"type":"string","description":"Specify the release ID of worker.","description_kind":"markdown","required":true}},"description":"Specify the release related build-time arguments mapper.","description_kind":"markdown"}},"registry":{"nesting_mode":"set","block":{"attributes":{"address":{"type":"string","description":"Specify the address of the registry. Defaults to `docker.io`.","description_kind":"markdown","optional":true},"login_timeout":{"type":"string","description":"Specify the timeout to login. Defaults to `5m`.","description_kind":"markdown","optional":true},"password":{"type":"string","description":"Specify the password of the registry credential.","description_kind":"markdown","required":true,"sensitive":true},"username":{"type":"string","description":"Specify the username of the registry credential.","description_kind":"markdown","required":true}},"description":"Specify the authentication registry of registry.","description_kind":"markdown"}},"timeouts":{"nesting_mode":"single","block":{"attributes":{"create":{"type":"string","description_kind":"plain","optional":true},"default":{"type":"string","description_kind":"plain","optional":true},"delete":{"type":"string","description_kind":"plain","optional":true},"read":{"type":"string","description_kind":"plain","optional":true},"update":{"type":"string","description_kind":"plain","optional":true}},"description_kind":"plain"}},"worker":{"nesting_mode":"set","block":{"attributes":{"address":{"type":"string","description":"Specify the address of worker.","description_kind":"markdown","required":true},"build_context":{"type":["set",["object",{"buildpath":"string","dockerfile":"string"}]],"description":"Observed the build context of worker.","description_kind":"markdown","computed":true},"build_information":{"type":["set",["object",{"os_arch":"string","os_build":"number","os_major":"number","os_minor":"number","os_release":"string","os_ubr":"number"}]],"description":"Observed the build information of worker.","description_kind":"markdown","computed":true},"work_dir":{"type":"string","description":"Specify the working directory of worker. Defaults to `C:/etc/windbag`.","description_kind":"markdown","optional":true}},"block_types":{"ssh":{"nesting_mode":"set","block":{"attributes":{"cert":{"type":"string","description":"Specify the content of Certificate to authenticate.","description_kind":"markdown","optional":true},"key":{"type":"string","description":"Specify the content of Private Key to authenticate.","description_kind":"markdown","optional":true,"sensitive":true},"password":{"type":"string","description":"Specify the password for authenticating the worker.","description_kind":"markdown","optional":true,"sensitive":true},"retry_timeout":{"type":"string","description":"Specify the timeout to retry dialing. Defaults to `10m`.","description_kind":"markdown","optional":true},"username":{"type":"string","description":"Specify the username for authenticating the worker. Defaults to `root`.","description_kind":"markdown","optional":true},"with_agent":{"type":"bool","description":"Specify to use ssh-agent to manage the login credential. Defaults to `false`.","description_kind":"markdown","optional":true}},"description":"Specify to use SSH to login the worker.","description_kind":"markdown"},"min_items":1,"max_items":1}},"description":"Specify the workers to build.","description_kind":"markdown"},"min_items":1}},"description":"Specify the image to build.","description_kind":"markdown"}}}}}}
