{"format_version":"0.2","provider_schemas":{"registry.terraform.io/thycotic/dsv":{"provider":{"version":0,"block":{"attributes":{"client_id":{"type":"string","description":"The DevOps Secrets Vault client_id","description_kind":"plain","required":true},"client_secret":{"type":"string","description":"The DevOps Secrets Vault client_secret","description_kind":"plain","required":true,"sensitive":true},"tenant":{"type":"string","description":"The DevOps Secrets Vault tenant","description_kind":"plain","required":true},"tld":{"type":"string","description":"The DSV tenant top-level domain","description_kind":"plain","optional":true},"url_template":{"type":"string","description":"The DSV SDK API URL template","description_kind":"plain","optional":true}},"description_kind":"plain"}},"resource_schemas":{"dsv_client":{"version":0,"block":{"attributes":{"client_id":{"type":"string","description":"the client_id of the client","description_kind":"plain","computed":true},"client_secret":{"type":"string","description":"the client_secret of the client","description_kind":"plain","computed":true},"id":{"type":"string","description_kind":"plain","optional":true,"computed":true},"role":{"type":"string","description":"the role of the client","description_kind":"plain","required":true}},"description_kind":"plain"}}},"data_source_schemas":{"dsv_client":{"version":0,"block":{"attributes":{"client_id":{"type":"string","description":"the client_id of the client","description_kind":"plain","computed":true},"id":{"type":"string","description_kind":"plain","optional":true,"computed":true},"role":{"type":"string","description":"the role of the client","description_kind":"plain","computed":true}},"description_kind":"plain"}},"dsv_role":{"version":0,"block":{"attributes":{"external_id":{"type":"string","description":"the external-id of the role","description_kind":"plain","computed":true},"groups":{"type":["set","string"],"description":"the groups associated with the role","description_kind":"plain","computed":true},"id":{"type":"string","description":"the (UUID) identifier of the role","description_kind":"plain","computed":true},"name":{"type":"string","description":"the name of the role","description_kind":"plain","required":true},"role_provider":{"type":"string","description":"the provider of the role","description_kind":"plain","computed":true},"version":{"type":"number","description":"the version of the role","description_kind":"plain","computed":true}},"description_kind":"plain"}},"dsv_secret":{"version":0,"block":{"attributes":{"contents":{"type":"string","description":"the contents of the secret","description_kind":"plain","computed":true,"sensitive":true},"element":{"type":"string","description":"the element to extract from the secret","description_kind":"plain","optional":true},"id":{"type":"string","description":"the (UUID) identifier of the secret","description_kind":"plain","computed":true},"path":{"type":"string","description":"the path of the secret","description_kind":"plain","required":true},"version":{"type":"number","description":"the version of the secret","description_kind":"plain","computed":true}},"description_kind":"plain"}}}}}}
