{"format_version":"0.2","provider_schemas":{"registry.terraform.io/tidalf/ad":{"provider":{"version":0,"block":{"attributes":{"krb_conf":{"type":"string","description":"Path to kerberos configuration file. (default: none, environment variable: AD_KRB_CONF)","description_kind":"plain","optional":true},"krb_realm":{"type":"string","description":"The name of the kerberos realm (domain) we will use for authentication. (default: \"\", environment variable: AD_KRB_REALM)","description_kind":"plain","optional":true},"krb_spn":{"type":"string","description":"Alternative Service Principal Name. (default: none, environment variable: AD_KRB_SPN)","description_kind":"plain","optional":true},"winrm_hostname":{"type":"string","description":"The hostname of the server we will use to run powershell scripts over WinRM. (Environment variable: AD_HOSTNAME)","description_kind":"plain","required":true},"winrm_insecure":{"type":"bool","description":"Trust unknown certificates. (default: false, environment variable: AD_WINRM_INSECURE)","description_kind":"plain","optional":true},"winrm_pass_credentials":{"type":"bool","description":"Pass credentials in WinRM session to create a System.Management.Automation.PSCredential. (default: false, environment variable: AD_WINRM_PASS_CREDENTIALS)","description_kind":"plain","optional":true},"winrm_password":{"type":"string","description":"The password used to authenticate to the server's WinRM service. (Environment variable: AD_PASSWORD)","description_kind":"plain","required":true},"winrm_port":{"type":"number","description":"The port WinRM is listening for connections. (default: 5985, environment variable: AD_PORT)","description_kind":"plain","optional":true},"winrm_proto":{"type":"string","description":"The WinRM protocol we will use. (default: http, environment variable: AD_PROTO)","description_kind":"plain","optional":true},"winrm_use_ntlm":{"type":"bool","description":"Use NTLM authentication. (default: false, environment variable: AD_WINRM_USE_NTLM)","description_kind":"plain","optional":true},"winrm_username":{"type":"string","description":"The username used to authenticate to the server's WinRM service. (Environment variable: AD_USER)","description_kind":"plain","required":true}},"description_kind":"plain"}},"resource_schemas":{"ad_computer":{"version":0,"block":{"attributes":{"container":{"type":"string","description":"The DN of the container used to hold the computer account.","description_kind":"plain","optional":true,"computed":true},"description":{"type":"string","description":"Specifies a description of the object. This parameter sets the value of the Description property for the computer object.","description_kind":"plain","optional":true},"dn":{"type":"string","description_kind":"plain","computed":true},"guid":{"type":"string","description_kind":"plain","computed":true},"id":{"type":"string","description_kind":"plain","optional":true,"computed":true},"name":{"type":"string","description":"The name for the computer account.","description_kind":"plain","required":true},"pre2kname":{"type":"string","description":"The pre-win2k name for the computer account.","description_kind":"plain","optional":true,"computed":true},"sid":{"type":"string","description":"The SID of the computer object.","description_kind":"plain","computed":true}},"description":"`ad_computer` manages computer objects in an AD tree.","description_kind":"plain"}},"ad_gplink":{"version":0,"block":{"attributes":{"enabled":{"type":"bool","description":"Controls the state of the GP link between a GPO and a container object.","description_kind":"plain","optional":true},"enforced":{"type":"bool","description":"If set to true, the GPO will be enforced on the container object.","description_kind":"plain","optional":true},"gpo_guid":{"type":"string","description":"The GUID of the GPO that will be linked to the container object.","description_kind":"plain","required":true},"id":{"type":"string","description_kind":"plain","optional":true,"computed":true},"order":{"type":"number","description":"Sets the precedence between multiple GPOs linked to the same container object.","description_kind":"plain","optional":true},"target_dn":{"type":"string","description":"The DN of the object the GPO will be linked to.","description_kind":"plain","required":true}},"description":"`ad_gplink` manages links between GPOs and container objects such as OUs.","description_kind":"plain"}},"ad_gpo":{"version":0,"block":{"attributes":{"description":{"type":"string","description":"Description of the GPO.","description_kind":"plain","optional":true},"dn":{"type":"string","description_kind":"plain","computed":true},"domain":{"type":"string","description":"Domain of the GPO.","description_kind":"plain","optional":true},"id":{"type":"string","description_kind":"plain","optional":true,"computed":true},"name":{"type":"string","description":"Name of the GPO.","description_kind":"plain","required":true},"numeric_status":{"type":"number","description_kind":"plain","computed":true},"status":{"type":"string","description":"Status of the GPO. Can be one of `AllSettingsEnabled`, `UserSettingsDisabled`, `ComputerSettingsDisabled`, or `AllSettingsDisabled` (case sensitive).","description_kind":"plain","optional":true}},"description":"`ad_gpo` manages Group Policy Objects (GPOs).","description_kind":"plain"}},"ad_gpo_security":{"version":0,"block":{"attributes":{"gpo_container":{"type":"string","description":"The GUID of the container the security settings belong to.","description_kind":"plain","required":true},"id":{"type":"string","description_kind":"plain","optional":true,"computed":true}},"block_types":{"account_lockout":{"nesting_mode":"list","block":{"attributes":{"force_logoff_when_hour_expire":{"type":"string","description":"Disconnect SMB sessions when logon hours expire.","description_kind":"plain","optional":true},"lockout_bad_count":{"type":"string","description":"Number of failed logon attempts until a account is locked.","description_kind":"plain","optional":true},"lockout_duration":{"type":"string","description":"Number of minutes a locked out account must remain locked out.","description_kind":"plain","optional":true},"reset_lockout_count":{"type":"string","description":"Number of minutes a account will remain locked after a failed logon attempt.","description_kind":"plain","optional":true}},"description":"Settings related to account lockout. (https://docs.microsoft.com/en-us/openspecs/windows_protocols/ms-gpsb/2cd39c97-97cd-4859-a7b4-1229dad5f53d)","description_kind":"plain"},"max_items":1},"application_log":{"nesting_mode":"list","block":{"attributes":{"audit_log_retention_period":{"type":"string","description":"Control log retention. Values: 0: overwrite events as needed, 1: overwrite events as specified specified by `retention_days`, 2: never overwrite events.","description_kind":"plain","optional":true},"maximum_log_size":{"type":"string","description":"Maximum size of log in KiloBytes. (64-4194240)","description_kind":"plain","optional":true},"restrict_guest_access":{"type":"string","description":"Restrict access to logs for guest users. A non-zero value restricts access to guest users.","description_kind":"plain","optional":true},"retention_days":{"type":"string","description":"Number of days before new events overwrite old events. (1-365)","description_kind":"plain","optional":true}},"description":"Application log related settings. (https://docs.microsoft.com/en-us/openspecs/windows_protocols/ms-gpsb/0b9673a7-ce0a-49b4-912b-591efdb37cdf)","description_kind":"plain"},"max_items":1},"audit_log":{"nesting_mode":"list","block":{"attributes":{"audit_log_retention_period":{"type":"string","description":"Control log retention. Values: 0: overwrite events as needed, 1: overwrite events as specified specified by `retention_days`, 2: never overwrite events.","description_kind":"plain","optional":true},"maximum_log_size":{"type":"string","description":"Maximum size of log in KiloBytes. (64-4194240)","description_kind":"plain","optional":true},"restrict_guest_access":{"type":"string","description":"Restrict access to logs for guest users. A non-zero value restricts access to guest users.","description_kind":"plain","optional":true},"retention_days":{"type":"string","description":"Number of days before new events overwrite old events. (1-365)","description_kind":"plain","optional":true}},"description":"Audit log related settings. (https://docs.microsoft.com/en-us/openspecs/windows_protocols/ms-gpsb/0b9673a7-ce0a-49b4-912b-591efdb37cdf)","description_kind":"plain"},"max_items":1},"event_audit":{"nesting_mode":"list","block":{"attributes":{"audit_account_logon":{"type":"string","description":"Audit credential validation.","description_kind":"plain","optional":true},"audit_account_manage":{"type":"string","description":"Audit account management events.","description_kind":"plain","optional":true},"audit_ds_access":{"type":"string","description":"Audit access attempts to AD objects.","description_kind":"plain","optional":true},"audit_logon_events":{"type":"string","description":"Audit logon events.","description_kind":"plain","optional":true},"audit_object_access":{"type":"string","description":"Audit access attempts to non-AD objects.","description_kind":"plain","optional":true},"audit_policy_change":{"type":"string","description":"Audit attempts to change a policy.","description_kind":"plain","optional":true},"audit_privilege_use":{"type":"string","description":"Audit user attempts of exercising user rights.","description_kind":"plain","optional":true},"audit_process_tracking":{"type":"string","description":"Audit process related events.","description_kind":"plain","optional":true},"audit_system_events":{"type":"string","description":"Audit system events.","description_kind":"plain","optional":true}},"description":"Event audit related settings. (https://docs.microsoft.com/en-us/openspecs/windows_protocols/ms-gpsb/01f8e057-f6a8-4d6e-8a00-99bcd241b403). Valid values for all items below are: 0 (None), 1 (Success audits only), 2 (Failure audits only), 3 (Success and failure audits), 4 (None)","description_kind":"plain"},"max_items":1},"filesystem":{"nesting_mode":"set","block":{"attributes":{"acl":{"type":"string","description":"Security descriptor to apply. (https://docs.microsoft.com/en-us/openspecs/windows_protocols/ms-dtyp/f4296d69-1c0f-491f-9587-a960b292d070)","description_kind":"plain","required":true},"path":{"type":"string","description":"Path of the file or directory.","description_kind":"plain","required":true},"propagation_mode":{"type":"string","description":"Control permission propagation. 0: Propagate permissions to all subfolders and files, 1: Replace existing permissions on all subfolders and files, 2: Do not allow permissions to be replaced.","description_kind":"plain","required":true}},"description":"Settings related to File System permissions. (https://docs.microsoft.com/en-us/openspecs/windows_protocols/ms-gpsb/abeebe06-49aa-44d4-ae5b-d6aff458e8e7)","description_kind":"plain"}},"kerberos_policy":{"nesting_mode":"list","block":{"attributes":{"max_clock_skew":{"type":"string","description":"Maximum time difference, in minutes, between the client clock and the server clock. (0-99999).","description_kind":"plain","optional":true},"max_renew_age":{"type":"string","description":"Number of days during which a ticket-granting ticket can be renewed (0-99999).","description_kind":"plain","optional":true},"max_service_age":{"type":"string","description":"Maximum amount of minutes a ticket must be valid to access a service or resource. Minimum should be 10 and maximum should be equal to `max_ticket_age`.","description_kind":"plain","optional":true},"max_ticket_age":{"type":"string","description":"Maximum amount of hours a ticket-granting ticket is valid (0-99999).","description_kind":"plain","optional":true},"ticket_validate_client":{"type":"string","description":"Control if the session ticket is validated for every request. A non-zero value disables the policy.","description_kind":"plain","optional":true}},"description":"Settings related to kerberos policies. (https://docs.microsoft.com/en-us/openspecs/windows_protocols/ms-gpsb/0fce5b92-bcc1-4b96-9c2b-56397c3f144f)","description_kind":"plain"},"max_items":1},"password_policies":{"nesting_mode":"list","block":{"attributes":{"clear_text_password":{"type":"string","description":"Store password with reversible encryption (0-2^16). The password will not be stored with reversible encryption if the value is set to 0. Reversible encryption will be used in any other case.","description_kind":"plain","optional":true},"maximum_password_age":{"type":"string","description":"Number of days before password expires (-1-999). If set to -1, it means the password never expires.","description_kind":"plain","optional":true},"minimum_password_age":{"type":"string","description":"Number of days a password must be used before changing it (0-999).","description_kind":"plain","optional":true},"minimum_password_length":{"type":"string","description":"Minimum number of characters used in a password (0-2^16). If set to 0, it means no password is required.","description_kind":"plain","optional":true},"password_complexity":{"type":"string","description":"Password must meet complexity requirements (0-2^16). If set to 0, then requirements do not apply, any other value means requirements are applied","description_kind":"plain","optional":true},"password_history_size":{"type":"string","description":"The number of unique new passwords that are required before an old password can be reused in association with a user account (0-2^16).  A value of 0 indicates that the password history is disabled.","description_kind":"plain","optional":true}},"description":"Settings related to password policies. (https://docs.microsoft.com/en-us/openspecs/windows_protocols/ms-gpsb/0b40db09-d95d-40a6-8467-32aedec8140c)","description_kind":"plain"},"max_items":1},"registry_keys":{"nesting_mode":"set","block":{"attributes":{"acl":{"type":"string","description":"Security descriptor to apply. (https://docs.microsoft.com/en-us/openspecs/windows_protocols/ms-dtyp/f4296d69-1c0f-491f-9587-a960b292d070)","description_kind":"plain","required":true},"key_name":{"type":"string","description":"Fully qualified name of the key (https://docs.microsoft.com/en-us/openspecs/windows_protocols/ms-rrp/97587de7-3524-4291-8527-3951711      0c0eb)","description_kind":"plain","required":true},"propagation_mode":{"type":"string","description":"Control permission propagation. 0: Propagate permissions to all subkeys, 1: Replace existing permissions on all subkeys, 2: Do not allow permissions to be replaced on the key.","description_kind":"plain","required":true}},"description":"Settings related to Registry Keys. (https://docs.microsoft.com/en-us/openspecs/windows_protocols/ms-gpsb/13712a60-de1e-4642-bd9c-ab054dd86278)","description_kind":"plain"}},"registry_values":{"nesting_mode":"set","block":{"attributes":{"key_name":{"type":"string","description":"Fully qualified name of the key (https://docs.microsoft.com/en-us/openspecs/windows_protocols/ms-rrp/97587de7-3524-4291-8527-39517110c0eb)","description_kind":"plain","required":true},"value":{"type":"string","description":"The value of the key, matching the type set in `value_type`.","description_kind":"plain","required":true},"value_type":{"type":"string","description":"Data type of the key's value. 1: String, 2: Expand String, 3: Binary, 4: DWORD, 5: MULTI_SZ.","description_kind":"plain","required":true}},"description":"Settings related to Registry Values. (https://docs.microsoft.com/en-us/openspecs/windows_protocols/ms-gpsb/3a14ca47-a22f-43c5-b35e-6be791003ca7)","description_kind":"plain"}},"restricted_groups":{"nesting_mode":"set","block":{"attributes":{"group_memberof":{"type":"string","description":"Comma separated list of group names or SIDs that this group belongs to.","description_kind":"plain","required":true},"group_members":{"type":"string","description":"Comma separated list of group names or SIDs that are members of the group.","description_kind":"plain","required":true},"group_name":{"type":"string","description":"Name of the group we are managing.","description_kind":"plain","required":true}},"description":"Settings related to Groups Membership. (https://docs.microsoft.com/en-us/openspecs/windows_protocols/ms-gpsb/b73d8bae-ed22-48aa-acba-7065ab52d709)","description_kind":"plain"}},"system_log":{"nesting_mode":"list","block":{"attributes":{"audit_log_retention_period":{"type":"string","description":"Control log retention. Values: 0: overwrite events as needed, 1: overwrite events as specified specified by `retention_days`, 2: never overwrite events.","description_kind":"plain","optional":true},"maximum_log_size":{"type":"string","description":"Maximum size of log in KiloBytes. (64-4194240)","description_kind":"plain","optional":true},"restrict_guest_access":{"type":"string","description":"Restrict access to logs for guest users. A non-zero value restricts access to guest users.","description_kind":"plain","optional":true},"retention_days":{"type":"string","description":"Number of days before new events overwrite old events. (1-365)","description_kind":"plain","optional":true}},"description":"System log related settings. (https://docs.microsoft.com/en-us/openspecs/windows_protocols/ms-gpsb/0b9673a7-ce0a-49b4-912b-591efdb37cdf)","description_kind":"plain"},"max_items":1},"system_services":{"nesting_mode":"set","block":{"attributes":{"acl":{"type":"string","description":"Security descriptor to apply. (https://docs.microsoft.com/en-us/openspecs/windows_protocols/ms-dtyp/f4296d69-1c0f-491f-9587-a960b292d070)","description_kind":"plain","required":true},"service_name":{"type":"string","description":"Name of the service.","description_kind":"plain","required":true},"startup_mode":{"type":"string","description":"Startup mode of the service. Possible values are 2: Automatic, 3: Manual, 4: Disabled.","description_kind":"plain","required":true}},"description":"Settings related to System Services. (https://docs.microsoft.com/en-us/openspecs/windows_protocols/ms-gpsb/32deea3e-3fa4-414b-ba25-4121ad8c055c)","description_kind":"plain"}}},"description":"`ad_gpo_security` manages the security settings portion of a Group Policy Object (GPO).","description_kind":"plain"}},"ad_group":{"version":0,"block":{"attributes":{"category":{"type":"string","description":"The group's category. Can be one of `distribution` or `security` (case sensitive).","description_kind":"plain","optional":true},"container":{"type":"string","description":"A DN of a container object holding the group.","description_kind":"plain","required":true},"description":{"type":"string","description":"Description of the Group.","description_kind":"plain","optional":true},"id":{"type":"string","description_kind":"plain","optional":true,"computed":true},"name":{"type":"string","description":"The name of the group.","description_kind":"plain","required":true},"sam_account_name":{"type":"string","description":"The pre-win2k name of the group.","description_kind":"plain","required":true},"scope":{"type":"string","description":"The group's scope. Can be one of `global`, `domainlocal`, or `universal` (case sensitive).","description_kind":"plain","optional":true},"sid":{"type":"string","description":"The SID of the group object.","description_kind":"plain","computed":true}},"description":"`ad_group` manages Group objects in an Active Directory tree.","description_kind":"plain"}},"ad_group_membership":{"version":0,"block":{"attributes":{"group_id":{"type":"string","description":"The ID of the group. This can be a GUID, a SID, a Distinguished Name, or the SAM Account Name of the group.","description_kind":"plain","required":true},"group_members":{"type":["set","string"],"description":"A list of member AD Principals. Each principal can be identified by its GUID, SID, Distinguished Name, or SAM Account Name. Only one is required","description_kind":"plain","required":true},"id":{"type":"string","description_kind":"plain","optional":true,"computed":true}},"description":"`ad_group_membership` manages the members of a given Active Directory group.","description_kind":"plain"}},"ad_ou":{"version":0,"block":{"attributes":{"description":{"type":"string","description":"Description of the OU.","description_kind":"plain","optional":true},"dn":{"type":"string","description":"The OU's DN.","description_kind":"plain","computed":true},"guid":{"type":"string","description":"The OU's GUID.","description_kind":"plain","computed":true},"id":{"type":"string","description_kind":"plain","optional":true,"computed":true},"name":{"type":"string","description":"Name of the OU.","description_kind":"plain","required":true},"path":{"type":"string","description":"DN of the object that contains the OU.","description_kind":"plain","optional":true},"protected":{"type":"bool","description":"Protect this OU from being deleted accidentaly.","description_kind":"plain","optional":true}},"description":"`ad_ou` manages OU objects in an AD tree.","description_kind":"plain"}},"ad_user":{"version":0,"block":{"attributes":{"cannot_change_password":{"type":"bool","description":"If set to true, the user will not be allowed to change their password.","description_kind":"plain","optional":true},"city":{"type":"string","description":"Specifies the user's town or city. This parameter sets the City property of a user object.","description_kind":"plain","optional":true},"company":{"type":"string","description":"Specifies the user's company. This parameter sets the Company property of a user object.","description_kind":"plain","optional":true},"container":{"type":"string","description":"A DN of the container object that will be holding the user.","description_kind":"plain","optional":true},"country":{"type":"string","description":"Specifies the country by setting the country code (refer to ISO 3166)","description_kind":"plain","optional":true},"custom_attributes":{"type":"string","description":"JSON encoded map that represents key/value pairs for custom attributes. Please note that `terraform import` will not import these attributes.","description_kind":"plain","optional":true},"department":{"type":"string","description":"Specifies the user's department. This parameter sets the Department property of a user object.","description_kind":"plain","optional":true},"description":{"type":"string","description":"Specifies a description of the object. This parameter sets the value of the Description property for the user object.","description_kind":"plain","optional":true},"display_name":{"type":"string","description":"The Display Name of an Active Directory user.","description_kind":"plain","required":true},"division":{"type":"string","description":"Specifies the user's division. This parameter sets the Division property of a user object.","description_kind":"plain","optional":true},"email_address":{"type":"string","description":"Specifies the user's e-mail address. This parameter sets the EmailAddress property of a user object.","description_kind":"plain","optional":true},"employee_id":{"type":"string","description":"Specifies the user's employee ID. This parameter sets the EmployeeID property of a user object.","description_kind":"plain","optional":true},"employee_number":{"type":"string","description":"Specifies the user's employee number. This parameter sets the EmployeeNumber property of a user object.","description_kind":"plain","optional":true},"enabled":{"type":"bool","description":"If set to false, the user will be disabled.","description_kind":"plain","optional":true},"fax":{"type":"string","description":"Specifies the user's fax phone number. This parameter sets the Fax property of a user object.","description_kind":"plain","optional":true},"given_name":{"type":"string","description":"Specifies the user's given name. This parameter sets the GivenName property of a user object.","description_kind":"plain","optional":true},"home_directory":{"type":"string","description":"Specifies a user's home directory. This parameter sets the HomeDirectory property of a user object.","description_kind":"plain","optional":true},"home_drive":{"type":"string","description":"Specifies a drive that is associated with the UNC path defined by the HomeDirectory property. The drive letter is specified as \u003cDriveLetter\u003e: where \u003cDriveLetter\u003e indicates the letter of the drive to associate. The \u003cDriveLetter\u003e must be a single, uppercase letter and the colon is required. This parameter sets the HomeDrive property of the user object.","description_kind":"plain","optional":true},"home_page":{"type":"string","description":"Specifies the URL of the home page of the object. This parameter sets the homePage property of a user object.","description_kind":"plain","optional":true},"home_phone":{"type":"string","description":"Specifies the user's home telephone number. This parameter sets the HomePhone property of a user object.","description_kind":"plain","optional":true},"id":{"type":"string","description_kind":"plain","optional":true,"computed":true},"initial_password":{"type":"string","description":"The user's initial password. This will be set on creation but will *not* be enforced in subsequent plans.","description_kind":"plain","optional":true},"initials":{"type":"string","description":"Specifies the initials that represent part of a user's name. Maximum 6 char.","description_kind":"plain","optional":true},"mobile_phone":{"type":"string","description":"Specifies the user's mobile phone number. This parameter sets the MobilePhone property of a user object.","description_kind":"plain","optional":true},"office":{"type":"string","description":"Specifies the location of the user's office or place of business. This parameter sets the Office property of a user object.","description_kind":"plain","optional":true},"office_phone":{"type":"string","description":"Specifies the user's office telephone number. This parameter sets the OfficePhone property of a user object.","description_kind":"plain","optional":true},"organization":{"type":"string","description":"Specifies the user's organization. This parameter sets the Organization property of a user object.","description_kind":"plain","optional":true},"other_name":{"type":"string","description":"Specifies a name in addition to a user's given name and surname, such as the user's middle name.","description_kind":"plain","optional":true},"password_never_expires":{"type":"bool","description":"If set to true, the password for this user will not expire.","description_kind":"plain","optional":true},"po_box":{"type":"string","description":"Specifies the user's post office box number. This parameter sets the POBox property of a user object.","description_kind":"plain","optional":true},"postal_code":{"type":"string","description":"Specifies the user's postal code or zip code. This parameter sets the PostalCode property of a user object.","description_kind":"plain","optional":true},"principal_name":{"type":"string","description":"The Principal Name of an Active Directory user.","description_kind":"plain","required":true},"sam_account_name":{"type":"string","description":"The pre-win2k user logon name.","description_kind":"plain","required":true},"sid":{"type":"string","description":"The SID of the user object.","description_kind":"plain","computed":true},"smart_card_logon_required":{"type":"bool","description":"If set to true, a smart card is required to logon. This parameter sets the SmartCardLoginRequired property for a user object.","description_kind":"plain","optional":true},"state":{"type":"string","description":"Specifies the user's or Organizational Unit's state or province. This parameter sets the State property of a user object.","description_kind":"plain","optional":true},"street_address":{"type":"string","description":"Specifies the user's street address. This parameter sets the StreetAddress property of a user object.","description_kind":"plain","optional":true},"surname":{"type":"string","description":"Specifies the user's last name or surname. This parameter sets the Surname property of a user object.","description_kind":"plain","optional":true},"title":{"type":"string","description":"Specifies the user's title. This parameter sets the Title property of a user object","description_kind":"plain","optional":true},"trusted_for_delegation":{"type":"bool","description":"If set to true, the user account is trusted for Kerberos delegation. A service that runs under an account that is trusted for Kerberos delegation can assume the identity of a client requesting the service. This parameter sets the TrustedForDelegation property of an account object.","description_kind":"plain","optional":true}},"description":"`ad_user` manages User objects in an Active Directory tree.","description_kind":"plain"}}},"data_source_schemas":{"ad_computer":{"version":0,"block":{"attributes":{"dn":{"type":"string","description":"The Distinguished Name of the computer object.","description_kind":"plain","optional":true},"guid":{"type":"string","description":"The GUID of the computer object.","description_kind":"plain","optional":true},"id":{"type":"string","description_kind":"plain","optional":true,"computed":true},"name":{"type":"string","description":"The name of the computer object.","description_kind":"plain","computed":true},"sid":{"type":"string","description":"The SID of the computer object.","description_kind":"plain","computed":true}},"description":"Get the details of an Active Directory Computer object.","description_kind":"plain"}},"ad_gpo":{"version":0,"block":{"attributes":{"domain":{"type":"string","description":"Domain of the GPO.","description_kind":"plain","computed":true},"guid":{"type":"string","description":"GUID of the GPO.","description_kind":"plain","optional":true},"id":{"type":"string","description_kind":"plain","optional":true,"computed":true},"name":{"type":"string","description":"Name of the GPO.","description_kind":"plain","optional":true}},"description":"Get the details of an Active Directory Group Policy Object.","description_kind":"plain"}},"ad_group":{"version":0,"block":{"attributes":{"category":{"type":"string","description":"The Group's category.","description_kind":"plain","computed":true},"container":{"type":"string","description":"The Group's container object.","description_kind":"plain","computed":true},"description":{"type":"string","description":"Description of the Group object.","description_kind":"plain","computed":true},"display_name":{"type":"string","description":"The display name of the Group object.","description_kind":"plain","computed":true},"group_id":{"type":"string","description":"The group's identifier. It can be the group's GUID, SID, Distinguished Name, or SAM Account Name.","description_kind":"plain","required":true},"id":{"type":"string","description_kind":"plain","optional":true,"computed":true},"name":{"type":"string","description":"The name of the Group object.","description_kind":"plain","computed":true},"sam_account_name":{"type":"string","description":"The SAM account name of the Group object.","description_kind":"plain","computed":true},"scope":{"type":"string","description":"The Group's scope.","description_kind":"plain","computed":true},"sid":{"type":"string","description":"The SID of the group object.","description_kind":"plain","computed":true}},"description":"Get the details of an Active Directory Group object.","description_kind":"plain"}},"ad_ou":{"version":0,"block":{"attributes":{"description":{"type":"string","description":"The OU's description.","description_kind":"plain","computed":true},"dn":{"type":"string","description":"Distinguished Name of the OU object.","description_kind":"plain","optional":true},"id":{"type":"string","description_kind":"plain","optional":true,"computed":true},"name":{"type":"string","description":"Name of the OU object. If this is used then the `path` attribute needs to be set as well.","description_kind":"plain","optional":true},"path":{"type":"string","description":"Path of the OU object. If this is used then the `Name` attribute needs to be set as well.","description_kind":"plain","optional":true},"protected":{"type":"string","description":"The OU's protected status.","description_kind":"plain","computed":true}},"description":"Get the details of an Organizational Unit Active Directory object.","description_kind":"plain"}},"ad_user":{"version":0,"block":{"attributes":{"city":{"type":"string","description":"City assigned to user object.","description_kind":"plain","computed":true},"company":{"type":"string","description":"Company assigned to user object.","description_kind":"plain","computed":true},"country":{"type":"string","description":"Country assigned to user object.","description_kind":"plain","computed":true},"department":{"type":"string","description":"Department assigned to user object.","description_kind":"plain","computed":true},"description":{"type":"string","description":"Description of the user object.","description_kind":"plain","computed":true},"display_name":{"type":"string","description":"The display name of the user object.","description_kind":"plain","computed":true},"division":{"type":"string","description":"Division assigned to user object.","description_kind":"plain","computed":true},"email_address":{"type":"string","description":"Email address assigned to user object.","description_kind":"plain","computed":true},"employee_id":{"type":"string","description":"Employee ID assigned to user object.","description_kind":"plain","computed":true},"employee_number":{"type":"string","description":"Employee Number assigned to user object.","description_kind":"plain","computed":true},"fax":{"type":"string","description":"Fax number assigned to user object.","description_kind":"plain","computed":true},"given_name":{"type":"string","description":"Given name of the user object.","description_kind":"plain","computed":true},"home_directory":{"type":"string","description":"Home directory of the user object.","description_kind":"plain","computed":true},"home_drive":{"type":"string","description":"Home drive of the user object.","description_kind":"plain","computed":true},"home_page":{"type":"string","description":"Home page of the user object.","description_kind":"plain","computed":true},"home_phone":{"type":"string","description":"Home phone of the user object.","description_kind":"plain","computed":true},"id":{"type":"string","description_kind":"plain","optional":true,"computed":true},"initials":{"type":"string","description":"Initials of the user object.","description_kind":"plain","computed":true},"mobile_phone":{"type":"string","description":"Mobile phone of the user object.","description_kind":"plain","computed":true},"office":{"type":"string","description":"Office assigned to user object.","description_kind":"plain","computed":true},"office_phone":{"type":"string","description":"Office phone of the user object.","description_kind":"plain","computed":true},"organization":{"type":"string","description":"Organization assigned to user object.","description_kind":"plain","computed":true},"other_name":{"type":"string","description":"Extra name of the user object.","description_kind":"plain","computed":true},"po_box":{"type":"string","description":"Post office assigned to user object.","description_kind":"plain","computed":true},"postal_code":{"type":"string","description":"Postal code of the user object.","description_kind":"plain","computed":true},"principal_name":{"type":"string","description":"The principal name of the user object.","description_kind":"plain","computed":true},"sam_account_name":{"type":"string","description":"The SAM account name of the user object.","description_kind":"plain","computed":true},"sid":{"type":"string","description":"The SID of the user object.","description_kind":"plain","computed":true},"smart_card_logon_required":{"type":"bool","description":"Smart card required to logon or not","description_kind":"plain","computed":true},"state":{"type":"string","description":"State of the user object.","description_kind":"plain","computed":true},"street_address":{"type":"string","description":"Address of the user object.","description_kind":"plain","computed":true},"surname":{"type":"string","description":"Surname of the user object.","description_kind":"plain","computed":true},"title":{"type":"string","description":"Title of the user object","description_kind":"plain","computed":true},"trusted_for_delegation":{"type":"bool","description":"Check if user is trusted for delegation","description_kind":"plain","computed":true},"user_id":{"type":"string","description":"The user's identifier. It can be the group's GUID, SID, Distinguished Name, or SAM Account Name.","description_kind":"plain","required":true}},"description":"Get the details of an Active Directory user object.","description_kind":"plain"}}}}}}
