{"format_version":"0.2","provider_schemas":{"registry.terraform.io/timohirt/hetznerdns":{"provider":{"version":0,"block":{"attributes":{"apitoken":{"type":"string","description":"The API access token to authenticate at Hetzner DNS API.","description_kind":"plain","required":true}},"description_kind":"plain"}},"resource_schemas":{"hetznerdns_record":{"version":0,"block":{"attributes":{"id":{"type":"string","description_kind":"plain","optional":true,"computed":true},"name":{"type":"string","description_kind":"plain","required":true},"ttl":{"type":"number","description_kind":"plain","optional":true},"type":{"type":"string","description_kind":"plain","required":true},"value":{"type":"string","description_kind":"plain","required":true},"zone_id":{"type":"string","description_kind":"plain","required":true}},"description_kind":"plain"}},"hetznerdns_zone":{"version":0,"block":{"attributes":{"id":{"type":"string","description_kind":"plain","optional":true,"computed":true},"name":{"type":"string","description_kind":"plain","required":true},"ttl":{"type":"number","description_kind":"plain","required":true}},"description_kind":"plain"}}},"data_source_schemas":{"hetznerdns_zone":{"version":0,"block":{"attributes":{"id":{"type":"string","description_kind":"plain","optional":true,"computed":true},"name":{"type":"string","description_kind":"plain","required":true},"ttl":{"type":"number","description_kind":"plain","computed":true}},"description_kind":"plain"}}}}}}
