{"format_version":"0.2","provider_schemas":{"registry.terraform.io/tink-ab/buildkite":{"provider":{"version":0,"block":{"attributes":{"api_token":{"type":"string","description_kind":"plain","required":true},"organization":{"type":"string","description_kind":"plain","required":true}},"description_kind":"plain"}},"resource_schemas":{"buildkite_org_member":{"version":0,"block":{"attributes":{"created_at":{"type":"string","description_kind":"plain","computed":true},"id":{"type":"string","description_kind":"plain","optional":true,"computed":true},"member_id":{"type":"string","description_kind":"plain","computed":true},"role":{"type":"string","description_kind":"plain","required":true},"user_email":{"type":"string","description_kind":"plain","computed":true},"user_id":{"type":"string","description_kind":"plain","computed":true},"user_name":{"type":"string","description_kind":"plain","computed":true},"uuid":{"type":"string","description_kind":"plain","computed":true}},"description_kind":"plain"}},"buildkite_pipeline":{"version":0,"block":{"attributes":{"badge_url":{"type":"string","description_kind":"plain","computed":true},"branch_configuration":{"type":"string","description_kind":"plain","optional":true},"builds_url":{"type":"string","description_kind":"plain","computed":true},"configuration":{"type":"string","description_kind":"plain","optional":true},"created_at":{"type":"string","description_kind":"plain","computed":true},"default_branch":{"type":"string","description_kind":"plain","optional":true},"description":{"type":"string","description_kind":"plain","optional":true},"env":{"type":["map","string"],"description_kind":"plain","deprecated":true,"optional":true},"id":{"type":"string","description_kind":"plain","optional":true,"computed":true},"name":{"type":"string","description_kind":"plain","required":true},"repository":{"type":"string","description_kind":"plain","required":true},"slug":{"type":"string","description_kind":"plain","computed":true},"url":{"type":"string","description_kind":"plain","computed":true},"web_url":{"type":"string","description_kind":"plain","computed":true},"webhook_url":{"type":"string","description_kind":"plain","computed":true}},"block_types":{"bitbucket_settings":{"nesting_mode":"list","block":{"attributes":{"build_pull_requests":{"type":"bool","description_kind":"plain","optional":true},"build_tags":{"type":"bool","description_kind":"plain","optional":true},"prefix_pull_request_fork_branch_names":{"type":"bool","description_kind":"plain","optional":true},"publish_commit_status":{"type":"bool","description_kind":"plain","optional":true},"publish_commit_status_per_step":{"type":"bool","description_kind":"plain","optional":true},"pull_request_branch_filter_configuration":{"type":"string","description_kind":"plain","optional":true},"pull_request_branch_filter_enabled":{"type":"bool","description_kind":"plain","optional":true},"skip_pull_request_builds_for_existing_commits":{"type":"bool","description_kind":"plain","optional":true},"trigger_mode":{"type":"string","description_kind":"plain","optional":true}},"description_kind":"plain"},"max_items":1},"github_settings":{"nesting_mode":"list","block":{"attributes":{"build_pull_request_forks":{"type":"bool","description_kind":"plain","optional":true},"build_pull_requests":{"type":"bool","description_kind":"plain","optional":true},"build_tags":{"type":"bool","description_kind":"plain","optional":true},"filter_enabled":{"type":"bool","description_kind":"plain","optional":true},"prefix_pull_request_fork_branch_names":{"type":"bool","description_kind":"plain","optional":true},"publish_blocked_as_pending":{"type":"bool","description_kind":"plain","optional":true},"publish_commit_status":{"type":"bool","description_kind":"plain","optional":true},"publish_commit_status_per_step":{"type":"bool","description_kind":"plain","optional":true},"pull_request_branch_filter_configuration":{"type":"string","description_kind":"plain","optional":true},"pull_request_branch_filter_enabled":{"type":"bool","description_kind":"plain","optional":true},"separate_pull_request_statuses":{"type":"bool","description_kind":"plain","optional":true},"skip_pull_request_builds_for_existing_commits":{"type":"bool","description_kind":"plain","optional":true},"trigger_mode":{"type":"string","description_kind":"plain","optional":true}},"description_kind":"plain"},"max_items":1},"step":{"nesting_mode":"list","block":{"attributes":{"agent_query_rules":{"type":["list","string"],"description_kind":"plain","optional":true},"artifact_paths":{"type":"string","description_kind":"plain","optional":true},"branch_configuration":{"type":"string","description_kind":"plain","optional":true},"command":{"type":"string","description_kind":"plain","optional":true},"concurrency":{"type":"number","description_kind":"plain","optional":true},"env":{"type":["map","string"],"description_kind":"plain","optional":true},"name":{"type":"string","description_kind":"plain","optional":true},"parallelism":{"type":"number","description_kind":"plain","optional":true},"timeout_in_minutes":{"type":"number","description_kind":"plain","optional":true},"type":{"type":"string","description_kind":"plain","required":true}},"description_kind":"plain","deprecated":true}}},"description_kind":"plain"}},"buildkite_pipeline_schedule":{"version":0,"block":{"attributes":{"branch":{"type":"string","description_kind":"plain","optional":true},"commit":{"type":"string","description_kind":"plain","optional":true},"created_at":{"type":"string","description_kind":"plain","computed":true},"cron_schedule":{"type":"string","description_kind":"plain","required":true},"enabled":{"type":"bool","description_kind":"plain","optional":true},"env":{"type":["map","string"],"description_kind":"plain","optional":true},"id":{"type":"string","description_kind":"plain","optional":true,"computed":true},"label":{"type":"string","description_kind":"plain","required":true},"message":{"type":"string","description_kind":"plain","optional":true},"pipeline_id":{"type":"string","description_kind":"plain","computed":true},"pipeline_slug":{"type":"string","description_kind":"plain","required":true},"schedule_id":{"type":"string","description_kind":"plain","computed":true}},"description_kind":"plain"}},"buildkite_team":{"version":0,"block":{"attributes":{"created_at":{"type":"string","description_kind":"plain","computed":true},"default_member_role":{"type":"string","description_kind":"plain","optional":true},"description":{"type":"string","description_kind":"plain","optional":true},"id":{"type":"string","description_kind":"plain","optional":true,"computed":true},"is_default_team":{"type":"bool","description_kind":"plain","optional":true},"name":{"type":"string","description_kind":"plain","required":true},"privacy":{"type":"string","description_kind":"plain","optional":true},"slug":{"type":"string","description_kind":"plain","optional":true,"computed":true},"team_id":{"type":"string","description_kind":"plain","computed":true},"uuid":{"type":"string","description_kind":"plain","computed":true}},"description_kind":"plain"}},"buildkite_team_member":{"version":0,"block":{"attributes":{"created_at":{"type":"string","description_kind":"plain","computed":true},"id":{"type":"string","description_kind":"plain","optional":true,"computed":true},"role":{"type":"string","description_kind":"plain","optional":true},"team_id":{"type":"string","description_kind":"plain","required":true},"user_id":{"type":"string","description_kind":"plain","required":true},"uuid":{"type":"string","description_kind":"plain","computed":true}},"description_kind":"plain"}},"buildkite_team_pipeline":{"version":0,"block":{"attributes":{"access_level":{"type":"string","description_kind":"plain","optional":true},"created_at":{"type":"string","description_kind":"plain","computed":true},"id":{"type":"string","description_kind":"plain","optional":true,"computed":true},"pipeline_id":{"type":"string","description_kind":"plain","computed":true},"pipeline_slug":{"type":"string","description_kind":"plain","required":true},"team_id":{"type":"string","description_kind":"plain","required":true},"uuid":{"type":"string","description_kind":"plain","computed":true}},"description_kind":"plain"}}},"data_source_schemas":{"buildkite_org_members":{"version":0,"block":{"attributes":{"id":{"type":"string","description_kind":"plain","optional":true,"computed":true},"members":{"type":["list",["object",{"created_at":"string","member_id":"string","role":"string","user_email":"string","user_id":"string","user_name":"string","uuid":"string"}]],"description_kind":"plain","computed":true}},"description_kind":"plain"}}}}}}
