{"format_version":"0.2","provider_schemas":{"registry.terraform.io/tinkerbell/tinkerbell":{"provider":{"version":0,"block":{"attributes":{"cert_url":{"type":"string","description":"Equivalent of TINKERBELL_CERT_URL environment variable.","description_kind":"plain","optional":true},"grpc_authority":{"type":"string","description":"Equivalent of TINKERBELL_GRPC_AUTHORITY environment variable.","description_kind":"plain","optional":true}},"description_kind":"plain"}},"resource_schemas":{"tinkerbell_hardware":{"version":0,"block":{"attributes":{"data":{"type":"string","description_kind":"plain","required":true},"id":{"type":"string","description_kind":"plain","optional":true,"computed":true}},"description_kind":"plain"}},"tinkerbell_template":{"version":0,"block":{"attributes":{"content":{"type":"string","description_kind":"plain","required":true},"id":{"type":"string","description_kind":"plain","optional":true,"computed":true},"name":{"type":"string","description_kind":"plain","required":true}},"description_kind":"plain"}},"tinkerbell_workflow":{"version":0,"block":{"attributes":{"hardwares":{"type":"string","description_kind":"plain","required":true},"id":{"type":"string","description_kind":"plain","optional":true,"computed":true},"template":{"type":"string","description_kind":"plain","required":true}},"description_kind":"plain"}}}}}}
