{"format_version":"0.2","provider_schemas":{"registry.terraform.io/tle06/netbox":{"provider":{"version":0,"block":{"attributes":{"host":{"type":"string","description_kind":"plain","required":true},"token":{"type":"string","description_kind":"plain","optional":true}},"description_kind":"plain"}},"resource_schemas":{"netbox_circuits_circuit":{"version":0,"block":{"attributes":{"cid":{"type":"string","description_kind":"plain","required":true},"comments":{"type":"string","description_kind":"plain","optional":true},"commit_rate":{"type":"number","description_kind":"plain","optional":true},"custom_fields":{"type":["map","string"],"description_kind":"plain","optional":true},"description":{"type":"string","description_kind":"plain","optional":true},"id":{"type":"string","description_kind":"plain","optional":true,"computed":true},"install_date":{"type":"string","description_kind":"plain","optional":true},"provider_id":{"type":"number","description_kind":"plain","required":true},"status":{"type":"string","description_kind":"plain","optional":true},"tenant_id":{"type":"number","description_kind":"plain","optional":true},"type_id":{"type":"number","description_kind":"plain","required":true}},"block_types":{"tags":{"nesting_mode":"list","block":{"attributes":{"color":{"type":"string","description_kind":"plain","computed":true},"id":{"type":"number","description_kind":"plain","computed":true},"name":{"type":"string","description_kind":"plain","optional":true,"computed":true},"slug":{"type":"string","description_kind":"plain","optional":true,"computed":true}},"description_kind":"plain"}}},"description_kind":"plain"}},"netbox_circuits_provider":{"version":0,"block":{"attributes":{"account":{"type":"string","description_kind":"plain","optional":true},"admin_contact":{"type":"string","description_kind":"plain","optional":true},"asn":{"type":"number","description_kind":"plain","optional":true},"comments":{"type":"string","description_kind":"plain","optional":true},"custom_fields":{"type":["map","string"],"description_kind":"plain","optional":true},"id":{"type":"string","description_kind":"plain","optional":true,"computed":true},"name":{"type":"string","description_kind":"plain","required":true},"noc_contact":{"type":"string","description_kind":"plain","optional":true},"portal_url":{"type":"string","description_kind":"plain","optional":true},"slug":{"type":"string","description_kind":"plain","required":true}},"block_types":{"tags":{"nesting_mode":"list","block":{"attributes":{"color":{"type":"string","description_kind":"plain","computed":true},"id":{"type":"number","description_kind":"plain","computed":true},"name":{"type":"string","description_kind":"plain","optional":true,"computed":true},"slug":{"type":"string","description_kind":"plain","optional":true,"computed":true}},"description_kind":"plain"}}},"description_kind":"plain"}},"netbox_dcim_device":{"version":0,"block":{"attributes":{"asset_tag":{"type":"string","description_kind":"plain","optional":true},"cluster_id":{"type":"number","description_kind":"plain","optional":true},"comments":{"type":"string","description_kind":"plain","optional":true},"custom_fields":{"type":["map","string"],"description_kind":"plain","optional":true},"device_role_id":{"type":"number","description_kind":"plain","required":true},"device_type_id":{"type":"number","description_kind":"plain","required":true},"face":{"type":"string","description_kind":"plain","optional":true},"id":{"type":"string","description_kind":"plain","optional":true,"computed":true},"name":{"type":"string","description_kind":"plain","optional":true},"parent_device_id":{"type":"number","description_kind":"plain","optional":true},"platform_id":{"type":"number","description_kind":"plain","optional":true},"position_id":{"type":"number","description_kind":"plain","optional":true},"primary_ip":{"type":"string","description_kind":"plain","optional":true},"primary_ip4_id":{"type":"number","description_kind":"plain","optional":true},"primary_ip6_id":{"type":"number","description_kind":"plain","optional":true},"rack_id":{"type":"number","description_kind":"plain","optional":true},"serial":{"type":"string","description_kind":"plain","optional":true},"site_id":{"type":"number","description_kind":"plain","required":true},"status":{"type":"string","description_kind":"plain","optional":true},"tenant_id":{"type":"number","description_kind":"plain","optional":true},"vc_position_id":{"type":"number","description_kind":"plain","optional":true},"vc_priority_id":{"type":"number","description_kind":"plain","optional":true},"virtual_chassis_id":{"type":"number","description_kind":"plain","optional":true}},"block_types":{"tags":{"nesting_mode":"list","block":{"attributes":{"color":{"type":"string","description_kind":"plain","computed":true},"id":{"type":"number","description_kind":"plain","computed":true},"name":{"type":"string","description_kind":"plain","optional":true,"computed":true},"slug":{"type":"string","description_kind":"plain","optional":true,"computed":true}},"description_kind":"plain"}}},"description_kind":"plain"}},"netbox_dcim_interface":{"version":0,"block":{"attributes":{"connection_status":{"type":"bool","description_kind":"plain","optional":true},"description":{"type":"string","description_kind":"plain","optional":true},"device_id":{"type":"number","description_kind":"plain","required":true},"enabled":{"type":"bool","description_kind":"plain","optional":true},"id":{"type":"string","description_kind":"plain","optional":true,"computed":true},"label":{"type":"string","description_kind":"plain","optional":true},"mac_address":{"type":"string","description_kind":"plain","optional":true},"management_only":{"type":"bool","description_kind":"plain","optional":true},"mode":{"type":"string","description_kind":"plain","optional":true},"mtu":{"type":"number","description_kind":"plain","optional":true},"name":{"type":"string","description_kind":"plain","required":true},"tagged_vlan":{"type":["list","number"],"description_kind":"plain","optional":true},"type":{"type":"string","description_kind":"plain","required":true},"untagged_vlan_id":{"type":"number","description_kind":"plain","optional":true}},"block_types":{"tags":{"nesting_mode":"list","block":{"attributes":{"color":{"type":"string","description_kind":"plain","computed":true},"id":{"type":"number","description_kind":"plain","computed":true},"name":{"type":"string","description_kind":"plain","optional":true,"computed":true},"slug":{"type":"string","description_kind":"plain","optional":true,"computed":true}},"description_kind":"plain"}}},"description_kind":"plain"}},"netbox_dcim_rack":{"version":0,"block":{"attributes":{"asset_tag":{"type":"string","description_kind":"plain","optional":true},"comments":{"type":"string","description_kind":"plain","optional":true},"custom_fields":{"type":["map","string"],"description_kind":"plain","optional":true},"desc_units":{"type":"bool","description_kind":"plain","optional":true},"facility":{"type":"string","description_kind":"plain","optional":true},"id":{"type":"string","description_kind":"plain","optional":true,"computed":true},"name":{"type":"string","description_kind":"plain","required":true},"outer_depth":{"type":"number","description_kind":"plain","optional":true},"outer_unit":{"type":"string","description_kind":"plain","optional":true},"outer_width":{"type":"number","description_kind":"plain","optional":true},"role_id":{"type":"number","description_kind":"plain","optional":true},"serial":{"type":"string","description_kind":"plain","optional":true},"site_id":{"type":"number","description_kind":"plain","required":true},"status":{"type":"string","description_kind":"plain","optional":true},"tenant_id":{"type":"number","description_kind":"plain","optional":true},"type":{"type":"string","description_kind":"plain","optional":true},"u_height":{"type":"number","description_kind":"plain","optional":true},"width":{"type":"number","description_kind":"plain","optional":true}},"block_types":{"tags":{"nesting_mode":"list","block":{"attributes":{"color":{"type":"string","description_kind":"plain","computed":true},"id":{"type":"number","description_kind":"plain","computed":true},"name":{"type":"string","description_kind":"plain","optional":true,"computed":true},"slug":{"type":"string","description_kind":"plain","optional":true,"computed":true}},"description_kind":"plain"}}},"description_kind":"plain"}},"netbox_dcim_region":{"version":0,"block":{"attributes":{"description":{"type":"string","description_kind":"plain","optional":true},"id":{"type":"string","description_kind":"plain","optional":true,"computed":true},"name":{"type":"string","description_kind":"plain","required":true},"parent_id":{"type":"number","description_kind":"plain","optional":true},"slug":{"type":"string","description_kind":"plain","required":true}},"description_kind":"plain"}},"netbox_dcim_site":{"version":0,"block":{"attributes":{"asn_id":{"type":"number","description_kind":"plain","optional":true},"comments":{"type":"string","description_kind":"plain","optional":true},"contact_email":{"type":"string","description_kind":"plain","optional":true},"contact_name":{"type":"string","description_kind":"plain","optional":true},"contact_phone":{"type":"string","description_kind":"plain","optional":true},"custom_fields":{"type":["map","string"],"description_kind":"plain","optional":true},"description":{"type":"string","description_kind":"plain","optional":true},"facility":{"type":"string","description_kind":"plain","optional":true},"id":{"type":"string","description_kind":"plain","optional":true,"computed":true},"latitude":{"type":"string","description_kind":"plain","optional":true},"longitude":{"type":"string","description_kind":"plain","optional":true},"name":{"type":"string","description_kind":"plain","required":true},"physical_address":{"type":"string","description_kind":"plain","optional":true},"region_id":{"type":"number","description_kind":"plain","optional":true},"shipping_address":{"type":"string","description_kind":"plain","optional":true},"slug":{"type":"string","description_kind":"plain","required":true},"status":{"type":"string","description_kind":"plain","optional":true},"tenant_id":{"type":"number","description_kind":"plain","optional":true},"time_zone":{"type":"string","description_kind":"plain","optional":true}},"block_types":{"tags":{"nesting_mode":"list","block":{"attributes":{"color":{"type":"string","description_kind":"plain","computed":true},"id":{"type":"number","description_kind":"plain","computed":true},"name":{"type":"string","description_kind":"plain","optional":true,"computed":true},"slug":{"type":"string","description_kind":"plain","optional":true,"computed":true}},"description_kind":"plain"}}},"description_kind":"plain"}},"netbox_extras_tag":{"version":0,"block":{"attributes":{"color":{"type":"string","description_kind":"plain","optional":true,"computed":true},"description":{"type":"string","description_kind":"plain","optional":true,"computed":true},"id":{"type":"string","description_kind":"plain","optional":true,"computed":true},"name":{"type":"string","description_kind":"plain","required":true},"slug":{"type":"string","description_kind":"plain","required":true}},"description_kind":"plain"}},"netbox_ipam_aggregates":{"version":0,"block":{"attributes":{"family":{"type":"string","description_kind":"plain","computed":true},"id":{"type":"string","description_kind":"plain","optional":true,"computed":true},"prefix":{"type":"string","description_kind":"plain","required":true},"rir_id":{"type":"number","description_kind":"plain","optional":true}},"description_kind":"plain"}},"netbox_ipam_available_prefix":{"version":0,"block":{"attributes":{"family":{"type":"number","description_kind":"plain","computed":true},"id":{"type":"string","description_kind":"plain","optional":true,"computed":true},"prefix":{"type":"string","description_kind":"plain","computed":true},"prefix_id":{"type":"number","description_kind":"plain","required":true},"prefix_length":{"type":"number","description_kind":"plain","required":true}},"description_kind":"plain"}},"netbox_ipam_ipaddress":{"version":0,"block":{"attributes":{"address":{"type":"string","description_kind":"plain","required":true},"assigned_object_id":{"type":"number","description_kind":"plain","optional":true},"assigned_object_type":{"type":"string","description_kind":"plain","optional":true},"custom_fields":{"type":["map","string"],"description_kind":"plain","optional":true},"description":{"type":"string","description_kind":"plain","optional":true},"dns_name":{"type":"string","description_kind":"plain","optional":true},"id":{"type":"string","description_kind":"plain","optional":true,"computed":true},"nat_outside_id":{"type":"number","description_kind":"plain","optional":true},"role":{"type":"string","description_kind":"plain","optional":true},"status":{"type":"string","description_kind":"plain","optional":true},"tenant_id":{"type":"number","description_kind":"plain","optional":true},"vrf_id":{"type":"number","description_kind":"plain","optional":true}},"block_types":{"tags":{"nesting_mode":"list","block":{"attributes":{"color":{"type":"string","description_kind":"plain","computed":true},"id":{"type":"number","description_kind":"plain","computed":true},"name":{"type":"string","description_kind":"plain","optional":true,"computed":true},"slug":{"type":"string","description_kind":"plain","optional":true,"computed":true}},"description_kind":"plain"}}},"description_kind":"plain"}},"netbox_ipam_prefix":{"version":0,"block":{"attributes":{"custom_fields":{"type":["map","string"],"description_kind":"plain","optional":true},"description":{"type":"string","description_kind":"plain","optional":true},"family":{"type":"string","description_kind":"plain","computed":true},"id":{"type":"string","description_kind":"plain","optional":true,"computed":true},"is_pool":{"type":"bool","description_kind":"plain","optional":true},"prefix":{"type":"string","description_kind":"plain","required":true},"role_id":{"type":"number","description_kind":"plain","optional":true},"site_id":{"type":"number","description_kind":"plain","optional":true},"status":{"type":"string","description_kind":"plain","optional":true},"tenant_id":{"type":"number","description_kind":"plain","optional":true},"vlan_id":{"type":"number","description_kind":"plain","optional":true},"vrf_id":{"type":"number","description_kind":"plain","optional":true}},"block_types":{"tags":{"nesting_mode":"list","block":{"attributes":{"color":{"type":"string","description_kind":"plain","computed":true},"id":{"type":"number","description_kind":"plain","computed":true},"name":{"type":"string","description_kind":"plain","optional":true,"computed":true},"slug":{"type":"string","description_kind":"plain","optional":true,"computed":true}},"description_kind":"plain"}}},"description_kind":"plain"}},"netbox_ipam_rir":{"version":0,"block":{"attributes":{"id":{"type":"string","description_kind":"plain","optional":true,"computed":true},"name":{"type":"string","description_kind":"plain","required":true},"slug":{"type":"string","description_kind":"plain","required":true}},"description_kind":"plain"}},"netbox_ipam_vlan":{"version":0,"block":{"attributes":{"description":{"type":"string","description_kind":"plain","optional":true},"id":{"type":"string","description_kind":"plain","optional":true,"computed":true},"name":{"type":"string","description_kind":"plain","required":true},"role_id":{"type":"number","description_kind":"plain","optional":true},"site_id":{"type":"number","description_kind":"plain","optional":true},"status":{"type":"string","description_kind":"plain","optional":true},"tenant_id":{"type":"number","description_kind":"plain","optional":true},"vid":{"type":"number","description_kind":"plain","optional":true}},"block_types":{"tags":{"nesting_mode":"list","block":{"attributes":{"color":{"type":"string","description_kind":"plain","computed":true},"id":{"type":"number","description_kind":"plain","computed":true},"name":{"type":"string","description_kind":"plain","optional":true,"computed":true},"slug":{"type":"string","description_kind":"plain","optional":true,"computed":true}},"description_kind":"plain"}}},"description_kind":"plain"}},"netbox_ipam_vrf":{"version":0,"block":{"attributes":{"custom_fields":{"type":["map","string"],"description_kind":"plain","optional":true},"description":{"type":"string","description_kind":"plain","optional":true},"enforce_unique":{"type":"bool","description_kind":"plain","optional":true},"id":{"type":"string","description_kind":"plain","optional":true,"computed":true},"name":{"type":"string","description_kind":"plain","required":true},"rd":{"type":"string","description_kind":"plain","optional":true},"tenant_id":{"type":"number","description_kind":"plain","optional":true}},"block_types":{"tags":{"nesting_mode":"list","block":{"attributes":{"color":{"type":"string","description_kind":"plain","computed":true},"id":{"type":"number","description_kind":"plain","computed":true},"name":{"type":"string","description_kind":"plain","optional":true,"computed":true},"slug":{"type":"string","description_kind":"plain","optional":true,"computed":true}},"description_kind":"plain"}}},"description_kind":"plain"}},"netbox_tenancy_tenant":{"version":0,"block":{"attributes":{"comments":{"type":"string","description_kind":"plain","optional":true},"custom_fields":{"type":["map","string"],"description_kind":"plain","optional":true},"description":{"type":"string","description_kind":"plain","optional":true},"group_id":{"type":"number","description_kind":"plain","optional":true},"id":{"type":"string","description_kind":"plain","optional":true,"computed":true},"name":{"type":"string","description_kind":"plain","required":true},"slug":{"type":"string","description_kind":"plain","required":true}},"block_types":{"tags":{"nesting_mode":"list","block":{"attributes":{"color":{"type":"string","description_kind":"plain","computed":true},"id":{"type":"number","description_kind":"plain","computed":true},"name":{"type":"string","description_kind":"plain","optional":true,"computed":true},"slug":{"type":"string","description_kind":"plain","optional":true,"computed":true}},"description_kind":"plain"}}},"description_kind":"plain"}}},"data_source_schemas":{"netbox_ipam_aggregates":{"version":0,"block":{"attributes":{"family":{"type":"number","description_kind":"plain","optional":true},"id":{"type":"string","description_kind":"plain","optional":true,"computed":true},"prefix":{"type":"string","description_kind":"plain","optional":true},"results":{"type":["list",["object",{"description":"string","family":["list",["object",{"label":"string","value":"number"}]],"id":"number","prefix":"string"}]],"description_kind":"plain","computed":true}},"description_kind":"plain"}},"netbox_ipam_available_prefixes":{"version":0,"block":{"attributes":{"id":{"type":"string","description_kind":"plain","optional":true,"computed":true},"prefix_id":{"type":"number","description_kind":"plain","required":true},"prefixes":{"type":["list",["object",{"family":"number","prefix":"string","vrf":["list",["object",{"id":"number","name":"string","rd":"string"}]]}]],"description_kind":"plain","computed":true}},"description_kind":"plain"}},"netbox_ipam_prefix":{"version":0,"block":{"attributes":{"custom_fields":{"type":["map","string"],"description_kind":"plain","computed":true},"description":{"type":"string","description_kind":"plain","computed":true},"family":{"type":["list",["object",{"label":"string","value":"number"}]],"description_kind":"plain","computed":true},"id":{"type":"string","description_kind":"plain","optional":true,"computed":true},"is_pool":{"type":"bool","description_kind":"plain","computed":true},"prefix":{"type":"string","description_kind":"plain","computed":true},"prefix_id":{"type":"number","description_kind":"plain","required":true},"role":{"type":["list",["object",{"id":"number","name":"string","slug":"string"}]],"description_kind":"plain","computed":true},"site":{"type":["list",["object",{"id":"number","name":"string","slug":"string"}]],"description_kind":"plain","computed":true},"status":{"type":["list",["object",{"label":"string","value":"string"}]],"description_kind":"plain","computed":true},"tags":{"type":["list",["object",{"color":"string","id":"string","name":"string","slug":"string"}]],"description_kind":"plain","computed":true},"tenant":{"type":["list",["object",{"id":"number","name":"string","slug":"string"}]],"description_kind":"plain","computed":true},"vlan":{"type":["list",["object",{"display_name":"string","id":"number","name":"string","vid":"number"}]],"description_kind":"plain","computed":true},"vrf":{"type":["list",["object",{"id":"number","name":"string","rd":"string"}]],"description_kind":"plain","computed":true}},"description_kind":"plain"}},"netbox_ipam_prefixes":{"version":0,"block":{"attributes":{"contains":{"type":"string","description_kind":"plain","optional":true},"family":{"type":"number","description_kind":"plain","optional":true},"id":{"type":"string","description_kind":"plain","optional":true,"computed":true},"mask_length":{"type":"number","description_kind":"plain","optional":true},"prefix":{"type":"string","description_kind":"plain","optional":true},"region":{"type":"string","description_kind":"plain","optional":true},"results":{"type":["list",["object",{"custom_fields":["map","string"],"description":"string","family":["list",["object",{"label":"string","value":"number"}]],"id":"number","is_pool":"bool","prefix":"string","role":["list",["object",{"id":"number","name":"string","slug":"string"}]],"site":["list",["object",{"id":"number","name":"string","slug":"string"}]],"status":["list",["object",{"label":"string","value":"string"}]],"tags":["list",["object",{"color":"string","id":"string","name":"string","slug":"string"}]],"tenant":["list",["object",{"id":"number","name":"string","slug":"string"}]],"vlan":["list",["object",{"display_name":"string","id":"number","name":"string","vid":"number"}]],"vrf":["list",["object",{"id":"number","name":"string","rd":"string"}]]}]],"description_kind":"plain","computed":true},"role":{"type":"string","description_kind":"plain","optional":true},"site":{"type":"string","description_kind":"plain","optional":true},"status":{"type":"string","description_kind":"plain","optional":true},"tag":{"type":"string","description_kind":"plain","optional":true},"tenant":{"type":"string","description_kind":"plain","optional":true},"vrf_id":{"type":"string","description_kind":"plain","optional":true},"within":{"type":"string","description_kind":"plain","optional":true},"within_include":{"type":"string","description_kind":"plain","optional":true}},"description_kind":"plain"}}}}}}
