{"format_version":"0.2","provider_schemas":{"registry.terraform.io/tomjohnburton/kamatera":{"provider":{"version":0,"block":{"attributes":{"api_client_id":{"type":"string","description":"Kamatera API Client ID","description_kind":"plain","required":true},"api_secret":{"type":"string","description":"Kamatera API Secret","description_kind":"plain","required":true},"api_url":{"type":"string","description":"Kamatera API Url","description_kind":"plain","optional":true}},"description_kind":"plain"}},"resource_schemas":{"kamatera_server":{"version":0,"block":{"attributes":{"attached_networks":{"type":["list",["object",{"ips":["list","string"],"network":"string"}]],"description_kind":"plain","computed":true},"daily_backup":{"type":"bool","description_kind":"plain","optional":true},"generated_password":{"type":"string","description_kind":"plain","computed":true,"sensitive":true},"id":{"type":"string","description_kind":"plain","optional":true,"computed":true},"image_id":{"type":"string","description_kind":"plain","required":true},"internal_server_id":{"type":"string","description_kind":"plain","computed":true},"managed":{"type":"bool","description_kind":"plain","optional":true},"name":{"type":"string","description_kind":"plain","required":true},"password":{"type":"string","description_kind":"plain","optional":true,"sensitive":true},"power_on":{"type":"bool","description_kind":"plain","optional":true},"price_hourly_off":{"type":"string","description_kind":"plain","computed":true},"price_hourly_on":{"type":"string","description_kind":"plain","computed":true},"price_monthly_on":{"type":"string","description_kind":"plain","computed":true},"private_ips":{"type":["list","string"],"description_kind":"plain","computed":true},"public_ips":{"type":["list","string"],"description_kind":"plain","computed":true},"server_options_id":{"type":"string","description_kind":"plain","required":true},"ssh_pubkey":{"type":"string","description_kind":"plain","optional":true}},"block_types":{"network":{"nesting_mode":"list","block":{"attributes":{"ip":{"type":"string","description_kind":"plain","optional":true},"name":{"type":"string","description_kind":"plain","required":true}},"description_kind":"plain"},"max_items":4}},"description_kind":"plain"}}},"data_source_schemas":{"kamatera_datacenter":{"version":0,"block":{"attributes":{"country":{"type":"string","description_kind":"plain","optional":true},"id":{"type":"string","description_kind":"plain","optional":true},"name":{"type":"string","description_kind":"plain","optional":true}},"description_kind":"plain"}},"kamatera_image":{"version":0,"block":{"attributes":{"code":{"type":"string","description_kind":"plain","optional":true},"datacenter_id":{"type":"string","description_kind":"plain","required":true},"id":{"type":"string","description_kind":"plain","optional":true},"os":{"type":"string","description_kind":"plain","optional":true}},"description_kind":"plain"}},"kamatera_server_options":{"version":0,"block":{"attributes":{"billing_cycle":{"type":"string","description_kind":"plain","optional":true},"cpu_cores":{"type":"number","description_kind":"plain","optional":true},"cpu_type":{"type":"string","description_kind":"plain","optional":true},"datacenter_id":{"type":"string","description_kind":"plain","required":true},"disk_size_gb":{"type":"number","description_kind":"plain","optional":true},"extra_disk_sizes_gb":{"type":["list","number"],"description_kind":"plain","optional":true},"id":{"type":"string","description_kind":"plain","optional":true,"computed":true},"monthly_traffic_package":{"type":"string","description_kind":"plain","optional":true},"ram_mb":{"type":"number","description_kind":"plain","optional":true}},"description_kind":"plain"}}}}}}
