{"format_version":"0.2","provider_schemas":{"registry.terraform.io/toowoxx/packer":{"provider":{"version":0,"block":{"attributes":{"dummy":{"type":"string","description_kind":"plain","optional":true,"computed":true}},"description_kind":"plain"}},"resource_schemas":{"packer_image":{"version":0,"block":{"attributes":{"additional_params":{"type":["set","string"],"description":"Additional parameters to pass to Packer","description_kind":"plain","optional":true},"build_uuid":{"type":"string","description":"UUID that is updated whenever the build has finished. This allows detecting changes.","description_kind":"plain","computed":true},"directory":{"type":"string","description":"Working directory to run Packer inside. Default is cwd.","description_kind":"plain","optional":true},"environment":{"type":["map","string"],"description":"Environment variables","description_kind":"plain","optional":true},"file":{"type":"string","description":"Packer file to use for building","description_kind":"plain","optional":true},"force":{"type":"bool","description":"Force overwriting existing images","description_kind":"plain","optional":true},"id":{"type":"string","description_kind":"plain","computed":true},"triggers":{"type":["map","string"],"description":"Values that, when changed, trigger an update of this resource","description_kind":"plain","optional":true},"variables":{"type":["map","string"],"description":"Variables to pass to Packer","description_kind":"plain","optional":true}},"description_kind":"plain"}}},"data_source_schemas":{"packer_files":{"version":0,"block":{"attributes":{"directory":{"type":"string","description":"Directory to run packer in. Defaults to cwd.","description_kind":"plain","optional":true},"file":{"type":"string","description":"Packer file to use for building","description_kind":"plain","optional":true},"file_dependencies":{"type":["set","string"],"description":"Files that should be depended on so that the resource is updated when these files change","description_kind":"plain","optional":true},"files_hash":{"type":"string","description":"Hash of the files provided. Used for updates.","description_kind":"plain","computed":true}},"description":"Specify files to detect changes. By default, the current directory will be used.","description_kind":"plain"}},"packer_version":{"version":0,"block":{"attributes":{"version":{"type":"string","description":"Version of installed Packer","description_kind":"plain","computed":true}},"description_kind":"plain"}}}}}}
