{"format_version":"0.2","provider_schemas":{"registry.terraform.io/tpretz/zabbix":{"provider":{"version":0,"block":{"attributes":{"password":{"type":"string","description":"Zabbix API password","description_kind":"plain","required":true},"serialize":{"type":"bool","description":"Serialize API requests, if required due to API race conditions","description_kind":"plain","optional":true},"tls_insecure":{"type":"bool","description":"Disable TLS certificate checking (for testing use only)","description_kind":"plain","optional":true},"url":{"type":"string","description":"Zabbix API url","description_kind":"plain","required":true},"username":{"type":"string","description":"Zabbix API username","description_kind":"plain","required":true}},"description_kind":"plain"}},"resource_schemas":{"zabbix_application":{"version":0,"block":{"attributes":{"hostid":{"type":"string","description":"Host ID","description_kind":"plain","required":true},"id":{"type":"string","description_kind":"plain","optional":true,"computed":true},"name":{"type":"string","description":"Application Name","description_kind":"plain","required":true}},"description_kind":"plain"}},"zabbix_graph":{"version":0,"block":{"attributes":{"do3d":{"type":"bool","description":"Show 3d graph","description_kind":"plain","optional":true},"height":{"type":"string","description":"Height","description_kind":"plain","required":true},"id":{"type":"string","description_kind":"plain","optional":true,"computed":true},"legend":{"type":"bool","description":"Show legend","description_kind":"plain","optional":true},"name":{"type":"string","description":"Graph Name","description_kind":"plain","required":true},"percent_left":{"type":"string","description":"Left percentile","description_kind":"plain","optional":true},"percent_right":{"type":"string","description":"Right percentile","description_kind":"plain","optional":true},"type":{"type":"string","description":"Type, one of: pie, exploded, normal, stacked","description_kind":"plain","optional":true},"width":{"type":"string","description":"Width","description_kind":"plain","required":true},"work_period":{"type":"bool","description":"Show work period","description_kind":"plain","optional":true},"ymax":{"type":"string","description":"Y Axis Max","description_kind":"plain","optional":true},"ymax_itemid":{"type":"string","description":"Y Axis Max ItemId","description_kind":"plain","optional":true},"ymax_type":{"type":"string","description":"Y Axis Max Type, one of: calculated, fixed, item","description_kind":"plain","optional":true},"ymin":{"type":"string","description":"Y Axis Min","description_kind":"plain","optional":true},"ymin_itemid":{"type":"string","description":"Y Axis Min ItemId","description_kind":"plain","optional":true},"ymin_type":{"type":"string","description":"Y Axis Min Type, one of: calculated, fixed, item","description_kind":"plain","optional":true}},"block_types":{"item":{"nesting_mode":"list","block":{"attributes":{"color":{"type":"string","description":"color","description_kind":"plain","required":true},"drawtype":{"type":"string","description":"Draw Type, one of: line, filled, bold, dot, dashed, gradient","description_kind":"plain","optional":true},"function":{"type":"string","description":"Function, one of: min, average, max, all, last","description_kind":"plain","optional":true},"id":{"type":"string","description_kind":"plain","computed":true},"itemid":{"type":"string","description":"itemid","description_kind":"plain","required":true},"sortorder":{"type":"string","description":"sort order","description_kind":"plain","optional":true},"type":{"type":"string","description":"Type, one of: sum, simple","description_kind":"plain","optional":true},"yaxis_side":{"type":"string","description":"Y Axis Side, one of: right, left","description_kind":"plain","optional":true}},"description_kind":"plain"},"min_items":1}},"description_kind":"plain"}},"zabbix_host":{"version":0,"block":{"attributes":{"enabled":{"type":"bool","description":"Enable host for monitoring","description_kind":"plain","optional":true},"groups":{"type":["set","string"],"description":"Hostgroup IDs to associate this host with","description_kind":"plain","required":true},"host":{"type":"string","description":"FQDN of host","description_kind":"plain","required":true},"id":{"type":"string","description_kind":"plain","optional":true,"computed":true},"inventory_mode":{"type":"string","description":"Inventory Mode, one of: disabled, manual, automatic","description_kind":"plain","optional":true},"name":{"type":"string","description":"Zabbix host displayname, defaults to the value of \"host\"","description_kind":"plain","optional":true,"computed":true},"proxyid":{"type":"string","description":"ID of proxy to monitor this host","description_kind":"plain","optional":true},"templates":{"type":["set","string"],"description":"Template IDs to attach to this host","description_kind":"plain","optional":true}},"block_types":{"interface":{"nesting_mode":"list","block":{"attributes":{"dns":{"type":"string","description":"Interface DNS name","description_kind":"plain","optional":true},"id":{"type":"string","description":"Interface ID (internally generated)","description_kind":"plain","computed":true},"ip":{"type":"string","description":"Interface IP address","description_kind":"plain","optional":true},"main":{"type":"bool","description":"Primary interface of this type","description_kind":"plain","optional":true},"port":{"type":"number","description":"Destination Port","description_kind":"plain","optional":true,"computed":true},"snmp3_authpassphrase":{"type":"string","description":"Authentication Passphrase (v3 only)","description_kind":"plain","optional":true},"snmp3_authprotocol":{"type":"string","description":"Authentication Protocol (v3 only), one of: md5, sha","description_kind":"plain","optional":true},"snmp3_contextname":{"type":"string","description":"Context Name (v3 only)","description_kind":"plain","optional":true},"snmp3_privpassphrase":{"type":"string","description":"Priv Passphrase (v3 only)","description_kind":"plain","optional":true},"snmp3_privprotocol":{"type":"string","description":"Priv Protocol (v3 only), one of: des, aes","description_kind":"plain","optional":true},"snmp3_securitylevel":{"type":"string","description":"Security Level (v3 only), one of: noauthnopriv, authnopriv, authpriv","description_kind":"plain","optional":true},"snmp3_securityname":{"type":"string","description":"Security Name (v3 only)","description_kind":"plain","optional":true},"snmp_bulk":{"type":"bool","description":"SNMP Bulk","description_kind":"plain","optional":true},"snmp_community":{"type":"string","description":"HSNMP Community (v1/v2 only)","description_kind":"plain","optional":true},"snmp_version":{"type":"string","description":"SNMP Version, one of: 1, 2, 3","description_kind":"plain","optional":true},"type":{"type":"string","description":"Interface type","description_kind":"plain","optional":true}},"description_kind":"plain"},"min_items":1},"inventory":{"nesting_mode":"list","block":{"attributes":{"alias":{"type":"string","description":"Inventory alias","description_kind":"plain","optional":true},"asset_tag":{"type":"string","description":"Inventory asset_tag","description_kind":"plain","optional":true},"chassis":{"type":"string","description":"Inventory chassis","description_kind":"plain","optional":true},"contact":{"type":"string","description":"Inventory contact","description_kind":"plain","optional":true},"contract_number":{"type":"string","description":"Inventory contract_number","description_kind":"plain","optional":true},"date_hw_decomm":{"type":"string","description":"Inventory date_hw_decomm","description_kind":"plain","optional":true},"date_hw_expiry":{"type":"string","description":"Inventory date_hw_expiry","description_kind":"plain","optional":true},"date_hw_install":{"type":"string","description":"Inventory date_hw_install","description_kind":"plain","optional":true},"date_hw_purchase":{"type":"string","description":"Inventory date_hw_purchase","description_kind":"plain","optional":true},"deployment_status":{"type":"string","description":"Inventory deployment_status","description_kind":"plain","optional":true},"hardware":{"type":"string","description":"Inventory hardware","description_kind":"plain","optional":true},"hardware_full":{"type":"string","description":"Inventory hardware_full","description_kind":"plain","optional":true},"host_netmask":{"type":"string","description":"Inventory host_netmask","description_kind":"plain","optional":true},"host_networks":{"type":"string","description":"Inventory host_networks","description_kind":"plain","optional":true},"host_router":{"type":"string","description":"Inventory host_router","description_kind":"plain","optional":true},"hw_arch":{"type":"string","description":"Inventory hw_arch","description_kind":"plain","optional":true},"installer_name":{"type":"string","description":"Inventory installer_name","description_kind":"plain","optional":true},"location":{"type":"string","description":"Inventory location","description_kind":"plain","optional":true},"location_lat":{"type":"string","description":"Inventory location_lat","description_kind":"plain","optional":true},"location_lon":{"type":"string","description":"Inventory location_lon","description_kind":"plain","optional":true},"macaddress_a":{"type":"string","description":"Inventory macaddress_a","description_kind":"plain","optional":true},"macaddress_b":{"type":"string","description":"Inventory macaddress_b","description_kind":"plain","optional":true},"model":{"type":"string","description":"Inventory model","description_kind":"plain","optional":true},"name":{"type":"string","description":"Inventory name","description_kind":"plain","optional":true},"notes":{"type":"string","description":"Inventory notes","description_kind":"plain","optional":true},"oob_ip":{"type":"string","description":"Inventory oob_ip","description_kind":"plain","optional":true},"oob_netmask":{"type":"string","description":"Inventory oob_netmask","description_kind":"plain","optional":true},"oob_router":{"type":"string","description":"Inventory oob_router","description_kind":"plain","optional":true},"os":{"type":"string","description":"Inventory os","description_kind":"plain","optional":true},"os_full":{"type":"string","description":"Inventory os_full","description_kind":"plain","optional":true},"os_short":{"type":"string","description":"Inventory os_short","description_kind":"plain","optional":true},"poc_1_cell":{"type":"string","description":"Inventory poc_1_cell","description_kind":"plain","optional":true},"poc_1_email":{"type":"string","description":"Inventory poc_1_email","description_kind":"plain","optional":true},"poc_1_name":{"type":"string","description":"Inventory poc_1_name","description_kind":"plain","optional":true},"poc_1_notes":{"type":"string","description":"Inventory poc_1_notes","description_kind":"plain","optional":true},"poc_1_phone_a":{"type":"string","description":"Inventory poc_1_phone_a","description_kind":"plain","optional":true},"poc_1_phone_b":{"type":"string","description":"Inventory poc_1_phone_b","description_kind":"plain","optional":true},"poc_1_screen":{"type":"string","description":"Inventory poc_1_screen","description_kind":"plain","optional":true},"poc_2_cell":{"type":"string","description":"Inventory poc_2_cell","description_kind":"plain","optional":true},"poc_2_email":{"type":"string","description":"Inventory poc_2_email","description_kind":"plain","optional":true},"poc_2_name":{"type":"string","description":"Inventory poc_2_name","description_kind":"plain","optional":true},"poc_2_notes":{"type":"string","description":"Inventory poc_2_notes","description_kind":"plain","optional":true},"poc_2_phone_a":{"type":"string","description":"Inventory poc_2_phone_a","description_kind":"plain","optional":true},"poc_2_phone_b":{"type":"string","description":"Inventory poc_2_phone_b","description_kind":"plain","optional":true},"poc_2_screen":{"type":"string","description":"Inventory poc_2_screen","description_kind":"plain","optional":true},"serialno_a":{"type":"string","description":"Inventory serialno_a","description_kind":"plain","optional":true},"serialno_b":{"type":"string","description":"Inventory serialno_b","description_kind":"plain","optional":true},"site_address_a":{"type":"string","description":"Inventory site_address_a","description_kind":"plain","optional":true},"site_address_b":{"type":"string","description":"Inventory site_address_b","description_kind":"plain","optional":true},"site_address_c":{"type":"string","description":"Inventory site_address_c","description_kind":"plain","optional":true},"site_city":{"type":"string","description":"Inventory site_city","description_kind":"plain","optional":true},"site_country":{"type":"string","description":"Inventory site_country","description_kind":"plain","optional":true},"site_notes":{"type":"string","description":"Inventory site_notes","description_kind":"plain","optional":true},"site_rack":{"type":"string","description":"Inventory site_rack","description_kind":"plain","optional":true},"site_state":{"type":"string","description":"Inventory site_state","description_kind":"plain","optional":true},"site_zip":{"type":"string","description":"Inventory site_zip","description_kind":"plain","optional":true},"software":{"type":"string","description":"Inventory software","description_kind":"plain","optional":true},"software_app_a":{"type":"string","description":"Inventory software_app_a","description_kind":"plain","optional":true},"software_app_b":{"type":"string","description":"Inventory software_app_b","description_kind":"plain","optional":true},"software_app_c":{"type":"string","description":"Inventory software_app_c","description_kind":"plain","optional":true},"software_app_d":{"type":"string","description":"Inventory software_app_d","description_kind":"plain","optional":true},"software_app_e":{"type":"string","description":"Inventory software_app_e","description_kind":"plain","optional":true},"software_full":{"type":"string","description":"Inventory software_full","description_kind":"plain","optional":true},"tag":{"type":"string","description":"Inventory tag","description_kind":"plain","optional":true},"type":{"type":"string","description":"Inventory type","description_kind":"plain","optional":true},"type_full":{"type":"string","description":"Inventory type_full","description_kind":"plain","optional":true},"url_a":{"type":"string","description":"Inventory url_a","description_kind":"plain","optional":true},"url_b":{"type":"string","description":"Inventory url_b","description_kind":"plain","optional":true},"url_c":{"type":"string","description":"Inventory url_c","description_kind":"plain","optional":true},"vendor":{"type":"string","description":"Inventory vendor","description_kind":"plain","optional":true}},"description_kind":"plain"}},"macro":{"nesting_mode":"list","block":{"attributes":{"id":{"type":"string","description_kind":"plain","computed":true},"name":{"type":"string","description":"Macro Name (key)","description_kind":"plain","required":true},"value":{"type":"string","description":"Macro Value","description_kind":"plain","required":true}},"description_kind":"plain"}},"tag":{"nesting_mode":"set","block":{"attributes":{"key":{"type":"string","description":"Tag Key","description_kind":"plain","required":true},"value":{"type":"string","description":"Tag Value","description_kind":"plain","optional":true}},"description_kind":"plain"}}},"description_kind":"plain"}},"zabbix_hostgroup":{"version":0,"block":{"attributes":{"id":{"type":"string","description_kind":"plain","optional":true,"computed":true},"name":{"type":"string","description":"Hostgroup Name","description_kind":"plain","required":true}},"description_kind":"plain"}},"zabbix_item_agent":{"version":0,"block":{"attributes":{"active":{"type":"bool","description":"Active zabbix agent Item","description_kind":"plain","optional":true},"applications":{"type":["set","string"],"description":"Application IDs to associate this item with","description_kind":"plain","optional":true},"delay":{"type":"string","description":"Item Delay period","description_kind":"plain","optional":true},"history":{"type":"string","description":"Item History","description_kind":"plain","optional":true},"hostid":{"type":"string","description":"Host ID","description_kind":"plain","required":true},"id":{"type":"string","description_kind":"plain","optional":true,"computed":true},"interfaceid":{"type":"string","description":"Host Interface ID","description_kind":"plain","optional":true},"key":{"type":"string","description":"Item KEY","description_kind":"plain","required":true},"name":{"type":"string","description":"Item Name","description_kind":"plain","required":true},"trends":{"type":"string","description":"Item Trends","description_kind":"plain","optional":true,"computed":true},"valuetype":{"type":"string","description":"Item Value Type, one of: float, character, log, unsigned, text","description_kind":"plain","required":true}},"block_types":{"preprocessor":{"nesting_mode":"list","block":{"attributes":{"error_handler":{"type":"string","description_kind":"plain","optional":true},"error_handler_params":{"type":"string","description_kind":"plain","optional":true},"id":{"type":"string","description_kind":"plain","computed":true},"params":{"type":["list","string"],"description":"Preprocessor parameters","description_kind":"plain","optional":true},"type":{"type":"string","description":"Preprocessor type, zabbix identifier number","description_kind":"plain","required":true}},"description_kind":"plain"}},"tag":{"nesting_mode":"set","block":{"attributes":{"key":{"type":"string","description":"Tag Key","description_kind":"plain","required":true},"value":{"type":"string","description":"Tag Value","description_kind":"plain","optional":true}},"description_kind":"plain"}}},"description_kind":"plain"}},"zabbix_item_aggregate":{"version":0,"block":{"attributes":{"applications":{"type":["set","string"],"description":"Application IDs to associate this item with","description_kind":"plain","optional":true},"delay":{"type":"string","description":"Item Delay period","description_kind":"plain","optional":true},"history":{"type":"string","description":"Item History","description_kind":"plain","optional":true},"hostid":{"type":"string","description":"Host ID","description_kind":"plain","required":true},"id":{"type":"string","description_kind":"plain","optional":true,"computed":true},"key":{"type":"string","description":"Item KEY","description_kind":"plain","required":true},"name":{"type":"string","description":"Item Name","description_kind":"plain","required":true},"trends":{"type":"string","description":"Item Trends","description_kind":"plain","optional":true,"computed":true},"valuetype":{"type":"string","description":"Item Value Type, one of: float, character, log, unsigned, text","description_kind":"plain","required":true}},"block_types":{"preprocessor":{"nesting_mode":"list","block":{"attributes":{"error_handler":{"type":"string","description_kind":"plain","optional":true},"error_handler_params":{"type":"string","description_kind":"plain","optional":true},"id":{"type":"string","description_kind":"plain","computed":true},"params":{"type":["list","string"],"description":"Preprocessor parameters","description_kind":"plain","optional":true},"type":{"type":"string","description":"Preprocessor type, zabbix identifier number","description_kind":"plain","required":true}},"description_kind":"plain"}},"tag":{"nesting_mode":"set","block":{"attributes":{"key":{"type":"string","description":"Tag Key","description_kind":"plain","required":true},"value":{"type":"string","description":"Tag Value","description_kind":"plain","optional":true}},"description_kind":"plain"}}},"description_kind":"plain"}},"zabbix_item_calculated":{"version":0,"block":{"attributes":{"applications":{"type":["set","string"],"description":"Application IDs to associate this item with","description_kind":"plain","optional":true},"delay":{"type":"string","description":"Item Delay period","description_kind":"plain","optional":true},"formula":{"type":"string","description":"Formula","description_kind":"plain","required":true},"history":{"type":"string","description":"Item History","description_kind":"plain","optional":true},"hostid":{"type":"string","description":"Host ID","description_kind":"plain","required":true},"id":{"type":"string","description_kind":"plain","optional":true,"computed":true},"key":{"type":"string","description":"Item KEY","description_kind":"plain","required":true},"name":{"type":"string","description":"Item Name","description_kind":"plain","required":true},"trends":{"type":"string","description":"Item Trends","description_kind":"plain","optional":true,"computed":true},"valuetype":{"type":"string","description":"Item Value Type, one of: float, character, log, unsigned, text","description_kind":"plain","required":true}},"block_types":{"preprocessor":{"nesting_mode":"list","block":{"attributes":{"error_handler":{"type":"string","description_kind":"plain","optional":true},"error_handler_params":{"type":"string","description_kind":"plain","optional":true},"id":{"type":"string","description_kind":"plain","computed":true},"params":{"type":["list","string"],"description":"Preprocessor parameters","description_kind":"plain","optional":true},"type":{"type":"string","description":"Preprocessor type, zabbix identifier number","description_kind":"plain","required":true}},"description_kind":"plain"}},"tag":{"nesting_mode":"set","block":{"attributes":{"key":{"type":"string","description":"Tag Key","description_kind":"plain","required":true},"value":{"type":"string","description":"Tag Value","description_kind":"plain","optional":true}},"description_kind":"plain"}}},"description_kind":"plain"}},"zabbix_item_dependent":{"version":0,"block":{"attributes":{"applications":{"type":["set","string"],"description":"Application IDs to associate this item with","description_kind":"plain","optional":true},"history":{"type":"string","description":"Item History","description_kind":"plain","optional":true},"hostid":{"type":"string","description":"Host ID","description_kind":"plain","required":true},"id":{"type":"string","description_kind":"plain","optional":true,"computed":true},"key":{"type":"string","description":"Item KEY","description_kind":"plain","required":true},"master_itemid":{"type":"string","description":"Master Item ID","description_kind":"plain","required":true},"name":{"type":"string","description":"Item Name","description_kind":"plain","required":true},"trends":{"type":"string","description":"Item Trends","description_kind":"plain","optional":true,"computed":true},"valuetype":{"type":"string","description":"Item Value Type, one of: float, character, log, unsigned, text","description_kind":"plain","required":true}},"block_types":{"preprocessor":{"nesting_mode":"list","block":{"attributes":{"error_handler":{"type":"string","description_kind":"plain","optional":true},"error_handler_params":{"type":"string","description_kind":"plain","optional":true},"id":{"type":"string","description_kind":"plain","computed":true},"params":{"type":["list","string"],"description":"Preprocessor parameters","description_kind":"plain","optional":true},"type":{"type":"string","description":"Preprocessor type, zabbix identifier number","description_kind":"plain","required":true}},"description_kind":"plain"}},"tag":{"nesting_mode":"set","block":{"attributes":{"key":{"type":"string","description":"Tag Key","description_kind":"plain","required":true},"value":{"type":"string","description":"Tag Value","description_kind":"plain","optional":true}},"description_kind":"plain"}}},"description_kind":"plain"}},"zabbix_item_external":{"version":0,"block":{"attributes":{"applications":{"type":["set","string"],"description":"Application IDs to associate this item with","description_kind":"plain","optional":true},"delay":{"type":"string","description":"Item Delay period","description_kind":"plain","optional":true},"history":{"type":"string","description":"Item History","description_kind":"plain","optional":true},"hostid":{"type":"string","description":"Host ID","description_kind":"plain","required":true},"id":{"type":"string","description_kind":"plain","optional":true,"computed":true},"interfaceid":{"type":"string","description":"Host Interface ID","description_kind":"plain","optional":true},"key":{"type":"string","description":"Item KEY","description_kind":"plain","required":true},"name":{"type":"string","description":"Item Name","description_kind":"plain","required":true},"trends":{"type":"string","description":"Item Trends","description_kind":"plain","optional":true,"computed":true},"valuetype":{"type":"string","description":"Item Value Type, one of: float, character, log, unsigned, text","description_kind":"plain","required":true}},"block_types":{"preprocessor":{"nesting_mode":"list","block":{"attributes":{"error_handler":{"type":"string","description_kind":"plain","optional":true},"error_handler_params":{"type":"string","description_kind":"plain","optional":true},"id":{"type":"string","description_kind":"plain","computed":true},"params":{"type":["list","string"],"description":"Preprocessor parameters","description_kind":"plain","optional":true},"type":{"type":"string","description":"Preprocessor type, zabbix identifier number","description_kind":"plain","required":true}},"description_kind":"plain"}},"tag":{"nesting_mode":"set","block":{"attributes":{"key":{"type":"string","description":"Tag Key","description_kind":"plain","required":true},"value":{"type":"string","description":"Tag Value","description_kind":"plain","optional":true}},"description_kind":"plain"}}},"description_kind":"plain"}},"zabbix_item_http":{"version":0,"block":{"attributes":{"applications":{"type":["set","string"],"description":"Application IDs to associate this item with","description_kind":"plain","optional":true},"auth_type":{"type":"string","description":"HTTP auth type, one of: none, basic, ntlm, kerberos","description_kind":"plain","optional":true},"delay":{"type":"string","description":"Item Delay period","description_kind":"plain","optional":true},"follow_redirects":{"type":"bool","description":"follow http redirects","description_kind":"plain","optional":true},"headers":{"type":["map","string"],"description_kind":"plain","optional":true},"history":{"type":"string","description":"Item History","description_kind":"plain","optional":true},"hostid":{"type":"string","description":"Host ID","description_kind":"plain","required":true},"id":{"type":"string","description_kind":"plain","optional":true,"computed":true},"interfaceid":{"type":"string","description":"Host Interface ID","description_kind":"plain","optional":true},"key":{"type":"string","description":"Item KEY","description_kind":"plain","required":true},"name":{"type":"string","description":"Item Name","description_kind":"plain","required":true},"password":{"type":"string","description":"Authentication Password","description_kind":"plain","optional":true,"sensitive":true},"post_type":{"type":"string","description":"HTTP post type, one of: raw, json, xml","description_kind":"plain","optional":true},"posts":{"type":"string","description":"POST data to send in request","description_kind":"plain","optional":true},"proxy":{"type":"string","description":"HTTP proxy connection string","description_kind":"plain","optional":true},"request_method":{"type":"string","description":"HTTP request method, one of: head, get, post, put","description_kind":"plain","optional":true},"retrieve_mode":{"type":"string","description":"HTTP retrieve mode, one of: body, headers, both","description_kind":"plain","optional":true},"status_codes":{"type":"string","description":"http status code","description_kind":"plain","optional":true},"timeout":{"type":"string","description":"http request timeout","description_kind":"plain","optional":true},"trends":{"type":"string","description":"Item Trends","description_kind":"plain","optional":true,"computed":true},"url":{"type":"string","description":"url to probe","description_kind":"plain","required":true},"username":{"type":"string","description":"Authentication Username","description_kind":"plain","optional":true},"valuetype":{"type":"string","description":"Item Value Type, one of: float, character, log, unsigned, text","description_kind":"plain","required":true},"verify_host":{"type":"bool","description":"https verify host","description_kind":"plain","optional":true},"verify_peer":{"type":"bool","description":"https verify peer","description_kind":"plain","optional":true}},"block_types":{"preprocessor":{"nesting_mode":"list","block":{"attributes":{"error_handler":{"type":"string","description_kind":"plain","optional":true},"error_handler_params":{"type":"string","description_kind":"plain","optional":true},"id":{"type":"string","description_kind":"plain","computed":true},"params":{"type":["list","string"],"description":"Preprocessor parameters","description_kind":"plain","optional":true},"type":{"type":"string","description":"Preprocessor type, zabbix identifier number","description_kind":"plain","required":true}},"description_kind":"plain"}},"tag":{"nesting_mode":"set","block":{"attributes":{"key":{"type":"string","description":"Tag Key","description_kind":"plain","required":true},"value":{"type":"string","description":"Tag Value","description_kind":"plain","optional":true}},"description_kind":"plain"}}},"description_kind":"plain"}},"zabbix_item_internal":{"version":0,"block":{"attributes":{"applications":{"type":["set","string"],"description":"Application IDs to associate this item with","description_kind":"plain","optional":true},"delay":{"type":"string","description":"Item Delay period","description_kind":"plain","optional":true},"history":{"type":"string","description":"Item History","description_kind":"plain","optional":true},"hostid":{"type":"string","description":"Host ID","description_kind":"plain","required":true},"id":{"type":"string","description_kind":"plain","optional":true,"computed":true},"interfaceid":{"type":"string","description":"Host Interface ID","description_kind":"plain","optional":true},"key":{"type":"string","description":"Item KEY","description_kind":"plain","required":true},"name":{"type":"string","description":"Item Name","description_kind":"plain","required":true},"trends":{"type":"string","description":"Item Trends","description_kind":"plain","optional":true,"computed":true},"valuetype":{"type":"string","description":"Item Value Type, one of: float, character, log, unsigned, text","description_kind":"plain","required":true}},"block_types":{"preprocessor":{"nesting_mode":"list","block":{"attributes":{"error_handler":{"type":"string","description_kind":"plain","optional":true},"error_handler_params":{"type":"string","description_kind":"plain","optional":true},"id":{"type":"string","description_kind":"plain","computed":true},"params":{"type":["list","string"],"description":"Preprocessor parameters","description_kind":"plain","optional":true},"type":{"type":"string","description":"Preprocessor type, zabbix identifier number","description_kind":"plain","required":true}},"description_kind":"plain"}},"tag":{"nesting_mode":"set","block":{"attributes":{"key":{"type":"string","description":"Tag Key","description_kind":"plain","required":true},"value":{"type":"string","description":"Tag Value","description_kind":"plain","optional":true}},"description_kind":"plain"}}},"description_kind":"plain"}},"zabbix_item_simple":{"version":0,"block":{"attributes":{"applications":{"type":["set","string"],"description":"Application IDs to associate this item with","description_kind":"plain","optional":true},"delay":{"type":"string","description":"Item Delay period","description_kind":"plain","optional":true},"history":{"type":"string","description":"Item History","description_kind":"plain","optional":true},"hostid":{"type":"string","description":"Host ID","description_kind":"plain","required":true},"id":{"type":"string","description_kind":"plain","optional":true,"computed":true},"interfaceid":{"type":"string","description":"Host Interface ID","description_kind":"plain","optional":true},"key":{"type":"string","description":"Item KEY","description_kind":"plain","required":true},"name":{"type":"string","description":"Item Name","description_kind":"plain","required":true},"trends":{"type":"string","description":"Item Trends","description_kind":"plain","optional":true,"computed":true},"valuetype":{"type":"string","description":"Item Value Type, one of: float, character, log, unsigned, text","description_kind":"plain","required":true}},"block_types":{"preprocessor":{"nesting_mode":"list","block":{"attributes":{"error_handler":{"type":"string","description_kind":"plain","optional":true},"error_handler_params":{"type":"string","description_kind":"plain","optional":true},"id":{"type":"string","description_kind":"plain","computed":true},"params":{"type":["list","string"],"description":"Preprocessor parameters","description_kind":"plain","optional":true},"type":{"type":"string","description":"Preprocessor type, zabbix identifier number","description_kind":"plain","required":true}},"description_kind":"plain"}},"tag":{"nesting_mode":"set","block":{"attributes":{"key":{"type":"string","description":"Tag Key","description_kind":"plain","required":true},"value":{"type":"string","description":"Tag Value","description_kind":"plain","optional":true}},"description_kind":"plain"}}},"description_kind":"plain"}},"zabbix_item_snmp":{"version":0,"block":{"attributes":{"applications":{"type":["set","string"],"description":"Application IDs to associate this item with","description_kind":"plain","optional":true},"delay":{"type":"string","description":"Item Delay period","description_kind":"plain","optional":true},"history":{"type":"string","description":"Item History","description_kind":"plain","optional":true},"hostid":{"type":"string","description":"Host ID","description_kind":"plain","required":true},"id":{"type":"string","description_kind":"plain","optional":true,"computed":true},"interfaceid":{"type":"string","description":"Host Interface ID","description_kind":"plain","optional":true},"key":{"type":"string","description":"Item KEY","description_kind":"plain","required":true},"name":{"type":"string","description":"Item Name","description_kind":"plain","required":true},"snmp3_authpassphrase":{"type":"string","description":"Authentication Passphrase (v3 only)","description_kind":"plain","optional":true},"snmp3_authprotocol":{"type":"string","description":"Authentication Protocol (v3 only), one of: md5, sha","description_kind":"plain","optional":true},"snmp3_contextname":{"type":"string","description":"Context Name (v3 only)","description_kind":"plain","optional":true},"snmp3_privpassphrase":{"type":"string","description":"Priv Passphrase (v3 only)","description_kind":"plain","optional":true},"snmp3_privprotocol":{"type":"string","description":"Priv Protocol (v3 only), one of: des, aes","description_kind":"plain","optional":true},"snmp3_securitylevel":{"type":"string","description":"Security Level (v3 only), one of: noauthnopriv, authnopriv, authpriv","description_kind":"plain","optional":true},"snmp3_securityname":{"type":"string","description":"Security Name (v3 only)","description_kind":"plain","optional":true},"snmp_community":{"type":"string","description":"SNMP Community (v1/v2 only)","description_kind":"plain","optional":true},"snmp_oid":{"type":"string","description":"SNMP OID","description_kind":"plain","required":true},"snmp_version":{"type":"string","description":"SNMP Version, one of: 1, 2, 3","description_kind":"plain","optional":true},"trends":{"type":"string","description":"Item Trends","description_kind":"plain","optional":true,"computed":true},"valuetype":{"type":"string","description":"Item Value Type, one of: float, character, log, unsigned, text","description_kind":"plain","required":true}},"block_types":{"preprocessor":{"nesting_mode":"list","block":{"attributes":{"error_handler":{"type":"string","description_kind":"plain","optional":true},"error_handler_params":{"type":"string","description_kind":"plain","optional":true},"id":{"type":"string","description_kind":"plain","computed":true},"params":{"type":["list","string"],"description":"Preprocessor parameters","description_kind":"plain","optional":true},"type":{"type":"string","description":"Preprocessor type, zabbix identifier number","description_kind":"plain","required":true}},"description_kind":"plain"}},"tag":{"nesting_mode":"set","block":{"attributes":{"key":{"type":"string","description":"Tag Key","description_kind":"plain","required":true},"value":{"type":"string","description":"Tag Value","description_kind":"plain","optional":true}},"description_kind":"plain"}}},"description_kind":"plain"}},"zabbix_item_snmptrap":{"version":0,"block":{"attributes":{"applications":{"type":["set","string"],"description":"Application IDs to associate this item with","description_kind":"plain","optional":true},"history":{"type":"string","description":"Item History","description_kind":"plain","optional":true},"hostid":{"type":"string","description":"Host ID","description_kind":"plain","required":true},"id":{"type":"string","description_kind":"plain","optional":true,"computed":true},"key":{"type":"string","description":"Item KEY","description_kind":"plain","required":true},"name":{"type":"string","description":"Item Name","description_kind":"plain","required":true},"trends":{"type":"string","description":"Item Trends","description_kind":"plain","optional":true,"computed":true},"valuetype":{"type":"string","description":"Item Value Type, one of: float, character, log, unsigned, text","description_kind":"plain","required":true}},"block_types":{"preprocessor":{"nesting_mode":"list","block":{"attributes":{"error_handler":{"type":"string","description_kind":"plain","optional":true},"error_handler_params":{"type":"string","description_kind":"plain","optional":true},"id":{"type":"string","description_kind":"plain","computed":true},"params":{"type":["list","string"],"description":"Preprocessor parameters","description_kind":"plain","optional":true},"type":{"type":"string","description":"Preprocessor type, zabbix identifier number","description_kind":"plain","required":true}},"description_kind":"plain"}},"tag":{"nesting_mode":"set","block":{"attributes":{"key":{"type":"string","description":"Tag Key","description_kind":"plain","required":true},"value":{"type":"string","description":"Tag Value","description_kind":"plain","optional":true}},"description_kind":"plain"}}},"description_kind":"plain"}},"zabbix_item_trapper":{"version":0,"block":{"attributes":{"applications":{"type":["set","string"],"description":"Application IDs to associate this item with","description_kind":"plain","optional":true},"history":{"type":"string","description":"Item History","description_kind":"plain","optional":true},"hostid":{"type":"string","description":"Host ID","description_kind":"plain","required":true},"id":{"type":"string","description_kind":"plain","optional":true,"computed":true},"key":{"type":"string","description":"Item KEY","description_kind":"plain","required":true},"name":{"type":"string","description":"Item Name","description_kind":"plain","required":true},"trends":{"type":"string","description":"Item Trends","description_kind":"plain","optional":true,"computed":true},"valuetype":{"type":"string","description":"Item Value Type, one of: float, character, log, unsigned, text","description_kind":"plain","required":true}},"block_types":{"preprocessor":{"nesting_mode":"list","block":{"attributes":{"error_handler":{"type":"string","description_kind":"plain","optional":true},"error_handler_params":{"type":"string","description_kind":"plain","optional":true},"id":{"type":"string","description_kind":"plain","computed":true},"params":{"type":["list","string"],"description":"Preprocessor parameters","description_kind":"plain","optional":true},"type":{"type":"string","description":"Preprocessor type, zabbix identifier number","description_kind":"plain","required":true}},"description_kind":"plain"}},"tag":{"nesting_mode":"set","block":{"attributes":{"key":{"type":"string","description":"Tag Key","description_kind":"plain","required":true},"value":{"type":"string","description":"Tag Value","description_kind":"plain","optional":true}},"description_kind":"plain"}}},"description_kind":"plain"}},"zabbix_lld_agent":{"version":0,"block":{"attributes":{"active":{"type":"bool","description":"Active zabbix agent Item","description_kind":"plain","optional":true},"delay":{"type":"string","description":"LLD Delay period","description_kind":"plain","optional":true},"evaltype":{"type":"string","description":"EvalType, one of: andor, and, or, custom","description_kind":"plain","optional":true},"formula":{"type":"string","description":"Formula","description_kind":"plain","optional":true},"hostid":{"type":"string","description":"Host ID","description_kind":"plain","required":true},"id":{"type":"string","description_kind":"plain","optional":true,"computed":true},"interfaceid":{"type":"string","description":"Host Interface ID","description_kind":"plain","optional":true},"key":{"type":"string","description":"LLD KEY","description_kind":"plain","required":true},"lifetime":{"type":"string","description":"LLD Stale Item Lifetime","description_kind":"plain","optional":true},"name":{"type":"string","description":"LLD Name","description_kind":"plain","required":true}},"block_types":{"condition":{"nesting_mode":"list","block":{"attributes":{"id":{"type":"string","description_kind":"plain","computed":true},"macro":{"type":"string","description":"Filter Macro","description_kind":"plain","required":true},"operator":{"type":"string","description":"Operator, one of: match, notmatch","description_kind":"plain","optional":true},"value":{"type":"string","description":"Filter Value","description_kind":"plain","required":true}},"description_kind":"plain"}},"macro":{"nesting_mode":"set","block":{"attributes":{"macro":{"type":"string","description":"Macro","description_kind":"plain","required":true},"path":{"type":"string","description":"Macro Path","description_kind":"plain","required":true}},"description_kind":"plain"}},"preprocessor":{"nesting_mode":"list","block":{"attributes":{"error_handler":{"type":"string","description_kind":"plain","optional":true},"error_handler_params":{"type":"string","description_kind":"plain","optional":true},"id":{"type":"string","description_kind":"plain","computed":true},"params":{"type":["list","string"],"description":"Preprocessor parameters","description_kind":"plain","optional":true},"type":{"type":"string","description":"Preprocessor type, zabbix identifier number","description_kind":"plain","required":true}},"description_kind":"plain"}}},"description_kind":"plain"}},"zabbix_lld_dependent":{"version":0,"block":{"attributes":{"delay":{"type":"string","description":"LLD Delay period","description_kind":"plain","optional":true},"evaltype":{"type":"string","description":"EvalType, one of: andor, and, or, custom","description_kind":"plain","optional":true},"formula":{"type":"string","description":"Formula","description_kind":"plain","optional":true},"hostid":{"type":"string","description":"Host ID","description_kind":"plain","required":true},"id":{"type":"string","description_kind":"plain","optional":true,"computed":true},"key":{"type":"string","description":"LLD KEY","description_kind":"plain","required":true},"lifetime":{"type":"string","description":"LLD Stale Item Lifetime","description_kind":"plain","optional":true},"master_itemid":{"type":"string","description":"Master Item ID","description_kind":"plain","required":true},"name":{"type":"string","description":"LLD Name","description_kind":"plain","required":true}},"block_types":{"condition":{"nesting_mode":"list","block":{"attributes":{"id":{"type":"string","description_kind":"plain","computed":true},"macro":{"type":"string","description":"Filter Macro","description_kind":"plain","required":true},"operator":{"type":"string","description":"Operator, one of: match, notmatch","description_kind":"plain","optional":true},"value":{"type":"string","description":"Filter Value","description_kind":"plain","required":true}},"description_kind":"plain"}},"macro":{"nesting_mode":"set","block":{"attributes":{"macro":{"type":"string","description":"Macro","description_kind":"plain","required":true},"path":{"type":"string","description":"Macro Path","description_kind":"plain","required":true}},"description_kind":"plain"}},"preprocessor":{"nesting_mode":"list","block":{"attributes":{"error_handler":{"type":"string","description_kind":"plain","optional":true},"error_handler_params":{"type":"string","description_kind":"plain","optional":true},"id":{"type":"string","description_kind":"plain","computed":true},"params":{"type":["list","string"],"description":"Preprocessor parameters","description_kind":"plain","optional":true},"type":{"type":"string","description":"Preprocessor type, zabbix identifier number","description_kind":"plain","required":true}},"description_kind":"plain"}}},"description_kind":"plain"}},"zabbix_lld_external":{"version":0,"block":{"attributes":{"delay":{"type":"string","description":"LLD Delay period","description_kind":"plain","optional":true},"evaltype":{"type":"string","description":"EvalType, one of: andor, and, or, custom","description_kind":"plain","optional":true},"formula":{"type":"string","description":"Formula","description_kind":"plain","optional":true},"hostid":{"type":"string","description":"Host ID","description_kind":"plain","required":true},"id":{"type":"string","description_kind":"plain","optional":true,"computed":true},"interfaceid":{"type":"string","description":"Host Interface ID","description_kind":"plain","optional":true},"key":{"type":"string","description":"LLD KEY","description_kind":"plain","required":true},"lifetime":{"type":"string","description":"LLD Stale Item Lifetime","description_kind":"plain","optional":true},"name":{"type":"string","description":"LLD Name","description_kind":"plain","required":true}},"block_types":{"condition":{"nesting_mode":"list","block":{"attributes":{"id":{"type":"string","description_kind":"plain","computed":true},"macro":{"type":"string","description":"Filter Macro","description_kind":"plain","required":true},"operator":{"type":"string","description":"Operator, one of: match, notmatch","description_kind":"plain","optional":true},"value":{"type":"string","description":"Filter Value","description_kind":"plain","required":true}},"description_kind":"plain"}},"macro":{"nesting_mode":"set","block":{"attributes":{"macro":{"type":"string","description":"Macro","description_kind":"plain","required":true},"path":{"type":"string","description":"Macro Path","description_kind":"plain","required":true}},"description_kind":"plain"}},"preprocessor":{"nesting_mode":"list","block":{"attributes":{"error_handler":{"type":"string","description_kind":"plain","optional":true},"error_handler_params":{"type":"string","description_kind":"plain","optional":true},"id":{"type":"string","description_kind":"plain","computed":true},"params":{"type":["list","string"],"description":"Preprocessor parameters","description_kind":"plain","optional":true},"type":{"type":"string","description":"Preprocessor type, zabbix identifier number","description_kind":"plain","required":true}},"description_kind":"plain"}}},"description_kind":"plain"}},"zabbix_lld_http":{"version":0,"block":{"attributes":{"auth_type":{"type":"string","description":"HTTP auth type, one of: none, basic, ntlm, kerberos","description_kind":"plain","optional":true},"delay":{"type":"string","description":"LLD Delay period","description_kind":"plain","optional":true},"evaltype":{"type":"string","description":"EvalType, one of: andor, and, or, custom","description_kind":"plain","optional":true},"follow_redirects":{"type":"bool","description":"follow http redirects","description_kind":"plain","optional":true},"formula":{"type":"string","description":"Formula","description_kind":"plain","optional":true},"headers":{"type":["map","string"],"description_kind":"plain","optional":true},"hostid":{"type":"string","description":"Host ID","description_kind":"plain","required":true},"id":{"type":"string","description_kind":"plain","optional":true,"computed":true},"interfaceid":{"type":"string","description":"Host Interface ID","description_kind":"plain","optional":true},"key":{"type":"string","description":"LLD KEY","description_kind":"plain","required":true},"lifetime":{"type":"string","description":"LLD Stale Item Lifetime","description_kind":"plain","optional":true},"name":{"type":"string","description":"LLD Name","description_kind":"plain","required":true},"password":{"type":"string","description":"Authentication Password","description_kind":"plain","optional":true,"sensitive":true},"post_type":{"type":"string","description":"HTTP post type, one of: raw, json, xml","description_kind":"plain","optional":true},"posts":{"type":"string","description":"POST data to send in request","description_kind":"plain","optional":true},"proxy":{"type":"string","description":"HTTP proxy connection string","description_kind":"plain","optional":true},"request_method":{"type":"string","description":"HTTP request method, one of: head, get, post, put","description_kind":"plain","optional":true},"retrieve_mode":{"type":"string","description":"HTTP retrieve mode, one of: body, headers, both","description_kind":"plain","optional":true},"status_codes":{"type":"string","description":"http status code","description_kind":"plain","optional":true},"timeout":{"type":"string","description":"http request timeout","description_kind":"plain","optional":true},"url":{"type":"string","description":"url to probe","description_kind":"plain","required":true},"username":{"type":"string","description":"Authentication Username","description_kind":"plain","optional":true},"verify_host":{"type":"bool","description":"https verify host","description_kind":"plain","optional":true},"verify_peer":{"type":"bool","description":"https verify peer","description_kind":"plain","optional":true}},"block_types":{"condition":{"nesting_mode":"list","block":{"attributes":{"id":{"type":"string","description_kind":"plain","computed":true},"macro":{"type":"string","description":"Filter Macro","description_kind":"plain","required":true},"operator":{"type":"string","description":"Operator, one of: match, notmatch","description_kind":"plain","optional":true},"value":{"type":"string","description":"Filter Value","description_kind":"plain","required":true}},"description_kind":"plain"}},"macro":{"nesting_mode":"set","block":{"attributes":{"macro":{"type":"string","description":"Macro","description_kind":"plain","required":true},"path":{"type":"string","description":"Macro Path","description_kind":"plain","required":true}},"description_kind":"plain"}},"preprocessor":{"nesting_mode":"list","block":{"attributes":{"error_handler":{"type":"string","description_kind":"plain","optional":true},"error_handler_params":{"type":"string","description_kind":"plain","optional":true},"id":{"type":"string","description_kind":"plain","computed":true},"params":{"type":["list","string"],"description":"Preprocessor parameters","description_kind":"plain","optional":true},"type":{"type":"string","description":"Preprocessor type, zabbix identifier number","description_kind":"plain","required":true}},"description_kind":"plain"}}},"description_kind":"plain"}},"zabbix_lld_internal":{"version":0,"block":{"attributes":{"delay":{"type":"string","description":"LLD Delay period","description_kind":"plain","optional":true},"evaltype":{"type":"string","description":"EvalType, one of: andor, and, or, custom","description_kind":"plain","optional":true},"formula":{"type":"string","description":"Formula","description_kind":"plain","optional":true},"hostid":{"type":"string","description":"Host ID","description_kind":"plain","required":true},"id":{"type":"string","description_kind":"plain","optional":true,"computed":true},"interfaceid":{"type":"string","description":"Host Interface ID","description_kind":"plain","optional":true},"key":{"type":"string","description":"LLD KEY","description_kind":"plain","required":true},"lifetime":{"type":"string","description":"LLD Stale Item Lifetime","description_kind":"plain","optional":true},"name":{"type":"string","description":"LLD Name","description_kind":"plain","required":true}},"block_types":{"condition":{"nesting_mode":"list","block":{"attributes":{"id":{"type":"string","description_kind":"plain","computed":true},"macro":{"type":"string","description":"Filter Macro","description_kind":"plain","required":true},"operator":{"type":"string","description":"Operator, one of: match, notmatch","description_kind":"plain","optional":true},"value":{"type":"string","description":"Filter Value","description_kind":"plain","required":true}},"description_kind":"plain"}},"macro":{"nesting_mode":"set","block":{"attributes":{"macro":{"type":"string","description":"Macro","description_kind":"plain","required":true},"path":{"type":"string","description":"Macro Path","description_kind":"plain","required":true}},"description_kind":"plain"}},"preprocessor":{"nesting_mode":"list","block":{"attributes":{"error_handler":{"type":"string","description_kind":"plain","optional":true},"error_handler_params":{"type":"string","description_kind":"plain","optional":true},"id":{"type":"string","description_kind":"plain","computed":true},"params":{"type":["list","string"],"description":"Preprocessor parameters","description_kind":"plain","optional":true},"type":{"type":"string","description":"Preprocessor type, zabbix identifier number","description_kind":"plain","required":true}},"description_kind":"plain"}}},"description_kind":"plain"}},"zabbix_lld_simple":{"version":0,"block":{"attributes":{"delay":{"type":"string","description":"LLD Delay period","description_kind":"plain","optional":true},"evaltype":{"type":"string","description":"EvalType, one of: andor, and, or, custom","description_kind":"plain","optional":true},"formula":{"type":"string","description":"Formula","description_kind":"plain","optional":true},"hostid":{"type":"string","description":"Host ID","description_kind":"plain","required":true},"id":{"type":"string","description_kind":"plain","optional":true,"computed":true},"interfaceid":{"type":"string","description":"Host Interface ID","description_kind":"plain","optional":true},"key":{"type":"string","description":"LLD KEY","description_kind":"plain","required":true},"lifetime":{"type":"string","description":"LLD Stale Item Lifetime","description_kind":"plain","optional":true},"name":{"type":"string","description":"LLD Name","description_kind":"plain","required":true}},"block_types":{"condition":{"nesting_mode":"list","block":{"attributes":{"id":{"type":"string","description_kind":"plain","computed":true},"macro":{"type":"string","description":"Filter Macro","description_kind":"plain","required":true},"operator":{"type":"string","description":"Operator, one of: match, notmatch","description_kind":"plain","optional":true},"value":{"type":"string","description":"Filter Value","description_kind":"plain","required":true}},"description_kind":"plain"}},"macro":{"nesting_mode":"set","block":{"attributes":{"macro":{"type":"string","description":"Macro","description_kind":"plain","required":true},"path":{"type":"string","description":"Macro Path","description_kind":"plain","required":true}},"description_kind":"plain"}},"preprocessor":{"nesting_mode":"list","block":{"attributes":{"error_handler":{"type":"string","description_kind":"plain","optional":true},"error_handler_params":{"type":"string","description_kind":"plain","optional":true},"id":{"type":"string","description_kind":"plain","computed":true},"params":{"type":["list","string"],"description":"Preprocessor parameters","description_kind":"plain","optional":true},"type":{"type":"string","description":"Preprocessor type, zabbix identifier number","description_kind":"plain","required":true}},"description_kind":"plain"}}},"description_kind":"plain"}},"zabbix_lld_snmp":{"version":0,"block":{"attributes":{"delay":{"type":"string","description":"LLD Delay period","description_kind":"plain","optional":true},"evaltype":{"type":"string","description":"EvalType, one of: andor, and, or, custom","description_kind":"plain","optional":true},"formula":{"type":"string","description":"Formula","description_kind":"plain","optional":true},"hostid":{"type":"string","description":"Host ID","description_kind":"plain","required":true},"id":{"type":"string","description_kind":"plain","optional":true,"computed":true},"interfaceid":{"type":"string","description":"Host Interface ID","description_kind":"plain","optional":true},"key":{"type":"string","description":"LLD KEY","description_kind":"plain","required":true},"lifetime":{"type":"string","description":"LLD Stale Item Lifetime","description_kind":"plain","optional":true},"name":{"type":"string","description":"LLD Name","description_kind":"plain","required":true},"snmp3_authpassphrase":{"type":"string","description":"Authentication Passphrase (v3 only)","description_kind":"plain","optional":true},"snmp3_authprotocol":{"type":"string","description":"Authentication Protocol (v3 only), one of: md5, sha","description_kind":"plain","optional":true},"snmp3_contextname":{"type":"string","description":"Context Name (v3 only)","description_kind":"plain","optional":true},"snmp3_privpassphrase":{"type":"string","description":"Priv Passphrase (v3 only)","description_kind":"plain","optional":true},"snmp3_privprotocol":{"type":"string","description":"Priv Protocol (v3 only), one of: des, aes","description_kind":"plain","optional":true},"snmp3_securitylevel":{"type":"string","description":"Security Level (v3 only), one of: noauthnopriv, authnopriv, authpriv","description_kind":"plain","optional":true},"snmp3_securityname":{"type":"string","description":"Security Name (v3 only)","description_kind":"plain","optional":true},"snmp_community":{"type":"string","description":"SNMP Community (v1/v2 only)","description_kind":"plain","optional":true},"snmp_oid":{"type":"string","description":"SNMP OID","description_kind":"plain","required":true},"snmp_version":{"type":"string","description":"SNMP Version, one of: 1, 2, 3","description_kind":"plain","optional":true}},"block_types":{"condition":{"nesting_mode":"list","block":{"attributes":{"id":{"type":"string","description_kind":"plain","computed":true},"macro":{"type":"string","description":"Filter Macro","description_kind":"plain","required":true},"operator":{"type":"string","description":"Operator, one of: match, notmatch","description_kind":"plain","optional":true},"value":{"type":"string","description":"Filter Value","description_kind":"plain","required":true}},"description_kind":"plain"}},"macro":{"nesting_mode":"set","block":{"attributes":{"macro":{"type":"string","description":"Macro","description_kind":"plain","required":true},"path":{"type":"string","description":"Macro Path","description_kind":"plain","required":true}},"description_kind":"plain"}},"preprocessor":{"nesting_mode":"list","block":{"attributes":{"error_handler":{"type":"string","description_kind":"plain","optional":true},"error_handler_params":{"type":"string","description_kind":"plain","optional":true},"id":{"type":"string","description_kind":"plain","computed":true},"params":{"type":["list","string"],"description":"Preprocessor parameters","description_kind":"plain","optional":true},"type":{"type":"string","description":"Preprocessor type, zabbix identifier number","description_kind":"plain","required":true}},"description_kind":"plain"}}},"description_kind":"plain"}},"zabbix_lld_trapper":{"version":0,"block":{"attributes":{"delay":{"type":"string","description":"LLD Delay period","description_kind":"plain","optional":true},"evaltype":{"type":"string","description":"EvalType, one of: andor, and, or, custom","description_kind":"plain","optional":true},"formula":{"type":"string","description":"Formula","description_kind":"plain","optional":true},"hostid":{"type":"string","description":"Host ID","description_kind":"plain","required":true},"id":{"type":"string","description_kind":"plain","optional":true,"computed":true},"key":{"type":"string","description":"LLD KEY","description_kind":"plain","required":true},"lifetime":{"type":"string","description":"LLD Stale Item Lifetime","description_kind":"plain","optional":true},"name":{"type":"string","description":"LLD Name","description_kind":"plain","required":true}},"block_types":{"condition":{"nesting_mode":"list","block":{"attributes":{"id":{"type":"string","description_kind":"plain","computed":true},"macro":{"type":"string","description":"Filter Macro","description_kind":"plain","required":true},"operator":{"type":"string","description":"Operator, one of: match, notmatch","description_kind":"plain","optional":true},"value":{"type":"string","description":"Filter Value","description_kind":"plain","required":true}},"description_kind":"plain"}},"macro":{"nesting_mode":"set","block":{"attributes":{"macro":{"type":"string","description":"Macro","description_kind":"plain","required":true},"path":{"type":"string","description":"Macro Path","description_kind":"plain","required":true}},"description_kind":"plain"}},"preprocessor":{"nesting_mode":"list","block":{"attributes":{"error_handler":{"type":"string","description_kind":"plain","optional":true},"error_handler_params":{"type":"string","description_kind":"plain","optional":true},"id":{"type":"string","description_kind":"plain","computed":true},"params":{"type":["list","string"],"description":"Preprocessor parameters","description_kind":"plain","optional":true},"type":{"type":"string","description":"Preprocessor type, zabbix identifier number","description_kind":"plain","required":true}},"description_kind":"plain"}}},"description_kind":"plain"}},"zabbix_proto_graph":{"version":0,"block":{"attributes":{"do3d":{"type":"bool","description":"Show 3d graph","description_kind":"plain","optional":true},"height":{"type":"string","description":"Height","description_kind":"plain","required":true},"id":{"type":"string","description_kind":"plain","optional":true,"computed":true},"legend":{"type":"bool","description":"Show legend","description_kind":"plain","optional":true},"name":{"type":"string","description":"Graph Name","description_kind":"plain","required":true},"percent_left":{"type":"string","description":"Left percentile","description_kind":"plain","optional":true},"percent_right":{"type":"string","description":"Right percentile","description_kind":"plain","optional":true},"type":{"type":"string","description":"Type, one of: pie, exploded, normal, stacked","description_kind":"plain","optional":true},"width":{"type":"string","description":"Width","description_kind":"plain","required":true},"work_period":{"type":"bool","description":"Show work period","description_kind":"plain","optional":true},"ymax":{"type":"string","description":"Y Axis Max","description_kind":"plain","optional":true},"ymax_itemid":{"type":"string","description":"Y Axis Max ItemId","description_kind":"plain","optional":true},"ymax_type":{"type":"string","description":"Y Axis Max Type, one of: calculated, fixed, item","description_kind":"plain","optional":true},"ymin":{"type":"string","description":"Y Axis Min","description_kind":"plain","optional":true},"ymin_itemid":{"type":"string","description":"Y Axis Min ItemId","description_kind":"plain","optional":true},"ymin_type":{"type":"string","description":"Y Axis Min Type, one of: calculated, fixed, item","description_kind":"plain","optional":true}},"block_types":{"item":{"nesting_mode":"list","block":{"attributes":{"color":{"type":"string","description":"color","description_kind":"plain","required":true},"drawtype":{"type":"string","description":"Draw Type, one of: line, filled, bold, dot, dashed, gradient","description_kind":"plain","optional":true},"function":{"type":"string","description":"Function, one of: min, average, max, all, last","description_kind":"plain","optional":true},"id":{"type":"string","description_kind":"plain","computed":true},"itemid":{"type":"string","description":"itemid","description_kind":"plain","required":true},"sortorder":{"type":"string","description":"sort order","description_kind":"plain","optional":true},"type":{"type":"string","description":"Type, one of: sum, simple","description_kind":"plain","optional":true},"yaxis_side":{"type":"string","description":"Y Axis Side, one of: right, left","description_kind":"plain","optional":true}},"description_kind":"plain"},"min_items":1}},"description_kind":"plain"}},"zabbix_proto_item_agent":{"version":0,"block":{"attributes":{"active":{"type":"bool","description":"Active zabbix agent Item","description_kind":"plain","optional":true},"applications":{"type":["set","string"],"description":"Application IDs to associate this item with","description_kind":"plain","optional":true},"delay":{"type":"string","description":"Item Delay period","description_kind":"plain","optional":true},"history":{"type":"string","description":"Item History","description_kind":"plain","optional":true},"hostid":{"type":"string","description":"Host ID","description_kind":"plain","required":true},"id":{"type":"string","description_kind":"plain","optional":true,"computed":true},"interfaceid":{"type":"string","description":"Host Interface ID","description_kind":"plain","optional":true},"key":{"type":"string","description":"Item KEY","description_kind":"plain","required":true},"name":{"type":"string","description":"Item Name","description_kind":"plain","required":true},"ruleid":{"type":"string","description":"LLD Rule ID","description_kind":"plain","required":true},"trends":{"type":"string","description":"Item Trends","description_kind":"plain","optional":true,"computed":true},"valuetype":{"type":"string","description":"Item Value Type, one of: float, character, log, unsigned, text","description_kind":"plain","required":true}},"block_types":{"preprocessor":{"nesting_mode":"list","block":{"attributes":{"error_handler":{"type":"string","description_kind":"plain","optional":true},"error_handler_params":{"type":"string","description_kind":"plain","optional":true},"id":{"type":"string","description_kind":"plain","computed":true},"params":{"type":["list","string"],"description":"Preprocessor parameters","description_kind":"plain","optional":true},"type":{"type":"string","description":"Preprocessor type, zabbix identifier number","description_kind":"plain","required":true}},"description_kind":"plain"}},"tag":{"nesting_mode":"set","block":{"attributes":{"key":{"type":"string","description":"Tag Key","description_kind":"plain","required":true},"value":{"type":"string","description":"Tag Value","description_kind":"plain","optional":true}},"description_kind":"plain"}}},"description_kind":"plain"}},"zabbix_proto_item_aggregate":{"version":0,"block":{"attributes":{"applications":{"type":["set","string"],"description":"Application IDs to associate this item with","description_kind":"plain","optional":true},"delay":{"type":"string","description":"Item Delay period","description_kind":"plain","optional":true},"history":{"type":"string","description":"Item History","description_kind":"plain","optional":true},"hostid":{"type":"string","description":"Host ID","description_kind":"plain","required":true},"id":{"type":"string","description_kind":"plain","optional":true,"computed":true},"key":{"type":"string","description":"Item KEY","description_kind":"plain","required":true},"name":{"type":"string","description":"Item Name","description_kind":"plain","required":true},"ruleid":{"type":"string","description":"LLD Rule ID","description_kind":"plain","required":true},"trends":{"type":"string","description":"Item Trends","description_kind":"plain","optional":true,"computed":true},"valuetype":{"type":"string","description":"Item Value Type, one of: float, character, log, unsigned, text","description_kind":"plain","required":true}},"block_types":{"preprocessor":{"nesting_mode":"list","block":{"attributes":{"error_handler":{"type":"string","description_kind":"plain","optional":true},"error_handler_params":{"type":"string","description_kind":"plain","optional":true},"id":{"type":"string","description_kind":"plain","computed":true},"params":{"type":["list","string"],"description":"Preprocessor parameters","description_kind":"plain","optional":true},"type":{"type":"string","description":"Preprocessor type, zabbix identifier number","description_kind":"plain","required":true}},"description_kind":"plain"}},"tag":{"nesting_mode":"set","block":{"attributes":{"key":{"type":"string","description":"Tag Key","description_kind":"plain","required":true},"value":{"type":"string","description":"Tag Value","description_kind":"plain","optional":true}},"description_kind":"plain"}}},"description_kind":"plain"}},"zabbix_proto_item_calculated":{"version":0,"block":{"attributes":{"applications":{"type":["set","string"],"description":"Application IDs to associate this item with","description_kind":"plain","optional":true},"delay":{"type":"string","description":"Item Delay period","description_kind":"plain","optional":true},"formula":{"type":"string","description":"Formula","description_kind":"plain","required":true},"history":{"type":"string","description":"Item History","description_kind":"plain","optional":true},"hostid":{"type":"string","description":"Host ID","description_kind":"plain","required":true},"id":{"type":"string","description_kind":"plain","optional":true,"computed":true},"key":{"type":"string","description":"Item KEY","description_kind":"plain","required":true},"name":{"type":"string","description":"Item Name","description_kind":"plain","required":true},"ruleid":{"type":"string","description":"LLD Rule ID","description_kind":"plain","required":true},"trends":{"type":"string","description":"Item Trends","description_kind":"plain","optional":true,"computed":true},"valuetype":{"type":"string","description":"Item Value Type, one of: float, character, log, unsigned, text","description_kind":"plain","required":true}},"block_types":{"preprocessor":{"nesting_mode":"list","block":{"attributes":{"error_handler":{"type":"string","description_kind":"plain","optional":true},"error_handler_params":{"type":"string","description_kind":"plain","optional":true},"id":{"type":"string","description_kind":"plain","computed":true},"params":{"type":["list","string"],"description":"Preprocessor parameters","description_kind":"plain","optional":true},"type":{"type":"string","description":"Preprocessor type, zabbix identifier number","description_kind":"plain","required":true}},"description_kind":"plain"}},"tag":{"nesting_mode":"set","block":{"attributes":{"key":{"type":"string","description":"Tag Key","description_kind":"plain","required":true},"value":{"type":"string","description":"Tag Value","description_kind":"plain","optional":true}},"description_kind":"plain"}}},"description_kind":"plain"}},"zabbix_proto_item_dependent":{"version":0,"block":{"attributes":{"applications":{"type":["set","string"],"description":"Application IDs to associate this item with","description_kind":"plain","optional":true},"history":{"type":"string","description":"Item History","description_kind":"plain","optional":true},"hostid":{"type":"string","description":"Host ID","description_kind":"plain","required":true},"id":{"type":"string","description_kind":"plain","optional":true,"computed":true},"key":{"type":"string","description":"Item KEY","description_kind":"plain","required":true},"master_itemid":{"type":"string","description":"Master Item ID","description_kind":"plain","required":true},"name":{"type":"string","description":"Item Name","description_kind":"plain","required":true},"ruleid":{"type":"string","description":"LLD Rule ID","description_kind":"plain","required":true},"trends":{"type":"string","description":"Item Trends","description_kind":"plain","optional":true,"computed":true},"valuetype":{"type":"string","description":"Item Value Type, one of: float, character, log, unsigned, text","description_kind":"plain","required":true}},"block_types":{"preprocessor":{"nesting_mode":"list","block":{"attributes":{"error_handler":{"type":"string","description_kind":"plain","optional":true},"error_handler_params":{"type":"string","description_kind":"plain","optional":true},"id":{"type":"string","description_kind":"plain","computed":true},"params":{"type":["list","string"],"description":"Preprocessor parameters","description_kind":"plain","optional":true},"type":{"type":"string","description":"Preprocessor type, zabbix identifier number","description_kind":"plain","required":true}},"description_kind":"plain"}},"tag":{"nesting_mode":"set","block":{"attributes":{"key":{"type":"string","description":"Tag Key","description_kind":"plain","required":true},"value":{"type":"string","description":"Tag Value","description_kind":"plain","optional":true}},"description_kind":"plain"}}},"description_kind":"plain"}},"zabbix_proto_item_external":{"version":0,"block":{"attributes":{"applications":{"type":["set","string"],"description":"Application IDs to associate this item with","description_kind":"plain","optional":true},"delay":{"type":"string","description":"Item Delay period","description_kind":"plain","optional":true},"history":{"type":"string","description":"Item History","description_kind":"plain","optional":true},"hostid":{"type":"string","description":"Host ID","description_kind":"plain","required":true},"id":{"type":"string","description_kind":"plain","optional":true,"computed":true},"interfaceid":{"type":"string","description":"Host Interface ID","description_kind":"plain","optional":true},"key":{"type":"string","description":"Item KEY","description_kind":"plain","required":true},"name":{"type":"string","description":"Item Name","description_kind":"plain","required":true},"ruleid":{"type":"string","description":"LLD Rule ID","description_kind":"plain","required":true},"trends":{"type":"string","description":"Item Trends","description_kind":"plain","optional":true,"computed":true},"valuetype":{"type":"string","description":"Item Value Type, one of: float, character, log, unsigned, text","description_kind":"plain","required":true}},"block_types":{"preprocessor":{"nesting_mode":"list","block":{"attributes":{"error_handler":{"type":"string","description_kind":"plain","optional":true},"error_handler_params":{"type":"string","description_kind":"plain","optional":true},"id":{"type":"string","description_kind":"plain","computed":true},"params":{"type":["list","string"],"description":"Preprocessor parameters","description_kind":"plain","optional":true},"type":{"type":"string","description":"Preprocessor type, zabbix identifier number","description_kind":"plain","required":true}},"description_kind":"plain"}},"tag":{"nesting_mode":"set","block":{"attributes":{"key":{"type":"string","description":"Tag Key","description_kind":"plain","required":true},"value":{"type":"string","description":"Tag Value","description_kind":"plain","optional":true}},"description_kind":"plain"}}},"description_kind":"plain"}},"zabbix_proto_item_http":{"version":0,"block":{"attributes":{"applications":{"type":["set","string"],"description":"Application IDs to associate this item with","description_kind":"plain","optional":true},"auth_type":{"type":"string","description":"HTTP auth type, one of: none, basic, ntlm, kerberos","description_kind":"plain","optional":true},"delay":{"type":"string","description":"Item Delay period","description_kind":"plain","optional":true},"follow_redirects":{"type":"bool","description":"follow http redirects","description_kind":"plain","optional":true},"headers":{"type":["map","string"],"description_kind":"plain","optional":true},"history":{"type":"string","description":"Item History","description_kind":"plain","optional":true},"hostid":{"type":"string","description":"Host ID","description_kind":"plain","required":true},"id":{"type":"string","description_kind":"plain","optional":true,"computed":true},"interfaceid":{"type":"string","description":"Host Interface ID","description_kind":"plain","optional":true},"key":{"type":"string","description":"Item KEY","description_kind":"plain","required":true},"name":{"type":"string","description":"Item Name","description_kind":"plain","required":true},"password":{"type":"string","description":"Authentication Password","description_kind":"plain","optional":true,"sensitive":true},"post_type":{"type":"string","description":"HTTP post type, one of: raw, json, xml","description_kind":"plain","optional":true},"posts":{"type":"string","description":"POST data to send in request","description_kind":"plain","optional":true},"proxy":{"type":"string","description":"HTTP proxy connection string","description_kind":"plain","optional":true},"request_method":{"type":"string","description":"HTTP request method, one of: head, get, post, put","description_kind":"plain","optional":true},"retrieve_mode":{"type":"string","description":"HTTP retrieve mode, one of: body, headers, both","description_kind":"plain","optional":true},"ruleid":{"type":"string","description":"LLD Rule ID","description_kind":"plain","required":true},"status_codes":{"type":"string","description":"http status code","description_kind":"plain","optional":true},"timeout":{"type":"string","description":"http request timeout","description_kind":"plain","optional":true},"trends":{"type":"string","description":"Item Trends","description_kind":"plain","optional":true,"computed":true},"url":{"type":"string","description":"url to probe","description_kind":"plain","required":true},"username":{"type":"string","description":"Authentication Username","description_kind":"plain","optional":true},"valuetype":{"type":"string","description":"Item Value Type, one of: float, character, log, unsigned, text","description_kind":"plain","required":true},"verify_host":{"type":"bool","description":"https verify host","description_kind":"plain","optional":true},"verify_peer":{"type":"bool","description":"https verify peer","description_kind":"plain","optional":true}},"block_types":{"preprocessor":{"nesting_mode":"list","block":{"attributes":{"error_handler":{"type":"string","description_kind":"plain","optional":true},"error_handler_params":{"type":"string","description_kind":"plain","optional":true},"id":{"type":"string","description_kind":"plain","computed":true},"params":{"type":["list","string"],"description":"Preprocessor parameters","description_kind":"plain","optional":true},"type":{"type":"string","description":"Preprocessor type, zabbix identifier number","description_kind":"plain","required":true}},"description_kind":"plain"}},"tag":{"nesting_mode":"set","block":{"attributes":{"key":{"type":"string","description":"Tag Key","description_kind":"plain","required":true},"value":{"type":"string","description":"Tag Value","description_kind":"plain","optional":true}},"description_kind":"plain"}}},"description_kind":"plain"}},"zabbix_proto_item_internal":{"version":0,"block":{"attributes":{"applications":{"type":["set","string"],"description":"Application IDs to associate this item with","description_kind":"plain","optional":true},"delay":{"type":"string","description":"Item Delay period","description_kind":"plain","optional":true},"history":{"type":"string","description":"Item History","description_kind":"plain","optional":true},"hostid":{"type":"string","description":"Host ID","description_kind":"plain","required":true},"id":{"type":"string","description_kind":"plain","optional":true,"computed":true},"interfaceid":{"type":"string","description":"Host Interface ID","description_kind":"plain","optional":true},"key":{"type":"string","description":"Item KEY","description_kind":"plain","required":true},"name":{"type":"string","description":"Item Name","description_kind":"plain","required":true},"ruleid":{"type":"string","description":"LLD Rule ID","description_kind":"plain","required":true},"trends":{"type":"string","description":"Item Trends","description_kind":"plain","optional":true,"computed":true},"valuetype":{"type":"string","description":"Item Value Type, one of: float, character, log, unsigned, text","description_kind":"plain","required":true}},"block_types":{"preprocessor":{"nesting_mode":"list","block":{"attributes":{"error_handler":{"type":"string","description_kind":"plain","optional":true},"error_handler_params":{"type":"string","description_kind":"plain","optional":true},"id":{"type":"string","description_kind":"plain","computed":true},"params":{"type":["list","string"],"description":"Preprocessor parameters","description_kind":"plain","optional":true},"type":{"type":"string","description":"Preprocessor type, zabbix identifier number","description_kind":"plain","required":true}},"description_kind":"plain"}},"tag":{"nesting_mode":"set","block":{"attributes":{"key":{"type":"string","description":"Tag Key","description_kind":"plain","required":true},"value":{"type":"string","description":"Tag Value","description_kind":"plain","optional":true}},"description_kind":"plain"}}},"description_kind":"plain"}},"zabbix_proto_item_simple":{"version":0,"block":{"attributes":{"applications":{"type":["set","string"],"description":"Application IDs to associate this item with","description_kind":"plain","optional":true},"delay":{"type":"string","description":"Item Delay period","description_kind":"plain","optional":true},"history":{"type":"string","description":"Item History","description_kind":"plain","optional":true},"hostid":{"type":"string","description":"Host ID","description_kind":"plain","required":true},"id":{"type":"string","description_kind":"plain","optional":true,"computed":true},"interfaceid":{"type":"string","description":"Host Interface ID","description_kind":"plain","optional":true},"key":{"type":"string","description":"Item KEY","description_kind":"plain","required":true},"name":{"type":"string","description":"Item Name","description_kind":"plain","required":true},"ruleid":{"type":"string","description":"LLD Rule ID","description_kind":"plain","required":true},"trends":{"type":"string","description":"Item Trends","description_kind":"plain","optional":true,"computed":true},"valuetype":{"type":"string","description":"Item Value Type, one of: float, character, log, unsigned, text","description_kind":"plain","required":true}},"block_types":{"preprocessor":{"nesting_mode":"list","block":{"attributes":{"error_handler":{"type":"string","description_kind":"plain","optional":true},"error_handler_params":{"type":"string","description_kind":"plain","optional":true},"id":{"type":"string","description_kind":"plain","computed":true},"params":{"type":["list","string"],"description":"Preprocessor parameters","description_kind":"plain","optional":true},"type":{"type":"string","description":"Preprocessor type, zabbix identifier number","description_kind":"plain","required":true}},"description_kind":"plain"}},"tag":{"nesting_mode":"set","block":{"attributes":{"key":{"type":"string","description":"Tag Key","description_kind":"plain","required":true},"value":{"type":"string","description":"Tag Value","description_kind":"plain","optional":true}},"description_kind":"plain"}}},"description_kind":"plain"}},"zabbix_proto_item_snmp":{"version":0,"block":{"attributes":{"applications":{"type":["set","string"],"description":"Application IDs to associate this item with","description_kind":"plain","optional":true},"delay":{"type":"string","description":"Item Delay period","description_kind":"plain","optional":true},"history":{"type":"string","description":"Item History","description_kind":"plain","optional":true},"hostid":{"type":"string","description":"Host ID","description_kind":"plain","required":true},"id":{"type":"string","description_kind":"plain","optional":true,"computed":true},"interfaceid":{"type":"string","description":"Host Interface ID","description_kind":"plain","optional":true},"key":{"type":"string","description":"Item KEY","description_kind":"plain","required":true},"name":{"type":"string","description":"Item Name","description_kind":"plain","required":true},"ruleid":{"type":"string","description":"LLD Rule ID","description_kind":"plain","required":true},"snmp3_authpassphrase":{"type":"string","description":"Authentication Passphrase (v3 only)","description_kind":"plain","optional":true},"snmp3_authprotocol":{"type":"string","description":"Authentication Protocol (v3 only), one of: md5, sha","description_kind":"plain","optional":true},"snmp3_contextname":{"type":"string","description":"Context Name (v3 only)","description_kind":"plain","optional":true},"snmp3_privpassphrase":{"type":"string","description":"Priv Passphrase (v3 only)","description_kind":"plain","optional":true},"snmp3_privprotocol":{"type":"string","description":"Priv Protocol (v3 only), one of: des, aes","description_kind":"plain","optional":true},"snmp3_securitylevel":{"type":"string","description":"Security Level (v3 only), one of: noauthnopriv, authnopriv, authpriv","description_kind":"plain","optional":true},"snmp3_securityname":{"type":"string","description":"Security Name (v3 only)","description_kind":"plain","optional":true},"snmp_community":{"type":"string","description":"SNMP Community (v1/v2 only)","description_kind":"plain","optional":true},"snmp_oid":{"type":"string","description":"SNMP OID","description_kind":"plain","required":true},"snmp_version":{"type":"string","description":"SNMP Version, one of: 1, 2, 3","description_kind":"plain","optional":true},"trends":{"type":"string","description":"Item Trends","description_kind":"plain","optional":true,"computed":true},"valuetype":{"type":"string","description":"Item Value Type, one of: float, character, log, unsigned, text","description_kind":"plain","required":true}},"block_types":{"preprocessor":{"nesting_mode":"list","block":{"attributes":{"error_handler":{"type":"string","description_kind":"plain","optional":true},"error_handler_params":{"type":"string","description_kind":"plain","optional":true},"id":{"type":"string","description_kind":"plain","computed":true},"params":{"type":["list","string"],"description":"Preprocessor parameters","description_kind":"plain","optional":true},"type":{"type":"string","description":"Preprocessor type, zabbix identifier number","description_kind":"plain","required":true}},"description_kind":"plain"}},"tag":{"nesting_mode":"set","block":{"attributes":{"key":{"type":"string","description":"Tag Key","description_kind":"plain","required":true},"value":{"type":"string","description":"Tag Value","description_kind":"plain","optional":true}},"description_kind":"plain"}}},"description_kind":"plain"}},"zabbix_proto_item_snmptrap":{"version":0,"block":{"attributes":{"applications":{"type":["set","string"],"description":"Application IDs to associate this item with","description_kind":"plain","optional":true},"history":{"type":"string","description":"Item History","description_kind":"plain","optional":true},"hostid":{"type":"string","description":"Host ID","description_kind":"plain","required":true},"id":{"type":"string","description_kind":"plain","optional":true,"computed":true},"key":{"type":"string","description":"Item KEY","description_kind":"plain","required":true},"name":{"type":"string","description":"Item Name","description_kind":"plain","required":true},"ruleid":{"type":"string","description":"LLD Rule ID","description_kind":"plain","required":true},"trends":{"type":"string","description":"Item Trends","description_kind":"plain","optional":true,"computed":true},"valuetype":{"type":"string","description":"Item Value Type, one of: float, character, log, unsigned, text","description_kind":"plain","required":true}},"block_types":{"preprocessor":{"nesting_mode":"list","block":{"attributes":{"error_handler":{"type":"string","description_kind":"plain","optional":true},"error_handler_params":{"type":"string","description_kind":"plain","optional":true},"id":{"type":"string","description_kind":"plain","computed":true},"params":{"type":["list","string"],"description":"Preprocessor parameters","description_kind":"plain","optional":true},"type":{"type":"string","description":"Preprocessor type, zabbix identifier number","description_kind":"plain","required":true}},"description_kind":"plain"}},"tag":{"nesting_mode":"set","block":{"attributes":{"key":{"type":"string","description":"Tag Key","description_kind":"plain","required":true},"value":{"type":"string","description":"Tag Value","description_kind":"plain","optional":true}},"description_kind":"plain"}}},"description_kind":"plain"}},"zabbix_proto_item_trapper":{"version":0,"block":{"attributes":{"applications":{"type":["set","string"],"description":"Application IDs to associate this item with","description_kind":"plain","optional":true},"history":{"type":"string","description":"Item History","description_kind":"plain","optional":true},"hostid":{"type":"string","description":"Host ID","description_kind":"plain","required":true},"id":{"type":"string","description_kind":"plain","optional":true,"computed":true},"key":{"type":"string","description":"Item KEY","description_kind":"plain","required":true},"name":{"type":"string","description":"Item Name","description_kind":"plain","required":true},"ruleid":{"type":"string","description":"LLD Rule ID","description_kind":"plain","required":true},"trends":{"type":"string","description":"Item Trends","description_kind":"plain","optional":true,"computed":true},"valuetype":{"type":"string","description":"Item Value Type, one of: float, character, log, unsigned, text","description_kind":"plain","required":true}},"block_types":{"preprocessor":{"nesting_mode":"list","block":{"attributes":{"error_handler":{"type":"string","description_kind":"plain","optional":true},"error_handler_params":{"type":"string","description_kind":"plain","optional":true},"id":{"type":"string","description_kind":"plain","computed":true},"params":{"type":["list","string"],"description":"Preprocessor parameters","description_kind":"plain","optional":true},"type":{"type":"string","description":"Preprocessor type, zabbix identifier number","description_kind":"plain","required":true}},"description_kind":"plain"}},"tag":{"nesting_mode":"set","block":{"attributes":{"key":{"type":"string","description":"Tag Key","description_kind":"plain","required":true},"value":{"type":"string","description":"Tag Value","description_kind":"plain","optional":true}},"description_kind":"plain"}}},"description_kind":"plain"}},"zabbix_proto_trigger":{"version":0,"block":{"attributes":{"comments":{"type":"string","description":"Trigger comments","description_kind":"plain","optional":true},"correlation_tag":{"type":"string","description":"correlation tag","description_kind":"plain","optional":true},"dependencies":{"type":["set","string"],"description":"Trigger Dependencies","description_kind":"plain","optional":true},"enabled":{"type":"bool","description":"Enable this trigger","description_kind":"plain","optional":true},"expression":{"type":"string","description":"Trigger Expression","description_kind":"plain","required":true},"id":{"type":"string","description_kind":"plain","optional":true,"computed":true},"manual_close":{"type":"bool","description":"Manual resolution","description_kind":"plain","optional":true},"multiple":{"type":"bool","description":"generate multiple events","description_kind":"plain","optional":true},"name":{"type":"string","description":"Trigger name","description_kind":"plain","required":true},"priority":{"type":"string","description":"Trigger Priority level, one of: warn, average, high, disaster, not_classified, info","description_kind":"plain","optional":true},"recovery_expression":{"type":"string","description":"use recovery expression (recovery_none must not be true)","description_kind":"plain","optional":true},"recovery_none":{"type":"bool","description":"set recovery mode to none","description_kind":"plain","optional":true},"url":{"type":"string","description":"link to url relevent to trigger","description_kind":"plain","optional":true}},"block_types":{"tag":{"nesting_mode":"set","block":{"attributes":{"key":{"type":"string","description":"Tag Key","description_kind":"plain","required":true},"value":{"type":"string","description":"Tag Value","description_kind":"plain","optional":true}},"description_kind":"plain"}}},"description_kind":"plain"}},"zabbix_template":{"version":0,"block":{"attributes":{"description":{"type":"string","description":"Template description","description_kind":"plain","optional":true},"groups":{"type":["set","string"],"description":"Host Group IDs","description_kind":"plain","required":true},"host":{"type":"string","description":"Template hostname (internal name)","description_kind":"plain","required":true},"id":{"type":"string","description_kind":"plain","optional":true,"computed":true},"name":{"type":"string","description":"Template Display Name (defaults to host)","description_kind":"plain","optional":true},"templates":{"type":["set","string"],"description":"linked templates","description_kind":"plain","optional":true}},"block_types":{"macro":{"nesting_mode":"list","block":{"attributes":{"id":{"type":"string","description_kind":"plain","computed":true},"name":{"type":"string","description":"Macro Name (key)","description_kind":"plain","required":true},"value":{"type":"string","description":"Macro Value","description_kind":"plain","required":true}},"description_kind":"plain"}}},"description_kind":"plain"}},"zabbix_trigger":{"version":0,"block":{"attributes":{"comments":{"type":"string","description":"Trigger comments","description_kind":"plain","optional":true},"correlation_tag":{"type":"string","description":"correlation tag","description_kind":"plain","optional":true},"dependencies":{"type":["set","string"],"description":"Trigger Dependencies","description_kind":"plain","optional":true},"enabled":{"type":"bool","description":"Enable this trigger","description_kind":"plain","optional":true},"expression":{"type":"string","description":"Trigger Expression","description_kind":"plain","required":true},"id":{"type":"string","description_kind":"plain","optional":true,"computed":true},"manual_close":{"type":"bool","description":"Manual resolution","description_kind":"plain","optional":true},"multiple":{"type":"bool","description":"generate multiple events","description_kind":"plain","optional":true},"name":{"type":"string","description":"Trigger name","description_kind":"plain","required":true},"priority":{"type":"string","description":"Trigger Priority level, one of: warn, average, high, disaster, not_classified, info","description_kind":"plain","optional":true},"recovery_expression":{"type":"string","description":"use recovery expression (recovery_none must not be true)","description_kind":"plain","optional":true},"recovery_none":{"type":"bool","description":"set recovery mode to none","description_kind":"plain","optional":true},"url":{"type":"string","description":"link to url relevent to trigger","description_kind":"plain","optional":true}},"block_types":{"tag":{"nesting_mode":"set","block":{"attributes":{"key":{"type":"string","description":"Tag Key","description_kind":"plain","required":true},"value":{"type":"string","description":"Tag Value","description_kind":"plain","optional":true}},"description_kind":"plain"}}},"description_kind":"plain"}}},"data_source_schemas":{"zabbix_application":{"version":0,"block":{"attributes":{"hostid":{"type":"string","description":"Host ID","description_kind":"plain","optional":true},"id":{"type":"string","description_kind":"plain","optional":true,"computed":true},"name":{"type":"string","description":"Application Name","description_kind":"plain","required":true}},"description_kind":"plain"}},"zabbix_host":{"version":0,"block":{"attributes":{"enabled":{"type":"bool","description":"Enable host for monitoring","description_kind":"plain","optional":true},"groups":{"type":["set","string"],"description":"Hostgroup IDs to associate this host with","description_kind":"plain","computed":true},"host":{"type":"string","description":"FQDN of host","description_kind":"plain","optional":true,"computed":true},"hostid":{"type":"string","description_kind":"plain","optional":true},"id":{"type":"string","description_kind":"plain","optional":true,"computed":true},"interface":{"type":["list",["object",{"dns":"string","id":"string","ip":"string","main":"bool","port":"number","snmp3_authpassphrase":"string","snmp3_authprotocol":"string","snmp3_contextname":"string","snmp3_privpassphrase":"string","snmp3_privprotocol":"string","snmp3_securitylevel":"string","snmp3_securityname":"string","snmp_bulk":"bool","snmp_community":"string","snmp_version":"string","type":"string"}]],"description":"Host interfaces","description_kind":"plain","computed":true},"inventory":{"type":["list",["object",{"alias":"string","asset_tag":"string","chassis":"string","contact":"string","contract_number":"string","date_hw_decomm":"string","date_hw_expiry":"string","date_hw_install":"string","date_hw_purchase":"string","deployment_status":"string","hardware":"string","hardware_full":"string","host_netmask":"string","host_networks":"string","host_router":"string","hw_arch":"string","installer_name":"string","location":"string","location_lat":"string","location_lon":"string","macaddress_a":"string","macaddress_b":"string","model":"string","name":"string","notes":"string","oob_ip":"string","oob_netmask":"string","oob_router":"string","os":"string","os_full":"string","os_short":"string","poc_1_cell":"string","poc_1_email":"string","poc_1_name":"string","poc_1_notes":"string","poc_1_phone_a":"string","poc_1_phone_b":"string","poc_1_screen":"string","poc_2_cell":"string","poc_2_email":"string","poc_2_name":"string","poc_2_notes":"string","poc_2_phone_a":"string","poc_2_phone_b":"string","poc_2_screen":"string","serialno_a":"string","serialno_b":"string","site_address_a":"string","site_address_b":"string","site_address_c":"string","site_city":"string","site_country":"string","site_notes":"string","site_rack":"string","site_state":"string","site_zip":"string","software":"string","software_app_a":"string","software_app_b":"string","software_app_c":"string","software_app_d":"string","software_app_e":"string","software_full":"string","tag":"string","type":"string","type_full":"string","url_a":"string","url_b":"string","url_c":"string","vendor":"string"}]],"description_kind":"plain","computed":true},"inventory_mode":{"type":"string","description":"Inventory Mode, one of: disabled, manual, automatic","description_kind":"plain","optional":true},"name":{"type":"string","description":"Zabbix host displayname, defaults to the value of \"host\"","description_kind":"plain","optional":true,"computed":true},"proxyid":{"type":"string","description":"ID of proxy to monitor this host","description_kind":"plain","computed":true},"templates":{"type":["set","string"],"description":"Template IDs to attach to this host","description_kind":"plain","optional":true,"computed":true}},"block_types":{"macro":{"nesting_mode":"list","block":{"attributes":{"id":{"type":"string","description_kind":"plain","computed":true},"name":{"type":"string","description":"Macro Name (key)","description_kind":"plain","required":true},"value":{"type":"string","description":"Macro Value","description_kind":"plain","required":true}},"description_kind":"plain"}},"tag":{"nesting_mode":"set","block":{"attributes":{"key":{"type":"string","description":"Tag Key","description_kind":"plain","required":true},"value":{"type":"string","description":"Tag Value","description_kind":"plain","optional":true}},"description_kind":"plain"}}},"description_kind":"plain"}},"zabbix_hostgroup":{"version":0,"block":{"attributes":{"id":{"type":"string","description_kind":"plain","optional":true,"computed":true},"name":{"type":"string","description":"Hostgroup Name","description_kind":"plain","required":true}},"description_kind":"plain"}},"zabbix_proxy":{"version":0,"block":{"attributes":{"host":{"type":"string","description":"FQDN of proxy","description_kind":"plain","required":true},"id":{"type":"string","description_kind":"plain","optional":true,"computed":true}},"description_kind":"plain"}},"zabbix_template":{"version":0,"block":{"attributes":{"description":{"type":"string","description":"Template description","description_kind":"plain","computed":true},"groups":{"type":["set","string"],"description":"Host Group IDs","description_kind":"plain","computed":true},"host":{"type":"string","description":"Template hostname (internal name)","description_kind":"plain","optional":true,"computed":true},"id":{"type":"string","description_kind":"plain","optional":true,"computed":true},"name":{"type":"string","description":"Template Display Name (defaults to host)","description_kind":"plain","optional":true,"computed":true}},"block_types":{"macro":{"nesting_mode":"list","block":{"attributes":{"id":{"type":"string","description_kind":"plain","computed":true},"name":{"type":"string","description":"Macro Name (key)","description_kind":"plain","required":true},"value":{"type":"string","description":"Macro Value","description_kind":"plain","required":true}},"description_kind":"plain"}}},"description_kind":"plain"}}}}}}
