{"format_version":"0.2","provider_schemas":{"registry.terraform.io/tpretz/netbox":{"provider":{"version":0,"block":{"attributes":{"app_id":{"type":"string","description":"API key used to access Netbox, generated under Admin -\u003e Users -\u003e Tokens and assigned to a user","description_kind":"plain","optional":true},"endpoint":{"type":"string","description":"Endpoint of your Netbox instance","description_kind":"plain","optional":true}},"description_kind":"plain"}},"resource_schemas":{"netbox_ipam_aggregate":{"version":0,"block":{"attributes":{"description":{"type":"string","description":"Description of this aggregate.","description_kind":"plain","optional":true},"id":{"type":"string","description_kind":"plain","optional":true,"computed":true},"prefix":{"type":"string","description":"Network prefix in slash notation for this aggregate. Example: 192.168.10.0/24.","description_kind":"plain","required":true},"rir_id":{"type":"number","description":"Netbox ID of the regional internet registry (RIR) that manages this prefix.","description_kind":"plain","required":true}},"description_kind":"plain"}},"netbox_ipam_ip_address":{"version":0,"block":{"attributes":{"address":{"type":"string","description_kind":"plain","required":true},"description":{"type":"string","description_kind":"plain","optional":true},"id":{"type":"string","description_kind":"plain","optional":true,"computed":true},"ip_address_id":{"type":"number","description_kind":"plain","computed":true},"nat_inside_ip_address_id":{"type":"number","description_kind":"plain","optional":true},"nat_outside_ip_address_id":{"type":"number","description_kind":"plain","optional":true},"role_id":{"type":"number","description_kind":"plain","optional":true},"status":{"type":"number","description_kind":"plain","optional":true},"tenant_id":{"type":"number","description_kind":"plain","optional":true},"vrf_id":{"type":"number","description_kind":"plain","optional":true}},"description_kind":"plain"}},"netbox_ipam_prefix":{"version":0,"block":{"attributes":{"description":{"type":"string","description_kind":"plain","optional":true},"id":{"type":"string","description_kind":"plain","optional":true,"computed":true},"is_pool":{"type":"bool","description_kind":"plain","optional":true},"prefix":{"type":"string","description_kind":"plain","required":true},"prefix_id":{"type":"number","description_kind":"plain","computed":true},"status":{"type":"string","description_kind":"plain","optional":true},"tenant_id":{"type":"number","description_kind":"plain","optional":true},"vrf_id":{"type":"number","description_kind":"plain","optional":true}},"description_kind":"plain"}},"netbox_ipam_rir":{"version":0,"block":{"attributes":{"id":{"type":"string","description_kind":"plain","optional":true,"computed":true},"is_private":{"type":"bool","description_kind":"plain","optional":true},"name":{"type":"string","description_kind":"plain","required":true},"rir_id":{"type":"number","description_kind":"plain","computed":true},"slug":{"type":"string","description_kind":"plain","required":true}},"description_kind":"plain"}},"netbox_ipam_vrf":{"version":0,"block":{"attributes":{"description":{"type":"string","description_kind":"plain","optional":true},"enforce_unique":{"type":"bool","description_kind":"plain","optional":true},"id":{"type":"string","description_kind":"plain","optional":true,"computed":true},"name":{"type":"string","description_kind":"plain","required":true},"route_distinguisher":{"type":"string","description_kind":"plain","required":true},"tenant_id":{"type":"number","description_kind":"plain","optional":true},"vrf_id":{"type":"number","description_kind":"plain","computed":true}},"description_kind":"plain"}},"netbox_org_tenant":{"version":0,"block":{"attributes":{"comments":{"type":"string","description_kind":"plain","optional":true},"description":{"type":"string","description_kind":"plain","optional":true},"id":{"type":"string","description_kind":"plain","optional":true,"computed":true},"name":{"type":"string","description_kind":"plain","required":true},"slug":{"type":"string","description_kind":"plain","required":true},"tenant_group_id":{"type":"number","description_kind":"plain","optional":true},"tenant_id":{"type":"number","description_kind":"plain","computed":true}},"description_kind":"plain"}},"netbox_org_tenant_group":{"version":0,"block":{"attributes":{"id":{"type":"string","description_kind":"plain","optional":true,"computed":true},"name":{"type":"string","description_kind":"plain","required":true},"slug":{"type":"string","description_kind":"plain","required":true},"tenant_group_id":{"type":"number","description_kind":"plain","computed":true}},"description_kind":"plain"}}},"data_source_schemas":{"netbox_ip_address":{"version":0,"block":{"attributes":{"address":{"type":"string","description_kind":"plain","optional":true},"created":{"type":"string","description_kind":"plain","optional":true},"description":{"type":"string","description_kind":"plain","optional":true},"family":{"type":"string","description_kind":"plain","optional":true},"id":{"type":"number","description_kind":"plain","optional":true},"last_updated":{"type":"string","description_kind":"plain","optional":true},"parent":{"type":"string","description_kind":"plain","optional":true},"query":{"type":"string","description_kind":"plain","optional":true},"role":{"type":"string","description_kind":"plain","optional":true},"status":{"type":"string","description_kind":"plain","optional":true},"tenant":{"type":"string","description_kind":"plain","optional":true},"vrf":{"type":"string","description_kind":"plain","optional":true}},"description_kind":"plain"}},"netbox_prefixes":{"version":0,"block":{"attributes":{"created":{"type":"string","description_kind":"plain","optional":true},"custom_field_filter":{"type":["map","string"],"description_kind":"plain","optional":true},"description":{"type":"string","description_kind":"plain","computed":true},"family":{"type":"string","description_kind":"plain","optional":true},"id":{"type":"string","description_kind":"plain","optional":true,"computed":true},"is_pool":{"type":"bool","description_kind":"plain","computed":true},"last_updated":{"type":"string","description_kind":"plain","computed":true},"prefix":{"type":"string","description_kind":"plain","optional":true},"prefixes_id":{"type":"number","description_kind":"plain","optional":true},"query":{"type":"string","description_kind":"plain","optional":true,"computed":true},"role":{"type":"string","description_kind":"plain","optional":true,"computed":true},"site":{"type":"string","description_kind":"plain","optional":true,"computed":true},"tenant":{"type":"string","description_kind":"plain","optional":true,"computed":true},"vlan":{"type":["map","string"],"description_kind":"plain","computed":true},"vlan_vid":{"type":"number","description_kind":"plain","optional":true},"within":{"type":"string","description_kind":"plain","optional":true,"computed":true}},"description_kind":"plain"}},"netbox_vlans":{"version":0,"block":{"attributes":{"custom_field_filter":{"type":["map","string"],"description_kind":"plain","optional":true},"custom_fields":{"type":["map","string"],"description_kind":"plain","optional":true},"group":{"type":"string","description_kind":"plain","computed":true},"group_id":{"type":"string","description_kind":"plain","computed":true},"id":{"type":"string","description_kind":"plain","optional":true,"computed":true},"id_in":{"type":"string","description_kind":"plain","computed":true},"limit":{"type":"number","description_kind":"plain","computed":true},"name":{"type":"string","description_kind":"plain","optional":true,"computed":true},"offset":{"type":"number","description_kind":"plain","computed":true},"q":{"type":"string","description_kind":"plain","computed":true},"role":{"type":["map","string"],"description_kind":"plain","computed":true},"site":{"type":"string","description_kind":"plain","computed":true},"site_id":{"type":"string","description_kind":"plain","computed":true},"status":{"type":"string","description_kind":"plain","optional":true},"tag":{"type":"string","description_kind":"plain","computed":true},"tenant":{"type":"string","description_kind":"plain","computed":true},"tenant_id":{"type":"string","description_kind":"plain","computed":true},"vid":{"type":"number","description_kind":"plain","optional":true,"computed":true}},"description_kind":"plain"}}}}}}
