{"format_version":"0.2","provider_schemas":{"registry.terraform.io/traemak/azurecm":{"provider":{"version":0,"block":{"attributes":{"auxiliary_tenant_ids":{"type":["list","string"],"description_kind":"plain","optional":true},"client_certificate_password":{"type":"string","description":"The password associated with the Client Certificate. For use when authenticating as a Service Principal using a Client Certificate","description_kind":"plain","optional":true},"client_certificate_path":{"type":"string","description":"The path to the Client Certificate associated with the Service Principal for use when authenticating as a Service Principal using a Client Certificate.","description_kind":"plain","optional":true},"client_id":{"type":"string","description":"The Client ID which should be used.","description_kind":"plain","optional":true},"client_secret":{"type":"string","description":"The Client Secret which should be used. For use When authenticating as a Service Principal using a Client Secret.","description_kind":"plain","optional":true},"disable_correlation_request_id":{"type":"bool","description":"This will disable the x-ms-correlation-request-id header.","description_kind":"plain","optional":true},"disable_terraform_partner_id":{"type":"bool","description":"This will disable the Terraform Partner ID which is used if a custom `partner_id` isn't specified.","description_kind":"plain","optional":true},"environment":{"type":"string","description":"The Cloud Environment which should be used. Possible values are public, usgovernment, german, and china. Defaults to public.","description_kind":"plain","optional":true},"metadata_host":{"type":"string","description":"The Hostname which should be used for the Azure Metadata Service.","description_kind":"plain","optional":true},"metadata_url":{"type":"string","description":"Deprecated - replaced by `metadata_host`.","description_kind":"plain","deprecated":true,"optional":true},"msi_endpoint":{"type":"string","description":"The path to a custom endpoint for Managed Service Identity - in most circumstances this should be detected automatically. ","description_kind":"plain","optional":true},"partner_id":{"type":"string","description":"A GUID/UUID that is registered with Microsoft to facilitate partner resource usage attribution.","description_kind":"plain","optional":true},"skip_credentials_validation":{"type":"bool","description":"This will cause the AzureRM Provider to skip verifying the credentials being used are valid.","description_kind":"plain","optional":true},"skip_provider_registration":{"type":"bool","description":"Should the AzureRM Provider skip registering all of the Resource Providers that it supports, if they're not already registered?","description_kind":"plain","optional":true},"storage_use_azuread":{"type":"bool","description":"Should the AzureRM Provider use AzureAD to access the Storage Data Plane API's?","description_kind":"plain","optional":true},"subscription_id":{"type":"string","description":"The Subscription ID which should be used.","description_kind":"plain","optional":true},"tenant_id":{"type":"string","description":"The Tenant ID which should be used.","description_kind":"plain","optional":true},"use_msi":{"type":"bool","description":"Allowed Managed Service Identity be used for Authentication.","description_kind":"plain","optional":true}},"description_kind":"plain"}},"resource_schemas":{"azurecm_function_host_secret":{"version":0,"block":{"attributes":{"host_secret":{"type":"string","description_kind":"plain","computed":true},"id":{"type":"string","description_kind":"plain","optional":true,"computed":true},"key_name":{"type":"string","description_kind":"plain","required":true},"name":{"type":"string","description_kind":"plain","required":true},"resource_group_name":{"type":"string","description_kind":"plain","required":true}},"block_types":{"timeouts":{"nesting_mode":"single","block":{"attributes":{"create":{"type":"string","description_kind":"plain","optional":true},"delete":{"type":"string","description_kind":"plain","optional":true},"read":{"type":"string","description_kind":"plain","optional":true},"update":{"type":"string","description_kind":"plain","optional":true}},"description_kind":"plain"}}},"description_kind":"plain"}}},"data_source_schemas":{"azurecm_function_host_secret":{"version":0,"block":{"attributes":{"host_secret":{"type":"string","description_kind":"plain","computed":true},"id":{"type":"string","description_kind":"plain","optional":true,"computed":true},"key_name":{"type":"string","description_kind":"plain","required":true},"name":{"type":"string","description_kind":"plain","required":true},"resource_group_name":{"type":"string","description_kind":"plain","required":true}},"block_types":{"timeouts":{"nesting_mode":"single","block":{"attributes":{"read":{"type":"string","description_kind":"plain","optional":true}},"description_kind":"plain"}}},"description_kind":"plain"}}}}}}
