{"format_version":"0.2","provider_schemas":{"registry.terraform.io/travelaudience/codeclimate":{"provider":{"version":0,"block":{"attributes":{"api_key":{"type":"string","description":"Token for the CodeClimate API.","description_kind":"plain","required":true}},"description_kind":"plain"}},"resource_schemas":{"codeclimate_repository":{"version":0,"block":{"attributes":{"codeclimate_id":{"type":"string","description_kind":"plain","computed":true},"id":{"type":"string","description_kind":"plain","optional":true,"computed":true},"organization_id":{"type":"string","description_kind":"plain","required":true},"repository_url":{"type":"string","description_kind":"plain","required":true},"test_reporter_id":{"type":"string","description_kind":"plain","computed":true}},"description_kind":"plain"}}},"data_source_schemas":{"codeclimate_organization":{"version":0,"block":{"attributes":{"id":{"type":"string","description_kind":"plain","computed":true},"name":{"type":"string","description_kind":"plain","required":true}},"description_kind":"plain"}},"codeclimate_repository":{"version":0,"block":{"attributes":{"id":{"type":"string","description_kind":"plain","optional":true,"computed":true},"repository_slug":{"type":"string","description_kind":"plain","required":true},"test_reporter_id":{"type":"string","description_kind":"plain","computed":true}},"description_kind":"plain"}}}}}}
