{"format_version":"0.2","provider_schemas":{"registry.terraform.io/trendmicro/conformity":{"provider":{"version":0,"block":{"attributes":{"apikey":{"type":"string","description_kind":"plain","required":true,"sensitive":true},"region":{"type":"string","description_kind":"plain","optional":true}},"description_kind":"plain"}},"resource_schemas":{"conformity_aws_account":{"version":0,"block":{"attributes":{"environment":{"type":"string","description_kind":"plain","required":true},"external_id":{"type":"string","description_kind":"plain","required":true},"id":{"type":"string","description_kind":"plain","optional":true,"computed":true},"name":{"type":"string","description_kind":"plain","required":true},"role_arn":{"type":"string","description_kind":"plain","required":true},"tags":{"type":["set","string"],"description_kind":"plain","optional":true}},"block_types":{"settings":{"nesting_mode":"set","block":{"block_types":{"bot":{"nesting_mode":"set","block":{"attributes":{"delay":{"type":"number","description_kind":"plain","optional":true},"disabled":{"type":"bool","description_kind":"plain","optional":true},"disabled_regions":{"type":["set","string"],"description_kind":"plain","optional":true}},"description_kind":"plain"},"max_items":1},"rule":{"nesting_mode":"list","block":{"attributes":{"rule_id":{"type":"string","description_kind":"plain","required":true}},"block_types":{"settings":{"nesting_mode":"set","block":{"attributes":{"enabled":{"type":"bool","description_kind":"plain","optional":true},"risk_level":{"type":"string","description_kind":"plain","required":true},"rule_exists":{"type":"bool","description_kind":"plain","optional":true}},"block_types":{"exceptions":{"nesting_mode":"set","block":{"attributes":{"filter_tags":{"type":["set","string"],"description_kind":"plain","optional":true},"resources":{"type":["set","string"],"description_kind":"plain","optional":true},"tags":{"type":["set","string"],"description_kind":"plain","optional":true}},"description_kind":"plain"},"max_items":1},"extra_settings":{"nesting_mode":"set","block":{"attributes":{"name":{"type":"string","description_kind":"plain","optional":true},"regions":{"type":["set","string"],"description_kind":"plain","optional":true},"type":{"type":"string","description_kind":"plain","required":true},"value":{"type":"string","description_kind":"plain","optional":true}},"block_types":{"mappings":{"nesting_mode":"set","block":{"block_types":{"values":{"nesting_mode":"set","block":{"attributes":{"name":{"type":"string","description_kind":"plain","required":true},"type":{"type":"string","description_kind":"plain","required":true},"value":{"type":"string","description_kind":"plain","optional":true}},"block_types":{"values":{"nesting_mode":"set","block":{"attributes":{"value":{"type":"string","description_kind":"plain","required":true}},"description_kind":"plain"}}},"description_kind":"plain"},"min_items":1}},"description_kind":"plain"}},"multiple_object_values":{"nesting_mode":"set","block":{"attributes":{"event_name":{"type":"string","description_kind":"plain","optional":true},"event_source":{"type":"string","description_kind":"plain","required":true},"user_identity_type":{"type":"string","description_kind":"plain","optional":true}},"description_kind":"plain"}},"values":{"nesting_mode":"set","block":{"attributes":{"enabled":{"type":"bool","description_kind":"plain","optional":true},"label":{"type":"string","description_kind":"plain","optional":true},"value":{"type":"string","description_kind":"plain","required":true}},"description_kind":"plain"}}},"description_kind":"plain"}}},"description_kind":"plain"},"min_items":1,"max_items":1}},"description_kind":"plain"}}},"description_kind":"plain"},"max_items":1}},"description_kind":"plain"}},"conformity_azure_account":{"version":0,"block":{"attributes":{"active_directory_id":{"type":"string","description_kind":"plain","required":true},"environment":{"type":"string","description_kind":"plain","required":true},"id":{"type":"string","description_kind":"plain","optional":true,"computed":true},"name":{"type":"string","description_kind":"plain","required":true},"subscription_id":{"type":"string","description_kind":"plain","required":true},"tags":{"type":["set","string"],"description_kind":"plain","optional":true}},"block_types":{"settings":{"nesting_mode":"set","block":{"block_types":{"bot":{"nesting_mode":"set","block":{"attributes":{"delay":{"type":"number","description_kind":"plain","optional":true},"disabled":{"type":"bool","description_kind":"plain","optional":true},"disabled_regions":{"type":["set","string"],"description_kind":"plain","optional":true}},"description_kind":"plain"},"max_items":1},"rule":{"nesting_mode":"list","block":{"attributes":{"rule_id":{"type":"string","description_kind":"plain","required":true}},"block_types":{"settings":{"nesting_mode":"set","block":{"attributes":{"enabled":{"type":"bool","description_kind":"plain","optional":true},"risk_level":{"type":"string","description_kind":"plain","required":true},"rule_exists":{"type":"bool","description_kind":"plain","optional":true}},"block_types":{"exceptions":{"nesting_mode":"set","block":{"attributes":{"filter_tags":{"type":["set","string"],"description_kind":"plain","optional":true},"resources":{"type":["set","string"],"description_kind":"plain","optional":true},"tags":{"type":["set","string"],"description_kind":"plain","optional":true}},"description_kind":"plain"},"max_items":1},"extra_settings":{"nesting_mode":"set","block":{"attributes":{"name":{"type":"string","description_kind":"plain","optional":true},"regions":{"type":["set","string"],"description_kind":"plain","optional":true},"type":{"type":"string","description_kind":"plain","required":true},"value":{"type":"string","description_kind":"plain","optional":true}},"block_types":{"mappings":{"nesting_mode":"set","block":{"block_types":{"values":{"nesting_mode":"set","block":{"attributes":{"name":{"type":"string","description_kind":"plain","required":true},"type":{"type":"string","description_kind":"plain","required":true},"value":{"type":"string","description_kind":"plain","optional":true}},"block_types":{"values":{"nesting_mode":"set","block":{"attributes":{"value":{"type":"string","description_kind":"plain","required":true}},"description_kind":"plain"}}},"description_kind":"plain"},"min_items":1}},"description_kind":"plain"}},"multiple_object_values":{"nesting_mode":"set","block":{"attributes":{"event_name":{"type":"string","description_kind":"plain","optional":true},"event_source":{"type":"string","description_kind":"plain","required":true},"user_identity_type":{"type":"string","description_kind":"plain","optional":true}},"description_kind":"plain"}},"values":{"nesting_mode":"set","block":{"attributes":{"enabled":{"type":"bool","description_kind":"plain","optional":true},"label":{"type":"string","description_kind":"plain","optional":true},"value":{"type":"string","description_kind":"plain","required":true}},"description_kind":"plain"}}},"description_kind":"plain"}}},"description_kind":"plain"},"min_items":1,"max_items":1}},"description_kind":"plain"}}},"description_kind":"plain"},"max_items":1}},"description_kind":"plain"}},"conformity_communication_setting":{"version":0,"block":{"attributes":{"enabled":{"type":"bool","description_kind":"plain","optional":true},"id":{"type":"string","description_kind":"plain","optional":true,"computed":true}},"block_types":{"email":{"nesting_mode":"set","block":{"attributes":{"users":{"type":["set","string"],"description_kind":"plain","required":true}},"description_kind":"plain"},"max_items":1},"filter":{"nesting_mode":"list","block":{"attributes":{"categories":{"type":["set","string"],"description_kind":"plain","optional":true},"compliances":{"type":["set","string"],"description_kind":"plain","optional":true},"filter_tags":{"type":["set","string"],"description_kind":"plain","optional":true},"regions":{"type":["set","string"],"description_kind":"plain","optional":true},"risk_levels":{"type":["set","string"],"description_kind":"plain","optional":true},"rule_ids":{"type":["set","string"],"description_kind":"plain","optional":true},"services":{"type":["set","string"],"description_kind":"plain","optional":true},"tags":{"type":["set","string"],"description_kind":"plain","optional":true}},"description_kind":"plain"},"max_items":1},"ms_teams":{"nesting_mode":"set","block":{"attributes":{"channel":{"type":"string","description_kind":"plain","optional":true},"channel_name":{"type":"string","description_kind":"plain","optional":true},"display_extra_data":{"type":"bool","description_kind":"plain","optional":true},"display_introduced_by":{"type":"bool","description_kind":"plain","optional":true},"display_resource":{"type":"bool","description_kind":"plain","optional":true},"display_tags":{"type":"bool","description_kind":"plain","optional":true},"url":{"type":"string","description_kind":"plain","required":true}},"description_kind":"plain"},"max_items":1},"pager_duty":{"nesting_mode":"set","block":{"attributes":{"channel_name":{"type":"string","description_kind":"plain","optional":true},"service_key":{"type":"string","description_kind":"plain","required":true},"service_name":{"type":"string","description_kind":"plain","required":true}},"description_kind":"plain"},"max_items":1},"relationships":{"nesting_mode":"list","block":{"block_types":{"account":{"nesting_mode":"list","block":{"attributes":{"id":{"type":"string","description_kind":"plain","optional":true}},"description_kind":"plain"},"max_items":1},"organisation":{"nesting_mode":"list","block":{"attributes":{"id":{"type":"string","description_kind":"plain","optional":true}},"description_kind":"plain"},"max_items":1}},"description_kind":"plain"},"max_items":1},"slack":{"nesting_mode":"set","block":{"attributes":{"channel":{"type":"string","description_kind":"plain","required":true},"channel_name":{"type":"string","description_kind":"plain","optional":true},"display_extra_data":{"type":"bool","description_kind":"plain","optional":true},"display_introduced_by":{"type":"bool","description_kind":"plain","optional":true},"display_resource":{"type":"bool","description_kind":"plain","optional":true},"display_tags":{"type":"bool","description_kind":"plain","optional":true},"url":{"type":"string","description_kind":"plain","required":true}},"description_kind":"plain"},"max_items":1},"sms":{"nesting_mode":"set","block":{"attributes":{"users":{"type":["set","string"],"description_kind":"plain","required":true}},"description_kind":"plain"},"max_items":1},"sns":{"nesting_mode":"set","block":{"attributes":{"arn":{"type":"string","description_kind":"plain","required":true},"channel_name":{"type":"string","description_kind":"plain","optional":true}},"description_kind":"plain"},"max_items":1},"webhook":{"nesting_mode":"set","block":{"attributes":{"security_token":{"type":"string","description_kind":"plain","optional":true},"url":{"type":"string","description_kind":"plain","required":true}},"description_kind":"plain"},"max_items":1}},"description_kind":"plain"}},"conformity_group":{"version":0,"block":{"attributes":{"id":{"type":"string","description_kind":"plain","optional":true,"computed":true},"name":{"type":"string","description_kind":"plain","required":true},"tags":{"type":["set","string"],"description_kind":"plain","required":true}},"description_kind":"plain"}},"conformity_profile":{"version":0,"block":{"attributes":{"description":{"type":"string","description_kind":"plain","optional":true},"id":{"type":"string","description_kind":"plain","optional":true,"computed":true},"name":{"type":"string","description_kind":"plain","required":true},"profile_id":{"type":"string","description_kind":"plain","optional":true}},"block_types":{"included":{"nesting_mode":"list","block":{"attributes":{"enabled":{"type":"bool","description_kind":"plain","optional":true},"id":{"type":"string","description_kind":"plain","optional":true},"provider":{"type":"string","description_kind":"plain","optional":true},"risk_level":{"type":"string","description_kind":"plain","optional":true}},"block_types":{"exceptions":{"nesting_mode":"set","block":{"attributes":{"filter_tags":{"type":["set","string"],"description_kind":"plain","optional":true},"resources":{"type":["set","string"],"description_kind":"plain","optional":true},"tags":{"type":["set","string"],"description_kind":"plain","optional":true}},"description_kind":"plain"},"max_items":1},"extra_settings":{"nesting_mode":"set","block":{"attributes":{"countries":{"type":"bool","description_kind":"plain","optional":true},"multiple":{"type":"bool","description_kind":"plain","optional":true},"name":{"type":"string","description_kind":"plain","optional":true},"regions":{"type":"bool","description_kind":"plain","optional":true},"type":{"type":"string","description_kind":"plain","required":true},"value":{"type":"string","description_kind":"plain","optional":true}},"block_types":{"values":{"nesting_mode":"set","block":{"attributes":{"enabled":{"type":"bool","description_kind":"plain","optional":true},"label":{"type":"string","description_kind":"plain","optional":true},"value":{"type":"string","description_kind":"plain","required":true}},"description_kind":"plain"}}},"description_kind":"plain"}}},"description_kind":"plain"}}},"description_kind":"plain"}},"conformity_report_config":{"version":0,"block":{"attributes":{"account_id":{"type":"string","description_kind":"plain","optional":true},"group_id":{"type":"string","description_kind":"plain","optional":true},"id":{"type":"string","description_kind":"plain","optional":true,"computed":true}},"block_types":{"configuration":{"nesting_mode":"list","block":{"attributes":{"emails":{"type":["set","string"],"description_kind":"plain","optional":true},"frequency":{"type":"string","description_kind":"plain","optional":true},"generate_report_type":{"type":"string","description_kind":"plain","optional":true},"include_checks":{"type":"bool","description_kind":"plain","optional":true},"scheduled":{"type":"bool","description_kind":"plain","optional":true},"send_email":{"type":"bool","description_kind":"plain","optional":true},"should_email_include_csv":{"type":"bool","description_kind":"plain","optional":true},"should_email_include_pdf":{"type":"bool","description_kind":"plain","optional":true},"title":{"type":"string","description_kind":"plain","required":true},"tz":{"type":"string","description_kind":"plain","optional":true}},"description_kind":"plain"},"min_items":1,"max_items":1},"filter":{"nesting_mode":"list","block":{"attributes":{"categories":{"type":["set","string"],"description_kind":"plain","optional":true},"compliance_standards":{"type":["set","string"],"description_kind":"plain","optional":true},"filter_tags":{"type":["set","string"],"description_kind":"plain","optional":true},"message":{"type":"bool","description_kind":"plain","optional":true},"newer_than_days":{"type":"number","description_kind":"plain","optional":true},"older_than_days":{"type":"number","description_kind":"plain","optional":true},"providers":{"type":["set","string"],"description_kind":"plain","optional":true},"regions":{"type":["set","string"],"description_kind":"plain","optional":true},"report_compliance_standard_id":{"type":"string","description_kind":"plain","optional":true},"resource":{"type":"string","description_kind":"plain","optional":true},"resource_search_mode":{"type":"string","description_kind":"plain","optional":true},"resource_types":{"type":["set","string"],"description_kind":"plain","optional":true},"risk_levels":{"type":"string","description_kind":"plain","optional":true},"rule_ids":{"type":["set","string"],"description_kind":"plain","optional":true},"services":{"type":["set","string"],"description_kind":"plain","optional":true},"statuses":{"type":["set","string"],"description_kind":"plain","optional":true},"suppressed":{"type":"bool","description_kind":"plain","optional":true},"suppressed_filter_mode":{"type":"string","description_kind":"plain","optional":true},"tags":{"type":["set","string"],"description_kind":"plain","optional":true},"text":{"type":"string","description_kind":"plain","optional":true},"with_checks":{"type":"bool","description_kind":"plain","optional":true},"without_checks":{"type":"bool","description_kind":"plain","optional":true}},"description_kind":"plain"}}},"description_kind":"plain"}},"conformity_sso_user":{"version":0,"block":{"attributes":{"email":{"type":"string","description_kind":"plain","required":true},"first_name":{"type":"string","description_kind":"plain","required":true},"id":{"type":"string","description_kind":"plain","optional":true,"computed":true},"last_login":{"type":"number","description_kind":"plain","computed":true},"last_name":{"type":"string","description_kind":"plain","required":true},"mfa":{"type":"bool","description_kind":"plain","computed":true},"role":{"type":"string","description_kind":"plain","required":true}},"block_types":{"access_list":{"nesting_mode":"set","block":{"attributes":{"account":{"type":"string","description_kind":"plain","required":true},"level":{"type":"string","description_kind":"plain","optional":true}},"description_kind":"plain"}}},"description_kind":"plain"}},"conformity_user":{"version":0,"block":{"attributes":{"email":{"type":"string","description_kind":"plain","required":true},"first_name":{"type":"string","description_kind":"plain","required":true},"id":{"type":"string","description_kind":"plain","optional":true,"computed":true},"last_login":{"type":"number","description_kind":"plain","computed":true},"last_name":{"type":"string","description_kind":"plain","required":true},"mfa":{"type":"bool","description_kind":"plain","computed":true},"role":{"type":"string","description_kind":"plain","required":true}},"block_types":{"access_list":{"nesting_mode":"set","block":{"attributes":{"account":{"type":"string","description_kind":"plain","required":true},"level":{"type":"string","description_kind":"plain","optional":true}},"description_kind":"plain"}}},"description_kind":"plain"}}},"data_source_schemas":{"conformity_apply_profile":{"version":0,"block":{"attributes":{"account_ids":{"type":["set","string"],"description_kind":"plain","required":true},"id":{"type":"string","description_kind":"plain","optional":true,"computed":true},"mode":{"type":"string","description_kind":"plain","required":true},"notes":{"type":"string","description_kind":"plain","required":true},"profile_id":{"type":"string","description_kind":"plain","required":true}},"block_types":{"include":{"nesting_mode":"set","block":{"attributes":{"exceptions":{"type":"bool","description_kind":"plain","required":true}},"description_kind":"plain"},"max_items":1}},"description_kind":"plain"}},"conformity_external_id":{"version":0,"block":{"attributes":{"external_id":{"type":"string","description_kind":"plain","computed":true},"id":{"type":"string","description_kind":"plain","optional":true,"computed":true}},"description_kind":"plain"}}}}}}
