{"format_version":"0.2","provider_schemas":{"registry.terraform.io/trevex/ldap":{"provider":{"version":0,"block":{"attributes":{"bind_password":{"type":"string","description_kind":"plain","required":true,"sensitive":true},"bind_user":{"type":"string","description_kind":"plain","required":true},"skip_verify":{"type":"bool","description_kind":"plain","optional":true},"url":{"type":"string","description_kind":"plain","optional":true},"use_starttls":{"type":"bool","description_kind":"plain","optional":true}},"description_kind":"plain"}},"resource_schemas":{"ldap_object":{"version":0,"block":{"attributes":{"attributes":{"type":["set",["map","string"]],"description":"The map of attributes of this object; each attribute can be multi-valued.","description_kind":"plain","optional":true},"dn":{"type":"string","description":"The Distinguished Name (DN) of the object, as the concatenation of its RDN (unique among siblings) and its parent's DN.","description_kind":"plain","required":true},"id":{"type":"string","description_kind":"plain","optional":true,"computed":true},"object_classes":{"type":["set","string"],"description":"The set of classes this object conforms to (e.g. organizationalUnit, inetOrgPerson).","description_kind":"plain","required":true},"select_attributes":{"type":["set","string"],"description":"Only attributes in this list will be modified by the provider","description_kind":"plain","optional":true},"skip_attributes":{"type":["set","string"],"description":"A list of attributes which will not be tracked by the provider","description_kind":"plain","optional":true}},"description_kind":"plain"}},"ldap_object_attributes":{"version":0,"block":{"attributes":{"attributes":{"type":["set",["map","string"]],"description":"The map of attributes to add to the referenced object; each attribute can be multi-valued.","description_kind":"plain","optional":true},"dn":{"type":"string","description":"The Distinguished Name (DN) of the object, as the concatenation of its RDN (unique among siblings) and its parent's DN. The referenced object should exist to be able to add attributes.","description_kind":"plain","required":true},"id":{"type":"string","description_kind":"plain","optional":true,"computed":true}},"description":"The `ldap_object_attributes`-resource owns only specific attributes of an object. In case of multi-valued attributes the resource only owns the values defined by the resource and all pre-existing ones or ones added by other means are left in-tact.","description_kind":"plain"}}},"data_source_schemas":{"ldap_object":{"version":0,"block":{"attributes":{"attributes":{"type":["set",["map","string"]],"description":"The map of attributes of this object; each attribute can be multi-valued.","description_kind":"plain","computed":true},"attributes_json":{"type":["map","string"],"description":"A map of json encoded attribute values. Each entry is a JSON encoded string list","description_kind":"plain","computed":true},"base_dn":{"type":"string","description":"Base DN to search from","description_kind":"plain","required":true},"depth":{"type":"string","description":"Search depth kind: sub (or subtree, wholeSubtree), base (or baseObject), one (or singleLevel)","description_kind":"plain","optional":true},"dn":{"type":"string","description":"DN Of the object","description_kind":"plain","computed":true},"id":{"type":"string","description_kind":"plain","optional":true,"computed":true},"search_values":{"type":["map","string"],"description":"A dict of values to search by, will be AND'd together","description_kind":"plain","required":true},"select_attributes":{"type":["set","string"],"description":"Only attributes in this list will be modified by the provider","description_kind":"plain","optional":true},"skip_attributes":{"type":["set","string"],"description":"A list of attributes which will not be tracked by the provider","description_kind":"plain","optional":true}},"description_kind":"plain"}}}}}}
