{"format_version":"0.2","provider_schemas":{"registry.terraform.io/truewhitespace/twsaws":{"provider":{"version":0,"block":{"attributes":{"backend":{"type":"string","description":"By default, operate against AWS.  Set to 'localstack' to use against a local localstack instance.  This is primarily intended for debugging.","description_kind":"plain","optional":true},"default_key_expiry":{"type":"string","description":"Default maximum age of a key before the key is scheduled for deletion","description_kind":"plain","optional":true},"default_key_grace":{"type":"string","description":"Default age at which we gracefully attempt to rotate out the key","description_kind":"plain","optional":true}},"description_kind":"plain"}},"resource_schemas":{"twsaws_rotating_keys":{"version":0,"block":{"attributes":{"active_key_id":{"type":"string","description":"Active AWS Access Key ID to be utilized by clients","description_kind":"plain","computed":true},"active_key_secret":{"type":"string","description":"Active AWS Access Key Secret to be utilized by clients","description_kind":"plain","computed":true,"sensitive":true},"id":{"type":"string","description_kind":"plain","optional":true,"computed":true},"user_name":{"type":"string","description":"IAM name of the user to maintain active keys against","description_kind":"plain","required":true}},"description":"Manages a user's AWS access keys, attempting to gracefully rotate out aged keys while keeping an active key.","description_kind":"plain"}}}}}}
