{"format_version":"0.2","provider_schemas":{"registry.terraform.io/trung/quorum":{"provider":{"version":0,"block":{"description_kind":"plain"}},"resource_schemas":{"quorum_bootstrap_account":{"version":0,"block":{"attributes":{"account_url":{"type":"string","description":"URL of the newly generated account","description_kind":"plain","computed":true},"address":{"type":"string","description":"Address of the newly generated account","description_kind":"plain","computed":true},"balance":{"type":"string","description":"A place holder to keep account initial balance for referencing","description_kind":"plain","optional":true},"id":{"type":"string","description_kind":"plain","optional":true,"computed":true},"passphrase":{"type":"string","description":"Passphrase to lock/unlock the account. Default is empty","description_kind":"plain","optional":true,"sensitive":true},"wallet_id":{"type":"string","description":"ID of a wallet storing the newly created account. For keystore, it's the keystore resource id","description_kind":"plain","required":true}},"description_kind":"plain"}},"quorum_bootstrap_data_dir":{"version":0,"block":{"attributes":{"data_dir":{"type":"string","description":"Directory to intialize a genesis block","description_kind":"plain","required":true},"data_dir_abs":{"type":"string","description":"Absolute path to the data dir","description_kind":"plain","computed":true},"genesis":{"type":"string","description":"Genesis file content in JSON format","description_kind":"plain","required":true},"id":{"type":"string","description_kind":"plain","optional":true,"computed":true},"instance_name":{"type":"string","description":"The instance name of the node. This must be the same as the value in geth node config. Default is `geth`","description_kind":"plain","optional":true}},"description_kind":"plain"}},"quorum_bootstrap_istanbul_extradata":{"version":0,"block":{"attributes":{"extradata":{"type":"string","description":"Computed value which can be used in genesis file","description_kind":"plain","computed":true},"id":{"type":"string","description_kind":"plain","optional":true,"computed":true},"istanbul_addresses":{"type":["list","string"],"description":"list of Istanbul address to construct extradata","description_kind":"plain","required":true},"vanity":{"type":"string","description":"Vanity Hex Value to be included in the extradata","description_kind":"plain","optional":true}},"description_kind":"plain"}},"quorum_bootstrap_keystore":{"version":0,"block":{"attributes":{"account":{"type":["list",["object",{"account_url":"string","address":"string","balance":"string","passphrase":"string"}]],"description":"Account being created under this keystore","description_kind":"plain","optional":true},"id":{"type":"string","description_kind":"plain","optional":true,"computed":true},"keystore_dir":{"type":"string","description":"Directory contains private keys","description_kind":"plain","required":true},"keystore_dir_abs":{"type":"string","description":"Absolute path of the keystore directory","description_kind":"plain","computed":true},"use_light_weight_kdf":{"type":"bool","description":"True to lower the memory and CPU requirements of the key store scrypt KDF at the expense of security","description_kind":"plain","optional":true}},"description_kind":"plain"}},"quorum_bootstrap_network":{"version":0,"block":{"attributes":{"id":{"type":"string","description_kind":"plain","optional":true,"computed":true},"name":{"type":"string","description":"Name of a new network. Directory name restriction applied","description_kind":"plain","required":true},"network_dir_abs":{"type":"string","description":"Absolute path to a directory representing this new network","description_kind":"plain","computed":true},"target_dir":{"type":"string","description":"File system path to the directory on which new directory will be created. Default is current working directory","description_kind":"plain","optional":true}},"description_kind":"plain"}},"quorum_bootstrap_node_key":{"version":0,"block":{"attributes":{"hex_node_id":{"type":"string","description":"64-byte hex value represents node ID which is seen being encoded in the username portion of enode URL. E.g.: `enode://[hex node id]@localhost:22000`","description_kind":"plain","computed":true},"id":{"type":"string","description_kind":"plain","optional":true,"computed":true},"istanbul_address":{"type":"string","description":"Address representing public key for the newly created node key. This is mainly used to construct the initial validators set encoded in `extradata` field of the genesis file","description_kind":"plain","computed":true},"node_id":{"type":"string","description":"32-byte hex value represents the unique identifier for a node","description_kind":"plain","computed":true},"node_key_hex":{"type":"string","description":"Node key as hex. This can be used to populate `--nodekeyhex` CLI parameter","description_kind":"plain","computed":true,"sensitive":true}},"description_kind":"plain"}},"quorum_transaction_manager_keypair":{"version":0,"block":{"attributes":{"id":{"type":"string","description_kind":"plain","optional":true,"computed":true},"key_data":{"type":"string","description":"Key Data in JSON format to be used by Private Transaction Manager","description_kind":"plain","computed":true,"sensitive":true},"password":{"type":"string","description":"A password to protect the keypair","description_kind":"plain","optional":true,"sensitive":true},"private_key_json":{"type":"string","description":"Private key in JSON representation","description_kind":"plain","computed":true,"sensitive":true},"public_key_b64":{"type":"string","description":"Public key in standard base64 encoding","description_kind":"plain","computed":true}},"block_types":{"config":{"nesting_mode":"list","block":{"attributes":{"iterations":{"type":"number","description":"Number of iterations to cycle through","description_kind":"plain","optional":true},"memory":{"type":"number","description":"Memory limit","description_kind":"plain","optional":true},"parallelism":{"type":"number","description":"Number of threads to use","description_kind":"plain","optional":true},"variant":{"type":"string","description":"Algorithm to use when hashing. Allowed values are `id` or `i`","description_kind":"plain","optional":true}},"description_kind":"plain"},"max_items":1}},"description_kind":"plain"}}},"data_source_schemas":{"quorum_bootstrap_genesis_mixhash":{"version":0,"block":{"attributes":{"id":{"type":"string","description_kind":"plain","optional":true,"computed":true},"istanbul":{"type":"string","description":"Mix hash that is used to identify whether the block is from Istanbul consensus engine","description_kind":"plain","computed":true}},"description_kind":"plain"}},"quorum_bootstrap_node_key":{"version":0,"block":{"attributes":{"hex_node_id":{"type":"string","description":"64-byte hex value represents node ID which is seen being encoded in the username portion of enode URL. E.g.: `enode:/[\u003chex node id]@localhost:22000`","description_kind":"plain","computed":true},"id":{"type":"string","description_kind":"plain","optional":true,"computed":true},"istanbul_address":{"type":"string","description":"Address representing public key for the newly created node key. This is mainly used to construct the initial validators set encoded in `extradata` field of the genesis file","description_kind":"plain","computed":true},"node_id":{"type":"string","description":"32-byte hex value represents the unique identifier for a node","description_kind":"plain","computed":true},"node_key_hex":{"type":"string","description":"This hex value encodes the private key of a node","description_kind":"plain","required":true}},"description_kind":"plain"}}}}}}
