{"format_version":"0.2","provider_schemas":{"registry.terraform.io/tsouza/elasticstack":{"provider":{"version":0,"block":{"attributes":{"elasticsearch_url":{"type":"string","description":"Elasticsearch URL to use for API Authentication.","description_kind":"markdown","optional":true},"kibana_url":{"type":"string","description":"Kibana URL to use for API Authentication.","description_kind":"markdown","optional":true},"password":{"type":"string","description":"Password to use for API authentication.","description_kind":"markdown","optional":true,"sensitive":true},"username":{"type":"string","description":"Username to use for API authentication.","description_kind":"markdown","optional":true}},"description_kind":"plain"}},"resource_schemas":{"elasticstack_auth_role":{"version":0,"block":{"attributes":{"cluster_privileges":{"type":["list","string"],"description_kind":"plain","optional":true},"id":{"type":"string","description_kind":"plain","optional":true,"computed":true},"name":{"type":"string","description_kind":"plain","required":true},"run_as_privileges":{"type":["list","string"],"description_kind":"plain","optional":true}},"block_types":{"index_privilege":{"nesting_mode":"list","block":{"attributes":{"allow_restricted_indices":{"type":"bool","description_kind":"plain","optional":true},"denied_fields":{"type":["list","string"],"description_kind":"plain","optional":true},"granted_fields":{"type":["list","string"],"description_kind":"plain","optional":true},"indices":{"type":["list","string"],"description_kind":"plain","required":true},"privileges":{"type":["list","string"],"description_kind":"plain","required":true}},"description_kind":"plain"}},"kibana_privilege":{"nesting_mode":"list","block":{"attributes":{"privileges":{"type":["list","string"],"description_kind":"plain","optional":true},"spaces":{"type":["list","string"],"description_kind":"plain","required":true}},"description_kind":"plain"}}},"description_kind":"plain"}},"elasticstack_auth_role_mapping":{"version":0,"block":{"attributes":{"enabled":{"type":"bool","description_kind":"plain","optional":true},"id":{"type":"string","description_kind":"plain","optional":true,"computed":true},"name":{"type":"string","description_kind":"plain","required":true},"roles":{"type":["list","string"],"description_kind":"plain","required":true}},"block_types":{"rule":{"nesting_mode":"list","block":{"attributes":{"require_all":{"type":"bool","description_kind":"plain","optional":true},"require_any":{"type":"bool","description_kind":"plain","optional":true}},"block_types":{"field":{"nesting_mode":"list","block":{"attributes":{"name":{"type":"string","description_kind":"plain","required":true},"type":{"type":"string","description_kind":"plain","required":true},"value":{"type":"string","description_kind":"plain","required":true}},"description_kind":"plain"},"min_items":1}},"description_kind":"plain"},"min_items":1,"max_items":1}},"description_kind":"plain"}},"elasticstack_auth_user":{"version":0,"block":{"attributes":{"email":{"type":"string","description_kind":"plain","optional":true},"full_name":{"type":"string","description_kind":"plain","optional":true},"id":{"type":"string","description_kind":"plain","optional":true,"computed":true},"metadata":{"type":"string","description_kind":"plain","optional":true},"password":{"type":"string","description_kind":"plain","optional":true,"sensitive":true},"password_hash":{"type":"string","description_kind":"plain","optional":true,"sensitive":true},"roles":{"type":["list","string"],"description_kind":"plain","required":true},"username":{"type":"string","description_kind":"plain","required":true}},"description_kind":"plain"}},"elasticstack_fleet_agent_policy":{"version":0,"block":{"attributes":{"description":{"type":"string","description_kind":"plain","optional":true},"enrollment_secret":{"type":"string","description_kind":"plain","computed":true,"sensitive":true},"id":{"type":"string","description_kind":"plain","optional":true,"computed":true},"name":{"type":"string","description_kind":"plain","required":true},"namespace":{"type":"string","description_kind":"plain","optional":true}},"block_types":{"agent_monitoring":{"nesting_mode":"list","block":{"attributes":{"collect_logs":{"type":"bool","description":"Enables logs collection","description_kind":"markdown","optional":true},"collect_metrics":{"type":"bool","description":"Enables metrics collection","description_kind":"markdown","optional":true}},"description_kind":"plain"},"max_items":1}},"description_kind":"plain"}}}}}}
