{"format_version":"0.2","provider_schemas":{"registry.terraform.io/tsuru/hcaas":{"provider":{"version":0,"block":{"attributes":{"host":{"type":"string","description":"Target to tsuru API","description_kind":"plain","optional":true},"token":{"type":"string","description":"Token to authenticate on tsuru API (optional)","description_kind":"plain","optional":true}},"description_kind":"plain"}},"resource_schemas":{"hcaas_group":{"version":0,"block":{"attributes":{"group":{"type":"string","description":"Group","description_kind":"plain","required":true},"id":{"type":"string","description_kind":"plain","optional":true,"computed":true},"instance":{"type":"string","description":"HCaaS Instance Name","description_kind":"plain","required":true},"service_name":{"type":"string","description":"HCaaS Service Name","description_kind":"plain","optional":true}},"description_kind":"plain"}},"hcaas_url":{"version":0,"block":{"attributes":{"comment":{"type":"string","description":"Comment of alert","description_kind":"plain","optional":true},"expected_string":{"type":"string","description":"Expected body string","description_kind":"plain","optional":true},"id":{"type":"string","description_kind":"plain","optional":true,"computed":true},"instance":{"type":"string","description":"HCaaS Instance Name","description_kind":"plain","required":true},"service_name":{"type":"string","description":"HCaaS Service Name","description_kind":"plain","optional":true},"url":{"type":"string","description":"URL of monitoring","description_kind":"plain","required":true}},"description_kind":"plain"}},"hcaas_watcher":{"version":0,"block":{"attributes":{"email":{"type":"string","description":"Email of watcher","description_kind":"plain","required":true},"id":{"type":"string","description_kind":"plain","optional":true,"computed":true},"instance":{"type":"string","description":"HCaaS Instance Name","description_kind":"plain","required":true},"password":{"type":"string","description":"Password of watcher","description_kind":"plain","optional":true,"sensitive":true},"service_name":{"type":"string","description":"HCaaS Service Name","description_kind":"plain","optional":true}},"description_kind":"plain"}}}}}}
