{"format_version":"0.2","provider_schemas":{"registry.terraform.io/tsuru/rpaas":{"provider":{"version":0,"block":{"attributes":{"host":{"type":"string","description":"Target to tsuru API","description_kind":"plain","optional":true},"skip_cert_verification":{"type":"bool","description":"Disable certificate verification","description_kind":"plain","optional":true},"token":{"type":"string","description":"Token to authenticate on tsuru API (optional)","description_kind":"plain","optional":true}},"description_kind":"plain"}},"resource_schemas":{"rpaas_autoscale":{"version":0,"block":{"attributes":{"id":{"type":"string","description_kind":"plain","optional":true,"computed":true},"instance":{"type":"string","description":"RPaaS Instance Name","description_kind":"plain","required":true},"max_replicas":{"type":"number","description":"Maximum number of replicas","description_kind":"plain","optional":true},"min_replicas":{"type":"number","description":"Minimum number of replicas","description_kind":"plain","optional":true},"service_name":{"type":"string","description":"RPaaS Service Name","description_kind":"plain","required":true},"target_cpu_utilization_percentage":{"type":"number","description":"Target average CPU utilization (represented as a percentage of requested CPU) over all the pods.","description_kind":"plain","optional":true}},"description_kind":"plain"}},"rpaas_block":{"version":0,"block":{"attributes":{"content":{"type":"string","description":"Custom Nginx configuration","description_kind":"plain","required":true},"id":{"type":"string","description_kind":"plain","optional":true,"computed":true},"instance":{"type":"string","description":"RPaaS Instance Name","description_kind":"plain","required":true},"name":{"type":"string","description":"Name of the block that will receive the custom configuration content","description_kind":"plain","required":true},"service_name":{"type":"string","description":"RPaaS Service Name","description_kind":"plain","required":true}},"description_kind":"plain"}},"rpaas_route":{"version":0,"block":{"attributes":{"content":{"type":"string","description":"Custom Nginx configuration content","description_kind":"plain","optional":true},"destination":{"type":"string","description":"Custom Nginx upstream destination","description_kind":"plain","optional":true},"https_only":{"type":"bool","description":"Only on https","description_kind":"plain","optional":true},"id":{"type":"string","description_kind":"plain","optional":true,"computed":true},"instance":{"type":"string","description":"RPaaS Instance Name","description_kind":"plain","required":true},"path":{"type":"string","description":"Path for this route","description_kind":"plain","required":true},"service_name":{"type":"string","description":"RPaaS Service Name","description_kind":"plain","required":true}},"description_kind":"plain"}}}}}}
