{"format_version":"0.2","provider_schemas":{"registry.terraform.io/tsuru/tsuru":{"provider":{"version":0,"block":{"attributes":{"host":{"type":"string","description":"Target to tsuru API","description_kind":"plain","optional":true},"skip_cert_verification":{"type":"bool","description":"Disable certificate verification","description_kind":"plain","optional":true},"token":{"type":"string","description":"Token to authenticate on tsuru API (optional)","description_kind":"plain","optional":true}},"description_kind":"plain"}},"resource_schemas":{"tsuru_app":{"version":0,"block":{"attributes":{"default_router":{"type":"string","description":"Default router at creation of app","description_kind":"plain","optional":true},"description":{"type":"string","description":"Application description","description_kind":"plain","optional":true},"id":{"type":"string","description_kind":"plain","optional":true,"computed":true},"internal_address":{"type":["list",["object",{"domain":"string","port":"number","process":"string","protocol":"string","version":"string"}]],"description_kind":"plain","computed":true},"name":{"type":"string","description":"Application name","description_kind":"plain","required":true},"plan":{"type":"string","description":"Plan","description_kind":"plain","required":true},"platform":{"type":"string","description":"Platform","description_kind":"plain","required":true},"pool":{"type":"string","description":"The name of pool","description_kind":"plain","required":true},"restart_on_update":{"type":"bool","description":"Restart app after applying changes","description_kind":"plain","optional":true},"router":{"type":["list",["object",{"addresses":["list","string"],"name":"string","options":["map","string"]}]],"description_kind":"plain","computed":true},"tags":{"type":["list","string"],"description":"Tags","description_kind":"plain","optional":true},"team_owner":{"type":"string","description":"Application owner","description_kind":"plain","required":true}},"block_types":{"metadata":{"nesting_mode":"list","block":{"attributes":{"annotations":{"type":["map","string"],"description_kind":"plain","optional":true},"labels":{"type":["map","string"],"description_kind":"plain","optional":true}},"description_kind":"plain"},"max_items":1}},"description":"Tsuru Application","description_kind":"plain"}},"tsuru_app_autoscale":{"version":0,"block":{"attributes":{"app":{"type":"string","description":"Application name","description_kind":"plain","required":true},"cpu_average":{"type":"string","description":"CPU average, for example: 20%, mean that we trigger autoscale when the average of CPU Usage of units is 20%.","description_kind":"plain","required":true},"id":{"type":"string","description_kind":"plain","optional":true,"computed":true},"max_units":{"type":"number","description":"maximum number of units","description_kind":"plain","required":true},"min_units":{"type":"number","description":"minimum number of units","description_kind":"plain","optional":true},"process":{"type":"string","description":"Name of service instance","description_kind":"plain","required":true}},"block_types":{"timeouts":{"nesting_mode":"single","block":{"attributes":{"create":{"type":"string","description_kind":"plain","optional":true},"delete":{"type":"string","description_kind":"plain","optional":true},"update":{"type":"string","description_kind":"plain","optional":true}},"description_kind":"plain"}}},"description":"Tsuru Application Autoscale","description_kind":"plain"}},"tsuru_app_cname":{"version":0,"block":{"attributes":{"app":{"type":"string","description":"Application name","description_kind":"plain","required":true},"hostname":{"type":"string","description":"Application description","description_kind":"plain","required":true},"id":{"type":"string","description_kind":"plain","optional":true,"computed":true}},"block_types":{"timeouts":{"nesting_mode":"single","block":{"attributes":{"create":{"type":"string","description_kind":"plain","optional":true},"delete":{"type":"string","description_kind":"plain","optional":true},"update":{"type":"string","description_kind":"plain","optional":true}},"description_kind":"plain"}}},"description":"Tsuru Application CName","description_kind":"plain"}},"tsuru_app_env":{"version":0,"block":{"attributes":{"app":{"type":"string","description":"Application name","description_kind":"plain","required":true},"environment_variables":{"type":["map","string"],"description":"Environment variables","description_kind":"plain","optional":true},"id":{"type":"string","description_kind":"plain","optional":true,"computed":true},"private_environment_variables":{"type":["map","string"],"description":"Environment variables","description_kind":"plain","optional":true},"restart_on_update":{"type":"bool","description":"restart app after applying","description_kind":"plain","optional":true}},"block_types":{"timeouts":{"nesting_mode":"single","block":{"attributes":{"create":{"type":"string","description_kind":"plain","optional":true},"delete":{"type":"string","description_kind":"plain","optional":true},"update":{"type":"string","description_kind":"plain","optional":true}},"description_kind":"plain"}}},"description":"Tsuru Application Environment","description_kind":"plain"}},"tsuru_app_grant":{"version":0,"block":{"attributes":{"app":{"type":"string","description":"Application name","description_kind":"plain","required":true},"id":{"type":"string","description_kind":"plain","optional":true,"computed":true},"team":{"type":"string","description":"Teams to grant access to the app","description_kind":"plain","required":true}},"block_types":{"timeouts":{"nesting_mode":"single","block":{"attributes":{"create":{"type":"string","description_kind":"plain","optional":true},"delete":{"type":"string","description_kind":"plain","optional":true},"update":{"type":"string","description_kind":"plain","optional":true}},"description_kind":"plain"}}},"description":"Tsuru Application Access Grant","description_kind":"plain"}},"tsuru_app_router":{"version":0,"block":{"attributes":{"app":{"type":"string","description":"Application name","description_kind":"plain","required":true},"id":{"type":"string","description_kind":"plain","optional":true,"computed":true},"name":{"type":"string","description":"Router name","description_kind":"plain","required":true},"options":{"type":["map","string"],"description":"Application description","description_kind":"plain","optional":true}},"block_types":{"timeouts":{"nesting_mode":"single","block":{"attributes":{"create":{"type":"string","description_kind":"plain","optional":true},"delete":{"type":"string","description_kind":"plain","optional":true},"update":{"type":"string","description_kind":"plain","optional":true}},"description_kind":"plain"}}},"description":"Tsuru Application Router","description_kind":"plain"}},"tsuru_app_unit":{"version":0,"block":{"attributes":{"app":{"type":"string","description":"Application name","description_kind":"plain","required":true},"id":{"type":"string","description_kind":"plain","optional":true,"computed":true},"process":{"type":"string","description":"Process name","description_kind":"plain","required":true},"units_count":{"type":"number","description":"Units count","description_kind":"plain","required":true},"version":{"type":"number","description":"Process name","description_kind":"plain","optional":true}},"description":"Tsuru Application Units","description_kind":"plain"}},"tsuru_cluster":{"version":0,"block":{"attributes":{"addresses":{"type":["list","string"],"description":"List of addresses to tsuru API connect in","description_kind":"plain","optional":true},"ca_cert":{"type":"string","description":"CA certificate to connect in cluster, must be enconded in base64","description_kind":"plain","optional":true},"client_cert":{"type":"string","description":"Client certificate to connect in cluster, must be enconded in base64","description_kind":"plain","optional":true},"client_key":{"type":"string","description":"Client key to connect in cluster, must be enconded in base64","description_kind":"plain","optional":true},"custom_data":{"type":["map","string"],"description":"Key/value to store additional config","description_kind":"plain","optional":true},"default":{"type":"bool","description":"Whether true, the cluster is the default for all pools","description_kind":"plain","optional":true},"http_proxy":{"type":"string","description":"Client HTTP proxy","description_kind":"plain","optional":true},"id":{"type":"string","description_kind":"plain","optional":true,"computed":true},"initial_pools":{"type":["list","string"],"description":"Name of initial pools, required when is no default cluster","description_kind":"plain","optional":true},"local":{"type":"bool","description":"Whether true, the cluster is auth by the local credentials of kubernetes","description_kind":"plain","optional":true},"name":{"type":"string","description":"Unique name of cluster","description_kind":"plain","required":true},"pools":{"type":["list","string"],"description":"Name of pools that belongs to the cluster","description_kind":"plain","computed":true},"tsuru_provisioner":{"type":"string","description":"Provisioner of cluster","description_kind":"plain","optional":true}},"block_types":{"kube_config":{"nesting_mode":"list","block":{"block_types":{"cluster":{"nesting_mode":"list","block":{"attributes":{"certificate_authority_data":{"type":"string","description_kind":"plain","optional":true,"sensitive":true},"insecure_skip_tls_verify":{"type":"bool","description_kind":"plain","optional":true},"server":{"type":"string","description_kind":"plain","required":true},"tls_server_name":{"type":"string","description_kind":"plain","optional":true}},"description_kind":"plain"},"max_items":1},"user":{"nesting_mode":"list","block":{"attributes":{"client_certificate_data":{"type":"string","description_kind":"plain","optional":true,"sensitive":true},"client_key_data":{"type":"string","description_kind":"plain","optional":true,"sensitive":true},"password":{"type":"string","description_kind":"plain","optional":true,"sensitive":true},"token":{"type":"string","description_kind":"plain","optional":true,"sensitive":true},"username":{"type":"string","description_kind":"plain","optional":true,"sensitive":true}},"block_types":{"auth_provider":{"nesting_mode":"list","block":{"attributes":{"config":{"type":["map","string"],"description_kind":"plain","optional":true},"name":{"type":"string","description_kind":"plain","optional":true}},"description_kind":"plain"},"max_items":1},"exec":{"nesting_mode":"list","block":{"attributes":{"api_version":{"type":"string","description_kind":"plain","optional":true},"args":{"type":["list","string"],"description_kind":"plain","optional":true},"command":{"type":"string","description_kind":"plain","optional":true}},"block_types":{"env":{"nesting_mode":"list","block":{"attributes":{"name":{"type":"string","description_kind":"plain","required":true},"value":{"type":"string","description_kind":"plain","required":true}},"description_kind":"plain"}}},"description_kind":"plain"},"max_items":1}},"description_kind":"plain"},"max_items":1}},"description_kind":"plain"},"max_items":1}},"description_kind":"plain"}},"tsuru_cluster_pool":{"version":0,"block":{"attributes":{"cluster":{"type":"string","description":"The name of defined cluster","description_kind":"plain","required":true},"id":{"type":"string","description_kind":"plain","optional":true,"computed":true},"pool":{"type":"string","description":"The name of defined pool","description_kind":"plain","required":true}},"description":"Resource used to assign pools into clusters","description_kind":"plain"}},"tsuru_plan":{"version":0,"block":{"attributes":{"cpu":{"type":"string","description_kind":"plain","required":true},"default":{"type":"bool","description_kind":"plain","optional":true},"id":{"type":"string","description_kind":"plain","optional":true,"computed":true},"memory":{"type":"string","description_kind":"plain","required":true},"name":{"type":"string","description_kind":"plain","required":true}},"description_kind":"plain"}},"tsuru_pool":{"version":0,"block":{"attributes":{"default":{"type":"bool","description_kind":"plain","optional":true},"id":{"type":"string","description_kind":"plain","optional":true,"computed":true},"labels":{"type":["map","string"],"description":"Key/value to store additional config","description_kind":"plain","optional":true},"name":{"type":"string","description":"Unique name of pool","description_kind":"plain","required":true},"public":{"type":"bool","description_kind":"plain","optional":true},"tsuru_provisioner":{"type":"string","description":"Provisioner of pool","description_kind":"plain","optional":true}},"description_kind":"plain"}},"tsuru_pool_constraint":{"version":0,"block":{"attributes":{"blacklist":{"type":"bool","description_kind":"plain","optional":true},"field":{"type":"string","description":"field of constraint","description_kind":"plain","required":true},"id":{"type":"string","description_kind":"plain","optional":true,"computed":true},"pool_expr":{"type":"string","description":"The name of pools, allow glob match style","description_kind":"plain","required":true},"values":{"type":["list","string"],"description_kind":"plain","required":true}},"description_kind":"plain"}},"tsuru_router":{"version":0,"block":{"attributes":{"config":{"type":"string","description":"Configuration for router in YAML format","description_kind":"plain","optional":true},"id":{"type":"string","description_kind":"plain","optional":true,"computed":true},"name":{"type":"string","description_kind":"plain","required":true},"type":{"type":"string","description_kind":"plain","required":true}},"description_kind":"plain"}},"tsuru_service_instance":{"version":0,"block":{"attributes":{"description":{"type":"string","description":"Human readable description for instance","description_kind":"plain","optional":true},"id":{"type":"string","description_kind":"plain","optional":true,"computed":true},"name":{"type":"string","description":"Instance name","description_kind":"plain","required":true},"owner":{"type":"string","description":"Team owner of this instance","description_kind":"plain","required":true},"parameters":{"type":["map","string"],"description":"Service instance addicional parameters","description_kind":"plain","optional":true},"plan":{"type":"string","description_kind":"plain","required":true},"pool":{"type":"string","description":"Service Pool","description_kind":"plain","optional":true},"service_name":{"type":"string","description":"Name of service kind","description_kind":"plain","required":true},"status":{"type":"string","description":"Current status of service","description_kind":"plain","computed":true},"tags":{"type":["list","string"],"description":"Custom tags for instance","description_kind":"plain","optional":true},"unbind_on_delete":{"type":"bool","description":"Unbind service instance from apps on delete","description_kind":"plain","optional":true},"wait_for_up_status":{"type":"bool","description":"Wait for instance to reach up state","description_kind":"plain","optional":true}},"description_kind":"plain"}},"tsuru_service_instance_bind":{"version":0,"block":{"attributes":{"app":{"type":"string","description":"Application name","description_kind":"plain","required":true},"id":{"type":"string","description_kind":"plain","optional":true,"computed":true},"restart_on_update":{"type":"bool","description":"restart app after applying","description_kind":"plain","optional":true},"service_instance":{"type":"string","description":"Name of service instance","description_kind":"plain","required":true},"service_name":{"type":"string","description":"Name of service kind","description_kind":"plain","required":true}},"description":"Tsuru Service Instance Bind","description_kind":"plain"}},"tsuru_service_instance_grant":{"version":0,"block":{"attributes":{"id":{"type":"string","description_kind":"plain","optional":true,"computed":true},"service_instance":{"type":"string","description":"Name of service instance","description_kind":"plain","required":true},"service_name":{"type":"string","description":"Name of service kind","description_kind":"plain","required":true},"team":{"type":"string","description":"Team name","description_kind":"plain","required":true}},"description":"Tsuru Service Instance Grant","description_kind":"plain"}},"tsuru_volume":{"version":0,"block":{"attributes":{"id":{"type":"string","description_kind":"plain","optional":true,"computed":true},"name":{"type":"string","description":"Volume name","description_kind":"plain","required":true},"options":{"type":["map","string"],"description":"Volume additional options","description_kind":"plain","optional":true},"owner":{"type":"string","description":"Team owner of this volume","description_kind":"plain","required":true},"plan":{"type":"string","description_kind":"plain","required":true},"pool":{"type":"string","description":"Volume Pool","description_kind":"plain","required":true}},"description":"Tsuru Service Volume","description_kind":"plain"}},"tsuru_volume_bind":{"version":0,"block":{"attributes":{"app":{"type":"string","description":"Application name","description_kind":"plain","required":true},"id":{"type":"string","description_kind":"plain","optional":true,"computed":true},"mount_point":{"type":"string","description":"Name of service instance","description_kind":"plain","required":true},"read_only":{"type":"bool","description":"restart app after applying","description_kind":"plain","optional":true},"restart_on_update":{"type":"bool","description":"restart app after applying","description_kind":"plain","optional":true},"volume":{"type":"string","description":"Name of service kind","description_kind":"plain","required":true}},"block_types":{"timeouts":{"nesting_mode":"single","block":{"attributes":{"create":{"type":"string","description_kind":"plain","optional":true},"delete":{"type":"string","description_kind":"plain","optional":true},"update":{"type":"string","description_kind":"plain","optional":true}},"description_kind":"plain"}}},"description":"Tsuru Service Volume Bind","description_kind":"plain"}},"tsuru_webhook":{"version":0,"block":{"attributes":{"body":{"type":"string","description_kind":"plain","optional":true},"description":{"type":"string","description_kind":"plain","required":true},"headers":{"type":["map","string"],"description_kind":"plain","optional":true},"id":{"type":"string","description_kind":"plain","optional":true,"computed":true},"insecure":{"type":"bool","description_kind":"plain","optional":true},"method":{"type":"string","description_kind":"plain","optional":true},"name":{"type":"string","description_kind":"plain","required":true},"proxy_url":{"type":"string","description_kind":"plain","optional":true},"team_owner":{"type":"string","description_kind":"plain","required":true},"url":{"type":"string","description_kind":"plain","required":true}},"block_types":{"event_filter":{"nesting_mode":"list","block":{"attributes":{"error_only":{"type":"bool","description_kind":"plain","optional":true},"kind_names":{"type":["list","string"],"description_kind":"plain","optional":true},"kind_types":{"type":["list","string"],"description_kind":"plain","optional":true},"success_only":{"type":"bool","description_kind":"plain","optional":true},"target_types":{"type":["list","string"],"description_kind":"plain","optional":true},"target_values":{"type":["list","string"],"description_kind":"plain","optional":true}},"description_kind":"plain"}}},"description_kind":"plain"}}},"data_source_schemas":{"tsuru_app":{"version":0,"block":{"attributes":{"cluster":{"type":"string","description_kind":"plain","computed":true},"description":{"type":"string","description_kind":"plain","computed":true},"id":{"type":"string","description_kind":"plain","optional":true,"computed":true},"name":{"type":"string","description":"Unique name of pool","description_kind":"plain","required":true},"platform":{"type":"string","description_kind":"plain","computed":true},"pool":{"type":"string","description_kind":"plain","computed":true},"tags":{"type":["list","string"],"description_kind":"plain","computed":true},"team_owner":{"type":"string","description_kind":"plain","computed":true},"teams":{"type":["list","string"],"description_kind":"plain","computed":true},"tsuru_provisioner":{"type":"string","description_kind":"plain","computed":true}},"block_types":{"internal_address":{"nesting_mode":"list","block":{"attributes":{"domain":{"type":"string","description_kind":"plain","computed":true},"port":{"type":"number","description_kind":"plain","computed":true},"process":{"type":"string","description_kind":"plain","computed":true},"protocol":{"type":"string","description_kind":"plain","computed":true},"version":{"type":"string","description_kind":"plain","computed":true}},"description_kind":"plain"}},"router":{"nesting_mode":"list","block":{"attributes":{"addresses":{"type":["list","string"],"description_kind":"plain","computed":true},"name":{"type":"string","description_kind":"plain","computed":true},"options":{"type":["map","string"],"description_kind":"plain","computed":true}},"description_kind":"plain"}}},"description_kind":"plain"}}}}}}
