{"format_version":"0.2","provider_schemas":{"registry.terraform.io/tweddle-se-team/insightops":{"provider":{"version":0,"block":{"attributes":{"api_key":{"type":"string","description":"API key (Read/Write) to be able to interact with InsightOps REST API","description_kind":"plain","required":true,"sensitive":true},"endpoint":{"type":"string","description":"Custom InsightOps REST API Endpoint","description_kind":"plain","optional":true},"region":{"type":"string","description":"Region for InsightOps REST API","description_kind":"plain","required":true}},"description_kind":"plain"}},"resource_schemas":{"insightops_action":{"version":0,"block":{"attributes":{"enabled":{"type":"bool","description_kind":"plain","optional":true},"id":{"type":"string","description_kind":"plain","optional":true,"computed":true},"min_matches_count":{"type":"number","description_kind":"plain","optional":true},"min_matches_period":{"type":"string","description_kind":"plain","optional":true},"min_report_count":{"type":"number","description_kind":"plain","optional":true},"min_report_period":{"type":"string","description_kind":"plain","optional":true},"target_ids":{"type":["set","string"],"description_kind":"plain","optional":true},"type":{"type":"string","description_kind":"plain","optional":true}},"description_kind":"plain"}},"insightops_label":{"version":0,"block":{"attributes":{"color":{"type":"string","description_kind":"plain","required":true},"id":{"type":"string","description_kind":"plain","optional":true,"computed":true},"name":{"type":"string","description_kind":"plain","required":true},"reserved":{"type":"bool","description_kind":"plain","computed":true},"sn":{"type":"number","description_kind":"plain","computed":true}},"description_kind":"plain"}},"insightops_log":{"version":0,"block":{"attributes":{"agent_filename":{"type":"string","description_kind":"plain","optional":true},"agent_follow":{"type":"bool","description_kind":"plain","optional":true},"id":{"type":"string","description_kind":"plain","optional":true,"computed":true},"logset_ids":{"type":["set","string"],"description_kind":"plain","optional":true},"name":{"type":"string","description_kind":"plain","required":true},"source_type":{"type":"string","description_kind":"plain","optional":true},"structures":{"type":["set","string"],"description_kind":"plain","optional":true},"token_seed":{"type":"string","description_kind":"plain","optional":true},"tokens":{"type":["set","string"],"description_kind":"plain","optional":true,"computed":true}},"description_kind":"plain"}},"insightops_logset":{"version":0,"block":{"attributes":{"description":{"type":"string","description_kind":"plain","optional":true},"id":{"type":"string","description_kind":"plain","optional":true,"computed":true},"name":{"type":"string","description_kind":"plain","required":true}},"description_kind":"plain"}},"insightops_tag":{"version":0,"block":{"attributes":{"action_ids":{"type":["set","string"],"description_kind":"plain","optional":true},"id":{"type":"string","description_kind":"plain","optional":true,"computed":true},"label_ids":{"type":["set","string"],"description_kind":"plain","required":true},"name":{"type":"string","description_kind":"plain","optional":true},"patterns":{"type":["set","string"],"description_kind":"plain","optional":true},"source_ids":{"type":["set","string"],"description_kind":"plain","optional":true},"type":{"type":"string","description_kind":"plain","optional":true}},"description_kind":"plain"}},"insightops_target":{"version":0,"block":{"attributes":{"id":{"type":"string","description_kind":"plain","optional":true,"computed":true},"log_context":{"type":"bool","description_kind":"plain","optional":true},"log_link":{"type":"bool","description_kind":"plain","optional":true},"name":{"type":"string","description_kind":"plain","required":true},"pagerduty_service_key":{"type":"string","description_kind":"plain","optional":true},"slack_webhook":{"type":"string","description_kind":"plain","optional":true},"webhook_url":{"type":"string","description_kind":"plain","optional":true}},"description_kind":"plain"}}},"data_source_schemas":{"insightops_label":{"version":0,"block":{"attributes":{"color":{"type":"string","description_kind":"plain","optional":true},"id":{"type":"string","description_kind":"plain","optional":true,"computed":true},"name":{"type":"string","description_kind":"plain","required":true}},"description_kind":"plain"}},"insightops_log":{"version":0,"block":{"attributes":{"id":{"type":"string","description_kind":"plain","optional":true,"computed":true},"logset":{"type":"string","description_kind":"plain","required":true},"name":{"type":"string","description_kind":"plain","required":true},"token":{"type":"string","description_kind":"plain","optional":true,"computed":true}},"description_kind":"plain"}},"insightops_logset":{"version":0,"block":{"attributes":{"description":{"type":"string","description_kind":"plain","computed":true},"id":{"type":"string","description_kind":"plain","optional":true,"computed":true},"name":{"type":"string","description_kind":"plain","required":true}},"description_kind":"plain"}}}}}}
