{"format_version":"0.2","provider_schemas":{"registry.terraform.io/twilio/twilio":{"provider":{"version":0,"block":{"attributes":{"account_sid":{"type":"string","description":"Your SubAccount SID can be found on the Twilio dashboard at www.twilio.com/console.","description_kind":"plain","optional":true},"edge":{"type":"string","description":"https://www.twilio.com/docs/global-infrastructure/edge-locations#public-edge-locations","description_kind":"plain","optional":true},"password":{"type":"string","description":"Your Auth Token/ API Secret can be found on the Twilio dashboard at www.twilio.com/console.","description_kind":"plain","required":true},"region":{"type":"string","description":"https://www.twilio.com/docs/global-infrastructure/edge-locations/legacy-regions","description_kind":"plain","optional":true},"username":{"type":"string","description":"Your Account SID/ API Key can be found on the Twilio dashboard at www.twilio.com/console.","description_kind":"plain","required":true}},"description_kind":"plain"}},"resource_schemas":{"twilio_accounts_credentials_public_keys_v1":{"version":0,"block":{"attributes":{"account_sid":{"type":"string","description_kind":"plain","optional":true,"computed":true},"friendly_name":{"type":"string","description_kind":"plain","optional":true,"computed":true},"id":{"type":"string","description_kind":"plain","optional":true,"computed":true},"public_key":{"type":"string","description_kind":"plain","required":true},"sid":{"type":"string","description_kind":"plain","computed":true}},"description_kind":"plain"}},"twilio_accounts_credentials_v1":{"version":0,"block":{"attributes":{"account_sid":{"type":"string","description_kind":"plain","optional":true,"computed":true},"credentials":{"type":"string","description_kind":"plain","required":true},"friendly_name":{"type":"string","description_kind":"plain","optional":true,"computed":true},"id":{"type":"string","description_kind":"plain","optional":true,"computed":true},"sid":{"type":"string","description_kind":"plain","computed":true}},"description_kind":"plain"}},"twilio_api_accounts_addresses_v2010":{"version":0,"block":{"attributes":{"auto_correct_address":{"type":"bool","description_kind":"plain","optional":true,"computed":true},"city":{"type":"string","description_kind":"plain","required":true},"customer_name":{"type":"string","description_kind":"plain","required":true},"emergency_enabled":{"type":"bool","description_kind":"plain","optional":true,"computed":true},"friendly_name":{"type":"string","description_kind":"plain","optional":true,"computed":true},"id":{"type":"string","description_kind":"plain","optional":true,"computed":true},"iso_country":{"type":"string","description_kind":"plain","required":true},"path_account_sid":{"type":"string","description_kind":"plain","optional":true,"computed":true},"postal_code":{"type":"string","description_kind":"plain","required":true},"region":{"type":"string","description_kind":"plain","required":true},"sid":{"type":"string","description_kind":"plain","computed":true},"street":{"type":"string","description_kind":"plain","required":true}},"description_kind":"plain"}},"twilio_api_accounts_applications_v2010":{"version":0,"block":{"attributes":{"api_version":{"type":"string","description_kind":"plain","optional":true,"computed":true},"friendly_name":{"type":"string","description_kind":"plain","optional":true,"computed":true},"id":{"type":"string","description_kind":"plain","optional":true,"computed":true},"message_status_callback":{"type":"string","description_kind":"plain","optional":true,"computed":true},"path_account_sid":{"type":"string","description_kind":"plain","optional":true,"computed":true},"sid":{"type":"string","description_kind":"plain","computed":true},"sms_fallback_method":{"type":"string","description_kind":"plain","optional":true,"computed":true},"sms_fallback_url":{"type":"string","description_kind":"plain","optional":true,"computed":true},"sms_method":{"type":"string","description_kind":"plain","optional":true,"computed":true},"sms_status_callback":{"type":"string","description_kind":"plain","optional":true,"computed":true},"sms_url":{"type":"string","description_kind":"plain","optional":true,"computed":true},"status_callback":{"type":"string","description_kind":"plain","optional":true,"computed":true},"status_callback_method":{"type":"string","description_kind":"plain","optional":true,"computed":true},"voice_caller_id_lookup":{"type":"bool","description_kind":"plain","optional":true,"computed":true},"voice_fallback_method":{"type":"string","description_kind":"plain","optional":true,"computed":true},"voice_fallback_url":{"type":"string","description_kind":"plain","optional":true,"computed":true},"voice_method":{"type":"string","description_kind":"plain","optional":true,"computed":true},"voice_url":{"type":"string","description_kind":"plain","optional":true,"computed":true}},"description_kind":"plain"}},"twilio_api_accounts_calls_feedback_summary_v2010":{"version":0,"block":{"attributes":{"end_date":{"type":"string","description_kind":"plain","required":true},"id":{"type":"string","description_kind":"plain","optional":true,"computed":true},"include_subaccounts":{"type":"bool","description_kind":"plain","optional":true,"computed":true},"path_account_sid":{"type":"string","description_kind":"plain","optional":true,"computed":true},"sid":{"type":"string","description_kind":"plain","computed":true},"start_date":{"type":"string","description_kind":"plain","required":true},"status_callback":{"type":"string","description_kind":"plain","optional":true,"computed":true},"status_callback_method":{"type":"string","description_kind":"plain","optional":true,"computed":true}},"description_kind":"plain"}},"twilio_api_accounts_calls_recordings_v2010":{"version":0,"block":{"attributes":{"call_sid":{"type":"string","description_kind":"plain","required":true},"id":{"type":"string","description_kind":"plain","optional":true,"computed":true},"path_account_sid":{"type":"string","description_kind":"plain","optional":true,"computed":true},"pause_behavior":{"type":"string","description_kind":"plain","optional":true,"computed":true},"recording_channels":{"type":"string","description_kind":"plain","optional":true,"computed":true},"recording_status_callback":{"type":"string","description_kind":"plain","optional":true,"computed":true},"recording_status_callback_event":{"type":["list","string"],"description_kind":"plain","optional":true,"computed":true},"recording_status_callback_method":{"type":"string","description_kind":"plain","optional":true,"computed":true},"recording_track":{"type":"string","description_kind":"plain","optional":true,"computed":true},"sid":{"type":"string","description_kind":"plain","computed":true},"status":{"type":"string","description_kind":"plain","optional":true,"computed":true},"trim":{"type":"string","description_kind":"plain","optional":true,"computed":true}},"description_kind":"plain"}},"twilio_api_accounts_calls_v2010":{"version":0,"block":{"attributes":{"application_sid":{"type":"string","description_kind":"plain","optional":true,"computed":true},"async_amd":{"type":"string","description_kind":"plain","optional":true,"computed":true},"async_amd_status_callback":{"type":"string","description_kind":"plain","optional":true,"computed":true},"async_amd_status_callback_method":{"type":"string","description_kind":"plain","optional":true,"computed":true},"byoc":{"type":"string","description_kind":"plain","optional":true,"computed":true},"call_reason":{"type":"string","description_kind":"plain","optional":true,"computed":true},"call_token":{"type":"string","description_kind":"plain","optional":true,"computed":true},"caller_id":{"type":"string","description_kind":"plain","optional":true,"computed":true},"fallback_method":{"type":"string","description_kind":"plain","optional":true,"computed":true},"fallback_url":{"type":"string","description_kind":"plain","optional":true,"computed":true},"from":{"type":"string","description_kind":"plain","required":true},"id":{"type":"string","description_kind":"plain","optional":true,"computed":true},"machine_detection":{"type":"string","description_kind":"plain","optional":true,"computed":true},"machine_detection_silence_timeout":{"type":"number","description_kind":"plain","optional":true,"computed":true},"machine_detection_speech_end_threshold":{"type":"number","description_kind":"plain","optional":true,"computed":true},"machine_detection_speech_threshold":{"type":"number","description_kind":"plain","optional":true,"computed":true},"machine_detection_timeout":{"type":"number","description_kind":"plain","optional":true,"computed":true},"method":{"type":"string","description_kind":"plain","optional":true,"computed":true},"path_account_sid":{"type":"string","description_kind":"plain","optional":true,"computed":true},"record":{"type":"bool","description_kind":"plain","optional":true,"computed":true},"recording_channels":{"type":"string","description_kind":"plain","optional":true,"computed":true},"recording_status_callback":{"type":"string","description_kind":"plain","optional":true,"computed":true},"recording_status_callback_event":{"type":["list","string"],"description_kind":"plain","optional":true,"computed":true},"recording_status_callback_method":{"type":"string","description_kind":"plain","optional":true,"computed":true},"recording_track":{"type":"string","description_kind":"plain","optional":true,"computed":true},"send_digits":{"type":"string","description_kind":"plain","optional":true,"computed":true},"sid":{"type":"string","description_kind":"plain","computed":true},"sip_auth_password":{"type":"string","description_kind":"plain","optional":true,"computed":true},"sip_auth_username":{"type":"string","description_kind":"plain","optional":true,"computed":true},"status":{"type":"string","description_kind":"plain","optional":true,"computed":true},"status_callback":{"type":"string","description_kind":"plain","optional":true,"computed":true},"status_callback_event":{"type":["list","string"],"description_kind":"plain","optional":true,"computed":true},"status_callback_method":{"type":"string","description_kind":"plain","optional":true,"computed":true},"time_limit":{"type":"number","description_kind":"plain","optional":true,"computed":true},"timeout":{"type":"number","description_kind":"plain","optional":true,"computed":true},"to":{"type":"string","description_kind":"plain","required":true},"trim":{"type":"string","description_kind":"plain","optional":true,"computed":true},"twiml":{"type":"string","description_kind":"plain","optional":true,"computed":true},"url":{"type":"string","description_kind":"plain","optional":true,"computed":true}},"description_kind":"plain"}},"twilio_api_accounts_conferences_participants_v2010":{"version":0,"block":{"attributes":{"announce_method":{"type":"string","description_kind":"plain","optional":true,"computed":true},"announce_url":{"type":"string","description_kind":"plain","optional":true,"computed":true},"beep":{"type":"string","description_kind":"plain","optional":true,"computed":true},"beep_on_exit":{"type":"bool","description_kind":"plain","optional":true,"computed":true},"byoc":{"type":"string","description_kind":"plain","optional":true,"computed":true},"call_reason":{"type":"string","description_kind":"plain","optional":true,"computed":true},"call_sid":{"type":"string","description_kind":"plain","computed":true},"call_sid_to_coach":{"type":"string","description_kind":"plain","optional":true,"computed":true},"caller_id":{"type":"string","description_kind":"plain","optional":true,"computed":true},"coaching":{"type":"bool","description_kind":"plain","optional":true,"computed":true},"conference_record":{"type":"string","description_kind":"plain","optional":true,"computed":true},"conference_recording_status_callback":{"type":"string","description_kind":"plain","optional":true,"computed":true},"conference_recording_status_callback_event":{"type":["list","string"],"description_kind":"plain","optional":true,"computed":true},"conference_recording_status_callback_method":{"type":"string","description_kind":"plain","optional":true,"computed":true},"conference_sid":{"type":"string","description_kind":"plain","required":true},"conference_status_callback":{"type":"string","description_kind":"plain","optional":true,"computed":true},"conference_status_callback_event":{"type":["list","string"],"description_kind":"plain","optional":true,"computed":true},"conference_status_callback_method":{"type":"string","description_kind":"plain","optional":true,"computed":true},"conference_trim":{"type":"string","description_kind":"plain","optional":true,"computed":true},"early_media":{"type":"bool","description_kind":"plain","optional":true,"computed":true},"end_conference_on_exit":{"type":"bool","description_kind":"plain","optional":true,"computed":true},"from":{"type":"string","description_kind":"plain","required":true},"hold":{"type":"bool","description_kind":"plain","optional":true,"computed":true},"hold_method":{"type":"string","description_kind":"plain","optional":true,"computed":true},"hold_url":{"type":"string","description_kind":"plain","optional":true,"computed":true},"id":{"type":"string","description_kind":"plain","optional":true,"computed":true},"jitter_buffer_size":{"type":"string","description_kind":"plain","optional":true,"computed":true},"label":{"type":"string","description_kind":"plain","optional":true,"computed":true},"max_participants":{"type":"number","description_kind":"plain","optional":true,"computed":true},"muted":{"type":"bool","description_kind":"plain","optional":true,"computed":true},"path_account_sid":{"type":"string","description_kind":"plain","optional":true,"computed":true},"record":{"type":"bool","description_kind":"plain","optional":true,"computed":true},"recording_channels":{"type":"string","description_kind":"plain","optional":true,"computed":true},"recording_status_callback":{"type":"string","description_kind":"plain","optional":true,"computed":true},"recording_status_callback_event":{"type":["list","string"],"description_kind":"plain","optional":true,"computed":true},"recording_status_callback_method":{"type":"string","description_kind":"plain","optional":true,"computed":true},"recording_track":{"type":"string","description_kind":"plain","optional":true,"computed":true},"region":{"type":"string","description_kind":"plain","optional":true,"computed":true},"sip_auth_password":{"type":"string","description_kind":"plain","optional":true,"computed":true},"sip_auth_username":{"type":"string","description_kind":"plain","optional":true,"computed":true},"start_conference_on_enter":{"type":"bool","description_kind":"plain","optional":true,"computed":true},"status_callback":{"type":"string","description_kind":"plain","optional":true,"computed":true},"status_callback_event":{"type":["list","string"],"description_kind":"plain","optional":true,"computed":true},"status_callback_method":{"type":"string","description_kind":"plain","optional":true,"computed":true},"time_limit":{"type":"number","description_kind":"plain","optional":true,"computed":true},"timeout":{"type":"number","description_kind":"plain","optional":true,"computed":true},"to":{"type":"string","description_kind":"plain","required":true},"wait_method":{"type":"string","description_kind":"plain","optional":true,"computed":true},"wait_url":{"type":"string","description_kind":"plain","optional":true,"computed":true}},"description_kind":"plain"}},"twilio_api_accounts_credential_lists_credentials_v2010":{"version":0,"block":{"attributes":{"credential_list_sid":{"type":"string","description_kind":"plain","required":true},"id":{"type":"string","description_kind":"plain","optional":true,"computed":true},"password":{"type":"string","description_kind":"plain","required":true},"path_account_sid":{"type":"string","description_kind":"plain","optional":true,"computed":true},"sid":{"type":"string","description_kind":"plain","computed":true},"username":{"type":"string","description_kind":"plain","required":true}},"description_kind":"plain"}},"twilio_api_accounts_credential_lists_v2010":{"version":0,"block":{"attributes":{"friendly_name":{"type":"string","description_kind":"plain","required":true},"id":{"type":"string","description_kind":"plain","optional":true,"computed":true},"path_account_sid":{"type":"string","description_kind":"plain","optional":true,"computed":true},"sid":{"type":"string","description_kind":"plain","computed":true}},"description_kind":"plain"}},"twilio_api_accounts_domains_auth_calls_credential_list_mappings_v2010":{"version":0,"block":{"attributes":{"credential_list_sid":{"type":"string","description_kind":"plain","required":true},"domain_sid":{"type":"string","description_kind":"plain","required":true},"id":{"type":"string","description_kind":"plain","optional":true,"computed":true},"path_account_sid":{"type":"string","description_kind":"plain","optional":true,"computed":true},"sid":{"type":"string","description_kind":"plain","computed":true}},"description_kind":"plain"}},"twilio_api_accounts_domains_auth_calls_ip_access_control_list_mappings_v2010":{"version":0,"block":{"attributes":{"domain_sid":{"type":"string","description_kind":"plain","required":true},"id":{"type":"string","description_kind":"plain","optional":true,"computed":true},"ip_access_control_list_sid":{"type":"string","description_kind":"plain","required":true},"path_account_sid":{"type":"string","description_kind":"plain","optional":true,"computed":true},"sid":{"type":"string","description_kind":"plain","computed":true}},"description_kind":"plain"}},"twilio_api_accounts_domains_auth_registrations_credential_list_mappings_v2010":{"version":0,"block":{"attributes":{"credential_list_sid":{"type":"string","description_kind":"plain","required":true},"domain_sid":{"type":"string","description_kind":"plain","required":true},"id":{"type":"string","description_kind":"plain","optional":true,"computed":true},"path_account_sid":{"type":"string","description_kind":"plain","optional":true,"computed":true},"sid":{"type":"string","description_kind":"plain","computed":true}},"description_kind":"plain"}},"twilio_api_accounts_domains_credential_list_mappings_v2010":{"version":0,"block":{"attributes":{"credential_list_sid":{"type":"string","description_kind":"plain","required":true},"domain_sid":{"type":"string","description_kind":"plain","required":true},"id":{"type":"string","description_kind":"plain","optional":true,"computed":true},"path_account_sid":{"type":"string","description_kind":"plain","optional":true,"computed":true},"sid":{"type":"string","description_kind":"plain","computed":true}},"description_kind":"plain"}},"twilio_api_accounts_domains_ip_access_control_list_mappings_v2010":{"version":0,"block":{"attributes":{"domain_sid":{"type":"string","description_kind":"plain","required":true},"id":{"type":"string","description_kind":"plain","optional":true,"computed":true},"ip_access_control_list_sid":{"type":"string","description_kind":"plain","required":true},"path_account_sid":{"type":"string","description_kind":"plain","optional":true,"computed":true},"sid":{"type":"string","description_kind":"plain","computed":true}},"description_kind":"plain"}},"twilio_api_accounts_domains_v2010":{"version":0,"block":{"attributes":{"byoc_trunk_sid":{"type":"string","description_kind":"plain","optional":true,"computed":true},"domain_name":{"type":"string","description_kind":"plain","required":true},"emergency_caller_sid":{"type":"string","description_kind":"plain","optional":true,"computed":true},"emergency_calling_enabled":{"type":"bool","description_kind":"plain","optional":true,"computed":true},"friendly_name":{"type":"string","description_kind":"plain","optional":true,"computed":true},"id":{"type":"string","description_kind":"plain","optional":true,"computed":true},"path_account_sid":{"type":"string","description_kind":"plain","optional":true,"computed":true},"secure":{"type":"bool","description_kind":"plain","optional":true,"computed":true},"sid":{"type":"string","description_kind":"plain","computed":true},"sip_registration":{"type":"bool","description_kind":"plain","optional":true,"computed":true},"voice_fallback_method":{"type":"string","description_kind":"plain","optional":true,"computed":true},"voice_fallback_url":{"type":"string","description_kind":"plain","optional":true,"computed":true},"voice_method":{"type":"string","description_kind":"plain","optional":true,"computed":true},"voice_status_callback_method":{"type":"string","description_kind":"plain","optional":true,"computed":true},"voice_status_callback_url":{"type":"string","description_kind":"plain","optional":true,"computed":true},"voice_url":{"type":"string","description_kind":"plain","optional":true,"computed":true}},"description_kind":"plain"}},"twilio_api_accounts_incoming_phone_numbers_assigned_add_ons_v2010":{"version":0,"block":{"attributes":{"id":{"type":"string","description_kind":"plain","optional":true,"computed":true},"installed_add_on_sid":{"type":"string","description_kind":"plain","required":true},"path_account_sid":{"type":"string","description_kind":"plain","optional":true,"computed":true},"resource_sid":{"type":"string","description_kind":"plain","required":true},"sid":{"type":"string","description_kind":"plain","computed":true}},"description_kind":"plain"}},"twilio_api_accounts_incoming_phone_numbers_v2010":{"version":0,"block":{"attributes":{"account_sid":{"type":"string","description_kind":"plain","optional":true,"computed":true},"address_sid":{"type":"string","description_kind":"plain","optional":true,"computed":true},"api_version":{"type":"string","description_kind":"plain","optional":true,"computed":true},"area_code":{"type":"string","description_kind":"plain","optional":true,"computed":true},"bundle_sid":{"type":"string","description_kind":"plain","optional":true,"computed":true},"emergency_address_sid":{"type":"string","description_kind":"plain","optional":true,"computed":true},"emergency_status":{"type":"string","description_kind":"plain","optional":true,"computed":true},"friendly_name":{"type":"string","description_kind":"plain","optional":true,"computed":true},"id":{"type":"string","description_kind":"plain","optional":true,"computed":true},"identity_sid":{"type":"string","description_kind":"plain","optional":true,"computed":true},"path_account_sid":{"type":"string","description_kind":"plain","optional":true,"computed":true},"phone_number":{"type":"string","description_kind":"plain","optional":true,"computed":true},"sid":{"type":"string","description_kind":"plain","computed":true},"sms_application_sid":{"type":"string","description_kind":"plain","optional":true,"computed":true},"sms_fallback_method":{"type":"string","description_kind":"plain","optional":true,"computed":true},"sms_fallback_url":{"type":"string","description_kind":"plain","optional":true,"computed":true},"sms_method":{"type":"string","description_kind":"plain","optional":true,"computed":true},"sms_url":{"type":"string","description_kind":"plain","optional":true,"computed":true},"status_callback":{"type":"string","description_kind":"plain","optional":true,"computed":true},"status_callback_method":{"type":"string","description_kind":"plain","optional":true,"computed":true},"trunk_sid":{"type":"string","description_kind":"plain","optional":true,"computed":true},"voice_application_sid":{"type":"string","description_kind":"plain","optional":true,"computed":true},"voice_caller_id_lookup":{"type":"bool","description_kind":"plain","optional":true,"computed":true},"voice_fallback_method":{"type":"string","description_kind":"plain","optional":true,"computed":true},"voice_fallback_url":{"type":"string","description_kind":"plain","optional":true,"computed":true},"voice_method":{"type":"string","description_kind":"plain","optional":true,"computed":true},"voice_receive_mode":{"type":"string","description_kind":"plain","optional":true,"computed":true},"voice_url":{"type":"string","description_kind":"plain","optional":true,"computed":true}},"description_kind":"plain"}},"twilio_api_accounts_ip_access_control_lists_ip_addresses_v2010":{"version":0,"block":{"attributes":{"cidr_prefix_length":{"type":"number","description_kind":"plain","optional":true,"computed":true},"friendly_name":{"type":"string","description_kind":"plain","required":true},"id":{"type":"string","description_kind":"plain","optional":true,"computed":true},"ip_access_control_list_sid":{"type":"string","description_kind":"plain","required":true},"ip_address":{"type":"string","description_kind":"plain","required":true},"path_account_sid":{"type":"string","description_kind":"plain","optional":true,"computed":true},"sid":{"type":"string","description_kind":"plain","computed":true}},"description_kind":"plain"}},"twilio_api_accounts_ip_access_control_lists_v2010":{"version":0,"block":{"attributes":{"friendly_name":{"type":"string","description_kind":"plain","required":true},"id":{"type":"string","description_kind":"plain","optional":true,"computed":true},"path_account_sid":{"type":"string","description_kind":"plain","optional":true,"computed":true},"sid":{"type":"string","description_kind":"plain","computed":true}},"description_kind":"plain"}},"twilio_api_accounts_keys_v2010":{"version":0,"block":{"attributes":{"friendly_name":{"type":"string","description_kind":"plain","optional":true,"computed":true},"id":{"type":"string","description_kind":"plain","optional":true,"computed":true},"path_account_sid":{"type":"string","description_kind":"plain","optional":true,"computed":true},"sid":{"type":"string","description_kind":"plain","computed":true}},"description_kind":"plain"}},"twilio_api_accounts_messages_v2010":{"version":0,"block":{"attributes":{"address_retention":{"type":"string","description_kind":"plain","optional":true,"computed":true},"application_sid":{"type":"string","description_kind":"plain","optional":true,"computed":true},"attempt":{"type":"number","description_kind":"plain","optional":true,"computed":true},"body":{"type":"string","description_kind":"plain","optional":true,"computed":true},"content_retention":{"type":"string","description_kind":"plain","optional":true,"computed":true},"force_delivery":{"type":"bool","description_kind":"plain","optional":true,"computed":true},"from":{"type":"string","description_kind":"plain","optional":true,"computed":true},"id":{"type":"string","description_kind":"plain","optional":true,"computed":true},"max_price":{"type":"number","description_kind":"plain","optional":true,"computed":true},"media_url":{"type":["list","string"],"description_kind":"plain","optional":true,"computed":true},"messaging_service_sid":{"type":"string","description_kind":"plain","optional":true,"computed":true},"path_account_sid":{"type":"string","description_kind":"plain","optional":true,"computed":true},"persistent_action":{"type":["list","string"],"description_kind":"plain","optional":true,"computed":true},"provide_feedback":{"type":"bool","description_kind":"plain","optional":true,"computed":true},"sid":{"type":"string","description_kind":"plain","computed":true},"smart_encoded":{"type":"bool","description_kind":"plain","optional":true,"computed":true},"status_callback":{"type":"string","description_kind":"plain","optional":true,"computed":true},"to":{"type":"string","description_kind":"plain","required":true},"validity_period":{"type":"number","description_kind":"plain","optional":true,"computed":true}},"description_kind":"plain"}},"twilio_api_accounts_queues_v2010":{"version":0,"block":{"attributes":{"friendly_name":{"type":"string","description_kind":"plain","required":true},"id":{"type":"string","description_kind":"plain","optional":true,"computed":true},"max_size":{"type":"number","description_kind":"plain","optional":true,"computed":true},"path_account_sid":{"type":"string","description_kind":"plain","optional":true,"computed":true},"sid":{"type":"string","description_kind":"plain","computed":true}},"description_kind":"plain"}},"twilio_api_accounts_signing_keys_v2010":{"version":0,"block":{"attributes":{"friendly_name":{"type":"string","description_kind":"plain","optional":true,"computed":true},"id":{"type":"string","description_kind":"plain","optional":true,"computed":true},"path_account_sid":{"type":"string","description_kind":"plain","optional":true,"computed":true},"sid":{"type":"string","description_kind":"plain","computed":true}},"description_kind":"plain"}},"twilio_api_accounts_usage_triggers_v2010":{"version":0,"block":{"attributes":{"callback_method":{"type":"string","description_kind":"plain","optional":true,"computed":true},"callback_url":{"type":"string","description_kind":"plain","required":true},"friendly_name":{"type":"string","description_kind":"plain","optional":true,"computed":true},"id":{"type":"string","description_kind":"plain","optional":true,"computed":true},"path_account_sid":{"type":"string","description_kind":"plain","optional":true,"computed":true},"recurring":{"type":"string","description_kind":"plain","optional":true,"computed":true},"sid":{"type":"string","description_kind":"plain","computed":true},"trigger_by":{"type":"string","description_kind":"plain","optional":true,"computed":true},"trigger_value":{"type":"string","description_kind":"plain","required":true},"usage_category":{"type":"string","description_kind":"plain","required":true}},"description_kind":"plain"}},"twilio_autopilot_assistants_field_types_field_values_v1":{"version":0,"block":{"attributes":{"assistant_sid":{"type":"string","description_kind":"plain","required":true},"field_type_sid":{"type":"string","description_kind":"plain","required":true},"id":{"type":"string","description_kind":"plain","optional":true,"computed":true},"language":{"type":"string","description_kind":"plain","required":true},"sid":{"type":"string","description_kind":"plain","computed":true},"synonym_of":{"type":"string","description_kind":"plain","optional":true,"computed":true},"value":{"type":"string","description_kind":"plain","required":true}},"description_kind":"plain"}},"twilio_autopilot_assistants_field_types_v1":{"version":0,"block":{"attributes":{"assistant_sid":{"type":"string","description_kind":"plain","required":true},"friendly_name":{"type":"string","description_kind":"plain","optional":true,"computed":true},"id":{"type":"string","description_kind":"plain","optional":true,"computed":true},"sid":{"type":"string","description_kind":"plain","computed":true},"unique_name":{"type":"string","description_kind":"plain","required":true}},"description_kind":"plain"}},"twilio_autopilot_assistants_model_builds_v1":{"version":0,"block":{"attributes":{"assistant_sid":{"type":"string","description_kind":"plain","required":true},"id":{"type":"string","description_kind":"plain","optional":true,"computed":true},"sid":{"type":"string","description_kind":"plain","computed":true},"status_callback":{"type":"string","description_kind":"plain","optional":true,"computed":true},"unique_name":{"type":"string","description_kind":"plain","optional":true,"computed":true}},"description_kind":"plain"}},"twilio_autopilot_assistants_queries_v1":{"version":0,"block":{"attributes":{"assistant_sid":{"type":"string","description_kind":"plain","required":true},"id":{"type":"string","description_kind":"plain","optional":true,"computed":true},"language":{"type":"string","description_kind":"plain","required":true},"model_build":{"type":"string","description_kind":"plain","optional":true,"computed":true},"query":{"type":"string","description_kind":"plain","required":true},"sample_sid":{"type":"string","description_kind":"plain","optional":true,"computed":true},"sid":{"type":"string","description_kind":"plain","computed":true},"status":{"type":"string","description_kind":"plain","optional":true,"computed":true},"tasks":{"type":"string","description_kind":"plain","optional":true,"computed":true}},"description_kind":"plain"}},"twilio_autopilot_assistants_tasks_fields_v1":{"version":0,"block":{"attributes":{"assistant_sid":{"type":"string","description_kind":"plain","required":true},"field_type":{"type":"string","description_kind":"plain","required":true},"id":{"type":"string","description_kind":"plain","optional":true,"computed":true},"sid":{"type":"string","description_kind":"plain","computed":true},"task_sid":{"type":"string","description_kind":"plain","required":true},"unique_name":{"type":"string","description_kind":"plain","required":true}},"description_kind":"plain"}},"twilio_autopilot_assistants_tasks_samples_v1":{"version":0,"block":{"attributes":{"assistant_sid":{"type":"string","description_kind":"plain","required":true},"id":{"type":"string","description_kind":"plain","optional":true,"computed":true},"language":{"type":"string","description_kind":"plain","required":true},"sid":{"type":"string","description_kind":"plain","computed":true},"source_channel":{"type":"string","description_kind":"plain","optional":true,"computed":true},"tagged_text":{"type":"string","description_kind":"plain","required":true},"task_sid":{"type":"string","description_kind":"plain","required":true}},"description_kind":"plain"}},"twilio_autopilot_assistants_tasks_v1":{"version":0,"block":{"attributes":{"actions":{"type":"string","description_kind":"plain","optional":true,"computed":true},"actions_url":{"type":"string","description_kind":"plain","optional":true,"computed":true},"assistant_sid":{"type":"string","description_kind":"plain","required":true},"friendly_name":{"type":"string","description_kind":"plain","optional":true,"computed":true},"id":{"type":"string","description_kind":"plain","optional":true,"computed":true},"sid":{"type":"string","description_kind":"plain","computed":true},"unique_name":{"type":"string","description_kind":"plain","required":true}},"description_kind":"plain"}},"twilio_autopilot_assistants_v1":{"version":0,"block":{"attributes":{"callback_events":{"type":"string","description_kind":"plain","optional":true,"computed":true},"callback_url":{"type":"string","description_kind":"plain","optional":true,"computed":true},"defaults":{"type":"string","description_kind":"plain","optional":true,"computed":true},"development_stage":{"type":"string","description_kind":"plain","optional":true,"computed":true},"friendly_name":{"type":"string","description_kind":"plain","optional":true,"computed":true},"id":{"type":"string","description_kind":"plain","optional":true,"computed":true},"log_queries":{"type":"bool","description_kind":"plain","optional":true,"computed":true},"sid":{"type":"string","description_kind":"plain","computed":true},"style_sheet":{"type":"string","description_kind":"plain","optional":true,"computed":true},"unique_name":{"type":"string","description_kind":"plain","optional":true,"computed":true}},"description_kind":"plain"}},"twilio_autopilot_assistants_webhooks_v1":{"version":0,"block":{"attributes":{"assistant_sid":{"type":"string","description_kind":"plain","required":true},"events":{"type":"string","description_kind":"plain","required":true},"id":{"type":"string","description_kind":"plain","optional":true,"computed":true},"sid":{"type":"string","description_kind":"plain","computed":true},"unique_name":{"type":"string","description_kind":"plain","required":true},"webhook_method":{"type":"string","description_kind":"plain","optional":true,"computed":true},"webhook_url":{"type":"string","description_kind":"plain","required":true}},"description_kind":"plain"}},"twilio_bulkexports_exports_jobs_v1":{"version":0,"block":{"attributes":{"email":{"type":"string","description_kind":"plain","optional":true,"computed":true},"end_day":{"type":"string","description_kind":"plain","required":true},"friendly_name":{"type":"string","description_kind":"plain","required":true},"id":{"type":"string","description_kind":"plain","optional":true,"computed":true},"job_sid":{"type":"string","description_kind":"plain","computed":true},"resource_type":{"type":"string","description_kind":"plain","required":true},"start_day":{"type":"string","description_kind":"plain","required":true},"webhook_method":{"type":"string","description_kind":"plain","optional":true,"computed":true},"webhook_url":{"type":"string","description_kind":"plain","optional":true,"computed":true}},"description_kind":"plain"}},"twilio_chat_credentials_v1":{"version":0,"block":{"attributes":{"api_key":{"type":"string","description_kind":"plain","optional":true,"computed":true},"certificate":{"type":"string","description_kind":"plain","optional":true,"computed":true},"friendly_name":{"type":"string","description_kind":"plain","optional":true,"computed":true},"id":{"type":"string","description_kind":"plain","optional":true,"computed":true},"private_key":{"type":"string","description_kind":"plain","optional":true,"computed":true},"sandbox":{"type":"bool","description_kind":"plain","optional":true,"computed":true},"secret":{"type":"string","description_kind":"plain","optional":true,"computed":true},"sid":{"type":"string","description_kind":"plain","computed":true},"type":{"type":"string","description_kind":"plain","required":true}},"description_kind":"plain"}},"twilio_chat_credentials_v2":{"version":0,"block":{"attributes":{"api_key":{"type":"string","description_kind":"plain","optional":true,"computed":true},"certificate":{"type":"string","description_kind":"plain","optional":true,"computed":true},"friendly_name":{"type":"string","description_kind":"plain","optional":true,"computed":true},"id":{"type":"string","description_kind":"plain","optional":true,"computed":true},"private_key":{"type":"string","description_kind":"plain","optional":true,"computed":true},"sandbox":{"type":"bool","description_kind":"plain","optional":true,"computed":true},"secret":{"type":"string","description_kind":"plain","optional":true,"computed":true},"sid":{"type":"string","description_kind":"plain","computed":true},"type":{"type":"string","description_kind":"plain","required":true}},"description_kind":"plain"}},"twilio_chat_services_channels_invites_v1":{"version":0,"block":{"attributes":{"channel_sid":{"type":"string","description_kind":"plain","required":true},"id":{"type":"string","description_kind":"plain","optional":true,"computed":true},"identity":{"type":"string","description_kind":"plain","required":true},"role_sid":{"type":"string","description_kind":"plain","optional":true,"computed":true},"service_sid":{"type":"string","description_kind":"plain","required":true},"sid":{"type":"string","description_kind":"plain","computed":true}},"description_kind":"plain"}},"twilio_chat_services_channels_invites_v2":{"version":0,"block":{"attributes":{"channel_sid":{"type":"string","description_kind":"plain","required":true},"id":{"type":"string","description_kind":"plain","optional":true,"computed":true},"identity":{"type":"string","description_kind":"plain","required":true},"role_sid":{"type":"string","description_kind":"plain","optional":true,"computed":true},"service_sid":{"type":"string","description_kind":"plain","required":true},"sid":{"type":"string","description_kind":"plain","computed":true}},"description_kind":"plain"}},"twilio_chat_services_channels_members_v1":{"version":0,"block":{"attributes":{"channel_sid":{"type":"string","description_kind":"plain","required":true},"id":{"type":"string","description_kind":"plain","optional":true,"computed":true},"identity":{"type":"string","description_kind":"plain","required":true},"last_consumed_message_index":{"type":"number","description_kind":"plain","optional":true,"computed":true},"role_sid":{"type":"string","description_kind":"plain","optional":true,"computed":true},"service_sid":{"type":"string","description_kind":"plain","required":true},"sid":{"type":"string","description_kind":"plain","computed":true}},"description_kind":"plain"}},"twilio_chat_services_channels_members_v2":{"version":0,"block":{"attributes":{"attributes":{"type":"string","description_kind":"plain","optional":true,"computed":true},"channel_sid":{"type":"string","description_kind":"plain","required":true},"date_created":{"type":"string","description_kind":"plain","optional":true,"computed":true},"date_updated":{"type":"string","description_kind":"plain","optional":true,"computed":true},"id":{"type":"string","description_kind":"plain","optional":true,"computed":true},"identity":{"type":"string","description_kind":"plain","required":true},"last_consumed_message_index":{"type":"number","description_kind":"plain","optional":true,"computed":true},"last_consumption_timestamp":{"type":"string","description_kind":"plain","optional":true,"computed":true},"role_sid":{"type":"string","description_kind":"plain","optional":true,"computed":true},"service_sid":{"type":"string","description_kind":"plain","required":true},"sid":{"type":"string","description_kind":"plain","computed":true},"x_twilio_webhook_enabled":{"type":"string","description_kind":"plain","optional":true,"computed":true}},"description_kind":"plain"}},"twilio_chat_services_channels_messages_v1":{"version":0,"block":{"attributes":{"attributes":{"type":"string","description_kind":"plain","optional":true,"computed":true},"body":{"type":"string","description_kind":"plain","required":true},"channel_sid":{"type":"string","description_kind":"plain","required":true},"from":{"type":"string","description_kind":"plain","optional":true,"computed":true},"id":{"type":"string","description_kind":"plain","optional":true,"computed":true},"service_sid":{"type":"string","description_kind":"plain","required":true},"sid":{"type":"string","description_kind":"plain","computed":true}},"description_kind":"plain"}},"twilio_chat_services_channels_messages_v2":{"version":0,"block":{"attributes":{"attributes":{"type":"string","description_kind":"plain","optional":true,"computed":true},"body":{"type":"string","description_kind":"plain","optional":true,"computed":true},"channel_sid":{"type":"string","description_kind":"plain","required":true},"date_created":{"type":"string","description_kind":"plain","optional":true,"computed":true},"date_updated":{"type":"string","description_kind":"plain","optional":true,"computed":true},"from":{"type":"string","description_kind":"plain","optional":true,"computed":true},"id":{"type":"string","description_kind":"plain","optional":true,"computed":true},"last_updated_by":{"type":"string","description_kind":"plain","optional":true,"computed":true},"media_sid":{"type":"string","description_kind":"plain","optional":true,"computed":true},"service_sid":{"type":"string","description_kind":"plain","required":true},"sid":{"type":"string","description_kind":"plain","computed":true},"x_twilio_webhook_enabled":{"type":"string","description_kind":"plain","optional":true,"computed":true}},"description_kind":"plain"}},"twilio_chat_services_channels_v1":{"version":0,"block":{"attributes":{"attributes":{"type":"string","description_kind":"plain","optional":true,"computed":true},"friendly_name":{"type":"string","description_kind":"plain","optional":true,"computed":true},"id":{"type":"string","description_kind":"plain","optional":true,"computed":true},"service_sid":{"type":"string","description_kind":"plain","required":true},"sid":{"type":"string","description_kind":"plain","computed":true},"type":{"type":"string","description_kind":"plain","optional":true,"computed":true},"unique_name":{"type":"string","description_kind":"plain","optional":true,"computed":true}},"description_kind":"plain"}},"twilio_chat_services_channels_v2":{"version":0,"block":{"attributes":{"attributes":{"type":"string","description_kind":"plain","optional":true,"computed":true},"created_by":{"type":"string","description_kind":"plain","optional":true,"computed":true},"date_created":{"type":"string","description_kind":"plain","optional":true,"computed":true},"date_updated":{"type":"string","description_kind":"plain","optional":true,"computed":true},"friendly_name":{"type":"string","description_kind":"plain","optional":true,"computed":true},"id":{"type":"string","description_kind":"plain","optional":true,"computed":true},"service_sid":{"type":"string","description_kind":"plain","required":true},"sid":{"type":"string","description_kind":"plain","computed":true},"type":{"type":"string","description_kind":"plain","optional":true,"computed":true},"unique_name":{"type":"string","description_kind":"plain","optional":true,"computed":true},"x_twilio_webhook_enabled":{"type":"string","description_kind":"plain","optional":true,"computed":true}},"description_kind":"plain"}},"twilio_chat_services_channels_webhooks_v2":{"version":0,"block":{"attributes":{"channel_sid":{"type":"string","description_kind":"plain","required":true},"configuration_filters":{"type":["list","string"],"description_kind":"plain","optional":true,"computed":true},"configuration_flow_sid":{"type":"string","description_kind":"plain","optional":true,"computed":true},"configuration_method":{"type":"string","description_kind":"plain","optional":true,"computed":true},"configuration_retry_count":{"type":"number","description_kind":"plain","optional":true,"computed":true},"configuration_triggers":{"type":["list","string"],"description_kind":"plain","optional":true,"computed":true},"configuration_url":{"type":"string","description_kind":"plain","optional":true,"computed":true},"id":{"type":"string","description_kind":"plain","optional":true,"computed":true},"service_sid":{"type":"string","description_kind":"plain","required":true},"sid":{"type":"string","description_kind":"plain","computed":true},"type":{"type":"string","description_kind":"plain","required":true}},"description_kind":"plain"}},"twilio_chat_services_roles_v1":{"version":0,"block":{"attributes":{"friendly_name":{"type":"string","description_kind":"plain","required":true},"id":{"type":"string","description_kind":"plain","optional":true,"computed":true},"permission":{"type":["list","string"],"description_kind":"plain","required":true},"service_sid":{"type":"string","description_kind":"plain","required":true},"sid":{"type":"string","description_kind":"plain","computed":true},"type":{"type":"string","description_kind":"plain","required":true}},"description_kind":"plain"}},"twilio_chat_services_roles_v2":{"version":0,"block":{"attributes":{"friendly_name":{"type":"string","description_kind":"plain","required":true},"id":{"type":"string","description_kind":"plain","optional":true,"computed":true},"permission":{"type":["list","string"],"description_kind":"plain","required":true},"service_sid":{"type":"string","description_kind":"plain","required":true},"sid":{"type":"string","description_kind":"plain","computed":true},"type":{"type":"string","description_kind":"plain","required":true}},"description_kind":"plain"}},"twilio_chat_services_users_v1":{"version":0,"block":{"attributes":{"attributes":{"type":"string","description_kind":"plain","optional":true,"computed":true},"friendly_name":{"type":"string","description_kind":"plain","optional":true,"computed":true},"id":{"type":"string","description_kind":"plain","optional":true,"computed":true},"identity":{"type":"string","description_kind":"plain","required":true},"role_sid":{"type":"string","description_kind":"plain","optional":true,"computed":true},"service_sid":{"type":"string","description_kind":"plain","required":true},"sid":{"type":"string","description_kind":"plain","computed":true}},"description_kind":"plain"}},"twilio_chat_services_users_v2":{"version":0,"block":{"attributes":{"attributes":{"type":"string","description_kind":"plain","optional":true,"computed":true},"friendly_name":{"type":"string","description_kind":"plain","optional":true,"computed":true},"id":{"type":"string","description_kind":"plain","optional":true,"computed":true},"identity":{"type":"string","description_kind":"plain","required":true},"role_sid":{"type":"string","description_kind":"plain","optional":true,"computed":true},"service_sid":{"type":"string","description_kind":"plain","required":true},"sid":{"type":"string","description_kind":"plain","computed":true},"x_twilio_webhook_enabled":{"type":"string","description_kind":"plain","optional":true,"computed":true}},"description_kind":"plain"}},"twilio_chat_services_v1":{"version":0,"block":{"attributes":{"consumption_report_interval":{"type":"number","description_kind":"plain","optional":true,"computed":true},"default_channel_creator_role_sid":{"type":"string","description_kind":"plain","optional":true,"computed":true},"default_channel_role_sid":{"type":"string","description_kind":"plain","optional":true,"computed":true},"default_service_role_sid":{"type":"string","description_kind":"plain","optional":true,"computed":true},"friendly_name":{"type":"string","description_kind":"plain","required":true},"id":{"type":"string","description_kind":"plain","optional":true,"computed":true},"limits_channel_members":{"type":"number","description_kind":"plain","optional":true,"computed":true},"limits_user_channels":{"type":"number","description_kind":"plain","optional":true,"computed":true},"notifications_added_to_channel_enabled":{"type":"bool","description_kind":"plain","optional":true,"computed":true},"notifications_added_to_channel_template":{"type":"string","description_kind":"plain","optional":true,"computed":true},"notifications_invited_to_channel_enabled":{"type":"bool","description_kind":"plain","optional":true,"computed":true},"notifications_invited_to_channel_template":{"type":"string","description_kind":"plain","optional":true,"computed":true},"notifications_new_message_enabled":{"type":"bool","description_kind":"plain","optional":true,"computed":true},"notifications_new_message_template":{"type":"string","description_kind":"plain","optional":true,"computed":true},"notifications_removed_from_channel_enabled":{"type":"bool","description_kind":"plain","optional":true,"computed":true},"notifications_removed_from_channel_template":{"type":"string","description_kind":"plain","optional":true,"computed":true},"post_webhook_url":{"type":"string","description_kind":"plain","optional":true,"computed":true},"pre_webhook_url":{"type":"string","description_kind":"plain","optional":true,"computed":true},"reachability_enabled":{"type":"bool","description_kind":"plain","optional":true,"computed":true},"read_status_enabled":{"type":"bool","description_kind":"plain","optional":true,"computed":true},"sid":{"type":"string","description_kind":"plain","computed":true},"typing_indicator_timeout":{"type":"number","description_kind":"plain","optional":true,"computed":true},"webhook_filters":{"type":["list","string"],"description_kind":"plain","optional":true,"computed":true},"webhook_method":{"type":"string","description_kind":"plain","optional":true,"computed":true},"webhooks_on_channel_add_method":{"type":"string","description_kind":"plain","optional":true,"computed":true},"webhooks_on_channel_add_url":{"type":"string","description_kind":"plain","optional":true,"computed":true},"webhooks_on_channel_added_method":{"type":"string","description_kind":"plain","optional":true,"computed":true},"webhooks_on_channel_added_url":{"type":"string","description_kind":"plain","optional":true,"computed":true},"webhooks_on_channel_destroy_method":{"type":"string","description_kind":"plain","optional":true,"computed":true},"webhooks_on_channel_destroy_url":{"type":"string","description_kind":"plain","optional":true,"computed":true},"webhooks_on_channel_destroyed_method":{"type":"string","description_kind":"plain","optional":true,"computed":true},"webhooks_on_channel_destroyed_url":{"type":"string","description_kind":"plain","optional":true,"computed":true},"webhooks_on_channel_update_method":{"type":"string","description_kind":"plain","optional":true,"computed":true},"webhooks_on_channel_update_url":{"type":"string","description_kind":"plain","optional":true,"computed":true},"webhooks_on_channel_updated_method":{"type":"string","description_kind":"plain","optional":true,"computed":true},"webhooks_on_channel_updated_url":{"type":"string","description_kind":"plain","optional":true,"computed":true},"webhooks_on_member_add_method":{"type":"string","description_kind":"plain","optional":true,"computed":true},"webhooks_on_member_add_url":{"type":"string","description_kind":"plain","optional":true,"computed":true},"webhooks_on_member_added_method":{"type":"string","description_kind":"plain","optional":true,"computed":true},"webhooks_on_member_added_url":{"type":"string","description_kind":"plain","optional":true,"computed":true},"webhooks_on_member_remove_method":{"type":"string","description_kind":"plain","optional":true,"computed":true},"webhooks_on_member_remove_url":{"type":"string","description_kind":"plain","optional":true,"computed":true},"webhooks_on_member_removed_method":{"type":"string","description_kind":"plain","optional":true,"computed":true},"webhooks_on_member_removed_url":{"type":"string","description_kind":"plain","optional":true,"computed":true},"webhooks_on_message_remove_method":{"type":"string","description_kind":"plain","optional":true,"computed":true},"webhooks_on_message_remove_url":{"type":"string","description_kind":"plain","optional":true,"computed":true},"webhooks_on_message_removed_method":{"type":"string","description_kind":"plain","optional":true,"computed":true},"webhooks_on_message_removed_url":{"type":"string","description_kind":"plain","optional":true,"computed":true},"webhooks_on_message_send_method":{"type":"string","description_kind":"plain","optional":true,"computed":true},"webhooks_on_message_send_url":{"type":"string","description_kind":"plain","optional":true,"computed":true},"webhooks_on_message_sent_method":{"type":"string","description_kind":"plain","optional":true,"computed":true},"webhooks_on_message_sent_url":{"type":"string","description_kind":"plain","optional":true,"computed":true},"webhooks_on_message_update_method":{"type":"string","description_kind":"plain","optional":true,"computed":true},"webhooks_on_message_update_url":{"type":"string","description_kind":"plain","optional":true,"computed":true},"webhooks_on_message_updated_method":{"type":"string","description_kind":"plain","optional":true,"computed":true},"webhooks_on_message_updated_url":{"type":"string","description_kind":"plain","optional":true,"computed":true}},"description_kind":"plain"}},"twilio_chat_services_v2":{"version":0,"block":{"attributes":{"consumption_report_interval":{"type":"number","description_kind":"plain","optional":true,"computed":true},"default_channel_creator_role_sid":{"type":"string","description_kind":"plain","optional":true,"computed":true},"default_channel_role_sid":{"type":"string","description_kind":"plain","optional":true,"computed":true},"default_service_role_sid":{"type":"string","description_kind":"plain","optional":true,"computed":true},"friendly_name":{"type":"string","description_kind":"plain","required":true},"id":{"type":"string","description_kind":"plain","optional":true,"computed":true},"limits_channel_members":{"type":"number","description_kind":"plain","optional":true,"computed":true},"limits_user_channels":{"type":"number","description_kind":"plain","optional":true,"computed":true},"media_compatibility_message":{"type":"string","description_kind":"plain","optional":true,"computed":true},"notifications_added_to_channel_enabled":{"type":"bool","description_kind":"plain","optional":true,"computed":true},"notifications_added_to_channel_sound":{"type":"string","description_kind":"plain","optional":true,"computed":true},"notifications_added_to_channel_template":{"type":"string","description_kind":"plain","optional":true,"computed":true},"notifications_invited_to_channel_enabled":{"type":"bool","description_kind":"plain","optional":true,"computed":true},"notifications_invited_to_channel_sound":{"type":"string","description_kind":"plain","optional":true,"computed":true},"notifications_invited_to_channel_template":{"type":"string","description_kind":"plain","optional":true,"computed":true},"notifications_log_enabled":{"type":"bool","description_kind":"plain","optional":true,"computed":true},"notifications_new_message_badge_count_enabled":{"type":"bool","description_kind":"plain","optional":true,"computed":true},"notifications_new_message_enabled":{"type":"bool","description_kind":"plain","optional":true,"computed":true},"notifications_new_message_sound":{"type":"string","description_kind":"plain","optional":true,"computed":true},"notifications_new_message_template":{"type":"string","description_kind":"plain","optional":true,"computed":true},"notifications_removed_from_channel_enabled":{"type":"bool","description_kind":"plain","optional":true,"computed":true},"notifications_removed_from_channel_sound":{"type":"string","description_kind":"plain","optional":true,"computed":true},"notifications_removed_from_channel_template":{"type":"string","description_kind":"plain","optional":true,"computed":true},"post_webhook_retry_count":{"type":"number","description_kind":"plain","optional":true,"computed":true},"post_webhook_url":{"type":"string","description_kind":"plain","optional":true,"computed":true},"pre_webhook_retry_count":{"type":"number","description_kind":"plain","optional":true,"computed":true},"pre_webhook_url":{"type":"string","description_kind":"plain","optional":true,"computed":true},"reachability_enabled":{"type":"bool","description_kind":"plain","optional":true,"computed":true},"read_status_enabled":{"type":"bool","description_kind":"plain","optional":true,"computed":true},"sid":{"type":"string","description_kind":"plain","computed":true},"typing_indicator_timeout":{"type":"number","description_kind":"plain","optional":true,"computed":true},"webhook_filters":{"type":["list","string"],"description_kind":"plain","optional":true,"computed":true},"webhook_method":{"type":"string","description_kind":"plain","optional":true,"computed":true}},"description_kind":"plain"}},"twilio_conversations_conversations_messages_v1":{"version":0,"block":{"attributes":{"attributes":{"type":"string","description_kind":"plain","optional":true,"computed":true},"author":{"type":"string","description_kind":"plain","optional":true,"computed":true},"body":{"type":"string","description_kind":"plain","optional":true,"computed":true},"conversation_sid":{"type":"string","description_kind":"plain","required":true},"date_created":{"type":"string","description_kind":"plain","optional":true,"computed":true},"date_updated":{"type":"string","description_kind":"plain","optional":true,"computed":true},"id":{"type":"string","description_kind":"plain","optional":true,"computed":true},"media_sid":{"type":"string","description_kind":"plain","optional":true,"computed":true},"sid":{"type":"string","description_kind":"plain","computed":true},"x_twilio_webhook_enabled":{"type":"string","description_kind":"plain","optional":true,"computed":true}},"description_kind":"plain"}},"twilio_conversations_conversations_participants_v1":{"version":0,"block":{"attributes":{"attributes":{"type":"string","description_kind":"plain","optional":true,"computed":true},"conversation_sid":{"type":"string","description_kind":"plain","required":true},"date_created":{"type":"string","description_kind":"plain","optional":true,"computed":true},"date_updated":{"type":"string","description_kind":"plain","optional":true,"computed":true},"id":{"type":"string","description_kind":"plain","optional":true,"computed":true},"identity":{"type":"string","description_kind":"plain","optional":true,"computed":true},"last_read_message_index":{"type":"number","description_kind":"plain","optional":true,"computed":true},"last_read_timestamp":{"type":"string","description_kind":"plain","optional":true,"computed":true},"messaging_binding_address":{"type":"string","description_kind":"plain","optional":true,"computed":true},"messaging_binding_projected_address":{"type":"string","description_kind":"plain","optional":true,"computed":true},"messaging_binding_proxy_address":{"type":"string","description_kind":"plain","optional":true,"computed":true},"role_sid":{"type":"string","description_kind":"plain","optional":true,"computed":true},"sid":{"type":"string","description_kind":"plain","computed":true},"x_twilio_webhook_enabled":{"type":"string","description_kind":"plain","optional":true,"computed":true}},"description_kind":"plain"}},"twilio_conversations_conversations_v1":{"version":0,"block":{"attributes":{"attributes":{"type":"string","description_kind":"plain","optional":true,"computed":true},"date_created":{"type":"string","description_kind":"plain","optional":true,"computed":true},"date_updated":{"type":"string","description_kind":"plain","optional":true,"computed":true},"friendly_name":{"type":"string","description_kind":"plain","optional":true,"computed":true},"id":{"type":"string","description_kind":"plain","optional":true,"computed":true},"messaging_service_sid":{"type":"string","description_kind":"plain","optional":true,"computed":true},"sid":{"type":"string","description_kind":"plain","computed":true},"state":{"type":"string","description_kind":"plain","optional":true,"computed":true},"timers_closed":{"type":"string","description_kind":"plain","optional":true,"computed":true},"timers_inactive":{"type":"string","description_kind":"plain","optional":true,"computed":true},"unique_name":{"type":"string","description_kind":"plain","optional":true,"computed":true},"x_twilio_webhook_enabled":{"type":"string","description_kind":"plain","optional":true,"computed":true}},"description_kind":"plain"}},"twilio_conversations_conversations_webhooks_v1":{"version":0,"block":{"attributes":{"configuration_filters":{"type":["list","string"],"description_kind":"plain","optional":true,"computed":true},"configuration_flow_sid":{"type":"string","description_kind":"plain","optional":true,"computed":true},"configuration_method":{"type":"string","description_kind":"plain","optional":true,"computed":true},"configuration_replay_after":{"type":"number","description_kind":"plain","optional":true,"computed":true},"configuration_triggers":{"type":["list","string"],"description_kind":"plain","optional":true,"computed":true},"configuration_url":{"type":"string","description_kind":"plain","optional":true,"computed":true},"conversation_sid":{"type":"string","description_kind":"plain","required":true},"id":{"type":"string","description_kind":"plain","optional":true,"computed":true},"sid":{"type":"string","description_kind":"plain","computed":true},"target":{"type":"string","description_kind":"plain","required":true}},"description_kind":"plain"}},"twilio_conversations_credentials_v1":{"version":0,"block":{"attributes":{"api_key":{"type":"string","description_kind":"plain","optional":true,"computed":true},"certificate":{"type":"string","description_kind":"plain","optional":true,"computed":true},"friendly_name":{"type":"string","description_kind":"plain","optional":true,"computed":true},"id":{"type":"string","description_kind":"plain","optional":true,"computed":true},"private_key":{"type":"string","description_kind":"plain","optional":true,"computed":true},"sandbox":{"type":"bool","description_kind":"plain","optional":true,"computed":true},"secret":{"type":"string","description_kind":"plain","optional":true,"computed":true},"sid":{"type":"string","description_kind":"plain","computed":true},"type":{"type":"string","description_kind":"plain","required":true}},"description_kind":"plain"}},"twilio_conversations_roles_v1":{"version":0,"block":{"attributes":{"friendly_name":{"type":"string","description_kind":"plain","required":true},"id":{"type":"string","description_kind":"plain","optional":true,"computed":true},"permission":{"type":["list","string"],"description_kind":"plain","required":true},"sid":{"type":"string","description_kind":"plain","computed":true},"type":{"type":"string","description_kind":"plain","required":true}},"description_kind":"plain"}},"twilio_conversations_services_conversations_messages_v1":{"version":0,"block":{"attributes":{"attributes":{"type":"string","description_kind":"plain","optional":true,"computed":true},"author":{"type":"string","description_kind":"plain","optional":true,"computed":true},"body":{"type":"string","description_kind":"plain","optional":true,"computed":true},"chat_service_sid":{"type":"string","description_kind":"plain","required":true},"conversation_sid":{"type":"string","description_kind":"plain","required":true},"date_created":{"type":"string","description_kind":"plain","optional":true,"computed":true},"date_updated":{"type":"string","description_kind":"plain","optional":true,"computed":true},"id":{"type":"string","description_kind":"plain","optional":true,"computed":true},"media_sid":{"type":"string","description_kind":"plain","optional":true,"computed":true},"sid":{"type":"string","description_kind":"plain","computed":true},"x_twilio_webhook_enabled":{"type":"string","description_kind":"plain","optional":true,"computed":true}},"description_kind":"plain"}},"twilio_conversations_services_conversations_participants_v1":{"version":0,"block":{"attributes":{"attributes":{"type":"string","description_kind":"plain","optional":true,"computed":true},"chat_service_sid":{"type":"string","description_kind":"plain","required":true},"conversation_sid":{"type":"string","description_kind":"plain","required":true},"date_created":{"type":"string","description_kind":"plain","optional":true,"computed":true},"date_updated":{"type":"string","description_kind":"plain","optional":true,"computed":true},"id":{"type":"string","description_kind":"plain","optional":true,"computed":true},"identity":{"type":"string","description_kind":"plain","optional":true,"computed":true},"last_read_message_index":{"type":"number","description_kind":"plain","optional":true,"computed":true},"last_read_timestamp":{"type":"string","description_kind":"plain","optional":true,"computed":true},"messaging_binding_address":{"type":"string","description_kind":"plain","optional":true,"computed":true},"messaging_binding_projected_address":{"type":"string","description_kind":"plain","optional":true,"computed":true},"messaging_binding_proxy_address":{"type":"string","description_kind":"plain","optional":true,"computed":true},"role_sid":{"type":"string","description_kind":"plain","optional":true,"computed":true},"sid":{"type":"string","description_kind":"plain","computed":true},"x_twilio_webhook_enabled":{"type":"string","description_kind":"plain","optional":true,"computed":true}},"description_kind":"plain"}},"twilio_conversations_services_conversations_v1":{"version":0,"block":{"attributes":{"attributes":{"type":"string","description_kind":"plain","optional":true,"computed":true},"chat_service_sid":{"type":"string","description_kind":"plain","required":true},"date_created":{"type":"string","description_kind":"plain","optional":true,"computed":true},"date_updated":{"type":"string","description_kind":"plain","optional":true,"computed":true},"friendly_name":{"type":"string","description_kind":"plain","optional":true,"computed":true},"id":{"type":"string","description_kind":"plain","optional":true,"computed":true},"messaging_service_sid":{"type":"string","description_kind":"plain","optional":true,"computed":true},"sid":{"type":"string","description_kind":"plain","computed":true},"state":{"type":"string","description_kind":"plain","optional":true,"computed":true},"timers_closed":{"type":"string","description_kind":"plain","optional":true,"computed":true},"timers_inactive":{"type":"string","description_kind":"plain","optional":true,"computed":true},"unique_name":{"type":"string","description_kind":"plain","optional":true,"computed":true},"x_twilio_webhook_enabled":{"type":"string","description_kind":"plain","optional":true,"computed":true}},"description_kind":"plain"}},"twilio_conversations_services_conversations_webhooks_v1":{"version":0,"block":{"attributes":{"chat_service_sid":{"type":"string","description_kind":"plain","required":true},"configuration_filters":{"type":["list","string"],"description_kind":"plain","optional":true,"computed":true},"configuration_flow_sid":{"type":"string","description_kind":"plain","optional":true,"computed":true},"configuration_method":{"type":"string","description_kind":"plain","optional":true,"computed":true},"configuration_replay_after":{"type":"number","description_kind":"plain","optional":true,"computed":true},"configuration_triggers":{"type":["list","string"],"description_kind":"plain","optional":true,"computed":true},"configuration_url":{"type":"string","description_kind":"plain","optional":true,"computed":true},"conversation_sid":{"type":"string","description_kind":"plain","required":true},"id":{"type":"string","description_kind":"plain","optional":true,"computed":true},"sid":{"type":"string","description_kind":"plain","computed":true},"target":{"type":"string","description_kind":"plain","required":true}},"description_kind":"plain"}},"twilio_conversations_services_roles_v1":{"version":0,"block":{"attributes":{"chat_service_sid":{"type":"string","description_kind":"plain","required":true},"friendly_name":{"type":"string","description_kind":"plain","required":true},"id":{"type":"string","description_kind":"plain","optional":true,"computed":true},"permission":{"type":["list","string"],"description_kind":"plain","required":true},"sid":{"type":"string","description_kind":"plain","computed":true},"type":{"type":"string","description_kind":"plain","required":true}},"description_kind":"plain"}},"twilio_conversations_services_users_v1":{"version":0,"block":{"attributes":{"attributes":{"type":"string","description_kind":"plain","optional":true,"computed":true},"chat_service_sid":{"type":"string","description_kind":"plain","required":true},"friendly_name":{"type":"string","description_kind":"plain","optional":true,"computed":true},"id":{"type":"string","description_kind":"plain","optional":true,"computed":true},"identity":{"type":"string","description_kind":"plain","required":true},"role_sid":{"type":"string","description_kind":"plain","optional":true,"computed":true},"sid":{"type":"string","description_kind":"plain","computed":true},"x_twilio_webhook_enabled":{"type":"string","description_kind":"plain","optional":true,"computed":true}},"description_kind":"plain"}},"twilio_conversations_services_v1":{"version":0,"block":{"attributes":{"friendly_name":{"type":"string","description_kind":"plain","required":true},"id":{"type":"string","description_kind":"plain","optional":true,"computed":true},"sid":{"type":"string","description_kind":"plain","computed":true}},"description_kind":"plain"}},"twilio_conversations_users_v1":{"version":0,"block":{"attributes":{"attributes":{"type":"string","description_kind":"plain","optional":true,"computed":true},"friendly_name":{"type":"string","description_kind":"plain","optional":true,"computed":true},"id":{"type":"string","description_kind":"plain","optional":true,"computed":true},"identity":{"type":"string","description_kind":"plain","required":true},"role_sid":{"type":"string","description_kind":"plain","optional":true,"computed":true},"sid":{"type":"string","description_kind":"plain","computed":true},"x_twilio_webhook_enabled":{"type":"string","description_kind":"plain","optional":true,"computed":true}},"description_kind":"plain"}},"twilio_events_sinks_v1":{"version":0,"block":{"attributes":{"description":{"type":"string","description_kind":"plain","required":true},"id":{"type":"string","description_kind":"plain","optional":true,"computed":true},"sid":{"type":"string","description_kind":"plain","computed":true},"sink_configuration":{"type":"string","description_kind":"plain","required":true},"sink_type":{"type":"string","description_kind":"plain","required":true}},"description_kind":"plain"}},"twilio_events_subscriptions_subscribed_events_v1":{"version":0,"block":{"attributes":{"id":{"type":"string","description_kind":"plain","optional":true,"computed":true},"schema_version":{"type":"number","description_kind":"plain","optional":true,"computed":true},"subscription_sid":{"type":"string","description_kind":"plain","required":true},"type":{"type":"string","description_kind":"plain","required":true}},"description_kind":"plain"}},"twilio_events_subscriptions_v1":{"version":0,"block":{"attributes":{"description":{"type":"string","description_kind":"plain","required":true},"id":{"type":"string","description_kind":"plain","optional":true,"computed":true},"sid":{"type":"string","description_kind":"plain","computed":true},"sink_sid":{"type":"string","description_kind":"plain","required":true},"types":{"type":["list","string"],"description_kind":"plain","required":true}},"description_kind":"plain"}},"twilio_fax_faxes_v1":{"version":0,"block":{"attributes":{"from":{"type":"string","description_kind":"plain","optional":true,"computed":true},"id":{"type":"string","description_kind":"plain","optional":true,"computed":true},"media_url":{"type":"string","description_kind":"plain","required":true},"quality":{"type":"string","description_kind":"plain","optional":true,"computed":true},"sid":{"type":"string","description_kind":"plain","computed":true},"sip_auth_password":{"type":"string","description_kind":"plain","optional":true,"computed":true},"sip_auth_username":{"type":"string","description_kind":"plain","optional":true,"computed":true},"status":{"type":"string","description_kind":"plain","optional":true,"computed":true},"status_callback":{"type":"string","description_kind":"plain","optional":true,"computed":true},"store_media":{"type":"bool","description_kind":"plain","optional":true,"computed":true},"to":{"type":"string","description_kind":"plain","required":true},"ttl":{"type":"number","description_kind":"plain","optional":true,"computed":true}},"description_kind":"plain"}},"twilio_flex_channels_v1":{"version":0,"block":{"attributes":{"chat_friendly_name":{"type":"string","description_kind":"plain","required":true},"chat_unique_name":{"type":"string","description_kind":"plain","optional":true,"computed":true},"chat_user_friendly_name":{"type":"string","description_kind":"plain","required":true},"flex_flow_sid":{"type":"string","description_kind":"plain","required":true},"id":{"type":"string","description_kind":"plain","optional":true,"computed":true},"identity":{"type":"string","description_kind":"plain","required":true},"long_lived":{"type":"bool","description_kind":"plain","optional":true,"computed":true},"pre_engagement_data":{"type":"string","description_kind":"plain","optional":true,"computed":true},"sid":{"type":"string","description_kind":"plain","computed":true},"target":{"type":"string","description_kind":"plain","optional":true,"computed":true},"task_attributes":{"type":"string","description_kind":"plain","optional":true,"computed":true},"task_sid":{"type":"string","description_kind":"plain","optional":true,"computed":true}},"description_kind":"plain"}},"twilio_flex_flex_flows_v1":{"version":0,"block":{"attributes":{"channel_type":{"type":"string","description_kind":"plain","required":true},"chat_service_sid":{"type":"string","description_kind":"plain","required":true},"contact_identity":{"type":"string","description_kind":"plain","optional":true,"computed":true},"enabled":{"type":"bool","description_kind":"plain","optional":true,"computed":true},"friendly_name":{"type":"string","description_kind":"plain","required":true},"id":{"type":"string","description_kind":"plain","optional":true,"computed":true},"integration_channel":{"type":"string","description_kind":"plain","optional":true,"computed":true},"integration_creation_on_message":{"type":"bool","description_kind":"plain","optional":true,"computed":true},"integration_flow_sid":{"type":"string","description_kind":"plain","optional":true,"computed":true},"integration_priority":{"type":"number","description_kind":"plain","optional":true,"computed":true},"integration_retry_count":{"type":"number","description_kind":"plain","optional":true,"computed":true},"integration_timeout":{"type":"number","description_kind":"plain","optional":true,"computed":true},"integration_type":{"type":"string","description_kind":"plain","optional":true,"computed":true},"integration_url":{"type":"string","description_kind":"plain","optional":true,"computed":true},"integration_workflow_sid":{"type":"string","description_kind":"plain","optional":true,"computed":true},"integration_workspace_sid":{"type":"string","description_kind":"plain","optional":true,"computed":true},"janitor_enabled":{"type":"bool","description_kind":"plain","optional":true,"computed":true},"long_lived":{"type":"bool","description_kind":"plain","optional":true,"computed":true},"sid":{"type":"string","description_kind":"plain","computed":true}},"description_kind":"plain"}},"twilio_flex_web_channels_v1":{"version":0,"block":{"attributes":{"chat_friendly_name":{"type":"string","description_kind":"plain","required":true},"chat_status":{"type":"string","description_kind":"plain","optional":true,"computed":true},"chat_unique_name":{"type":"string","description_kind":"plain","optional":true,"computed":true},"customer_friendly_name":{"type":"string","description_kind":"plain","required":true},"flex_flow_sid":{"type":"string","description_kind":"plain","required":true},"id":{"type":"string","description_kind":"plain","optional":true,"computed":true},"identity":{"type":"string","description_kind":"plain","required":true},"post_engagement_data":{"type":"string","description_kind":"plain","optional":true,"computed":true},"pre_engagement_data":{"type":"string","description_kind":"plain","optional":true,"computed":true},"sid":{"type":"string","description_kind":"plain","computed":true}},"description_kind":"plain"}},"twilio_ip_messaging_credentials_v1":{"version":0,"block":{"attributes":{"api_key":{"type":"string","description_kind":"plain","optional":true,"computed":true},"certificate":{"type":"string","description_kind":"plain","optional":true,"computed":true},"friendly_name":{"type":"string","description_kind":"plain","optional":true,"computed":true},"id":{"type":"string","description_kind":"plain","optional":true,"computed":true},"private_key":{"type":"string","description_kind":"plain","optional":true,"computed":true},"sandbox":{"type":"bool","description_kind":"plain","optional":true,"computed":true},"secret":{"type":"string","description_kind":"plain","optional":true,"computed":true},"sid":{"type":"string","description_kind":"plain","computed":true},"type":{"type":"string","description_kind":"plain","required":true}},"description_kind":"plain"}},"twilio_ip_messaging_credentials_v2":{"version":0,"block":{"attributes":{"api_key":{"type":"string","description_kind":"plain","optional":true,"computed":true},"certificate":{"type":"string","description_kind":"plain","optional":true,"computed":true},"friendly_name":{"type":"string","description_kind":"plain","optional":true,"computed":true},"id":{"type":"string","description_kind":"plain","optional":true,"computed":true},"private_key":{"type":"string","description_kind":"plain","optional":true,"computed":true},"sandbox":{"type":"bool","description_kind":"plain","optional":true,"computed":true},"secret":{"type":"string","description_kind":"plain","optional":true,"computed":true},"sid":{"type":"string","description_kind":"plain","computed":true},"type":{"type":"string","description_kind":"plain","required":true}},"description_kind":"plain"}},"twilio_ip_messaging_services_channels_invites_v1":{"version":0,"block":{"attributes":{"channel_sid":{"type":"string","description_kind":"plain","required":true},"id":{"type":"string","description_kind":"plain","optional":true,"computed":true},"identity":{"type":"string","description_kind":"plain","required":true},"role_sid":{"type":"string","description_kind":"plain","optional":true,"computed":true},"service_sid":{"type":"string","description_kind":"plain","required":true},"sid":{"type":"string","description_kind":"plain","computed":true}},"description_kind":"plain"}},"twilio_ip_messaging_services_channels_invites_v2":{"version":0,"block":{"attributes":{"channel_sid":{"type":"string","description_kind":"plain","required":true},"id":{"type":"string","description_kind":"plain","optional":true,"computed":true},"identity":{"type":"string","description_kind":"plain","required":true},"role_sid":{"type":"string","description_kind":"plain","optional":true,"computed":true},"service_sid":{"type":"string","description_kind":"plain","required":true},"sid":{"type":"string","description_kind":"plain","computed":true}},"description_kind":"plain"}},"twilio_ip_messaging_services_channels_members_v1":{"version":0,"block":{"attributes":{"channel_sid":{"type":"string","description_kind":"plain","required":true},"id":{"type":"string","description_kind":"plain","optional":true,"computed":true},"identity":{"type":"string","description_kind":"plain","required":true},"last_consumed_message_index":{"type":"number","description_kind":"plain","optional":true,"computed":true},"role_sid":{"type":"string","description_kind":"plain","optional":true,"computed":true},"service_sid":{"type":"string","description_kind":"plain","required":true},"sid":{"type":"string","description_kind":"plain","computed":true}},"description_kind":"plain"}},"twilio_ip_messaging_services_channels_members_v2":{"version":0,"block":{"attributes":{"attributes":{"type":"string","description_kind":"plain","optional":true,"computed":true},"channel_sid":{"type":"string","description_kind":"plain","required":true},"date_created":{"type":"string","description_kind":"plain","optional":true,"computed":true},"date_updated":{"type":"string","description_kind":"plain","optional":true,"computed":true},"id":{"type":"string","description_kind":"plain","optional":true,"computed":true},"identity":{"type":"string","description_kind":"plain","required":true},"last_consumed_message_index":{"type":"number","description_kind":"plain","optional":true,"computed":true},"last_consumption_timestamp":{"type":"string","description_kind":"plain","optional":true,"computed":true},"role_sid":{"type":"string","description_kind":"plain","optional":true,"computed":true},"service_sid":{"type":"string","description_kind":"plain","required":true},"sid":{"type":"string","description_kind":"plain","computed":true},"x_twilio_webhook_enabled":{"type":"string","description_kind":"plain","optional":true,"computed":true}},"description_kind":"plain"}},"twilio_ip_messaging_services_channels_messages_v1":{"version":0,"block":{"attributes":{"attributes":{"type":"string","description_kind":"plain","optional":true,"computed":true},"body":{"type":"string","description_kind":"plain","required":true},"channel_sid":{"type":"string","description_kind":"plain","required":true},"from":{"type":"string","description_kind":"plain","optional":true,"computed":true},"id":{"type":"string","description_kind":"plain","optional":true,"computed":true},"service_sid":{"type":"string","description_kind":"plain","required":true},"sid":{"type":"string","description_kind":"plain","computed":true}},"description_kind":"plain"}},"twilio_ip_messaging_services_channels_messages_v2":{"version":0,"block":{"attributes":{"attributes":{"type":"string","description_kind":"plain","optional":true,"computed":true},"body":{"type":"string","description_kind":"plain","optional":true,"computed":true},"channel_sid":{"type":"string","description_kind":"plain","required":true},"date_created":{"type":"string","description_kind":"plain","optional":true,"computed":true},"date_updated":{"type":"string","description_kind":"plain","optional":true,"computed":true},"from":{"type":"string","description_kind":"plain","optional":true,"computed":true},"id":{"type":"string","description_kind":"plain","optional":true,"computed":true},"last_updated_by":{"type":"string","description_kind":"plain","optional":true,"computed":true},"media_sid":{"type":"string","description_kind":"plain","optional":true,"computed":true},"service_sid":{"type":"string","description_kind":"plain","required":true},"sid":{"type":"string","description_kind":"plain","computed":true},"x_twilio_webhook_enabled":{"type":"string","description_kind":"plain","optional":true,"computed":true}},"description_kind":"plain"}},"twilio_ip_messaging_services_channels_v1":{"version":0,"block":{"attributes":{"attributes":{"type":"string","description_kind":"plain","optional":true,"computed":true},"friendly_name":{"type":"string","description_kind":"plain","optional":true,"computed":true},"id":{"type":"string","description_kind":"plain","optional":true,"computed":true},"service_sid":{"type":"string","description_kind":"plain","required":true},"sid":{"type":"string","description_kind":"plain","computed":true},"type":{"type":"string","description_kind":"plain","optional":true,"computed":true},"unique_name":{"type":"string","description_kind":"plain","optional":true,"computed":true}},"description_kind":"plain"}},"twilio_ip_messaging_services_channels_v2":{"version":0,"block":{"attributes":{"attributes":{"type":"string","description_kind":"plain","optional":true,"computed":true},"created_by":{"type":"string","description_kind":"plain","optional":true,"computed":true},"date_created":{"type":"string","description_kind":"plain","optional":true,"computed":true},"date_updated":{"type":"string","description_kind":"plain","optional":true,"computed":true},"friendly_name":{"type":"string","description_kind":"plain","optional":true,"computed":true},"id":{"type":"string","description_kind":"plain","optional":true,"computed":true},"service_sid":{"type":"string","description_kind":"plain","required":true},"sid":{"type":"string","description_kind":"plain","computed":true},"type":{"type":"string","description_kind":"plain","optional":true,"computed":true},"unique_name":{"type":"string","description_kind":"plain","optional":true,"computed":true},"x_twilio_webhook_enabled":{"type":"string","description_kind":"plain","optional":true,"computed":true}},"description_kind":"plain"}},"twilio_ip_messaging_services_channels_webhooks_v2":{"version":0,"block":{"attributes":{"channel_sid":{"type":"string","description_kind":"plain","required":true},"configuration_filters":{"type":["list","string"],"description_kind":"plain","optional":true,"computed":true},"configuration_flow_sid":{"type":"string","description_kind":"plain","optional":true,"computed":true},"configuration_method":{"type":"string","description_kind":"plain","optional":true,"computed":true},"configuration_retry_count":{"type":"number","description_kind":"plain","optional":true,"computed":true},"configuration_triggers":{"type":["list","string"],"description_kind":"plain","optional":true,"computed":true},"configuration_url":{"type":"string","description_kind":"plain","optional":true,"computed":true},"id":{"type":"string","description_kind":"plain","optional":true,"computed":true},"service_sid":{"type":"string","description_kind":"plain","required":true},"sid":{"type":"string","description_kind":"plain","computed":true},"type":{"type":"string","description_kind":"plain","required":true}},"description_kind":"plain"}},"twilio_ip_messaging_services_roles_v1":{"version":0,"block":{"attributes":{"friendly_name":{"type":"string","description_kind":"plain","required":true},"id":{"type":"string","description_kind":"plain","optional":true,"computed":true},"permission":{"type":["list","string"],"description_kind":"plain","required":true},"service_sid":{"type":"string","description_kind":"plain","required":true},"sid":{"type":"string","description_kind":"plain","computed":true},"type":{"type":"string","description_kind":"plain","required":true}},"description_kind":"plain"}},"twilio_ip_messaging_services_roles_v2":{"version":0,"block":{"attributes":{"friendly_name":{"type":"string","description_kind":"plain","required":true},"id":{"type":"string","description_kind":"plain","optional":true,"computed":true},"permission":{"type":["list","string"],"description_kind":"plain","required":true},"service_sid":{"type":"string","description_kind":"plain","required":true},"sid":{"type":"string","description_kind":"plain","computed":true},"type":{"type":"string","description_kind":"plain","required":true}},"description_kind":"plain"}},"twilio_ip_messaging_services_users_v1":{"version":0,"block":{"attributes":{"attributes":{"type":"string","description_kind":"plain","optional":true,"computed":true},"friendly_name":{"type":"string","description_kind":"plain","optional":true,"computed":true},"id":{"type":"string","description_kind":"plain","optional":true,"computed":true},"identity":{"type":"string","description_kind":"plain","required":true},"role_sid":{"type":"string","description_kind":"plain","optional":true,"computed":true},"service_sid":{"type":"string","description_kind":"plain","required":true},"sid":{"type":"string","description_kind":"plain","computed":true}},"description_kind":"plain"}},"twilio_ip_messaging_services_users_v2":{"version":0,"block":{"attributes":{"attributes":{"type":"string","description_kind":"plain","optional":true,"computed":true},"friendly_name":{"type":"string","description_kind":"plain","optional":true,"computed":true},"id":{"type":"string","description_kind":"plain","optional":true,"computed":true},"identity":{"type":"string","description_kind":"plain","required":true},"role_sid":{"type":"string","description_kind":"plain","optional":true,"computed":true},"service_sid":{"type":"string","description_kind":"plain","required":true},"sid":{"type":"string","description_kind":"plain","computed":true},"x_twilio_webhook_enabled":{"type":"string","description_kind":"plain","optional":true,"computed":true}},"description_kind":"plain"}},"twilio_ip_messaging_services_v1":{"version":0,"block":{"attributes":{"consumption_report_interval":{"type":"number","description_kind":"plain","optional":true,"computed":true},"default_channel_creator_role_sid":{"type":"string","description_kind":"plain","optional":true,"computed":true},"default_channel_role_sid":{"type":"string","description_kind":"plain","optional":true,"computed":true},"default_service_role_sid":{"type":"string","description_kind":"plain","optional":true,"computed":true},"friendly_name":{"type":"string","description_kind":"plain","required":true},"id":{"type":"string","description_kind":"plain","optional":true,"computed":true},"limits_channel_members":{"type":"number","description_kind":"plain","optional":true,"computed":true},"limits_user_channels":{"type":"number","description_kind":"plain","optional":true,"computed":true},"notifications_added_to_channel_enabled":{"type":"bool","description_kind":"plain","optional":true,"computed":true},"notifications_added_to_channel_template":{"type":"string","description_kind":"plain","optional":true,"computed":true},"notifications_invited_to_channel_enabled":{"type":"bool","description_kind":"plain","optional":true,"computed":true},"notifications_invited_to_channel_template":{"type":"string","description_kind":"plain","optional":true,"computed":true},"notifications_new_message_enabled":{"type":"bool","description_kind":"plain","optional":true,"computed":true},"notifications_new_message_template":{"type":"string","description_kind":"plain","optional":true,"computed":true},"notifications_removed_from_channel_enabled":{"type":"bool","description_kind":"plain","optional":true,"computed":true},"notifications_removed_from_channel_template":{"type":"string","description_kind":"plain","optional":true,"computed":true},"post_webhook_url":{"type":"string","description_kind":"plain","optional":true,"computed":true},"pre_webhook_url":{"type":"string","description_kind":"plain","optional":true,"computed":true},"reachability_enabled":{"type":"bool","description_kind":"plain","optional":true,"computed":true},"read_status_enabled":{"type":"bool","description_kind":"plain","optional":true,"computed":true},"sid":{"type":"string","description_kind":"plain","computed":true},"typing_indicator_timeout":{"type":"number","description_kind":"plain","optional":true,"computed":true},"webhook_filters":{"type":["list","string"],"description_kind":"plain","optional":true,"computed":true},"webhook_method":{"type":"string","description_kind":"plain","optional":true,"computed":true},"webhooks_on_channel_add_method":{"type":"string","description_kind":"plain","optional":true,"computed":true},"webhooks_on_channel_add_url":{"type":"string","description_kind":"plain","optional":true,"computed":true},"webhooks_on_channel_added_method":{"type":"string","description_kind":"plain","optional":true,"computed":true},"webhooks_on_channel_added_url":{"type":"string","description_kind":"plain","optional":true,"computed":true},"webhooks_on_channel_destroy_method":{"type":"string","description_kind":"plain","optional":true,"computed":true},"webhooks_on_channel_destroy_url":{"type":"string","description_kind":"plain","optional":true,"computed":true},"webhooks_on_channel_destroyed_method":{"type":"string","description_kind":"plain","optional":true,"computed":true},"webhooks_on_channel_destroyed_url":{"type":"string","description_kind":"plain","optional":true,"computed":true},"webhooks_on_channel_update_method":{"type":"string","description_kind":"plain","optional":true,"computed":true},"webhooks_on_channel_update_url":{"type":"string","description_kind":"plain","optional":true,"computed":true},"webhooks_on_channel_updated_method":{"type":"string","description_kind":"plain","optional":true,"computed":true},"webhooks_on_channel_updated_url":{"type":"string","description_kind":"plain","optional":true,"computed":true},"webhooks_on_member_add_method":{"type":"string","description_kind":"plain","optional":true,"computed":true},"webhooks_on_member_add_url":{"type":"string","description_kind":"plain","optional":true,"computed":true},"webhooks_on_member_added_method":{"type":"string","description_kind":"plain","optional":true,"computed":true},"webhooks_on_member_added_url":{"type":"string","description_kind":"plain","optional":true,"computed":true},"webhooks_on_member_remove_method":{"type":"string","description_kind":"plain","optional":true,"computed":true},"webhooks_on_member_remove_url":{"type":"string","description_kind":"plain","optional":true,"computed":true},"webhooks_on_member_removed_method":{"type":"string","description_kind":"plain","optional":true,"computed":true},"webhooks_on_member_removed_url":{"type":"string","description_kind":"plain","optional":true,"computed":true},"webhooks_on_message_remove_method":{"type":"string","description_kind":"plain","optional":true,"computed":true},"webhooks_on_message_remove_url":{"type":"string","description_kind":"plain","optional":true,"computed":true},"webhooks_on_message_removed_method":{"type":"string","description_kind":"plain","optional":true,"computed":true},"webhooks_on_message_removed_url":{"type":"string","description_kind":"plain","optional":true,"computed":true},"webhooks_on_message_send_method":{"type":"string","description_kind":"plain","optional":true,"computed":true},"webhooks_on_message_send_url":{"type":"string","description_kind":"plain","optional":true,"computed":true},"webhooks_on_message_sent_method":{"type":"string","description_kind":"plain","optional":true,"computed":true},"webhooks_on_message_sent_url":{"type":"string","description_kind":"plain","optional":true,"computed":true},"webhooks_on_message_update_method":{"type":"string","description_kind":"plain","optional":true,"computed":true},"webhooks_on_message_update_url":{"type":"string","description_kind":"plain","optional":true,"computed":true},"webhooks_on_message_updated_method":{"type":"string","description_kind":"plain","optional":true,"computed":true},"webhooks_on_message_updated_url":{"type":"string","description_kind":"plain","optional":true,"computed":true}},"description_kind":"plain"}},"twilio_ip_messaging_services_v2":{"version":0,"block":{"attributes":{"consumption_report_interval":{"type":"number","description_kind":"plain","optional":true,"computed":true},"default_channel_creator_role_sid":{"type":"string","description_kind":"plain","optional":true,"computed":true},"default_channel_role_sid":{"type":"string","description_kind":"plain","optional":true,"computed":true},"default_service_role_sid":{"type":"string","description_kind":"plain","optional":true,"computed":true},"friendly_name":{"type":"string","description_kind":"plain","required":true},"id":{"type":"string","description_kind":"plain","optional":true,"computed":true},"limits_channel_members":{"type":"number","description_kind":"plain","optional":true,"computed":true},"limits_user_channels":{"type":"number","description_kind":"plain","optional":true,"computed":true},"media_compatibility_message":{"type":"string","description_kind":"plain","optional":true,"computed":true},"notifications_added_to_channel_enabled":{"type":"bool","description_kind":"plain","optional":true,"computed":true},"notifications_added_to_channel_sound":{"type":"string","description_kind":"plain","optional":true,"computed":true},"notifications_added_to_channel_template":{"type":"string","description_kind":"plain","optional":true,"computed":true},"notifications_invited_to_channel_enabled":{"type":"bool","description_kind":"plain","optional":true,"computed":true},"notifications_invited_to_channel_sound":{"type":"string","description_kind":"plain","optional":true,"computed":true},"notifications_invited_to_channel_template":{"type":"string","description_kind":"plain","optional":true,"computed":true},"notifications_log_enabled":{"type":"bool","description_kind":"plain","optional":true,"computed":true},"notifications_new_message_badge_count_enabled":{"type":"bool","description_kind":"plain","optional":true,"computed":true},"notifications_new_message_enabled":{"type":"bool","description_kind":"plain","optional":true,"computed":true},"notifications_new_message_sound":{"type":"string","description_kind":"plain","optional":true,"computed":true},"notifications_new_message_template":{"type":"string","description_kind":"plain","optional":true,"computed":true},"notifications_removed_from_channel_enabled":{"type":"bool","description_kind":"plain","optional":true,"computed":true},"notifications_removed_from_channel_sound":{"type":"string","description_kind":"plain","optional":true,"computed":true},"notifications_removed_from_channel_template":{"type":"string","description_kind":"plain","optional":true,"computed":true},"post_webhook_retry_count":{"type":"number","description_kind":"plain","optional":true,"computed":true},"post_webhook_url":{"type":"string","description_kind":"plain","optional":true,"computed":true},"pre_webhook_retry_count":{"type":"number","description_kind":"plain","optional":true,"computed":true},"pre_webhook_url":{"type":"string","description_kind":"plain","optional":true,"computed":true},"reachability_enabled":{"type":"bool","description_kind":"plain","optional":true,"computed":true},"read_status_enabled":{"type":"bool","description_kind":"plain","optional":true,"computed":true},"sid":{"type":"string","description_kind":"plain","computed":true},"typing_indicator_timeout":{"type":"number","description_kind":"plain","optional":true,"computed":true},"webhook_filters":{"type":["list","string"],"description_kind":"plain","optional":true,"computed":true},"webhook_method":{"type":"string","description_kind":"plain","optional":true,"computed":true}},"description_kind":"plain"}},"twilio_messaging_services_alpha_senders_v1":{"version":0,"block":{"attributes":{"alpha_sender":{"type":"string","description_kind":"plain","required":true},"id":{"type":"string","description_kind":"plain","optional":true,"computed":true},"service_sid":{"type":"string","description_kind":"plain","required":true},"sid":{"type":"string","description_kind":"plain","computed":true}},"description_kind":"plain"}},"twilio_messaging_services_compliance_usa_v1":{"version":0,"block":{"attributes":{"brand_registration_sid":{"type":"string","description_kind":"plain","required":true},"description":{"type":"string","description_kind":"plain","required":true},"has_embedded_links":{"type":"bool","description_kind":"plain","required":true},"has_embedded_phone":{"type":"bool","description_kind":"plain","required":true},"id":{"type":"string","description_kind":"plain","optional":true,"computed":true},"message_samples":{"type":["list","string"],"description_kind":"plain","required":true},"messaging_service_sid":{"type":"string","description_kind":"plain","required":true},"sid":{"type":"string","description_kind":"plain","computed":true},"us_app_to_person_usecase":{"type":"string","description_kind":"plain","required":true}},"description_kind":"plain"}},"twilio_messaging_services_phone_numbers_v1":{"version":0,"block":{"attributes":{"id":{"type":"string","description_kind":"plain","optional":true,"computed":true},"phone_number_sid":{"type":"string","description_kind":"plain","required":true},"service_sid":{"type":"string","description_kind":"plain","required":true},"sid":{"type":"string","description_kind":"plain","computed":true}},"description_kind":"plain"}},"twilio_messaging_services_short_codes_v1":{"version":0,"block":{"attributes":{"id":{"type":"string","description_kind":"plain","optional":true,"computed":true},"service_sid":{"type":"string","description_kind":"plain","required":true},"short_code_sid":{"type":"string","description_kind":"plain","required":true},"sid":{"type":"string","description_kind":"plain","computed":true}},"description_kind":"plain"}},"twilio_messaging_services_v1":{"version":0,"block":{"attributes":{"area_code_geomatch":{"type":"bool","description_kind":"plain","optional":true,"computed":true},"fallback_method":{"type":"string","description_kind":"plain","optional":true,"computed":true},"fallback_to_long_code":{"type":"bool","description_kind":"plain","optional":true,"computed":true},"fallback_url":{"type":"string","description_kind":"plain","optional":true,"computed":true},"friendly_name":{"type":"string","description_kind":"plain","required":true},"id":{"type":"string","description_kind":"plain","optional":true,"computed":true},"inbound_method":{"type":"string","description_kind":"plain","optional":true,"computed":true},"inbound_request_url":{"type":"string","description_kind":"plain","optional":true,"computed":true},"mms_converter":{"type":"bool","description_kind":"plain","optional":true,"computed":true},"scan_message_content":{"type":"string","description_kind":"plain","optional":true,"computed":true},"sid":{"type":"string","description_kind":"plain","computed":true},"smart_encoding":{"type":"bool","description_kind":"plain","optional":true,"computed":true},"status_callback":{"type":"string","description_kind":"plain","optional":true,"computed":true},"sticky_sender":{"type":"bool","description_kind":"plain","optional":true,"computed":true},"synchronous_validation":{"type":"bool","description_kind":"plain","optional":true,"computed":true},"use_inbound_webhook_on_number":{"type":"bool","description_kind":"plain","optional":true,"computed":true},"usecase":{"type":"string","description_kind":"plain","optional":true,"computed":true},"validity_period":{"type":"number","description_kind":"plain","optional":true,"computed":true}},"description_kind":"plain"}},"twilio_notify_credentials_v1":{"version":0,"block":{"attributes":{"api_key":{"type":"string","description_kind":"plain","optional":true,"computed":true},"certificate":{"type":"string","description_kind":"plain","optional":true,"computed":true},"friendly_name":{"type":"string","description_kind":"plain","optional":true,"computed":true},"id":{"type":"string","description_kind":"plain","optional":true,"computed":true},"private_key":{"type":"string","description_kind":"plain","optional":true,"computed":true},"sandbox":{"type":"bool","description_kind":"plain","optional":true,"computed":true},"secret":{"type":"string","description_kind":"plain","optional":true,"computed":true},"sid":{"type":"string","description_kind":"plain","computed":true},"type":{"type":"string","description_kind":"plain","required":true}},"description_kind":"plain"}},"twilio_notify_services_bindings_v1":{"version":0,"block":{"attributes":{"address":{"type":"string","description_kind":"plain","required":true},"binding_type":{"type":"string","description_kind":"plain","required":true},"credential_sid":{"type":"string","description_kind":"plain","optional":true,"computed":true},"endpoint":{"type":"string","description_kind":"plain","optional":true,"computed":true},"id":{"type":"string","description_kind":"plain","optional":true,"computed":true},"identity":{"type":"string","description_kind":"plain","required":true},"notification_protocol_version":{"type":"string","description_kind":"plain","optional":true,"computed":true},"service_sid":{"type":"string","description_kind":"plain","required":true},"sid":{"type":"string","description_kind":"plain","computed":true},"tag":{"type":["list","string"],"description_kind":"plain","optional":true,"computed":true}},"description_kind":"plain"}},"twilio_notify_services_v1":{"version":0,"block":{"attributes":{"alexa_skill_id":{"type":"string","description_kind":"plain","optional":true,"computed":true},"apn_credential_sid":{"type":"string","description_kind":"plain","optional":true,"computed":true},"default_alexa_notification_protocol_version":{"type":"string","description_kind":"plain","optional":true,"computed":true},"default_apn_notification_protocol_version":{"type":"string","description_kind":"plain","optional":true,"computed":true},"default_fcm_notification_protocol_version":{"type":"string","description_kind":"plain","optional":true,"computed":true},"default_gcm_notification_protocol_version":{"type":"string","description_kind":"plain","optional":true,"computed":true},"delivery_callback_enabled":{"type":"bool","description_kind":"plain","optional":true,"computed":true},"delivery_callback_url":{"type":"string","description_kind":"plain","optional":true,"computed":true},"facebook_messenger_page_id":{"type":"string","description_kind":"plain","optional":true,"computed":true},"fcm_credential_sid":{"type":"string","description_kind":"plain","optional":true,"computed":true},"friendly_name":{"type":"string","description_kind":"plain","optional":true,"computed":true},"gcm_credential_sid":{"type":"string","description_kind":"plain","optional":true,"computed":true},"id":{"type":"string","description_kind":"plain","optional":true,"computed":true},"log_enabled":{"type":"bool","description_kind":"plain","optional":true,"computed":true},"messaging_service_sid":{"type":"string","description_kind":"plain","optional":true,"computed":true},"sid":{"type":"string","description_kind":"plain","computed":true}},"description_kind":"plain"}},"twilio_numbers_regulatory_compliance_bundles_item_assignments_v2":{"version":0,"block":{"attributes":{"bundle_sid":{"type":"string","description_kind":"plain","required":true},"id":{"type":"string","description_kind":"plain","optional":true,"computed":true},"object_sid":{"type":"string","description_kind":"plain","required":true},"sid":{"type":"string","description_kind":"plain","computed":true}},"description_kind":"plain"}},"twilio_numbers_regulatory_compliance_bundles_v2":{"version":0,"block":{"attributes":{"email":{"type":"string","description_kind":"plain","required":true},"end_user_type":{"type":"string","description_kind":"plain","optional":true,"computed":true},"friendly_name":{"type":"string","description_kind":"plain","required":true},"id":{"type":"string","description_kind":"plain","optional":true,"computed":true},"iso_country":{"type":"string","description_kind":"plain","optional":true,"computed":true},"number_type":{"type":"string","description_kind":"plain","optional":true,"computed":true},"regulation_sid":{"type":"string","description_kind":"plain","optional":true,"computed":true},"sid":{"type":"string","description_kind":"plain","computed":true},"status":{"type":"string","description_kind":"plain","optional":true,"computed":true},"status_callback":{"type":"string","description_kind":"plain","optional":true,"computed":true}},"description_kind":"plain"}},"twilio_numbers_regulatory_compliance_end_users_v2":{"version":0,"block":{"attributes":{"attributes":{"type":"string","description_kind":"plain","optional":true,"computed":true},"friendly_name":{"type":"string","description_kind":"plain","required":true},"id":{"type":"string","description_kind":"plain","optional":true,"computed":true},"sid":{"type":"string","description_kind":"plain","computed":true},"type":{"type":"string","description_kind":"plain","required":true}},"description_kind":"plain"}},"twilio_numbers_regulatory_compliance_supporting_documents_v2":{"version":0,"block":{"attributes":{"attributes":{"type":"string","description_kind":"plain","optional":true,"computed":true},"friendly_name":{"type":"string","description_kind":"plain","required":true},"id":{"type":"string","description_kind":"plain","optional":true,"computed":true},"sid":{"type":"string","description_kind":"plain","computed":true},"type":{"type":"string","description_kind":"plain","required":true}},"description_kind":"plain"}},"twilio_proxy_services_phone_numbers_v1":{"version":0,"block":{"attributes":{"id":{"type":"string","description_kind":"plain","optional":true,"computed":true},"is_reserved":{"type":"bool","description_kind":"plain","optional":true,"computed":true},"phone_number":{"type":"string","description_kind":"plain","optional":true,"computed":true},"service_sid":{"type":"string","description_kind":"plain","required":true},"sid":{"type":"string","description_kind":"plain","optional":true,"computed":true}},"description_kind":"plain"}},"twilio_proxy_services_sessions_participants_v1":{"version":0,"block":{"attributes":{"fail_on_participant_conflict":{"type":"bool","description_kind":"plain","optional":true,"computed":true},"friendly_name":{"type":"string","description_kind":"plain","optional":true,"computed":true},"id":{"type":"string","description_kind":"plain","optional":true,"computed":true},"identifier":{"type":"string","description_kind":"plain","required":true},"proxy_identifier":{"type":"string","description_kind":"plain","optional":true,"computed":true},"proxy_identifier_sid":{"type":"string","description_kind":"plain","optional":true,"computed":true},"service_sid":{"type":"string","description_kind":"plain","required":true},"session_sid":{"type":"string","description_kind":"plain","required":true},"sid":{"type":"string","description_kind":"plain","computed":true}},"description_kind":"plain"}},"twilio_proxy_services_sessions_v1":{"version":0,"block":{"attributes":{"date_expiry":{"type":"string","description_kind":"plain","optional":true,"computed":true},"fail_on_participant_conflict":{"type":"bool","description_kind":"plain","optional":true,"computed":true},"id":{"type":"string","description_kind":"plain","optional":true,"computed":true},"mode":{"type":"string","description_kind":"plain","optional":true,"computed":true},"participants":{"type":["list","string"],"description_kind":"plain","optional":true,"computed":true},"service_sid":{"type":"string","description_kind":"plain","required":true},"sid":{"type":"string","description_kind":"plain","computed":true},"status":{"type":"string","description_kind":"plain","optional":true,"computed":true},"ttl":{"type":"number","description_kind":"plain","optional":true,"computed":true},"unique_name":{"type":"string","description_kind":"plain","optional":true,"computed":true}},"description_kind":"plain"}},"twilio_proxy_services_short_codes_v1":{"version":0,"block":{"attributes":{"id":{"type":"string","description_kind":"plain","optional":true,"computed":true},"is_reserved":{"type":"bool","description_kind":"plain","optional":true,"computed":true},"service_sid":{"type":"string","description_kind":"plain","required":true},"sid":{"type":"string","description_kind":"plain","required":true}},"description_kind":"plain"}},"twilio_proxy_services_v1":{"version":0,"block":{"attributes":{"callback_url":{"type":"string","description_kind":"plain","optional":true,"computed":true},"chat_instance_sid":{"type":"string","description_kind":"plain","optional":true,"computed":true},"default_ttl":{"type":"number","description_kind":"plain","optional":true,"computed":true},"geo_match_level":{"type":"string","description_kind":"plain","optional":true,"computed":true},"id":{"type":"string","description_kind":"plain","optional":true,"computed":true},"intercept_callback_url":{"type":"string","description_kind":"plain","optional":true,"computed":true},"number_selection_behavior":{"type":"string","description_kind":"plain","optional":true,"computed":true},"out_of_session_callback_url":{"type":"string","description_kind":"plain","optional":true,"computed":true},"sid":{"type":"string","description_kind":"plain","computed":true},"unique_name":{"type":"string","description_kind":"plain","required":true}},"description_kind":"plain"}},"twilio_serverless_services_assets_v1":{"version":0,"block":{"attributes":{"friendly_name":{"type":"string","description_kind":"plain","required":true},"id":{"type":"string","description_kind":"plain","optional":true,"computed":true},"service_sid":{"type":"string","description_kind":"plain","required":true},"sid":{"type":"string","description_kind":"plain","computed":true}},"description_kind":"plain"}},"twilio_serverless_services_builds_v1":{"version":0,"block":{"attributes":{"asset_versions":{"type":["list","string"],"description_kind":"plain","optional":true,"computed":true},"dependencies":{"type":"string","description_kind":"plain","optional":true,"computed":true},"function_versions":{"type":["list","string"],"description_kind":"plain","optional":true,"computed":true},"id":{"type":"string","description_kind":"plain","optional":true,"computed":true},"runtime":{"type":"string","description_kind":"plain","optional":true,"computed":true},"service_sid":{"type":"string","description_kind":"plain","required":true},"sid":{"type":"string","description_kind":"plain","computed":true}},"description_kind":"plain"}},"twilio_serverless_services_environments_v1":{"version":0,"block":{"attributes":{"domain_suffix":{"type":"string","description_kind":"plain","optional":true,"computed":true},"id":{"type":"string","description_kind":"plain","optional":true,"computed":true},"service_sid":{"type":"string","description_kind":"plain","required":true},"sid":{"type":"string","description_kind":"plain","computed":true},"unique_name":{"type":"string","description_kind":"plain","required":true}},"description_kind":"plain"}},"twilio_serverless_services_environments_variables_v1":{"version":0,"block":{"attributes":{"environment_sid":{"type":"string","description_kind":"plain","required":true},"id":{"type":"string","description_kind":"plain","optional":true,"computed":true},"key":{"type":"string","description_kind":"plain","required":true},"service_sid":{"type":"string","description_kind":"plain","required":true},"sid":{"type":"string","description_kind":"plain","computed":true},"value":{"type":"string","description_kind":"plain","required":true}},"description_kind":"plain"}},"twilio_serverless_services_functions_v1":{"version":0,"block":{"attributes":{"friendly_name":{"type":"string","description_kind":"plain","required":true},"id":{"type":"string","description_kind":"plain","optional":true,"computed":true},"service_sid":{"type":"string","description_kind":"plain","required":true},"sid":{"type":"string","description_kind":"plain","computed":true}},"description_kind":"plain"}},"twilio_serverless_services_v1":{"version":0,"block":{"attributes":{"friendly_name":{"type":"string","description_kind":"plain","required":true},"id":{"type":"string","description_kind":"plain","optional":true,"computed":true},"include_credentials":{"type":"bool","description_kind":"plain","optional":true,"computed":true},"sid":{"type":"string","description_kind":"plain","computed":true},"ui_editable":{"type":"bool","description_kind":"plain","optional":true,"computed":true},"unique_name":{"type":"string","description_kind":"plain","required":true}},"description_kind":"plain"}},"twilio_studio_flows_engagements_v1":{"version":0,"block":{"attributes":{"flow_sid":{"type":"string","description_kind":"plain","required":true},"from":{"type":"string","description_kind":"plain","required":true},"id":{"type":"string","description_kind":"plain","optional":true,"computed":true},"parameters":{"type":"string","description_kind":"plain","optional":true,"computed":true},"sid":{"type":"string","description_kind":"plain","computed":true},"to":{"type":"string","description_kind":"plain","required":true}},"description_kind":"plain"}},"twilio_studio_flows_executions_v1":{"version":0,"block":{"attributes":{"flow_sid":{"type":"string","description_kind":"plain","required":true},"from":{"type":"string","description_kind":"plain","required":true},"id":{"type":"string","description_kind":"plain","optional":true,"computed":true},"parameters":{"type":"string","description_kind":"plain","optional":true,"computed":true},"sid":{"type":"string","description_kind":"plain","computed":true},"status":{"type":"string","description_kind":"plain","optional":true,"computed":true},"to":{"type":"string","description_kind":"plain","required":true}},"description_kind":"plain"}},"twilio_studio_flows_executions_v2":{"version":0,"block":{"attributes":{"flow_sid":{"type":"string","description_kind":"plain","required":true},"from":{"type":"string","description_kind":"plain","required":true},"id":{"type":"string","description_kind":"plain","optional":true,"computed":true},"parameters":{"type":"string","description_kind":"plain","optional":true,"computed":true},"sid":{"type":"string","description_kind":"plain","computed":true},"status":{"type":"string","description_kind":"plain","optional":true,"computed":true},"to":{"type":"string","description_kind":"plain","required":true}},"description_kind":"plain"}},"twilio_studio_flows_v2":{"version":0,"block":{"attributes":{"commit_message":{"type":"string","description_kind":"plain","optional":true,"computed":true},"definition":{"type":"string","description_kind":"plain","required":true},"friendly_name":{"type":"string","description_kind":"plain","required":true},"id":{"type":"string","description_kind":"plain","optional":true,"computed":true},"sid":{"type":"string","description_kind":"plain","computed":true},"status":{"type":"string","description_kind":"plain","required":true}},"description_kind":"plain"}},"twilio_supersim_network_access_profiles_networks_v1":{"version":0,"block":{"attributes":{"id":{"type":"string","description_kind":"plain","optional":true,"computed":true},"network":{"type":"string","description_kind":"plain","required":true},"network_access_profile_sid":{"type":"string","description_kind":"plain","required":true},"sid":{"type":"string","description_kind":"plain","computed":true}},"description_kind":"plain"}},"twilio_sync_services_documents_v1":{"version":0,"block":{"attributes":{"data":{"type":"string","description_kind":"plain","optional":true,"computed":true},"id":{"type":"string","description_kind":"plain","optional":true,"computed":true},"if_match":{"type":"string","description_kind":"plain","optional":true,"computed":true},"service_sid":{"type":"string","description_kind":"plain","required":true},"sid":{"type":"string","description_kind":"plain","computed":true},"ttl":{"type":"number","description_kind":"plain","optional":true,"computed":true},"unique_name":{"type":"string","description_kind":"plain","optional":true,"computed":true}},"description_kind":"plain"}},"twilio_sync_services_lists_items_v1":{"version":0,"block":{"attributes":{"collection_ttl":{"type":"number","description_kind":"plain","optional":true,"computed":true},"data":{"type":"string","description_kind":"plain","required":true},"id":{"type":"string","description_kind":"plain","optional":true,"computed":true},"if_match":{"type":"string","description_kind":"plain","optional":true,"computed":true},"index":{"type":"number","description_kind":"plain","computed":true},"item_ttl":{"type":"number","description_kind":"plain","optional":true,"computed":true},"list_sid":{"type":"string","description_kind":"plain","required":true},"service_sid":{"type":"string","description_kind":"plain","required":true},"ttl":{"type":"number","description_kind":"plain","optional":true,"computed":true}},"description_kind":"plain"}},"twilio_sync_services_lists_v1":{"version":0,"block":{"attributes":{"collection_ttl":{"type":"number","description_kind":"plain","optional":true,"computed":true},"id":{"type":"string","description_kind":"plain","optional":true,"computed":true},"service_sid":{"type":"string","description_kind":"plain","required":true},"sid":{"type":"string","description_kind":"plain","computed":true},"ttl":{"type":"number","description_kind":"plain","optional":true,"computed":true},"unique_name":{"type":"string","description_kind":"plain","optional":true,"computed":true}},"description_kind":"plain"}},"twilio_sync_services_maps_items_v1":{"version":0,"block":{"attributes":{"collection_ttl":{"type":"number","description_kind":"plain","optional":true,"computed":true},"data":{"type":"string","description_kind":"plain","required":true},"id":{"type":"string","description_kind":"plain","optional":true,"computed":true},"if_match":{"type":"string","description_kind":"plain","optional":true,"computed":true},"item_ttl":{"type":"number","description_kind":"plain","optional":true,"computed":true},"key":{"type":"string","description_kind":"plain","required":true},"map_sid":{"type":"string","description_kind":"plain","required":true},"service_sid":{"type":"string","description_kind":"plain","required":true},"ttl":{"type":"number","description_kind":"plain","optional":true,"computed":true}},"description_kind":"plain"}},"twilio_sync_services_maps_v1":{"version":0,"block":{"attributes":{"collection_ttl":{"type":"number","description_kind":"plain","optional":true,"computed":true},"id":{"type":"string","description_kind":"plain","optional":true,"computed":true},"service_sid":{"type":"string","description_kind":"plain","required":true},"sid":{"type":"string","description_kind":"plain","computed":true},"ttl":{"type":"number","description_kind":"plain","optional":true,"computed":true},"unique_name":{"type":"string","description_kind":"plain","optional":true,"computed":true}},"description_kind":"plain"}},"twilio_sync_services_streams_v1":{"version":0,"block":{"attributes":{"id":{"type":"string","description_kind":"plain","optional":true,"computed":true},"service_sid":{"type":"string","description_kind":"plain","required":true},"sid":{"type":"string","description_kind":"plain","computed":true},"ttl":{"type":"number","description_kind":"plain","optional":true,"computed":true},"unique_name":{"type":"string","description_kind":"plain","optional":true,"computed":true}},"description_kind":"plain"}},"twilio_sync_services_v1":{"version":0,"block":{"attributes":{"acl_enabled":{"type":"bool","description_kind":"plain","optional":true,"computed":true},"friendly_name":{"type":"string","description_kind":"plain","optional":true,"computed":true},"id":{"type":"string","description_kind":"plain","optional":true,"computed":true},"reachability_debouncing_enabled":{"type":"bool","description_kind":"plain","optional":true,"computed":true},"reachability_debouncing_window":{"type":"number","description_kind":"plain","optional":true,"computed":true},"reachability_webhooks_enabled":{"type":"bool","description_kind":"plain","optional":true,"computed":true},"sid":{"type":"string","description_kind":"plain","computed":true},"webhook_url":{"type":"string","description_kind":"plain","optional":true,"computed":true},"webhooks_from_rest_enabled":{"type":"bool","description_kind":"plain","optional":true,"computed":true}},"description_kind":"plain"}},"twilio_taskrouter_workspaces_activities_v1":{"version":0,"block":{"attributes":{"available":{"type":"bool","description_kind":"plain","optional":true,"computed":true},"friendly_name":{"type":"string","description_kind":"plain","required":true},"id":{"type":"string","description_kind":"plain","optional":true,"computed":true},"sid":{"type":"string","description_kind":"plain","computed":true},"workspace_sid":{"type":"string","description_kind":"plain","required":true}},"description_kind":"plain"}},"twilio_taskrouter_workspaces_task_channels_v1":{"version":0,"block":{"attributes":{"channel_optimized_routing":{"type":"bool","description_kind":"plain","optional":true,"computed":true},"friendly_name":{"type":"string","description_kind":"plain","required":true},"id":{"type":"string","description_kind":"plain","optional":true,"computed":true},"sid":{"type":"string","description_kind":"plain","computed":true},"unique_name":{"type":"string","description_kind":"plain","required":true},"workspace_sid":{"type":"string","description_kind":"plain","required":true}},"description_kind":"plain"}},"twilio_taskrouter_workspaces_task_queues_v1":{"version":0,"block":{"attributes":{"assignment_activity_sid":{"type":"string","description_kind":"plain","optional":true,"computed":true},"friendly_name":{"type":"string","description_kind":"plain","required":true},"id":{"type":"string","description_kind":"plain","optional":true,"computed":true},"max_reserved_workers":{"type":"number","description_kind":"plain","optional":true,"computed":true},"reservation_activity_sid":{"type":"string","description_kind":"plain","optional":true,"computed":true},"sid":{"type":"string","description_kind":"plain","computed":true},"target_workers":{"type":"string","description_kind":"plain","optional":true,"computed":true},"task_order":{"type":"string","description_kind":"plain","optional":true,"computed":true},"workspace_sid":{"type":"string","description_kind":"plain","required":true}},"description_kind":"plain"}},"twilio_taskrouter_workspaces_tasks_v1":{"version":0,"block":{"attributes":{"assignment_status":{"type":"string","description_kind":"plain","optional":true,"computed":true},"attributes":{"type":"string","description_kind":"plain","optional":true,"computed":true},"id":{"type":"string","description_kind":"plain","optional":true,"computed":true},"if_match":{"type":"string","description_kind":"plain","optional":true,"computed":true},"priority":{"type":"number","description_kind":"plain","optional":true,"computed":true},"reason":{"type":"string","description_kind":"plain","optional":true,"computed":true},"sid":{"type":"string","description_kind":"plain","computed":true},"task_channel":{"type":"string","description_kind":"plain","optional":true,"computed":true},"timeout":{"type":"number","description_kind":"plain","optional":true,"computed":true},"workflow_sid":{"type":"string","description_kind":"plain","optional":true,"computed":true},"workspace_sid":{"type":"string","description_kind":"plain","required":true}},"description_kind":"plain"}},"twilio_taskrouter_workspaces_v1":{"version":0,"block":{"attributes":{"default_activity_sid":{"type":"string","description_kind":"plain","optional":true,"computed":true},"event_callback_url":{"type":"string","description_kind":"plain","optional":true,"computed":true},"events_filter":{"type":"string","description_kind":"plain","optional":true,"computed":true},"friendly_name":{"type":"string","description_kind":"plain","required":true},"id":{"type":"string","description_kind":"plain","optional":true,"computed":true},"multi_task_enabled":{"type":"bool","description_kind":"plain","optional":true,"computed":true},"prioritize_queue_order":{"type":"string","description_kind":"plain","optional":true,"computed":true},"sid":{"type":"string","description_kind":"plain","computed":true},"template":{"type":"string","description_kind":"plain","optional":true,"computed":true},"timeout_activity_sid":{"type":"string","description_kind":"plain","optional":true,"computed":true}},"description_kind":"plain"}},"twilio_taskrouter_workspaces_workers_v1":{"version":0,"block":{"attributes":{"activity_sid":{"type":"string","description_kind":"plain","optional":true,"computed":true},"attributes":{"type":"string","description_kind":"plain","optional":true,"computed":true},"friendly_name":{"type":"string","description_kind":"plain","required":true},"id":{"type":"string","description_kind":"plain","optional":true,"computed":true},"if_match":{"type":"string","description_kind":"plain","optional":true,"computed":true},"reject_pending_reservations":{"type":"bool","description_kind":"plain","optional":true,"computed":true},"sid":{"type":"string","description_kind":"plain","computed":true},"workspace_sid":{"type":"string","description_kind":"plain","required":true}},"description_kind":"plain"}},"twilio_taskrouter_workspaces_workflows_v1":{"version":0,"block":{"attributes":{"assignment_callback_url":{"type":"string","description_kind":"plain","optional":true,"computed":true},"configuration":{"type":"string","description_kind":"plain","required":true},"fallback_assignment_callback_url":{"type":"string","description_kind":"plain","optional":true,"computed":true},"friendly_name":{"type":"string","description_kind":"plain","required":true},"id":{"type":"string","description_kind":"plain","optional":true,"computed":true},"re_evaluate_tasks":{"type":"string","description_kind":"plain","optional":true,"computed":true},"sid":{"type":"string","description_kind":"plain","computed":true},"task_reservation_timeout":{"type":"number","description_kind":"plain","optional":true,"computed":true},"workspace_sid":{"type":"string","description_kind":"plain","required":true}},"description_kind":"plain"}},"twilio_trunking_trunks_credential_lists_v1":{"version":0,"block":{"attributes":{"credential_list_sid":{"type":"string","description_kind":"plain","required":true},"id":{"type":"string","description_kind":"plain","optional":true,"computed":true},"sid":{"type":"string","description_kind":"plain","computed":true},"trunk_sid":{"type":"string","description_kind":"plain","required":true}},"description_kind":"plain"}},"twilio_trunking_trunks_ip_access_control_lists_v1":{"version":0,"block":{"attributes":{"id":{"type":"string","description_kind":"plain","optional":true,"computed":true},"ip_access_control_list_sid":{"type":"string","description_kind":"plain","required":true},"sid":{"type":"string","description_kind":"plain","computed":true},"trunk_sid":{"type":"string","description_kind":"plain","required":true}},"description_kind":"plain"}},"twilio_trunking_trunks_origination_urls_v1":{"version":0,"block":{"attributes":{"enabled":{"type":"bool","description_kind":"plain","required":true},"friendly_name":{"type":"string","description_kind":"plain","required":true},"id":{"type":"string","description_kind":"plain","optional":true,"computed":true},"priority":{"type":"number","description_kind":"plain","required":true},"sid":{"type":"string","description_kind":"plain","computed":true},"sip_url":{"type":"string","description_kind":"plain","required":true},"trunk_sid":{"type":"string","description_kind":"plain","required":true},"weight":{"type":"number","description_kind":"plain","required":true}},"description_kind":"plain"}},"twilio_trunking_trunks_phone_numbers_v1":{"version":0,"block":{"attributes":{"id":{"type":"string","description_kind":"plain","optional":true,"computed":true},"phone_number_sid":{"type":"string","description_kind":"plain","required":true},"sid":{"type":"string","description_kind":"plain","computed":true},"trunk_sid":{"type":"string","description_kind":"plain","required":true}},"description_kind":"plain"}},"twilio_trunking_trunks_v1":{"version":0,"block":{"attributes":{"cnam_lookup_enabled":{"type":"bool","description_kind":"plain","optional":true,"computed":true},"disaster_recovery_method":{"type":"string","description_kind":"plain","optional":true,"computed":true},"disaster_recovery_url":{"type":"string","description_kind":"plain","optional":true,"computed":true},"domain_name":{"type":"string","description_kind":"plain","optional":true,"computed":true},"friendly_name":{"type":"string","description_kind":"plain","optional":true,"computed":true},"id":{"type":"string","description_kind":"plain","optional":true,"computed":true},"secure":{"type":"bool","description_kind":"plain","optional":true,"computed":true},"sid":{"type":"string","description_kind":"plain","computed":true},"transfer_caller_id":{"type":"string","description_kind":"plain","optional":true,"computed":true},"transfer_mode":{"type":"string","description_kind":"plain","optional":true,"computed":true}},"description_kind":"plain"}},"twilio_trusthub_customer_profiles_channel_endpoint_assignments_v1":{"version":0,"block":{"attributes":{"channel_endpoint_sid":{"type":"string","description_kind":"plain","required":true},"channel_endpoint_type":{"type":"string","description_kind":"plain","required":true},"customer_profile_sid":{"type":"string","description_kind":"plain","required":true},"id":{"type":"string","description_kind":"plain","optional":true,"computed":true},"sid":{"type":"string","description_kind":"plain","computed":true}},"description_kind":"plain"}},"twilio_trusthub_customer_profiles_entity_assignments_v1":{"version":0,"block":{"attributes":{"customer_profile_sid":{"type":"string","description_kind":"plain","required":true},"id":{"type":"string","description_kind":"plain","optional":true,"computed":true},"object_sid":{"type":"string","description_kind":"plain","required":true},"sid":{"type":"string","description_kind":"plain","computed":true}},"description_kind":"plain"}},"twilio_trusthub_customer_profiles_v1":{"version":0,"block":{"attributes":{"email":{"type":"string","description_kind":"plain","required":true},"friendly_name":{"type":"string","description_kind":"plain","required":true},"id":{"type":"string","description_kind":"plain","optional":true,"computed":true},"policy_sid":{"type":"string","description_kind":"plain","required":true},"sid":{"type":"string","description_kind":"plain","computed":true},"status":{"type":"string","description_kind":"plain","optional":true,"computed":true},"status_callback":{"type":"string","description_kind":"plain","optional":true,"computed":true}},"description_kind":"plain"}},"twilio_trusthub_end_users_v1":{"version":0,"block":{"attributes":{"attributes":{"type":"string","description_kind":"plain","optional":true,"computed":true},"friendly_name":{"type":"string","description_kind":"plain","required":true},"id":{"type":"string","description_kind":"plain","optional":true,"computed":true},"sid":{"type":"string","description_kind":"plain","computed":true},"type":{"type":"string","description_kind":"plain","required":true}},"description_kind":"plain"}},"twilio_trusthub_supporting_documents_v1":{"version":0,"block":{"attributes":{"attributes":{"type":"string","description_kind":"plain","optional":true,"computed":true},"friendly_name":{"type":"string","description_kind":"plain","required":true},"id":{"type":"string","description_kind":"plain","optional":true,"computed":true},"sid":{"type":"string","description_kind":"plain","computed":true},"type":{"type":"string","description_kind":"plain","required":true}},"description_kind":"plain"}},"twilio_trusthub_trust_products_channel_endpoint_assignments_v1":{"version":0,"block":{"attributes":{"channel_endpoint_sid":{"type":"string","description_kind":"plain","required":true},"channel_endpoint_type":{"type":"string","description_kind":"plain","required":true},"id":{"type":"string","description_kind":"plain","optional":true,"computed":true},"sid":{"type":"string","description_kind":"plain","computed":true},"trust_product_sid":{"type":"string","description_kind":"plain","required":true}},"description_kind":"plain"}},"twilio_trusthub_trust_products_entity_assignments_v1":{"version":0,"block":{"attributes":{"id":{"type":"string","description_kind":"plain","optional":true,"computed":true},"object_sid":{"type":"string","description_kind":"plain","required":true},"sid":{"type":"string","description_kind":"plain","computed":true},"trust_product_sid":{"type":"string","description_kind":"plain","required":true}},"description_kind":"plain"}},"twilio_trusthub_trust_products_v1":{"version":0,"block":{"attributes":{"email":{"type":"string","description_kind":"plain","required":true},"friendly_name":{"type":"string","description_kind":"plain","required":true},"id":{"type":"string","description_kind":"plain","optional":true,"computed":true},"policy_sid":{"type":"string","description_kind":"plain","required":true},"sid":{"type":"string","description_kind":"plain","computed":true},"status":{"type":"string","description_kind":"plain","optional":true,"computed":true},"status_callback":{"type":"string","description_kind":"plain","optional":true,"computed":true}},"description_kind":"plain"}},"twilio_verify_services_entities_factors_v2":{"version":0,"block":{"attributes":{"auth_payload":{"type":"string","description_kind":"plain","optional":true,"computed":true},"binding_alg":{"type":"string","description_kind":"plain","optional":true,"computed":true},"binding_public_key":{"type":"string","description_kind":"plain","optional":true,"computed":true},"binding_secret":{"type":"string","description_kind":"plain","optional":true,"computed":true},"config_alg":{"type":"string","description_kind":"plain","optional":true,"computed":true},"config_app_id":{"type":"string","description_kind":"plain","optional":true,"computed":true},"config_code_length":{"type":"number","description_kind":"plain","optional":true,"computed":true},"config_notification_platform":{"type":"string","description_kind":"plain","optional":true,"computed":true},"config_notification_token":{"type":"string","description_kind":"plain","optional":true,"computed":true},"config_sdk_version":{"type":"string","description_kind":"plain","optional":true,"computed":true},"config_skew":{"type":"number","description_kind":"plain","optional":true,"computed":true},"config_time_step":{"type":"number","description_kind":"plain","optional":true,"computed":true},"factor_type":{"type":"string","description_kind":"plain","required":true},"friendly_name":{"type":"string","description_kind":"plain","required":true},"id":{"type":"string","description_kind":"plain","optional":true,"computed":true},"identity":{"type":"string","description_kind":"plain","required":true},"service_sid":{"type":"string","description_kind":"plain","required":true},"sid":{"type":"string","description_kind":"plain","computed":true}},"description_kind":"plain"}},"twilio_verify_services_entities_v2":{"version":0,"block":{"attributes":{"id":{"type":"string","description_kind":"plain","optional":true,"computed":true},"identity":{"type":"string","description_kind":"plain","required":true},"service_sid":{"type":"string","description_kind":"plain","required":true}},"description_kind":"plain"}},"twilio_verify_services_messaging_configurations_v2":{"version":0,"block":{"attributes":{"country":{"type":"string","description_kind":"plain","required":true},"id":{"type":"string","description_kind":"plain","optional":true,"computed":true},"messaging_service_sid":{"type":"string","description_kind":"plain","required":true},"service_sid":{"type":"string","description_kind":"plain","required":true}},"description_kind":"plain"}},"twilio_verify_services_rate_limits_buckets_v2":{"version":0,"block":{"attributes":{"id":{"type":"string","description_kind":"plain","optional":true,"computed":true},"interval":{"type":"number","description_kind":"plain","required":true},"max":{"type":"number","description_kind":"plain","required":true},"rate_limit_sid":{"type":"string","description_kind":"plain","required":true},"service_sid":{"type":"string","description_kind":"plain","required":true},"sid":{"type":"string","description_kind":"plain","computed":true}},"description_kind":"plain"}},"twilio_verify_services_rate_limits_v2":{"version":0,"block":{"attributes":{"description":{"type":"string","description_kind":"plain","optional":true,"computed":true},"id":{"type":"string","description_kind":"plain","optional":true,"computed":true},"service_sid":{"type":"string","description_kind":"plain","required":true},"sid":{"type":"string","description_kind":"plain","computed":true},"unique_name":{"type":"string","description_kind":"plain","required":true}},"description_kind":"plain"}},"twilio_verify_services_v2":{"version":0,"block":{"attributes":{"code_length":{"type":"number","description_kind":"plain","optional":true,"computed":true},"custom_code_enabled":{"type":"bool","description_kind":"plain","optional":true,"computed":true},"default_template_sid":{"type":"string","description_kind":"plain","optional":true,"computed":true},"do_not_share_warning_enabled":{"type":"bool","description_kind":"plain","optional":true,"computed":true},"dtmf_input_required":{"type":"bool","description_kind":"plain","optional":true,"computed":true},"friendly_name":{"type":"string","description_kind":"plain","required":true},"id":{"type":"string","description_kind":"plain","optional":true,"computed":true},"lookup_enabled":{"type":"bool","description_kind":"plain","optional":true,"computed":true},"psd2_enabled":{"type":"bool","description_kind":"plain","optional":true,"computed":true},"push_apn_credential_sid":{"type":"string","description_kind":"plain","optional":true,"computed":true},"push_fcm_credential_sid":{"type":"string","description_kind":"plain","optional":true,"computed":true},"push_include_date":{"type":"bool","description_kind":"plain","optional":true,"computed":true},"sid":{"type":"string","description_kind":"plain","computed":true},"skip_sms_to_landlines":{"type":"bool","description_kind":"plain","optional":true,"computed":true},"totp_code_length":{"type":"number","description_kind":"plain","optional":true,"computed":true},"totp_issuer":{"type":"string","description_kind":"plain","optional":true,"computed":true},"totp_skew":{"type":"number","description_kind":"plain","optional":true,"computed":true},"totp_time_step":{"type":"number","description_kind":"plain","optional":true,"computed":true},"tts_name":{"type":"string","description_kind":"plain","optional":true,"computed":true}},"description_kind":"plain"}},"twilio_verify_services_webhooks_v2":{"version":0,"block":{"attributes":{"event_types":{"type":["list","string"],"description_kind":"plain","required":true},"friendly_name":{"type":"string","description_kind":"plain","required":true},"id":{"type":"string","description_kind":"plain","optional":true,"computed":true},"service_sid":{"type":"string","description_kind":"plain","required":true},"sid":{"type":"string","description_kind":"plain","computed":true},"status":{"type":"string","description_kind":"plain","optional":true,"computed":true},"version":{"type":"string","description_kind":"plain","optional":true,"computed":true},"webhook_url":{"type":"string","description_kind":"plain","required":true}},"description_kind":"plain"}},"twilio_video_composition_hooks_v1":{"version":0,"block":{"attributes":{"audio_sources":{"type":["list","string"],"description_kind":"plain","optional":true,"computed":true},"audio_sources_excluded":{"type":["list","string"],"description_kind":"plain","optional":true,"computed":true},"enabled":{"type":"bool","description_kind":"plain","optional":true,"computed":true},"format":{"type":"string","description_kind":"plain","optional":true,"computed":true},"friendly_name":{"type":"string","description_kind":"plain","required":true},"id":{"type":"string","description_kind":"plain","optional":true,"computed":true},"resolution":{"type":"string","description_kind":"plain","optional":true,"computed":true},"sid":{"type":"string","description_kind":"plain","computed":true},"status_callback":{"type":"string","description_kind":"plain","optional":true,"computed":true},"status_callback_method":{"type":"string","description_kind":"plain","optional":true,"computed":true},"trim":{"type":"bool","description_kind":"plain","optional":true,"computed":true},"video_layout":{"type":"string","description_kind":"plain","optional":true,"computed":true}},"description_kind":"plain"}},"twilio_video_compositions_v1":{"version":0,"block":{"attributes":{"audio_sources":{"type":["list","string"],"description_kind":"plain","optional":true,"computed":true},"audio_sources_excluded":{"type":["list","string"],"description_kind":"plain","optional":true,"computed":true},"format":{"type":"string","description_kind":"plain","optional":true,"computed":true},"id":{"type":"string","description_kind":"plain","optional":true,"computed":true},"resolution":{"type":"string","description_kind":"plain","optional":true,"computed":true},"room_sid":{"type":"string","description_kind":"plain","required":true},"sid":{"type":"string","description_kind":"plain","computed":true},"status_callback":{"type":"string","description_kind":"plain","optional":true,"computed":true},"status_callback_method":{"type":"string","description_kind":"plain","optional":true,"computed":true},"trim":{"type":"bool","description_kind":"plain","optional":true,"computed":true},"video_layout":{"type":"string","description_kind":"plain","optional":true,"computed":true}},"description_kind":"plain"}},"twilio_voice_byoc_trunks_v1":{"version":0,"block":{"attributes":{"cnam_lookup_enabled":{"type":"bool","description_kind":"plain","optional":true,"computed":true},"connection_policy_sid":{"type":"string","description_kind":"plain","optional":true,"computed":true},"friendly_name":{"type":"string","description_kind":"plain","optional":true,"computed":true},"from_domain_sid":{"type":"string","description_kind":"plain","optional":true,"computed":true},"id":{"type":"string","description_kind":"plain","optional":true,"computed":true},"sid":{"type":"string","description_kind":"plain","computed":true},"status_callback_method":{"type":"string","description_kind":"plain","optional":true,"computed":true},"status_callback_url":{"type":"string","description_kind":"plain","optional":true,"computed":true},"voice_fallback_method":{"type":"string","description_kind":"plain","optional":true,"computed":true},"voice_fallback_url":{"type":"string","description_kind":"plain","optional":true,"computed":true},"voice_method":{"type":"string","description_kind":"plain","optional":true,"computed":true},"voice_url":{"type":"string","description_kind":"plain","optional":true,"computed":true}},"description_kind":"plain"}},"twilio_voice_connection_policies_targets_v1":{"version":0,"block":{"attributes":{"connection_policy_sid":{"type":"string","description_kind":"plain","required":true},"enabled":{"type":"bool","description_kind":"plain","optional":true,"computed":true},"friendly_name":{"type":"string","description_kind":"plain","optional":true,"computed":true},"id":{"type":"string","description_kind":"plain","optional":true,"computed":true},"priority":{"type":"number","description_kind":"plain","optional":true,"computed":true},"sid":{"type":"string","description_kind":"plain","computed":true},"target":{"type":"string","description_kind":"plain","required":true},"weight":{"type":"number","description_kind":"plain","optional":true,"computed":true}},"description_kind":"plain"}},"twilio_voice_connection_policies_v1":{"version":0,"block":{"attributes":{"friendly_name":{"type":"string","description_kind":"plain","optional":true,"computed":true},"id":{"type":"string","description_kind":"plain","optional":true,"computed":true},"sid":{"type":"string","description_kind":"plain","computed":true}},"description_kind":"plain"}},"twilio_voice_ip_records_v1":{"version":0,"block":{"attributes":{"cidr_prefix_length":{"type":"number","description_kind":"plain","optional":true,"computed":true},"friendly_name":{"type":"string","description_kind":"plain","optional":true,"computed":true},"id":{"type":"string","description_kind":"plain","optional":true,"computed":true},"ip_address":{"type":"string","description_kind":"plain","required":true},"sid":{"type":"string","description_kind":"plain","computed":true}},"description_kind":"plain"}},"twilio_voice_source_ip_mappings_v1":{"version":0,"block":{"attributes":{"id":{"type":"string","description_kind":"plain","optional":true,"computed":true},"ip_record_sid":{"type":"string","description_kind":"plain","required":true},"sid":{"type":"string","description_kind":"plain","computed":true},"sip_domain_sid":{"type":"string","description_kind":"plain","required":true}},"description_kind":"plain"}},"twilio_wireless_commands_v1":{"version":0,"block":{"attributes":{"callback_method":{"type":"string","description_kind":"plain","optional":true,"computed":true},"callback_url":{"type":"string","description_kind":"plain","optional":true,"computed":true},"command":{"type":"string","description_kind":"plain","required":true},"command_mode":{"type":"string","description_kind":"plain","optional":true,"computed":true},"delivery_receipt_requested":{"type":"bool","description_kind":"plain","optional":true,"computed":true},"id":{"type":"string","description_kind":"plain","optional":true,"computed":true},"include_sid":{"type":"string","description_kind":"plain","optional":true,"computed":true},"sid":{"type":"string","description_kind":"plain","computed":true},"sim":{"type":"string","description_kind":"plain","optional":true,"computed":true}},"description_kind":"plain"}},"twilio_wireless_rate_plans_v1":{"version":0,"block":{"attributes":{"data_enabled":{"type":"bool","description_kind":"plain","optional":true,"computed":true},"data_limit":{"type":"number","description_kind":"plain","optional":true,"computed":true},"data_metering":{"type":"string","description_kind":"plain","optional":true,"computed":true},"friendly_name":{"type":"string","description_kind":"plain","optional":true,"computed":true},"id":{"type":"string","description_kind":"plain","optional":true,"computed":true},"international_roaming":{"type":["list","string"],"description_kind":"plain","optional":true,"computed":true},"international_roaming_data_limit":{"type":"number","description_kind":"plain","optional":true,"computed":true},"messaging_enabled":{"type":"bool","description_kind":"plain","optional":true,"computed":true},"national_roaming_data_limit":{"type":"number","description_kind":"plain","optional":true,"computed":true},"national_roaming_enabled":{"type":"bool","description_kind":"plain","optional":true,"computed":true},"sid":{"type":"string","description_kind":"plain","computed":true},"unique_name":{"type":"string","description_kind":"plain","optional":true,"computed":true},"voice_enabled":{"type":"bool","description_kind":"plain","optional":true,"computed":true}},"description_kind":"plain"}}}}}}
