{"format_version":"0.2","provider_schemas":{"registry.terraform.io/twingate/twingate":{"provider":{"version":0,"block":{"attributes":{"api_token":{"type":"string","description":"The access key for API operations. You can retrieve this\nfrom the Twingate Admin Console ([documentation](https://docs.twingate.com/docs/api-overview)).\nAlternatively, this can be specified using the TWINGATE_API_TOKEN environment variable.","description_kind":"plain","optional":true,"sensitive":true},"network":{"type":"string","description":"Your Twingate network ID for API operations.\nYou can find it in the Admin Console URL, for example:\n`autoco.twingate.com`, where `autoco` is your network ID\nAlternatively, this can be specified using the TWINGATE_NETWORK environment variable.","description_kind":"plain","optional":true},"url":{"type":"string","description":"The default is 'twingate.com'\nThis is optional and shouldn't be changed under normal circumstances.","description_kind":"plain","optional":true}},"description_kind":"plain"}},"resource_schemas":{"twingate_connector":{"version":0,"block":{"attributes":{"id":{"type":"string","description":"Autogenerated ID of the Connector, encoded in base64","description_kind":"plain","computed":true},"name":{"type":"string","description":"Autogenerated name of the Connector (can't be changed)","description_kind":"plain","computed":true},"remote_network_id":{"type":"string","description":"The ID of the Remote Network to attach the Connector to","description_kind":"plain","required":true}},"description":"Connectors provide connectivity to Remote Networks. This resource type will create the Connector in the Twingate Admin Console, but in order to successfully deploy it, you must also generate Connector tokens that authenticate the Connector with Twingate. For more information, see Twingate's [documentation](https://docs.twingate.com/docs/understanding-access-nodes).","description_kind":"plain"}},"twingate_connector_tokens":{"version":0,"block":{"attributes":{"access_token":{"type":"string","description":"The Access Token of the parent Connector","description_kind":"plain","computed":true,"sensitive":true},"connector_id":{"type":"string","description":"The ID of the parent Connector","description_kind":"plain","required":true},"id":{"type":"string","description_kind":"plain","optional":true,"computed":true},"keepers":{"type":["map","string"],"description":"Arbitrary map of values that, when changed, will trigger recreation of resource. Use this to automatically rotate Connector tokens on a schedule.","description_kind":"plain","optional":true},"refresh_token":{"type":"string","description":"The Refresh Token of the parent Connector","description_kind":"plain","computed":true,"sensitive":true}},"description":"This resource type will generate tokens for a Connector, which are needed to successfully provision one on your network. The Connector itself has its own resource type and must be created before you can provision tokens.","description_kind":"plain"}},"twingate_remote_network":{"version":0,"block":{"attributes":{"id":{"type":"string","description":"The ID of the Remote Network","description_kind":"plain","computed":true},"name":{"type":"string","description":"The name of the Remote Network","description_kind":"plain","required":true}},"description":"A Remote Network represents a single private network in Twingate that can have one or more Connectors and Resources assigned to it. You must create a Remote Network before creating Resources and Connectors that belong to it. For more information, see Twingate's [documentation](https://docs.twingate.com/docs/remote-networks).","description_kind":"plain"}},"twingate_resource":{"version":0,"block":{"attributes":{"address":{"type":"string","description":"The Resource's IP/CIDR or FQDN/DNS zone","description_kind":"plain","required":true},"group_ids":{"type":["set","string"],"description":"List of Group IDs that have permission to access the Resource, cannot be generated by Terraform and must be retrieved from the Twingate Admin Console or API","description_kind":"plain","optional":true},"id":{"type":"string","description":"Autogenerated ID of the Resource, encoded in base64","description_kind":"plain","computed":true},"name":{"type":"string","description":"The name of the Resource","description_kind":"plain","required":true},"remote_network_id":{"type":"string","description":"Remote Network ID where the Resource lives","description_kind":"plain","required":true}},"block_types":{"protocols":{"nesting_mode":"list","block":{"attributes":{"allow_icmp":{"type":"bool","description":"Whether to allow ICMP (ping) traffic","description_kind":"plain","optional":true}},"block_types":{"tcp":{"nesting_mode":"list","block":{"attributes":{"policy":{"type":"string","description":"Whether to allow all ports or restrict protocol access within certain port ranges: Can be `RESTRICTED` (only listed ports are allowed) or `ALLOW_ALL`","description_kind":"plain","required":true},"ports":{"type":["list","string"],"description":"List of port ranges between 1 and 65535 inclusive, in the format `100-200` for a range, or `8080` for a single port","description_kind":"plain","optional":true}},"description_kind":"plain"},"min_items":1,"max_items":1},"udp":{"nesting_mode":"list","block":{"attributes":{"policy":{"type":"string","description":"Whether to allow all ports or restrict protocol access within certain port ranges: Can be `RESTRICTED` (only listed ports are allowed) or `ALLOW_ALL`","description_kind":"plain","required":true},"ports":{"type":["list","string"],"description":"List of port ranges between 1 and 65535 inclusive, in the format `100-200` for a range, or `8080` for a single port","description_kind":"plain","optional":true}},"description_kind":"plain"},"min_items":1,"max_items":1}},"description":"Restrict access to certain protocols and ports. By default or when this argument is not defined, there is no restriction, and all protocols and ports are allowed.","description_kind":"plain"},"max_items":1}},"description":"Resources in Twingate represent servers on the private network that clients can connect to. Resources can be defined by IP, CIDR range, FQDN, or DNS zone. For more information, see the Twingate [documentation](https://docs.twingate.com/docs/resources-and-access-nodes).","description_kind":"plain"}}}}}}
