{"format_version":"0.2","provider_schemas":{"registry.terraform.io/txxac/xac":{"provider":{"version":0,"block":{"attributes":{"operator":{"type":"string","description":"The operator, please provides your English name, which named rtx ago","description_kind":"plain","required":true}},"description_kind":"plain"}},"resource_schemas":{"xac_007":{"version":0,"block":{"attributes":{"app":{"type":"string","description":"The application name in 123.","description_kind":"plain","required":true},"id":{"type":"string","description_kind":"plain","optional":true,"computed":true},"monitor":{"type":"string","description":"The monitor name.","description_kind":"plain","required":true},"server":{"type":"string","description":"The server name in 123.","description_kind":"plain","required":true}},"block_types":{"dimensions":{"nesting_mode":"list","block":{"attributes":{"name":{"type":"string","description":"Dimension name.","description_kind":"plain","required":true}},"description":"The dimension list.","description_kind":"plain"},"min_items":1,"max_items":100},"values":{"nesting_mode":"list","block":{"attributes":{"policy":{"type":"number","description":"Policy like sum/count/avg/max/min/set.","description_kind":"plain","required":true}},"description":"The feature list.","description_kind":"plain"},"min_items":1}},"description_kind":"plain"}},"xac_123":{"version":0,"block":{"attributes":{"app":{"type":"string","description":"The application name in 123.","description_kind":"plain","required":true},"batch_num":{"type":"number","description":"The batch number you want when deploy.","description_kind":"plain","required":true},"id":{"type":"string","description_kind":"plain","optional":true,"computed":true},"image_id":{"type":"string","description":"The image to use for the instance. Changing `image_id` will cause the instance to be destroyed and re-created.","description_kind":"plain","required":true},"server":{"type":"string","description":"The server name in 123.","description_kind":"plain","required":true},"validate_policy_007":{"type":"string","description":"The 007 policy to validate the server status after each batch deploy.","description_kind":"plain","required":true}},"description_kind":"plain"}},"xac_paas_ckafka":{"version":0,"block":{"attributes":{"acl":{"type":"string","description":"The access control list.","description_kind":"plain","required":true},"id":{"type":"string","description_kind":"plain","optional":true,"computed":true},"name":{"type":"string","description":"The name for cos bucket.","description_kind":"plain","required":true},"policy":{"type":"string","description":"The concrete policy for bucket or object.","description_kind":"plain","required":true},"region":{"type":"string","description":"The region to deploy.","description_kind":"plain","required":true},"uid":{"type":"string","description":"The uid for business.","description_kind":"plain","required":true}},"description_kind":"plain"}},"xac_paas_cos":{"version":0,"block":{"attributes":{"acl":{"type":"string","description":"The access control list.","description_kind":"plain","required":true},"id":{"type":"string","description_kind":"plain","optional":true,"computed":true},"name":{"type":"string","description":"The name for cos bucket.","description_kind":"plain","required":true},"policy":{"type":"string","description":"The concrete policy for bucket or object.","description_kind":"plain","required":true},"region":{"type":"string","description":"The region to deploy.","description_kind":"plain","required":true},"uid":{"type":"string","description":"The uid for business.","description_kind":"plain","required":true}},"description_kind":"plain"}},"xac_paas_cvm":{"version":0,"block":{"attributes":{"acl":{"type":"string","description":"The access control list.","description_kind":"plain","required":true},"id":{"type":"string","description_kind":"plain","optional":true,"computed":true},"name":{"type":"string","description":"The name for cos bucket.","description_kind":"plain","required":true},"policy":{"type":"string","description":"The concrete policy for bucket or object.","description_kind":"plain","required":true},"region":{"type":"string","description":"The region to deploy.","description_kind":"plain","required":true},"uid":{"type":"string","description":"The uid for business.","description_kind":"plain","required":true}},"description_kind":"plain"}},"xac_paas_es":{"version":0,"block":{"attributes":{"acl":{"type":"string","description":"The access control list.","description_kind":"plain","required":true},"id":{"type":"string","description_kind":"plain","optional":true,"computed":true},"name":{"type":"string","description":"The name for cos bucket.","description_kind":"plain","required":true},"policy":{"type":"string","description":"The concrete policy for bucket or object.","description_kind":"plain","required":true},"region":{"type":"string","description":"The region to deploy.","description_kind":"plain","required":true},"uid":{"type":"string","description":"The uid for business.","description_kind":"plain","required":true}},"description_kind":"plain"}},"xac_store_bdb":{"version":0,"block":{"attributes":{"id":{"type":"string","description_kind":"plain","optional":true,"computed":true},"name":{"type":"string","description":"The name for cos bucket.","description_kind":"plain","required":true},"region":{"type":"string","description":"The region to deploy.","description_kind":"plain","required":true},"size":{"type":"string","description":"The size like super_small/small/medium/big.","description_kind":"plain","required":true},"uid":{"type":"string","description":"The uid for business.","description_kind":"plain","required":true}},"description_kind":"plain"}},"xac_store_dcache":{"version":0,"block":{"attributes":{"id":{"type":"string","description_kind":"plain","optional":true,"computed":true},"name":{"type":"string","description":"The name for cos bucket.","description_kind":"plain","required":true},"region":{"type":"string","description":"The region to deploy.","description_kind":"plain","required":true},"size":{"type":"string","description":"The size like super_small/small/medium/big.","description_kind":"plain","required":true},"uid":{"type":"string","description":"The uid for business.","description_kind":"plain","required":true}},"description_kind":"plain"}},"xac_store_mdb":{"version":0,"block":{"attributes":{"id":{"type":"string","description_kind":"plain","optional":true,"computed":true},"name":{"type":"string","description":"The name for cos bucket.","description_kind":"plain","required":true},"region":{"type":"string","description":"The region to deploy.","description_kind":"plain","required":true},"size":{"type":"string","description":"The size like super_small/small/medium/big.","description_kind":"plain","required":true},"uid":{"type":"string","description":"The uid for business.","description_kind":"plain","required":true}},"description_kind":"plain"}},"xac_store_redis":{"version":0,"block":{"attributes":{"id":{"type":"string","description_kind":"plain","optional":true,"computed":true},"name":{"type":"string","description":"The name for cos bucket.","description_kind":"plain","required":true},"region":{"type":"string","description":"The region to deploy.","description_kind":"plain","required":true},"size":{"type":"string","description":"The size like super_small/small/medium/big.","description_kind":"plain","required":true},"uid":{"type":"string","description":"The uid for business.","description_kind":"plain","required":true}},"description_kind":"plain"}}},"data_source_schemas":{"xac_123_images":{"version":0,"block":{"attributes":{"id":{"type":"string","description_kind":"plain","optional":true,"computed":true}},"description_kind":"plain"}},"xac_cmdb_modules":{"version":0,"block":{"attributes":{"id":{"type":"string","description_kind":"plain","optional":true,"computed":true}},"description_kind":"plain"}},"xac_obs_ops_products":{"version":0,"block":{"attributes":{"id":{"type":"string","description_kind":"plain","optional":true,"computed":true}},"description_kind":"plain"}}}}}}
