{"format_version":"0.2","provider_schemas":{"registry.terraform.io/tylerhatton/servicenow":{"provider":{"version":0,"block":{"attributes":{"instance_url":{"type":"string","description":"The Url of the ServiceNow instance to work with.","description_kind":"plain","required":true},"password":{"type":"string","description":"Password of the user to manage resources.","description_kind":"plain","required":true,"sensitive":true},"username":{"type":"string","description":"Username used to manage resources in the ServiceNow instance using Basic authentication.","description_kind":"plain","required":true}},"description_kind":"plain"}},"resource_schemas":{"servicenow_alias":{"version":0,"block":{"attributes":{"configuration_template":{"type":"string","description":"Sys id of configuration template of connection alias","description_kind":"plain","optional":true},"connection_type":{"type":"string","description":"Type of connection. http_connection, jdbc_connection, basic_connection, or jms_connection","description_kind":"plain","optional":true},"id":{"type":"string","description_kind":"plain","optional":true,"computed":true},"multiple_actions":{"type":"bool","description":"If true, connection alias allows multiple active connections","description_kind":"plain","optional":true},"name":{"type":"string","description":"Name of alias object.","description_kind":"plain","required":true},"parent_alias":{"type":"string","description":"Sys id of parent alias","description_kind":"plain","optional":true},"retry_policy":{"type":"string","description":"Sys id of default retry policy of connection alias","description_kind":"plain","optional":true},"scope":{"type":"string","description":"Associates a resource to a specific application ID in ServiceNow.","description_kind":"plain","optional":true},"type":{"type":"string","description":"Type of alias. credential or connection","description_kind":"plain","optional":true}},"description":"`servicenow_alias` manages a connection and credential object within ServiceNow to provide connection details to a Flow Designer action.","description_kind":"plain"}},"servicenow_application":{"version":0,"block":{"attributes":{"id":{"type":"string","description_kind":"plain","optional":true,"computed":true},"name":{"type":"string","description":"The name of the Application to retrieve from the ServiceNow instance.","description_kind":"plain","required":true},"scope":{"type":"string","description":"The unique scope of the application. Normally in the format x_[companyCode]_[shortAppId]. Cannot be changed once the application is created.","description_kind":"plain","required":true},"version":{"type":"string","description_kind":"plain","optional":true}},"description":"`servicenow_application` manages an application within ServiceNow.","description_kind":"plain"}},"servicenow_application_menu":{"version":0,"block":{"attributes":{"active":{"type":"bool","description":"Whether or not this application is in use.","description_kind":"plain","optional":true},"category_id":{"type":"string","description":"Specifies the menu category ID, which defines the navigation menu style. The default value is Custom Applications.","description_kind":"plain","optional":true},"description":{"type":"string","description":"Used to provide a more detailed explanation of what this application does.","description_kind":"plain","optional":true},"device_type":{"type":"string","description":"Type of device where this menu will appear. Can be 'browser' or 'mobile'.","description_kind":"plain","optional":true},"hint":{"type":"string","description":"Defines the text that appears in a tooltip when a user points to a link to this application.","description_kind":"plain","optional":true},"id":{"type":"string","description_kind":"plain","optional":true,"computed":true},"order":{"type":"number","description":"The display order for the application menu.","description_kind":"plain","optional":true},"protection_policy":{"type":"string","description":"Determines how application files are protected when downloaded or installed. Can be empty for no protection, 'read' for read-only protection or 'protected'.","description_kind":"plain","optional":true},"roles":{"type":"string","description":"Comma-separated list of Roles (names) that can view this application.","description_kind":"plain","optional":true},"scope":{"type":"string","description":"Associates a resource to a specific application ID in ServiceNow.","description_kind":"plain","optional":true},"title":{"type":"string","description":"Name appearing in the menu (translated).","description_kind":"plain","required":true}},"description":"`servicenow_application_menu` manages an application menu within ServiceNow creating a new section in the application navigator.","description_kind":"plain"}},"servicenow_application_module":{"version":0,"block":{"attributes":{"active":{"type":"bool","description":"Whether or not this application module is in enabled.","description_kind":"plain","optional":true},"application_menu_id":{"type":"string","description":"The application Menu ID where this module should reside.","description_kind":"plain","required":true},"arguments":{"type":"string","description":"Full name of the UI Page where this module will redirect when link type is 'DIRECT'. When the link type is 'LIST', this is optional.","description_kind":"plain","required":true},"hint":{"type":"string","description":"Defines the text that appears in a tooltip when a user points to this module.","description_kind":"plain","optional":true},"id":{"type":"string","description_kind":"plain","optional":true,"computed":true},"link_type":{"type":"string","description":"Type of device where this menu will appear. Can be 'DIRECT' for a UI page link or 'LIST' for a table link.","description_kind":"plain","required":true},"order":{"type":"number","description":"The display order for the module in the application menu.","description_kind":"plain","optional":true},"override_menu_roles":{"type":"bool","description":"Show this module when the user has the specified roles. Otherwise the user must have the roles specified by both the application menu and the module.","description_kind":"plain","optional":true},"protection_policy":{"type":"string","description":"Determines how application files are protected when downloaded or installed. Can be empty for no protection, 'read' for read-only protection or 'protected'.","description_kind":"plain","optional":true},"roles":{"type":"string","description":"Comma-separated list of Roles (names) that can view this application module.","description_kind":"plain","optional":true},"scope":{"type":"string","description":"Associates a resource to a specific application ID in ServiceNow.","description_kind":"plain","optional":true},"table_name":{"type":"string","description":"The full name of the table where this module will redirect when the link type is 'LIST'.","description_kind":"plain","optional":true},"title":{"type":"string","description":"Display name of the module in the application navigator.","description_kind":"plain","required":true},"window_name":{"type":"string","description":"The name of the browser window when clicking on a link. For example '_blank' can create a new tab.","description_kind":"plain","optional":true}},"description":"`servicenow_application_module` manages an application menu within ServiceNow creating a link in the application navigator.","description_kind":"plain"}},"servicenow_basic_auth_credential":{"version":0,"block":{"attributes":{"credential_alias":{"type":"string","description":"Sys ID for credential alias the credential is assigned to.","description_kind":"plain","required":true},"id":{"type":"string","description_kind":"plain","optional":true,"computed":true},"name":{"type":"string","description":"Name of basic auth credential object.","description_kind":"plain","required":true},"order":{"type":"string","description":"The order the credential will be use in a credential alias if multiple credentials are applied.","description_kind":"plain","optional":true},"password":{"type":"string","description":"Password assigned to the credential.","description_kind":"plain","optional":true,"sensitive":true},"username":{"type":"string","description":"Username assigned to the credential.","description_kind":"plain","optional":true}},"description":"`servicenow_basic_auth_credential` manages a basic auth credential configuration within ServiceNow.","description_kind":"plain"}},"servicenow_content_css":{"version":0,"block":{"attributes":{"id":{"type":"string","description_kind":"plain","optional":true,"computed":true},"name":{"type":"string","description_kind":"plain","required":true},"scope":{"type":"string","description":"Associates a resource to a specific application ID in ServiceNow.","description_kind":"plain","optional":true},"style":{"type":"string","description":"Used when 'type' is set to 'local'. The raw CSS content of this style sheet.","description_kind":"plain","optional":true},"type":{"type":"string","description":"The type of this content management style sheet. Can be 'link' or 'local'.","description_kind":"plain","optional":true},"url":{"type":"string","description":"Used when 'type' is set to 'link'. Must be an absolute URL to an external style sheet file.","description_kind":"plain","optional":true}},"description":"`servicenow_content_css` manages a style sheet(CSS) configuration within ServiceNow.","description_kind":"plain"}},"servicenow_css_include":{"version":0,"block":{"attributes":{"id":{"type":"string","description_kind":"plain","optional":true,"computed":true},"name":{"type":"string","description_kind":"plain","required":true},"scope":{"type":"string","description":"Associates a resource to a specific application ID in ServiceNow.","description_kind":"plain","optional":true},"source":{"type":"string","description_kind":"plain","optional":true},"style_sheet_id":{"type":"string","description":"The ID of the service portal style sheet to include.","description_kind":"plain","optional":true},"url":{"type":"string","description_kind":"plain","optional":true}},"description":"`servicenow_css_include` manages a cascading style sheet(CSS) within ServiceNow.","description_kind":"plain"}},"servicenow_css_include_relation":{"version":0,"block":{"attributes":{"css_include_id":{"type":"string","description_kind":"plain","required":true},"dependency_id":{"type":"string","description_kind":"plain","required":true},"id":{"type":"string","description_kind":"plain","optional":true,"computed":true},"order":{"type":"number","description_kind":"plain","optional":true},"scope":{"type":"string","description":"Associates a resource to a specific application ID in ServiceNow.","description_kind":"plain","optional":true}},"description":"`servicenow_css_include_relation` manages a relation between a CSS include and a widget dependency within ServiceNow.","description_kind":"plain"}},"servicenow_db_table":{"version":0,"block":{"attributes":{"access":{"type":"string","description":"Whether this Script can be accessed from only this application scope or all application scopes. Values can be 'package_private' or 'public'.","description_kind":"plain","optional":true},"alter_access":{"type":"bool","description":"Used when access is set to 'public'. Allow other application scoped to run scripts that update data in this table.","description_kind":"plain","optional":true},"configuration_access":{"type":"bool","description":"Used when access is set to 'public'. Allow design time configuration of this table from other application scopes.","description_kind":"plain","optional":true},"create_access":{"type":"bool","description":"Used when access is set to 'public'. Allow other application scopes to run scripts that create data in this table.","description_kind":"plain","optional":true},"delete_access":{"type":"bool","description":"Used when access is set to 'public'. Allow other application scoped to run scripts that delete data in this table.","description_kind":"plain","optional":true},"extendable":{"type":"bool","description":"Allow other tables to extend this table.","description_kind":"plain","optional":true},"id":{"type":"string","description_kind":"plain","optional":true,"computed":true},"label":{"type":"string","description":"The display name for this table that can be localized.","description_kind":"plain","required":true},"live_feed":{"type":"bool","description":"Flag to determine if live feed should be enabled for this table.","description_kind":"plain","optional":true},"name":{"type":"string","description":"The internal name of the table.","description_kind":"plain","computed":true},"read_access":{"type":"bool","description":"Used when access is set to 'public'. Allow other application scoped to run scripts that read data from this table.","description_kind":"plain","optional":true},"scope":{"type":"string","description":"Associates a resource to a specific application ID in ServiceNow.","description_kind":"plain","optional":true},"user_role":{"type":"string","description":"Role ID required for end users to access this table.","description_kind":"plain","required":true},"web_service_access":{"type":"bool","description":"Used when access is set to 'public'. Flag to determine if web service calls can be made to this table.","description_kind":"plain","optional":true}},"description":"`servicenow_db_table` manages a database table within ServiceNow.","description_kind":"plain"}},"servicenow_extension_point":{"version":0,"block":{"attributes":{"api_name":{"type":"string","description":"Name of the extension point API, that is pre-pended with the application scope to which it applies. This is a system-assigned name and cannot be changed.","description_kind":"plain","computed":true},"description":{"type":"string","description":"Description of the required implementation of the extension point.","description_kind":"plain","optional":true},"example":{"type":"string","description":"Example implementation code.","description_kind":"plain","optional":true},"id":{"type":"string","description_kind":"plain","optional":true,"computed":true},"name":{"type":"string","description":"Unique name of the extension point.","description_kind":"plain","required":true},"restrict_scope":{"type":"bool","description":"Only allow extension instances within this point's scope.","description_kind":"plain","optional":true},"scope":{"type":"string","description":"Associates a resource to a specific application ID in ServiceNow.","description_kind":"plain","optional":true}},"description":"`servicenow_extension_point` manages a scripted extension point within ServiceNow.","description_kind":"plain"}},"servicenow_http_connection":{"version":0,"block":{"attributes":{"active":{"type":"bool","description":"If set to 'true', this property will enable the http connection.","description_kind":"plain","optional":true},"connection_alias":{"type":"string","description":"Sys ID of associated connection alias configuration.","description_kind":"plain","required":true},"connection_url":{"type":"string","description":"Base URL of HTTP connection configuration.","description_kind":"plain","required":true},"credential":{"type":"string","description":"Sys ID of associated credential alias configuration.","description_kind":"plain","optional":true},"id":{"type":"string","description_kind":"plain","optional":true,"computed":true},"mid_selection":{"type":"string","description":"Decides which mid server is used. auto_select or specific_mid_server","description_kind":"plain","optional":true},"mid_server":{"type":"string","description":"Sys ID of associated mid server if in use.","description_kind":"plain","optional":true},"name":{"type":"string","description":"Display name of the connection configuration.","description_kind":"plain","required":true},"use_mid_server":{"type":"bool","description":"If true, the HTTP connection server will use a mid server.","description_kind":"plain","optional":true}},"description":"`servicenow_http_connection` manages a HTTP connection configuration within ServiceNow.","description_kind":"plain"}},"servicenow_js_include":{"version":0,"block":{"attributes":{"display_name":{"type":"string","description_kind":"plain","required":true},"id":{"type":"string","description_kind":"plain","optional":true,"computed":true},"scope":{"type":"string","description":"Associates a resource to a specific application ID in ServiceNow.","description_kind":"plain","optional":true},"source":{"type":"string","description_kind":"plain","optional":true},"ui_script_id":{"type":"string","description_kind":"plain","optional":true},"url":{"type":"string","description_kind":"plain","optional":true}},"description":"`servicenow_js_include` manages a javascript script within ServiceNow.","description_kind":"plain"}},"servicenow_js_include_relation":{"version":0,"block":{"attributes":{"dependency_id":{"type":"string","description_kind":"plain","required":true},"id":{"type":"string","description_kind":"plain","optional":true,"computed":true},"js_include_id":{"type":"string","description_kind":"plain","required":true},"order":{"type":"number","description_kind":"plain","optional":true},"scope":{"type":"string","description":"Associates a resource to a specific application ID in ServiceNow.","description_kind":"plain","optional":true}},"description":"`servicenow_js_include_relation` manages a relation between a js include and a widget dependency within ServiceNow.","description_kind":"plain"}},"servicenow_oauth_entity":{"version":0,"block":{"attributes":{"access":{"type":"string","description":"Whether this Script can be accessed from only this application scope or all application scopes. Values can be 'package_private' or 'public'.","description_kind":"plain","optional":true},"access_token_lifespan":{"type":"number","description":"Number of seconds a newly created access token is good for.","description_kind":"plain","optional":true},"client_id":{"type":"string","description":"OAuth Client ID required during handshake.","description_kind":"plain","computed":true},"client_uuid":{"type":"string","description":"Internal unique identifier of the entity.","description_kind":"plain","computed":true},"id":{"type":"string","description_kind":"plain","optional":true,"computed":true},"logo_url":{"type":"string","description_kind":"plain","optional":true},"name":{"type":"string","description":"Name of the OAuth app.","description_kind":"plain","required":true},"redirect_url":{"type":"string","description":"The OAuth app's endpoint to receive the authorization code.","description_kind":"plain","optional":true},"refresh_token_lifespan":{"type":"number","description":"Number of seconds the refresh token is good for.","description_kind":"plain","optional":true},"scope":{"type":"string","description":"Associates a resource to a specific application ID in ServiceNow.","description_kind":"plain","optional":true}},"description":"`servicenow_js_include` manages a javascript script within ServiceNow.","description_kind":"plain"}},"servicenow_question_choice":{"version":0,"block":{"attributes":{"id":{"type":"string","description_kind":"plain","optional":true,"computed":true},"inactive":{"type":"bool","description":"The recurring price associated with question choice.","description_kind":"plain","optional":true},"order":{"type":"string","description":"The order the question choice will be displayed in a list of question choices.","description_kind":"plain","optional":true},"price":{"type":"string","description":"The price associated with question choice.","description_kind":"plain","optional":true},"question":{"type":"string","description":"The sys id of the variable/question the question choice is assigned to.","description_kind":"plain","optional":true},"recurring_price":{"type":"string","description":"The recurring price associated with question choice.","description_kind":"plain","optional":true},"scope":{"type":"string","description":"Associates a resource to a specific application ID in ServiceNow.","description_kind":"plain","optional":true},"text":{"type":"string","description":"Display text of the question choice.","description_kind":"plain","required":true},"value":{"type":"string","description":"Value of the question choice.","description_kind":"plain","required":true}},"description":"`servicenow_question_choice` manages a question choice within ServiceNow.","description_kind":"plain"}},"servicenow_rest_message":{"version":0,"block":{"attributes":{"access":{"type":"string","description":"Whether this REST message can be accessed from only this application scope or all application scopes. Values can be 'package_private' or 'public'.","description_kind":"plain","optional":true},"description":{"type":"string","description":"Description for this REST message.","description_kind":"plain","optional":true},"id":{"type":"string","description_kind":"plain","optional":true,"computed":true},"name":{"type":"string","description":"Descriptive name for this REST message.","description_kind":"plain","required":true},"rest_endpoint":{"type":"string","description":"The URL of the REST web service provider this REST message sends requests to.  Can contain variables in the format '${variable}'.","description_kind":"plain","required":true},"scope":{"type":"string","description":"Associates a resource to a specific application ID in ServiceNow.","description_kind":"plain","optional":true}},"description":"`servicenow_rest_message` manages a REST message within ServiceNow.","description_kind":"plain"}},"servicenow_rest_message_header":{"version":0,"block":{"attributes":{"id":{"type":"string","description_kind":"plain","optional":true,"computed":true},"name":{"type":"string","description":"The name of the header to add to the HTTP request.","description_kind":"plain","required":true},"rest_message_id":{"type":"string","description":"The REST message record ID this header will be applied to.","description_kind":"plain","required":true},"scope":{"type":"string","description":"Associates a resource to a specific application ID in ServiceNow.","description_kind":"plain","optional":true},"value":{"type":"string","description":"The value of the header to add to the HTTP request.","description_kind":"plain","required":true}},"description":"`servicenow_rest_message_header` manages a header to be applied to a REST message within ServiceNow.","description_kind":"plain"}},"servicenow_rest_method":{"version":0,"block":{"attributes":{"http_method":{"type":"string","description":"The HTTP method this record implements. Can be 'get', 'post', 'put', 'patch' or 'delete'.","description_kind":"plain","required":true},"id":{"type":"string","description_kind":"plain","optional":true,"computed":true},"name":{"type":"string","description":"A unique identifier for this HTTP method record.","description_kind":"plain","required":true},"qualified_name":{"type":"string","description_kind":"plain","computed":true},"rest_endpoint":{"type":"string","description":"The URL of the REST web service provider this method sends requests to. Can contain variables in the format '${variable}'.","description_kind":"plain","optional":true},"rest_message_id":{"type":"string","description":"The REST message record ID this method is based on.","description_kind":"plain","required":true},"scope":{"type":"string","description":"Associates a resource to a specific application ID in ServiceNow.","description_kind":"plain","optional":true}},"description":"`servicenow_rest_method` manages a REST method within ServiceNow.","description_kind":"plain"}},"servicenow_rest_method_header":{"version":0,"block":{"attributes":{"id":{"type":"string","description_kind":"plain","optional":true,"computed":true},"name":{"type":"string","description":"The name of the header to add to the HTTP request.","description_kind":"plain","required":true},"rest_method_id":{"type":"string","description":"The REST method record ID this header will be applied to.","description_kind":"plain","required":true},"scope":{"type":"string","description":"Associates a resource to a specific application ID in ServiceNow.","description_kind":"plain","optional":true},"value":{"type":"string","description":"The value of the header to add to the HTTP request.","description_kind":"plain","required":true}},"description":"`servicenow_rest_message_header` manages a header to be applied to a REST method within ServiceNow.","description_kind":"plain"}},"servicenow_role":{"version":0,"block":{"attributes":{"assignable_by":{"type":"string","description_kind":"plain","optional":true},"description":{"type":"string","description_kind":"plain","optional":true},"elevated_privilege":{"type":"bool","description_kind":"plain","optional":true},"id":{"type":"string","description_kind":"plain","optional":true,"computed":true},"name":{"type":"string","description_kind":"plain","computed":true},"protection_policy":{"type":"string","description":"Determines how application files are protected when downloaded or installed. Can be empty for no protection, 'read' for read-only protection or 'protected'.","description_kind":"plain","optional":true},"scope":{"type":"string","description":"Associates a resource to a specific application ID in ServiceNow.","description_kind":"plain","optional":true},"suffix":{"type":"string","description_kind":"plain","required":true}},"description":"`servicenow_rest_method` manages a role within ServiceNow.","description_kind":"plain"}},"servicenow_script_include":{"version":0,"block":{"attributes":{"access":{"type":"string","description":"Whether this Script can be accessed from only this application scope or all application scopes. Values can be 'package_private' or 'public'.","description_kind":"plain","optional":true},"active":{"type":"bool","description":"Whether or not this Script Include is enabled.","description_kind":"plain","optional":true},"api_name":{"type":"string","description":"Full name of the Script Include needed to call it.","description_kind":"plain","computed":true},"client_callable":{"type":"bool","description":"Whether or not this script can be called from the client-side or only server-side.","description_kind":"plain","optional":true},"description":{"type":"string","description":"Describe what the script does.","description_kind":"plain","optional":true},"id":{"type":"string","description_kind":"plain","optional":true,"computed":true},"name":{"type":"string","description":"Display name of the script. Needed to have an api_name.","description_kind":"plain","required":true},"protection_policy":{"type":"string","description":"Determines how application files are protected when downloaded or installed. Can be empty for no protection, 'read' for read-only protection or 'protected'.","description_kind":"plain","optional":true},"scope":{"type":"string","description":"Associates a resource to a specific application ID in ServiceNow.","description_kind":"plain","optional":true},"script":{"type":"string","description":"The Javascript script to run when this Script Include is called.","description_kind":"plain","required":true}},"description":"`servicenow_rest_method` manages a script include within ServiceNow.","description_kind":"plain"}},"servicenow_scripted_rest_api":{"version":0,"block":{"attributes":{"active":{"type":"bool","description":"Activates the API. Inactive APIs cannot serve requests.","description_kind":"plain","optional":true},"base_uri":{"type":"string","description":"The base API path (URI) to access this API.","description_kind":"plain","computed":true},"consumes":{"type":"string","description":"Default supported request formats.","description_kind":"plain","optional":true},"doc_link":{"type":"string","description":"Specifies a URL that links to static documentation about the API.","description_kind":"plain","optional":true},"enforce_acl":{"type":"string","description":"The ACLs to enforce when accessing resources. Individual resources may override this value.","description_kind":"plain","optional":true},"id":{"type":"string","description_kind":"plain","optional":true,"computed":true},"name":{"type":"string","description":"The name of the API. Appears in API documentation.","description_kind":"plain","required":true},"namespace":{"type":"string","description":"The namespace the API belongs to. The value depends on the current application scope.","description_kind":"plain","computed":true},"produces":{"type":"string","description":"Default supported response formats.","description_kind":"plain","optional":true},"protection_policy":{"type":"string","description":"Determines how application files are protected when downloaded or installed. Can be empty for no protection, 'read' for read-only protection or 'protected'.","description_kind":"plain","optional":true},"scope":{"type":"string","description":"Associates a resource to a specific application ID in ServiceNow.","description_kind":"plain","optional":true},"service_id":{"type":"string","description":"The API identifier used to distinguish this API in URI paths. Must be unique within API namespace.","description_kind":"plain","optional":true},"short_description":{"type":"string","description":"The description of the API. Appears in API documentation.","description_kind":"plain","optional":true}},"description":"`servicenow_scripted_rest_api` manages a scripted REST API within ServiceNow.","description_kind":"plain"}},"servicenow_scripted_rest_resource":{"version":0,"block":{"attributes":{"active":{"type":"bool","description":"Activates the resource. Inactive resources cannot serve requests.","description_kind":"plain","optional":true},"consumes":{"type":"string","description":"Default supported request formats.","description_kind":"plain","optional":true},"enforce_acl":{"type":"string","description":"The ACLs to enforce when accessing resources. Individual resources may override this value.","description_kind":"plain","optional":true},"http_method":{"type":"string","description":"The HTTP method that maps to this record. Can be 'GET', 'POST', 'PUT', 'PATCH' or 'DELETE'.","description_kind":"plain","required":true},"id":{"type":"string","description_kind":"plain","optional":true,"computed":true},"name":{"type":"string","description":"The name of the API resource. Appears in API documentation.","description_kind":"plain","required":true},"operation_script":{"type":"string","description":"The script that implements the resource.","description_kind":"plain","required":true},"operation_uri":{"type":"string","description":"The resolved path of this resource including base API path, version, and relative path.","description_kind":"plain","computed":true},"produces":{"type":"string","description":"Default supported response formats.","description_kind":"plain","optional":true},"protection_policy":{"type":"string","description":"Determines how application files are protected when downloaded or installed. Can be empty for no protection, 'read' for read-only protection or 'protected'.","description_kind":"plain","optional":true},"relative_path":{"type":"string","description":"The path of this resource relative to the base API path. Can contain templatized path paramenters such as /{id}.","description_kind":"plain","optional":true},"request_example":{"type":"string","description":"An example of a request sent to this resource.","description_kind":"plain","optional":true},"requires_acl_authorization":{"type":"bool","description":"Enforce ACLs when this resource is accessed.","description_kind":"plain","optional":true},"requires_authentication":{"type":"bool","description":"Whether requests must be authenticated to access this resource.","description_kind":"plain","optional":true},"requires_snc_internal_role":{"type":"bool","description":"Whether requests must be authenticated with SNC Internal Role to access this resource.","description_kind":"plain","optional":true},"scope":{"type":"string","description":"Associates a resource to a specific application ID in ServiceNow.","description_kind":"plain","optional":true},"short_description":{"type":"string","description":"The description of the API. Appears in API documentation.","description_kind":"plain","optional":true},"web_service_definition":{"type":"string","description":"The parent API this resource belongs to.","description_kind":"plain","required":true},"web_service_version":{"type":"string","description":"The version of the parent API this resource belongs to.","description_kind":"plain","optional":true}},"description":"`servicenow_scripted_rest_resource` manages a scripted REST resource within ServiceNow.","description_kind":"plain"}},"servicenow_server":{"version":0,"block":{"attributes":{"asset_tag":{"type":"string","description":"Asset tag associated with server.","description_kind":"plain","optional":true},"assigned_to":{"type":"string","description":"Sys ID of user associated with server.","description_kind":"plain","optional":true},"company":{"type":"string","description":"Sys ID of company associated with server.","description_kind":"plain","optional":true},"cpu_core_count":{"type":"string","description":"Number of CPU cores associated with server.","description_kind":"plain","optional":true},"cpu_count":{"type":"string","description":"Number of CPUs associated with server.","description_kind":"plain","optional":true},"cpu_manufacturer":{"type":"string","description":"Sys ID of CPU manufacturer associated with server.","description_kind":"plain","optional":true},"cpu_speed":{"type":"string","description":"CPU speed in MHz associated with server.","description_kind":"plain","optional":true},"cpu_type":{"type":"string","description":"CPU type associated with server.","description_kind":"plain","optional":true},"description":{"type":"string","description":"Short description associated with server.","description_kind":"plain","optional":true},"disk_space":{"type":"string","description":"Disk space in GB associated with server.","description_kind":"plain","optional":true},"dns_domain":{"type":"string","description":"DNS Domain associated with server.","description_kind":"plain","optional":true},"id":{"type":"string","description_kind":"plain","optional":true,"computed":true},"ip_address":{"type":"string","description":"IP Address associated with server.","description_kind":"plain","optional":true},"manufacturer":{"type":"string","description":"Sys ID of manufacturer associated with server.","description_kind":"plain","optional":true},"model_id":{"type":"string","description":"Sys ID of model ID associated with server.","description_kind":"plain","optional":true},"name":{"type":"string","description":"Display name of the server.","description_kind":"plain","required":true},"operating_system":{"type":"string","description":"Operating system associated with server.","description_kind":"plain","optional":true},"os_domain":{"type":"string","description":"Sys ID of user associated with server.","description_kind":"plain","optional":true},"os_service_pack":{"type":"string","description":"Operating system service pack associated with server.","description_kind":"plain","optional":true},"os_version":{"type":"string","description":"Version of operating system associated with server.","description_kind":"plain","optional":true},"ram":{"type":"string","description":"Amount of ram in MB associated with server.","description_kind":"plain","optional":true},"serial_number":{"type":"string","description":"Serial number associated with server.","description_kind":"plain","optional":true}},"description":"`servicenow_server` manages a server entry within ServiceNow.","description_kind":"plain"}},"servicenow_service_catalog":{"version":0,"block":{"attributes":{"active":{"type":"bool","description":"If set to 'true', the service catalog will be visible to users.","description_kind":"plain","optional":true},"background_color":{"type":"string","description":"Background color of service catalog in hexidecimal format.","description_kind":"plain","optional":true},"description":{"type":"string","description":"Comma-seperated list of sys ids of editor users capable of editing and updating catalog categories and items.","description_kind":"plain","optional":true},"desktop_continue_shopping":{"type":"string","description":"A page name redirect for when a user clicks Continue Shopping.","description_kind":"plain","optional":true},"desktop_home_page":{"type":"string","description":"A custom to redirect to when user clicks the catalog breadcrumb.","description_kind":"plain","optional":true},"desktop_image":{"type":"string","description":"Path to desktop image displayed in service catalog","description_kind":"plain","optional":true},"editors":{"type":"string","description":"Comma-seperated list of sys ids of editor users capable of editing and updating catalog categories and items.","description_kind":"plain","optional":true},"enable_wish_list":{"type":"bool","description":"If seto to 'true', wish list functionality will be visible in the service catalog.","description_kind":"plain","optional":true},"id":{"type":"string","description_kind":"plain","optional":true,"computed":true},"manager":{"type":"string","description":"Sys ID of manager user capable of performing updates, edits, and deletions again items and categories within service catalog.","description_kind":"plain","optional":true},"scope":{"type":"string","description":"Associates a resource to a specific application ID in ServiceNow.","description_kind":"plain","optional":true},"title":{"type":"string","description":"Title of the service catalog.","description_kind":"plain","required":true}},"description":"`servicenow_service_catalog` manages a service catalog configuration within ServiceNow.","description_kind":"plain"}},"servicenow_service_catalog_category":{"version":0,"block":{"attributes":{"active":{"type":"bool","description":"If set to 'true', the service catalog category will be visible to users.","description_kind":"plain","optional":true},"catalog":{"type":"string","description":"Sys ID of service catalog the category is assigned to.","description_kind":"plain","optional":true},"description":{"type":"string","description":"Description of service catalog category","description_kind":"plain","optional":true},"desktop_image":{"type":"string","description":"Path to image associated with service catalog category.","description_kind":"plain","optional":true},"header_icon":{"type":"string","description":"Path to service catalog category header icon.","description_kind":"plain","optional":true},"icon":{"type":"string","description":"Path to service catalog category icon.","description_kind":"plain","optional":true},"id":{"type":"string","description_kind":"plain","optional":true,"computed":true},"location":{"type":"string","description":"Sys ID of location of service catalog category","description_kind":"plain","optional":true},"parent":{"type":"string","description":"Sys ID of parent category.","description_kind":"plain","optional":true},"scope":{"type":"string","description":"Associates a resource to a specific application ID in ServiceNow.","description_kind":"plain","optional":true},"title":{"type":"string","description":"Title of the service catalog category.","description_kind":"plain","required":true}},"description":"`servicenow_service_catalog_category` manages a service catalog category configuration within ServiceNow.","description_kind":"plain"}},"servicenow_service_catalog_item":{"version":0,"block":{"attributes":{"active":{"type":"bool","description":"If set to 'true', this property will make a service catalog visible for use.","description_kind":"plain","optional":true},"category":{"type":"string","description":"Service catalog category the service catalog item is assigned to.","description_kind":"plain","optional":true},"description":{"type":"string","description":"Description of service catalog item.","description_kind":"plain","optional":true},"id":{"type":"string","description_kind":"plain","optional":true,"computed":true},"mandatory_attachment":{"type":"bool","description":"If set to 'true', this property will require an attachment when a service catalog item is used.","description_kind":"plain","optional":true},"name":{"type":"string","description":"Display name of service catalog item.","description_kind":"plain","required":true},"no_attachment":{"type":"bool","description":"If set to 'true', this property will hide the attachment button from the service catalog item.","description_kind":"plain","optional":true},"no_cart":{"type":"bool","description":"If set to 'true', this property will hide the add to cart button from the service catalog item.","description_kind":"plain","optional":true},"no_delivery_time":{"type":"bool","description":"If set to 'true', this property will hide the delivery time from the service catalog item.","description_kind":"plain","optional":true},"no_quantity":{"type":"bool","description":"If set to 'true', this property will hide the quantity parameter from the service catalog item.","description_kind":"plain","optional":true},"no_wishlist":{"type":"bool","description":"If set to 'true', this property will hide the add to wishlist button from the service catalog item.","description_kind":"plain","optional":true},"scope":{"type":"string","description":"Associates a resource to a specific application ID in ServiceNow.","description_kind":"plain","optional":true},"service_catalogs":{"type":"string","description":"Comma-seperated list of service catalogs the service catalog item is assigned to.","description_kind":"plain","optional":true},"short_description":{"type":"string","description":"Short description of service catalog item.","description_kind":"plain","optional":true}},"description":"`servicenow_service_catalog_category` manages a service catalog item configuration within ServiceNow.","description_kind":"plain"}},"servicenow_service_catalog_variable":{"version":0,"block":{"attributes":{"active":{"type":"bool","description":"If set to 'true', this property will enable the variable in the service catalog item.","description_kind":"plain","optional":true},"catalog_item":{"type":"string","description":"The sys id of the catalog item the variable will be assigned to","description_kind":"plain","optional":true},"default_value":{"type":"string","description":"Default value for the variable in catalog item.","description_kind":"plain","optional":true},"help_tag":{"type":"string","description":"Help header of the variable in catalog item.","description_kind":"plain","optional":true},"help_text":{"type":"string","description":"Help text for the variable in catalog item.","description_kind":"plain","optional":true},"hidden":{"type":"bool","description":"If set to 'true', this property will hide the variable in the service catalog item.","description_kind":"plain","optional":true},"id":{"type":"string","description_kind":"plain","optional":true,"computed":true},"instructions":{"type":"string","description":"Additional instructions for the variable in catalog item.","description_kind":"plain","optional":true},"list_table":{"type":"string","description":"The name of the ServiceNow table the catalog item will use to populate its list.","description_kind":"plain","optional":true},"lookup_table":{"type":"string","description":"The name of the ServiceNow table the catalog item will use to populate its lookup list.","description_kind":"plain","optional":true},"lookup_value":{"type":"string","description":"The name of the table value the catalog item will use to populate its lookup list.","description_kind":"plain","optional":true},"mandatory":{"type":"bool","description":"If set to 'true', this property will make completion of the variable mandatory.","description_kind":"plain","optional":true},"name":{"type":"string","description":"Name of variable that will be referenced in scripts throughout ServiceNow.","description_kind":"plain","required":true},"order":{"type":"string","description":"The sys id of the catalog item the variable will be assigned to","description_kind":"plain","optional":true},"question":{"type":"string","description":"Display name of the variable in catalog item.","description_kind":"plain","optional":true},"read_only":{"type":"bool","description":"If set to 'true', this property will make the variable read only.","description_kind":"plain","optional":true},"reference":{"type":"string","description":"The name of the table the catalog item will use to populate its reference list.","description_kind":"plain","optional":true},"reference_qualifier":{"type":"string","description":"The table filter applied to the reference lookup.","description_kind":"plain","optional":true},"scope":{"type":"string","description":"Associates a resource to a specific application ID in ServiceNow.","description_kind":"plain","optional":true},"show_help":{"type":"bool","description":"If set to 'true', this property will enabling displaying additional help information with the variable.","description_kind":"plain","optional":true},"tooltip":{"type":"string","description":"Tooltip hint of the variable in catalog item.","description_kind":"plain","optional":true},"type":{"type":"string","description":"Type of variable to be used in catalog item.","description_kind":"plain","required":true}},"description":"`servicenow_service_catalog_variable` manages a service catalog variable configuration within ServiceNow.","description_kind":"plain"}},"servicenow_system_property":{"version":0,"block":{"attributes":{"choices":{"type":"string","description":"Comma-separated list of possible choices when the type is set to 'choicelist'. The values can be in format 'label=value' for alternate display labels.","description_kind":"plain","optional":true},"description":{"type":"string","description":"Short description of the property that will be displayed above it in the UI.","description_kind":"plain","optional":true},"id":{"type":"string","description_kind":"plain","optional":true,"computed":true},"ignore_cache":{"type":"bool","description":"If set to 'true', changing this property will not flush the cache.","description_kind":"plain","optional":true},"is_private":{"type":"bool","description":"If set to 'true', this property will not move from one site to another.","description_kind":"plain","optional":true},"name":{"type":"string","description":"Internal name of the property used to access it in scripts.","description_kind":"plain","computed":true},"read_roles":{"type":"string","description":"Security roles required to read this property.","description_kind":"plain","optional":true},"scope":{"type":"string","description":"Associates a resource to a specific application ID in ServiceNow.","description_kind":"plain","optional":true},"suffix":{"type":"string","description":"Internal suffix for the property used to create the name.","description_kind":"plain","required":true},"type":{"type":"string","description":"Type of the property. This is used when displaying the input used in the UI to change the property.","description_kind":"plain","optional":true},"write_roles":{"type":"string","description":"Security roles required to modify this property.","description_kind":"plain","optional":true}},"description":"`servicenow_system_property` manages a system property within ServiceNow.","description_kind":"plain"}},"servicenow_system_property_category":{"version":0,"block":{"attributes":{"id":{"type":"string","description_kind":"plain","optional":true,"computed":true},"name":{"type":"string","description":"Display name of the category.","description_kind":"plain","required":true},"scope":{"type":"string","description":"Associates a resource to a specific application ID in ServiceNow.","description_kind":"plain","optional":true},"title_html":{"type":"string","description":"The HTML displayed at the top of the page when configuring properties for this category.","description_kind":"plain","optional":true}},"description":"`servicenow_system_property_category` manages a system property category within ServiceNow.","description_kind":"plain"}},"servicenow_system_property_relation":{"version":0,"block":{"attributes":{"category_id":{"type":"string","description":"System Property Category ID to link.","description_kind":"plain","required":true},"id":{"type":"string","description_kind":"plain","optional":true,"computed":true},"order":{"type":"string","description_kind":"plain","optional":true},"property_id":{"type":"string","description":"The ID of the System Property to link.","description_kind":"plain","required":true},"scope":{"type":"string","description":"Associates a resource to a specific application ID in ServiceNow.","description_kind":"plain","optional":true}},"description":"`servicenow_system_property_relation` manages a relation between system property and system property category within ServiceNow.","description_kind":"plain"}},"servicenow_ui_macro":{"version":0,"block":{"attributes":{"active":{"type":"bool","description":"Whether or not this Macro is enabled.","description_kind":"plain","optional":true},"api_name":{"type":"string","description":"The scoped name of the macro. Normally contains the name field prefixed with the application scope.","description_kind":"plain","optional":true},"description":{"type":"string","description_kind":"plain","optional":true},"id":{"type":"string","description_kind":"plain","optional":true,"computed":true},"name":{"type":"string","description_kind":"plain","required":true},"protection_policy":{"type":"string","description":"Determines how application files are protected when downloaded or installed. Can be empty for no protection, 'read' for read-only protection or 'protected'.","description_kind":"plain","optional":true},"scope":{"type":"string","description":"Associates a resource to a specific application ID in ServiceNow.","description_kind":"plain","optional":true},"xml":{"type":"string","description":"The body of the UI Macro. Must be in XML format.","description_kind":"plain","required":true}},"description":"`servicenow_ui_macro` manages a UI Macro configuration within ServiceNow.","description_kind":"plain"}},"servicenow_ui_page":{"version":0,"block":{"attributes":{"category":{"type":"string","description_kind":"plain","optional":true},"client_script":{"type":"string","description_kind":"plain","required":true},"description":{"type":"string","description_kind":"plain","optional":true},"direct":{"type":"bool","description_kind":"plain","optional":true},"endpoint":{"type":"string","description_kind":"plain","computed":true},"html":{"type":"string","description_kind":"plain","required":true},"id":{"type":"string","description_kind":"plain","optional":true,"computed":true},"name":{"type":"string","description_kind":"plain","required":true},"processing_script":{"type":"string","description_kind":"plain","required":true},"protection_policy":{"type":"string","description":"Determines how application files are protected when downloaded or installed. Can be empty for no protection, 'read' for read-only protection or 'protected'.","description_kind":"plain","optional":true},"scope":{"type":"string","description":"Associates a resource to a specific application ID in ServiceNow.","description_kind":"plain","optional":true}},"description":"`servicenow_ui_page` manages a UI Page configuration within ServiceNow.","description_kind":"plain"}},"servicenow_ui_script":{"version":0,"block":{"attributes":{"active":{"type":"bool","description_kind":"plain","optional":true},"api_name":{"type":"string","description_kind":"plain","computed":true},"description":{"type":"string","description_kind":"plain","optional":true},"id":{"type":"string","description_kind":"plain","optional":true,"computed":true},"name":{"type":"string","description_kind":"plain","required":true},"scope":{"type":"string","description":"Associates a resource to a specific application ID in ServiceNow.","description_kind":"plain","optional":true},"script":{"type":"string","description_kind":"plain","required":true},"type":{"type":"string","description_kind":"plain","optional":true}},"description":"`servicenow_ui_script` manages a UI Script configuration within ServiceNow.","description_kind":"plain"}},"servicenow_widget":{"version":0,"block":{"attributes":{"client_script":{"type":"string","description_kind":"plain","optional":true},"controller_as":{"type":"string","description_kind":"plain","optional":true},"css":{"type":"string","description_kind":"plain","optional":true},"data_table":{"type":"string","description_kind":"plain","optional":true},"demo_data":{"type":"string","description_kind":"plain","optional":true},"description":{"type":"string","description_kind":"plain","optional":true},"has_preview":{"type":"bool","description_kind":"plain","optional":true},"id":{"type":"string","description_kind":"plain","optional":true,"computed":true},"identifier":{"type":"string","description_kind":"plain","required":true},"link_function":{"type":"string","description_kind":"plain","optional":true},"name":{"type":"string","description_kind":"plain","required":true},"option_schema":{"type":"string","description_kind":"plain","optional":true},"protection_policy":{"type":"string","description":"Determines how application files are protected when downloaded or installed. Can be empty for no protection, 'read' for read-only protection or 'protected'.","description_kind":"plain","optional":true},"public":{"type":"bool","description_kind":"plain","optional":true},"roles":{"type":"string","description_kind":"plain","optional":true},"scope":{"type":"string","description":"Associates a resource to a specific application ID in ServiceNow.","description_kind":"plain","optional":true},"server_script":{"type":"string","description_kind":"plain","optional":true},"template":{"type":"string","description_kind":"plain","required":true}},"description":"`servicenow_widget` manages a Widget configuration within ServiceNow.","description_kind":"plain"}},"servicenow_widget_dependency":{"version":0,"block":{"attributes":{"id":{"type":"string","description_kind":"plain","optional":true,"computed":true},"module":{"type":"string","description_kind":"plain","optional":true},"name":{"type":"string","description_kind":"plain","required":true},"page_load":{"type":"bool","description_kind":"plain","optional":true},"scope":{"type":"string","description":"Associates a resource to a specific application ID in ServiceNow.","description_kind":"plain","optional":true}},"description":"`servicenow_widget_dependency` manages JS and CSS includes for a Widget configuration within ServiceNow.","description_kind":"plain"}},"servicenow_widget_dependency_relation":{"version":0,"block":{"attributes":{"dependency_id":{"type":"string","description_kind":"plain","required":true},"id":{"type":"string","description_kind":"plain","optional":true,"computed":true},"scope":{"type":"string","description":"Associates a resource to a specific application ID in ServiceNow.","description_kind":"plain","optional":true},"widget_id":{"type":"string","description_kind":"plain","required":true}},"description":"`servicenow_widget_dependency_relation` manages a relationship between widget and widget dependency within ServiceNow.","description_kind":"plain"}}},"data_source_schemas":{"servicenow_acl":{"version":0,"block":{"attributes":{"active":{"type":"bool","description":"Activates the ACL rule.","description_kind":"plain","computed":true},"admin_overrides":{"type":"bool","description":"Users with admin override this rule","description_kind":"plain","computed":true},"advanced":{"type":"bool","description":"Displays the Script field when active.","description_kind":"plain","computed":true},"condition":{"type":"string","description":"Selects the fields and values that must be true for users to access the object.","description_kind":"plain","computed":true},"description":{"type":"string","description":"Enter a description of the object or permissions this ACL rule secures.","description_kind":"plain","computed":true},"id":{"type":"string","description_kind":"plain","optional":true,"computed":true},"name":{"type":"string","description":"Enter the name of the object being secured, either the record name or the table and field names.","description_kind":"plain","required":true},"operation":{"type":"string","description":"Select the operation this ACL rule secures.","description_kind":"plain","computed":true},"protection_policy":{"type":"string","description":"Determines how application files are protected when downloaded or installed. Can be empty for no protection, 'read' for read-only protection or 'protected'.","description_kind":"plain","computed":true},"scope":{"type":"string","description":"Associates a resource to a specific application ID in ServiceNow.","description_kind":"plain","computed":true},"script":{"type":"string","description":"Custom script describing the permissions required to access the object.","description_kind":"plain","computed":true},"type":{"type":"string","description":"Select what kind of object this ACL rule secures.","description_kind":"plain","computed":true}},"description":"`servicenow_acl` data source can be used to retrieve information of a single ACL in ServiceNow by Sys ID","description_kind":"plain"}},"servicenow_application":{"version":0,"block":{"attributes":{"id":{"type":"string","description_kind":"plain","optional":true,"computed":true},"name":{"type":"string","description":"The name of the Application to retrieve from the ServiceNow instance.","description_kind":"plain","required":true},"scope":{"type":"string","description":"The unique scope of the application. Normally in the format x_[companyCode]_[shortAppId]. Cannot be changed once the application is created.","description_kind":"plain","computed":true},"version":{"type":"string","description_kind":"plain","computed":true}},"description":"`servicenow_application` data source can be used to retrieve information of a single application in ServiceNow by Sys ID","description_kind":"plain"}},"servicenow_application_category":{"version":0,"block":{"attributes":{"id":{"type":"string","description_kind":"plain","optional":true,"computed":true},"name":{"type":"string","description_kind":"plain","required":true},"order":{"type":"string","description_kind":"plain","computed":true},"scope":{"type":"string","description":"Associates a resource to a specific application ID in ServiceNow.","description_kind":"plain","computed":true},"style":{"type":"string","description_kind":"plain","computed":true}},"description":"`servicenow_application_category` data source can be used to retrieve information of a single application category in ServiceNow by Sys ID","description_kind":"plain"}},"servicenow_db_table":{"version":0,"block":{"attributes":{"access":{"type":"string","description":"Whether this Script can be accessed from only this application scope or all application scopes. Values can be 'package_private' or 'public'.","description_kind":"plain","computed":true},"alter_access":{"type":"bool","description":"Used when access is set to 'public'. Allow other application scoped to run scripts that update data in this table.","description_kind":"plain","computed":true},"configuration_access":{"type":"bool","description":"Used when access is set to 'public'. Allow design time configuration of this table from other application scopes.","description_kind":"plain","computed":true},"create_access":{"type":"bool","description":"Used when access is set to 'public'. Allow other application scopes to run scripts that create data in this table.","description_kind":"plain","computed":true},"delete_access":{"type":"bool","description":"Used when access is set to 'public'. Allow other application scoped to run scripts that delete data in this table.","description_kind":"plain","computed":true},"extendable":{"type":"bool","description":"Allow other tables to extend this table.","description_kind":"plain","computed":true},"id":{"type":"string","description_kind":"plain","optional":true,"computed":true},"label":{"type":"string","description":"The display name for this table that can be localized.","description_kind":"plain","computed":true},"live_feed":{"type":"bool","description":"Flag to determine if live feed should be enabled for this table.","description_kind":"plain","computed":true},"name":{"type":"string","description":"The internal name of the table.","description_kind":"plain","required":true},"read_access":{"type":"bool","description":"Used when access is set to 'public'. Allow other application scoped to run scripts that read data from this table.","description_kind":"plain","computed":true},"scope":{"type":"string","description":"Associates a resource to a specific application ID in ServiceNow.","description_kind":"plain","computed":true},"user_role":{"type":"string","description":"Role ID required for end users to access this table.","description_kind":"plain","computed":true},"web_service_access":{"type":"bool","description":"Used when access is set to 'public'. Flag to determine if web service calls can be made to this table.","description_kind":"plain","computed":true}},"description":"`servicenow_db_table` data source can be used to retrieve information of a single database in ServiceNow by Name","description_kind":"plain"}},"servicenow_role":{"version":0,"block":{"attributes":{"assignable_by":{"type":"string","description_kind":"plain","computed":true},"description":{"type":"string","description_kind":"plain","computed":true},"elevated_privilege":{"type":"bool","description_kind":"plain","computed":true},"id":{"type":"string","description_kind":"plain","optional":true,"computed":true},"name":{"type":"string","description_kind":"plain","required":true},"protection_policy":{"type":"string","description":"Determines how application files are protected when downloaded or installed. Can be empty for no protection, 'read' for read-only protection or 'protected'.","description_kind":"plain","computed":true},"scope":{"type":"string","description":"Associates a resource to a specific application ID in ServiceNow.","description_kind":"plain","computed":true},"suffix":{"type":"string","description_kind":"plain","computed":true}},"description":"`servicenow_role` data source can be used to retrieve information of a single role in ServiceNow by Sys ID","description_kind":"plain"}},"servicenow_service_catalog":{"version":0,"block":{"attributes":{"active":{"type":"bool","description":"If set to 'true', the service catalog will be visible to users.","description_kind":"plain","computed":true},"background_color":{"type":"string","description":"Background color of service catalog in hexidecimal format.","description_kind":"plain","computed":true},"description":{"type":"string","description":"Comma-seperated list of sys ids of editor users capable of editing and updating catalog categories and items.","description_kind":"plain","computed":true},"desktop_continue_shopping":{"type":"string","description":"A page name redirect for when a user clicks Continue Shopping.","description_kind":"plain","computed":true},"desktop_home_page":{"type":"string","description":"A custom to redirect to when user clicks the catalog breadcrumb.","description_kind":"plain","computed":true},"desktop_image":{"type":"string","description":"Path to desktop image displayed in service catalog","description_kind":"plain","computed":true},"editors":{"type":"string","description":"Comma-seperated list of sys ids of editor users capable of editing and updating catalog categories and items.","description_kind":"plain","computed":true},"enable_wish_list":{"type":"bool","description":"If seto to 'true', wish list functionality will be visible in the service catalog.","description_kind":"plain","computed":true},"id":{"type":"string","description_kind":"plain","optional":true,"computed":true},"manager":{"type":"string","description":"Sys ID of manager user capable of performing updates, edits, and deletions again items and categories within service catalog.","description_kind":"plain","computed":true},"scope":{"type":"string","description":"Associates a resource to a specific application ID in ServiceNow.","description_kind":"plain","computed":true},"title":{"type":"string","description":"Title of the service catalog.","description_kind":"plain","required":true}},"description":"`servicenow_service_catalog` data source can be used to retrieve information of a single service catalog in ServiceNow by Sys ID","description_kind":"plain"}},"servicenow_service_catalog_category":{"version":0,"block":{"attributes":{"active":{"type":"bool","description":"If set to 'true', the service catalog category will be visible to users.","description_kind":"plain","computed":true},"catalog":{"type":"string","description":"Sys ID of service catalog the category is assigned to.","description_kind":"plain","computed":true},"description":{"type":"string","description":"Description of service catalog category","description_kind":"plain","computed":true},"desktop_image":{"type":"string","description":"Path to image associated with service catalog category.","description_kind":"plain","computed":true},"header_icon":{"type":"string","description":"Path to service catalog category header icon.","description_kind":"plain","computed":true},"icon":{"type":"string","description":"Path to service catalog category icon.","description_kind":"plain","computed":true},"id":{"type":"string","description_kind":"plain","optional":true,"computed":true},"location":{"type":"string","description":"Sys ID of location of service catalog category","description_kind":"plain","computed":true},"parent":{"type":"string","description":"Sys ID of parent category.","description_kind":"plain","computed":true},"scope":{"type":"string","description":"Associates a resource to a specific application ID in ServiceNow.","description_kind":"plain","computed":true},"title":{"type":"string","description":"Title of the service catalog category.","description_kind":"plain","required":true}},"description":"`servicenow_service_catalog_category` data source can be used to retrieve information of a single service catalog category in ServiceNow by Sys ID","description_kind":"plain"}},"servicenow_system_property":{"version":0,"block":{"attributes":{"choices":{"type":"string","description":"Comma-separated list of possible choices when the type is set to 'choicelist'. The values can be in format 'label=value' for alternate display labels.","description_kind":"plain","computed":true},"description":{"type":"string","description":"Short description of the property that will be displayed above it in the UI.","description_kind":"plain","computed":true},"id":{"type":"string","description_kind":"plain","optional":true,"computed":true},"ignore_cache":{"type":"bool","description":"If set to 'true', changing this property will not flush the cache.","description_kind":"plain","computed":true},"is_private":{"type":"bool","description":"If set to 'true', this property will not move from one site to another.","description_kind":"plain","computed":true},"name":{"type":"string","description":"Internal name of the property used to access it in scripts.","description_kind":"plain","required":true},"read_roles":{"type":"string","description":"Security roles required to read this property.","description_kind":"plain","computed":true},"scope":{"type":"string","description":"Associates a resource to a specific application ID in ServiceNow.","description_kind":"plain","computed":true},"suffix":{"type":"string","description":"Internal suffix for the property used to create the name.","description_kind":"plain","computed":true},"type":{"type":"string","description":"Type of the property. This is used when displaying the input used in the UI to change the property.","description_kind":"plain","computed":true},"write_roles":{"type":"string","description":"Security roles required to modify this property.","description_kind":"plain","computed":true}},"description":"`servicenow_system_property` data source can be used to retrieve information of a single system property in ServiceNow by Sys ID","description_kind":"plain"}},"servicenow_system_property_category":{"version":0,"block":{"attributes":{"id":{"type":"string","description_kind":"plain","optional":true,"computed":true},"name":{"type":"string","description":"Display name of the category.","description_kind":"plain","required":true},"scope":{"type":"string","description":"Associates a resource to a specific application ID in ServiceNow.","description_kind":"plain","computed":true},"title_html":{"type":"string","description":"The HTML displayed at the top of the page when configuring properties for this category.","description_kind":"plain","computed":true}},"description":"`servicenow_system_property_category` data source can be used to retrieve information of a single system property category in ServiceNow by Sys ID","description_kind":"plain"}}}}}}
