{"format_version":"0.2","provider_schemas":{"registry.terraform.io/ukfast/loadbalancer":{"provider":{"version":0,"block":{"attributes":{"api_key":{"type":"string","description":"API token required to authenticate with UKFast APIs. See https://developers.ukfast.io for more details","description_kind":"plain","optional":true,"sensitive":true}},"description_kind":"plain"}},"resource_schemas":{"loadbalancer_accessip":{"version":0,"block":{"attributes":{"id":{"type":"string","description_kind":"plain","optional":true,"computed":true},"ip":{"type":"string","description_kind":"plain","required":true},"listener_id":{"type":"number","description_kind":"plain","required":true}},"description_kind":"plain"}},"loadbalancer_acl":{"version":0,"block":{"attributes":{"id":{"type":"string","description_kind":"plain","optional":true,"computed":true},"listener_id":{"type":"number","description_kind":"plain","optional":true},"name":{"type":"string","description_kind":"plain","optional":true},"target_group_id":{"type":"number","description_kind":"plain","optional":true}},"block_types":{"action":{"nesting_mode":"list","block":{"attributes":{"name":{"type":"string","description_kind":"plain","required":true}},"block_types":{"argument":{"nesting_mode":"set","block":{"attributes":{"name":{"type":"string","description_kind":"plain","required":true},"value":{"type":"string","description_kind":"plain","required":true}},"description_kind":"plain"},"min_items":1}},"description_kind":"plain"},"min_items":1},"condition":{"nesting_mode":"list","block":{"attributes":{"name":{"type":"string","description_kind":"plain","required":true}},"block_types":{"argument":{"nesting_mode":"set","block":{"attributes":{"name":{"type":"string","description_kind":"plain","required":true},"value":{"type":"string","description_kind":"plain","required":true}},"description_kind":"plain"},"min_items":1}},"description_kind":"plain"},"min_items":1}},"description_kind":"plain"}},"loadbalancer_bind":{"version":0,"block":{"attributes":{"id":{"type":"string","description_kind":"plain","optional":true,"computed":true},"listener_id":{"type":"number","description_kind":"plain","required":true},"port":{"type":"number","description_kind":"plain","required":true},"vip_id":{"type":"number","description_kind":"plain","required":true}},"description_kind":"plain"}},"loadbalancer_certificate":{"version":0,"block":{"attributes":{"ca_bundle":{"type":"string","description_kind":"plain","optional":true},"certificate":{"type":"string","description_kind":"plain","required":true},"id":{"type":"string","description_kind":"plain","optional":true,"computed":true},"key":{"type":"string","description_kind":"plain","required":true},"listener_id":{"type":"number","description_kind":"plain","required":true},"name":{"type":"string","description_kind":"plain","required":true}},"description_kind":"plain"}},"loadbalancer_cluster":{"version":0,"block":{"attributes":{"cluster_id":{"type":"number","description_kind":"plain","required":true},"id":{"type":"string","description_kind":"plain","optional":true,"computed":true},"name":{"type":"string","description_kind":"plain","required":true}},"description_kind":"plain"}},"loadbalancer_listener":{"version":0,"block":{"attributes":{"access_is_allow_list":{"type":"bool","description_kind":"plain","optional":true},"allow_tlsv1":{"type":"bool","description_kind":"plain","optional":true},"allow_tlsv11":{"type":"bool","description_kind":"plain","optional":true},"close":{"type":"bool","description_kind":"plain","optional":true},"cluster_id":{"type":"number","description_kind":"plain","required":true},"custom_ciphers":{"type":"string","description_kind":"plain","optional":true,"computed":true},"default_target_group_id":{"type":"number","description_kind":"plain","required":true},"disable_http2":{"type":"bool","description_kind":"plain","optional":true},"disable_tlsv12":{"type":"bool","description_kind":"plain","optional":true},"hsts_enabled":{"type":"bool","description_kind":"plain","optional":true},"hsts_maxage":{"type":"number","description_kind":"plain","optional":true,"computed":true},"http2_only":{"type":"bool","description_kind":"plain","optional":true},"id":{"type":"string","description_kind":"plain","optional":true,"computed":true},"mode":{"type":"string","description_kind":"plain","required":true},"name":{"type":"string","description_kind":"plain","required":true},"redirect_https":{"type":"bool","description_kind":"plain","optional":true}},"description_kind":"plain"}},"loadbalancer_target":{"version":0,"block":{"attributes":{"active":{"type":"bool","description_kind":"plain","optional":true},"backup":{"type":"bool","description_kind":"plain","optional":true},"check_fall":{"type":"number","description_kind":"plain","optional":true,"computed":true},"check_interval":{"type":"number","description_kind":"plain","optional":true,"computed":true},"check_rise":{"type":"number","description_kind":"plain","optional":true,"computed":true},"check_ssl":{"type":"bool","description_kind":"plain","optional":true},"disable_http2":{"type":"bool","description_kind":"plain","optional":true},"http2_only":{"type":"bool","description_kind":"plain","optional":true},"id":{"type":"string","description_kind":"plain","optional":true,"computed":true},"ip":{"type":"string","description_kind":"plain","required":true},"name":{"type":"string","description_kind":"plain","required":true},"port":{"type":"number","description_kind":"plain","required":true},"target_group_id":{"type":"number","description_kind":"plain","required":true},"weight":{"type":"number","description_kind":"plain","optional":true,"computed":true}},"description_kind":"plain"}},"loadbalancer_targetgroup":{"version":0,"block":{"attributes":{"balance":{"type":"string","description_kind":"plain","required":true},"check_port":{"type":"number","description_kind":"plain","optional":true,"computed":true},"close":{"type":"bool","description_kind":"plain","optional":true},"cluster_id":{"type":"number","description_kind":"plain","required":true},"cookie_opts":{"type":"string","description_kind":"plain","optional":true,"computed":true},"custom_options":{"type":"string","description_kind":"plain","optional":true,"computed":true},"id":{"type":"string","description_kind":"plain","optional":true,"computed":true},"mode":{"type":"string","description_kind":"plain","required":true},"monitor_expect":{"type":"string","description_kind":"plain","optional":true,"computed":true},"monitor_host":{"type":"string","description_kind":"plain","optional":true,"computed":true},"monitor_http_version":{"type":"string","description_kind":"plain","optional":true,"computed":true},"monitor_method":{"type":"string","description_kind":"plain","optional":true,"computed":true},"monitor_tcp_monitoring":{"type":"bool","description_kind":"plain","optional":true},"monitor_url":{"type":"string","description_kind":"plain","optional":true,"computed":true},"name":{"type":"string","description_kind":"plain","required":true},"send_proxy":{"type":"bool","description_kind":"plain","optional":true},"send_proxy_v2":{"type":"bool","description_kind":"plain","optional":true},"sni":{"type":"bool","description_kind":"plain","optional":true},"source":{"type":"string","description_kind":"plain","optional":true,"computed":true},"ssl":{"type":"bool","description_kind":"plain","optional":true},"ssl_verify":{"type":"bool","description_kind":"plain","optional":true},"sticky":{"type":"bool","description_kind":"plain","optional":true},"timeouts_connect":{"type":"number","description_kind":"plain","optional":true,"computed":true},"timeouts_server":{"type":"number","description_kind":"plain","optional":true,"computed":true}},"description_kind":"plain"}}},"data_source_schemas":{"loadbalancer_accessip":{"version":0,"block":{"attributes":{"access_ip_id":{"type":"number","description_kind":"plain","optional":true},"id":{"type":"string","description_kind":"plain","optional":true,"computed":true},"ip":{"type":"string","description_kind":"plain","optional":true},"listener_id":{"type":"number","description_kind":"plain","optional":true}},"description_kind":"plain"}},"loadbalancer_acl":{"version":0,"block":{"attributes":{"acl_id":{"type":"number","description_kind":"plain","optional":true},"id":{"type":"string","description_kind":"plain","optional":true,"computed":true},"listener_id":{"type":"number","description_kind":"plain","optional":true},"name":{"type":"string","description_kind":"plain","optional":true},"target_group_id":{"type":"number","description_kind":"plain","optional":true}},"description_kind":"plain"}},"loadbalancer_bind":{"version":0,"block":{"attributes":{"bind_id":{"type":"number","description_kind":"plain","optional":true},"id":{"type":"string","description_kind":"plain","optional":true,"computed":true},"listener_id":{"type":"number","description_kind":"plain","required":true},"port":{"type":"number","description_kind":"plain","optional":true},"vip_id":{"type":"number","description_kind":"plain","optional":true}},"description_kind":"plain"}},"loadbalancer_certificate":{"version":0,"block":{"attributes":{"certificate_id":{"type":"number","description_kind":"plain","optional":true},"id":{"type":"string","description_kind":"plain","optional":true,"computed":true},"listener_id":{"type":"number","description_kind":"plain","required":true},"name":{"type":"string","description_kind":"plain","optional":true}},"description_kind":"plain"}},"loadbalancer_cluster":{"version":0,"block":{"attributes":{"cluster_id":{"type":"number","description_kind":"plain","optional":true},"deployed":{"type":"bool","description_kind":"plain","optional":true},"id":{"type":"string","description_kind":"plain","optional":true,"computed":true},"name":{"type":"string","description_kind":"plain","optional":true}},"description_kind":"plain"}},"loadbalancer_listener":{"version":0,"block":{"attributes":{"allow_tlsv1":{"type":"bool","description_kind":"plain","computed":true},"allow_tlsv11":{"type":"bool","description_kind":"plain","computed":true},"close":{"type":"bool","description_kind":"plain","computed":true},"cluster_id":{"type":"number","description_kind":"plain","optional":true},"custom_ciphers":{"type":"string","description_kind":"plain","computed":true},"default_target_group_id":{"type":"number","description_kind":"plain","computed":true},"disable_http2":{"type":"bool","description_kind":"plain","computed":true},"disable_tlsv12":{"type":"bool","description_kind":"plain","computed":true},"hsts_enabled":{"type":"bool","description_kind":"plain","computed":true},"hsts_maxage":{"type":"number","description_kind":"plain","computed":true},"http2_only":{"type":"bool","description_kind":"plain","computed":true},"id":{"type":"string","description_kind":"plain","optional":true,"computed":true},"listener_id":{"type":"number","description_kind":"plain","optional":true},"mode":{"type":"string","description_kind":"plain","computed":true},"name":{"type":"string","description_kind":"plain","optional":true},"redirect_https":{"type":"bool","description_kind":"plain","computed":true}},"description_kind":"plain"}},"loadbalancer_target":{"version":0,"block":{"attributes":{"active":{"type":"bool","description_kind":"plain","computed":true},"backup":{"type":"bool","description_kind":"plain","computed":true},"check_fall":{"type":"number","description_kind":"plain","computed":true},"check_interval":{"type":"number","description_kind":"plain","computed":true},"check_rise":{"type":"number","description_kind":"plain","computed":true},"check_ssl":{"type":"bool","description_kind":"plain","computed":true},"disable_http2":{"type":"bool","description_kind":"plain","computed":true},"http2_only":{"type":"bool","description_kind":"plain","computed":true},"id":{"type":"string","description_kind":"plain","optional":true,"computed":true},"ip":{"type":"string","description_kind":"plain","optional":true},"name":{"type":"string","description_kind":"plain","optional":true},"port":{"type":"number","description_kind":"plain","optional":true},"target_group_id":{"type":"number","description_kind":"plain","required":true},"target_id":{"type":"number","description_kind":"plain","optional":true},"weight":{"type":"number","description_kind":"plain","computed":true}},"description_kind":"plain"}},"loadbalancer_targetgroup":{"version":0,"block":{"attributes":{"balance":{"type":"string","description_kind":"plain","computed":true},"check_port":{"type":"number","description_kind":"plain","computed":true},"close":{"type":"bool","description_kind":"plain","computed":true},"cluster_id":{"type":"number","description_kind":"plain","optional":true},"cookie_opts":{"type":"string","description_kind":"plain","computed":true},"custom_options":{"type":"string","description_kind":"plain","computed":true},"id":{"type":"string","description_kind":"plain","optional":true,"computed":true},"mode":{"type":"string","description_kind":"plain","computed":true},"monitor_expect":{"type":"string","description_kind":"plain","computed":true},"monitor_host":{"type":"string","description_kind":"plain","computed":true},"monitor_http_version":{"type":"string","description_kind":"plain","computed":true},"monitor_method":{"type":"string","description_kind":"plain","computed":true},"monitor_tcp_monitoring":{"type":"bool","description_kind":"plain","computed":true},"monitor_url":{"type":"string","description_kind":"plain","computed":true},"name":{"type":"string","description_kind":"plain","optional":true},"send_proxy":{"type":"bool","description_kind":"plain","computed":true},"send_proxy_v2":{"type":"bool","description_kind":"plain","computed":true},"sni":{"type":"bool","description_kind":"plain","computed":true},"source":{"type":"string","description_kind":"plain","computed":true},"ssl":{"type":"bool","description_kind":"plain","computed":true},"ssl_verify":{"type":"bool","description_kind":"plain","computed":true},"sticky":{"type":"bool","description_kind":"plain","computed":true},"target_group_id":{"type":"number","description_kind":"plain","optional":true},"timeouts_connect":{"type":"number","description_kind":"plain","computed":true},"timeouts_server":{"type":"number","description_kind":"plain","computed":true}},"description_kind":"plain"}}}}}}
