{"format_version":"0.2","provider_schemas":{"registry.terraform.io/ukfast/ecloud":{"provider":{"version":0,"block":{"attributes":{"api_key":{"type":"string","description":"API token required to authenticate with UKFast APIs. See https://developers.ukfast.io for more details","description_kind":"plain","optional":true,"sensitive":true}},"description_kind":"plain"}},"resource_schemas":{"ecloud_firewallpolicy":{"version":0,"block":{"attributes":{"id":{"type":"string","description_kind":"plain","optional":true,"computed":true},"name":{"type":"string","description_kind":"plain","optional":true},"router_id":{"type":"string","description_kind":"plain","required":true},"sequence":{"type":"number","description_kind":"plain","required":true}},"description_kind":"plain"}},"ecloud_firewallrule":{"version":0,"block":{"attributes":{"action":{"type":"string","description_kind":"plain","required":true},"destination":{"type":"string","description_kind":"plain","required":true},"direction":{"type":"string","description_kind":"plain","required":true},"enabled":{"type":"bool","description_kind":"plain","optional":true},"firewall_policy_id":{"type":"string","description_kind":"plain","required":true},"id":{"type":"string","description_kind":"plain","optional":true,"computed":true},"name":{"type":"string","description_kind":"plain","optional":true,"computed":true},"sequence":{"type":"number","description_kind":"plain","required":true},"source":{"type":"string","description_kind":"plain","required":true}},"block_types":{"port":{"nesting_mode":"list","block":{"attributes":{"destination":{"type":"string","description_kind":"plain","optional":true},"protocol":{"type":"string","description_kind":"plain","required":true},"source":{"type":"string","description_kind":"plain","optional":true}},"description_kind":"plain"}}},"description_kind":"plain"}},"ecloud_floatingip":{"version":0,"block":{"attributes":{"availability_zone_id":{"type":"string","description_kind":"plain","required":true},"id":{"type":"string","description_kind":"plain","optional":true,"computed":true},"ip_address":{"type":"string","description_kind":"plain","computed":true},"name":{"type":"string","description_kind":"plain","optional":true},"resource_id":{"type":"string","description_kind":"plain","optional":true},"vpc_id":{"type":"string","description_kind":"plain","required":true}},"description_kind":"plain"}},"ecloud_host":{"version":0,"block":{"attributes":{"host_group_id":{"type":"string","description_kind":"plain","required":true},"id":{"type":"string","description_kind":"plain","optional":true,"computed":true},"name":{"type":"string","description_kind":"plain","optional":true,"computed":true}},"block_types":{"timeouts":{"nesting_mode":"single","block":{"attributes":{"create":{"type":"string","description_kind":"plain","optional":true}},"description_kind":"plain"}}},"description_kind":"plain"}},"ecloud_hostgroup":{"version":0,"block":{"attributes":{"availability_zone_id":{"type":"string","description_kind":"plain","required":true},"host_spec_id":{"type":"string","description_kind":"plain","required":true},"id":{"type":"string","description_kind":"plain","optional":true,"computed":true},"name":{"type":"string","description_kind":"plain","optional":true,"computed":true},"vpc_id":{"type":"string","description_kind":"plain","required":true},"windows_enabled":{"type":"bool","description_kind":"plain","required":true}},"description_kind":"plain"}},"ecloud_instance":{"version":0,"block":{"attributes":{"backup_enabled":{"type":"bool","description_kind":"plain","optional":true},"data_volume_ids":{"type":["set","string"],"description_kind":"plain","optional":true},"floating_ip_id":{"type":"string","description_kind":"plain","computed":true},"host_group_id":{"type":"string","description_kind":"plain","optional":true},"id":{"type":"string","description_kind":"plain","optional":true,"computed":true},"image_data":{"type":["map","string"],"description_kind":"plain","optional":true},"image_id":{"type":"string","description_kind":"plain","required":true},"locked":{"type":"bool","description_kind":"plain","optional":true},"name":{"type":"string","description_kind":"plain","optional":true,"computed":true},"network_id":{"type":"string","description_kind":"plain","optional":true},"nic_id":{"type":"string","description_kind":"plain","computed":true},"ram_capacity":{"type":"number","description_kind":"plain","required":true},"requires_floating_ip":{"type":"bool","description_kind":"plain","optional":true},"ssh_keypair_ids":{"type":["set","string"],"description_kind":"plain","optional":true},"user_script":{"type":"string","description_kind":"plain","optional":true},"vcpu_cores":{"type":"number","description_kind":"plain","required":true},"volume_capacity":{"type":"number","description_kind":"plain","required":true},"volume_id":{"type":"string","description_kind":"plain","computed":true},"volume_iops":{"type":"number","description_kind":"plain","optional":true},"vpc_id":{"type":"string","description_kind":"plain","required":true}},"description_kind":"plain"}},"ecloud_network":{"version":0,"block":{"attributes":{"id":{"type":"string","description_kind":"plain","optional":true,"computed":true},"name":{"type":"string","description_kind":"plain","optional":true},"router_id":{"type":"string","description_kind":"plain","required":true},"subnet":{"type":"string","description_kind":"plain","required":true}},"description_kind":"plain"}},"ecloud_networkpolicy":{"version":0,"block":{"attributes":{"catchall_rule_action":{"type":"string","description_kind":"plain","optional":true},"catchall_rule_id":{"type":"string","description_kind":"plain","computed":true},"id":{"type":"string","description_kind":"plain","optional":true,"computed":true},"name":{"type":"string","description_kind":"plain","optional":true},"network_id":{"type":"string","description_kind":"plain","required":true},"vpc_id":{"type":"string","description_kind":"plain","computed":true}},"description_kind":"plain"}},"ecloud_networkrule":{"version":0,"block":{"attributes":{"action":{"type":"string","description_kind":"plain","required":true},"destination":{"type":"string","description_kind":"plain","required":true},"direction":{"type":"string","description_kind":"plain","required":true},"enabled":{"type":"bool","description_kind":"plain","required":true},"id":{"type":"string","description_kind":"plain","optional":true,"computed":true},"name":{"type":"string","description_kind":"plain","optional":true,"computed":true},"network_policy_id":{"type":"string","description_kind":"plain","required":true},"sequence":{"type":"number","description_kind":"plain","required":true},"source":{"type":"string","description_kind":"plain","required":true}},"block_types":{"port":{"nesting_mode":"list","block":{"attributes":{"destination":{"type":"string","description_kind":"plain","optional":true},"name":{"type":"string","description_kind":"plain","optional":true,"computed":true},"protocol":{"type":"string","description_kind":"plain","required":true},"source":{"type":"string","description_kind":"plain","optional":true}},"description_kind":"plain"}}},"description_kind":"plain"}},"ecloud_router":{"version":0,"block":{"attributes":{"availability_zone_id":{"type":"string","description_kind":"plain","required":true},"id":{"type":"string","description_kind":"plain","optional":true,"computed":true},"name":{"type":"string","description_kind":"plain","optional":true},"router_throughput_id":{"type":"string","description_kind":"plain","optional":true,"computed":true},"vpc_id":{"type":"string","description_kind":"plain","required":true}},"description_kind":"plain"}},"ecloud_ssh_keypair":{"version":0,"block":{"attributes":{"id":{"type":"string","description_kind":"plain","optional":true,"computed":true},"name":{"type":"string","description_kind":"plain","optional":true,"computed":true},"public_key":{"type":"string","description_kind":"plain","required":true}},"description_kind":"plain"}},"ecloud_volume":{"version":0,"block":{"attributes":{"availability_zone_id":{"type":"string","description_kind":"plain","required":true},"capacity":{"type":"number","description_kind":"plain","required":true},"id":{"type":"string","description_kind":"plain","optional":true,"computed":true},"iops":{"type":"number","description_kind":"plain","optional":true},"name":{"type":"string","description_kind":"plain","optional":true},"vpc_id":{"type":"string","description_kind":"plain","required":true}},"description_kind":"plain"}},"ecloud_vpc":{"version":0,"block":{"attributes":{"advanced_networking":{"type":"bool","description_kind":"plain","optional":true,"computed":true},"id":{"type":"string","description_kind":"plain","optional":true,"computed":true},"name":{"type":"string","description_kind":"plain","optional":true},"region_id":{"type":"string","description_kind":"plain","required":true}},"description_kind":"plain"}},"ecloud_vpn_endpoint":{"version":0,"block":{"attributes":{"floating_ip_id":{"type":"string","description_kind":"plain","optional":true,"computed":true},"id":{"type":"string","description_kind":"plain","optional":true,"computed":true},"name":{"type":"string","description_kind":"plain","optional":true,"computed":true},"vpn_service_id":{"type":"string","description_kind":"plain","required":true}},"description_kind":"plain"}},"ecloud_vpn_service":{"version":0,"block":{"attributes":{"id":{"type":"string","description_kind":"plain","optional":true,"computed":true},"name":{"type":"string","description_kind":"plain","optional":true},"router_id":{"type":"string","description_kind":"plain","required":true}},"description_kind":"plain"}},"ecloud_vpn_session":{"version":0,"block":{"attributes":{"id":{"type":"string","description_kind":"plain","optional":true,"computed":true},"local_networks":{"type":"string","description_kind":"plain","optional":true},"name":{"type":"string","description_kind":"plain","optional":true,"computed":true},"remote_ip":{"type":"string","description_kind":"plain","required":true},"remote_networks":{"type":"string","description_kind":"plain","optional":true},"vpn_endpoint_id":{"type":"string","description_kind":"plain","required":true},"vpn_profile_group_id":{"type":"string","description_kind":"plain","required":true},"vpn_service_id":{"type":"string","description_kind":"plain","required":true}},"description_kind":"plain"}}},"data_source_schemas":{"ecloud_availability_zone":{"version":0,"block":{"attributes":{"availability_zone_id":{"type":"string","description_kind":"plain","optional":true},"code":{"type":"string","description_kind":"plain","optional":true},"id":{"type":"string","description_kind":"plain","optional":true,"computed":true},"name":{"type":"string","description_kind":"plain","optional":true},"region_id":{"type":"string","description_kind":"plain","optional":true}},"description_kind":"plain"}},"ecloud_firewallpolicy":{"version":0,"block":{"attributes":{"firewall_policy_id":{"type":"string","description_kind":"plain","optional":true},"id":{"type":"string","description_kind":"plain","optional":true,"computed":true},"name":{"type":"string","description_kind":"plain","optional":true},"router_id":{"type":"string","description_kind":"plain","optional":true},"sequence":{"type":"number","description_kind":"plain","optional":true}},"description_kind":"plain"}},"ecloud_firewallrule":{"version":0,"block":{"attributes":{"action":{"type":"string","description_kind":"plain","optional":true},"destination":{"type":"string","description_kind":"plain","optional":true},"direction":{"type":"string","description_kind":"plain","optional":true},"enabled":{"type":"bool","description_kind":"plain","optional":true},"firewall_policy_id":{"type":"string","description_kind":"plain","optional":true},"firewall_rule_id":{"type":"string","description_kind":"plain","optional":true},"id":{"type":"string","description_kind":"plain","optional":true,"computed":true},"name":{"type":"string","description_kind":"plain","optional":true},"sequence":{"type":"number","description_kind":"plain","optional":true},"source":{"type":"string","description_kind":"plain","optional":true}},"description_kind":"plain"}},"ecloud_floatingip":{"version":0,"block":{"attributes":{"availability_zone_id":{"type":"string","description_kind":"plain","optional":true},"floating_ip_id":{"type":"string","description_kind":"plain","optional":true},"id":{"type":"string","description_kind":"plain","optional":true,"computed":true},"ip_address":{"type":"string","description_kind":"plain","optional":true},"name":{"type":"string","description_kind":"plain","optional":true},"vpc_id":{"type":"string","description_kind":"plain","optional":true}},"description_kind":"plain"}},"ecloud_host":{"version":0,"block":{"attributes":{"host_group_id":{"type":"string","description_kind":"plain","computed":true},"host_id":{"type":"string","description_kind":"plain","optional":true},"id":{"type":"string","description_kind":"plain","optional":true,"computed":true},"name":{"type":"string","description_kind":"plain","optional":true}},"description_kind":"plain"}},"ecloud_hostgroup":{"version":0,"block":{"attributes":{"host_group_id":{"type":"string","description_kind":"plain","optional":true},"host_spec_id":{"type":"string","description_kind":"plain","computed":true},"id":{"type":"string","description_kind":"plain","optional":true,"computed":true},"name":{"type":"string","description_kind":"plain","optional":true},"vpc_id":{"type":"string","description_kind":"plain","optional":true}},"description_kind":"plain"}},"ecloud_hostspec":{"version":0,"block":{"attributes":{"cpu_cores":{"type":"number","description_kind":"plain","computed":true},"cpu_sockets":{"type":"number","description_kind":"plain","computed":true},"host_spec_id":{"type":"string","description_kind":"plain","optional":true},"id":{"type":"string","description_kind":"plain","optional":true,"computed":true},"name":{"type":"string","description_kind":"plain","optional":true},"ram_capacity":{"type":"number","description_kind":"plain","computed":true}},"description_kind":"plain"}},"ecloud_image":{"version":0,"block":{"attributes":{"id":{"type":"string","description_kind":"plain","optional":true,"computed":true},"image_id":{"type":"string","description_kind":"plain","optional":true},"name":{"type":"string","description_kind":"plain","optional":true}},"description_kind":"plain"}},"ecloud_instance":{"version":0,"block":{"attributes":{"id":{"type":"string","description_kind":"plain","optional":true,"computed":true},"instance_id":{"type":"string","description_kind":"plain","optional":true},"name":{"type":"string","description_kind":"plain","optional":true},"vpc_id":{"type":"string","description_kind":"plain","optional":true}},"description_kind":"plain"}},"ecloud_network":{"version":0,"block":{"attributes":{"id":{"type":"string","description_kind":"plain","optional":true,"computed":true},"name":{"type":"string","description_kind":"plain","optional":true},"network_id":{"type":"string","description_kind":"plain","optional":true},"router_id":{"type":"string","description_kind":"plain","optional":true},"subnet":{"type":"string","description_kind":"plain","optional":true}},"description_kind":"plain"}},"ecloud_networkpolicy":{"version":0,"block":{"attributes":{"id":{"type":"string","description_kind":"plain","optional":true,"computed":true},"name":{"type":"string","description_kind":"plain","optional":true},"network_id":{"type":"string","description_kind":"plain","optional":true},"network_policy_id":{"type":"string","description_kind":"plain","optional":true},"vpc_id":{"type":"string","description_kind":"plain","optional":true}},"description_kind":"plain"}},"ecloud_networkrule":{"version":0,"block":{"attributes":{"action":{"type":"string","description_kind":"plain","optional":true},"destination":{"type":"string","description_kind":"plain","optional":true},"direction":{"type":"string","description_kind":"plain","optional":true},"enabled":{"type":"bool","description_kind":"plain","optional":true},"id":{"type":"string","description_kind":"plain","optional":true,"computed":true},"name":{"type":"string","description_kind":"plain","optional":true},"network_policy_id":{"type":"string","description_kind":"plain","optional":true},"network_rule_id":{"type":"string","description_kind":"plain","optional":true},"sequence":{"type":"number","description_kind":"plain","optional":true},"source":{"type":"string","description_kind":"plain","optional":true}},"description_kind":"plain"}},"ecloud_nic":{"version":0,"block":{"attributes":{"id":{"type":"string","description_kind":"plain","optional":true,"computed":true},"instance_id":{"type":"string","description_kind":"plain","optional":true},"ip_address":{"type":"string","description_kind":"plain","computed":true},"network_id":{"type":"string","description_kind":"plain","optional":true},"nic_id":{"type":"string","description_kind":"plain","optional":true}},"description_kind":"plain"}},"ecloud_region":{"version":0,"block":{"attributes":{"id":{"type":"string","description_kind":"plain","optional":true,"computed":true},"name":{"type":"string","description_kind":"plain","optional":true},"region_id":{"type":"string","description_kind":"plain","optional":true}},"description_kind":"plain"}},"ecloud_router":{"version":0,"block":{"attributes":{"availability_zone_id":{"type":"string","description_kind":"plain","optional":true},"id":{"type":"string","description_kind":"plain","optional":true,"computed":true},"name":{"type":"string","description_kind":"plain","optional":true},"router_id":{"type":"string","description_kind":"plain","optional":true},"router_throughput_id":{"type":"string","description_kind":"plain","optional":true},"vpc_id":{"type":"string","description_kind":"plain","optional":true}},"description_kind":"plain"}},"ecloud_router_throughput":{"version":0,"block":{"attributes":{"availability_zone_id":{"type":"string","description_kind":"plain","optional":true},"committed_bandwidth":{"type":"number","description_kind":"plain","computed":true},"id":{"type":"string","description_kind":"plain","optional":true,"computed":true},"name":{"type":"string","description_kind":"plain","optional":true},"router_throughput_id":{"type":"string","description_kind":"plain","optional":true}},"description_kind":"plain"}},"ecloud_ssh_keypair":{"version":0,"block":{"attributes":{"id":{"type":"string","description_kind":"plain","optional":true,"computed":true},"name":{"type":"string","description_kind":"plain","optional":true},"public_key":{"type":"string","description_kind":"plain","computed":true},"ssh_keypair_id":{"type":"string","description_kind":"plain","optional":true}},"description_kind":"plain"}},"ecloud_volume":{"version":0,"block":{"attributes":{"availability_zone_id":{"type":"string","description_kind":"plain","optional":true},"capacity":{"type":"number","description_kind":"plain","optional":true},"id":{"type":"string","description_kind":"plain","optional":true,"computed":true},"iops":{"type":"number","description_kind":"plain","optional":true},"name":{"type":"string","description_kind":"plain","optional":true},"volume_id":{"type":"string","description_kind":"plain","optional":true},"vpc_id":{"type":"string","description_kind":"plain","optional":true}},"description_kind":"plain"}},"ecloud_vpc":{"version":0,"block":{"attributes":{"id":{"type":"string","description_kind":"plain","optional":true,"computed":true},"name":{"type":"string","description_kind":"plain","optional":true},"region_id":{"type":"string","description_kind":"plain","optional":true},"vpc_id":{"type":"string","description_kind":"plain","optional":true}},"description_kind":"plain"}},"ecloud_vpn_endpoint":{"version":0,"block":{"attributes":{"floating_ip_id":{"type":"string","description_kind":"plain","optional":true},"id":{"type":"string","description_kind":"plain","optional":true,"computed":true},"name":{"type":"string","description_kind":"plain","optional":true},"vpn_endpoint_id":{"type":"string","description_kind":"plain","optional":true},"vpn_service_id":{"type":"string","description_kind":"plain","optional":true}},"description_kind":"plain"}},"ecloud_vpn_profile_group":{"version":0,"block":{"attributes":{"availability_zone_id":{"type":"string","description_kind":"plain","optional":true},"description":{"type":"string","description_kind":"plain","computed":true},"id":{"type":"string","description_kind":"plain","optional":true,"computed":true},"name":{"type":"string","description_kind":"plain","optional":true},"vpn_profile_group_id":{"type":"string","description_kind":"plain","optional":true}},"description_kind":"plain"}},"ecloud_vpn_service":{"version":0,"block":{"attributes":{"id":{"type":"string","description_kind":"plain","optional":true,"computed":true},"name":{"type":"string","description_kind":"plain","optional":true},"router_id":{"type":"string","description_kind":"plain","optional":true},"vpc_id":{"type":"string","description_kind":"plain","optional":true},"vpn_service_id":{"type":"string","description_kind":"plain","optional":true}},"description_kind":"plain"}},"ecloud_vpn_session":{"version":0,"block":{"attributes":{"id":{"type":"string","description_kind":"plain","optional":true,"computed":true},"local_networks":{"type":"string","description_kind":"plain","computed":true},"name":{"type":"string","description_kind":"plain","optional":true},"remote_ip":{"type":"string","description_kind":"plain","optional":true},"remote_networks":{"type":"string","description_kind":"plain","computed":true},"vpn_endpoint_id":{"type":"string","description_kind":"plain","optional":true},"vpn_profile_group_id":{"type":"string","description_kind":"plain","optional":true},"vpn_service_id":{"type":"string","description_kind":"plain","optional":true},"vpn_session_id":{"type":"string","description_kind":"plain","optional":true}},"description_kind":"plain"}}}}}}
