{"format_version":"0.2","provider_schemas":{"registry.terraform.io/umich-vci/bluecat":{"provider":{"version":0,"block":{"attributes":{"bluecat_endpoint":{"type":"string","description":"The BlueCat Address Manager endpoint hostname. Can also use the environment variable `BLUECAT_ENDPOINT`","description_kind":"markdown","required":true},"password":{"type":"string","description":"The BlueCat Address Manager password. Can also use the environment variable `BLUECAT_PASSWORD`","description_kind":"markdown","required":true,"sensitive":true},"ssl_verify":{"type":"bool","description":"Verify the SSL certificate of the BlueCat Address Manager endpoint? Defaults to `true`.","description_kind":"markdown","optional":true},"username":{"type":"string","description":"A BlueCat Address Manager username. Can also use the environment variable `BLUECAT_USERNAME`","description_kind":"markdown","required":true}},"description_kind":"plain"}},"resource_schemas":{"bluecat_host_record":{"version":0,"block":{"attributes":{"absolute_name":{"type":"string","description":"The absolute name (fqdn) of the host record.","description_kind":"markdown","computed":true},"addresses":{"type":["set","string"],"description":"The address(es) to be associated with the host record.","description_kind":"markdown","required":true},"comments":{"type":"string","description":"Comments to be associated with the host record. Defaults to ``.","description_kind":"markdown","optional":true},"custom_properties":{"type":["map","string"],"description":"A map of all custom properties associated with the host record.","description_kind":"markdown","optional":true,"computed":true},"dns_zone":{"type":"string","description":"The DNS zone to create the host record in. Combined with `name` to make the fqdn.  If changed, forces a new resource.","description_kind":"markdown","required":true},"id":{"type":"string","description_kind":"plain","optional":true,"computed":true},"name":{"type":"string","description":"The name of the host record to be created. Combined with `dns_zone` to make the fqdn.","description_kind":"markdown","required":true},"properties":{"type":"string","description":"The properties of the host record as returned by the API (pipe delimited).","description_kind":"markdown","computed":true},"reverse_record":{"type":"bool","description":"If a reverse record should be created for addresses. Defaults to `true`.","description_kind":"markdown","optional":true},"ttl":{"type":"number","description":"The TTL for the host record.  When set to -1, ignores the TTL. Defaults to `-1`.","description_kind":"markdown","optional":true},"type":{"type":"string","description":"The type of the resource.","description_kind":"markdown","computed":true},"view_id":{"type":"string","description":"The object ID of the View that host record should be created in. If changed, forces a new resource.","description_kind":"markdown","required":true}},"description":"Resource create a host record.","description_kind":"markdown"}},"bluecat_ip4_address":{"version":0,"block":{"attributes":{"action":{"type":"string","description":"The action to take on the next available IPv4 address.  Must be one of: \"MAKE_STATIC\", \"MAKE_RESERVED\", or \"MAKE_DHCP_RESERVED\". If changed, forces a new resource. Defaults to `MAKE_STATIC`.","description_kind":"markdown","optional":true},"address":{"type":"string","description":"The IPv4 address that was allocated.","description_kind":"markdown","computed":true},"configuration_id":{"type":"string","description":"The object ID of the Configuration that will hold the new address. If changed, forces a new resource.","description_kind":"markdown","required":true},"custom_properties":{"type":["map","string"],"description":"A map of all custom properties associated with the IPv4 address.","description_kind":"markdown","optional":true,"computed":true},"id":{"type":"string","description_kind":"plain","optional":true,"computed":true},"mac_address":{"type":"string","description":"The MAC address to associate with the IPv4 address. Defaults to ``.","description_kind":"markdown","optional":true},"name":{"type":"string","description":"The name assigned to the IPv4 address. This is not related to DNS.","description_kind":"markdown","required":true},"parent_id":{"type":"string","description":"The object ID of the Configuration, Block, or Network to find the next available IPv4 address in. If changed, forces a new resource.","description_kind":"markdown","required":true},"properties":{"type":"string","description":"The properties of the IPv4 address as returned by the API (pipe delimited).","description_kind":"markdown","computed":true},"state":{"type":"string","description":"The state of the IPv4 address.","description_kind":"markdown","computed":true},"type":{"type":"string","description":"The type of the resource.","description_kind":"markdown","computed":true}},"description":"Resource to reserve an IPv4 address.","description_kind":"markdown"}},"bluecat_ip4_available_network":{"version":0,"block":{"attributes":{"id":{"type":"string","description_kind":"plain","optional":true,"computed":true},"keepers":{"type":["map","string"],"description":"An arbitrary map of values. If this argument is changed, then the resource will be recreated.","description_kind":"markdown","optional":true},"network_id":{"type":"number","description":"The network ID of the network selected by the resource.","description_kind":"markdown","computed":true},"network_id_list":{"type":["list","number"],"description":"A list of Network IDs to search for a free IP address. By default, the address with the most free addresses will be returned. See the `random` argument for another selection method. The resource will be recreated if the network_id_list is changed. You may want to use a `lifecycle` customization to ignore changes to the list after resource creation so that a new network is not selected if the list is changed.","description_kind":"markdown","required":true},"random":{"type":"bool","description":"By default, the network with the most free IP addresses is returned. By setting this to `true` a random network from the list will be returned instead. The network will be validated to have at least 1 free IP address. Defaults to `false`.","description_kind":"markdown","optional":true},"seed":{"type":"string","description":"A seed for the `random` argument's generator. Can be used to try to get more predictable results from the random selection. The results will not be fixed however.","description_kind":"markdown","optional":true}},"description":"Resource to select an IPv4 network from a list of networks based on availability of IP addresses.","description_kind":"markdown"}},"bluecat_ip4_network":{"version":0,"block":{"attributes":{"addresses_free":{"type":"number","description":"The number of addresses unallocated/free on the network.","description_kind":"markdown","computed":true},"addresses_in_use":{"type":"number","description":"The number of addresses allocated/in use on the network.","description_kind":"markdown","computed":true},"allow_duplicate_host":{"type":"string","description":"Duplicate host names check.","description_kind":"markdown","computed":true},"cidr":{"type":"string","description":"The CIDR address of the IPv4 network.","description_kind":"markdown","computed":true},"default_view":{"type":"string","description":"The object id of the default DNS View for the network.","description_kind":"markdown","computed":true},"gateway":{"type":"string","description":"The gateway of the IPv4 network.","description_kind":"markdown","computed":true},"id":{"type":"string","description_kind":"plain","optional":true,"computed":true},"inherit_allow_duplicate_host":{"type":"bool","description":"Duplicate host names check is inherited.","description_kind":"markdown","computed":true},"inherit_default_domains":{"type":"bool","description":"Default domains are inherited.","description_kind":"markdown","computed":true},"inherit_default_view":{"type":"bool","description":"The default DNS Viewis inherited.","description_kind":"markdown","computed":true},"inherit_dns_restrictions":{"type":"bool","description":"DNS restrictions are inherited.","description_kind":"markdown","computed":true},"inherit_ping_before_assign":{"type":"bool","description":"The network pings an address before assignment is inherited.","description_kind":"markdown","computed":true},"is_larger_allowed":{"type":"bool","description":"(Optional) Is it ok to return a network that is larger than the size specified? Defaults to `false`.","description_kind":"markdown","optional":true},"name":{"type":"string","description":"The display name of the IPv4 network.","description_kind":"markdown","required":true},"parent_id":{"type":"string","description":"The object ID of the parent object that will contain the new IPv4 network. If this argument is changed, then the resource will be recreated.","description_kind":"markdown","required":true},"ping_before_assign":{"type":"string","description":"The network pings an address before assignment.","description_kind":"markdown","computed":true},"properties":{"type":"string","description":"The properties of the resource as returned by the API (pipe delimited).","description_kind":"markdown","computed":true},"size":{"type":"number","description":"The size of the IPv4 network expressed as a power of 2. For example, 256 would create a /24. If this argument is changed, then the resource will be recreated.","description_kind":"markdown","required":true},"traversal_method":{"type":"string","description":"The traversal method used to find the range to allocate the network. Must be one of \"NO_TRAVERSAL\", \"DEPTH_FIRST\", or \"BREADTH_FIRST\". Defaults to `NO_TRAVERSAL`.","description_kind":"markdown","optional":true},"type":{"type":"string","description":"The type of the resource.","description_kind":"markdown","computed":true}},"description":"Resource to create an IPv4 network.","description_kind":"markdown"}}},"data_source_schemas":{"bluecat_entity":{"version":0,"block":{"attributes":{"id":{"type":"string","description_kind":"plain","optional":true,"computed":true},"name":{"type":"string","description":"The name of the entity to find.","description_kind":"markdown","required":true},"parent_id":{"type":"string","description":"The object ID of the parent object that contains the entity. Configurations are stored in ID `0`. Defaults to `0`.","description_kind":"markdown","optional":true},"properties":{"type":"string","description":"The properties of the entity as returned by the API (pipe delimited).","description_kind":"markdown","computed":true},"type":{"type":"string","description":"The type of the entity you want to retrieve.","description_kind":"markdown","required":true}},"description":"Data source to access the attributes of a BlueCat entity.","description_kind":"markdown"}},"bluecat_host_record":{"version":0,"block":{"attributes":{"absolute_name":{"type":"string","description":"The absolute name/fqdn of the host record.","description_kind":"markdown","required":true},"address_ids":{"type":["set","string"],"description":"A set of all address ids associated with the host record.","description_kind":"markdown","computed":true},"addresses":{"type":["set","string"],"description":"A set of all addresses associated with the host record.","description_kind":"markdown","computed":true},"custom_properties":{"type":["map","string"],"description":"A map of all custom properties associated with the host record.","description_kind":"markdown","computed":true},"id":{"type":"string","description_kind":"plain","optional":true,"computed":true},"name":{"type":"string","description":"The short name of the host record.","description_kind":"markdown","computed":true},"parent_id":{"type":"string","description":"The ID of the parent of the host record.","description_kind":"markdown","computed":true},"parent_type":{"type":"string","description":"The type of the parent of the host record.","description_kind":"markdown","computed":true},"properties":{"type":"string","description":"The properties of the host record as returned by the API (pipe delimited).","description_kind":"markdown","computed":true},"result_count":{"type":"number","description":"The number of results the API should return. This must be between 1 and 10.  You most likely want to leave this alone. Defaults to `10`.","description_kind":"markdown","optional":true},"reverse_record":{"type":"bool","description":"A boolean that represents if the host record should set reverse records.","description_kind":"markdown","computed":true},"start":{"type":"number","description":"The start index of the search results the API should return. You most likely want to leave this alone. Defaults to `0`.","description_kind":"markdown","optional":true},"ttl":{"type":"number","description":"The TTL of the host record.","description_kind":"markdown","computed":true},"type":{"type":"string","description":"The type of the resource.","description_kind":"markdown","computed":true}},"description":"Data source to access the attributes of a host record. If the API returns more than one host record that matches, an error will be returned.","description_kind":"markdown"}},"bluecat_ip4_address":{"version":0,"block":{"attributes":{"address":{"type":"string","description":"The IPv4 address to get data for.","description_kind":"markdown","required":true},"container_id":{"type":"string","description":"The object ID of the container that has the specified `address`.  This can be a Configuration, IPv4 Block, IPv4 Network, or DHCP range.","description_kind":"markdown","required":true},"custom_properties":{"type":["map","string"],"description":"A map of all custom properties associated with the IPv4 address.","description_kind":"markdown","computed":true},"id":{"type":"string","description_kind":"plain","optional":true,"computed":true},"mac_address":{"type":"string","description":"The MAC address associated with the IPv4 address.","description_kind":"markdown","computed":true},"name":{"type":"string","description":"The name assigned to the IPv4 address.  This is not related to DNS.","description_kind":"markdown","computed":true},"properties":{"type":"string","description":"The properties of the IPv4 address as returned by the API (pipe delimited).","description_kind":"markdown","computed":true},"state":{"type":"string","description":"The state of the IPv4 address.","description_kind":"markdown","computed":true},"type":{"type":"string","description":"The type of the resource.","description_kind":"markdown","computed":true}},"description":"Data source to access the attributes of an IPv4 address.","description_kind":"markdown"}},"bluecat_ip4_network":{"version":0,"block":{"attributes":{"addresses_free":{"type":"number","description":"The number of addresses unallocated/free on the network.","description_kind":"markdown","computed":true},"addresses_in_use":{"type":"number","description":"The number of addresses allocated/in use on the network.","description_kind":"markdown","computed":true},"allow_duplicate_host":{"type":"string","description":"Duplicate host names check.","description_kind":"markdown","computed":true},"cidr":{"type":"string","description":"The CIDR address of the IPv4 network.","description_kind":"markdown","computed":true},"container_id":{"type":"string","description":"The object ID of a container that contains the specified IPv4 network.","description_kind":"markdown","required":true},"custom_properties":{"type":["map","string"],"description":"A map of all custom properties associated with the IPv4 network.","description_kind":"markdown","computed":true},"default_domains":{"type":["set","string"],"description":"TODO","description_kind":"markdown","computed":true},"default_view":{"type":"string","description":"The object id of the default DNS View for the network.","description_kind":"markdown","computed":true},"dns_restrictions":{"type":["set","string"],"description":"TODO","description_kind":"markdown","computed":true},"gateway":{"type":"string","description":"The gateway of the IPv4 network.","description_kind":"markdown","computed":true},"hint":{"type":"string","description":"Hint to find the IP4Network","description_kind":"markdown","required":true},"id":{"type":"string","description_kind":"plain","optional":true,"computed":true},"inherit_allow_duplicate_host":{"type":"bool","description":"Duplicate host names check is inherited.","description_kind":"markdown","computed":true},"inherit_default_domains":{"type":"bool","description":"Default domains are inherited.","description_kind":"markdown","computed":true},"inherit_default_view":{"type":"bool","description":"The default DNS View is inherited.","description_kind":"markdown","computed":true},"inherit_dns_restrictions":{"type":"bool","description":"DNS restrictions are inherited.","description_kind":"markdown","computed":true},"inherit_ping_before_assign":{"type":"bool","description":"The network pings an address before assignment is inherited.","description_kind":"markdown","computed":true},"location_code":{"type":"string","description":"TODO","description_kind":"markdown","computed":true},"location_inherited":{"type":"bool","description":"TODO","description_kind":"markdown","computed":true},"name":{"type":"string","description":"The name assigned the resource.","description_kind":"markdown","computed":true},"ping_before_assign":{"type":"string","description":"The network pings an address before assignment.","description_kind":"markdown","computed":true},"properties":{"type":"string","description":"The properties of the resource as returned by the API (pipe delimited).","description_kind":"markdown","computed":true},"template":{"type":"string","description":"TODO","description_kind":"markdown","computed":true},"type":{"type":"string","description":"The type of the IP4Network","description_kind":"markdown","computed":true}},"description":"Data source to access the attributes of an IPv4 network from a hint based search.","description_kind":"markdown"}},"bluecat_ip4_network-block-range":{"version":0,"block":{"attributes":{"address":{"type":"string","description":"IP address to find the IPv4 network, IPv4 Block, or DHCPv4 Range of.","description_kind":"markdown","required":true},"addresses_free":{"type":"number","description":"The number of addresses unallocated/free on the network.","description_kind":"markdown","computed":true},"addresses_in_use":{"type":"number","description":"The number of addresses allocated/in use on the network.","description_kind":"markdown","computed":true},"allow_duplicate_host":{"type":"string","description":"Duplicate host names check.","description_kind":"markdown","computed":true},"cidr":{"type":"string","description":"The CIDR address of the IPv4 network.","description_kind":"markdown","computed":true},"container_id":{"type":"string","description":"The object ID of a container that contains the specified IPv4 network, block, or range.","description_kind":"markdown","required":true},"custom_properties":{"type":["map","string"],"description":"A map of all custom properties associated with the IPv4 network.","description_kind":"markdown","computed":true},"default_domains":{"type":["set","string"],"description":"TODO","description_kind":"markdown","computed":true},"default_view":{"type":"string","description":"The object id of the default DNS View for the network.","description_kind":"markdown","computed":true},"dns_restrictions":{"type":["set","string"],"description":"TODO","description_kind":"markdown","computed":true},"gateway":{"type":"string","description":"The gateway of the IPv4 network.","description_kind":"markdown","computed":true},"id":{"type":"string","description_kind":"plain","optional":true,"computed":true},"inherit_allow_duplicate_host":{"type":"bool","description":"Duplicate host names check is inherited.","description_kind":"markdown","computed":true},"inherit_default_domains":{"type":"bool","description":"Default domains are inherited.","description_kind":"markdown","computed":true},"inherit_default_view":{"type":"bool","description":"The default DNS View is inherited.","description_kind":"markdown","computed":true},"inherit_dns_restrictions":{"type":"bool","description":"DNS restrictions are inherited.","description_kind":"markdown","computed":true},"inherit_ping_before_assign":{"type":"bool","description":"The network pings an address before assignment is inherited.","description_kind":"markdown","computed":true},"location_code":{"type":"string","description":"TODO","description_kind":"markdown","computed":true},"location_inherited":{"type":"bool","description":"TODO","description_kind":"markdown","computed":true},"name":{"type":"string","description":"The name assigned the resource.","description_kind":"markdown","computed":true},"ping_before_assign":{"type":"string","description":"The network pings an address before assignment.","description_kind":"markdown","computed":true},"properties":{"type":"string","description":"The properties of the resource as returned by the API (pipe delimited).","description_kind":"markdown","computed":true},"template":{"type":"string","description":"TODO","description_kind":"markdown","computed":true},"type":{"type":"string","description":"Must be \"IP4Block\", \"IP4Network\", \"DHCP4Range\", or \"\". \"\" will find the most specific container.","description_kind":"markdown","required":true}},"description":"Data source to access the attributes of an IPv4 network, IPv4 Block, or DHCPv4 Range from an IPv4 address.","description_kind":"markdown"}}}}}}
