{"format_version":"0.2","provider_schemas":{"registry.terraform.io/umich-vci/satellite":{"provider":{"version":0,"block":{"attributes":{"password":{"type":"string","description":"This is the password to use to access the Red Hat Satellite server. This must be provided in the config or in the environment variable `SATELLITE_PASSWORD`.","description_kind":"markdown","required":true,"sensitive":true},"satellite_host":{"type":"string","description":"This is the hostname or IP address of the Red Hat Satellite server. This must be provided in the config or in the environment variable `SATELLITE_HOST`.","description_kind":"markdown","required":true},"ssl_verify":{"type":"bool","description":"Should we validate the SSL certificate presented by the Satellite server?. Defaults to `true`.","description_kind":"markdown","optional":true},"username":{"type":"string","description":"This is the username to use to access the Red Hat Satellite server. This must be provided in the config or in the environment variable `SATELLITE_USERNAME`.","description_kind":"markdown","required":true}},"description_kind":"plain"}},"resource_schemas":{"satellite_activation_key":{"version":0,"block":{"attributes":{"content_view_id":{"type":"number","description":"The ID of the content view to associate with the activation key.","description_kind":"markdown","optional":true},"description":{"type":"string","description":"A description of the activation key.","description_kind":"markdown","optional":true},"environment_id":{"type":"number","description":"The ID of the environment that contains the `content_view_id`.","description_kind":"markdown","optional":true},"host_collection_ids":{"type":["set","number"],"description":"A list of host collection IDs to associate with the activation key. Machines activated with the key will be added to these host collections.","description_kind":"markdown","optional":true},"id":{"type":"string","description_kind":"plain","optional":true,"computed":true},"max_hosts":{"type":"number","description":"The maximum number of hosts allowed to use the activation key. Should not be set if `unlimited_hosts` is set to `true`.","description_kind":"markdown","optional":true},"name":{"type":"string","description":"The name of the activation key.  This is the value of the key that clients use to activate.","description_kind":"markdown","required":true},"organization_id":{"type":"number","description":"The ID of the organization to associate with the activation key.","description_kind":"markdown","required":true},"unlimited_hosts":{"type":"bool","description":"Should an unlimited number of hosts be allowed to use the activation key? Defaults to `true`.","description_kind":"markdown","optional":true}},"description":"Resource to manage a Red Hat Satellite Activation Key.","description_kind":"markdown"}},"satellite_external_user_group":{"version":0,"block":{"attributes":{"auth_source_id":{"type":"number","description":"The ID of the authentication source that contains the external user group.","description_kind":"markdown","required":true},"auth_source_ldap":{"type":["map","string"],"description":"A list of objects containing the authentication source the associated with the external user group.","description_kind":"markdown","computed":true},"id":{"type":"string","description_kind":"plain","optional":true,"computed":true},"name":{"type":"string","description":"The name of the external user group.","description_kind":"markdown","required":true},"user_group_id":{"type":"number","description":"The ID of the user group that the external user group should be associated with.","description_kind":"markdown","required":true}},"description":"Resource to manage an external user group in Red Hat Satellite.","description_kind":"markdown"}},"satellite_filter":{"version":0,"block":{"attributes":{"created_at":{"type":"string","description":"A timestamp of when the filter was created.","description_kind":"markdown","computed":true},"id":{"type":"string","description_kind":"plain","optional":true,"computed":true},"location_ids":{"type":["set","number"],"description":"A list of IDs of locations to associate with the filter. Unless `override` is set to `true` this should generally contain the `location_ids` that the parent role is associated with. It may also need to be set to an empty list if you desire the permission to be `unlimited`.","description_kind":"markdown","optional":true},"locations":{"type":["list",["map","string"]],"description":"A list of objects containing the locations the filter applies to.","description_kind":"markdown","computed":true},"organization_ids":{"type":["set","number"],"description":"A list of IDs of organizations to associate with the filter. Unless `override` is set to `true` this should generally contain the `organization_ids` that the parent role is associated with. It may also need to be set to an empty list if you desire the permission to be `unlimited`.","description_kind":"markdown","optional":true},"organizations":{"type":["list",["map","string"]],"description":"A list of objects containing the organizations the filter applies to.","description_kind":"markdown","computed":true},"override":{"type":"bool","description":"When set to true, you can specify `location_ids` and `organization_ids` to allow the role to access the `resource_type` in the specified locations and organizations.","description_kind":"markdown","optional":true},"permission_ids":{"type":["set","number"],"description":"A list of permission IDs that match the list of permissions supplied in `permission_names`.","description_kind":"markdown","computed":true},"permission_names":{"type":["set","string"],"description":"A list of permission names that should be enabled in the filter. The permission names must be valid for the role specified in `resource_type`.","description_kind":"markdown","required":true},"permissions":{"type":["set",["map","string"]],"description":"A list of objects containing the permissions enabled in the filter.","description_kind":"markdown","computed":true},"resource_type":{"type":"string","description":"The resource type of the filter.  Once this is set, it cannot be changed without recreating the filter.","description_kind":"markdown","required":true},"role":{"type":["map","string"],"description":"An object containing information about the role the filter is associated with.","description_kind":"markdown","computed":true},"role_id":{"type":"number","description":"The ID of the role that the filter should be created under.","description_kind":"markdown","required":true},"search":{"type":"string","description":"If this is not set, then the filter will apply to all objects of the specified resource type. This means the value of `unlimited` will be true.  You can specify a search which can be used to limit the resources that the permission applies to. This will result in the value of `unlimited` being false. For more information see the [Red Hat documentation](https://access.redhat.com/documentation/en-us/red_hat_satellite/6.8/html/administering_red_hat_satellite/chap-Red_Hat_Satellite-Administering_Red_Hat_Satellite-Users_and_Roles#sect-Red_Hat_Satellite-Administering_Red_Hat_Satellite-Users_and_Roles-Granular_Permission_Filtering).","description_kind":"markdown","optional":true},"unlimited":{"type":"bool","description":"A boolean that indicates if a filter applies to all resources of the `resource_type` or just a subset of resources specified in `search`.","description_kind":"markdown","computed":true},"updated_at":{"type":"string","description":"A timestamp of when the filter was last updated.","description_kind":"markdown","computed":true}},"description":"Resource to manage a permission filter for a role in Red Hat Satellite.","description_kind":"markdown"}},"satellite_host_collection":{"version":0,"block":{"attributes":{"created_at":{"type":"string","description":"A timestamp containing when the host collection was created.","description_kind":"markdown","computed":true},"description":{"type":"string","description":"A description of the host collection.","description_kind":"markdown","optional":true},"id":{"type":"string","description_kind":"plain","optional":true,"computed":true},"max_hosts":{"type":"number","description":"The maximum number of hosts allowed to be in the host collection. Should not be set if `unlimited_hosts` is set to `true`.","description_kind":"markdown","optional":true},"name":{"type":"string","description":"The name of the host collection.","description_kind":"markdown","required":true},"organization_id":{"type":"number","description":"The ID of organization that the host collection should be created in. Once set, it cannot be changed without recreating the resource.","description_kind":"markdown","required":true},"unlimited_hosts":{"type":"bool","description":"A boolean that controls if an unlimited number of members are allowed in the host collection. Defaults to `true`.","description_kind":"markdown","optional":true},"updated_at":{"type":"string","description":"A timestamp containing when the host collection was last changed.","description_kind":"markdown","computed":true}},"description":"Resource to manage a Red Hat Satellite Host Collection.","description_kind":"markdown"}},"satellite_location":{"version":0,"block":{"attributes":{"description":{"type":"string","description":"A description of the location.","description_kind":"markdown","optional":true},"id":{"type":"string","description_kind":"plain","optional":true,"computed":true},"name":{"type":"string","description":"A name for the location.","description_kind":"markdown","required":true},"parent_id":{"type":"number","description":"The ID of a parent for this location. This allows you to nest locations. If not set, a top level location is created.","description_kind":"markdown","optional":true}},"description":"Resource to manage a Red Hat Satellite location.","description_kind":"markdown"}},"satellite_organization":{"version":0,"block":{"attributes":{"description":{"type":"string","description":"A description of the organization.","description_kind":"markdown","optional":true},"hosts_count":{"type":"number","description":"A count of how many hosts are registered to the organization.","description_kind":"markdown","computed":true},"id":{"type":"string","description_kind":"plain","optional":true,"computed":true},"label":{"type":"string","description":"The label of the organization. If not set, Satellite will use the `name` as the label.  This field can only be set at creation time. If not being set explicitly you will probably want to use `ignore_changes` on this in the lifecycle block.","description_kind":"markdown","optional":true},"name":{"type":"string","description":"The name of the organization.","description_kind":"markdown","required":true},"title":{"type":"string","description":"The title of the organization.","description_kind":"markdown","computed":true}},"description":"Resource to manage a Red Hat Satellite organization.","description_kind":"markdown"}},"satellite_role":{"version":0,"block":{"attributes":{"builtin":{"type":"number","description":"A boolean that indicates if the role is a default/builtin role.","description_kind":"markdown","computed":true},"cloned_from_id":{"type":"number","description":"If this role was cloned using the API, the ID number of the source role.","description_kind":"markdown","computed":true},"description":{"type":"string","description":"A description of the role.","description_kind":"markdown","optional":true},"filters":{"type":["list","number"],"description":"A list of filter IDs associated with the role.","description_kind":"markdown","computed":true},"id":{"type":"string","description_kind":"plain","optional":true,"computed":true},"location_ids":{"type":["set","number"],"description":"A list of IDs of locations to associate with the role.","description_kind":"markdown","optional":true},"locations":{"type":["list",["object",{"description":"string","id":"number","name":"string","title":"string"}]],"description":"A list of objects containing the locations the role applies to.","description_kind":"markdown","computed":true},"name":{"type":"string","description":"A name for the role.","description_kind":"markdown","required":true},"organization_ids":{"type":["set","number"],"description":"A list of IDs of organizations to associate with the role.","description_kind":"markdown","optional":true},"organizations":{"type":["list",["object",{"description":"string","id":"number","name":"string","title":"string"}]],"description":"A list of objects containing the organizations the role applies to.","description_kind":"markdown","computed":true},"origin":{"type":"string","description":"TODO","description_kind":"markdown","computed":true}},"description":"Resource to manage a role in Red Hat Satellite.","description_kind":"markdown"}},"satellite_subscription_manifest":{"version":0,"block":{"attributes":{"history":{"type":["list",["object",{"created":"string","id":"string","status":"string","status_message":"string"}]],"description":"A list of objects containing information on operations peformed on the manifest.","description_kind":"markdown","computed":true},"id":{"type":"string","description_kind":"plain","optional":true,"computed":true},"manifest":{"type":"string","description":"A Base64 encoded string of a manifest zip file downloaded from Red Hat Subscription Management. Most easily used in conjunction with [`rhsm_allocation_manifest` resource from the RHSM provider](https://registry.terraform.io/providers/umich-vci/rhsm/latest/docs/resources/allocation_manifest).","description_kind":"markdown","required":true,"sensitive":true},"organization_id":{"type":"number","description":"The organization ID you want to attach the manifest to.","description_kind":"markdown","required":true}},"description":"Resource to manage a subscription manifest attached to a Red Hat Satellite organization.","description_kind":"markdown"}},"satellite_user_group":{"version":0,"block":{"attributes":{"admin":{"type":"bool","description":"If set to true, then the group will grant administrator privileges.","description_kind":"markdown","optional":true},"created_at":{"type":"string","description":"A timestamp containing when the user group was created.","description_kind":"markdown","computed":true},"id":{"type":"string","description_kind":"plain","optional":true,"computed":true},"name":{"type":"string","description":"A name for the user group.","description_kind":"markdown","required":true},"role_ids":{"type":["set","number"],"description":"A list of IDs of roles to associate with the group.","description_kind":"markdown","optional":true},"roles":{"type":["list",["object",{"description":"string","id":"number","name":"string","origin":"string"}]],"description":"A list of objects containing the roles the associated with the user group.","description_kind":"markdown","computed":true},"updated_at":{"type":"string","description":"A timestamp containing when the user group was last changed.","description_kind":"markdown","computed":true}},"description":"Resource to manage a user group in Red Hat Satellite.","description_kind":"markdown"}}},"data_source_schemas":{"satellite_auth_source_ldap":{"version":0,"block":{"attributes":{"account":{"type":"string","description":"The DN of the LDAP Bind Account.","description_kind":"markdown","computed":true},"attr_firstname":{"type":"string","description":"The LDAP attribute that maps to first name.","description_kind":"markdown","computed":true},"attr_lastname":{"type":"number","description":"The LDAP attribute that maps to last name.","description_kind":"markdown","computed":true},"attr_login":{"type":"string","description":"The LDAP attribute that maps to username.","description_kind":"markdown","computed":true},"attr_mail":{"type":"string","description":"The LDAP attribute that maps to email address.","description_kind":"markdown","computed":true},"attr_photo":{"type":"number","description":"The LDAP attribute that maps to a photo.","description_kind":"markdown","computed":true},"base_dn":{"type":"string","description":"The base DN from which LDAP searches will be performed.","description_kind":"markdown","computed":true},"created_at":{"type":"string","description":"Timestamp of when the LDAP authentication source was created.","description_kind":"markdown","computed":true},"groups_base":{"type":"string","description":"The base DN from which LDAP searches for groups will be performed.","description_kind":"markdown","computed":true},"host":{"type":"string","description":"The hostname of the LDAP server.","description_kind":"markdown","computed":true},"id":{"type":"string","description_kind":"plain","optional":true,"computed":true},"ldap_filter":{"type":"string","description":"TODO","description_kind":"markdown","computed":true},"name":{"type":"string","description":"The name of the LDAP authentication source.","description_kind":"markdown","computed":true},"onthefly_register":{"type":"bool","description":"TODO","description_kind":"markdown","computed":true},"port":{"type":"number","description":"The port the LDAP server is listening on.","description_kind":"markdown","computed":true},"search":{"type":"string","description":"A search filter for the LDAP Authentication Source search. The search must only return 1 authentication source.","description_kind":"markdown","required":true},"server_type":{"type":"string","description":"The type of the LDAP server.","description_kind":"markdown","computed":true},"tls":{"type":"bool","description":"Is TLS enabled for the LDAP server?","description_kind":"markdown","computed":true},"type":{"type":"string","description":"TODO","description_kind":"markdown","computed":true},"updated_at":{"type":"string","description":"Timestamp of when the LDAP authentication source was last updated.","description_kind":"markdown","computed":true},"use_netgroups":{"type":"bool","description":"TODO","description_kind":"markdown","computed":true},"usergroup_sync":{"type":"bool","description":"TODO","description_kind":"markdown","computed":true}},"description":"Data source to access information about a Red Hat Satellite LDAP Authentication Source.","description_kind":"markdown"}},"satellite_content_view":{"version":0,"block":{"attributes":{"activation_keys":{"type":["list","number"],"description":"A list of Activation Keys that reference the Content View.","description_kind":"markdown","computed":true},"auto_publish":{"type":"bool","description":"Is auto publish enabled for the Content View?","description_kind":"markdown","computed":true},"component_ids":{"type":["list","number"],"description":"A list of component IDs contained in the Content View.","description_kind":"markdown","computed":true},"composite":{"type":"bool","description":"Is the Content View a composite view?","description_kind":"markdown","optional":true,"computed":true},"created_at":{"type":"string","description":"Timestamp of when the Content View was created.","description_kind":"markdown","computed":true},"default":{"type":"bool","description":"Is the Content View a default view?","description_kind":"markdown","computed":true},"description":{"type":"string","description":"A description of the Content View.","description_kind":"markdown","computed":true},"environment_id":{"type":"number","description":"The ID of a Lifecycle Environment to look for the Content View in.","description_kind":"markdown","optional":true},"environments":{"type":["list","number"],"description":"A list of Lifecycle Environments containing the Content View.","description_kind":"markdown","computed":true},"force_puppet_environment":{"type":"bool","description":"TODO","description_kind":"markdown","computed":true},"id":{"type":"string","description_kind":"plain","optional":true,"computed":true},"label":{"type":"string","description":"A label for the Content View.","description_kind":"markdown","computed":true},"last_published":{"type":"string","description":"Timestamp of when the Content View was last published.","description_kind":"markdown","computed":true},"latest_version":{"type":"string","description":"The latest version of the Content View.","description_kind":"markdown","computed":true},"name":{"type":"string","description":"The name of the Content View.","description_kind":"markdown","optional":true,"computed":true},"next_version":{"type":"string","description":"The next proceeding version of the Content View.","description_kind":"markdown","computed":true},"noncomposite":{"type":"bool","description":"Is the Content View not a composite view?","description_kind":"markdown","optional":true},"nondefault":{"type":"bool","description":"Is the Content View a non-default view?","description_kind":"markdown","optional":true},"organization":{"type":["map","string"],"description":"The organization that contains the Content View.","description_kind":"markdown","computed":true},"organization_id":{"type":"number","description":"The ID of the organization that contains the Content View.","description_kind":"markdown","optional":true,"computed":true},"repositories":{"type":["list","number"],"description":"A list of repositories contained in the Content View.","description_kind":"markdown","computed":true},"repository_ids":{"type":["list","number"],"description":"A list of repository IDs contained in the Content View.","description_kind":"markdown","optional":true},"search":{"type":"string","description":"A search filter for the Content View search. The search must only return 1 Content View.","description_kind":"markdown","optional":true},"solve_dependencies":{"type":"bool","description":"TODO","description_kind":"markdown","computed":true},"updated_at":{"type":"string","description":"Timestamp of when the Content View was last updated.","description_kind":"markdown","computed":true},"version_count":{"type":"number","description":"The number of versions of the Content View.","description_kind":"markdown","computed":true},"versions":{"type":["list","number"],"description":"A list of the versions of the Content View.","description_kind":"markdown","computed":true},"without":{"type":["set","string"],"description":"TODO","description_kind":"markdown","optional":true}},"description":"Data source to access information about a Red Hat Satellite Content View.","description_kind":"markdown"}},"satellite_lifecycle_environment":{"version":0,"block":{"attributes":{"counts":{"type":["map","number"],"description":"A map of various counts of attributes of the Lifecycle Environment.","description_kind":"markdown","computed":true},"created_at":{"type":"string","description":"Timestamp of when the Lifecycle Environment was created.","description_kind":"markdown","computed":true},"description":{"type":"string","description":"A description of the Lifecycle Environment.","description_kind":"markdown","computed":true},"id":{"type":"string","description_kind":"plain","optional":true,"computed":true},"label":{"type":"string","description":"A label for the Lifecycle Environment.","description_kind":"markdown","computed":true},"library":{"type":"bool","description":"Is the Lifecycle Environment a base Library?","description_kind":"markdown","computed":true},"name":{"type":"string","description":"The name of the Lifecycle Environment.","description_kind":"markdown","optional":true,"computed":true},"organization":{"type":["map","string"],"description":"The organization that contains the Lifecycle Environment.","description_kind":"markdown","computed":true},"organization_id":{"type":"number","description":"The ID of the organization that contains the Lifecycle Environment.","description_kind":"markdown","optional":true,"computed":true},"permissions":{"type":["map","bool"],"description":"The current Satellite user's permissions for the Lifecycle Environment.","description_kind":"markdown","computed":true},"prior":{"type":["map","string"],"description":"The Lifecycle Environment directly before this one.","description_kind":"markdown","computed":true},"registry_name_pattern":{"type":"string","description":"TODO","description_kind":"markdown","computed":true},"registry_unauthenticated_pull":{"type":"bool","description":"TODO","description_kind":"markdown","computed":true},"search":{"type":"string","description":"A search filter for the Lifecycle Environment search. The search must only return 1 Lifecycle Environment.","description_kind":"markdown","optional":true},"successor":{"type":["map","string"],"description":"The Lifecycle Environment directly after this one.","description_kind":"markdown","computed":true},"updated_at":{"type":"string","description":"Timestamp of when the Lifecycle Environment was last updated.","description_kind":"markdown","computed":true}},"description":"Data source to access information about a Red Hat Satellite Lifecycle Environment.","description_kind":"markdown"}},"satellite_location":{"version":0,"block":{"attributes":{"created_at":{"type":"string","description":"Timestamp of when the location was created.","description_kind":"markdown","computed":true},"description":{"type":"string","description":"A description of the location.","description_kind":"markdown","computed":true},"id":{"type":"string","description_kind":"plain","optional":true,"computed":true},"name":{"type":"string","description":"The name of the location.","description_kind":"markdown","computed":true},"parent_id":{"type":"number","description":"The ID of the parent for this location.  If not set, the location is a top level location.","description_kind":"markdown","computed":true},"parent_name":{"type":"string","description":"The name of the parent for this location.  If not set, the location is a top level location.","description_kind":"markdown","computed":true},"search":{"type":"string","description":"A search filter for the Location search. The search must only return 1 Location.","description_kind":"markdown","required":true},"title":{"type":"string","description":"The title of the location.","description_kind":"markdown","computed":true},"updated_at":{"type":"string","description":"Timestamp of when the location was last updated.","description_kind":"markdown","computed":true}},"description":"Data source to access information about a Red Hat Satellite location.","description_kind":"markdown"}},"satellite_organization":{"version":0,"block":{"attributes":{"created_at":{"type":"string","description":"Timestamp of when the organization was created.","description_kind":"markdown","computed":true},"description":{"type":"string","description":"The description of the organization.","description_kind":"markdown","computed":true},"id":{"type":"string","description_kind":"plain","optional":true,"computed":true},"label":{"type":"string","description":"The label of the organization.","description_kind":"markdown","computed":true},"name":{"type":"string","description":"The name of the organization.","description_kind":"markdown","computed":true},"search":{"type":"string","description":"A search filter for the Location search. The search must only return 1 Organization.","description_kind":"markdown","required":true},"title":{"type":"string","description":"The title of the organization.","description_kind":"markdown","computed":true},"updated_at":{"type":"string","description":"Timestamp of when the organization was last updated.","description_kind":"markdown","computed":true}},"description":"Data source to access information about a Red Hat Satellite organization.","description_kind":"markdown"}},"satellite_permissions":{"version":0,"block":{"attributes":{"id":{"type":"string","description_kind":"plain","optional":true,"computed":true},"permissions":{"type":["list",["object",{"id":"number","name":"string","resource_type":"string"}]],"description":"A list of permissions.","description_kind":"markdown","computed":true},"search":{"type":"string","description":"A search filter for the permission search. If not specified all permissions are returned.","description_kind":"markdown","optional":true}},"description":"Data source to access information about available Red Hat Satellite permissions.","description_kind":"markdown"}},"satellite_products":{"version":0,"block":{"attributes":{"id":{"type":"string","description_kind":"plain","optional":true,"computed":true},"organization_id":{"type":"number","description":"An Organization ID to filter the product search on.","description_kind":"markdown","optional":true},"product_name":{"type":"string","description":"A product name to filter the product search on.","description_kind":"markdown","optional":true},"products":{"type":["list",["object",{"cp_id":"string","description":"string","gpg_key_id":"number","id":"number","label":"string","last_sync":"string","last_sync_words":"string","name":"string","provider_id":"number","repository_count":"number"}]],"description":"A list of objects containing information on the products.","description_kind":"markdown","computed":true},"red_hat_only":{"type":"bool","description":"A boolean that controls if the search should only return Red Hat products.","description_kind":"markdown","optional":true}},"description":"Data source to access information about available Red Hat Satellite products.","description_kind":"markdown"}}}}}}
