{"format_version":"0.2","provider_schemas":{"registry.terraform.io/unioslo/mreg":{"provider":{"version":0,"block":{"attributes":{"password":{"type":"string","description_kind":"plain","optional":true,"sensitive":true},"serverurl":{"type":"string","description_kind":"plain","required":true},"token":{"type":"string","description_kind":"plain","optional":true,"sensitive":true},"username":{"type":"string","description_kind":"plain","optional":true,"sensitive":true}},"description_kind":"plain"}},"resource_schemas":{"mreg_dns_srv":{"version":0,"block":{"attributes":{"id":{"type":"string","description_kind":"plain","optional":true,"computed":true},"name":{"type":"string","description_kind":"plain","required":true},"port":{"type":"number","description_kind":"plain","required":true},"priority":{"type":"number","description_kind":"plain","required":true},"proto":{"type":"string","description_kind":"plain","required":true},"service":{"type":"string","description_kind":"plain","required":true},"target_host":{"type":"string","description_kind":"plain","required":true},"weight":{"type":"number","description_kind":"plain","required":true}},"description_kind":"plain"}},"mreg_hosts":{"version":0,"block":{"attributes":{"comment":{"type":"string","description_kind":"plain","optional":true},"contact":{"type":"string","description_kind":"plain","required":true},"id":{"type":"string","description_kind":"plain","optional":true,"computed":true},"network":{"type":"string","description_kind":"plain","required":true}},"block_types":{"host":{"nesting_mode":"list","block":{"attributes":{"comment":{"type":"string","description_kind":"plain","computed":true},"contact":{"type":"string","description_kind":"plain","computed":true},"ipaddress":{"type":"string","description_kind":"plain","computed":true},"manual_ipaddress":{"type":"string","description_kind":"plain","optional":true},"name":{"type":"string","description_kind":"plain","required":true}},"description_kind":"plain"},"min_items":1}},"description_kind":"plain"}}}}}}
