{"format_version":"0.2","provider_schemas":{"registry.terraform.io/up42/pingdom":{"provider":{"version":0,"block":{"attributes":{"api_token":{"type":"string","description_kind":"plain","optional":true}},"description_kind":"plain"}},"resource_schemas":{"pingdom_check":{"version":0,"block":{"attributes":{"encryption":{"type":"bool","description_kind":"plain","optional":true},"host":{"type":"string","description_kind":"plain","required":true},"id":{"type":"string","description_kind":"plain","optional":true,"computed":true},"integrationids":{"type":["set","number"],"description_kind":"plain","optional":true},"name":{"type":"string","description_kind":"plain","required":true},"notifyagainevery":{"type":"number","description_kind":"plain","optional":true},"notifywhenbackup":{"type":"bool","description_kind":"plain","optional":true,"computed":true},"password":{"type":"string","description_kind":"plain","optional":true},"paused":{"type":"bool","description_kind":"plain","optional":true},"port":{"type":"number","description_kind":"plain","optional":true,"computed":true},"postdata":{"type":"string","description_kind":"plain","optional":true},"probefilters":{"type":"string","description_kind":"plain","optional":true},"requestheaders":{"type":["map","string"],"description_kind":"plain","optional":true},"resolution":{"type":"number","description_kind":"plain","required":true},"responsetime_threshold":{"type":"number","description_kind":"plain","optional":true,"computed":true},"sendnotificationwhendown":{"type":"number","description_kind":"plain","optional":true,"computed":true},"shouldcontain":{"type":"string","description_kind":"plain","optional":true},"shouldnotcontain":{"type":"string","description_kind":"plain","optional":true},"ssldowndaysbefore":{"type":"number","description_kind":"plain","optional":true},"stringtoexpect":{"type":"string","description_kind":"plain","optional":true},"stringtosend":{"type":"string","description_kind":"plain","optional":true},"tags":{"type":"string","description_kind":"plain","optional":true},"teamids":{"type":["set","number"],"description_kind":"plain","optional":true},"type":{"type":"string","description_kind":"plain","required":true},"url":{"type":"string","description_kind":"plain","optional":true},"userids":{"type":["set","number"],"description_kind":"plain","optional":true},"username":{"type":"string","description_kind":"plain","optional":true},"verifycertificate":{"type":"bool","description_kind":"plain","optional":true}},"description_kind":"plain"}},"pingdom_contact":{"version":0,"block":{"attributes":{"id":{"type":"string","description_kind":"plain","optional":true,"computed":true},"name":{"type":"string","description_kind":"plain","required":true},"paused":{"type":"bool","description_kind":"plain","optional":true}},"block_types":{"email_notification":{"nesting_mode":"set","block":{"attributes":{"address":{"type":"string","description_kind":"plain","required":true},"severity":{"type":"string","description_kind":"plain","required":true}},"description_kind":"plain"}},"sms_notification":{"nesting_mode":"set","block":{"attributes":{"country_code":{"type":"string","description_kind":"plain","optional":true},"number":{"type":"string","description_kind":"plain","required":true},"provider":{"type":"string","description_kind":"plain","optional":true},"severity":{"type":"string","description_kind":"plain","required":true}},"description_kind":"plain"}}},"description_kind":"plain"}},"pingdom_team":{"version":0,"block":{"attributes":{"id":{"type":"string","description_kind":"plain","optional":true,"computed":true},"member_ids":{"type":["set","number"],"description_kind":"plain","optional":true},"name":{"type":"string","description_kind":"plain","required":true}},"description_kind":"plain"}}},"data_source_schemas":{"pingdom_contact":{"version":0,"block":{"attributes":{"id":{"type":"string","description_kind":"plain","optional":true,"computed":true},"name":{"type":"string","description_kind":"plain","required":true},"paused":{"type":"bool","description_kind":"plain","computed":true},"teams":{"type":["set",["object",{"id":"number","name":"string"}]],"description_kind":"plain","computed":true}},"block_types":{"email_notification":{"nesting_mode":"set","block":{"attributes":{"address":{"type":"string","description_kind":"plain","required":true},"severity":{"type":"string","description_kind":"plain","required":true}},"description_kind":"plain"}},"sms_notification":{"nesting_mode":"set","block":{"attributes":{"country_code":{"type":"string","description_kind":"plain","optional":true},"number":{"type":"string","description_kind":"plain","required":true},"provider":{"type":"string","description_kind":"plain","optional":true},"severity":{"type":"string","description_kind":"plain","required":true}},"description_kind":"plain"}}},"description_kind":"plain"}},"pingdom_team":{"version":0,"block":{"attributes":{"id":{"type":"string","description_kind":"plain","optional":true,"computed":true},"member_ids":{"type":["set","number"],"description_kind":"plain","optional":true},"name":{"type":"string","description_kind":"plain","required":true}},"description_kind":"plain"}}}}}}
