{"format_version":"0.2","provider_schemas":{"registry.terraform.io/upstash/upstash":{"provider":{"version":0,"block":{"attributes":{"api_key":{"type":"string","description_kind":"plain","required":true,"sensitive":true},"email":{"type":"string","description_kind":"plain","required":true}},"description_kind":"plain"}},"resource_schemas":{"upstash_database":{"version":0,"block":{"attributes":{"consistent":{"type":"bool","description":"When enabled database runs in Consistency Mode","description_kind":"plain","optional":true},"database_id":{"type":"string","description":"Unique Database ID for created database","description_kind":"plain","computed":true},"database_name":{"type":"string","description":"Name of the database","description_kind":"plain","required":true},"endpoint":{"type":"string","description":"Database URL for connection","description_kind":"plain","computed":true},"id":{"type":"string","description_kind":"plain","optional":true,"computed":true},"multi_zone":{"type":"bool","description":"When enabled database is highly available and deployed multi-zone","description_kind":"plain","optional":true},"password":{"type":"string","description":"Password of the database","description_kind":"plain","computed":true,"sensitive":true},"region":{"type":"string","description":"region of the database. Possible values are: \"eu-west-1\", \"us-east-1\", \"us-west-1\", \"ap-northeast-1\" , \"eu-central1\"","description_kind":"plain","required":true},"tls":{"type":"bool","description":"When enabled data is encrypted in transit","description_kind":"plain","optional":true}},"description_kind":"plain"}}},"data_source_schemas":{"upstash_database":{"version":0,"block":{"attributes":{"consistent":{"type":"bool","description":"When enabled database runs in Consistency Mode","description_kind":"plain","computed":true},"database_id":{"type":"string","description":"Unique Database ID for requested database","description_kind":"plain","required":true},"database_name":{"type":"string","description":"Name of the database","description_kind":"plain","computed":true},"endpoint":{"type":"string","description":"Database URL for connection","description_kind":"plain","computed":true},"id":{"type":"string","description_kind":"plain","optional":true,"computed":true},"multi_zone":{"type":"bool","description":"When enabled database is highly available and deployed multi-zone","description_kind":"plain","computed":true},"password":{"type":"string","description":"Password of the database","description_kind":"plain","computed":true,"sensitive":true},"region":{"type":"string","description":"region of the database. Possible values are: \"eu-west-1\", \"us-east-1\", \"us-west-1\", \"ap-northeast-1\" , \"eu-central1\"","description_kind":"plain","computed":true},"tls":{"type":"bool","description":"When enabled data is encrypted in transit","description_kind":"plain","computed":true}},"description_kind":"plain"}}}}}}
