{"format_version":"0.2","provider_schemas":{"registry.terraform.io/utilitywarehouse/megaport":{"provider":{"version":0,"block":{"attributes":{"api_endpoint":{"type":"string","description_kind":"plain","optional":true},"token":{"type":"string","description_kind":"plain","optional":true}},"description_kind":"plain"}},"resource_schemas":{"megaport_aws_vxc":{"version":0,"block":{"attributes":{"id":{"type":"string","description_kind":"plain","optional":true,"computed":true},"invoice_reference":{"type":"string","description_kind":"plain","optional":true},"name":{"type":"string","description_kind":"plain","required":true},"rate_limit":{"type":"number","description_kind":"plain","required":true}},"block_types":{"a_end":{"nesting_mode":"list","block":{"attributes":{"product_uid":{"type":"string","description_kind":"plain","required":true},"vlan":{"type":"number","description_kind":"plain","optional":true,"computed":true}},"description_kind":"plain"},"min_items":1,"max_items":1},"b_end":{"nesting_mode":"list","block":{"attributes":{"aws_account_id":{"type":"string","description_kind":"plain","required":true},"aws_connection_name":{"type":"string","description_kind":"plain","optional":true,"computed":true},"aws_ip_address":{"type":"string","description_kind":"plain","optional":true,"computed":true},"aws_prefixes":{"type":["set","string"],"description_kind":"plain","optional":true},"bgp_auth_key":{"type":"string","description_kind":"plain","optional":true,"computed":true,"sensitive":true},"connected_product_uid":{"type":"string","description_kind":"plain","computed":true},"customer_asn":{"type":"number","description_kind":"plain","required":true},"customer_ip_address":{"type":"string","description_kind":"plain","optional":true,"computed":true},"product_uid":{"type":"string","description_kind":"plain","required":true},"type":{"type":"string","description_kind":"plain","optional":true}},"description_kind":"plain"},"min_items":1,"max_items":1}},"description_kind":"plain"}},"megaport_gcp_vxc":{"version":0,"block":{"attributes":{"id":{"type":"string","description_kind":"plain","optional":true,"computed":true},"invoice_reference":{"type":"string","description_kind":"plain","optional":true},"name":{"type":"string","description_kind":"plain","required":true},"rate_limit":{"type":"number","description_kind":"plain","required":true}},"block_types":{"a_end":{"nesting_mode":"list","block":{"attributes":{"product_uid":{"type":"string","description_kind":"plain","required":true},"vlan":{"type":"number","description_kind":"plain","optional":true,"computed":true}},"description_kind":"plain"},"min_items":1,"max_items":1},"b_end":{"nesting_mode":"list","block":{"attributes":{"connected_product_uid":{"type":"string","description_kind":"plain","computed":true},"pairing_key":{"type":"string","description_kind":"plain","required":true},"product_uid":{"type":"string","description_kind":"plain","required":true}},"description_kind":"plain"},"min_items":1,"max_items":1}},"description_kind":"plain"}},"megaport_mcr":{"version":0,"block":{"attributes":{"asn":{"type":"number","description_kind":"plain","optional":true,"computed":true},"id":{"type":"string","description_kind":"plain","optional":true,"computed":true},"invoice_reference":{"type":"string","description_kind":"plain","optional":true},"location_id":{"type":"number","description_kind":"plain","required":true},"name":{"type":"string","description_kind":"plain","required":true},"rate_limit":{"type":"number","description_kind":"plain","required":true}},"description_kind":"plain"}},"megaport_port":{"version":0,"block":{"attributes":{"id":{"type":"string","description_kind":"plain","optional":true,"computed":true},"invoice_reference":{"type":"string","description_kind":"plain","optional":true},"location_id":{"type":"number","description_kind":"plain","required":true},"marketplace_visibility":{"type":"string","description_kind":"plain","optional":true},"name":{"type":"string","description_kind":"plain","required":true},"speed":{"type":"number","description_kind":"plain","required":true},"term":{"type":"number","description_kind":"plain","required":true}},"description_kind":"plain"}},"megaport_private_vxc":{"version":0,"block":{"attributes":{"id":{"type":"string","description_kind":"plain","optional":true,"computed":true},"invoice_reference":{"type":"string","description_kind":"plain","optional":true},"name":{"type":"string","description_kind":"plain","required":true},"rate_limit":{"type":"number","description_kind":"plain","required":true}},"block_types":{"a_end":{"nesting_mode":"list","block":{"attributes":{"product_uid":{"type":"string","description_kind":"plain","required":true},"vlan":{"type":"number","description_kind":"plain","optional":true,"computed":true}},"description_kind":"plain"},"min_items":1,"max_items":1},"b_end":{"nesting_mode":"list","block":{"attributes":{"product_uid":{"type":"string","description_kind":"plain","required":true},"vlan":{"type":"number","description_kind":"plain","optional":true,"computed":true}},"description_kind":"plain"},"min_items":1,"max_items":1}},"description_kind":"plain"}}},"data_source_schemas":{"megaport_location":{"version":0,"block":{"attributes":{"id":{"type":"string","description_kind":"plain","optional":true,"computed":true},"name_regex":{"type":"string","description_kind":"plain","required":true}},"description_kind":"plain"}},"megaport_partner_port":{"version":0,"block":{"attributes":{"bandwidths":{"type":["list","number"],"description_kind":"plain","computed":true},"id":{"type":"string","description_kind":"plain","optional":true,"computed":true},"name_regex":{"type":"string","description_kind":"plain","required":true}},"block_types":{"aws":{"nesting_mode":"list","block":{"attributes":{"location_id":{"type":"number","description_kind":"plain","required":true},"vxc_permitted":{"type":"bool","description_kind":"plain","optional":true}},"description_kind":"plain"},"max_items":1},"gcp":{"nesting_mode":"list","block":{"attributes":{"pairing_key":{"type":"string","description_kind":"plain","required":true}},"description_kind":"plain"},"max_items":1},"marketplace":{"nesting_mode":"list","block":{"attributes":{"location_id":{"type":"number","description_kind":"plain","required":true},"vxc_permitted":{"type":"bool","description_kind":"plain","optional":true}},"description_kind":"plain"},"max_items":1}},"description_kind":"plain"}},"megaport_port":{"version":0,"block":{"attributes":{"id":{"type":"string","description_kind":"plain","optional":true,"computed":true},"name_regex":{"type":"string","description_kind":"plain","required":true}},"description_kind":"plain"}}}}}}
