{"format_version":"0.2","provider_schemas":{"registry.terraform.io/utilitywarehouse/nebraska":{"provider":{"version":0,"block":{"attributes":{"application_id":{"type":"string","description":"The default application to create resources for. If omitted then `application_id` must be set on each individual resource. Can also be set with the environment variable `NEBRASKA_APPLICATION_ID`.","description_kind":"markdown","optional":true},"endpoint":{"type":"string","description":"The address of the Nebraska server. Can also be set with the environment variable `NEBRASKA_ENDPOINT`.","description_kind":"markdown","optional":true}},"description_kind":"plain"}},"resource_schemas":{"nebraska_channel":{"version":0,"block":{"attributes":{"application_id":{"type":"string","description":"ID of the application this channel belongs to.","description_kind":"markdown","optional":true,"computed":true},"arch":{"type":"string","description":"Arch. Cannot be changed once created.","description_kind":"markdown","required":true},"color":{"type":"string","description":"Hex color code that informs the color of the channel in the UI.","description_kind":"markdown","optional":true,"computed":true},"created_ts":{"type":"string","description":"Creation timestamp.","description_kind":"markdown","computed":true},"id":{"type":"string","description_kind":"plain","optional":true,"computed":true},"name":{"type":"string","description":"Name of the channel. Can be an existing one as long as the arch is different.","description_kind":"markdown","required":true},"package_id":{"type":"string","description":"The id of the package this channel provides.","description_kind":"markdown","optional":true}},"description":"A release channel that provides a particular package version.","description_kind":"markdown"}},"nebraska_group":{"version":0,"block":{"attributes":{"application_id":{"type":"string","description":"ID of the application this group belongs to.","description_kind":"markdown","optional":true,"computed":true},"channel_id":{"type":"string","description":"The channel this group provides.","description_kind":"markdown","optional":true},"created_ts":{"type":"string","description":"Creation timestamp","description_kind":"markdown","computed":true},"description":{"type":"string","description":"A description of the group.","description_kind":"markdown","optional":true},"id":{"type":"string","description_kind":"plain","optional":true,"computed":true},"name":{"type":"string","description":"Name of the group.","description_kind":"markdown","required":true},"policy_max_updates_per_period":{"type":"number","description":"The maximum number of updates that can be performed within the `policy_period_interval`. Defaults to `9999999`.","description_kind":"markdown","optional":true},"policy_office_hours":{"type":"bool","description":"Only update between 9am and 5pm. Defaults to `false`.","description_kind":"markdown","optional":true},"policy_period_interval":{"type":"string","description":"Period used in combination with `policy_max_updates_per_period`. Defaults to `1 minutes`.","description_kind":"markdown","optional":true},"policy_safe_mode":{"type":"bool","description":"Safe mode will only update 1 instance at a time, and stop if an update fails. Defaults to `false`.","description_kind":"markdown","optional":true},"policy_timezone":{"type":"string","description":"Timezone used to inform `policy_office_hours`.","description_kind":"markdown","optional":true,"computed":true},"policy_update_timeout":{"type":"string","description":"Timeout for updates Defaults to `60 minutes`.","description_kind":"markdown","optional":true},"policy_updates_enabled":{"type":"bool","description":"Enable updates. Defaults to `true`.","description_kind":"markdown","optional":true},"rollout_in_progress":{"type":"bool","description":"Indicates whether a rollout is currently in progress for this group.","description_kind":"markdown","computed":true},"track":{"type":"string","description":"Identifier for clients, filled with the group ID if omitted.","description_kind":"markdown","optional":true,"computed":true}},"description":"A group provides a particular release channel to machines and controls various options that manage the update procedure.","description_kind":"markdown"}},"nebraska_package":{"version":0,"block":{"attributes":{"application_id":{"type":"string","description":"ID of the application this package belongs to.","description_kind":"markdown","optional":true,"computed":true},"arch":{"type":"string","description":"Package arch. Defaults to `all`.","description_kind":"markdown","optional":true},"channels_blacklist":{"type":["list","string"],"description":"A list of channels (by id) that cannot point to this package.","description_kind":"markdown","optional":true},"created_ts":{"type":"string","description":"Creation timestamp.","description_kind":"markdown","computed":true},"description":{"type":"string","description":"A description of the package.","description_kind":"markdown","optional":true},"filename":{"type":"string","description":"The filename of the package.","description_kind":"markdown","optional":true},"hash":{"type":"string","description":"A base64 encoded sha1 hash of the package digest. Tip: `cat update.gz | openssl dgst -sha1 -binary | base64`.","description_kind":"markdown","optional":true},"id":{"type":"string","description_kind":"plain","optional":true,"computed":true},"size":{"type":"string","description":"The size, in bytes.","description_kind":"markdown","optional":true},"type":{"type":"string","description":"Type of package. Defaults to `flatcar`.","description_kind":"markdown","optional":true},"url":{"type":"string","description":"URL where the package is available.","description_kind":"markdown","required":true},"version":{"type":"string","description":"Package version.","description_kind":"markdown","required":true}},"block_types":{"flatcar_action":{"nesting_mode":"list","block":{"attributes":{"chromeos_version":{"type":"string","description_kind":"plain","computed":true},"created_ts":{"type":"string","description_kind":"plain","computed":true},"deadline":{"type":"string","description_kind":"plain","computed":true},"disable_payload_backoff":{"type":"bool","description_kind":"plain","computed":true},"event":{"type":"string","description_kind":"plain","computed":true},"id":{"type":"string","description_kind":"plain","computed":true},"is_delta":{"type":"bool","description_kind":"plain","computed":true},"metadata_signature_rsa":{"type":"string","description_kind":"plain","computed":true},"metadata_size":{"type":"string","description_kind":"plain","computed":true},"needs_admin":{"type":"bool","description_kind":"plain","computed":true},"sha256":{"type":"string","description":"A base64 encoded sha256 hash of the action. Tip: `cat update.gz | openssl dgst -sha256 -binary | base64`.","description_kind":"markdown","required":true}},"description":"A Flatcar specific Omaha action.","description_kind":"markdown"},"max_items":1}},"description":"A versioned package of the application.","description_kind":"markdown"}}},"data_source_schemas":{"nebraska_channel":{"version":0,"block":{"attributes":{"application_id":{"type":"string","description":"ID of the application this channel belongs to.","description_kind":"markdown","optional":true,"computed":true},"arch":{"type":"string","description":"Arch.","description_kind":"markdown","required":true},"color":{"type":"string","description":"Hex color code of the channel on the UI.","description_kind":"markdown","optional":true},"created_ts":{"type":"string","description":"Creation timestamp.","description_kind":"markdown","computed":true},"id":{"type":"string","description_kind":"plain","optional":true,"computed":true},"name":{"type":"string","description":"Name of the channel.","description_kind":"markdown","required":true},"package_id":{"type":"string","description":"ID of this channel's package.","description_kind":"markdown","computed":true}},"description":"A release channel that provides a particular package version.","description_kind":"markdown"}},"nebraska_group":{"version":0,"block":{"attributes":{"application_id":{"type":"string","description":"ID of the application this group belongs to.","description_kind":"markdown","optional":true,"computed":true},"channel_id":{"type":"string","description":"The channel this group provides.","description_kind":"markdown","computed":true},"created_ts":{"type":"string","description":"Creation timestamp.","description_kind":"markdown","computed":true},"description":{"type":"string","description":"A description of the group.","description_kind":"markdown","computed":true},"id":{"type":"string","description_kind":"plain","optional":true,"computed":true},"name":{"type":"string","description":"Name of the group.","description_kind":"markdown","required":true},"policy_max_updates_per_period":{"type":"number","description":"The maximum number of updates that can be performed within the `policy_period_interval`.","description_kind":"markdown","computed":true},"policy_office_hours":{"type":"bool","description":"Only update between 9am and 5pm.","description_kind":"markdown","computed":true},"policy_period_interval":{"type":"string","description":"Period used in combination with `policy_max_updates_per_period`.","description_kind":"markdown","computed":true},"policy_safe_mode":{"type":"bool","description":"Safe mode will only update 1 instance at a time, and stop if an update fails.","description_kind":"markdown","computed":true},"policy_timezone":{"type":"string","description":"Timezone used to inform `policy_office_hours`.","description_kind":"markdown","computed":true},"policy_update_timeout":{"type":"string","description":"Timeout for updates.","description_kind":"markdown","computed":true},"policy_updates_enabled":{"type":"bool","description":"Are updates enabled?","description_kind":"markdown","computed":true},"rollout_in_progress":{"type":"bool","description":"Indicates whether a rollout is currently in progress for this group.","description_kind":"markdown","computed":true},"track":{"type":"string","description":"Identifier for clients.","description_kind":"markdown","computed":true}},"description":"A group provides a particular release channel to machines and controls various options that manage the update procedure.","description_kind":"markdown"}},"nebraska_package":{"version":0,"block":{"attributes":{"application_id":{"type":"string","description_kind":"plain","optional":true,"computed":true},"arch":{"type":"string","description":"Package arch.","description_kind":"markdown","required":true},"channels_blacklist":{"type":["list","string"],"description":"A list of channels (by id) that cannot point to this package.","description_kind":"markdown","computed":true},"created_ts":{"type":"string","description":"Creation timestamp.","description_kind":"markdown","computed":true},"description":{"type":"string","description":"A description of the package.","description_kind":"markdown","computed":true},"filename":{"type":"string","description":"The filename of the package.","description_kind":"markdown","computed":true},"flatcar_action":{"type":["list",["object",{"chromeos_version":"string","created_ts":"string","deadline":"string","disable_payload_backoff":"bool","event":"string","id":"string","is_delta":"bool","metadata_signature_rsa":"string","metadata_size":"string","needs_admin":"bool","sha256":"string"}]],"description":"A Flatcar specific Omaha action.","description_kind":"markdown","computed":true},"hash":{"type":"string","description":"A base64 encoded sha1 hash of the package digest.","description_kind":"markdown","computed":true},"id":{"type":"string","description_kind":"plain","optional":true,"computed":true},"size":{"type":"string","description":"The size, in bytes.","description_kind":"markdown","computed":true},"type":{"type":"string","description":"Type of package.","description_kind":"markdown","computed":true},"url":{"type":"string","description":"URL where the package is available.","description_kind":"markdown","computed":true},"version":{"type":"string","description":"Package version.","description_kind":"markdown","required":true}},"description":"A versioned package of the application.","description_kind":"markdown"}}}}}}
