{"format_version":"0.2","provider_schemas":{"registry.terraform.io/valodim/desec":{"provider":{"version":0,"block":{"attributes":{"api_token":{"type":"string","description":"The API token for operations.","description_kind":"plain","optional":true},"api_uri":{"type":"string","description_kind":"plain","optional":true}},"description_kind":"plain"}},"resource_schemas":{"desec_domain":{"version":0,"block":{"attributes":{"created":{"type":"string","description_kind":"plain","computed":true},"id":{"type":"string","description_kind":"plain","optional":true,"computed":true},"keys":{"type":["list",["object",{"dnskey":"string","ds":["set","string"],"flags":"number","keytype":"string"}]],"description_kind":"plain","computed":true},"minimum_ttl":{"type":"number","description_kind":"plain","computed":true},"name":{"type":"string","description_kind":"plain","required":true},"published":{"type":"string","description_kind":"plain","computed":true}},"description_kind":"plain"}},"desec_rrset":{"version":0,"block":{"attributes":{"created":{"type":"string","description_kind":"plain","computed":true},"domain":{"type":"string","description_kind":"plain","required":true},"id":{"type":"string","description_kind":"plain","optional":true,"computed":true},"name":{"type":"string","description_kind":"plain","computed":true},"records":{"type":["set","string"],"description_kind":"plain","required":true},"subname":{"type":"string","description_kind":"plain","required":true},"ttl":{"type":"number","description_kind":"plain","required":true},"type":{"type":"string","description_kind":"plain","required":true}},"description_kind":"plain"}}}}}}
