{"format_version":"0.2","provider_schemas":{"registry.terraform.io/verizondigital/vmp":{"provider":{"version":0,"block":{"attributes":{"account_number":{"type":"string","description":"Account Number to use when only managing a single customer's resources. If managing multiple customers, this parameter should be omitted.","description_kind":"plain","optional":true},"api_address":{"type":"string","description":"The base url of Verizon Media resource APIs. Omit to use the default url. For internal testing.","description_kind":"plain","optional":true},"api_address_legacy":{"type":"string","description":"The base url of legacy Verizon Media resource APIs. Omit to use the default url. For internal testing.","description_kind":"plain","optional":true},"api_token":{"type":"string","description":"API Token for managing the following resources: Origin, CNAME, Customer, Customer User","description_kind":"plain","optional":true},"ids_address":{"type":"string","description":"The base url of Verizon Media identity APIs. Omit to use the default url. For internal testing.","description_kind":"plain","optional":true},"ids_client_id":{"type":"string","description":"OAuth 2.0 Client ID for managing the following resources: Rules Engine Policy","description_kind":"plain","optional":true},"ids_client_secret":{"type":"string","description":"OAuth 2.0 Client Secret for managing the following resources: Rules Engine Policy","description_kind":"plain","optional":true},"ids_scope":{"type":"string","description":"OAuth 2.0 Scopes for managing the following resources: Rules Engine Policy","description_kind":"plain","optional":true},"partner_id":{"type":"number","description":"Partner ID to impersonate. If using PCC or MCC credentials, this parameter will be ignored.","description_kind":"plain","optional":true},"partner_user_id":{"type":"number","description":"Partner User ID to impersonate. If using PCC or MCC credentials, this parameter will be ignored.","description_kind":"plain","optional":true}},"description_kind":"plain"}},"resource_schemas":{"vmp_cname":{"version":0,"block":{"attributes":{"account_number":{"type":"string","description":"Account Number for the customer if not already specified in the provider configuration.","description_kind":"plain","optional":true},"id":{"type":"string","description_kind":"plain","optional":true,"computed":true},"name":{"type":"string","description":"Sets the name that will be assigned to the edge CNAME. It should only contain lower-case alphanumeric characters, dashes, and periods. The name specified for this parameter should also be defined as a CNAME record on a DNS server. The CNAME record defined on the DNS server should point to the CDN hostname (e.g., wpc.0001.edgecastcdn.net) for the platform identified by the `platform` parameter","description_kind":"plain","required":true},"origin_id":{"type":"number","description":"Identifies whether an edge CNAME will be created for a CDN origin server or a customer origin server. Valid values: -1: Indicates that you would like to create an edge CNAME for our CDN storage service, CustomerOriginID: Specifying an ID for an existing customer origin configuration indicates that you would like to create an edge CNAME for that customer origin","description_kind":"plain","required":true},"origin_type":{"type":"number","description":"Indicates the type of origin server the CNAME is created on. Default: `80` to indicate a Customer Origin","description_kind":"plain","optional":true},"type":{"type":"number","description":"Identifies the Delivery Platform on which the edge CNAME will be created. 3:Http Large, 8:HTTP Small, 14: ADN","description_kind":"plain","required":true}},"description_kind":"plain"}},"vmp_customer":{"version":0,"block":{"attributes":{"access_modules":{"type":["list","number"],"description_kind":"plain","optional":true},"account_id":{"type":"string","description_kind":"plain","optional":true},"address1":{"type":"string","description_kind":"plain","optional":true},"address2":{"type":"string","description_kind":"plain","optional":true},"bandwidth_usage_limit":{"type":"string","description_kind":"plain","optional":true},"billing_account_tag":{"type":"string","description_kind":"plain","optional":true},"billing_address1":{"type":"string","description_kind":"plain","optional":true},"billing_address2":{"type":"string","description_kind":"plain","optional":true},"billing_city":{"type":"string","description_kind":"plain","optional":true},"billing_contact_email":{"type":"string","description_kind":"plain","optional":true},"billing_contact_fax":{"type":"string","description_kind":"plain","optional":true},"billing_contact_first_name":{"type":"string","description_kind":"plain","optional":true},"billing_contact_last_name":{"type":"string","description_kind":"plain","optional":true},"billing_contact_mobile":{"type":"string","description_kind":"plain","optional":true},"billing_contact_phone":{"type":"string","description_kind":"plain","optional":true},"billing_contact_title":{"type":"string","description_kind":"plain","optional":true},"billing_country":{"type":"string","description_kind":"plain","optional":true},"billing_rate_info":{"type":"string","description_kind":"plain","optional":true},"billing_state":{"type":"string","description_kind":"plain","optional":true},"billing_zip":{"type":"string","description_kind":"plain","optional":true},"city":{"type":"string","description_kind":"plain","optional":true},"company_name":{"type":"string","description_kind":"plain","required":true},"contact_email":{"type":"string","description_kind":"plain","optional":true},"contact_fax":{"type":"string","description_kind":"plain","optional":true},"contact_first_name":{"type":"string","description_kind":"plain","optional":true},"contact_last_name":{"type":"string","description_kind":"plain","optional":true},"contact_mobile":{"type":"string","description_kind":"plain","optional":true},"contact_phone":{"type":"string","description_kind":"plain","optional":true},"contact_title":{"type":"string","description_kind":"plain","optional":true},"country":{"type":"string","description_kind":"plain","optional":true},"data_transferred_usage_limit":{"type":"string","description_kind":"plain","optional":true},"delivery_region":{"type":"number","description_kind":"plain","optional":true},"id":{"type":"string","description_kind":"plain","optional":true,"computed":true},"notes":{"type":"string","description_kind":"plain","optional":true},"partner_id":{"type":"number","description_kind":"plain","computed":true},"partner_name":{"type":"string","description_kind":"plain","computed":true},"service_level_code":{"type":"string","description_kind":"plain","required":true},"services":{"type":["list","number"],"description_kind":"plain","optional":true},"state":{"type":"string","description_kind":"plain","optional":true},"status":{"type":"number","description_kind":"plain","computed":true},"usage_limit_update_date":{"type":"string","description_kind":"plain","computed":true},"website":{"type":"string","description_kind":"plain","optional":true},"wholesale_id":{"type":"number","description_kind":"plain","computed":true},"wholesale_name":{"type":"string","description_kind":"plain","computed":true},"zip":{"type":"string","description_kind":"plain","optional":true}},"description_kind":"plain"}},"vmp_customer_user":{"version":0,"block":{"attributes":{"account_number":{"type":"string","description_kind":"plain","required":true},"address1":{"type":"string","description_kind":"plain","optional":true},"address2":{"type":"string","description_kind":"plain","optional":true},"city":{"type":"string","description_kind":"plain","optional":true},"country":{"type":"string","description_kind":"plain","optional":true},"custom_id":{"type":"string","description_kind":"plain","computed":true},"email":{"type":"string","description_kind":"plain","optional":true},"fax":{"type":"string","description_kind":"plain","optional":true},"first_name":{"type":"string","description_kind":"plain","optional":true},"id":{"type":"string","description_kind":"plain","optional":true,"computed":true},"is_admin":{"type":"bool","description_kind":"plain","optional":true},"last_login_date":{"type":"string","description_kind":"plain","computed":true},"last_name":{"type":"string","description_kind":"plain","optional":true},"mobile":{"type":"string","description_kind":"plain","optional":true},"phone":{"type":"string","description_kind":"plain","optional":true},"state":{"type":"string","description_kind":"plain","optional":true},"time_zone_id":{"type":"number","description_kind":"plain","optional":true},"title":{"type":"string","description_kind":"plain","optional":true},"zip":{"type":"string","description_kind":"plain","optional":true}},"description_kind":"plain"}},"vmp_dns_group":{"version":0,"block":{"attributes":{"account_number":{"type":"string","description":"Account Number for the customer if not already specified in the provider configuration.","description_kind":"plain","required":true},"fixed_group_id":{"type":"number","description_kind":"plain","computed":true},"fixed_zone_id":{"type":"number","description_kind":"plain","computed":true},"group_id":{"type":"number","description_kind":"plain","computed":true},"group_product_type":{"type":"string","description_kind":"plain","required":true},"group_product_type_id":{"type":"number","description_kind":"plain","optional":true},"group_type":{"type":"string","description_kind":"plain","required":true},"group_type_id":{"type":"number","description_kind":"plain","optional":true},"id":{"type":"string","description_kind":"plain","optional":true,"computed":true},"name":{"type":"string","description_kind":"plain","required":true},"zone_id":{"type":"number","description_kind":"plain","computed":true}},"block_types":{"a":{"nesting_mode":"list","block":{"attributes":{"weight":{"type":"number","description_kind":"plain","required":true}},"block_types":{"health_check":{"nesting_mode":"list","block":{"attributes":{"check_interval":{"type":"number","description_kind":"plain","required":true},"check_type_id":{"type":"number","description_kind":"plain","required":true},"content_verification":{"type":"string","description_kind":"plain","required":true},"email_notification_address":{"type":"string","description_kind":"plain","required":true},"failed_check_threshold":{"type":"number","description_kind":"plain","required":true},"fixed_id":{"type":"number","description_kind":"plain","computed":true},"fixed_record_id":{"type":"number","description_kind":"plain","computed":true},"group_id":{"type":"number","description_kind":"plain","computed":true},"http_method_id":{"type":"number","description_kind":"plain","required":true},"id":{"type":"number","description_kind":"plain","computed":true},"ip_address":{"type":"string","description_kind":"plain","required":true},"ip_version":{"type":"number","description_kind":"plain","required":true},"port_number":{"type":"string","description_kind":"plain","optional":true},"record_id":{"type":"number","description_kind":"plain","computed":true},"reintegration_method_id":{"type":"number","description_kind":"plain","required":true},"status":{"type":"number","description_kind":"plain","optional":true},"status_name":{"type":"string","description_kind":"plain","optional":true},"timeout":{"type":"number","description_kind":"plain","optional":true},"uri":{"type":"string","description_kind":"plain","required":true}},"description_kind":"plain"}},"record":{"nesting_mode":"list","block":{"attributes":{"fixed_group_id":{"type":"number","description_kind":"plain","optional":true},"fixed_record_id":{"type":"number","description_kind":"plain","optional":true},"fixed_zone_id":{"type":"number","description_kind":"plain","optional":true},"group_id":{"type":"number","description_kind":"plain","optional":true},"is_delete":{"type":"bool","description_kind":"plain","optional":true},"name":{"type":"string","description_kind":"plain","required":true},"rdata":{"type":"string","description_kind":"plain","required":true},"record_id":{"type":"number","description_kind":"plain","computed":true},"record_type_id":{"type":"number","description_kind":"plain","optional":true},"record_type_name":{"type":"string","description_kind":"plain","optional":true},"ttl":{"type":"number","description_kind":"plain","required":true},"verify_id":{"type":"number","description_kind":"plain","optional":true},"weight":{"type":"number","description_kind":"plain","optional":true},"zone_id":{"type":"number","description_kind":"plain","optional":true}},"description_kind":"plain"},"min_items":1}},"description_kind":"plain"}},"aaaa":{"nesting_mode":"list","block":{"attributes":{"weight":{"type":"number","description_kind":"plain","required":true}},"block_types":{"health_check":{"nesting_mode":"list","block":{"attributes":{"check_interval":{"type":"number","description_kind":"plain","required":true},"check_type_id":{"type":"number","description_kind":"plain","required":true},"content_verification":{"type":"string","description_kind":"plain","required":true},"email_notification_address":{"type":"string","description_kind":"plain","required":true},"failed_check_threshold":{"type":"number","description_kind":"plain","required":true},"fixed_id":{"type":"number","description_kind":"plain","computed":true},"fixed_record_id":{"type":"number","description_kind":"plain","computed":true},"group_id":{"type":"number","description_kind":"plain","computed":true},"http_method_id":{"type":"number","description_kind":"plain","required":true},"id":{"type":"number","description_kind":"plain","computed":true},"ip_address":{"type":"string","description_kind":"plain","required":true},"ip_version":{"type":"number","description_kind":"plain","required":true},"port_number":{"type":"string","description_kind":"plain","optional":true},"record_id":{"type":"number","description_kind":"plain","computed":true},"reintegration_method_id":{"type":"number","description_kind":"plain","required":true},"status":{"type":"number","description_kind":"plain","optional":true},"status_name":{"type":"string","description_kind":"plain","optional":true},"timeout":{"type":"number","description_kind":"plain","optional":true},"uri":{"type":"string","description_kind":"plain","required":true}},"description_kind":"plain"}},"record":{"nesting_mode":"list","block":{"attributes":{"fixed_group_id":{"type":"number","description_kind":"plain","optional":true},"fixed_record_id":{"type":"number","description_kind":"plain","optional":true},"fixed_zone_id":{"type":"number","description_kind":"plain","optional":true},"group_id":{"type":"number","description_kind":"plain","optional":true},"is_delete":{"type":"bool","description_kind":"plain","optional":true},"name":{"type":"string","description_kind":"plain","required":true},"rdata":{"type":"string","description_kind":"plain","required":true},"record_id":{"type":"number","description_kind":"plain","computed":true},"record_type_id":{"type":"number","description_kind":"plain","optional":true},"record_type_name":{"type":"string","description_kind":"plain","optional":true},"ttl":{"type":"number","description_kind":"plain","required":true},"verify_id":{"type":"number","description_kind":"plain","optional":true},"weight":{"type":"number","description_kind":"plain","optional":true},"zone_id":{"type":"number","description_kind":"plain","optional":true}},"description_kind":"plain"},"min_items":1}},"description_kind":"plain"}},"cname":{"nesting_mode":"list","block":{"attributes":{"weight":{"type":"number","description_kind":"plain","required":true}},"block_types":{"health_check":{"nesting_mode":"list","block":{"attributes":{"check_interval":{"type":"number","description_kind":"plain","required":true},"check_type_id":{"type":"number","description_kind":"plain","required":true},"content_verification":{"type":"string","description_kind":"plain","required":true},"email_notification_address":{"type":"string","description_kind":"plain","required":true},"failed_check_threshold":{"type":"number","description_kind":"plain","required":true},"fixed_id":{"type":"number","description_kind":"plain","computed":true},"fixed_record_id":{"type":"number","description_kind":"plain","computed":true},"group_id":{"type":"number","description_kind":"plain","computed":true},"http_method_id":{"type":"number","description_kind":"plain","required":true},"id":{"type":"number","description_kind":"plain","computed":true},"ip_address":{"type":"string","description_kind":"plain","required":true},"ip_version":{"type":"number","description_kind":"plain","required":true},"port_number":{"type":"string","description_kind":"plain","optional":true},"record_id":{"type":"number","description_kind":"plain","computed":true},"reintegration_method_id":{"type":"number","description_kind":"plain","required":true},"status":{"type":"number","description_kind":"plain","optional":true},"status_name":{"type":"string","description_kind":"plain","optional":true},"timeout":{"type":"number","description_kind":"plain","optional":true},"uri":{"type":"string","description_kind":"plain","required":true}},"description_kind":"plain"}},"record":{"nesting_mode":"list","block":{"attributes":{"fixed_group_id":{"type":"number","description_kind":"plain","optional":true},"fixed_record_id":{"type":"number","description_kind":"plain","optional":true},"fixed_zone_id":{"type":"number","description_kind":"plain","optional":true},"group_id":{"type":"number","description_kind":"plain","optional":true},"is_delete":{"type":"bool","description_kind":"plain","optional":true},"name":{"type":"string","description_kind":"plain","required":true},"rdata":{"type":"string","description_kind":"plain","required":true},"record_id":{"type":"number","description_kind":"plain","computed":true},"record_type_id":{"type":"number","description_kind":"plain","optional":true},"record_type_name":{"type":"string","description_kind":"plain","optional":true},"ttl":{"type":"number","description_kind":"plain","required":true},"verify_id":{"type":"number","description_kind":"plain","optional":true},"weight":{"type":"number","description_kind":"plain","optional":true},"zone_id":{"type":"number","description_kind":"plain","optional":true}},"description_kind":"plain"},"min_items":1}},"description_kind":"plain"}}},"description_kind":"plain"}},"vmp_dns_masterservergroup":{"version":0,"block":{"attributes":{"account_number":{"type":"string","description":"Account Number for the customer if not already specified in the provider configuration.","description_kind":"plain","required":true},"id":{"type":"string","description_kind":"plain","optional":true,"computed":true},"master_group_id":{"type":"number","description":"Master Server GroupID.","description_kind":"plain","computed":true},"master_server_group_name":{"type":"string","description":"Master Server Group Name","description_kind":"plain","optional":true}},"block_types":{"masters":{"nesting_mode":"list","block":{"attributes":{"id":{"type":"number","description_kind":"plain","computed":true},"ipaddress":{"type":"string","description_kind":"plain","required":true},"name":{"type":"string","description_kind":"plain","required":true}},"description":"List of Master Server in the Master Server Group","description_kind":"plain"},"min_items":1}},"description_kind":"plain"}},"vmp_dns_secondaryzonegroup":{"version":0,"block":{"attributes":{"account_number":{"type":"string","description":"Account Number for the customer if not already specified in the provider configuration.","description_kind":"plain","required":true},"id":{"type":"string","description_kind":"plain","optional":true,"computed":true},"name":{"type":"string","description":"Secondary Group Name.","description_kind":"plain","required":true}},"block_types":{"zone_composition":{"nesting_mode":"list","block":{"attributes":{"master_group_id":{"type":"number","description":"master group id","description_kind":"plain","required":true}},"block_types":{"master_server_tsigs":{"nesting_mode":"list","block":{"block_types":{"master_server":{"nesting_mode":"list","block":{"attributes":{"master_server_id":{"type":"number","description":"Referenced master server id","description_kind":"plain","required":true}},"description_kind":"plain"},"min_items":1},"tsig":{"nesting_mode":"list","block":{"attributes":{"tsig_id":{"type":"number","description":"Referenced tsig id","description_kind":"plain","required":true}},"description_kind":"plain"},"min_items":1}},"description_kind":"plain"},"min_items":1},"zones":{"nesting_mode":"list","block":{"attributes":{"comment":{"type":"string","description":"Comment, at least provide an empty string.","description_kind":"plain","required":true},"domain_name":{"type":"string","description":"secondary domain zone name","description_kind":"plain","required":true},"status":{"type":"number","description":"1:Active","description_kind":"plain","required":true},"zone_type":{"type":"number","description":"2:SecondaryZone","description_kind":"plain","required":true}},"description_kind":"plain"},"min_items":1}},"description":"Collection of Secondary Zone Info","description_kind":"plain"},"min_items":1}},"description_kind":"plain"}},"vmp_dns_tsig":{"version":0,"block":{"attributes":{"account_number":{"type":"string","description":"Account Number for the customer if not already specified in the provider configuration.","description_kind":"plain","required":true},"algorithm_name":{"type":"string","description":"tsig encryption type:[HMAC-MD5,HMAC-SHA1,HMAC-SHA256,HMAC-SHA384,HMAC-SHA224,HMAC-SHA512]","description_kind":"plain","required":true},"alias":{"type":"string","description":"Alias.","description_kind":"plain","required":true},"id":{"type":"string","description_kind":"plain","optional":true,"computed":true},"key_name":{"type":"string","description":"tsig key name","description_kind":"plain","required":true},"key_value":{"type":"string","description":"tsig value","description_kind":"plain","required":true}},"description_kind":"plain"}},"vmp_dns_zone":{"version":0,"block":{"attributes":{"account_number":{"type":"string","description":"Account Number for the customer if not already specified in the provider configuration.","description_kind":"plain","required":true},"comment":{"type":"string","description":"Comment","description_kind":"plain","optional":true},"domain_name":{"type":"string","description":"Domain Name.","description_kind":"plain","required":true},"fixed_zone_id":{"type":"number","description":"FixedZoneID","description_kind":"plain","computed":true},"id":{"type":"string","description_kind":"plain","optional":true,"computed":true},"is_customer_owned":{"type":"bool","description":"is customer owned","description_kind":"plain","optional":true},"status":{"type":"number","description":"Status.","description_kind":"plain","required":true},"status_name":{"type":"string","description":"Status.","description_kind":"plain","optional":true},"zone_id":{"type":"number","description":"ZoneID","description_kind":"plain","computed":true},"zone_type":{"type":"number","description":"Zone Type.","description_kind":"plain","required":true}},"block_types":{"dnsroute_group":{"nesting_mode":"list","block":{"attributes":{"fixed_group_id":{"type":"number","description_kind":"plain","computed":true},"fixed_zone_id":{"type":"number","description_kind":"plain","computed":true},"group_id":{"type":"number","description_kind":"plain","computed":true},"group_product_type":{"type":"string","description_kind":"plain","required":true},"group_product_type_id":{"type":"number","description_kind":"plain","optional":true},"group_type":{"type":"string","description_kind":"plain","required":true},"group_type_id":{"type":"number","description_kind":"plain","optional":true},"id":{"type":"string","description_kind":"plain","computed":true},"name":{"type":"string","description_kind":"plain","required":true},"zone_id":{"type":"number","description_kind":"plain","computed":true}},"block_types":{"a":{"nesting_mode":"list","block":{"attributes":{"weight":{"type":"number","description_kind":"plain","required":true}},"block_types":{"health_check":{"nesting_mode":"list","block":{"attributes":{"check_interval":{"type":"number","description_kind":"plain","required":true},"check_type_id":{"type":"number","description_kind":"plain","required":true},"content_verification":{"type":"string","description_kind":"plain","required":true},"email_notification_address":{"type":"string","description_kind":"plain","required":true},"failed_check_threshold":{"type":"number","description_kind":"plain","required":true},"fixed_id":{"type":"number","description_kind":"plain","computed":true},"fixed_record_id":{"type":"number","description_kind":"plain","computed":true},"group_id":{"type":"number","description_kind":"plain","computed":true},"http_method_id":{"type":"number","description_kind":"plain","required":true},"id":{"type":"number","description_kind":"plain","computed":true},"ip_address":{"type":"string","description_kind":"plain","required":true},"ip_version":{"type":"number","description_kind":"plain","required":true},"port_number":{"type":"string","description_kind":"plain","optional":true},"record_id":{"type":"number","description_kind":"plain","computed":true},"reintegration_method_id":{"type":"number","description_kind":"plain","required":true},"status":{"type":"number","description_kind":"plain","optional":true},"status_name":{"type":"string","description_kind":"plain","optional":true},"timeout":{"type":"number","description_kind":"plain","optional":true},"uri":{"type":"string","description_kind":"plain","required":true}},"description_kind":"plain"}},"record":{"nesting_mode":"list","block":{"attributes":{"fixed_group_id":{"type":"number","description_kind":"plain","optional":true},"fixed_record_id":{"type":"number","description_kind":"plain","optional":true},"fixed_zone_id":{"type":"number","description_kind":"plain","optional":true},"group_id":{"type":"number","description_kind":"plain","optional":true},"is_delete":{"type":"bool","description_kind":"plain","optional":true},"name":{"type":"string","description_kind":"plain","required":true},"rdata":{"type":"string","description_kind":"plain","required":true},"record_id":{"type":"number","description_kind":"plain","computed":true},"record_type_id":{"type":"number","description_kind":"plain","optional":true},"record_type_name":{"type":"string","description_kind":"plain","optional":true},"ttl":{"type":"number","description_kind":"plain","required":true},"verify_id":{"type":"number","description_kind":"plain","optional":true},"weight":{"type":"number","description_kind":"plain","optional":true},"zone_id":{"type":"number","description_kind":"plain","optional":true}},"description_kind":"plain"},"min_items":1}},"description_kind":"plain"}},"aaaa":{"nesting_mode":"list","block":{"attributes":{"weight":{"type":"number","description_kind":"plain","required":true}},"block_types":{"health_check":{"nesting_mode":"list","block":{"attributes":{"check_interval":{"type":"number","description_kind":"plain","required":true},"check_type_id":{"type":"number","description_kind":"plain","required":true},"content_verification":{"type":"string","description_kind":"plain","required":true},"email_notification_address":{"type":"string","description_kind":"plain","required":true},"failed_check_threshold":{"type":"number","description_kind":"plain","required":true},"fixed_id":{"type":"number","description_kind":"plain","computed":true},"fixed_record_id":{"type":"number","description_kind":"plain","computed":true},"group_id":{"type":"number","description_kind":"plain","computed":true},"http_method_id":{"type":"number","description_kind":"plain","required":true},"id":{"type":"number","description_kind":"plain","computed":true},"ip_address":{"type":"string","description_kind":"plain","required":true},"ip_version":{"type":"number","description_kind":"plain","required":true},"port_number":{"type":"string","description_kind":"plain","optional":true},"record_id":{"type":"number","description_kind":"plain","computed":true},"reintegration_method_id":{"type":"number","description_kind":"plain","required":true},"status":{"type":"number","description_kind":"plain","optional":true},"status_name":{"type":"string","description_kind":"plain","optional":true},"timeout":{"type":"number","description_kind":"plain","optional":true},"uri":{"type":"string","description_kind":"plain","required":true}},"description_kind":"plain"}},"record":{"nesting_mode":"list","block":{"attributes":{"fixed_group_id":{"type":"number","description_kind":"plain","optional":true},"fixed_record_id":{"type":"number","description_kind":"plain","optional":true},"fixed_zone_id":{"type":"number","description_kind":"plain","optional":true},"group_id":{"type":"number","description_kind":"plain","optional":true},"is_delete":{"type":"bool","description_kind":"plain","optional":true},"name":{"type":"string","description_kind":"plain","required":true},"rdata":{"type":"string","description_kind":"plain","required":true},"record_id":{"type":"number","description_kind":"plain","computed":true},"record_type_id":{"type":"number","description_kind":"plain","optional":true},"record_type_name":{"type":"string","description_kind":"plain","optional":true},"ttl":{"type":"number","description_kind":"plain","required":true},"verify_id":{"type":"number","description_kind":"plain","optional":true},"weight":{"type":"number","description_kind":"plain","optional":true},"zone_id":{"type":"number","description_kind":"plain","optional":true}},"description_kind":"plain"},"min_items":1}},"description_kind":"plain"}},"cname":{"nesting_mode":"list","block":{"attributes":{"weight":{"type":"number","description_kind":"plain","required":true}},"block_types":{"health_check":{"nesting_mode":"list","block":{"attributes":{"check_interval":{"type":"number","description_kind":"plain","required":true},"check_type_id":{"type":"number","description_kind":"plain","required":true},"content_verification":{"type":"string","description_kind":"plain","required":true},"email_notification_address":{"type":"string","description_kind":"plain","required":true},"failed_check_threshold":{"type":"number","description_kind":"plain","required":true},"fixed_id":{"type":"number","description_kind":"plain","computed":true},"fixed_record_id":{"type":"number","description_kind":"plain","computed":true},"group_id":{"type":"number","description_kind":"plain","computed":true},"http_method_id":{"type":"number","description_kind":"plain","required":true},"id":{"type":"number","description_kind":"plain","computed":true},"ip_address":{"type":"string","description_kind":"plain","required":true},"ip_version":{"type":"number","description_kind":"plain","required":true},"port_number":{"type":"string","description_kind":"plain","optional":true},"record_id":{"type":"number","description_kind":"plain","computed":true},"reintegration_method_id":{"type":"number","description_kind":"plain","required":true},"status":{"type":"number","description_kind":"plain","optional":true},"status_name":{"type":"string","description_kind":"plain","optional":true},"timeout":{"type":"number","description_kind":"plain","optional":true},"uri":{"type":"string","description_kind":"plain","required":true}},"description_kind":"plain"}},"record":{"nesting_mode":"list","block":{"attributes":{"fixed_group_id":{"type":"number","description_kind":"plain","optional":true},"fixed_record_id":{"type":"number","description_kind":"plain","optional":true},"fixed_zone_id":{"type":"number","description_kind":"plain","optional":true},"group_id":{"type":"number","description_kind":"plain","optional":true},"is_delete":{"type":"bool","description_kind":"plain","optional":true},"name":{"type":"string","description_kind":"plain","required":true},"rdata":{"type":"string","description_kind":"plain","required":true},"record_id":{"type":"number","description_kind":"plain","computed":true},"record_type_id":{"type":"number","description_kind":"plain","optional":true},"record_type_name":{"type":"string","description_kind":"plain","optional":true},"ttl":{"type":"number","description_kind":"plain","required":true},"verify_id":{"type":"number","description_kind":"plain","optional":true},"weight":{"type":"number","description_kind":"plain","optional":true},"zone_id":{"type":"number","description_kind":"plain","optional":true}},"description_kind":"plain"},"min_items":1}},"description_kind":"plain"}}},"description_kind":"plain"}},"record_a":{"nesting_mode":"list","block":{"attributes":{"fixed_group_id":{"type":"number","description_kind":"plain","optional":true},"fixed_record_id":{"type":"number","description_kind":"plain","optional":true},"fixed_zone_id":{"type":"number","description_kind":"plain","optional":true},"group_id":{"type":"number","description_kind":"plain","optional":true},"is_delete":{"type":"bool","description_kind":"plain","optional":true},"name":{"type":"string","description_kind":"plain","required":true},"rdata":{"type":"string","description_kind":"plain","required":true},"record_id":{"type":"number","description_kind":"plain","computed":true},"record_type_id":{"type":"number","description_kind":"plain","optional":true},"record_type_name":{"type":"string","description_kind":"plain","optional":true},"ttl":{"type":"number","description_kind":"plain","required":true},"verify_id":{"type":"number","description_kind":"plain","optional":true},"weight":{"type":"number","description_kind":"plain","optional":true},"zone_id":{"type":"number","description_kind":"plain","optional":true}},"description":"List of A records","description_kind":"plain"}},"record_aaaa":{"nesting_mode":"list","block":{"attributes":{"fixed_group_id":{"type":"number","description_kind":"plain","optional":true},"fixed_record_id":{"type":"number","description_kind":"plain","optional":true},"fixed_zone_id":{"type":"number","description_kind":"plain","optional":true},"group_id":{"type":"number","description_kind":"plain","optional":true},"is_delete":{"type":"bool","description_kind":"plain","optional":true},"name":{"type":"string","description_kind":"plain","required":true},"rdata":{"type":"string","description_kind":"plain","required":true},"record_id":{"type":"number","description_kind":"plain","computed":true},"record_type_id":{"type":"number","description_kind":"plain","optional":true},"record_type_name":{"type":"string","description_kind":"plain","optional":true},"ttl":{"type":"number","description_kind":"plain","required":true},"verify_id":{"type":"number","description_kind":"plain","optional":true},"weight":{"type":"number","description_kind":"plain","optional":true},"zone_id":{"type":"number","description_kind":"plain","optional":true}},"description":"List of A records","description_kind":"plain"}},"record_caa":{"nesting_mode":"list","block":{"attributes":{"fixed_group_id":{"type":"number","description_kind":"plain","optional":true},"fixed_record_id":{"type":"number","description_kind":"plain","optional":true},"fixed_zone_id":{"type":"number","description_kind":"plain","optional":true},"group_id":{"type":"number","description_kind":"plain","optional":true},"is_delete":{"type":"bool","description_kind":"plain","optional":true},"name":{"type":"string","description_kind":"plain","required":true},"rdata":{"type":"string","description_kind":"plain","required":true},"record_id":{"type":"number","description_kind":"plain","computed":true},"record_type_id":{"type":"number","description_kind":"plain","optional":true},"record_type_name":{"type":"string","description_kind":"plain","optional":true},"ttl":{"type":"number","description_kind":"plain","required":true},"verify_id":{"type":"number","description_kind":"plain","optional":true},"weight":{"type":"number","description_kind":"plain","optional":true},"zone_id":{"type":"number","description_kind":"plain","optional":true}},"description":"List of A records","description_kind":"plain"}},"record_cname":{"nesting_mode":"list","block":{"attributes":{"fixed_group_id":{"type":"number","description_kind":"plain","optional":true},"fixed_record_id":{"type":"number","description_kind":"plain","optional":true},"fixed_zone_id":{"type":"number","description_kind":"plain","optional":true},"group_id":{"type":"number","description_kind":"plain","optional":true},"is_delete":{"type":"bool","description_kind":"plain","optional":true},"name":{"type":"string","description_kind":"plain","required":true},"rdata":{"type":"string","description_kind":"plain","required":true},"record_id":{"type":"number","description_kind":"plain","computed":true},"record_type_id":{"type":"number","description_kind":"plain","optional":true},"record_type_name":{"type":"string","description_kind":"plain","optional":true},"ttl":{"type":"number","description_kind":"plain","required":true},"verify_id":{"type":"number","description_kind":"plain","optional":true},"weight":{"type":"number","description_kind":"plain","optional":true},"zone_id":{"type":"number","description_kind":"plain","optional":true}},"description":"List of A records","description_kind":"plain"}},"record_dlv":{"nesting_mode":"list","block":{"attributes":{"fixed_group_id":{"type":"number","description_kind":"plain","optional":true},"fixed_record_id":{"type":"number","description_kind":"plain","optional":true},"fixed_zone_id":{"type":"number","description_kind":"plain","optional":true},"group_id":{"type":"number","description_kind":"plain","optional":true},"is_delete":{"type":"bool","description_kind":"plain","optional":true},"name":{"type":"string","description_kind":"plain","required":true},"rdata":{"type":"string","description_kind":"plain","required":true},"record_id":{"type":"number","description_kind":"plain","computed":true},"record_type_id":{"type":"number","description_kind":"plain","optional":true},"record_type_name":{"type":"string","description_kind":"plain","optional":true},"ttl":{"type":"number","description_kind":"plain","required":true},"verify_id":{"type":"number","description_kind":"plain","optional":true},"weight":{"type":"number","description_kind":"plain","optional":true},"zone_id":{"type":"number","description_kind":"plain","optional":true}},"description":"List of A records","description_kind":"plain"}},"record_dnskey":{"nesting_mode":"list","block":{"attributes":{"fixed_group_id":{"type":"number","description_kind":"plain","optional":true},"fixed_record_id":{"type":"number","description_kind":"plain","optional":true},"fixed_zone_id":{"type":"number","description_kind":"plain","optional":true},"group_id":{"type":"number","description_kind":"plain","optional":true},"is_delete":{"type":"bool","description_kind":"plain","optional":true},"name":{"type":"string","description_kind":"plain","required":true},"rdata":{"type":"string","description_kind":"plain","required":true},"record_id":{"type":"number","description_kind":"plain","computed":true},"record_type_id":{"type":"number","description_kind":"plain","optional":true},"record_type_name":{"type":"string","description_kind":"plain","optional":true},"ttl":{"type":"number","description_kind":"plain","required":true},"verify_id":{"type":"number","description_kind":"plain","optional":true},"weight":{"type":"number","description_kind":"plain","optional":true},"zone_id":{"type":"number","description_kind":"plain","optional":true}},"description":"List of A records","description_kind":"plain"}},"record_ds":{"nesting_mode":"list","block":{"attributes":{"fixed_group_id":{"type":"number","description_kind":"plain","optional":true},"fixed_record_id":{"type":"number","description_kind":"plain","optional":true},"fixed_zone_id":{"type":"number","description_kind":"plain","optional":true},"group_id":{"type":"number","description_kind":"plain","optional":true},"is_delete":{"type":"bool","description_kind":"plain","optional":true},"name":{"type":"string","description_kind":"plain","required":true},"rdata":{"type":"string","description_kind":"plain","required":true},"record_id":{"type":"number","description_kind":"plain","computed":true},"record_type_id":{"type":"number","description_kind":"plain","optional":true},"record_type_name":{"type":"string","description_kind":"plain","optional":true},"ttl":{"type":"number","description_kind":"plain","required":true},"verify_id":{"type":"number","description_kind":"plain","optional":true},"weight":{"type":"number","description_kind":"plain","optional":true},"zone_id":{"type":"number","description_kind":"plain","optional":true}},"description":"List of A records","description_kind":"plain"}},"record_mx":{"nesting_mode":"list","block":{"attributes":{"fixed_group_id":{"type":"number","description_kind":"plain","optional":true},"fixed_record_id":{"type":"number","description_kind":"plain","optional":true},"fixed_zone_id":{"type":"number","description_kind":"plain","optional":true},"group_id":{"type":"number","description_kind":"plain","optional":true},"is_delete":{"type":"bool","description_kind":"plain","optional":true},"name":{"type":"string","description_kind":"plain","required":true},"rdata":{"type":"string","description_kind":"plain","required":true},"record_id":{"type":"number","description_kind":"plain","computed":true},"record_type_id":{"type":"number","description_kind":"plain","optional":true},"record_type_name":{"type":"string","description_kind":"plain","optional":true},"ttl":{"type":"number","description_kind":"plain","required":true},"verify_id":{"type":"number","description_kind":"plain","optional":true},"weight":{"type":"number","description_kind":"plain","optional":true},"zone_id":{"type":"number","description_kind":"plain","optional":true}},"description":"List of A records","description_kind":"plain"}},"record_ns":{"nesting_mode":"list","block":{"attributes":{"fixed_group_id":{"type":"number","description_kind":"plain","optional":true},"fixed_record_id":{"type":"number","description_kind":"plain","optional":true},"fixed_zone_id":{"type":"number","description_kind":"plain","optional":true},"group_id":{"type":"number","description_kind":"plain","optional":true},"is_delete":{"type":"bool","description_kind":"plain","optional":true},"name":{"type":"string","description_kind":"plain","required":true},"rdata":{"type":"string","description_kind":"plain","required":true},"record_id":{"type":"number","description_kind":"plain","computed":true},"record_type_id":{"type":"number","description_kind":"plain","optional":true},"record_type_name":{"type":"string","description_kind":"plain","optional":true},"ttl":{"type":"number","description_kind":"plain","required":true},"verify_id":{"type":"number","description_kind":"plain","optional":true},"weight":{"type":"number","description_kind":"plain","optional":true},"zone_id":{"type":"number","description_kind":"plain","optional":true}},"description":"List of A records","description_kind":"plain"}},"record_nsec":{"nesting_mode":"list","block":{"attributes":{"fixed_group_id":{"type":"number","description_kind":"plain","optional":true},"fixed_record_id":{"type":"number","description_kind":"plain","optional":true},"fixed_zone_id":{"type":"number","description_kind":"plain","optional":true},"group_id":{"type":"number","description_kind":"plain","optional":true},"is_delete":{"type":"bool","description_kind":"plain","optional":true},"name":{"type":"string","description_kind":"plain","required":true},"rdata":{"type":"string","description_kind":"plain","required":true},"record_id":{"type":"number","description_kind":"plain","computed":true},"record_type_id":{"type":"number","description_kind":"plain","optional":true},"record_type_name":{"type":"string","description_kind":"plain","optional":true},"ttl":{"type":"number","description_kind":"plain","required":true},"verify_id":{"type":"number","description_kind":"plain","optional":true},"weight":{"type":"number","description_kind":"plain","optional":true},"zone_id":{"type":"number","description_kind":"plain","optional":true}},"description":"List of A records","description_kind":"plain"}},"record_nsec3":{"nesting_mode":"list","block":{"attributes":{"fixed_group_id":{"type":"number","description_kind":"plain","optional":true},"fixed_record_id":{"type":"number","description_kind":"plain","optional":true},"fixed_zone_id":{"type":"number","description_kind":"plain","optional":true},"group_id":{"type":"number","description_kind":"plain","optional":true},"is_delete":{"type":"bool","description_kind":"plain","optional":true},"name":{"type":"string","description_kind":"plain","required":true},"rdata":{"type":"string","description_kind":"plain","required":true},"record_id":{"type":"number","description_kind":"plain","computed":true},"record_type_id":{"type":"number","description_kind":"plain","optional":true},"record_type_name":{"type":"string","description_kind":"plain","optional":true},"ttl":{"type":"number","description_kind":"plain","required":true},"verify_id":{"type":"number","description_kind":"plain","optional":true},"weight":{"type":"number","description_kind":"plain","optional":true},"zone_id":{"type":"number","description_kind":"plain","optional":true}},"description":"List of A records","description_kind":"plain"}},"record_nsec3param":{"nesting_mode":"list","block":{"attributes":{"fixed_group_id":{"type":"number","description_kind":"plain","optional":true},"fixed_record_id":{"type":"number","description_kind":"plain","optional":true},"fixed_zone_id":{"type":"number","description_kind":"plain","optional":true},"group_id":{"type":"number","description_kind":"plain","optional":true},"is_delete":{"type":"bool","description_kind":"plain","optional":true},"name":{"type":"string","description_kind":"plain","required":true},"rdata":{"type":"string","description_kind":"plain","required":true},"record_id":{"type":"number","description_kind":"plain","computed":true},"record_type_id":{"type":"number","description_kind":"plain","optional":true},"record_type_name":{"type":"string","description_kind":"plain","optional":true},"ttl":{"type":"number","description_kind":"plain","required":true},"verify_id":{"type":"number","description_kind":"plain","optional":true},"weight":{"type":"number","description_kind":"plain","optional":true},"zone_id":{"type":"number","description_kind":"plain","optional":true}},"description":"List of A records","description_kind":"plain"}},"record_ptr":{"nesting_mode":"list","block":{"attributes":{"fixed_group_id":{"type":"number","description_kind":"plain","optional":true},"fixed_record_id":{"type":"number","description_kind":"plain","optional":true},"fixed_zone_id":{"type":"number","description_kind":"plain","optional":true},"group_id":{"type":"number","description_kind":"plain","optional":true},"is_delete":{"type":"bool","description_kind":"plain","optional":true},"name":{"type":"string","description_kind":"plain","required":true},"rdata":{"type":"string","description_kind":"plain","required":true},"record_id":{"type":"number","description_kind":"plain","computed":true},"record_type_id":{"type":"number","description_kind":"plain","optional":true},"record_type_name":{"type":"string","description_kind":"plain","optional":true},"ttl":{"type":"number","description_kind":"plain","required":true},"verify_id":{"type":"number","description_kind":"plain","optional":true},"weight":{"type":"number","description_kind":"plain","optional":true},"zone_id":{"type":"number","description_kind":"plain","optional":true}},"description":"List of A records","description_kind":"plain"}},"record_rrsig":{"nesting_mode":"list","block":{"attributes":{"fixed_group_id":{"type":"number","description_kind":"plain","optional":true},"fixed_record_id":{"type":"number","description_kind":"plain","optional":true},"fixed_zone_id":{"type":"number","description_kind":"plain","optional":true},"group_id":{"type":"number","description_kind":"plain","optional":true},"is_delete":{"type":"bool","description_kind":"plain","optional":true},"name":{"type":"string","description_kind":"plain","required":true},"rdata":{"type":"string","description_kind":"plain","required":true},"record_id":{"type":"number","description_kind":"plain","computed":true},"record_type_id":{"type":"number","description_kind":"plain","optional":true},"record_type_name":{"type":"string","description_kind":"plain","optional":true},"ttl":{"type":"number","description_kind":"plain","required":true},"verify_id":{"type":"number","description_kind":"plain","optional":true},"weight":{"type":"number","description_kind":"plain","optional":true},"zone_id":{"type":"number","description_kind":"plain","optional":true}},"description":"List of A records","description_kind":"plain"}},"record_soa":{"nesting_mode":"list","block":{"attributes":{"fixed_group_id":{"type":"number","description_kind":"plain","optional":true},"fixed_record_id":{"type":"number","description_kind":"plain","optional":true},"fixed_zone_id":{"type":"number","description_kind":"plain","optional":true},"group_id":{"type":"number","description_kind":"plain","optional":true},"is_delete":{"type":"bool","description_kind":"plain","optional":true},"name":{"type":"string","description_kind":"plain","required":true},"rdata":{"type":"string","description_kind":"plain","required":true},"record_id":{"type":"number","description_kind":"plain","computed":true},"record_type_id":{"type":"number","description_kind":"plain","optional":true},"record_type_name":{"type":"string","description_kind":"plain","optional":true},"ttl":{"type":"number","description_kind":"plain","required":true},"verify_id":{"type":"number","description_kind":"plain","optional":true},"weight":{"type":"number","description_kind":"plain","optional":true},"zone_id":{"type":"number","description_kind":"plain","optional":true}},"description":"List of A records","description_kind":"plain"}},"record_spf":{"nesting_mode":"list","block":{"attributes":{"fixed_group_id":{"type":"number","description_kind":"plain","optional":true},"fixed_record_id":{"type":"number","description_kind":"plain","optional":true},"fixed_zone_id":{"type":"number","description_kind":"plain","optional":true},"group_id":{"type":"number","description_kind":"plain","optional":true},"is_delete":{"type":"bool","description_kind":"plain","optional":true},"name":{"type":"string","description_kind":"plain","required":true},"rdata":{"type":"string","description_kind":"plain","required":true},"record_id":{"type":"number","description_kind":"plain","computed":true},"record_type_id":{"type":"number","description_kind":"plain","optional":true},"record_type_name":{"type":"string","description_kind":"plain","optional":true},"ttl":{"type":"number","description_kind":"plain","required":true},"verify_id":{"type":"number","description_kind":"plain","optional":true},"weight":{"type":"number","description_kind":"plain","optional":true},"zone_id":{"type":"number","description_kind":"plain","optional":true}},"description":"List of A records","description_kind":"plain"}},"record_srv":{"nesting_mode":"list","block":{"attributes":{"fixed_group_id":{"type":"number","description_kind":"plain","optional":true},"fixed_record_id":{"type":"number","description_kind":"plain","optional":true},"fixed_zone_id":{"type":"number","description_kind":"plain","optional":true},"group_id":{"type":"number","description_kind":"plain","optional":true},"is_delete":{"type":"bool","description_kind":"plain","optional":true},"name":{"type":"string","description_kind":"plain","required":true},"rdata":{"type":"string","description_kind":"plain","required":true},"record_id":{"type":"number","description_kind":"plain","computed":true},"record_type_id":{"type":"number","description_kind":"plain","optional":true},"record_type_name":{"type":"string","description_kind":"plain","optional":true},"ttl":{"type":"number","description_kind":"plain","required":true},"verify_id":{"type":"number","description_kind":"plain","optional":true},"weight":{"type":"number","description_kind":"plain","optional":true},"zone_id":{"type":"number","description_kind":"plain","optional":true}},"description":"List of A records","description_kind":"plain"}},"record_txt":{"nesting_mode":"list","block":{"attributes":{"fixed_group_id":{"type":"number","description_kind":"plain","optional":true},"fixed_record_id":{"type":"number","description_kind":"plain","optional":true},"fixed_zone_id":{"type":"number","description_kind":"plain","optional":true},"group_id":{"type":"number","description_kind":"plain","optional":true},"is_delete":{"type":"bool","description_kind":"plain","optional":true},"name":{"type":"string","description_kind":"plain","required":true},"rdata":{"type":"string","description_kind":"plain","required":true},"record_id":{"type":"number","description_kind":"plain","computed":true},"record_type_id":{"type":"number","description_kind":"plain","optional":true},"record_type_name":{"type":"string","description_kind":"plain","optional":true},"ttl":{"type":"number","description_kind":"plain","required":true},"verify_id":{"type":"number","description_kind":"plain","optional":true},"weight":{"type":"number","description_kind":"plain","optional":true},"zone_id":{"type":"number","description_kind":"plain","optional":true}},"description":"List of A records","description_kind":"plain"}}},"description_kind":"plain"}},"vmp_origin":{"version":0,"block":{"attributes":{"account_number":{"type":"string","description":"Account Number for the customer if not already specified in the provider configuration.","description_kind":"plain","optional":true},"directory_name":{"type":"string","description":"Identifies the directory name that will be assigned to the customer origin configuration. This alphanumeric value is appended to the end of the base CDN URL that points to the customer origin server. Note: A protocol should not be specified when setting this parameter. Examples: `www.example.com:80`,`10.10.10.255:80`,`[1:2:3:4:5:6:7:8]:80`","description_kind":"plain","required":true},"host_header":{"type":"string","description":"Defines the value that will be assigned to the Host header for all requests to this customer origin configuration. A host header is especially useful when there are multiple virtual hostnames hosted on a single physical server or load-balanced set of servers.","description_kind":"plain","required":true},"id":{"type":"string","description_kind":"plain","optional":true,"computed":true},"media_type":{"type":"string","description":"Identifies the Delivery Platform to use. Valid values are `httplarge`,`httpsmall`, and `adn`","description_kind":"plain","required":true}},"block_types":{"http":{"nesting_mode":"set","block":{"attributes":{"hostnames":{"type":["list","string"],"description":"This request parameter contains the set of hostnames/IP addresses to which HTTP requests for this customer origin configuration may be fulfilled. ","description_kind":"plain","required":true},"load_balancing":{"type":"string","description":"Determines how HTTP requests will be load balanced across the specified hostnames/IP addresses. Valid values: `RR` for Round Robin and `PF` for Primary and Failover.","description_kind":"plain","required":true}},"description_kind":"plain"},"max_items":1}},"description_kind":"plain"}},"vmp_rules_engine_policy":{"version":0,"block":{"attributes":{"account_number":{"type":"string","description":"Account to impersonate. If using MCC credentials, this parameter will be ignored.","description_kind":"plain","optional":true},"customeruserid":{"type":"string","description":"User ID to impersonate. If using MCC credentials, this parameter will be ignored","description_kind":"plain","optional":true},"deploy_request_id":{"type":"string","description_kind":"plain","computed":true},"deploy_to":{"type":"string","description":"The desired environment for the provided policy. Valid values are `production` and `staging`","description_kind":"plain","required":true},"id":{"type":"string","description_kind":"plain","optional":true,"computed":true},"policy":{"type":"string","description":"A Rules Engine Policy in JSON format","description_kind":"plain","required":true},"portaltypeid":{"type":"string","description":"Portal Type ID to impersonate. If using MCC credentials, this parameter will be ignored.","description_kind":"plain","optional":true}},"description_kind":"plain"}}},"data_source_schemas":{"vmp_customer_services":{"version":0,"block":{"attributes":{"id":{"type":"string","description_kind":"plain","optional":true,"computed":true},"services":{"type":["list",["object",{"id":"number","name":"string","parent_id":"number"}]],"description_kind":"plain","computed":true}},"description_kind":"plain"}}}}}}
