{"format_version":"0.2","provider_schemas":{"registry.terraform.io/vinyldns/vinyldns":{"provider":{"version":0,"block":{"attributes":{"access_key":{"type":"string","description_kind":"plain","required":true},"host":{"type":"string","description_kind":"plain","optional":true},"secret_key":{"type":"string","description_kind":"plain","required":true}},"description_kind":"plain"}},"resource_schemas":{"vinyldns_group":{"version":1,"block":{"attributes":{"admin_ids":{"type":["set","string"],"description_kind":"plain","required":true},"description":{"type":"string","description_kind":"plain","optional":true},"email":{"type":"string","description_kind":"plain","required":true},"id":{"type":"string","description_kind":"plain","optional":true,"computed":true},"member_ids":{"type":["set","string"],"description_kind":"plain","required":true},"name":{"type":"string","description_kind":"plain","required":true}},"description_kind":"plain"}},"vinyldns_record_set":{"version":1,"block":{"attributes":{"id":{"type":"string","description_kind":"plain","optional":true,"computed":true},"name":{"type":"string","description_kind":"plain","required":true},"owner_group_id":{"type":"string","description_kind":"plain","optional":true},"record_addresses":{"type":["set","string"],"description_kind":"plain","optional":true},"record_cname":{"type":"string","description_kind":"plain","optional":true},"record_nsdnames":{"type":["set","string"],"description_kind":"plain","optional":true},"record_ptrdnames":{"type":["set","string"],"description_kind":"plain","optional":true},"record_texts":{"type":["set","string"],"description_kind":"plain","optional":true},"ttl":{"type":"number","description_kind":"plain","optional":true},"type":{"type":"string","description_kind":"plain","required":true},"zone_id":{"type":"string","description_kind":"plain","required":true}},"description_kind":"plain"}},"vinyldns_zone":{"version":1,"block":{"attributes":{"admin_group_id":{"type":"string","description_kind":"plain","required":true},"created":{"type":"string","description_kind":"plain","computed":true},"email":{"type":"string","description_kind":"plain","required":true},"id":{"type":"string","description_kind":"plain","optional":true,"computed":true},"latest_sync":{"type":"string","description_kind":"plain","computed":true},"name":{"type":"string","description_kind":"plain","required":true},"shared":{"type":"bool","description_kind":"plain","computed":true},"status":{"type":"string","description_kind":"plain","computed":true},"updated":{"type":"string","description_kind":"plain","computed":true}},"block_types":{"acl_rule":{"nesting_mode":"set","block":{"attributes":{"access_level":{"type":"string","description_kind":"plain","required":true},"description":{"type":"string","description_kind":"plain","optional":true},"group_id":{"type":"string","description_kind":"plain","optional":true},"record_mask":{"type":"string","description_kind":"plain","optional":true},"record_types":{"type":["set","string"],"description_kind":"plain","optional":true},"user_id":{"type":"string","description_kind":"plain","optional":true}},"description_kind":"plain"}},"transfer_connection":{"nesting_mode":"list","block":{"attributes":{"key":{"type":"string","description_kind":"plain","required":true},"key_name":{"type":"string","description_kind":"plain","required":true},"name":{"type":"string","description_kind":"plain","required":true},"primary_server":{"type":"string","description_kind":"plain","required":true}},"description_kind":"plain"}},"zone_connection":{"nesting_mode":"list","block":{"attributes":{"key":{"type":"string","description_kind":"plain","required":true},"key_name":{"type":"string","description_kind":"plain","required":true},"name":{"type":"string","description_kind":"plain","required":true},"primary_server":{"type":"string","description_kind":"plain","required":true}},"description_kind":"plain"}}},"description_kind":"plain"}}},"data_source_schemas":{"vinyldns_zone":{"version":1,"block":{"attributes":{"admin_group_id":{"type":"string","description_kind":"plain","computed":true},"email":{"type":"string","description_kind":"plain","computed":true},"id":{"type":"string","description_kind":"plain","optional":true,"computed":true},"name":{"type":"string","description_kind":"plain","optional":true}},"description_kind":"plain"}}}}}}
