{"format_version":"0.2","provider_schemas":{"registry.terraform.io/vulcantechnologies/circleci":{"provider":{"version":0,"block":{"attributes":{"api_key":{"type":"string","description_kind":"plain","required":true}},"description_kind":"plain"}},"resource_schemas":{"circleci_additional_ssh_key":{"version":0,"block":{"attributes":{"fingerprint":{"type":"string","description_kind":"plain","computed":true},"host_name":{"type":"string","description_kind":"plain","required":true},"id":{"type":"string","description_kind":"plain","optional":true,"computed":true},"private_key":{"type":"string","description_kind":"plain","required":true,"sensitive":true},"project_slug":{"type":"string","description_kind":"plain","required":true}},"description_kind":"plain"}},"circleci_environment_variable":{"version":0,"block":{"attributes":{"id":{"type":"string","description_kind":"plain","optional":true,"computed":true},"name":{"type":"string","description_kind":"plain","required":true},"project_slug":{"type":"string","description_kind":"plain","required":true},"value":{"type":"string","description_kind":"plain","required":true,"sensitive":true}},"description_kind":"plain"}}},"data_source_schemas":{"circleci_project":{"version":0,"block":{"attributes":{"id":{"type":"string","description_kind":"plain","optional":true,"computed":true},"name":{"type":"string","description_kind":"plain","computed":true},"organization_name":{"type":"string","description_kind":"plain","computed":true},"project_slug":{"type":"string","description_kind":"plain","required":true}},"description_kind":"plain"}}}}}}
