{"format_version":"0.2","provider_schemas":{"registry.terraform.io/wallarm/wallarm":{"provider":{"version":0,"block":{"attributes":{"api_client_logging":{"type":"bool","description":"Whether to print logs from the API client (using the default log library logger)","description_kind":"plain","optional":true},"api_host":{"type":"string","description":"The API host address of the Wallarm Cloud for operations","description_kind":"plain","optional":true},"api_secret":{"type":"string","description":"The API Secret of the user for operations","description_kind":"plain","optional":true,"sensitive":true},"api_uuid":{"type":"string","description":"The API UUID of the user for operations","description_kind":"plain","optional":true,"sensitive":true},"client_id":{"type":"number","description":"The Client ID to perform changes on","description_kind":"plain","optional":true},"ignore_existing":{"type":"bool","description":"Whether ignore or raise an exception when a resource exists.","description_kind":"plain","optional":true},"max_backoff":{"type":"number","description":"Maximum backoff period in seconds after failed API calls","description_kind":"plain","optional":true},"min_backoff":{"type":"number","description":"Minimum backoff period in seconds after failed API calls","description_kind":"plain","optional":true},"retries":{"type":"number","description":"Maximum number of retries to perform when an API request fails","description_kind":"plain","optional":true}},"description_kind":"plain"}},"resource_schemas":{"wallarm_application":{"version":0,"block":{"attributes":{"app_id":{"type":"number","description_kind":"plain","required":true},"client_id":{"type":"number","description":"The Client ID to perform changes","description_kind":"plain","optional":true,"computed":true},"id":{"type":"string","description_kind":"plain","optional":true,"computed":true},"name":{"type":"string","description_kind":"plain","required":true}},"description_kind":"plain"}},"wallarm_blacklist":{"version":0,"block":{"attributes":{"address_id":{"type":["list",["object",{"app":"number","ip_addr":"string","ip_id":"number"}]],"description_kind":"plain","computed":true},"application":{"type":["list","number"],"description_kind":"plain","optional":true},"client_id":{"type":"number","description":"The Client ID to perform changes","description_kind":"plain","optional":true,"computed":true},"id":{"type":"string","description_kind":"plain","optional":true,"computed":true},"ip_range":{"type":["list","string"],"description_kind":"plain","required":true},"reason":{"type":"string","description_kind":"plain","optional":true},"time":{"type":"string","description_kind":"plain","required":true},"time_format":{"type":"string","description_kind":"plain","required":true}},"description_kind":"plain"}},"wallarm_global_mode":{"version":0,"block":{"attributes":{"client_id":{"type":"number","description":"The Client ID to perform changes","description_kind":"plain","optional":true,"computed":true},"id":{"type":"string","description_kind":"plain","optional":true,"computed":true},"rechecker_mode":{"type":"string","description_kind":"plain","optional":true},"scanner_mode":{"type":"string","description_kind":"plain","optional":true},"waf_mode":{"type":"string","description_kind":"plain","optional":true}},"description_kind":"plain"}},"wallarm_integration_email":{"version":0,"block":{"attributes":{"active":{"type":"bool","description_kind":"plain","optional":true},"client_id":{"type":"number","description":"The Client ID to perform changes","description_kind":"plain","optional":true,"computed":true},"created_by":{"type":"string","description_kind":"plain","computed":true},"emails":{"type":["list","string"],"description_kind":"plain","required":true},"id":{"type":"string","description_kind":"plain","optional":true,"computed":true},"integration_id":{"type":"number","description_kind":"plain","computed":true},"is_active":{"type":"bool","description_kind":"plain","computed":true},"name":{"type":"string","description_kind":"plain","optional":true},"type":{"type":"string","description_kind":"plain","computed":true}},"block_types":{"event":{"nesting_mode":"set","block":{"attributes":{"active":{"type":"bool","description_kind":"plain","optional":true},"event_type":{"type":"string","description_kind":"plain","optional":true}},"description_kind":"plain"},"max_items":6}},"description_kind":"plain"}},"wallarm_integration_insightconnect":{"version":0,"block":{"attributes":{"active":{"type":"bool","description_kind":"plain","optional":true},"api_token":{"type":"string","description_kind":"plain","required":true,"sensitive":true},"api_url":{"type":"string","description_kind":"plain","required":true,"sensitive":true},"client_id":{"type":"number","description":"The Client ID to perform changes","description_kind":"plain","optional":true,"computed":true},"created_by":{"type":"string","description_kind":"plain","computed":true},"id":{"type":"string","description_kind":"plain","optional":true,"computed":true},"integration_id":{"type":"number","description_kind":"plain","computed":true},"is_active":{"type":"bool","description_kind":"plain","computed":true},"name":{"type":"string","description_kind":"plain","optional":true},"type":{"type":"string","description_kind":"plain","computed":true}},"block_types":{"event":{"nesting_mode":"set","block":{"attributes":{"active":{"type":"bool","description_kind":"plain","optional":true},"event_type":{"type":"string","description_kind":"plain","optional":true}},"description_kind":"plain"},"max_items":4}},"description_kind":"plain"}},"wallarm_integration_opsgenie":{"version":0,"block":{"attributes":{"active":{"type":"bool","description_kind":"plain","optional":true},"api_token":{"type":"string","description_kind":"plain","required":true,"sensitive":true},"client_id":{"type":"number","description":"The Client ID to perform changes","description_kind":"plain","optional":true,"computed":true},"created_by":{"type":"string","description_kind":"plain","computed":true},"id":{"type":"string","description_kind":"plain","optional":true,"computed":true},"integration_id":{"type":"number","description_kind":"plain","computed":true},"is_active":{"type":"bool","description_kind":"plain","computed":true},"name":{"type":"string","description_kind":"plain","optional":true},"type":{"type":"string","description_kind":"plain","computed":true}},"block_types":{"event":{"nesting_mode":"set","block":{"attributes":{"active":{"type":"bool","description_kind":"plain","optional":true},"event_type":{"type":"string","description_kind":"plain","optional":true}},"description_kind":"plain"},"max_items":2}},"description_kind":"plain"}},"wallarm_integration_pagerduty":{"version":0,"block":{"attributes":{"active":{"type":"bool","description_kind":"plain","optional":true},"client_id":{"type":"number","description":"The Client ID to perform changes","description_kind":"plain","optional":true,"computed":true},"created_by":{"type":"string","description_kind":"plain","computed":true},"id":{"type":"string","description_kind":"plain","optional":true,"computed":true},"integration_id":{"type":"number","description_kind":"plain","computed":true},"integration_key":{"type":"string","description_kind":"plain","required":true,"sensitive":true},"is_active":{"type":"bool","description_kind":"plain","computed":true},"name":{"type":"string","description_kind":"plain","optional":true},"type":{"type":"string","description_kind":"plain","computed":true}},"block_types":{"event":{"nesting_mode":"set","block":{"attributes":{"active":{"type":"bool","description_kind":"plain","optional":true},"event_type":{"type":"string","description_kind":"plain","optional":true}},"description_kind":"plain"},"max_items":4}},"description_kind":"plain"}},"wallarm_integration_slack":{"version":0,"block":{"attributes":{"active":{"type":"bool","description_kind":"plain","optional":true},"client_id":{"type":"number","description":"The Client ID to perform changes","description_kind":"plain","optional":true,"computed":true},"created_by":{"type":"string","description_kind":"plain","computed":true},"id":{"type":"string","description_kind":"plain","optional":true,"computed":true},"integration_id":{"type":"number","description_kind":"plain","computed":true},"is_active":{"type":"bool","description_kind":"plain","computed":true},"name":{"type":"string","description_kind":"plain","optional":true},"type":{"type":"string","description_kind":"plain","computed":true},"webhook_url":{"type":"string","description_kind":"plain","required":true,"sensitive":true}},"block_types":{"event":{"nesting_mode":"set","block":{"attributes":{"active":{"type":"bool","description_kind":"plain","optional":true},"event_type":{"type":"string","description_kind":"plain","optional":true}},"description_kind":"plain"},"max_items":3}},"description_kind":"plain"}},"wallarm_integration_splunk":{"version":0,"block":{"attributes":{"active":{"type":"bool","description_kind":"plain","optional":true},"api_token":{"type":"string","description_kind":"plain","required":true,"sensitive":true},"api_url":{"type":"string","description_kind":"plain","required":true,"sensitive":true},"client_id":{"type":"number","description":"The Client ID to perform changes","description_kind":"plain","optional":true,"computed":true},"created_by":{"type":"string","description_kind":"plain","computed":true},"id":{"type":"string","description_kind":"plain","optional":true,"computed":true},"integration_id":{"type":"number","description_kind":"plain","computed":true},"is_active":{"type":"bool","description_kind":"plain","computed":true},"name":{"type":"string","description_kind":"plain","optional":true},"type":{"type":"string","description_kind":"plain","computed":true}},"block_types":{"event":{"nesting_mode":"set","block":{"attributes":{"active":{"type":"bool","description_kind":"plain","optional":true},"event_type":{"type":"string","description_kind":"plain","optional":true}},"description_kind":"plain"},"max_items":4}},"description_kind":"plain"}},"wallarm_integration_sumologic":{"version":0,"block":{"attributes":{"active":{"type":"bool","description_kind":"plain","optional":true},"client_id":{"type":"number","description":"The Client ID to perform changes","description_kind":"plain","optional":true,"computed":true},"created_by":{"type":"string","description_kind":"plain","computed":true},"id":{"type":"string","description_kind":"plain","optional":true,"computed":true},"integration_id":{"type":"number","description_kind":"plain","computed":true},"is_active":{"type":"bool","description_kind":"plain","computed":true},"name":{"type":"string","description_kind":"plain","optional":true},"sumologic_url":{"type":"string","description_kind":"plain","required":true,"sensitive":true},"type":{"type":"string","description_kind":"plain","computed":true}},"block_types":{"event":{"nesting_mode":"set","block":{"attributes":{"active":{"type":"bool","description_kind":"plain","optional":true},"event_type":{"type":"string","description_kind":"plain","optional":true}},"description_kind":"plain"},"max_items":4}},"description_kind":"plain"}},"wallarm_integration_webhook":{"version":0,"block":{"attributes":{"active":{"type":"bool","description_kind":"plain","optional":true},"ca_file":{"type":"string","description_kind":"plain","optional":true,"sensitive":true},"ca_verify":{"type":"bool","description_kind":"plain","optional":true},"client_id":{"type":"number","description":"The Client ID to perform changes","description_kind":"plain","optional":true,"computed":true},"created_by":{"type":"string","description_kind":"plain","computed":true},"headers":{"type":["map","string"],"description_kind":"plain","optional":true},"http_method":{"type":"string","description_kind":"plain","optional":true},"id":{"type":"string","description_kind":"plain","optional":true,"computed":true},"integration_id":{"type":"number","description_kind":"plain","computed":true},"is_active":{"type":"bool","description_kind":"plain","computed":true},"name":{"type":"string","description_kind":"plain","optional":true},"open_timeout":{"type":"number","description_kind":"plain","optional":true},"timeout":{"type":"number","description_kind":"plain","optional":true},"type":{"type":"string","description_kind":"plain","computed":true},"webhook_url":{"type":"string","description_kind":"plain","required":true,"sensitive":true}},"block_types":{"event":{"nesting_mode":"set","block":{"attributes":{"active":{"type":"bool","description_kind":"plain","optional":true},"event_type":{"type":"string","description_kind":"plain","optional":true}},"description_kind":"plain"},"max_items":4}},"description_kind":"plain"}},"wallarm_node":{"version":0,"block":{"attributes":{"client_id":{"type":"number","description":"The Client ID to perform changes","description_kind":"plain","optional":true,"computed":true},"hostname":{"type":"string","description_kind":"plain","required":true},"id":{"type":"string","description_kind":"plain","optional":true,"computed":true},"node_id":{"type":"number","description_kind":"plain","computed":true},"node_uuid":{"type":"string","description_kind":"plain","computed":true},"token":{"type":"string","description_kind":"plain","computed":true}},"description_kind":"plain"}},"wallarm_rule_attack_rechecker":{"version":0,"block":{"attributes":{"action_id":{"type":"number","description_kind":"plain","computed":true},"client_id":{"type":"number","description":"The Client ID to perform changes","description_kind":"plain","optional":true,"computed":true},"comment":{"type":"string","description_kind":"plain","optional":true},"enabled":{"type":"bool","description_kind":"plain","required":true},"id":{"type":"string","description_kind":"plain","optional":true,"computed":true},"rule_id":{"type":"number","description_kind":"plain","computed":true},"rule_type":{"type":"string","description_kind":"plain","computed":true}},"block_types":{"action":{"nesting_mode":"set","block":{"attributes":{"point":{"type":["map","string"],"description_kind":"plain","optional":true},"type":{"type":"string","description_kind":"plain","optional":true},"value":{"type":"string","description_kind":"plain","optional":true,"computed":true}},"description_kind":"plain"}}},"description_kind":"plain"}},"wallarm_rule_attack_rechecker_rewrite":{"version":0,"block":{"attributes":{"action_id":{"type":"number","description_kind":"plain","computed":true},"client_id":{"type":"number","description":"The Client ID to perform changes","description_kind":"plain","optional":true,"computed":true},"comment":{"type":"string","description_kind":"plain","optional":true},"id":{"type":"string","description_kind":"plain","optional":true,"computed":true},"point":{"type":["list",["list","string"]],"description_kind":"plain","required":true},"rule_id":{"type":"number","description_kind":"plain","computed":true},"rule_type":{"type":"string","description_kind":"plain","computed":true},"rules":{"type":["list","string"],"description_kind":"plain","required":true}},"block_types":{"action":{"nesting_mode":"set","block":{"attributes":{"point":{"type":["map","string"],"description_kind":"plain","optional":true},"type":{"type":"string","description_kind":"plain","optional":true},"value":{"type":"string","description_kind":"plain","optional":true,"computed":true}},"description_kind":"plain"}}},"description_kind":"plain"}},"wallarm_rule_bruteforce_counter":{"version":0,"block":{"attributes":{"action_id":{"type":"number","description_kind":"plain","computed":true},"client_id":{"type":"number","description":"The Client ID to perform changes","description_kind":"plain","optional":true,"computed":true},"comment":{"type":"string","description_kind":"plain","optional":true},"counter":{"type":"string","description_kind":"plain","required":true},"id":{"type":"string","description_kind":"plain","optional":true,"computed":true},"rule_id":{"type":"number","description_kind":"plain","computed":true},"rule_type":{"type":"string","description_kind":"plain","computed":true}},"block_types":{"action":{"nesting_mode":"set","block":{"attributes":{"point":{"type":["map","string"],"description_kind":"plain","optional":true},"type":{"type":"string","description_kind":"plain","optional":true},"value":{"type":"string","description_kind":"plain","optional":true,"computed":true}},"description_kind":"plain"}}},"description_kind":"plain"}},"wallarm_rule_dirbust_counter":{"version":0,"block":{"attributes":{"action_id":{"type":"number","description_kind":"plain","computed":true},"client_id":{"type":"number","description":"The Client ID to perform changes","description_kind":"plain","optional":true,"computed":true},"comment":{"type":"string","description_kind":"plain","optional":true},"counter":{"type":"string","description_kind":"plain","required":true},"id":{"type":"string","description_kind":"plain","optional":true,"computed":true},"rule_id":{"type":"number","description_kind":"plain","computed":true},"rule_type":{"type":"string","description_kind":"plain","computed":true}},"block_types":{"action":{"nesting_mode":"set","block":{"attributes":{"point":{"type":["map","string"],"description_kind":"plain","optional":true},"type":{"type":"string","description_kind":"plain","optional":true},"value":{"type":"string","description_kind":"plain","optional":true,"computed":true}},"description_kind":"plain"}}},"description_kind":"plain"}},"wallarm_rule_ignore_regex":{"version":0,"block":{"attributes":{"action_id":{"type":"number","description_kind":"plain","computed":true},"client_id":{"type":"number","description":"The Client ID to perform changes","description_kind":"plain","optional":true,"computed":true},"comment":{"type":"string","description_kind":"plain","optional":true},"id":{"type":"string","description_kind":"plain","optional":true,"computed":true},"point":{"type":["list",["list","string"]],"description_kind":"plain","required":true},"regex_id":{"type":"number","description_kind":"plain","required":true},"rule_id":{"type":"number","description_kind":"plain","computed":true},"rule_type":{"type":"string","description_kind":"plain","computed":true}},"block_types":{"action":{"nesting_mode":"set","block":{"attributes":{"point":{"type":["map","string"],"description_kind":"plain","optional":true},"type":{"type":"string","description_kind":"plain","optional":true},"value":{"type":"string","description_kind":"plain","optional":true,"computed":true}},"description_kind":"plain"}}},"description_kind":"plain"}},"wallarm_rule_masking":{"version":0,"block":{"attributes":{"action_id":{"type":"number","description_kind":"plain","computed":true},"client_id":{"type":"number","description":"The Client ID to perform changes","description_kind":"plain","optional":true,"computed":true},"comment":{"type":"string","description_kind":"plain","optional":true},"id":{"type":"string","description_kind":"plain","optional":true,"computed":true},"point":{"type":["list",["list","string"]],"description_kind":"plain","required":true},"rule_id":{"type":"number","description_kind":"plain","computed":true},"rule_type":{"type":"string","description_kind":"plain","computed":true}},"block_types":{"action":{"nesting_mode":"set","block":{"attributes":{"point":{"type":["map","string"],"description_kind":"plain","optional":true},"type":{"type":"string","description_kind":"plain","optional":true},"value":{"type":"string","description_kind":"plain","optional":true,"computed":true}},"description_kind":"plain"}}},"description_kind":"plain"}},"wallarm_rule_mode":{"version":0,"block":{"attributes":{"action_id":{"type":"number","description_kind":"plain","computed":true},"client_id":{"type":"number","description":"The Client ID to perform changes","description_kind":"plain","optional":true,"computed":true},"comment":{"type":"string","description_kind":"plain","optional":true},"id":{"type":"string","description_kind":"plain","optional":true,"computed":true},"mode":{"type":"string","description_kind":"plain","required":true},"rule_id":{"type":"number","description_kind":"plain","computed":true},"rule_type":{"type":"string","description_kind":"plain","computed":true}},"block_types":{"action":{"nesting_mode":"set","block":{"attributes":{"point":{"type":["map","string"],"description_kind":"plain","optional":true},"type":{"type":"string","description_kind":"plain","optional":true},"value":{"type":"string","description_kind":"plain","optional":true,"computed":true}},"description_kind":"plain"}}},"description_kind":"plain"}},"wallarm_rule_regex":{"version":0,"block":{"attributes":{"action_id":{"type":"number","description_kind":"plain","computed":true},"attack_type":{"type":"string","description_kind":"plain","required":true},"client_id":{"type":"number","description":"The Client ID to perform changes","description_kind":"plain","optional":true,"computed":true},"comment":{"type":"string","description_kind":"plain","optional":true},"experimental":{"type":"bool","description_kind":"plain","optional":true},"id":{"type":"string","description_kind":"plain","optional":true,"computed":true},"point":{"type":["list",["list","string"]],"description_kind":"plain","required":true},"regex":{"type":"string","description_kind":"plain","required":true},"regex_id":{"type":"number","description_kind":"plain","computed":true},"rule_id":{"type":"number","description_kind":"plain","computed":true},"rule_type":{"type":"string","description_kind":"plain","computed":true}},"block_types":{"action":{"nesting_mode":"set","block":{"attributes":{"point":{"type":["map","string"],"description_kind":"plain","optional":true},"type":{"type":"string","description_kind":"plain","optional":true},"value":{"type":"string","description_kind":"plain","optional":true,"computed":true}},"description_kind":"plain"}}},"description_kind":"plain"}},"wallarm_rule_set_response_header":{"version":0,"block":{"attributes":{"action_id":{"type":"number","description_kind":"plain","computed":true},"client_id":{"type":"number","description":"The Client ID to perform changes","description_kind":"plain","optional":true,"computed":true},"comment":{"type":"string","description_kind":"plain","optional":true},"headers":{"type":["map","string"],"description_kind":"plain","required":true},"id":{"type":"string","description_kind":"plain","optional":true,"computed":true},"mode":{"type":"string","description_kind":"plain","required":true},"rule_id":{"type":["list","number"],"description_kind":"plain","computed":true},"rule_type":{"type":"string","description_kind":"plain","computed":true}},"block_types":{"action":{"nesting_mode":"set","block":{"attributes":{"point":{"type":["map","string"],"description_kind":"plain","optional":true},"type":{"type":"string","description_kind":"plain","optional":true},"value":{"type":"string","description_kind":"plain","optional":true,"computed":true}},"description_kind":"plain"}}},"description_kind":"plain"}},"wallarm_rule_vpatch":{"version":0,"block":{"attributes":{"action_id":{"type":"number","description_kind":"plain","computed":true},"attack_type":{"type":["list","string"],"description":"Possible values: \"any\", \"sqli\", \"rce\", \"crlf\", \"nosqli\", \"ptrav\",\n\t\t\t\t\"xxe\", \"ptrav\", \"xss\", \"scanner\", \"redir\", \"ldapi\"","description_kind":"plain","required":true},"client_id":{"type":"number","description":"The Client ID to perform changes","description_kind":"plain","optional":true,"computed":true},"comment":{"type":"string","description_kind":"plain","optional":true},"id":{"type":"string","description_kind":"plain","optional":true,"computed":true},"point":{"type":["list",["list","string"]],"description_kind":"plain","required":true},"rule_id":{"type":["list","number"],"description_kind":"plain","computed":true},"rule_type":{"type":"string","description_kind":"plain","computed":true}},"block_types":{"action":{"nesting_mode":"set","block":{"attributes":{"point":{"type":["map","string"],"description_kind":"plain","optional":true},"type":{"type":"string","description_kind":"plain","optional":true},"value":{"type":"string","description_kind":"plain","optional":true,"computed":true}},"description_kind":"plain"}}},"description_kind":"plain"}},"wallarm_scanner":{"version":0,"block":{"attributes":{"client_id":{"type":"number","description":"The Client ID to perform changes","description_kind":"plain","optional":true,"computed":true},"disabled":{"type":"bool","description_kind":"plain","optional":true},"element":{"type":["list","string"],"description_kind":"plain","required":true},"id":{"type":"string","description_kind":"plain","optional":true,"computed":true},"resource_id":{"type":["map","number"],"description_kind":"plain","computed":true}},"description_kind":"plain"}},"wallarm_trigger":{"version":0,"block":{"attributes":{"client_id":{"type":"number","description":"The Client ID to perform changes","description_kind":"plain","optional":true,"computed":true},"comment":{"type":"string","description_kind":"plain","optional":true},"enabled":{"type":"bool","description_kind":"plain","optional":true},"id":{"type":"string","description_kind":"plain","optional":true,"computed":true},"name":{"type":"string","description_kind":"plain","optional":true},"template_id":{"type":"string","description_kind":"plain","required":true},"threshold":{"type":["map","string"],"description_kind":"plain","optional":true},"trigger_id":{"type":"number","description_kind":"plain","computed":true}},"block_types":{"actions":{"nesting_mode":"list","block":{"attributes":{"action_id":{"type":"string","description_kind":"plain","required":true},"integration_id":{"type":["list","number"],"description_kind":"plain","optional":true},"lock_time":{"type":"number","description_kind":"plain","optional":true}},"description_kind":"plain"},"min_items":1,"max_items":2},"filters":{"nesting_mode":"list","block":{"attributes":{"filter_id":{"type":"string","description_kind":"plain","optional":true},"operator":{"type":"string","description_kind":"plain","optional":true},"value":{"type":["list","string"],"description_kind":"plain","optional":true}},"description_kind":"plain"},"max_items":6},"timeouts":{"nesting_mode":"single","block":{"attributes":{"read":{"type":"string","description_kind":"plain","optional":true}},"description_kind":"plain"}}},"description_kind":"plain"}},"wallarm_user":{"version":0,"block":{"attributes":{"client_id":{"type":"number","description":"The Client ID to perform changes","description_kind":"plain","optional":true,"computed":true},"email":{"type":"string","description_kind":"plain","required":true},"enabled":{"type":"bool","description_kind":"plain","optional":true},"generated_password":{"type":"string","description_kind":"plain","computed":true},"id":{"type":"string","description_kind":"plain","optional":true,"computed":true},"password":{"type":"string","description_kind":"plain","optional":true,"sensitive":true},"permissions":{"type":"string","description_kind":"plain","required":true},"realname":{"type":"string","description_kind":"plain","required":true},"user_id":{"type":"number","description_kind":"plain","computed":true},"username":{"type":"string","description_kind":"plain","computed":true}},"description_kind":"plain"}}},"data_source_schemas":{"wallarm_node":{"version":0,"block":{"attributes":{"client_id":{"type":"number","description":"The Client ID to perform changes","description_kind":"plain","optional":true,"computed":true},"id":{"type":"string","description_kind":"plain","optional":true,"computed":true},"nodes":{"type":["list",["object",{"active":"bool","active_instance_count":"number","client_id":"number","enabled":"bool","hostname":"string","id":"number","instance_count":"number","ip":"string","lom":"number","proton":"number","requests_amount":"number","token":"string","type":"string","uuid":"string"}]],"description_kind":"plain","computed":true}},"block_types":{"filter":{"nesting_mode":"list","block":{"attributes":{"enabled":{"type":"bool","description_kind":"plain","optional":true},"hostname":{"type":"string","description_kind":"plain","optional":true},"type":{"type":"string","description_kind":"plain","optional":true},"uuid":{"type":"string","description_kind":"plain","optional":true}},"description_kind":"plain"},"max_items":1}},"description_kind":"plain"}},"wallarm_vuln":{"version":0,"block":{"attributes":{"client_id":{"type":"number","description":"The Client ID to perform changes","description_kind":"plain","optional":true,"computed":true},"id":{"type":"string","description_kind":"plain","optional":true,"computed":true},"vuln":{"type":["list",["object",{"additional":"string","client_id":"number","description":"string","detection_method":"string","domain":"string","exploit_example":"string","method":"string","parameter":"string","path":"string","status":"string","title":"string","type":"string","vuln_id":"number","wid":"string"}]],"description_kind":"plain","computed":true}},"block_types":{"filter":{"nesting_mode":"list","block":{"attributes":{"limit":{"type":"number","description_kind":"plain","optional":true},"offset":{"type":"number","description_kind":"plain","optional":true},"status":{"type":"string","description_kind":"plain","optional":true}},"description_kind":"plain"},"max_items":1}},"description_kind":"plain"}}}}}}
