{"format_version":"0.2","provider_schemas":{"registry.terraform.io/wangjiaxi90/hashdata":{"provider":{"version":0,"block":{"attributes":{"client_id":{"type":"string","description":"hashdata client_id","description_kind":"markdown","optional":true},"client_secret":{"type":"string","description":"hashdata client_secret","description_kind":"markdown","optional":true},"endpoint":{"type":"string","description":"hashdata endpoint","description_kind":"markdown","optional":true},"password":{"type":"string","description":"hashdata password","description_kind":"markdown","optional":true},"username":{"type":"string","description":"hashdata username ","description_kind":"markdown","optional":true}},"description_kind":"plain"}},"resource_schemas":{"hashdata_catalog":{"version":0,"block":{"attributes":{"id":{"type":"string","description_kind":"plain","optional":true,"computed":true},"image":{"type":"string","description":"image.","description_kind":"markdown","optional":true},"name":{"type":"string","description":"name.","description_kind":"markdown","optional":true}},"block_types":{"catalog":{"nesting_mode":"set","block":{"attributes":{"count":{"type":"number","description":"catalog count.","description_kind":"markdown","optional":true},"instance_type":{"type":"string","description":"catalog instance_type.","description_kind":"markdown","optional":true},"volume_size":{"type":"number","description":"catalog volume_size.","description_kind":"markdown","optional":true},"volume_type":{"type":"string","description":"catalog volume_type.","description_kind":"markdown","optional":true},"zone":{"type":"string","description":"catalog zone.","description_kind":"markdown","optional":true}},"description":"etcd.","description_kind":"markdown"}},"etcd":{"nesting_mode":"set","block":{"attributes":{"count":{"type":"number","description":"etcd count.","description_kind":"markdown","optional":true},"instance_type":{"type":"string","description":"etcd instance_type.","description_kind":"markdown","optional":true},"volume_size":{"type":"number","description":"etcd volume_size.","description_kind":"markdown","optional":true},"volume_type":{"type":"string","description":"etcd volume_type.","description_kind":"markdown","optional":true},"zone":{"type":"string","description":"etcd zone.","description_kind":"markdown","optional":true}},"description":"etcd.","description_kind":"markdown"}},"extra":{"nesting_mode":"set","block":{"attributes":{"keypair":{"type":"string","description":"keypair.","description_kind":"markdown","optional":true},"subnet":{"type":"string","description":"subnet.","description_kind":"markdown","optional":true},"vpc":{"type":"string","description":"vpc.","description_kind":"markdown","optional":true}},"description":"extra.","description_kind":"markdown"}},"fdb":{"nesting_mode":"set","block":{"attributes":{"count":{"type":"number","description":"fdb count.","description_kind":"markdown","optional":true},"instance_type":{"type":"string","description":"fdb instance_type.","description_kind":"markdown","optional":true},"volume_size":{"type":"number","description":"fdb volume_size.","description_kind":"markdown","optional":true},"volume_type":{"type":"string","description":"fdb volume_type.","description_kind":"markdown","optional":true},"zone":{"type":"string","description":"fdb zone.","description_kind":"markdown","optional":true}},"description":"etcd.","description_kind":"markdown"}},"metadata":{"nesting_mode":"set","block":{"attributes":{"default_database":{"type":"string","description":"default_database.","description_kind":"markdown","optional":true},"default_password":{"type":"string","description":"default_password.","description_kind":"markdown","optional":true},"default_user":{"type":"string","description":"default_user.","description_kind":"markdown","optional":true},"logic_part":{"type":"number","description":"logic_part.","description_kind":"markdown","optional":true},"number_segments":{"type":"number","description":"number_segments.","description_kind":"markdown","optional":true}},"description":"metadata.","description_kind":"markdown"}},"oss":{"nesting_mode":"set","block":{"attributes":{"name":{"type":"string","description":"oss name.","description_kind":"markdown","optional":true}},"description":"oss.","description_kind":"markdown"}}},"description":"Sample resource in the Terraform provider Catalog.","description_kind":"markdown"}},"hashdata_computing":{"version":0,"block":{"attributes":{"catalog":{"type":"string","description":"catalog UUID.","description_kind":"markdown","optional":true},"id":{"type":"string","description_kind":"plain","optional":true,"computed":true},"image":{"type":"string","description":"image.","description_kind":"markdown","optional":true},"name":{"type":"string","description":"name.","description_kind":"markdown","optional":true}},"block_types":{"extra":{"nesting_mode":"set","block":{"attributes":{"keypair":{"type":"string","description":"keypair.","description_kind":"markdown","optional":true},"subnet":{"type":"string","description":"subnet.","description_kind":"markdown","optional":true},"vpc":{"type":"string","description":"vpc.","description_kind":"markdown","optional":true}},"description":"extra.","description_kind":"markdown"}},"master":{"nesting_mode":"set","block":{"attributes":{"count":{"type":"number","description":"master count.","description_kind":"markdown","optional":true},"instance_type":{"type":"string","description":"master instance_type.","description_kind":"markdown","optional":true},"volume_size":{"type":"number","description":"master volume_size.","description_kind":"markdown","optional":true},"volume_type":{"type":"string","description":"master volume_type.","description_kind":"markdown","optional":true},"zone":{"type":"string","description":"master zone.","description_kind":"markdown","optional":true}},"description":"master.","description_kind":"markdown"}},"segment":{"nesting_mode":"set","block":{"attributes":{"count":{"type":"number","description":"segment count.","description_kind":"markdown","optional":true},"instance_type":{"type":"string","description":"segment instance_type.","description_kind":"markdown","optional":true},"volume_size":{"type":"number","description":"segment volume_size.","description_kind":"markdown","optional":true},"volume_type":{"type":"string","description":"segment volume_type.","description_kind":"markdown","optional":true},"zone":{"type":"string","description":"segment zone.","description_kind":"markdown","optional":true}},"description":"segment.","description_kind":"markdown"}}},"description":"Sample resource in the Terraform provider Computing.","description_kind":"markdown"}},"hashdata_warehouse":{"version":0,"block":{"attributes":{"id":{"type":"string","description_kind":"plain","optional":true,"computed":true},"image":{"type":"string","description":"image.","description_kind":"markdown","optional":true},"name":{"type":"string","description":"name.","description_kind":"markdown","optional":true}},"block_types":{"extra":{"nesting_mode":"set","block":{"attributes":{"keypair":{"type":"string","description":"keypair.","description_kind":"markdown","optional":true},"subnet":{"type":"string","description":"subnet.","description_kind":"markdown","optional":true},"vpc":{"type":"string","description":"vpc.","description_kind":"markdown","optional":true}},"description":"extra.","description_kind":"markdown"}},"feature":{"nesting_mode":"set","block":{"attributes":{"local_storage":{"type":"bool","description":"is_local_storage.","description_kind":"markdown","optional":true},"mirror_standby":{"type":"bool","description":"is_mirror_standby.","description_kind":"markdown","optional":true}},"description":"feature.","description_kind":"markdown"}},"master":{"nesting_mode":"set","block":{"attributes":{"count":{"type":"number","description":"master count.","description_kind":"markdown","optional":true},"instance_type":{"type":"string","description":"master instance_type.","description_kind":"markdown","optional":true},"volume_size":{"type":"number","description":"master volume_size.","description_kind":"markdown","optional":true},"volume_type":{"type":"string","description":"master volume_type.","description_kind":"markdown","optional":true},"zone":{"type":"string","description":"master zone.","description_kind":"markdown","optional":true}},"description":"master.","description_kind":"markdown"}},"metadata":{"nesting_mode":"set","block":{"attributes":{"default_database":{"type":"string","description":"default_database.","description_kind":"markdown","optional":true},"default_password":{"type":"string","description":"default_password.","description_kind":"markdown","optional":true},"default_user":{"type":"string","description":"default_user.","description_kind":"markdown","optional":true},"logic_part":{"type":"number","description":"logic_part.","description_kind":"markdown","optional":true},"number_segments":{"type":"number","description":"number_segments.","description_kind":"markdown","optional":true}},"description":"metadata.","description_kind":"markdown"}},"segment":{"nesting_mode":"set","block":{"attributes":{"count":{"type":"number","description":"segment count.","description_kind":"markdown","optional":true},"instance_type":{"type":"string","description":"segment instance_type.","description_kind":"markdown","optional":true},"volume_size":{"type":"number","description":"segment volume_size.","description_kind":"markdown","optional":true},"volume_type":{"type":"string","description":"segment volume_type.","description_kind":"markdown","optional":true},"zone":{"type":"string","description":"segment zone.","description_kind":"markdown","optional":true}},"description":"segment.","description_kind":"markdown"}}},"description":"Sample resource in the Terraform provider Warehouse.","description_kind":"markdown"}}},"data_source_schemas":{"hashdata_data_source":{"version":0,"block":{"attributes":{"empty_attribute":{"type":"string","description":"Empty.","description_kind":"markdown","required":true},"id":{"type":"string","description_kind":"plain","optional":true,"computed":true}},"description":"Empty.","description_kind":"markdown"}}}}}}
