{"format_version":"0.2","provider_schemas":{"registry.terraform.io/wangjiaxi90/scaffolding":{"provider":{"version":0,"block":{"description_kind":"plain"}},"resource_schemas":{"scaffolding_catalog":{"version":0,"block":{"attributes":{"id":{"type":"string","description_kind":"plain","optional":true,"computed":true},"sample_attribute":{"type":"string","description":"Sample attribute.","description_kind":"markdown","optional":true}},"description":"Sample resource in the Terraform provider Catalog.","description_kind":"markdown"}},"scaffolding_computing":{"version":0,"block":{"attributes":{"id":{"type":"string","description_kind":"plain","optional":true,"computed":true},"sample_attribute":{"type":"string","description":"Sample attribute.","description_kind":"markdown","optional":true}},"description":"Sample resource in the Terraform provider Computing.","description_kind":"markdown"}},"scaffolding_warehouse":{"version":0,"block":{"attributes":{"extra":{"type":["map","string"],"description":"extra.","description_kind":"markdown","optional":true},"feature":{"type":["map","string"],"description":"extra.","description_kind":"markdown","optional":true},"id":{"type":"string","description_kind":"plain","optional":true,"computed":true},"master":{"type":["map","string"],"description":"master.","description_kind":"markdown","optional":true},"metadata":{"type":["map","string"],"description":"extra.","description_kind":"markdown","optional":true},"name":{"type":"string","description":"extra.","description_kind":"markdown","optional":true},"segment":{"type":["map","string"],"description":"segment.","description_kind":"markdown","optional":true}},"description":"Sample resource in the Terraform provider Warehouse.","description_kind":"markdown"}}},"data_source_schemas":{"scaffolding_data_source":{"version":0,"block":{"attributes":{"empty_attribute":{"type":"string","description":"Empty.","description_kind":"markdown","required":true},"id":{"type":"string","description_kind":"plain","optional":true,"computed":true}},"description":"Empty.","description_kind":"markdown"}}}}}}
