{"format_version":"0.2","provider_schemas":{"registry.terraform.io/wasfree/uptrends":{"provider":{"version":0,"block":{"attributes":{"debug":{"type":"bool","description":"Enable uptrends debug mode. Defaults to `false`.","description_kind":"plain","optional":true},"password":{"type":"string","description":"Password for the uptrends API. Can be specified with the UPTRENDS_PASSWORD environment variable.","description_kind":"plain","required":true,"sensitive":true},"username":{"type":"string","description":"Username for the uptrends API. Can be specified with the UPTRENDS_USERNAME environment variable.","description_kind":"plain","required":true}},"description_kind":"plain"}},"resource_schemas":{"uptrends_monitor_certificate":{"version":0,"block":{"attributes":{"alert_on_load_time_limit_1":{"type":"bool","description":"Set this value to true, if you want to receive alerts if your server response is slower than load_time_limit_1 threshold. Shows a yellow status in performance monitor. Defaults to `false`.","description_kind":"plain","optional":true},"alert_on_load_time_limit_2":{"type":"bool","description":"Set this value to true, if you want to receive alerts if your server response is slower than load_time_limit_2. Shows a red status in performance monitor. Defaults to `false`.","description_kind":"plain","optional":true},"auth_type":{"type":"string","description":"Specify the username of the appropriate credentials here. Defaults to `None`.","description_kind":"plain","optional":true},"cert_expiration_warning_days":{"type":"number","description":"Specify the expiration warning days of the certificate. Defaults to `7` days.","description_kind":"plain","optional":true},"cert_fingerprint":{"type":"string","description":"Specify the fingerprint of the certificate. Defaults to empty string to not check this field.","description_kind":"plain","optional":true},"cert_issuer_company_name":{"type":"string","description":"Specify the issuer company name of the certificate. Defaults to empty string to not check this field.","description_kind":"plain","optional":true},"cert_issuer_name":{"type":"string","description":"Specify the issuer common name of the certificate. Defaults to empty string to not check this field.","description_kind":"plain","optional":true},"cert_issuer_org_unit":{"type":"string","description":"Specify the issuer org unit of the certificate. Defaults to empty string to not check this field.","description_kind":"plain","optional":true},"cert_name":{"type":"string","description":"Specify the common name of the certificate. Defaults to empty string to not check this field.","description_kind":"plain","optional":true},"cert_org":{"type":"string","description":"Specify the organization of the certificate. Defaults to empty string to not check this field.","description_kind":"plain","optional":true},"cert_org_unit":{"type":"string","description":"Specify the organizational unit of the certificate. Defaults to empty string to not check this field.","description_kind":"plain","optional":true},"cert_serial_number":{"type":"string","description":"Specify the serial number of the certificate. Defaults to empty string to not check this field.","description_kind":"plain","optional":true},"check_cert_errors":{"type":"bool","description":"An HTTPS check will only pass our checks if the SSL certificate does not cause any errors. Only set this option to `false` if you really want to ignore SSL certificate issues. This parameter takes only effect if `type` has been set to `Https`.","description_kind":"plain","optional":true},"check_interval":{"type":"number","description":"Numeric value for the time interval between individual checks, in minutes. The maximum value is 240 (4 hours). The minimum value depends on the type of monitor. Defaults to `5`.","description_kind":"plain","optional":true},"generate_alert":{"type":"bool","description":"When set to false, no alerts will be generated for this monitor in case of an error. Defaults to `true`.","description_kind":"plain","optional":true},"id":{"type":"string","description_kind":"plain","optional":true,"computed":true},"ip_version":{"type":"string","description":"IpV4 or IpV6. Indicates which IP version should be used to connect to the server or network address you specify. If you choose IPv6, the monitor will only be executed on checkpoint locations that support IPv6. Defaults to `IpV4`.","description_kind":"plain","optional":true},"is_active":{"type":"bool","description":"Indicates whether the monitor is actively running in the account. Defaults to `true`.","description_kind":"plain","optional":true},"is_locked":{"type":"bool","description":"It specifies whether the monitor is currently locked for editing. This happens if the Support team is reviewing your monitor.","description_kind":"plain","computed":true},"load_time_limit_1":{"type":"number","description":"Set threshold time in ms for requires `alert_on_load_time_limit_1` to be enabled. Defaults to `2500`.","description_kind":"plain","optional":true},"load_time_limit_2":{"type":"number","description":"Set threshold time in ms for requires `alert_on_load_time_limit_2` to be enabled. Defaults to `5000`.","description_kind":"plain","optional":true},"mode":{"type":"string","description":"The monitor mode, either Development, Staging or Production. Defaults to `Production`.","description_kind":"plain","optional":true},"name":{"type":"string","description":"Display name for the Ping Monitor resource.","description_kind":"plain","required":true},"name_for_phone_alerts":{"type":"string","description":"The value for the speech-friendly monitor name, if applicable. This is the monitor name we’ll use in text-to-speech phone alerting, provided that the ‘Use alternate monitor names’ option has been enabled in the phone alert integration.","description_kind":"plain","optional":true},"native_ipv6_only":{"type":"bool","description":"True or False. This setting only applies when you select IpV6 for the IpVersion field. Set this value to true to only execute your monitor on checkpoint servers that support native IPv6 connectivity. Defaults to `false`.","description_kind":"plain","optional":true},"notes":{"type":"string","description":"Your notes for this monitor.","description_kind":"plain","optional":true},"password":{"type":"string","description":"See the Username field. Specify the corresponding password value here.","description_kind":"plain","optional":true,"sensitive":true},"primary_checkpoints_only":{"type":"bool","description":"Only set this to False when you’re sure you want to execute your monitor on non-primary checkpoints. Defaults to `true`.","description_kind":"plain","optional":true},"url":{"type":"string","description":"The full URL of the appropriate website, page or service that you want to monitor. The URL should include “https://”, please also include a port number if you are using a non-default port number, e.g. https://your-domain.com:8080/your-page. You can also use a fixed IP address as part of the URL instead of a host name, if your server listens to incoming requests without a host name.","description_kind":"plain","required":true},"username":{"type":"string","description":"Specify the username of the appropriate credentials here.","description_kind":"plain","optional":true}},"block_types":{"selected_checkpoints":{"nesting_mode":"list","block":{"attributes":{"checkpoints":{"type":["set","string"],"description":"A checkpoint is a geographic location from which you can have your service uptime and performance checked periodically. Provide checkpoint ids or names.","description_kind":"plain","optional":true},"exclude_locations":{"type":["set","string"],"description":"It is possible to keep an entire region of checkpoints (e.g. Canada) selected (with the benefit of automatically getting new checkpoints as they are added to that region) but have additional control over individual checkpoint locations that you want to skip. Provide checkpoint ids or names.","description_kind":"plain","optional":true},"regions":{"type":["set","string"],"description":"A Region contains one or more checkpoints, just define a region if all checkpoints in a region should be used. Provide region id or name.","description_kind":"plain","optional":true}},"description_kind":"plain"},"max_items":1}},"description":"Manages an Uptrends SSL Certificate Monitor.","description_kind":"plain"}},"uptrends_monitor_database_server":{"version":0,"block":{"attributes":{"alert_on_load_time_limit_1":{"type":"bool","description":"Set this value to true, if you want to receive alerts if your server response is slower than load_time_limit_1 threshold. Shows a yellow status in performance monitor. Defaults to `false`.","description_kind":"plain","optional":true},"alert_on_load_time_limit_2":{"type":"bool","description":"Set this value to true, if you want to receive alerts if your server response is slower than load_time_limit_2. Shows a red status in performance monitor. Defaults to `false`.","description_kind":"plain","optional":true},"check_interval":{"type":"number","description":"Numeric value for the time interval between individual checks, in minutes. The maximum value is 240 (4 hours). The minimum value depends on the type of monitor. Defaults to `5`.","description_kind":"plain","optional":true},"db_name":{"type":"string","description":"Optionally specify the name of the database you want to connect to.","description_kind":"plain","optional":true},"generate_alert":{"type":"bool","description":"When set to false, no alerts will be generated for this monitor in case of an error. Defaults to `true`.","description_kind":"plain","optional":true},"id":{"type":"string","description_kind":"plain","optional":true,"computed":true},"ip_version":{"type":"string","description":"IpV4 or IpV6. Indicates which IP version should be used to connect to the server or network address you specify. If you choose IPv6, the monitor will only be executed on checkpoint locations that support IPv6. Defaults to `IpV4`.","description_kind":"plain","optional":true},"is_active":{"type":"bool","description":"Indicates whether the monitor is actively running in the account. Defaults to `true`.","description_kind":"plain","optional":true},"is_locked":{"type":"bool","description":"It specifies whether the monitor is currently locked for editing. This happens if the Support team is reviewing your monitor.","description_kind":"plain","computed":true},"load_time_limit_1":{"type":"number","description":"Set threshold time in ms for requires `alert_on_load_time_limit_1` to be enabled. Defaults to `2500`.","description_kind":"plain","optional":true},"load_time_limit_2":{"type":"number","description":"Set threshold time in ms for requires `alert_on_load_time_limit_2` to be enabled. Defaults to `5000`.","description_kind":"plain","optional":true},"mode":{"type":"string","description":"The monitor mode, either Development, Staging or Production. Defaults to `Production`.","description_kind":"plain","optional":true},"name":{"type":"string","description":"Display name for the Ping Monitor resource.","description_kind":"plain","required":true},"name_for_phone_alerts":{"type":"string","description":"The value for the speech-friendly monitor name, if applicable. This is the monitor name we’ll use in text-to-speech phone alerting, provided that the ‘Use alternate monitor names’ option has been enabled in the phone alert integration.","description_kind":"plain","optional":true},"native_ipv6_only":{"type":"bool","description":"True or False. This setting only applies when you select IpV6 for the IpVersion field. Set this value to true to only execute your monitor on checkpoint servers that support native IPv6 connectivity. Defaults to `false`.","description_kind":"plain","optional":true},"network_address":{"type":"string","description":"The network address that should be used to connect to the server or service you want to monitor.","description_kind":"plain","required":true},"notes":{"type":"string","description":"Your notes for this monitor.","description_kind":"plain","optional":true},"password":{"type":"string","description":"See the Username field. Specify the corresponding password value here.","description_kind":"plain","optional":true,"sensitive":true},"port":{"type":"number","description":"The TCP Port for the dns Monitor, has to be between `1` and `65535`. Defaults to `53`.","description_kind":"plain","required":true},"primary_checkpoints_only":{"type":"bool","description":"Only set this to False when you’re sure you want to execute your monitor on non-primary checkpoints. Defaults to `true`.","description_kind":"plain","optional":true},"type":{"type":"string","description":"Select between `MySQL` and `MSSQL` monitor type. Defaults to `MySQL`","description_kind":"plain","optional":true},"username":{"type":"string","description":"Specify the username of the appropriate credentials here.","description_kind":"plain","optional":true}},"block_types":{"selected_checkpoints":{"nesting_mode":"list","block":{"attributes":{"checkpoints":{"type":["set","string"],"description":"A checkpoint is a geographic location from which you can have your service uptime and performance checked periodically. Provide checkpoint ids or names.","description_kind":"plain","optional":true},"exclude_locations":{"type":["set","string"],"description":"It is possible to keep an entire region of checkpoints (e.g. Canada) selected (with the benefit of automatically getting new checkpoints as they are added to that region) but have additional control over individual checkpoint locations that you want to skip. Provide checkpoint ids or names.","description_kind":"plain","optional":true},"regions":{"type":["set","string"],"description":"A Region contains one or more checkpoints, just define a region if all checkpoints in a region should be used. Provide region id or name.","description_kind":"plain","optional":true}},"description_kind":"plain"},"max_items":1}},"description":"Manages an Uptrends Database Server Monitor.","description_kind":"plain"}},"uptrends_monitor_dns":{"version":0,"block":{"attributes":{"alert_on_load_time_limit_1":{"type":"bool","description":"Set this value to true, if you want to receive alerts if your server response is slower than load_time_limit_1 threshold. Shows a yellow status in performance monitor. Defaults to `false`.","description_kind":"plain","optional":true},"alert_on_load_time_limit_2":{"type":"bool","description":"Set this value to true, if you want to receive alerts if your server response is slower than load_time_limit_2. Shows a red status in performance monitor. Defaults to `false`.","description_kind":"plain","optional":true},"check_interval":{"type":"number","description":"Numeric value for the time interval between individual checks, in minutes. The maximum value is 240 (4 hours). The minimum value depends on the type of monitor. Defaults to `5`.","description_kind":"plain","optional":true},"dns_expected_result":{"type":"string","description":"The result you expect to get back from DNS query.","description_kind":"plain","required":true},"dns_query":{"type":"string","description":"The Type of DNS query you want to perform. Alloed values are `ARecord`, `CnameRecord`, `MxRecord`, `NsRecord`, `TxtRecord`, `SoaRecord`, `RootServer`, `AaaaRecord`, `SrvRecord`.","description_kind":"plain","required":true},"dns_server":{"type":"string","description":"The DNS Server that contains the entries you want to test.","description_kind":"plain","optional":true},"dns_test_value":{"type":"string","description":"The value to test for e.g. example.com.","description_kind":"plain","required":true},"generate_alert":{"type":"bool","description":"When set to false, no alerts will be generated for this monitor in case of an error. Defaults to `true`.","description_kind":"plain","optional":true},"id":{"type":"string","description_kind":"plain","optional":true,"computed":true},"ip_version":{"type":"string","description":"IpV4 or IpV6. Indicates which IP version should be used to connect to the server or network address you specify. If you choose IPv6, the monitor will only be executed on checkpoint locations that support IPv6. Defaults to `IpV4`.","description_kind":"plain","optional":true},"is_active":{"type":"bool","description":"Indicates whether the monitor is actively running in the account. Defaults to `true`.","description_kind":"plain","optional":true},"is_locked":{"type":"bool","description":"It specifies whether the monitor is currently locked for editing. This happens if the Support team is reviewing your monitor.","description_kind":"plain","computed":true},"load_time_limit_1":{"type":"number","description":"Set threshold time in ms for requires `alert_on_load_time_limit_1` to be enabled. Defaults to `2500`.","description_kind":"plain","optional":true},"load_time_limit_2":{"type":"number","description":"Set threshold time in ms for requires `alert_on_load_time_limit_2` to be enabled. Defaults to `5000`.","description_kind":"plain","optional":true},"mode":{"type":"string","description":"The monitor mode, either Development, Staging or Production. Defaults to `Production`.","description_kind":"plain","optional":true},"name":{"type":"string","description":"Display name for the Ping Monitor resource.","description_kind":"plain","required":true},"name_for_phone_alerts":{"type":"string","description":"The value for the speech-friendly monitor name, if applicable. This is the monitor name we’ll use in text-to-speech phone alerting, provided that the ‘Use alternate monitor names’ option has been enabled in the phone alert integration.","description_kind":"plain","optional":true},"native_ipv6_only":{"type":"bool","description":"True or False. This setting only applies when you select IpV6 for the IpVersion field. Set this value to true to only execute your monitor on checkpoint servers that support native IPv6 connectivity. Defaults to `false`.","description_kind":"plain","optional":true},"notes":{"type":"string","description":"Your notes for this monitor.","description_kind":"plain","optional":true},"port":{"type":"number","description":"The TCP Port for the dns Monitor, has to be between `1` and `65535`. Defaults to `53`.","description_kind":"plain","optional":true},"primary_checkpoints_only":{"type":"bool","description":"Only set this to False when you’re sure you want to execute your monitor on non-primary checkpoints. Defaults to `true`.","description_kind":"plain","optional":true}},"block_types":{"selected_checkpoints":{"nesting_mode":"list","block":{"attributes":{"checkpoints":{"type":["set","string"],"description":"A checkpoint is a geographic location from which you can have your service uptime and performance checked periodically. Provide checkpoint ids or names.","description_kind":"plain","optional":true},"exclude_locations":{"type":["set","string"],"description":"It is possible to keep an entire region of checkpoints (e.g. Canada) selected (with the benefit of automatically getting new checkpoints as they are added to that region) but have additional control over individual checkpoint locations that you want to skip. Provide checkpoint ids or names.","description_kind":"plain","optional":true},"regions":{"type":["set","string"],"description":"A Region contains one or more checkpoints, just define a region if all checkpoints in a region should be used. Provide region id or name.","description_kind":"plain","optional":true}},"description_kind":"plain"},"max_items":1}},"description":"Manages an Uptrends DNS Monitor.","description_kind":"plain"}},"uptrends_monitor_fpc":{"version":0,"block":{"attributes":{"alert_on_load_time_limit_1":{"type":"bool","description":"Set this value to true, if you want to receive alerts if your server response is slower than load_time_limit_1 threshold. Shows a yellow status in performance monitor. Defaults to `false`.","description_kind":"plain","optional":true},"alert_on_load_time_limit_2":{"type":"bool","description":"Set this value to true, if you want to receive alerts if your server response is slower than load_time_limit_2. Shows a red status in performance monitor. Defaults to `false`.","description_kind":"plain","optional":true},"alert_on_max_bytes":{"type":"bool","description":"Enable this option if you want to check that the response of the Server not exceed `max_bytes` of bytes. Defaults to `false`","description_kind":"plain","optional":true},"alert_on_max_element_bytes":{"type":"bool","description":"Enable this option if you want to check that any element on your page not exceeds `max_element_bytes` of bytes. Defaults to `false`","description_kind":"plain","optional":true},"alert_on_min_bytes":{"type":"bool","description":"Enable this option if you want to check that the response of the Server contains at least `min_bytes` of bytes. Defaults to `false`","description_kind":"plain","optional":true},"alert_on_percentage_fail":{"type":"bool","description":"Enable this option if you want the time-, size-, or content-checks to generate alerts.","description_kind":"plain","optional":true},"auth_type":{"type":"string","description":"Specify the username of the appropriate credentials here. Defaults to `None`.","description_kind":"plain","optional":true},"block_google_analytics":{"type":"bool","description":"Enable this option if outgoing monitoring requests should block google analytics.","description_kind":"plain","optional":true},"block_uptrends_rum":{"type":"bool","description":"Enable this option if outgoing monitoring requests should block uptrends rum.","description_kind":"plain","optional":true},"block_urls":{"type":["set","string"],"description":"Set Urls which should be blocked by outgoing monitoring requests.","description_kind":"plain","optional":true},"browser_type":{"type":"string","description":"The Type of Browser used to Load the Website. Allowed values are `Chrome`, `Firefox`, `IE`, `PhantomJS`, `PhantomJS20` and `Safari`. Defaults to `Chrome`.","description_kind":"plain","optional":true},"check_interval":{"type":"number","description":"Numeric value for the time interval between individual checks, in minutes. The maximum value is 240 (4 hours). The minimum value depends on the type of monitor. Defaults to `5`.","description_kind":"plain","optional":true},"failed_object_percentage":{"type":"number","description":"Specify a percentage treshold on which your want to get alerted 0% will report all element load failures","description_kind":"plain","optional":true},"generate_alert":{"type":"bool","description":"When set to false, no alerts will be generated for this monitor in case of an error. Defaults to `true`.","description_kind":"plain","optional":true},"id":{"type":"string","description_kind":"plain","optional":true,"computed":true},"ignore_external_elements":{"type":"bool","description":"Enable this option if you don't want to include external elements in any error condition that are related to download size.","description_kind":"plain","optional":true},"is_active":{"type":"bool","description":"Indicates whether the monitor is actively running in the account. Defaults to `true`.","description_kind":"plain","optional":true},"is_locked":{"type":"bool","description":"It specifies whether the monitor is currently locked for editing. This happens if the Support team is reviewing your monitor.","description_kind":"plain","computed":true},"load_time_limit_1":{"type":"number","description":"Set threshold time in ms for requires `alert_on_load_time_limit_1` to be enabled. Defaults to `2500`.","description_kind":"plain","optional":true},"load_time_limit_2":{"type":"number","description":"Set threshold time in ms for requires `alert_on_load_time_limit_2` to be enabled. Defaults to `5000`.","description_kind":"plain","optional":true},"max_bytes":{"type":"number","description":"Set threshold bytes that the response of the Server must at least contains. Required `alert_on_max_bytes` to be enabled.","description_kind":"plain","optional":true},"max_element_bytes":{"type":"number","description":"Set threshold bytes that the response of the Server must at least contains. Required `alert_on_max_element_bytes` to be enabled.","description_kind":"plain","optional":true},"min_bytes":{"type":"number","description":"Set threshold bytes that the response of the Server must at least contains. Required `alert_on_min_bytes` to be enabled.","description_kind":"plain","optional":true},"mode":{"type":"string","description":"The monitor mode, either Development, Staging or Production. Defaults to `Production`.","description_kind":"plain","optional":true},"name":{"type":"string","description":"Display name for the Ping Monitor resource.","description_kind":"plain","required":true},"name_for_phone_alerts":{"type":"string","description":"The value for the speech-friendly monitor name, if applicable. This is the monitor name we’ll use in text-to-speech phone alerting, provided that the ‘Use alternate monitor names’ option has been enabled in the phone alert integration.","description_kind":"plain","optional":true},"notes":{"type":"string","description":"Your notes for this monitor.","description_kind":"plain","optional":true},"password":{"type":"string","description":"See the Username field. Specify the corresponding password value here.","description_kind":"plain","optional":true,"sensitive":true},"primary_checkpoints_only":{"type":"bool","description":"Only set this to False when you’re sure you want to execute your monitor on non-primary checkpoints. Defaults to `true`.","description_kind":"plain","optional":true},"url":{"type":"string","description":"The full URL of the appropriate website, page or service that you want to monitor. The URL should include “http://” or “https://”. If relevant, please also include a port number if you are using a non-default port number, e.g. https://your-domain.com:8080/your-page. You can also use a fixed IP address as part of the URL instead of a host name, if your server listens to incoming requests without a host name.","description_kind":"plain","required":true},"user_agent":{"type":"string","description":"A string value that identifies which HTTP client is making the HTTP request. A browser typically sends a value that identifies the browser type and version.","description_kind":"plain","optional":true},"username":{"type":"string","description":"Specify the username of the appropriate credentials here.","description_kind":"plain","optional":true}},"block_types":{"browser_window_dimensions":{"nesting_mode":"list","block":{"attributes":{"height":{"type":"number","description":"Set the height for resolution size.","description_kind":"plain","optional":true},"is_mobile":{"type":"bool","description":"Enable for Mobile simulation.","description_kind":"plain","optional":true},"mobile_device":{"type":"string","description":"Define the mobile device if `is_mobile` set to true.","description_kind":"plain","optional":true},"pixel_ratio":{"type":"number","description":"The device pixel ratio is the ratio between physical pixels and logical pixels.","description_kind":"plain","optional":true},"width":{"type":"number","description":"Set the width for resolution size.","description_kind":"plain","optional":true}},"description_kind":"plain"},"max_items":1},"match_pattern":{"nesting_mode":"list","block":{"attributes":{"is_positive":{"type":"bool","description":"Set this value to `true` if you want to verify that your web page contains `pattern`. Set to false if you want to verify that your web page does not contain that text.","description_kind":"plain","required":true},"pattern":{"type":"string","description":"Insert a word or phrase if you want to verify that your web page contains that text.","description_kind":"plain","required":true}},"description_kind":"plain"}},"request_headers":{"nesting_mode":"list","block":{"attributes":{"name":{"type":"string","description":"Specify an HTTP header name used by your requests.","description_kind":"plain","required":true},"value":{"type":"string","description":"Specify an HTTP header value used by your requests.","description_kind":"plain","required":true}},"description_kind":"plain"}},"selected_checkpoints":{"nesting_mode":"list","block":{"attributes":{"checkpoints":{"type":["set","string"],"description":"A checkpoint is a geographic location from which you can have your service uptime and performance checked periodically. Provide checkpoint ids or names.","description_kind":"plain","optional":true},"exclude_locations":{"type":["set","string"],"description":"It is possible to keep an entire region of checkpoints (e.g. Canada) selected (with the benefit of automatically getting new checkpoints as they are added to that region) but have additional control over individual checkpoint locations that you want to skip. Provide checkpoint ids or names.","description_kind":"plain","optional":true},"regions":{"type":["set","string"],"description":"A Region contains one or more checkpoints, just define a region if all checkpoints in a region should be used. Provide region id or name.","description_kind":"plain","optional":true}},"description_kind":"plain"},"max_items":1}},"description":"Manages Uptrends Full Page Check Monitor.","description_kind":"plain"}},"uptrends_monitor_group":{"version":0,"block":{"attributes":{"description":{"type":"string","description":"Set an descriptive name for the Monitor Group resource.","description_kind":"plain","required":true},"id":{"type":"string","description_kind":"plain","optional":true,"computed":true},"is_all":{"type":"bool","description":"Indicates whether this group is the `All Monitors` system group.","description_kind":"plain","computed":true}},"description":"Manages an Uptrends Monitor Group.","description_kind":"plain"}},"uptrends_monitor_network":{"version":0,"block":{"attributes":{"alert_on_load_time_limit_1":{"type":"bool","description":"Set this value to true, if you want to receive alerts if your server response is slower than load_time_limit_1 threshold. Shows a yellow status in performance monitor. Defaults to `false`.","description_kind":"plain","optional":true},"alert_on_load_time_limit_2":{"type":"bool","description":"Set this value to true, if you want to receive alerts if your server response is slower than load_time_limit_2. Shows a red status in performance monitor. Defaults to `false`.","description_kind":"plain","optional":true},"check_interval":{"type":"number","description":"Numeric value for the time interval between individual checks, in minutes. The maximum value is 240 (4 hours). The minimum value depends on the type of monitor. Defaults to `5`.","description_kind":"plain","optional":true},"generate_alert":{"type":"bool","description":"When set to false, no alerts will be generated for this monitor in case of an error. Defaults to `true`.","description_kind":"plain","optional":true},"id":{"type":"string","description_kind":"plain","optional":true,"computed":true},"ip_version":{"type":"string","description":"IpV4 or IpV6. Indicates which IP version should be used to connect to the server or network address you specify. If you choose IPv6, the monitor will only be executed on checkpoint locations that support IPv6. Defaults to `IpV4`.","description_kind":"plain","optional":true},"is_active":{"type":"bool","description":"Indicates whether the monitor is actively running in the account. Defaults to `true`.","description_kind":"plain","optional":true},"is_locked":{"type":"bool","description":"It specifies whether the monitor is currently locked for editing. This happens if the Support team is reviewing your monitor.","description_kind":"plain","computed":true},"load_time_limit_1":{"type":"number","description":"Set threshold time in ms for requires `alert_on_load_time_limit_1` to be enabled. Defaults to `2500`.","description_kind":"plain","optional":true},"load_time_limit_2":{"type":"number","description":"Set threshold time in ms for requires `alert_on_load_time_limit_2` to be enabled. Defaults to `5000`.","description_kind":"plain","optional":true},"mode":{"type":"string","description":"The monitor mode, either Development, Staging or Production. Defaults to `Production`.","description_kind":"plain","optional":true},"name":{"type":"string","description":"Display name for the Ping Monitor resource.","description_kind":"plain","required":true},"name_for_phone_alerts":{"type":"string","description":"The value for the speech-friendly monitor name, if applicable. This is the monitor name we’ll use in text-to-speech phone alerting, provided that the ‘Use alternate monitor names’ option has been enabled in the phone alert integration.","description_kind":"plain","optional":true},"native_ipv6_only":{"type":"bool","description":"True or False. This setting only applies when you select IpV6 for the IpVersion field. Set this value to true to only execute your monitor on checkpoint servers that support native IPv6 connectivity. Defaults to `false`.","description_kind":"plain","optional":true},"network_address":{"type":"string","description":"The network address that should be used to connect to the server or service you want to monitor.","description_kind":"plain","required":true},"notes":{"type":"string","description":"Your notes for this monitor.","description_kind":"plain","optional":true},"port":{"type":"number","description":"The TCP Port for the connect Monitor. Only used by connect Monitor, has to be between `1` and `65535`.","description_kind":"plain","optional":true},"primary_checkpoints_only":{"type":"bool","description":"Only set this to False when you’re sure you want to execute your monitor on non-primary checkpoints. Defaults to `true`.","description_kind":"plain","optional":true},"type":{"type":"string","description":"Select between `Ping` and `Connect` monitor type. Defaults to `Ping`","description_kind":"plain","optional":true}},"block_types":{"selected_checkpoints":{"nesting_mode":"list","block":{"attributes":{"checkpoints":{"type":["set","string"],"description":"A checkpoint is a geographic location from which you can have your service uptime and performance checked periodically. Provide checkpoint ids or names.","description_kind":"plain","optional":true},"exclude_locations":{"type":["set","string"],"description":"It is possible to keep an entire region of checkpoints (e.g. Canada) selected (with the benefit of automatically getting new checkpoints as they are added to that region) but have additional control over individual checkpoint locations that you want to skip. Provide checkpoint ids or names.","description_kind":"plain","optional":true},"regions":{"type":["set","string"],"description":"A Region contains one or more checkpoints, just define a region if all checkpoints in a region should be used. Provide region id or name.","description_kind":"plain","optional":true}},"description_kind":"plain"},"max_items":1}},"description":"Manages an Uptrends Ping and Connect Monitor.","description_kind":"plain"}},"uptrends_monitor_web":{"version":0,"block":{"attributes":{"alert_on_load_time_limit_1":{"type":"bool","description":"Set this value to true, if you want to receive alerts if your server response is slower than load_time_limit_1 threshold. Shows a yellow status in performance monitor. Defaults to `false`.","description_kind":"plain","optional":true},"alert_on_load_time_limit_2":{"type":"bool","description":"Set this value to true, if you want to receive alerts if your server response is slower than load_time_limit_2. Shows a red status in performance monitor. Defaults to `false`.","description_kind":"plain","optional":true},"alert_on_min_bytes":{"type":"bool","description":"Enable this option if you want to check that the response of the Server contains at least `min_bytes` of bytes. Defaults to `false`","description_kind":"plain","optional":true},"auth_type":{"type":"string","description":"Specify the username of the appropriate credentials here. Defaults to `None`.","description_kind":"plain","optional":true},"check_cert_errors":{"type":"bool","description":"An HTTPS check will only pass our checks if the SSL certificate does not cause any errors. Only set this option to `false` if you really want to ignore SSL certificate issues. This parameter takes only effect if `type` has been set to `Https`.","description_kind":"plain","optional":true},"check_interval":{"type":"number","description":"Numeric value for the time interval between individual checks, in minutes. The maximum value is 240 (4 hours). The minimum value depends on the type of monitor. Defaults to `5`.","description_kind":"plain","optional":true},"expected_http_status_code":{"type":"number","description":"Check for specific HTTP status code, any other than the specified status code, will generate an error.","description_kind":"plain","optional":true},"generate_alert":{"type":"bool","description":"When set to false, no alerts will be generated for this monitor in case of an error. Defaults to `true`.","description_kind":"plain","optional":true},"http_method":{"type":"string","description":"Specifies the HTTP methode for your monitor. Defaults to `GET`.","description_kind":"plain","optional":true},"id":{"type":"string","description_kind":"plain","optional":true,"computed":true},"ip_version":{"type":"string","description":"IpV4 or IpV6. Indicates which IP version should be used to connect to the server or network address you specify. If you choose IPv6, the monitor will only be executed on checkpoint locations that support IPv6. Defaults to `IpV4`.","description_kind":"plain","optional":true},"is_active":{"type":"bool","description":"Indicates whether the monitor is actively running in the account. Defaults to `true`.","description_kind":"plain","optional":true},"is_locked":{"type":"bool","description":"It specifies whether the monitor is currently locked for editing. This happens if the Support team is reviewing your monitor.","description_kind":"plain","computed":true},"load_time_limit_1":{"type":"number","description":"Set threshold time in ms for requires `alert_on_load_time_limit_1` to be enabled. Defaults to `2500`.","description_kind":"plain","optional":true},"load_time_limit_2":{"type":"number","description":"Set threshold time in ms for requires `alert_on_load_time_limit_2` to be enabled. Defaults to `5000`.","description_kind":"plain","optional":true},"min_bytes":{"type":"number","description":"Set threshold bytes that the response of the Server must at least contains. Required `alert_on_min_bytes` to be enabled.","description_kind":"plain","optional":true},"mode":{"type":"string","description":"The monitor mode, either Development, Staging or Production. Defaults to `Production`.","description_kind":"plain","optional":true},"name":{"type":"string","description":"Display name for the Ping Monitor resource.","description_kind":"plain","required":true},"name_for_phone_alerts":{"type":"string","description":"The value for the speech-friendly monitor name, if applicable. This is the monitor name we’ll use in text-to-speech phone alerting, provided that the ‘Use alternate monitor names’ option has been enabled in the phone alert integration.","description_kind":"plain","optional":true},"native_ipv6_only":{"type":"bool","description":"True or False. This setting only applies when you select IpV6 for the IpVersion field. Set this value to true to only execute your monitor on checkpoint servers that support native IPv6 connectivity. Defaults to `false`.","description_kind":"plain","optional":true},"notes":{"type":"string","description":"Your notes for this monitor.","description_kind":"plain","optional":true},"password":{"type":"string","description":"See the Username field. Specify the corresponding password value here.","description_kind":"plain","optional":true,"sensitive":true},"primary_checkpoints_only":{"type":"bool","description":"Only set this to False when you’re sure you want to execute your monitor on non-primary checkpoints. Defaults to `true`.","description_kind":"plain","optional":true},"request_body":{"type":"string","description":"When posting a form, fill in the form variables, every form variable has to be on separated line e.g. `foo=bar\r\nbar=foo\r\n`. Requires `http_method` to be set to `Post`.","description_kind":"plain","optional":true},"type":{"type":"string","description":"Select between `Http`, `Https`, `WebserviceHttp` and `WebserviceHttps` monitor type. Defaults to `Http`","description_kind":"plain","optional":true},"url":{"type":"string","description":"The full URL of the appropriate website, page or service that you want to monitor. The URL should include “http://” or “https://”. If relevant, please also include a port number if you are using a non-default port number, e.g. https://your-domain.com:8080/your-page. You can also use a fixed IP address as part of the URL instead of a host name, if your server listens to incoming requests without a host name.","description_kind":"plain","required":true},"user_agent":{"type":"string","description":"A string value that identifies which HTTP client is making the HTTP request. A browser typically sends a value that identifies the browser type and version.","description_kind":"plain","optional":true},"username":{"type":"string","description":"Specify the username of the appropriate credentials here.","description_kind":"plain","optional":true}},"block_types":{"match_pattern":{"nesting_mode":"list","block":{"attributes":{"is_positive":{"type":"bool","description":"Set this value to `true` if you want to verify that your web page contains `pattern`. Set to false if you want to verify that your web page does not contain that text.","description_kind":"plain","required":true},"pattern":{"type":"string","description":"Insert a word or phrase if you want to verify that your web page contains that text.","description_kind":"plain","required":true}},"description_kind":"plain"}},"request_headers":{"nesting_mode":"list","block":{"attributes":{"name":{"type":"string","description":"Specify an HTTP header name used by your requests.","description_kind":"plain","required":true},"value":{"type":"string","description":"Specify an HTTP header value used by your requests.","description_kind":"plain","required":true}},"description_kind":"plain"}},"selected_checkpoints":{"nesting_mode":"list","block":{"attributes":{"checkpoints":{"type":["set","string"],"description":"A checkpoint is a geographic location from which you can have your service uptime and performance checked periodically. Provide checkpoint ids or names.","description_kind":"plain","optional":true},"exclude_locations":{"type":["set","string"],"description":"It is possible to keep an entire region of checkpoints (e.g. Canada) selected (with the benefit of automatically getting new checkpoints as they are added to that region) but have additional control over individual checkpoint locations that you want to skip. Provide checkpoint ids or names.","description_kind":"plain","optional":true},"regions":{"type":["set","string"],"description":"A Region contains one or more checkpoints, just define a region if all checkpoints in a region should be used. Provide region id or name.","description_kind":"plain","optional":true}},"description_kind":"plain"},"max_items":1}},"description":"Manages Uptrends HTTP, HTTPS, Webservice HTTP and Webservice HTTPS Monitor.","description_kind":"plain"}},"uptrends_operator_account":{"version":0,"block":{"attributes":{"allow_native_login":{"type":"bool","description":"Should native login be enabled on the uptrends ui?","description_kind":"plain","optional":true},"allow_single_signon":{"type":"bool","description":"Should single signon be enabled on the uptrends ui?","description_kind":"plain","optional":true},"backup_email":{"type":"string","description":"Set the backup email of the operator account owner.","description_kind":"plain","optional":true},"culture_name":{"type":"string","description":"Set the locale which should be used for language, date/time and number.","description_kind":"plain","optional":true},"default_dashboard":{"type":"string","description":"Specify the dashboard that will be displayed after login.","description_kind":"plain","optional":true},"email":{"type":"string","description":"Set the email of the operator account owner.","description_kind":"plain","required":true},"full_name":{"type":"string","description":"Set the full name of the operator account owner.","description_kind":"plain","required":true},"id":{"type":"string","description_kind":"plain","optional":true,"computed":true},"is_account_admin":{"type":"bool","description":"Indicates whether the operator is account administrator or not.","description_kind":"plain","computed":true},"is_on_duty":{"type":"bool","description":"Set to true if this account should be on-duty.","description_kind":"plain","optional":true},"mobile_phone":{"type":"string","description":"Specify the mobile number of the Operator Account owner. Has to start with (+) followed by country code.","description_kind":"plain","optional":true},"outgoing_phone_number_id":{"type":"number","description":"Define the ID for outgoing phone number which should be used by Phone provider.","description_kind":"plain","optional":true},"password":{"type":"string","description":"Specify the corresponding password value here.","description_kind":"plain","required":true,"sensitive":true},"sms_provider":{"type":"string","description":"Define the sms provider that will be used sending alerts.","description_kind":"plain","optional":true},"time_zone_id":{"type":"number","description":"Define the ID for timezone which should be used for this account.","description_kind":"plain","optional":true},"use_numeric_sender":{"type":"bool","description":"Define if the sms sender should be numeric.","description_kind":"plain","optional":true}},"description":"Manages Uptrends Operator Account.","description_kind":"plain"}}}}}}
