{"format_version":"0.2","provider_schemas":{"registry.terraform.io/william20111/thousandeyes":{"provider":{"version":0,"block":{"attributes":{"account_group_id":{"type":"string","description_kind":"plain","optional":true},"timeout":{"type":"number","description_kind":"plain","optional":true},"token":{"type":"string","description_kind":"plain","required":true}},"description_kind":"plain"}},"resource_schemas":{"thousandeyes_agent_to_agent":{"version":0,"block":{"attributes":{"alerts_enabled":{"type":"number","description":"choose 1 to enable alerts, or 0 to disable alerts. Defaults to 1","description_kind":"plain","optional":true},"api_links":{"type":["list",["object",{"href":"string","rel":"string"}]],"description":"self links to endpoint to pull test metadata, and data links to endpoint for test data","description_kind":"plain","computed":true},"bgp_measurements":{"type":"number","description":"choose 1 to enable bgp measurements, 0 to disable; defaults to 1","description_kind":"plain","optional":true},"created_by":{"type":"string","description":"created by user","description_kind":"plain","computed":true},"created_date":{"type":"string","description":"date of creation","description_kind":"plain","computed":true},"description":{"type":"string","description":"defaults to empty string","description_kind":"plain","optional":true},"direction":{"type":"string","description":"[TO_TARGET, FROM_TARGET, BIDIRECTIONAL]\tDirection of the test (affects how results are shown)","description_kind":"plain","required":true},"dscp":{"type":"string","description":"dscp  label","description_kind":"plain","computed":true},"dscp_id":{"type":"number","description":"A Differentiated Services Code Point (DSCP) is a value found in an IP packet header which is used to request a level of priority for delivery (Defined in RFC 2474 https://www.ietf.org/rfc/rfc2474.txt). It is one of the Quality of Service management tools used in router configuration to protect real-time and high priority data applications.","description_kind":"plain","optional":true},"enabled":{"type":"number","description":"0 or 1\tchoose 1 to enable the test, 0 to disable the test","description_kind":"plain","optional":true},"id":{"type":"string","description_kind":"plain","optional":true,"computed":true},"interval":{"type":"number","description":"interval to run test on, in seconds","description_kind":"plain","required":true},"live_share":{"type":"number","description":"indicates 1 for a test shared with your account group, 0 for a normal test (does not apply to DNS+ tests)","description_kind":"plain","computed":true},"modified_by":{"type":"string","description":"Last modified by user","description_kind":"plain","computed":true},"modified_date":{"type":"string","description":"Last modified by date; shown in UTC","description_kind":"plain","computed":true},"mss":{"type":"number","description":"(30..1400)\tMaximum Segment Size, in bytes.","description_kind":"plain","optional":true},"mtu_measurements":{"type":"number","description":"set to 1 to measure MTU sizes on network from agents to the target.","description_kind":"plain","optional":true},"network_measurements":{"type":"number","description":"integer\t0 or 1\tchoose 1 to enable network measurements, 0 to disable; defaults to 1","description_kind":"plain","optional":true},"num_path_traces":{"type":"number","description":"number of path traces. default 3.","description_kind":"plain","optional":true},"path_trace_mode":{"type":"string","description":"choose inSession to perform the path trace within a TCP session; defaults to classic","description_kind":"plain","optional":true},"port":{"type":"number","description":"target port","description_kind":"plain","optional":true},"protocol":{"type":"string","description":"Protocol for agent to agent tests, TCP or UDP.  Defaults to TCP","description_kind":"plain","required":true},"saved_event":{"type":"number","description":"indicates 1 for a saved event, 0 for a normal test","description_kind":"plain","computed":true},"target_agent_id":{"type":"number","description":"pull from /agents endpoint\tBoth the 'agents': [] and the targetAgentID cannot be cloud agents. Can be Enterprise Agent -\u003e Cloud, Cloud -\u003e Enterprise Agent, or Enterprise Agent -\u003e Enterprise Agent","description_kind":"plain","required":true},"test_id":{"type":"number","description":"Unique ID of test","description_kind":"plain","computed":true},"test_name":{"type":"string","description":"Name of Test","description_kind":"plain","required":true},"throughput_duration":{"type":"number","description":"Defaults to 10000","description_kind":"plain","optional":true},"throughput_measurements":{"type":"number","description":"0 or 1\tdefaults to 0 (disabled), not allowed when source (or target) of the test is a cloud agent","description_kind":"plain","optional":true},"throughput_rate":{"type":"number","description":"for UDP only","description_kind":"plain","optional":true},"type":{"type":"string","description":"Type of test","description_kind":"plain","computed":true},"use_public_bgp":{"type":"number","description":"set to 1 to automatically add all available Public BGP Monitors","description_kind":"plain","optional":true}},"block_types":{"agents":{"nesting_mode":"list","block":{"attributes":{"agent_id":{"type":"number","description_kind":"plain","optional":true},"agent_name":{"type":"string","description_kind":"plain","optional":true},"agent_state":{"type":"string","description_kind":"plain","optional":true},"agent_type":{"type":"string","description_kind":"plain","computed":true},"country_id":{"type":"string","description_kind":"plain","optional":true},"created_date":{"type":"string","description_kind":"plain","optional":true},"enabled":{"type":"number","description_kind":"plain","optional":true},"hostname":{"type":"string","description_kind":"plain","optional":true},"ip_addresses":{"type":["list","string"],"description_kind":"plain","optional":true},"ipv6_policy":{"type":"string","description_kind":"plain","optional":true},"keep_browser_cache":{"type":"number","description_kind":"plain","optional":true},"last_seen":{"type":"string","description_kind":"plain","optional":true},"location":{"type":"string","description_kind":"plain","optional":true},"network":{"type":"string","description_kind":"plain","optional":true},"prefix":{"type":"string","description_kind":"plain","optional":true},"target_for_tests":{"type":"string","description_kind":"plain","optional":true},"utilization":{"type":"number","description_kind":"plain","optional":true},"verify_ssl_certificate":{"type":"number","description_kind":"plain","optional":true}},"block_types":{"cluster_members":{"nesting_mode":"list","block":{"attributes":{"agent_state":{"type":"string","description_kind":"plain","optional":true},"ip_addresses":{"type":["list","string"],"description_kind":"plain","optional":true},"last_seen":{"type":"string","description_kind":"plain","optional":true},"member_id":{"type":"number","description_kind":"plain","optional":true},"name":{"type":"string","description_kind":"plain","optional":true},"network":{"type":"string","description_kind":"plain","optional":true},"prefix":{"type":"string","description_kind":"plain","optional":true},"public_ip_addresses":{"type":["list","string"],"description_kind":"plain","optional":true},"target_for_tests":{"type":"string","description_kind":"plain","optional":true},"utilization":{"type":"number","description_kind":"plain","optional":true}},"description_kind":"plain"}},"error_details":{"nesting_mode":"list","block":{"attributes":{"code":{"type":"string","description_kind":"plain","optional":true},"description":{"type":"string","description_kind":"plain","optional":true}},"description_kind":"plain"}},"groups":{"nesting_mode":"list","block":{"attributes":{"builtin":{"type":"number","description_kind":"plain","optional":true},"group_id":{"type":"number","description_kind":"plain","optional":true},"name":{"type":"string","description_kind":"plain","optional":true},"type":{"type":"string","description_kind":"plain","optional":true}},"description_kind":"plain"}}},"description":"agents to use ","description_kind":"plain"},"min_items":1},"alert_rules":{"nesting_mode":"list","block":{"attributes":{"alert_rule_id":{"type":"number","description":"ID of  alert rule","description_kind":"plain","computed":true},"alert_type":{"type":"string","description":"Acceptable test types, verbose names","description_kind":"plain","optional":true},"default":{"type":"number","description":"to set the rule as a default, set this value to 1.","description_kind":"plain","optional":true},"direction":{"type":"string","description":"[TO_TARGET, FROM_TARGET, BIDIRECTIONAL]\tDirection of the test (affects how results are shown)","description_kind":"plain","optional":true},"expression":{"type":"string","description":"Alert rule evaluation expression","description_kind":"plain","optional":true},"include_covered_prefixes":{"type":"number","description":"set to 1 to include queries for subprefixes detected under this prefix","description_kind":"plain","optional":true},"minimum_sources":{"type":"number","description":"The minimum number of agents or monitors that must meet the specified criteria in order to trigger an alert","description_kind":"plain","optional":true},"minimum_sources_pct":{"type":"number","description":"The minimum percentage of agents or monitors that must meet the specified criteria in order to trigger an alert","description_kind":"plain","optional":true},"notify_on_clear":{"type":"number","description":"set to 1 to trigger the notification when the alert clears.","description_kind":"plain","optional":true},"rounds_violating_mode":{"type":"string","description":"ANY or EXACT.  EXACT requires that the same agent(s) meet the threshold in consecutive rounds; default is ANY","description_kind":"plain","optional":true},"rounds_violating_out_of":{"type":"number","description":"specifies the divisor (Y value) of the “X of Y times” condition in an alert rule.  Minimum value is 1, maximum value is 10.","description_kind":"plain","optional":true},"rounds_violating_required":{"type":"number","description":"specifies the numerator (X value) of the “X of Y times” condition in an alert rule.  Minimum value is 1, maximum value is 10. Must be less than or equal to roundsViolatingOutOf","description_kind":"plain","optional":true},"rule_id":{"type":"number","description":"If alertsEnabled is set to 1 and alertRules is not included in a creation/update query, applicable defaults will be used.","description_kind":"plain","optional":true},"rule_name":{"type":"string","description":"name of the alert rule","description_kind":"plain","optional":true},"test_ids":{"type":["list","number"],"description":"Valid test IDs","description_kind":"plain","optional":true}},"block_types":{"notifications":{"nesting_mode":"set","block":{"block_types":{"email":{"nesting_mode":"set","block":{"attributes":{"message":{"type":"string","description":"Email message","description_kind":"plain","optional":true},"recipient":{"type":["list","string"],"description":"Email address","description_kind":"plain","optional":true}},"description":"Email notification","description_kind":"plain"}}},"description":"List of notifications for the Alert Rule","description_kind":"plain"}}},"description":"get ruleId from /alert-rules endpoint. If alertsEnabled is set to 1 and alertRules is not included in a creation/update query, applicable defaults will be used.","description_kind":"plain"}},"bgp_monitors":{"nesting_mode":"list","block":{"attributes":{"ip_address":{"type":"string","description_kind":"plain","optional":true},"monitor_id":{"type":"number","description":"monitor id","description_kind":"plain","required":true},"monitor_name":{"type":"string","description_kind":"plain","optional":true},"monitor_type":{"type":"string","description_kind":"plain","optional":true},"network":{"type":"string","description_kind":"plain","optional":true}},"description":"array of BGP Monitor objects","description_kind":"plain"}},"groups":{"nesting_mode":"list","block":{"attributes":{"builtin":{"type":"number","description":"1 for built-in labels, and 0 for user-created labels. Note that built-in labels are read-only","description_kind":"plain","computed":true},"group_id":{"type":"number","description":"Unique ID of the label","description_kind":"plain","required":true},"name":{"type":"string","description":"Name of the label","description_kind":"plain","optional":true},"type":{"type":"string","description":"Type of label (tests, agents, endpoint_tests, or endpoint_agents","description_kind":"plain","optional":true}},"block_types":{"agents":{"nesting_mode":"list","block":{"attributes":{"agent_id":{"type":"number","description":"agent id","description_kind":"plain","optional":true}},"description":"agents to use ","description_kind":"plain"}},"tests":{"nesting_mode":"list","block":{"attributes":{"test_id":{"type":"number","description":"test id","description_kind":"plain","optional":true}},"description":"list of tests","description_kind":"plain"}}},"description":"array of label objects","description_kind":"plain"}},"shared_with_accounts":{"nesting_mode":"list","block":{"attributes":{"aid":{"type":"number","description":"Account group ID","description_kind":"plain","required":true},"name":{"type":"string","description":"Name of account","description_kind":"plain","optional":true}},"description":"array of DNS Server objects {“serverName”: “fqdn of server”}","description_kind":"plain"}}},"description_kind":"plain"}},"thousandeyes_agent_to_server":{"version":0,"block":{"attributes":{"alerts_enabled":{"type":"number","description":"choose 1 to enable alerts, or 0 to disable alerts. Defaults to 1","description_kind":"plain","optional":true},"api_links":{"type":["list",["object",{"href":"string","rel":"string"}]],"description":"self links to endpoint to pull test metadata, and data links to endpoint for test data","description_kind":"plain","computed":true},"bandwidth_measurements":{"type":"number","description":"set to 1 to measure bandwidth; defaults to 0. Only applies to Enterprise Agents assigned to the test, and requires that networkMeasurements is set.","description_kind":"plain","optional":true},"bgp_measurements":{"type":"number","description":"choose 1 to enable bgp measurements, 0 to disable; defaults to 1","description_kind":"plain","optional":true},"created_by":{"type":"string","description":"created by user","description_kind":"plain","computed":true},"created_date":{"type":"string","description":"date of creation","description_kind":"plain","computed":true},"description":{"type":"string","description":"defaults to empty string","description_kind":"plain","optional":true},"enabled":{"type":"number","description":"0 or 1\tchoose 1 to enable the test, 0 to disable the test","description_kind":"plain","optional":true},"id":{"type":"string","description_kind":"plain","optional":true,"computed":true},"interval":{"type":"number","description":"interval to run test on, in seconds","description_kind":"plain","required":true},"live_share":{"type":"number","description":"indicates 1 for a test shared with your account group, 0 for a normal test (does not apply to DNS+ tests)","description_kind":"plain","computed":true},"modified_by":{"type":"string","description":"Last modified by user","description_kind":"plain","computed":true},"modified_date":{"type":"string","description":"Last modified by date; shown in UTC","description_kind":"plain","computed":true},"mtu_measurements":{"type":"number","description":"set to 1 to measure MTU sizes on network from agents to the target.","description_kind":"plain","optional":true},"network_measurements":{"type":"number","description":"integer\t0 or 1\tchoose 1 to enable network measurements, 0 to disable; defaults to 1","description_kind":"plain","optional":true},"num_path_traces":{"type":"number","description":"number of path traces. default 3.","description_kind":"plain","optional":true},"path_trace_mode":{"type":"string","description":"choose inSession to perform the path trace within a TCP session; defaults to classic","description_kind":"plain","optional":true},"port":{"type":"number","description":"target port","description_kind":"plain","optional":true},"probe_mode":{"type":"string","description":"probe mode used by End-to-end Network Test; only valid if protocol is set to TCP; defaults to AUTO","description_kind":"plain","optional":true},"protocol":{"type":"string","description":"protocol used by dependent Network tests (End-to-end, Path Trace, PMTUD); defaults to TCP","description_kind":"plain","optional":true},"saved_event":{"type":"number","description":"indicates 1 for a saved event, 0 for a normal test","description_kind":"plain","computed":true},"server":{"type":"string","description":"target host","description_kind":"plain","required":true},"test_id":{"type":"number","description":"Unique ID of test","description_kind":"plain","computed":true},"test_name":{"type":"string","description":"Name of Test","description_kind":"plain","required":true},"type":{"type":"string","description":"Type of test","description_kind":"plain","computed":true},"use_public_bgp":{"type":"number","description":"set to 1 to automatically add all available Public BGP Monitors","description_kind":"plain","optional":true}},"block_types":{"agents":{"nesting_mode":"list","block":{"attributes":{"agent_id":{"type":"number","description_kind":"plain","optional":true},"agent_name":{"type":"string","description_kind":"plain","optional":true},"agent_state":{"type":"string","description_kind":"plain","optional":true},"agent_type":{"type":"string","description_kind":"plain","computed":true},"country_id":{"type":"string","description_kind":"plain","optional":true},"created_date":{"type":"string","description_kind":"plain","optional":true},"enabled":{"type":"number","description_kind":"plain","optional":true},"hostname":{"type":"string","description_kind":"plain","optional":true},"ip_addresses":{"type":["list","string"],"description_kind":"plain","optional":true},"ipv6_policy":{"type":"string","description_kind":"plain","optional":true},"keep_browser_cache":{"type":"number","description_kind":"plain","optional":true},"last_seen":{"type":"string","description_kind":"plain","optional":true},"location":{"type":"string","description_kind":"plain","optional":true},"network":{"type":"string","description_kind":"plain","optional":true},"prefix":{"type":"string","description_kind":"plain","optional":true},"target_for_tests":{"type":"string","description_kind":"plain","optional":true},"utilization":{"type":"number","description_kind":"plain","optional":true},"verify_ssl_certificate":{"type":"number","description_kind":"plain","optional":true}},"block_types":{"cluster_members":{"nesting_mode":"list","block":{"attributes":{"agent_state":{"type":"string","description_kind":"plain","optional":true},"ip_addresses":{"type":["list","string"],"description_kind":"plain","optional":true},"last_seen":{"type":"string","description_kind":"plain","optional":true},"member_id":{"type":"number","description_kind":"plain","optional":true},"name":{"type":"string","description_kind":"plain","optional":true},"network":{"type":"string","description_kind":"plain","optional":true},"prefix":{"type":"string","description_kind":"plain","optional":true},"public_ip_addresses":{"type":["list","string"],"description_kind":"plain","optional":true},"target_for_tests":{"type":"string","description_kind":"plain","optional":true},"utilization":{"type":"number","description_kind":"plain","optional":true}},"description_kind":"plain"}},"error_details":{"nesting_mode":"list","block":{"attributes":{"code":{"type":"string","description_kind":"plain","optional":true},"description":{"type":"string","description_kind":"plain","optional":true}},"description_kind":"plain"}},"groups":{"nesting_mode":"list","block":{"attributes":{"builtin":{"type":"number","description_kind":"plain","optional":true},"group_id":{"type":"number","description_kind":"plain","optional":true},"name":{"type":"string","description_kind":"plain","optional":true},"type":{"type":"string","description_kind":"plain","optional":true}},"description_kind":"plain"}}},"description":"agents to use ","description_kind":"plain"},"min_items":1},"alert_rules":{"nesting_mode":"list","block":{"attributes":{"alert_rule_id":{"type":"number","description":"ID of  alert rule","description_kind":"plain","computed":true},"alert_type":{"type":"string","description":"Acceptable test types, verbose names","description_kind":"plain","optional":true},"default":{"type":"number","description":"to set the rule as a default, set this value to 1.","description_kind":"plain","optional":true},"direction":{"type":"string","description":"[TO_TARGET, FROM_TARGET, BIDIRECTIONAL]\tDirection of the test (affects how results are shown)","description_kind":"plain","optional":true},"expression":{"type":"string","description":"Alert rule evaluation expression","description_kind":"plain","optional":true},"include_covered_prefixes":{"type":"number","description":"set to 1 to include queries for subprefixes detected under this prefix","description_kind":"plain","optional":true},"minimum_sources":{"type":"number","description":"The minimum number of agents or monitors that must meet the specified criteria in order to trigger an alert","description_kind":"plain","optional":true},"minimum_sources_pct":{"type":"number","description":"The minimum percentage of agents or monitors that must meet the specified criteria in order to trigger an alert","description_kind":"plain","optional":true},"notify_on_clear":{"type":"number","description":"set to 1 to trigger the notification when the alert clears.","description_kind":"plain","optional":true},"rounds_violating_mode":{"type":"string","description":"ANY or EXACT.  EXACT requires that the same agent(s) meet the threshold in consecutive rounds; default is ANY","description_kind":"plain","optional":true},"rounds_violating_out_of":{"type":"number","description":"specifies the divisor (Y value) of the “X of Y times” condition in an alert rule.  Minimum value is 1, maximum value is 10.","description_kind":"plain","optional":true},"rounds_violating_required":{"type":"number","description":"specifies the numerator (X value) of the “X of Y times” condition in an alert rule.  Minimum value is 1, maximum value is 10. Must be less than or equal to roundsViolatingOutOf","description_kind":"plain","optional":true},"rule_id":{"type":"number","description":"If alertsEnabled is set to 1 and alertRules is not included in a creation/update query, applicable defaults will be used.","description_kind":"plain","optional":true},"rule_name":{"type":"string","description":"name of the alert rule","description_kind":"plain","optional":true},"test_ids":{"type":["list","number"],"description":"Valid test IDs","description_kind":"plain","optional":true}},"block_types":{"notifications":{"nesting_mode":"set","block":{"block_types":{"email":{"nesting_mode":"set","block":{"attributes":{"message":{"type":"string","description":"Email message","description_kind":"plain","optional":true},"recipient":{"type":["list","string"],"description":"Email address","description_kind":"plain","optional":true}},"description":"Email notification","description_kind":"plain"}}},"description":"List of notifications for the Alert Rule","description_kind":"plain"}}},"description":"get ruleId from /alert-rules endpoint. If alertsEnabled is set to 1 and alertRules is not included in a creation/update query, applicable defaults will be used.","description_kind":"plain"}},"bgp_monitors":{"nesting_mode":"list","block":{"attributes":{"ip_address":{"type":"string","description_kind":"plain","optional":true},"monitor_id":{"type":"number","description":"monitor id","description_kind":"plain","required":true},"monitor_name":{"type":"string","description_kind":"plain","optional":true},"monitor_type":{"type":"string","description_kind":"plain","optional":true},"network":{"type":"string","description_kind":"plain","optional":true}},"description":"array of BGP Monitor objects","description_kind":"plain"}},"groups":{"nesting_mode":"list","block":{"attributes":{"builtin":{"type":"number","description":"1 for built-in labels, and 0 for user-created labels. Note that built-in labels are read-only","description_kind":"plain","computed":true},"group_id":{"type":"number","description":"Unique ID of the label","description_kind":"plain","required":true},"name":{"type":"string","description":"Name of the label","description_kind":"plain","optional":true},"type":{"type":"string","description":"Type of label (tests, agents, endpoint_tests, or endpoint_agents","description_kind":"plain","optional":true}},"block_types":{"agents":{"nesting_mode":"list","block":{"attributes":{"agent_id":{"type":"number","description":"agent id","description_kind":"plain","optional":true}},"description":"agents to use ","description_kind":"plain"}},"tests":{"nesting_mode":"list","block":{"attributes":{"test_id":{"type":"number","description":"test id","description_kind":"plain","optional":true}},"description":"list of tests","description_kind":"plain"}}},"description":"array of label objects","description_kind":"plain"}},"shared_with_accounts":{"nesting_mode":"list","block":{"attributes":{"aid":{"type":"number","description":"Account group ID","description_kind":"plain","required":true},"name":{"type":"string","description":"Name of account","description_kind":"plain","optional":true}},"description":"array of DNS Server objects {“serverName”: “fqdn of server”}","description_kind":"plain"}}},"description_kind":"plain"}},"thousandeyes_alert_rule":{"version":0,"block":{"attributes":{"alert_rule_id":{"type":"number","description":"ID of  alert rule","description_kind":"plain","computed":true},"alert_type":{"type":"string","description":"Acceptable test types, verbose names","description_kind":"plain","required":true},"default":{"type":"number","description":"to set the rule as a default, set this value to 1.","description_kind":"plain","optional":true},"direction":{"type":"string","description":"[TO_TARGET, FROM_TARGET, BIDIRECTIONAL]\tDirection of the test (affects how results are shown)","description_kind":"plain","optional":true},"expression":{"type":"string","description":"Alert rule evaluation expression","description_kind":"plain","required":true},"id":{"type":"string","description_kind":"plain","optional":true,"computed":true},"include_covered_prefixes":{"type":"number","description":"set to 1 to include queries for subprefixes detected under this prefix","description_kind":"plain","optional":true},"minimum_sources":{"type":"number","description":"The minimum number of agents or monitors that must meet the specified criteria in order to trigger an alert","description_kind":"plain","optional":true},"minimum_sources_pct":{"type":"number","description":"The minimum percentage of agents or monitors that must meet the specified criteria in order to trigger an alert","description_kind":"plain","optional":true},"notify_on_clear":{"type":"number","description":"set to 1 to trigger the notification when the alert clears.","description_kind":"plain","optional":true},"rounds_violating_mode":{"type":"string","description":"ANY or EXACT.  EXACT requires that the same agent(s) meet the threshold in consecutive rounds; default is ANY","description_kind":"plain","optional":true},"rounds_violating_out_of":{"type":"number","description":"specifies the divisor (Y value) of the “X of Y times” condition in an alert rule.  Minimum value is 1, maximum value is 10.","description_kind":"plain","required":true},"rounds_violating_required":{"type":"number","description":"specifies the numerator (X value) of the “X of Y times” condition in an alert rule.  Minimum value is 1, maximum value is 10. Must be less than or equal to roundsViolatingOutOf","description_kind":"plain","required":true},"rule_id":{"type":"number","description":"ID of alert rule","description_kind":"plain","computed":true},"rule_name":{"type":"string","description":"name of the alert rule","description_kind":"plain","required":true},"test_ids":{"type":["list","number"],"description":"Valid test IDs","description_kind":"plain","optional":true}},"block_types":{"notifications":{"nesting_mode":"set","block":{"block_types":{"email":{"nesting_mode":"set","block":{"attributes":{"message":{"type":"string","description":"Email message","description_kind":"plain","optional":true},"recipient":{"type":["list","string"],"description":"Email address","description_kind":"plain","optional":true}},"description":"Email notification","description_kind":"plain"}}},"description":"List of notifications for the Alert Rule","description_kind":"plain"}}},"description_kind":"plain"}},"thousandeyes_bgp":{"version":0,"block":{"attributes":{"alerts_enabled":{"type":"number","description":"choose 1 to enable alerts, or 0 to disable alerts. Defaults to 1","description_kind":"plain","optional":true},"api_links":{"type":["list",["object",{"href":"string","rel":"string"}]],"description":"self links to endpoint to pull test metadata, and data links to endpoint for test data","description_kind":"plain","computed":true},"created_by":{"type":"string","description":"created by user","description_kind":"plain","computed":true},"created_date":{"type":"string","description":"date of creation","description_kind":"plain","computed":true},"description":{"type":"string","description":"defaults to empty string","description_kind":"plain","optional":true},"enabled":{"type":"number","description":"0 or 1\tchoose 1 to enable the test, 0 to disable the test","description_kind":"plain","optional":true},"id":{"type":"string","description_kind":"plain","optional":true,"computed":true},"include_covered_prefixes":{"type":"number","description":"set to 1 to include queries for subprefixes detected under this prefix","description_kind":"plain","optional":true},"live_share":{"type":"number","description":"indicates 1 for a test shared with your account group, 0 for a normal test (does not apply to DNS+ tests)","description_kind":"plain","computed":true},"modified_by":{"type":"string","description":"Last modified by user","description_kind":"plain","computed":true},"modified_date":{"type":"string","description":"Last modified by date; shown in UTC","description_kind":"plain","computed":true},"prefix":{"type":"string","description":"BGP network address prefix","description_kind":"plain","required":true},"saved_event":{"type":"number","description":"indicates 1 for a saved event, 0 for a normal test","description_kind":"plain","computed":true},"test_id":{"type":"number","description":"Unique ID of test","description_kind":"plain","computed":true},"test_name":{"type":"string","description":"Name of Test","description_kind":"plain","required":true},"type":{"type":"string","description":"Type of test","description_kind":"plain","computed":true},"use_public_bgp":{"type":"number","description":"set to 1 to automatically add all available Public BGP Monitors","description_kind":"plain","optional":true}},"block_types":{"alert_rules":{"nesting_mode":"list","block":{"attributes":{"alert_rule_id":{"type":"number","description":"ID of  alert rule","description_kind":"plain","computed":true},"alert_type":{"type":"string","description":"Acceptable test types, verbose names","description_kind":"plain","optional":true},"default":{"type":"number","description":"to set the rule as a default, set this value to 1.","description_kind":"plain","optional":true},"direction":{"type":"string","description":"[TO_TARGET, FROM_TARGET, BIDIRECTIONAL]\tDirection of the test (affects how results are shown)","description_kind":"plain","optional":true},"expression":{"type":"string","description":"Alert rule evaluation expression","description_kind":"plain","optional":true},"include_covered_prefixes":{"type":"number","description":"set to 1 to include queries for subprefixes detected under this prefix","description_kind":"plain","optional":true},"minimum_sources":{"type":"number","description":"The minimum number of agents or monitors that must meet the specified criteria in order to trigger an alert","description_kind":"plain","optional":true},"minimum_sources_pct":{"type":"number","description":"The minimum percentage of agents or monitors that must meet the specified criteria in order to trigger an alert","description_kind":"plain","optional":true},"notify_on_clear":{"type":"number","description":"set to 1 to trigger the notification when the alert clears.","description_kind":"plain","optional":true},"rounds_violating_mode":{"type":"string","description":"ANY or EXACT.  EXACT requires that the same agent(s) meet the threshold in consecutive rounds; default is ANY","description_kind":"plain","optional":true},"rounds_violating_out_of":{"type":"number","description":"specifies the divisor (Y value) of the “X of Y times” condition in an alert rule.  Minimum value is 1, maximum value is 10.","description_kind":"plain","optional":true},"rounds_violating_required":{"type":"number","description":"specifies the numerator (X value) of the “X of Y times” condition in an alert rule.  Minimum value is 1, maximum value is 10. Must be less than or equal to roundsViolatingOutOf","description_kind":"plain","optional":true},"rule_id":{"type":"number","description":"If alertsEnabled is set to 1 and alertRules is not included in a creation/update query, applicable defaults will be used.","description_kind":"plain","optional":true},"rule_name":{"type":"string","description":"name of the alert rule","description_kind":"plain","optional":true},"test_ids":{"type":["list","number"],"description":"Valid test IDs","description_kind":"plain","optional":true}},"block_types":{"notifications":{"nesting_mode":"set","block":{"block_types":{"email":{"nesting_mode":"set","block":{"attributes":{"message":{"type":"string","description":"Email message","description_kind":"plain","optional":true},"recipient":{"type":["list","string"],"description":"Email address","description_kind":"plain","optional":true}},"description":"Email notification","description_kind":"plain"}}},"description":"List of notifications for the Alert Rule","description_kind":"plain"}}},"description":"get ruleId from /alert-rules endpoint. If alertsEnabled is set to 1 and alertRules is not included in a creation/update query, applicable defaults will be used.","description_kind":"plain"}},"bgp_monitors":{"nesting_mode":"list","block":{"attributes":{"ip_address":{"type":"string","description_kind":"plain","optional":true},"monitor_id":{"type":"number","description":"monitor id","description_kind":"plain","required":true},"monitor_name":{"type":"string","description_kind":"plain","optional":true},"monitor_type":{"type":"string","description_kind":"plain","optional":true},"network":{"type":"string","description_kind":"plain","optional":true}},"description":"array of BGP Monitor objects","description_kind":"plain"}},"groups":{"nesting_mode":"list","block":{"attributes":{"builtin":{"type":"number","description":"1 for built-in labels, and 0 for user-created labels. Note that built-in labels are read-only","description_kind":"plain","computed":true},"group_id":{"type":"number","description":"Unique ID of the label","description_kind":"plain","required":true},"name":{"type":"string","description":"Name of the label","description_kind":"plain","optional":true},"type":{"type":"string","description":"Type of label (tests, agents, endpoint_tests, or endpoint_agents","description_kind":"plain","optional":true}},"block_types":{"agents":{"nesting_mode":"list","block":{"attributes":{"agent_id":{"type":"number","description":"agent id","description_kind":"plain","optional":true}},"description":"agents to use ","description_kind":"plain"}},"tests":{"nesting_mode":"list","block":{"attributes":{"test_id":{"type":"number","description":"test id","description_kind":"plain","optional":true}},"description":"list of tests","description_kind":"plain"}}},"description":"array of label objects","description_kind":"plain"}},"shared_with_accounts":{"nesting_mode":"list","block":{"attributes":{"aid":{"type":"number","description":"Account group ID","description_kind":"plain","required":true},"name":{"type":"string","description":"Name of account","description_kind":"plain","optional":true}},"description":"array of DNS Server objects {“serverName”: “fqdn of server”}","description_kind":"plain"}}},"description_kind":"plain"}},"thousandeyes_dns_server":{"version":0,"block":{"attributes":{"alerts_enabled":{"type":"number","description":"choose 1 to enable alerts, or 0 to disable alerts. Defaults to 1","description_kind":"plain","optional":true},"api_links":{"type":["list",["object",{"href":"string","rel":"string"}]],"description":"self links to endpoint to pull test metadata, and data links to endpoint for test data","description_kind":"plain","computed":true},"bandwidth_measurements":{"type":"number","description":"set to 1 to measure bandwidth; defaults to 0. Only applies to Enterprise Agents assigned to the test, and requires that networkMeasurements is set.","description_kind":"plain","optional":true},"bgp_measurements":{"type":"number","description":"choose 1 to enable bgp measurements, 0 to disable; defaults to 1","description_kind":"plain","optional":true},"created_by":{"type":"string","description":"created by user","description_kind":"plain","computed":true},"created_date":{"type":"string","description":"date of creation","description_kind":"plain","computed":true},"description":{"type":"string","description":"defaults to empty string","description_kind":"plain","optional":true},"dns_transport_protocol":{"type":"string","description":"string\tUDP or TCP\ttransport protocol used for DNS requests; defaults to UDP","description_kind":"plain","optional":true},"domain":{"type":"string","description":"see notes\ttarget record for test, suffixed by record type (ie, www.thousandeyes.com CNAME). If no record type is specified, the test will default to an ANY record.","description_kind":"plain","required":true},"enabled":{"type":"number","description":"0 or 1\tchoose 1 to enable the test, 0 to disable the test","description_kind":"plain","optional":true},"id":{"type":"string","description_kind":"plain","optional":true,"computed":true},"interval":{"type":"number","description":"interval to run test on, in seconds","description_kind":"plain","required":true},"live_share":{"type":"number","description":"indicates 1 for a test shared with your account group, 0 for a normal test (does not apply to DNS+ tests)","description_kind":"plain","computed":true},"modified_by":{"type":"string","description":"Last modified by user","description_kind":"plain","computed":true},"modified_date":{"type":"string","description":"Last modified by date; shown in UTC","description_kind":"plain","computed":true},"mtu_measurements":{"type":"number","description":"set to 1 to measure MTU sizes on network from agents to the target.","description_kind":"plain","optional":true},"network_measurements":{"type":"number","description":"integer\t0 or 1\tchoose 1 to enable network measurements, 0 to disable; defaults to 1","description_kind":"plain","optional":true},"num_path_traces":{"type":"number","description":"number of path traces. default 3.","description_kind":"plain","optional":true},"path_trace_mode":{"type":"string","description":"choose inSession to perform the path trace within a TCP session; defaults to classic","description_kind":"plain","optional":true},"probe_mode":{"type":"string","description":"probe mode used by End-to-end Network Test; only valid if protocol is set to TCP; defaults to AUTO","description_kind":"plain","optional":true},"protocol":{"type":"string","description":"protocol used by dependent Network tests (End-to-end, Path Trace, PMTUD); defaults to TCP","description_kind":"plain","optional":true},"recursive_queries":{"type":"number","description":"0 or 1\tset to 1 to run query with RD (recursion desired) flag enabled","description_kind":"plain","optional":true},"saved_event":{"type":"number","description":"indicates 1 for a saved event, 0 for a normal test","description_kind":"plain","computed":true},"test_id":{"type":"number","description":"Unique ID of test","description_kind":"plain","computed":true},"test_name":{"type":"string","description":"Name of Test","description_kind":"plain","required":true},"type":{"type":"string","description":"Type of test","description_kind":"plain","computed":true},"use_public_bgp":{"type":"number","description":"set to 1 to automatically add all available Public BGP Monitors","description_kind":"plain","optional":true}},"block_types":{"agents":{"nesting_mode":"list","block":{"attributes":{"agent_id":{"type":"number","description_kind":"plain","optional":true},"agent_name":{"type":"string","description_kind":"plain","optional":true},"agent_state":{"type":"string","description_kind":"plain","optional":true},"agent_type":{"type":"string","description_kind":"plain","computed":true},"country_id":{"type":"string","description_kind":"plain","optional":true},"created_date":{"type":"string","description_kind":"plain","optional":true},"enabled":{"type":"number","description_kind":"plain","optional":true},"hostname":{"type":"string","description_kind":"plain","optional":true},"ip_addresses":{"type":["list","string"],"description_kind":"plain","optional":true},"ipv6_policy":{"type":"string","description_kind":"plain","optional":true},"keep_browser_cache":{"type":"number","description_kind":"plain","optional":true},"last_seen":{"type":"string","description_kind":"plain","optional":true},"location":{"type":"string","description_kind":"plain","optional":true},"network":{"type":"string","description_kind":"plain","optional":true},"prefix":{"type":"string","description_kind":"plain","optional":true},"target_for_tests":{"type":"string","description_kind":"plain","optional":true},"utilization":{"type":"number","description_kind":"plain","optional":true},"verify_ssl_certificate":{"type":"number","description_kind":"plain","optional":true}},"block_types":{"cluster_members":{"nesting_mode":"list","block":{"attributes":{"agent_state":{"type":"string","description_kind":"plain","optional":true},"ip_addresses":{"type":["list","string"],"description_kind":"plain","optional":true},"last_seen":{"type":"string","description_kind":"plain","optional":true},"member_id":{"type":"number","description_kind":"plain","optional":true},"name":{"type":"string","description_kind":"plain","optional":true},"network":{"type":"string","description_kind":"plain","optional":true},"prefix":{"type":"string","description_kind":"plain","optional":true},"public_ip_addresses":{"type":["list","string"],"description_kind":"plain","optional":true},"target_for_tests":{"type":"string","description_kind":"plain","optional":true},"utilization":{"type":"number","description_kind":"plain","optional":true}},"description_kind":"plain"}},"error_details":{"nesting_mode":"list","block":{"attributes":{"code":{"type":"string","description_kind":"plain","optional":true},"description":{"type":"string","description_kind":"plain","optional":true}},"description_kind":"plain"}},"groups":{"nesting_mode":"list","block":{"attributes":{"builtin":{"type":"number","description_kind":"plain","optional":true},"group_id":{"type":"number","description_kind":"plain","optional":true},"name":{"type":"string","description_kind":"plain","optional":true},"type":{"type":"string","description_kind":"plain","optional":true}},"description_kind":"plain"}}},"description":"agents to use ","description_kind":"plain"},"min_items":1},"alert_rules":{"nesting_mode":"list","block":{"attributes":{"alert_rule_id":{"type":"number","description":"ID of  alert rule","description_kind":"plain","computed":true},"alert_type":{"type":"string","description":"Acceptable test types, verbose names","description_kind":"plain","optional":true},"default":{"type":"number","description":"to set the rule as a default, set this value to 1.","description_kind":"plain","optional":true},"direction":{"type":"string","description":"[TO_TARGET, FROM_TARGET, BIDIRECTIONAL]\tDirection of the test (affects how results are shown)","description_kind":"plain","optional":true},"expression":{"type":"string","description":"Alert rule evaluation expression","description_kind":"plain","optional":true},"include_covered_prefixes":{"type":"number","description":"set to 1 to include queries for subprefixes detected under this prefix","description_kind":"plain","optional":true},"minimum_sources":{"type":"number","description":"The minimum number of agents or monitors that must meet the specified criteria in order to trigger an alert","description_kind":"plain","optional":true},"minimum_sources_pct":{"type":"number","description":"The minimum percentage of agents or monitors that must meet the specified criteria in order to trigger an alert","description_kind":"plain","optional":true},"notify_on_clear":{"type":"number","description":"set to 1 to trigger the notification when the alert clears.","description_kind":"plain","optional":true},"rounds_violating_mode":{"type":"string","description":"ANY or EXACT.  EXACT requires that the same agent(s) meet the threshold in consecutive rounds; default is ANY","description_kind":"plain","optional":true},"rounds_violating_out_of":{"type":"number","description":"specifies the divisor (Y value) of the “X of Y times” condition in an alert rule.  Minimum value is 1, maximum value is 10.","description_kind":"plain","optional":true},"rounds_violating_required":{"type":"number","description":"specifies the numerator (X value) of the “X of Y times” condition in an alert rule.  Minimum value is 1, maximum value is 10. Must be less than or equal to roundsViolatingOutOf","description_kind":"plain","optional":true},"rule_id":{"type":"number","description":"If alertsEnabled is set to 1 and alertRules is not included in a creation/update query, applicable defaults will be used.","description_kind":"plain","optional":true},"rule_name":{"type":"string","description":"name of the alert rule","description_kind":"plain","optional":true},"test_ids":{"type":["list","number"],"description":"Valid test IDs","description_kind":"plain","optional":true}},"block_types":{"notifications":{"nesting_mode":"set","block":{"block_types":{"email":{"nesting_mode":"set","block":{"attributes":{"message":{"type":"string","description":"Email message","description_kind":"plain","optional":true},"recipient":{"type":["list","string"],"description":"Email address","description_kind":"plain","optional":true}},"description":"Email notification","description_kind":"plain"}}},"description":"List of notifications for the Alert Rule","description_kind":"plain"}}},"description":"get ruleId from /alert-rules endpoint. If alertsEnabled is set to 1 and alertRules is not included in a creation/update query, applicable defaults will be used.","description_kind":"plain"}},"bgp_monitors":{"nesting_mode":"list","block":{"attributes":{"ip_address":{"type":"string","description_kind":"plain","optional":true},"monitor_id":{"type":"number","description":"monitor id","description_kind":"plain","required":true},"monitor_name":{"type":"string","description_kind":"plain","optional":true},"monitor_type":{"type":"string","description_kind":"plain","optional":true},"network":{"type":"string","description_kind":"plain","optional":true}},"description":"array of BGP Monitor objects","description_kind":"plain"}},"dns_servers":{"nesting_mode":"list","block":{"attributes":{"server_id":{"type":"number","description_kind":"plain","optional":true},"server_name":{"type":"string","description":"DNS Server name","description_kind":"plain","optional":true}},"description":"array of DNS Server objects {“serverName”: “fqdn of server”}","description_kind":"plain"},"min_items":1},"groups":{"nesting_mode":"list","block":{"attributes":{"builtin":{"type":"number","description":"1 for built-in labels, and 0 for user-created labels. Note that built-in labels are read-only","description_kind":"plain","computed":true},"group_id":{"type":"number","description":"Unique ID of the label","description_kind":"plain","required":true},"name":{"type":"string","description":"Name of the label","description_kind":"plain","optional":true},"type":{"type":"string","description":"Type of label (tests, agents, endpoint_tests, or endpoint_agents","description_kind":"plain","optional":true}},"block_types":{"agents":{"nesting_mode":"list","block":{"attributes":{"agent_id":{"type":"number","description":"agent id","description_kind":"plain","optional":true}},"description":"agents to use ","description_kind":"plain"}},"tests":{"nesting_mode":"list","block":{"attributes":{"test_id":{"type":"number","description":"test id","description_kind":"plain","optional":true}},"description":"list of tests","description_kind":"plain"}}},"description":"array of label objects","description_kind":"plain"}},"shared_with_accounts":{"nesting_mode":"list","block":{"attributes":{"aid":{"type":"number","description":"Account group ID","description_kind":"plain","required":true},"name":{"type":"string","description":"Name of account","description_kind":"plain","optional":true}},"description":"array of DNS Server objects {“serverName”: “fqdn of server”}","description_kind":"plain"}}},"description_kind":"plain"}},"thousandeyes_dns_trace":{"version":0,"block":{"attributes":{"alerts_enabled":{"type":"number","description":"choose 1 to enable alerts, or 0 to disable alerts. Defaults to 1","description_kind":"plain","optional":true},"api_links":{"type":["list",["object",{"href":"string","rel":"string"}]],"description":"self links to endpoint to pull test metadata, and data links to endpoint for test data","description_kind":"plain","computed":true},"created_by":{"type":"string","description":"created by user","description_kind":"plain","computed":true},"created_date":{"type":"string","description":"date of creation","description_kind":"plain","computed":true},"description":{"type":"string","description":"defaults to empty string","description_kind":"plain","optional":true},"dns_transport_protocol":{"type":"string","description":"string\tUDP or TCP\ttransport protocol used for DNS requests; defaults to UDP","description_kind":"plain","optional":true},"domain":{"type":"string","description":"see notes\ttarget record for test, suffixed by record type (ie, www.thousandeyes.com CNAME). If no record type is specified, the test will default to an ANY record.","description_kind":"plain","required":true},"enabled":{"type":"number","description":"0 or 1\tchoose 1 to enable the test, 0 to disable the test","description_kind":"plain","optional":true},"id":{"type":"string","description_kind":"plain","optional":true,"computed":true},"interval":{"type":"number","description":"interval to run test on, in seconds","description_kind":"plain","required":true},"live_share":{"type":"number","description":"indicates 1 for a test shared with your account group, 0 for a normal test (does not apply to DNS+ tests)","description_kind":"plain","computed":true},"modified_by":{"type":"string","description":"Last modified by user","description_kind":"plain","computed":true},"modified_date":{"type":"string","description":"Last modified by date; shown in UTC","description_kind":"plain","computed":true},"saved_event":{"type":"number","description":"indicates 1 for a saved event, 0 for a normal test","description_kind":"plain","computed":true},"test_id":{"type":"number","description":"Unique ID of test","description_kind":"plain","computed":true},"test_name":{"type":"string","description":"Name of Test","description_kind":"plain","required":true},"type":{"type":"string","description":"Type of test","description_kind":"plain","computed":true}},"block_types":{"agents":{"nesting_mode":"list","block":{"attributes":{"agent_id":{"type":"number","description_kind":"plain","optional":true},"agent_name":{"type":"string","description_kind":"plain","optional":true},"agent_state":{"type":"string","description_kind":"plain","optional":true},"agent_type":{"type":"string","description_kind":"plain","computed":true},"country_id":{"type":"string","description_kind":"plain","optional":true},"created_date":{"type":"string","description_kind":"plain","optional":true},"enabled":{"type":"number","description_kind":"plain","optional":true},"hostname":{"type":"string","description_kind":"plain","optional":true},"ip_addresses":{"type":["list","string"],"description_kind":"plain","optional":true},"ipv6_policy":{"type":"string","description_kind":"plain","optional":true},"keep_browser_cache":{"type":"number","description_kind":"plain","optional":true},"last_seen":{"type":"string","description_kind":"plain","optional":true},"location":{"type":"string","description_kind":"plain","optional":true},"network":{"type":"string","description_kind":"plain","optional":true},"prefix":{"type":"string","description_kind":"plain","optional":true},"target_for_tests":{"type":"string","description_kind":"plain","optional":true},"utilization":{"type":"number","description_kind":"plain","optional":true},"verify_ssl_certificate":{"type":"number","description_kind":"plain","optional":true}},"block_types":{"cluster_members":{"nesting_mode":"list","block":{"attributes":{"agent_state":{"type":"string","description_kind":"plain","optional":true},"ip_addresses":{"type":["list","string"],"description_kind":"plain","optional":true},"last_seen":{"type":"string","description_kind":"plain","optional":true},"member_id":{"type":"number","description_kind":"plain","optional":true},"name":{"type":"string","description_kind":"plain","optional":true},"network":{"type":"string","description_kind":"plain","optional":true},"prefix":{"type":"string","description_kind":"plain","optional":true},"public_ip_addresses":{"type":["list","string"],"description_kind":"plain","optional":true},"target_for_tests":{"type":"string","description_kind":"plain","optional":true},"utilization":{"type":"number","description_kind":"plain","optional":true}},"description_kind":"plain"}},"error_details":{"nesting_mode":"list","block":{"attributes":{"code":{"type":"string","description_kind":"plain","optional":true},"description":{"type":"string","description_kind":"plain","optional":true}},"description_kind":"plain"}},"groups":{"nesting_mode":"list","block":{"attributes":{"builtin":{"type":"number","description_kind":"plain","optional":true},"group_id":{"type":"number","description_kind":"plain","optional":true},"name":{"type":"string","description_kind":"plain","optional":true},"type":{"type":"string","description_kind":"plain","optional":true}},"description_kind":"plain"}}},"description":"agents to use ","description_kind":"plain"},"min_items":1},"alert_rules":{"nesting_mode":"list","block":{"attributes":{"alert_rule_id":{"type":"number","description":"ID of  alert rule","description_kind":"plain","computed":true},"alert_type":{"type":"string","description":"Acceptable test types, verbose names","description_kind":"plain","optional":true},"default":{"type":"number","description":"to set the rule as a default, set this value to 1.","description_kind":"plain","optional":true},"direction":{"type":"string","description":"[TO_TARGET, FROM_TARGET, BIDIRECTIONAL]\tDirection of the test (affects how results are shown)","description_kind":"plain","optional":true},"expression":{"type":"string","description":"Alert rule evaluation expression","description_kind":"plain","optional":true},"include_covered_prefixes":{"type":"number","description":"set to 1 to include queries for subprefixes detected under this prefix","description_kind":"plain","optional":true},"minimum_sources":{"type":"number","description":"The minimum number of agents or monitors that must meet the specified criteria in order to trigger an alert","description_kind":"plain","optional":true},"minimum_sources_pct":{"type":"number","description":"The minimum percentage of agents or monitors that must meet the specified criteria in order to trigger an alert","description_kind":"plain","optional":true},"notify_on_clear":{"type":"number","description":"set to 1 to trigger the notification when the alert clears.","description_kind":"plain","optional":true},"rounds_violating_mode":{"type":"string","description":"ANY or EXACT.  EXACT requires that the same agent(s) meet the threshold in consecutive rounds; default is ANY","description_kind":"plain","optional":true},"rounds_violating_out_of":{"type":"number","description":"specifies the divisor (Y value) of the “X of Y times” condition in an alert rule.  Minimum value is 1, maximum value is 10.","description_kind":"plain","optional":true},"rounds_violating_required":{"type":"number","description":"specifies the numerator (X value) of the “X of Y times” condition in an alert rule.  Minimum value is 1, maximum value is 10. Must be less than or equal to roundsViolatingOutOf","description_kind":"plain","optional":true},"rule_id":{"type":"number","description":"If alertsEnabled is set to 1 and alertRules is not included in a creation/update query, applicable defaults will be used.","description_kind":"plain","optional":true},"rule_name":{"type":"string","description":"name of the alert rule","description_kind":"plain","optional":true},"test_ids":{"type":["list","number"],"description":"Valid test IDs","description_kind":"plain","optional":true}},"block_types":{"notifications":{"nesting_mode":"set","block":{"block_types":{"email":{"nesting_mode":"set","block":{"attributes":{"message":{"type":"string","description":"Email message","description_kind":"plain","optional":true},"recipient":{"type":["list","string"],"description":"Email address","description_kind":"plain","optional":true}},"description":"Email notification","description_kind":"plain"}}},"description":"List of notifications for the Alert Rule","description_kind":"plain"}}},"description":"get ruleId from /alert-rules endpoint. If alertsEnabled is set to 1 and alertRules is not included in a creation/update query, applicable defaults will be used.","description_kind":"plain"}},"groups":{"nesting_mode":"list","block":{"attributes":{"builtin":{"type":"number","description":"1 for built-in labels, and 0 for user-created labels. Note that built-in labels are read-only","description_kind":"plain","computed":true},"group_id":{"type":"number","description":"Unique ID of the label","description_kind":"plain","required":true},"name":{"type":"string","description":"Name of the label","description_kind":"plain","optional":true},"type":{"type":"string","description":"Type of label (tests, agents, endpoint_tests, or endpoint_agents","description_kind":"plain","optional":true}},"block_types":{"agents":{"nesting_mode":"list","block":{"attributes":{"agent_id":{"type":"number","description":"agent id","description_kind":"plain","optional":true}},"description":"agents to use ","description_kind":"plain"}},"tests":{"nesting_mode":"list","block":{"attributes":{"test_id":{"type":"number","description":"test id","description_kind":"plain","optional":true}},"description":"list of tests","description_kind":"plain"}}},"description":"array of label objects","description_kind":"plain"}},"shared_with_accounts":{"nesting_mode":"list","block":{"attributes":{"aid":{"type":"number","description":"Account group ID","description_kind":"plain","required":true},"name":{"type":"string","description":"Name of account","description_kind":"plain","optional":true}},"description":"array of DNS Server objects {“serverName”: “fqdn of server”}","description_kind":"plain"}}},"description_kind":"plain"}},"thousandeyes_dnssec":{"version":0,"block":{"attributes":{"alerts_enabled":{"type":"number","description":"choose 1 to enable alerts, or 0 to disable alerts. Defaults to 1","description_kind":"plain","optional":true},"api_links":{"type":["list",["object",{"href":"string","rel":"string"}]],"description":"self links to endpoint to pull test metadata, and data links to endpoint for test data","description_kind":"plain","computed":true},"created_by":{"type":"string","description":"created by user","description_kind":"plain","computed":true},"created_date":{"type":"string","description":"date of creation","description_kind":"plain","computed":true},"description":{"type":"string","description":"defaults to empty string","description_kind":"plain","optional":true},"domain":{"type":"string","description":"see notes\ttarget record for test, suffixed by record type (ie, www.thousandeyes.com CNAME). If no record type is specified, the test will default to an ANY record.","description_kind":"plain","required":true},"enabled":{"type":"number","description":"0 or 1\tchoose 1 to enable the test, 0 to disable the test","description_kind":"plain","optional":true},"id":{"type":"string","description_kind":"plain","optional":true,"computed":true},"interval":{"type":"number","description":"interval to run test on, in seconds","description_kind":"plain","required":true},"live_share":{"type":"number","description":"indicates 1 for a test shared with your account group, 0 for a normal test (does not apply to DNS+ tests)","description_kind":"plain","computed":true},"modified_by":{"type":"string","description":"Last modified by user","description_kind":"plain","computed":true},"modified_date":{"type":"string","description":"Last modified by date; shown in UTC","description_kind":"plain","computed":true},"saved_event":{"type":"number","description":"indicates 1 for a saved event, 0 for a normal test","description_kind":"plain","computed":true},"test_id":{"type":"number","description":"Unique ID of test","description_kind":"plain","computed":true},"test_name":{"type":"string","description":"Name of Test","description_kind":"plain","required":true},"type":{"type":"string","description":"Type of test","description_kind":"plain","computed":true}},"block_types":{"agents":{"nesting_mode":"list","block":{"attributes":{"agent_id":{"type":"number","description_kind":"plain","optional":true},"agent_name":{"type":"string","description_kind":"plain","optional":true},"agent_state":{"type":"string","description_kind":"plain","optional":true},"agent_type":{"type":"string","description_kind":"plain","computed":true},"country_id":{"type":"string","description_kind":"plain","optional":true},"created_date":{"type":"string","description_kind":"plain","optional":true},"enabled":{"type":"number","description_kind":"plain","optional":true},"hostname":{"type":"string","description_kind":"plain","optional":true},"ip_addresses":{"type":["list","string"],"description_kind":"plain","optional":true},"ipv6_policy":{"type":"string","description_kind":"plain","optional":true},"keep_browser_cache":{"type":"number","description_kind":"plain","optional":true},"last_seen":{"type":"string","description_kind":"plain","optional":true},"location":{"type":"string","description_kind":"plain","optional":true},"network":{"type":"string","description_kind":"plain","optional":true},"prefix":{"type":"string","description_kind":"plain","optional":true},"target_for_tests":{"type":"string","description_kind":"plain","optional":true},"utilization":{"type":"number","description_kind":"plain","optional":true},"verify_ssl_certificate":{"type":"number","description_kind":"plain","optional":true}},"block_types":{"cluster_members":{"nesting_mode":"list","block":{"attributes":{"agent_state":{"type":"string","description_kind":"plain","optional":true},"ip_addresses":{"type":["list","string"],"description_kind":"plain","optional":true},"last_seen":{"type":"string","description_kind":"plain","optional":true},"member_id":{"type":"number","description_kind":"plain","optional":true},"name":{"type":"string","description_kind":"plain","optional":true},"network":{"type":"string","description_kind":"plain","optional":true},"prefix":{"type":"string","description_kind":"plain","optional":true},"public_ip_addresses":{"type":["list","string"],"description_kind":"plain","optional":true},"target_for_tests":{"type":"string","description_kind":"plain","optional":true},"utilization":{"type":"number","description_kind":"plain","optional":true}},"description_kind":"plain"}},"error_details":{"nesting_mode":"list","block":{"attributes":{"code":{"type":"string","description_kind":"plain","optional":true},"description":{"type":"string","description_kind":"plain","optional":true}},"description_kind":"plain"}},"groups":{"nesting_mode":"list","block":{"attributes":{"builtin":{"type":"number","description_kind":"plain","optional":true},"group_id":{"type":"number","description_kind":"plain","optional":true},"name":{"type":"string","description_kind":"plain","optional":true},"type":{"type":"string","description_kind":"plain","optional":true}},"description_kind":"plain"}}},"description":"agents to use ","description_kind":"plain"},"min_items":1},"alert_rules":{"nesting_mode":"list","block":{"attributes":{"alert_rule_id":{"type":"number","description":"ID of  alert rule","description_kind":"plain","computed":true},"alert_type":{"type":"string","description":"Acceptable test types, verbose names","description_kind":"plain","optional":true},"default":{"type":"number","description":"to set the rule as a default, set this value to 1.","description_kind":"plain","optional":true},"direction":{"type":"string","description":"[TO_TARGET, FROM_TARGET, BIDIRECTIONAL]\tDirection of the test (affects how results are shown)","description_kind":"plain","optional":true},"expression":{"type":"string","description":"Alert rule evaluation expression","description_kind":"plain","optional":true},"include_covered_prefixes":{"type":"number","description":"set to 1 to include queries for subprefixes detected under this prefix","description_kind":"plain","optional":true},"minimum_sources":{"type":"number","description":"The minimum number of agents or monitors that must meet the specified criteria in order to trigger an alert","description_kind":"plain","optional":true},"minimum_sources_pct":{"type":"number","description":"The minimum percentage of agents or monitors that must meet the specified criteria in order to trigger an alert","description_kind":"plain","optional":true},"notify_on_clear":{"type":"number","description":"set to 1 to trigger the notification when the alert clears.","description_kind":"plain","optional":true},"rounds_violating_mode":{"type":"string","description":"ANY or EXACT.  EXACT requires that the same agent(s) meet the threshold in consecutive rounds; default is ANY","description_kind":"plain","optional":true},"rounds_violating_out_of":{"type":"number","description":"specifies the divisor (Y value) of the “X of Y times” condition in an alert rule.  Minimum value is 1, maximum value is 10.","description_kind":"plain","optional":true},"rounds_violating_required":{"type":"number","description":"specifies the numerator (X value) of the “X of Y times” condition in an alert rule.  Minimum value is 1, maximum value is 10. Must be less than or equal to roundsViolatingOutOf","description_kind":"plain","optional":true},"rule_id":{"type":"number","description":"If alertsEnabled is set to 1 and alertRules is not included in a creation/update query, applicable defaults will be used.","description_kind":"plain","optional":true},"rule_name":{"type":"string","description":"name of the alert rule","description_kind":"plain","optional":true},"test_ids":{"type":["list","number"],"description":"Valid test IDs","description_kind":"plain","optional":true}},"block_types":{"notifications":{"nesting_mode":"set","block":{"block_types":{"email":{"nesting_mode":"set","block":{"attributes":{"message":{"type":"string","description":"Email message","description_kind":"plain","optional":true},"recipient":{"type":["list","string"],"description":"Email address","description_kind":"plain","optional":true}},"description":"Email notification","description_kind":"plain"}}},"description":"List of notifications for the Alert Rule","description_kind":"plain"}}},"description":"get ruleId from /alert-rules endpoint. If alertsEnabled is set to 1 and alertRules is not included in a creation/update query, applicable defaults will be used.","description_kind":"plain"}},"groups":{"nesting_mode":"list","block":{"attributes":{"builtin":{"type":"number","description":"1 for built-in labels, and 0 for user-created labels. Note that built-in labels are read-only","description_kind":"plain","computed":true},"group_id":{"type":"number","description":"Unique ID of the label","description_kind":"plain","required":true},"name":{"type":"string","description":"Name of the label","description_kind":"plain","optional":true},"type":{"type":"string","description":"Type of label (tests, agents, endpoint_tests, or endpoint_agents","description_kind":"plain","optional":true}},"block_types":{"agents":{"nesting_mode":"list","block":{"attributes":{"agent_id":{"type":"number","description":"agent id","description_kind":"plain","optional":true}},"description":"agents to use ","description_kind":"plain"}},"tests":{"nesting_mode":"list","block":{"attributes":{"test_id":{"type":"number","description":"test id","description_kind":"plain","optional":true}},"description":"list of tests","description_kind":"plain"}}},"description":"array of label objects","description_kind":"plain"}},"shared_with_accounts":{"nesting_mode":"list","block":{"attributes":{"aid":{"type":"number","description":"Account group ID","description_kind":"plain","required":true},"name":{"type":"string","description":"Name of account","description_kind":"plain","optional":true}},"description":"array of DNS Server objects {“serverName”: “fqdn of server”}","description_kind":"plain"}}},"description_kind":"plain"}},"thousandeyes_ftp_server":{"version":0,"block":{"attributes":{"alerts_enabled":{"type":"number","description":"choose 1 to enable alerts, or 0 to disable alerts. Defaults to 1","description_kind":"plain","optional":true},"api_links":{"type":["list",["object",{"href":"string","rel":"string"}]],"description":"self links to endpoint to pull test metadata, and data links to endpoint for test data","description_kind":"plain","computed":true},"bgp_measurements":{"type":"number","description":"choose 1 to enable bgp measurements, 0 to disable; defaults to 1","description_kind":"plain","optional":true},"created_by":{"type":"string","description":"created by user","description_kind":"plain","computed":true},"created_date":{"type":"string","description":"date of creation","description_kind":"plain","computed":true},"description":{"type":"string","description":"defaults to empty string","description_kind":"plain","optional":true},"download_limit":{"type":"number","description":"specify maximum number of bytes to download from the target object","description_kind":"plain","optional":true},"enabled":{"type":"number","description":"0 or 1\tchoose 1 to enable the test, 0 to disable the test","description_kind":"plain","optional":true},"ftp_target_time":{"type":"number","description":"target time for operation completion; specified in milliseconds","description_kind":"plain","optional":true},"ftp_time_limit":{"type":"number","description":"Set the time limit for the test (in seconds). FTP tests default to 10s.","description_kind":"plain","optional":true},"id":{"type":"string","description_kind":"plain","optional":true,"computed":true},"interval":{"type":"number","description":"interval to run test on, in seconds","description_kind":"plain","required":true},"live_share":{"type":"number","description":"indicates 1 for a test shared with your account group, 0 for a normal test (does not apply to DNS+ tests)","description_kind":"plain","computed":true},"modified_by":{"type":"string","description":"Last modified by user","description_kind":"plain","computed":true},"modified_date":{"type":"string","description":"Last modified by date; shown in UTC","description_kind":"plain","computed":true},"mtu_measurements":{"type":"number","description":"set to 1 to measure MTU sizes on network from agents to the target.","description_kind":"plain","optional":true},"network_measurements":{"type":"number","description":"integer\t0 or 1\tchoose 1 to enable network measurements, 0 to disable; defaults to 1","description_kind":"plain","optional":true},"num_path_traces":{"type":"number","description":"number of path traces. default 3.","description_kind":"plain","optional":true},"password":{"type":"string","description":"password to be used to authenticate with the destination server (required for FTP)","description_kind":"plain","required":true},"path_trace_mode":{"type":"string","description":"choose inSession to perform the path trace within a TCP session; defaults to classic","description_kind":"plain","optional":true},"probe_mode":{"type":"string","description":"probe mode used by End-to-end Network Test; only valid if protocol is set to TCP; defaults to AUTO","description_kind":"plain","optional":true},"protocol":{"type":"string","description":"protocol used by dependent Network tests (End-to-end, Path Trace, PMTUD); defaults to TCP","description_kind":"plain","optional":true},"request_type":{"type":"string","description":"Set the type of activity for the test: Download, Upload, or List","description_kind":"plain","required":true},"saved_event":{"type":"number","description":"indicates 1 for a saved event, 0 for a normal test","description_kind":"plain","computed":true},"test_id":{"type":"number","description":"Unique ID of test","description_kind":"plain","computed":true},"test_name":{"type":"string","description":"Name of Test","description_kind":"plain","required":true},"type":{"type":"string","description":"Type of test","description_kind":"plain","computed":true},"url":{"type":"string","description":"target for the test","description_kind":"plain","required":true},"use_active_ftp":{"type":"number","description":"explicitly set the flag to use active FTP. Tests are set to use passive FTP by default","description_kind":"plain","optional":true},"use_explicit_ftps":{"type":"number","description":"use explicit FTPS (ftp over SSL). By default, tests will autodetect when it is appropriate to use FTPS.","description_kind":"plain","optional":true},"username":{"type":"string","description":"username to be used to authenticate with the destination server","description_kind":"plain","required":true}},"block_types":{"agents":{"nesting_mode":"list","block":{"attributes":{"agent_id":{"type":"number","description_kind":"plain","optional":true},"agent_name":{"type":"string","description_kind":"plain","optional":true},"agent_state":{"type":"string","description_kind":"plain","optional":true},"agent_type":{"type":"string","description_kind":"plain","computed":true},"country_id":{"type":"string","description_kind":"plain","optional":true},"created_date":{"type":"string","description_kind":"plain","optional":true},"enabled":{"type":"number","description_kind":"plain","optional":true},"hostname":{"type":"string","description_kind":"plain","optional":true},"ip_addresses":{"type":["list","string"],"description_kind":"plain","optional":true},"ipv6_policy":{"type":"string","description_kind":"plain","optional":true},"keep_browser_cache":{"type":"number","description_kind":"plain","optional":true},"last_seen":{"type":"string","description_kind":"plain","optional":true},"location":{"type":"string","description_kind":"plain","optional":true},"network":{"type":"string","description_kind":"plain","optional":true},"prefix":{"type":"string","description_kind":"plain","optional":true},"target_for_tests":{"type":"string","description_kind":"plain","optional":true},"utilization":{"type":"number","description_kind":"plain","optional":true},"verify_ssl_certificate":{"type":"number","description_kind":"plain","optional":true}},"block_types":{"cluster_members":{"nesting_mode":"list","block":{"attributes":{"agent_state":{"type":"string","description_kind":"plain","optional":true},"ip_addresses":{"type":["list","string"],"description_kind":"plain","optional":true},"last_seen":{"type":"string","description_kind":"plain","optional":true},"member_id":{"type":"number","description_kind":"plain","optional":true},"name":{"type":"string","description_kind":"plain","optional":true},"network":{"type":"string","description_kind":"plain","optional":true},"prefix":{"type":"string","description_kind":"plain","optional":true},"public_ip_addresses":{"type":["list","string"],"description_kind":"plain","optional":true},"target_for_tests":{"type":"string","description_kind":"plain","optional":true},"utilization":{"type":"number","description_kind":"plain","optional":true}},"description_kind":"plain"}},"error_details":{"nesting_mode":"list","block":{"attributes":{"code":{"type":"string","description_kind":"plain","optional":true},"description":{"type":"string","description_kind":"plain","optional":true}},"description_kind":"plain"}},"groups":{"nesting_mode":"list","block":{"attributes":{"builtin":{"type":"number","description_kind":"plain","optional":true},"group_id":{"type":"number","description_kind":"plain","optional":true},"name":{"type":"string","description_kind":"plain","optional":true},"type":{"type":"string","description_kind":"plain","optional":true}},"description_kind":"plain"}}},"description":"agents to use ","description_kind":"plain"},"min_items":1},"alert_rules":{"nesting_mode":"list","block":{"attributes":{"alert_rule_id":{"type":"number","description":"ID of  alert rule","description_kind":"plain","computed":true},"alert_type":{"type":"string","description":"Acceptable test types, verbose names","description_kind":"plain","optional":true},"default":{"type":"number","description":"to set the rule as a default, set this value to 1.","description_kind":"plain","optional":true},"direction":{"type":"string","description":"[TO_TARGET, FROM_TARGET, BIDIRECTIONAL]\tDirection of the test (affects how results are shown)","description_kind":"plain","optional":true},"expression":{"type":"string","description":"Alert rule evaluation expression","description_kind":"plain","optional":true},"include_covered_prefixes":{"type":"number","description":"set to 1 to include queries for subprefixes detected under this prefix","description_kind":"plain","optional":true},"minimum_sources":{"type":"number","description":"The minimum number of agents or monitors that must meet the specified criteria in order to trigger an alert","description_kind":"plain","optional":true},"minimum_sources_pct":{"type":"number","description":"The minimum percentage of agents or monitors that must meet the specified criteria in order to trigger an alert","description_kind":"plain","optional":true},"notify_on_clear":{"type":"number","description":"set to 1 to trigger the notification when the alert clears.","description_kind":"plain","optional":true},"rounds_violating_mode":{"type":"string","description":"ANY or EXACT.  EXACT requires that the same agent(s) meet the threshold in consecutive rounds; default is ANY","description_kind":"plain","optional":true},"rounds_violating_out_of":{"type":"number","description":"specifies the divisor (Y value) of the “X of Y times” condition in an alert rule.  Minimum value is 1, maximum value is 10.","description_kind":"plain","optional":true},"rounds_violating_required":{"type":"number","description":"specifies the numerator (X value) of the “X of Y times” condition in an alert rule.  Minimum value is 1, maximum value is 10. Must be less than or equal to roundsViolatingOutOf","description_kind":"plain","optional":true},"rule_id":{"type":"number","description":"If alertsEnabled is set to 1 and alertRules is not included in a creation/update query, applicable defaults will be used.","description_kind":"plain","optional":true},"rule_name":{"type":"string","description":"name of the alert rule","description_kind":"plain","optional":true},"test_ids":{"type":["list","number"],"description":"Valid test IDs","description_kind":"plain","optional":true}},"block_types":{"notifications":{"nesting_mode":"set","block":{"block_types":{"email":{"nesting_mode":"set","block":{"attributes":{"message":{"type":"string","description":"Email message","description_kind":"plain","optional":true},"recipient":{"type":["list","string"],"description":"Email address","description_kind":"plain","optional":true}},"description":"Email notification","description_kind":"plain"}}},"description":"List of notifications for the Alert Rule","description_kind":"plain"}}},"description":"get ruleId from /alert-rules endpoint. If alertsEnabled is set to 1 and alertRules is not included in a creation/update query, applicable defaults will be used.","description_kind":"plain"}},"groups":{"nesting_mode":"list","block":{"attributes":{"builtin":{"type":"number","description":"1 for built-in labels, and 0 for user-created labels. Note that built-in labels are read-only","description_kind":"plain","computed":true},"group_id":{"type":"number","description":"Unique ID of the label","description_kind":"plain","required":true},"name":{"type":"string","description":"Name of the label","description_kind":"plain","optional":true},"type":{"type":"string","description":"Type of label (tests, agents, endpoint_tests, or endpoint_agents","description_kind":"plain","optional":true}},"block_types":{"agents":{"nesting_mode":"list","block":{"attributes":{"agent_id":{"type":"number","description":"agent id","description_kind":"plain","optional":true}},"description":"agents to use ","description_kind":"plain"}},"tests":{"nesting_mode":"list","block":{"attributes":{"test_id":{"type":"number","description":"test id","description_kind":"plain","optional":true}},"description":"list of tests","description_kind":"plain"}}},"description":"array of label objects","description_kind":"plain"}},"shared_with_accounts":{"nesting_mode":"list","block":{"attributes":{"aid":{"type":"number","description":"Account group ID","description_kind":"plain","required":true},"name":{"type":"string","description":"Name of account","description_kind":"plain","optional":true}},"description":"array of DNS Server objects {“serverName”: “fqdn of server”}","description_kind":"plain"}}},"description_kind":"plain"}},"thousandeyes_http_server":{"version":0,"block":{"attributes":{"alerts_enabled":{"type":"number","description":"choose 1 to enable alerts, or 0 to disable alerts. Defaults to 1","description_kind":"plain","optional":true},"api_links":{"type":["list",["object",{"href":"string","rel":"string"}]],"description":"self links to endpoint to pull test metadata, and data links to endpoint for test data","description_kind":"plain","computed":true},"auth_type":{"type":"string","description":"auth type","description_kind":"plain","optional":true},"bandwidth_measurements":{"type":"number","description":"set to 1 to measure bandwidth; defaults to 0. Only applies to Enterprise Agents assigned to the test, and requires that networkMeasurements is set.","description_kind":"plain","optional":true},"bgp_measurements":{"type":"number","description":"choose 1 to enable bgp measurements, 0 to disable; defaults to 1","description_kind":"plain","optional":true},"client_certificate":{"type":"string","description":"String representation (containing newline characters) of client certificate, if used","description_kind":"plain","optional":true},"content_regex":{"type":"string","description":"regular Expressions\tVerify content using a regular expression. This field does not require escaping","description_kind":"plain","optional":true},"created_by":{"type":"string","description":"created by user","description_kind":"plain","computed":true},"created_date":{"type":"string","description":"date of creation","description_kind":"plain","computed":true},"custom_headers":{"type":["map","string"],"description_kind":"plain","optional":true},"description":{"type":"string","description":"defaults to empty string","description_kind":"plain","optional":true},"desired_status_code":{"type":"string","description":"A valid HTTP response code\tSet to the value you’re interested in retrieving","description_kind":"plain","optional":true},"dns_override":{"type":"string","description":"IP address to use for DNS override","description_kind":"plain","optional":true},"download_limit":{"type":"number","description":"specify maximum number of bytes to download from the target object","description_kind":"plain","optional":true},"enabled":{"type":"number","description":"0 or 1\tchoose 1 to enable the test, 0 to disable the test","description_kind":"plain","optional":true},"follow_redirects":{"type":"number","description":"set to 0 to not follow HTTP/301 or HTTP/302 redirect directives. Default is 1","description_kind":"plain","optional":true},"headers":{"type":["list","string"],"description":"array of header strings [\"header: value\", \"header2: value\"]","description_kind":"plain","optional":true},"http_target_time":{"type":"number","description":"target time for HTTP server completion; specified in milliseconds","description_kind":"plain","optional":true},"http_time_limit":{"type":"number","description":"target time for HTTP server limits; specified in seconds","description_kind":"plain","optional":true},"http_version":{"type":"number","description":"2 for default (prefer HTTP/2), 1 for HTTP/1.1 only","description_kind":"plain","optional":true},"id":{"type":"string","description_kind":"plain","optional":true,"computed":true},"interval":{"type":"number","description":"interval to run test on, in seconds","description_kind":"plain","required":true},"live_share":{"type":"number","description":"indicates 1 for a test shared with your account group, 0 for a normal test (does not apply to DNS+ tests)","description_kind":"plain","computed":true},"modified_by":{"type":"string","description":"Last modified by user","description_kind":"plain","computed":true},"modified_date":{"type":"string","description":"Last modified by date; shown in UTC","description_kind":"plain","computed":true},"mtu_measurements":{"type":"number","description":"set to 1 to measure MTU sizes on network from agents to the target.","description_kind":"plain","optional":true},"network_measurements":{"type":"number","description":"integer\t0 or 1\tchoose 1 to enable network measurements, 0 to disable; defaults to 1","description_kind":"plain","optional":true},"num_path_traces":{"type":"number","description":"number of path traces. default 3.","description_kind":"plain","optional":true},"password":{"type":"string","description":"password to be used to authenticate with the destination server","description_kind":"plain","optional":true},"path_trace_mode":{"type":"string","description":"choose inSession to perform the path trace within a TCP session; defaults to classic","description_kind":"plain","optional":true},"post_body":{"type":"string","description":"Enter the post body in this field. No escaping is required. If the post body is set to something other than empty, the requestMethod will be set to POST.","description_kind":"plain","optional":true},"probe_mode":{"type":"string","description":"probe mode used by End-to-end Network Test; only valid if protocol is set to TCP; defaults to AUTO","description_kind":"plain","optional":true},"protocol":{"type":"string","description":"protocol used by dependent Network tests (End-to-end, Path Trace, PMTUD); defaults to TCP","description_kind":"plain","optional":true},"saved_event":{"type":"number","description":"indicates 1 for a saved event, 0 for a normal test","description_kind":"plain","computed":true},"ssl_version":{"type":"string","description":"Reflects the verbose ssl protocol version used by a test","description_kind":"plain","computed":true},"ssl_version_id":{"type":"number","description":"0 for auto, 3 for SSLv3, 4 for TLS v1.0, 5 for TLS v1.1, 6 for TLS v1.2","description_kind":"plain","optional":true},"test_id":{"type":"number","description":"Unique ID of test","description_kind":"plain","computed":true},"test_name":{"type":"string","description":"Name of Test","description_kind":"plain","required":true},"type":{"type":"string","description":"Type of test","description_kind":"plain","computed":true},"url":{"type":"string","description":"target for the test","description_kind":"plain","required":true},"use_ntlm":{"type":"number","description":"choose 0 to use Basic Authentication, or omit field.Requires username/password to be set","description_kind":"plain","optional":true},"use_public_bgp":{"type":"number","description":"set to 1 to automatically add all available Public BGP Monitors","description_kind":"plain","optional":true},"user_agent":{"type":"string","description":"user-agent string to be provided during the test","description_kind":"plain","optional":true},"username":{"type":"string","description":"username to be used to authenticate with the destination server","description_kind":"plain","optional":true},"verify_certificate":{"type":"number","description":"set to 0 to ignore certificate errors (defaults to 1)","description_kind":"plain","optional":true}},"block_types":{"agents":{"nesting_mode":"list","block":{"attributes":{"agent_id":{"type":"number","description_kind":"plain","optional":true},"agent_name":{"type":"string","description_kind":"plain","optional":true},"agent_state":{"type":"string","description_kind":"plain","optional":true},"agent_type":{"type":"string","description_kind":"plain","computed":true},"country_id":{"type":"string","description_kind":"plain","optional":true},"created_date":{"type":"string","description_kind":"plain","optional":true},"enabled":{"type":"number","description_kind":"plain","optional":true},"hostname":{"type":"string","description_kind":"plain","optional":true},"ip_addresses":{"type":["list","string"],"description_kind":"plain","optional":true},"ipv6_policy":{"type":"string","description_kind":"plain","optional":true},"keep_browser_cache":{"type":"number","description_kind":"plain","optional":true},"last_seen":{"type":"string","description_kind":"plain","optional":true},"location":{"type":"string","description_kind":"plain","optional":true},"network":{"type":"string","description_kind":"plain","optional":true},"prefix":{"type":"string","description_kind":"plain","optional":true},"target_for_tests":{"type":"string","description_kind":"plain","optional":true},"utilization":{"type":"number","description_kind":"plain","optional":true},"verify_ssl_certificate":{"type":"number","description_kind":"plain","optional":true}},"block_types":{"cluster_members":{"nesting_mode":"list","block":{"attributes":{"agent_state":{"type":"string","description_kind":"plain","optional":true},"ip_addresses":{"type":["list","string"],"description_kind":"plain","optional":true},"last_seen":{"type":"string","description_kind":"plain","optional":true},"member_id":{"type":"number","description_kind":"plain","optional":true},"name":{"type":"string","description_kind":"plain","optional":true},"network":{"type":"string","description_kind":"plain","optional":true},"prefix":{"type":"string","description_kind":"plain","optional":true},"public_ip_addresses":{"type":["list","string"],"description_kind":"plain","optional":true},"target_for_tests":{"type":"string","description_kind":"plain","optional":true},"utilization":{"type":"number","description_kind":"plain","optional":true}},"description_kind":"plain"}},"error_details":{"nesting_mode":"list","block":{"attributes":{"code":{"type":"string","description_kind":"plain","optional":true},"description":{"type":"string","description_kind":"plain","optional":true}},"description_kind":"plain"}},"groups":{"nesting_mode":"list","block":{"attributes":{"builtin":{"type":"number","description_kind":"plain","optional":true},"group_id":{"type":"number","description_kind":"plain","optional":true},"name":{"type":"string","description_kind":"plain","optional":true},"type":{"type":"string","description_kind":"plain","optional":true}},"description_kind":"plain"}}},"description":"agents to use ","description_kind":"plain"},"min_items":1},"alert_rules":{"nesting_mode":"list","block":{"attributes":{"alert_rule_id":{"type":"number","description":"ID of  alert rule","description_kind":"plain","computed":true},"alert_type":{"type":"string","description":"Acceptable test types, verbose names","description_kind":"plain","optional":true},"default":{"type":"number","description":"to set the rule as a default, set this value to 1.","description_kind":"plain","optional":true},"direction":{"type":"string","description":"[TO_TARGET, FROM_TARGET, BIDIRECTIONAL]\tDirection of the test (affects how results are shown)","description_kind":"plain","optional":true},"expression":{"type":"string","description":"Alert rule evaluation expression","description_kind":"plain","optional":true},"include_covered_prefixes":{"type":"number","description":"set to 1 to include queries for subprefixes detected under this prefix","description_kind":"plain","optional":true},"minimum_sources":{"type":"number","description":"The minimum number of agents or monitors that must meet the specified criteria in order to trigger an alert","description_kind":"plain","optional":true},"minimum_sources_pct":{"type":"number","description":"The minimum percentage of agents or monitors that must meet the specified criteria in order to trigger an alert","description_kind":"plain","optional":true},"notify_on_clear":{"type":"number","description":"set to 1 to trigger the notification when the alert clears.","description_kind":"plain","optional":true},"rounds_violating_mode":{"type":"string","description":"ANY or EXACT.  EXACT requires that the same agent(s) meet the threshold in consecutive rounds; default is ANY","description_kind":"plain","optional":true},"rounds_violating_out_of":{"type":"number","description":"specifies the divisor (Y value) of the “X of Y times” condition in an alert rule.  Minimum value is 1, maximum value is 10.","description_kind":"plain","optional":true},"rounds_violating_required":{"type":"number","description":"specifies the numerator (X value) of the “X of Y times” condition in an alert rule.  Minimum value is 1, maximum value is 10. Must be less than or equal to roundsViolatingOutOf","description_kind":"plain","optional":true},"rule_id":{"type":"number","description":"If alertsEnabled is set to 1 and alertRules is not included in a creation/update query, applicable defaults will be used.","description_kind":"plain","optional":true},"rule_name":{"type":"string","description":"name of the alert rule","description_kind":"plain","optional":true},"test_ids":{"type":["list","number"],"description":"Valid test IDs","description_kind":"plain","optional":true}},"block_types":{"notifications":{"nesting_mode":"set","block":{"block_types":{"email":{"nesting_mode":"set","block":{"attributes":{"message":{"type":"string","description":"Email message","description_kind":"plain","optional":true},"recipient":{"type":["list","string"],"description":"Email address","description_kind":"plain","optional":true}},"description":"Email notification","description_kind":"plain"}}},"description":"List of notifications for the Alert Rule","description_kind":"plain"}}},"description":"get ruleId from /alert-rules endpoint. If alertsEnabled is set to 1 and alertRules is not included in a creation/update query, applicable defaults will be used.","description_kind":"plain"}},"bgp_monitors":{"nesting_mode":"list","block":{"attributes":{"ip_address":{"type":"string","description_kind":"plain","optional":true},"monitor_id":{"type":"number","description":"monitor id","description_kind":"plain","required":true},"monitor_name":{"type":"string","description_kind":"plain","optional":true},"monitor_type":{"type":"string","description_kind":"plain","optional":true},"network":{"type":"string","description_kind":"plain","optional":true}},"description":"array of BGP Monitor objects","description_kind":"plain"}},"groups":{"nesting_mode":"list","block":{"attributes":{"builtin":{"type":"number","description":"1 for built-in labels, and 0 for user-created labels. Note that built-in labels are read-only","description_kind":"plain","computed":true},"group_id":{"type":"number","description":"Unique ID of the label","description_kind":"plain","required":true},"name":{"type":"string","description":"Name of the label","description_kind":"plain","optional":true},"type":{"type":"string","description":"Type of label (tests, agents, endpoint_tests, or endpoint_agents","description_kind":"plain","optional":true}},"block_types":{"agents":{"nesting_mode":"list","block":{"attributes":{"agent_id":{"type":"number","description":"agent id","description_kind":"plain","optional":true}},"description":"agents to use ","description_kind":"plain"}},"tests":{"nesting_mode":"list","block":{"attributes":{"test_id":{"type":"number","description":"test id","description_kind":"plain","optional":true}},"description":"list of tests","description_kind":"plain"}}},"description":"array of label objects","description_kind":"plain"}},"shared_with_accounts":{"nesting_mode":"list","block":{"attributes":{"aid":{"type":"number","description":"Account group ID","description_kind":"plain","required":true},"name":{"type":"string","description":"Name of account","description_kind":"plain","optional":true}},"description":"array of DNS Server objects {“serverName”: “fqdn of server”}","description_kind":"plain"}}},"description_kind":"plain"}},"thousandeyes_label":{"version":0,"block":{"attributes":{"builtin":{"type":"number","description":"1 for built-in labels, and 0 for user-created labels. Note that built-in labels are read-only","description_kind":"plain","computed":true},"group_id":{"type":"number","description":"Unique ID of the label; this number is negative for built-in labels.","description_kind":"plain","computed":true},"id":{"type":"string","description_kind":"plain","optional":true,"computed":true},"name":{"type":"string","description":"name of the test","description_kind":"plain","required":true},"type":{"type":"string","description":"Type of label (tests, agents, endpoint_tests, or endpoint_agents","description_kind":"plain","required":true}},"block_types":{"agents":{"nesting_mode":"list","block":{"attributes":{"agent_id":{"type":"number","description":"agent id","description_kind":"plain","optional":true}},"description":"agents to use ","description_kind":"plain"}},"tests":{"nesting_mode":"list","block":{"attributes":{"alerts_enabled":{"type":"number","description":"choose 1 to enable alerts, or 0 to disable alerts. Defaults to 1","description_kind":"plain","optional":true},"api_links":{"type":["list",["object",{"href":"string","rel":"string"}]],"description":"self links to endpoint to pull test metadata, and data links to endpoint for test data","description_kind":"plain","computed":true},"created_by":{"type":"string","description":"created by user","description_kind":"plain","computed":true},"created_date":{"type":"string","description":"date of creation","description_kind":"plain","computed":true},"description":{"type":"string","description":"defaults to empty string","description_kind":"plain","optional":true},"enabled":{"type":"number","description":"0 or 1\tchoose 1 to enable the test, 0 to disable the test","description_kind":"plain","optional":true},"modified_by":{"type":"string","description":"Last modified by user","description_kind":"plain","computed":true},"modified_date":{"type":"string","description":"Last modified by date; shown in UTC","description_kind":"plain","computed":true},"saved_event":{"type":"number","description":"indicates 1 for a saved event, 0 for a normal test","description_kind":"plain","computed":true},"test_id":{"type":"number","description":"Unique ID of test","description_kind":"plain","computed":true},"test_name":{"type":"string","description":"Name of Test","description_kind":"plain","required":true},"type":{"type":"string","description":"Type of test","description_kind":"plain","computed":true}},"block_types":{"agents":{"nesting_mode":"list","block":{"attributes":{"agent_id":{"type":"number","description_kind":"plain","optional":true},"agent_name":{"type":"string","description_kind":"plain","optional":true},"agent_state":{"type":"string","description_kind":"plain","optional":true},"agent_type":{"type":"string","description_kind":"plain","computed":true},"country_id":{"type":"string","description_kind":"plain","optional":true},"created_date":{"type":"string","description_kind":"plain","optional":true},"enabled":{"type":"number","description_kind":"plain","optional":true},"hostname":{"type":"string","description_kind":"plain","optional":true},"ip_addresses":{"type":["list","string"],"description_kind":"plain","optional":true},"ipv6_policy":{"type":"string","description_kind":"plain","optional":true},"keep_browser_cache":{"type":"number","description_kind":"plain","optional":true},"last_seen":{"type":"string","description_kind":"plain","optional":true},"location":{"type":"string","description_kind":"plain","optional":true},"network":{"type":"string","description_kind":"plain","optional":true},"prefix":{"type":"string","description_kind":"plain","optional":true},"target_for_tests":{"type":"string","description_kind":"plain","optional":true},"utilization":{"type":"number","description_kind":"plain","optional":true},"verify_ssl_certificate":{"type":"number","description_kind":"plain","optional":true}},"block_types":{"cluster_members":{"nesting_mode":"list","block":{"attributes":{"agent_state":{"type":"string","description_kind":"plain","optional":true},"ip_addresses":{"type":["list","string"],"description_kind":"plain","optional":true},"last_seen":{"type":"string","description_kind":"plain","optional":true},"member_id":{"type":"number","description_kind":"plain","optional":true},"name":{"type":"string","description_kind":"plain","optional":true},"network":{"type":"string","description_kind":"plain","optional":true},"prefix":{"type":"string","description_kind":"plain","optional":true},"public_ip_addresses":{"type":["list","string"],"description_kind":"plain","optional":true},"target_for_tests":{"type":"string","description_kind":"plain","optional":true},"utilization":{"type":"number","description_kind":"plain","optional":true}},"description_kind":"plain"}},"error_details":{"nesting_mode":"list","block":{"attributes":{"code":{"type":"string","description_kind":"plain","optional":true},"description":{"type":"string","description_kind":"plain","optional":true}},"description_kind":"plain"}},"groups":{"nesting_mode":"list","block":{"attributes":{"builtin":{"type":"number","description_kind":"plain","optional":true},"group_id":{"type":"number","description_kind":"plain","optional":true},"name":{"type":"string","description_kind":"plain","optional":true},"type":{"type":"string","description_kind":"plain","optional":true}},"description_kind":"plain"}}},"description":"agents to use ","description_kind":"plain"},"min_items":1},"alert_rules":{"nesting_mode":"list","block":{"attributes":{"alert_rule_id":{"type":"number","description":"ID of  alert rule","description_kind":"plain","computed":true},"alert_type":{"type":"string","description":"Acceptable test types, verbose names","description_kind":"plain","optional":true},"default":{"type":"number","description":"to set the rule as a default, set this value to 1.","description_kind":"plain","optional":true},"direction":{"type":"string","description":"[TO_TARGET, FROM_TARGET, BIDIRECTIONAL]\tDirection of the test (affects how results are shown)","description_kind":"plain","optional":true},"expression":{"type":"string","description":"Alert rule evaluation expression","description_kind":"plain","optional":true},"include_covered_prefixes":{"type":"number","description":"set to 1 to include queries for subprefixes detected under this prefix","description_kind":"plain","optional":true},"minimum_sources":{"type":"number","description":"The minimum number of agents or monitors that must meet the specified criteria in order to trigger an alert","description_kind":"plain","optional":true},"minimum_sources_pct":{"type":"number","description":"The minimum percentage of agents or monitors that must meet the specified criteria in order to trigger an alert","description_kind":"plain","optional":true},"notify_on_clear":{"type":"number","description":"set to 1 to trigger the notification when the alert clears.","description_kind":"plain","optional":true},"rounds_violating_mode":{"type":"string","description":"ANY or EXACT.  EXACT requires that the same agent(s) meet the threshold in consecutive rounds; default is ANY","description_kind":"plain","optional":true},"rounds_violating_out_of":{"type":"number","description":"specifies the divisor (Y value) of the “X of Y times” condition in an alert rule.  Minimum value is 1, maximum value is 10.","description_kind":"plain","optional":true},"rounds_violating_required":{"type":"number","description":"specifies the numerator (X value) of the “X of Y times” condition in an alert rule.  Minimum value is 1, maximum value is 10. Must be less than or equal to roundsViolatingOutOf","description_kind":"plain","optional":true},"rule_id":{"type":"number","description":"If alertsEnabled is set to 1 and alertRules is not included in a creation/update query, applicable defaults will be used.","description_kind":"plain","optional":true},"rule_name":{"type":"string","description":"name of the alert rule","description_kind":"plain","optional":true},"test_ids":{"type":["list","number"],"description":"Valid test IDs","description_kind":"plain","optional":true}},"block_types":{"notifications":{"nesting_mode":"set","block":{"block_types":{"email":{"nesting_mode":"set","block":{"attributes":{"message":{"type":"string","description":"Email message","description_kind":"plain","optional":true},"recipient":{"type":["list","string"],"description":"Email address","description_kind":"plain","optional":true}},"description":"Email notification","description_kind":"plain"}}},"description":"List of notifications for the Alert Rule","description_kind":"plain"}}},"description":"get ruleId from /alert-rules endpoint. If alertsEnabled is set to 1 and alertRules is not included in a creation/update query, applicable defaults will be used.","description_kind":"plain"}},"groups":{"nesting_mode":"list","block":{"attributes":{"builtin":{"type":"number","description":"1 for built-in labels, and 0 for user-created labels. Note that built-in labels are read-only","description_kind":"plain","computed":true},"group_id":{"type":"number","description":"Unique ID of the label","description_kind":"plain","required":true},"name":{"type":"string","description":"Name of the label","description_kind":"plain","optional":true},"type":{"type":"string","description":"Type of label (tests, agents, endpoint_tests, or endpoint_agents","description_kind":"plain","optional":true}},"block_types":{"agents":{"nesting_mode":"list","block":{"attributes":{"agent_id":{"type":"number","description":"agent id","description_kind":"plain","optional":true}},"description":"agents to use ","description_kind":"plain"}},"tests":{"nesting_mode":"list","block":{"attributes":{"test_id":{"type":"number","description":"test id","description_kind":"plain","optional":true}},"description":"list of tests","description_kind":"plain"}}},"description":"array of label objects","description_kind":"plain"}},"shared_with_accounts":{"nesting_mode":"list","block":{"attributes":{"aid":{"type":"number","description":"Account group ID","description_kind":"plain","required":true},"name":{"type":"string","description":"Name of account","description_kind":"plain","optional":true}},"description":"array of DNS Server objects {“serverName”: “fqdn of server”}","description_kind":"plain"}}},"description":"list of tests","description_kind":"plain"}}},"description_kind":"plain"}},"thousandeyes_page_load":{"version":0,"block":{"attributes":{"alerts_enabled":{"type":"number","description":"choose 1 to enable alerts, or 0 to disable alerts. Defaults to 1","description_kind":"plain","optional":true},"api_links":{"type":["list",["object",{"href":"string","rel":"string"}]],"description":"self links to endpoint to pull test metadata, and data links to endpoint for test data","description_kind":"plain","computed":true},"auth_type":{"type":"string","description":"auth type","description_kind":"plain","optional":true},"bandwidth_measurements":{"type":"number","description":"set to 1 to measure bandwidth; defaults to 0. Only applies to Enterprise Agents assigned to the test, and requires that networkMeasurements is set.","description_kind":"plain","optional":true},"bgp_measurements":{"type":"number","description":"choose 1 to enable bgp measurements, 0 to disable; defaults to 1","description_kind":"plain","optional":true},"content_regex":{"type":"string","description":"regular Expressions\tVerify content using a regular expression. This field does not require escaping","description_kind":"plain","optional":true},"created_by":{"type":"string","description":"created by user","description_kind":"plain","computed":true},"created_date":{"type":"string","description":"date of creation","description_kind":"plain","computed":true},"custom_headers":{"type":["map","string"],"description_kind":"plain","optional":true},"description":{"type":"string","description":"defaults to empty string","description_kind":"plain","optional":true},"enabled":{"type":"number","description":"0 or 1\tchoose 1 to enable the test, 0 to disable the test","description_kind":"plain","optional":true},"follow_redirects":{"type":"number","description":"set to 0 to not follow HTTP/301 or HTTP/302 redirect directives. Default is 1","description_kind":"plain","optional":true},"http_interval":{"type":"number","description":"interval to run http server test on","description_kind":"plain","required":true},"http_target_time":{"type":"number","description":"target time for HTTP server completion; specified in milliseconds","description_kind":"plain","optional":true},"http_time_limit":{"type":"number","description":"target time for HTTP server limits; specified in seconds","description_kind":"plain","optional":true},"http_version":{"type":"number","description":"2 for default (prefer HTTP/2), 1 for HTTP/1.1 only","description_kind":"plain","optional":true},"id":{"type":"string","description_kind":"plain","optional":true,"computed":true},"include_headers":{"type":"number","description":"set to 1 to capture response headers for objects loaded by the test.Default is 1.","description_kind":"plain","optional":true},"interval":{"type":"number","description":"interval to run test on, in seconds","description_kind":"plain","required":true},"live_share":{"type":"number","description":"indicates 1 for a test shared with your account group, 0 for a normal test (does not apply to DNS+ tests)","description_kind":"plain","computed":true},"modified_by":{"type":"string","description":"Last modified by user","description_kind":"plain","computed":true},"modified_date":{"type":"string","description":"Last modified by date; shown in UTC","description_kind":"plain","computed":true},"mtu_measurements":{"type":"number","description":"set to 1 to measure MTU sizes on network from agents to the target.","description_kind":"plain","optional":true},"network_measurements":{"type":"number","description":"integer\t0 or 1\tchoose 1 to enable network measurements, 0 to disable; defaults to 1","description_kind":"plain","optional":true},"num_path_traces":{"type":"number","description":"number of path traces. default 3.","description_kind":"plain","optional":true},"page_load_target_time":{"type":"number","description":"target time for Page Load completion; specified in seconds (1 to 30); cannot exceed pageLoadTimeLimit value","description_kind":"plain","optional":true},"page_load_time_limit":{"type":"number","description":"must be larger than httpTimeLimit; defaults to 10 seconds","description_kind":"plain","optional":true},"password":{"type":"string","description":"password to be used to authenticate with the destination server","description_kind":"plain","optional":true},"path_trace_mode":{"type":"string","description":"choose inSession to perform the path trace within a TCP session; defaults to classic","description_kind":"plain","optional":true},"probe_mode":{"type":"string","description":"probe mode used by End-to-end Network Test; only valid if protocol is set to TCP; defaults to AUTO","description_kind":"plain","optional":true},"protocol":{"type":"string","description":"protocol used by dependent Network tests (End-to-end, Path Trace, PMTUD); defaults to TCP","description_kind":"plain","optional":true},"saved_event":{"type":"number","description":"indicates 1 for a saved event, 0 for a normal test","description_kind":"plain","computed":true},"ssl_version":{"type":"string","description":"Reflects the verbose ssl protocol version used by a test","description_kind":"plain","computed":true},"ssl_version_id":{"type":"number","description":"0 for auto, 3 for SSLv3, 4 for TLS v1.0, 5 for TLS v1.1, 6 for TLS v1.2","description_kind":"plain","optional":true},"subinterval":{"type":"number","description":"subinterval for round-robin testing (in seconds), must be less than or equal to interval","description_kind":"plain","optional":true},"test_id":{"type":"number","description":"Unique ID of test","description_kind":"plain","computed":true},"test_name":{"type":"string","description":"Name of Test","description_kind":"plain","required":true},"type":{"type":"string","description":"Type of test","description_kind":"plain","computed":true},"url":{"type":"string","description":"target for the test","description_kind":"plain","required":true},"use_ntlm":{"type":"number","description":"choose 0 to use Basic Authentication, or omit field.Requires username/password to be set","description_kind":"plain","optional":true},"use_public_bgp":{"type":"number","description":"set to 1 to automatically add all available Public BGP Monitors","description_kind":"plain","optional":true},"user_agent":{"type":"string","description":"user-agent string to be provided during the test","description_kind":"plain","optional":true},"username":{"type":"string","description":"username to be used to authenticate with the destination server","description_kind":"plain","optional":true},"verify_certificate":{"type":"number","description":"set to 0 to ignore certificate errors (defaults to 1)","description_kind":"plain","optional":true}},"block_types":{"agents":{"nesting_mode":"list","block":{"attributes":{"agent_id":{"type":"number","description_kind":"plain","optional":true},"agent_name":{"type":"string","description_kind":"plain","optional":true},"agent_state":{"type":"string","description_kind":"plain","optional":true},"agent_type":{"type":"string","description_kind":"plain","computed":true},"country_id":{"type":"string","description_kind":"plain","optional":true},"created_date":{"type":"string","description_kind":"plain","optional":true},"enabled":{"type":"number","description_kind":"plain","optional":true},"hostname":{"type":"string","description_kind":"plain","optional":true},"ip_addresses":{"type":["list","string"],"description_kind":"plain","optional":true},"ipv6_policy":{"type":"string","description_kind":"plain","optional":true},"keep_browser_cache":{"type":"number","description_kind":"plain","optional":true},"last_seen":{"type":"string","description_kind":"plain","optional":true},"location":{"type":"string","description_kind":"plain","optional":true},"network":{"type":"string","description_kind":"plain","optional":true},"prefix":{"type":"string","description_kind":"plain","optional":true},"target_for_tests":{"type":"string","description_kind":"plain","optional":true},"utilization":{"type":"number","description_kind":"plain","optional":true},"verify_ssl_certificate":{"type":"number","description_kind":"plain","optional":true}},"block_types":{"cluster_members":{"nesting_mode":"list","block":{"attributes":{"agent_state":{"type":"string","description_kind":"plain","optional":true},"ip_addresses":{"type":["list","string"],"description_kind":"plain","optional":true},"last_seen":{"type":"string","description_kind":"plain","optional":true},"member_id":{"type":"number","description_kind":"plain","optional":true},"name":{"type":"string","description_kind":"plain","optional":true},"network":{"type":"string","description_kind":"plain","optional":true},"prefix":{"type":"string","description_kind":"plain","optional":true},"public_ip_addresses":{"type":["list","string"],"description_kind":"plain","optional":true},"target_for_tests":{"type":"string","description_kind":"plain","optional":true},"utilization":{"type":"number","description_kind":"plain","optional":true}},"description_kind":"plain"}},"error_details":{"nesting_mode":"list","block":{"attributes":{"code":{"type":"string","description_kind":"plain","optional":true},"description":{"type":"string","description_kind":"plain","optional":true}},"description_kind":"plain"}},"groups":{"nesting_mode":"list","block":{"attributes":{"builtin":{"type":"number","description_kind":"plain","optional":true},"group_id":{"type":"number","description_kind":"plain","optional":true},"name":{"type":"string","description_kind":"plain","optional":true},"type":{"type":"string","description_kind":"plain","optional":true}},"description_kind":"plain"}}},"description":"agents to use ","description_kind":"plain"},"min_items":1},"alert_rules":{"nesting_mode":"list","block":{"attributes":{"alert_rule_id":{"type":"number","description":"ID of  alert rule","description_kind":"plain","computed":true},"alert_type":{"type":"string","description":"Acceptable test types, verbose names","description_kind":"plain","optional":true},"default":{"type":"number","description":"to set the rule as a default, set this value to 1.","description_kind":"plain","optional":true},"direction":{"type":"string","description":"[TO_TARGET, FROM_TARGET, BIDIRECTIONAL]\tDirection of the test (affects how results are shown)","description_kind":"plain","optional":true},"expression":{"type":"string","description":"Alert rule evaluation expression","description_kind":"plain","optional":true},"include_covered_prefixes":{"type":"number","description":"set to 1 to include queries for subprefixes detected under this prefix","description_kind":"plain","optional":true},"minimum_sources":{"type":"number","description":"The minimum number of agents or monitors that must meet the specified criteria in order to trigger an alert","description_kind":"plain","optional":true},"minimum_sources_pct":{"type":"number","description":"The minimum percentage of agents or monitors that must meet the specified criteria in order to trigger an alert","description_kind":"plain","optional":true},"notify_on_clear":{"type":"number","description":"set to 1 to trigger the notification when the alert clears.","description_kind":"plain","optional":true},"rounds_violating_mode":{"type":"string","description":"ANY or EXACT.  EXACT requires that the same agent(s) meet the threshold in consecutive rounds; default is ANY","description_kind":"plain","optional":true},"rounds_violating_out_of":{"type":"number","description":"specifies the divisor (Y value) of the “X of Y times” condition in an alert rule.  Minimum value is 1, maximum value is 10.","description_kind":"plain","optional":true},"rounds_violating_required":{"type":"number","description":"specifies the numerator (X value) of the “X of Y times” condition in an alert rule.  Minimum value is 1, maximum value is 10. Must be less than or equal to roundsViolatingOutOf","description_kind":"plain","optional":true},"rule_id":{"type":"number","description":"If alertsEnabled is set to 1 and alertRules is not included in a creation/update query, applicable defaults will be used.","description_kind":"plain","optional":true},"rule_name":{"type":"string","description":"name of the alert rule","description_kind":"plain","optional":true},"test_ids":{"type":["list","number"],"description":"Valid test IDs","description_kind":"plain","optional":true}},"block_types":{"notifications":{"nesting_mode":"set","block":{"block_types":{"email":{"nesting_mode":"set","block":{"attributes":{"message":{"type":"string","description":"Email message","description_kind":"plain","optional":true},"recipient":{"type":["list","string"],"description":"Email address","description_kind":"plain","optional":true}},"description":"Email notification","description_kind":"plain"}}},"description":"List of notifications for the Alert Rule","description_kind":"plain"}}},"description":"get ruleId from /alert-rules endpoint. If alertsEnabled is set to 1 and alertRules is not included in a creation/update query, applicable defaults will be used.","description_kind":"plain"}},"bgp_monitors":{"nesting_mode":"list","block":{"attributes":{"ip_address":{"type":"string","description_kind":"plain","optional":true},"monitor_id":{"type":"number","description":"monitor id","description_kind":"plain","required":true},"monitor_name":{"type":"string","description_kind":"plain","optional":true},"monitor_type":{"type":"string","description_kind":"plain","optional":true},"network":{"type":"string","description_kind":"plain","optional":true}},"description":"array of BGP Monitor objects","description_kind":"plain"}},"groups":{"nesting_mode":"list","block":{"attributes":{"builtin":{"type":"number","description":"1 for built-in labels, and 0 for user-created labels. Note that built-in labels are read-only","description_kind":"plain","computed":true},"group_id":{"type":"number","description":"Unique ID of the label","description_kind":"plain","required":true},"name":{"type":"string","description":"Name of the label","description_kind":"plain","optional":true},"type":{"type":"string","description":"Type of label (tests, agents, endpoint_tests, or endpoint_agents","description_kind":"plain","optional":true}},"block_types":{"agents":{"nesting_mode":"list","block":{"attributes":{"agent_id":{"type":"number","description":"agent id","description_kind":"plain","optional":true}},"description":"agents to use ","description_kind":"plain"}},"tests":{"nesting_mode":"list","block":{"attributes":{"test_id":{"type":"number","description":"test id","description_kind":"plain","optional":true}},"description":"list of tests","description_kind":"plain"}}},"description":"array of label objects","description_kind":"plain"}},"shared_with_accounts":{"nesting_mode":"list","block":{"attributes":{"aid":{"type":"number","description":"Account group ID","description_kind":"plain","required":true},"name":{"type":"string","description":"Name of account","description_kind":"plain","optional":true}},"description":"array of DNS Server objects {“serverName”: “fqdn of server”}","description_kind":"plain"}}},"description_kind":"plain"}},"thousandeyes_sip_server":{"version":0,"block":{"attributes":{"alerts_enabled":{"type":"number","description":"choose 1 to enable alerts, or 0 to disable alerts. Defaults to 1","description_kind":"plain","optional":true},"api_links":{"type":["list",["object",{"href":"string","rel":"string"}]],"description":"self links to endpoint to pull test metadata, and data links to endpoint for test data","description_kind":"plain","computed":true},"bandwidth_measurements":{"type":"number","description":"set to 1 to measure bandwidth; defaults to 0. Only applies to Enterprise Agents assigned to the test, and requires that networkMeasurements is set.","description_kind":"plain","optional":true},"bgp_measurements":{"type":"number","description":"choose 1 to enable bgp measurements, 0 to disable; defaults to 1","description_kind":"plain","optional":true},"created_by":{"type":"string","description":"created by user","description_kind":"plain","computed":true},"created_date":{"type":"string","description":"date of creation","description_kind":"plain","computed":true},"description":{"type":"string","description":"defaults to empty string","description_kind":"plain","optional":true},"enabled":{"type":"number","description":"0 or 1\tchoose 1 to enable the test, 0 to disable the test","description_kind":"plain","optional":true},"id":{"type":"string","description_kind":"plain","optional":true,"computed":true},"interval":{"type":"number","description":"interval to run test on, in seconds","description_kind":"plain","required":true},"live_share":{"type":"number","description":"indicates 1 for a test shared with your account group, 0 for a normal test (does not apply to DNS+ tests)","description_kind":"plain","computed":true},"modified_by":{"type":"string","description":"Last modified by user","description_kind":"plain","computed":true},"modified_date":{"type":"string","description":"Last modified by date; shown in UTC","description_kind":"plain","computed":true},"mtu_measurements":{"type":"number","description":"set to 1 to measure MTU sizes on network from agents to the target.","description_kind":"plain","optional":true},"network_measurements":{"type":"number","description":"integer\t0 or 1\tchoose 1 to enable network measurements, 0 to disable; defaults to 1","description_kind":"plain","optional":true},"num_path_traces":{"type":"number","description":"number of path traces. default 3.","description_kind":"plain","optional":true},"options_regex":{"type":"string","description":"regex string. This field does not require escaping.","description_kind":"plain","optional":true},"path_trace_mode":{"type":"string","description":"choose inSession to perform the path trace within a TCP session; defaults to classic","description_kind":"plain","optional":true},"probe_mode":{"type":"string","description":"probe mode used by End-to-end Network Test; only valid if protocol is set to TCP; defaults to AUTO","description_kind":"plain","optional":true},"register_enabled":{"type":"number","description":"1 to perform SIP registration on the test target with the SIP REGISTER command, defaults to 0","description_kind":"plain","optional":true},"saved_event":{"type":"number","description":"indicates 1 for a saved event, 0 for a normal test","description_kind":"plain","computed":true},"sip_target_time":{"type":"number","description":"target time for test completion; specified in milliseconds","description_kind":"plain","optional":true},"sip_time_limit":{"type":"number","description":"defaults to 5 seconds","description_kind":"plain","optional":true},"test_id":{"type":"number","description":"Unique ID of test","description_kind":"plain","computed":true},"test_name":{"type":"string","description":"Name of Test","description_kind":"plain","required":true},"type":{"type":"string","description":"Type of test","description_kind":"plain","computed":true},"use_public_bgp":{"type":"number","description":"set to 1 to automatically add all available Public BGP Monitors","description_kind":"plain","optional":true}},"block_types":{"agents":{"nesting_mode":"list","block":{"attributes":{"agent_id":{"type":"number","description_kind":"plain","optional":true},"agent_name":{"type":"string","description_kind":"plain","optional":true},"agent_state":{"type":"string","description_kind":"plain","optional":true},"agent_type":{"type":"string","description_kind":"plain","computed":true},"country_id":{"type":"string","description_kind":"plain","optional":true},"created_date":{"type":"string","description_kind":"plain","optional":true},"enabled":{"type":"number","description_kind":"plain","optional":true},"hostname":{"type":"string","description_kind":"plain","optional":true},"ip_addresses":{"type":["list","string"],"description_kind":"plain","optional":true},"ipv6_policy":{"type":"string","description_kind":"plain","optional":true},"keep_browser_cache":{"type":"number","description_kind":"plain","optional":true},"last_seen":{"type":"string","description_kind":"plain","optional":true},"location":{"type":"string","description_kind":"plain","optional":true},"network":{"type":"string","description_kind":"plain","optional":true},"prefix":{"type":"string","description_kind":"plain","optional":true},"target_for_tests":{"type":"string","description_kind":"plain","optional":true},"utilization":{"type":"number","description_kind":"plain","optional":true},"verify_ssl_certificate":{"type":"number","description_kind":"plain","optional":true}},"block_types":{"cluster_members":{"nesting_mode":"list","block":{"attributes":{"agent_state":{"type":"string","description_kind":"plain","optional":true},"ip_addresses":{"type":["list","string"],"description_kind":"plain","optional":true},"last_seen":{"type":"string","description_kind":"plain","optional":true},"member_id":{"type":"number","description_kind":"plain","optional":true},"name":{"type":"string","description_kind":"plain","optional":true},"network":{"type":"string","description_kind":"plain","optional":true},"prefix":{"type":"string","description_kind":"plain","optional":true},"public_ip_addresses":{"type":["list","string"],"description_kind":"plain","optional":true},"target_for_tests":{"type":"string","description_kind":"plain","optional":true},"utilization":{"type":"number","description_kind":"plain","optional":true}},"description_kind":"plain"}},"error_details":{"nesting_mode":"list","block":{"attributes":{"code":{"type":"string","description_kind":"plain","optional":true},"description":{"type":"string","description_kind":"plain","optional":true}},"description_kind":"plain"}},"groups":{"nesting_mode":"list","block":{"attributes":{"builtin":{"type":"number","description_kind":"plain","optional":true},"group_id":{"type":"number","description_kind":"plain","optional":true},"name":{"type":"string","description_kind":"plain","optional":true},"type":{"type":"string","description_kind":"plain","optional":true}},"description_kind":"plain"}}},"description":"agents to use ","description_kind":"plain"},"min_items":1},"alert_rules":{"nesting_mode":"list","block":{"attributes":{"alert_rule_id":{"type":"number","description":"ID of  alert rule","description_kind":"plain","computed":true},"alert_type":{"type":"string","description":"Acceptable test types, verbose names","description_kind":"plain","optional":true},"default":{"type":"number","description":"to set the rule as a default, set this value to 1.","description_kind":"plain","optional":true},"direction":{"type":"string","description":"[TO_TARGET, FROM_TARGET, BIDIRECTIONAL]\tDirection of the test (affects how results are shown)","description_kind":"plain","optional":true},"expression":{"type":"string","description":"Alert rule evaluation expression","description_kind":"plain","optional":true},"include_covered_prefixes":{"type":"number","description":"set to 1 to include queries for subprefixes detected under this prefix","description_kind":"plain","optional":true},"minimum_sources":{"type":"number","description":"The minimum number of agents or monitors that must meet the specified criteria in order to trigger an alert","description_kind":"plain","optional":true},"minimum_sources_pct":{"type":"number","description":"The minimum percentage of agents or monitors that must meet the specified criteria in order to trigger an alert","description_kind":"plain","optional":true},"notify_on_clear":{"type":"number","description":"set to 1 to trigger the notification when the alert clears.","description_kind":"plain","optional":true},"rounds_violating_mode":{"type":"string","description":"ANY or EXACT.  EXACT requires that the same agent(s) meet the threshold in consecutive rounds; default is ANY","description_kind":"plain","optional":true},"rounds_violating_out_of":{"type":"number","description":"specifies the divisor (Y value) of the “X of Y times” condition in an alert rule.  Minimum value is 1, maximum value is 10.","description_kind":"plain","optional":true},"rounds_violating_required":{"type":"number","description":"specifies the numerator (X value) of the “X of Y times” condition in an alert rule.  Minimum value is 1, maximum value is 10. Must be less than or equal to roundsViolatingOutOf","description_kind":"plain","optional":true},"rule_id":{"type":"number","description":"If alertsEnabled is set to 1 and alertRules is not included in a creation/update query, applicable defaults will be used.","description_kind":"plain","optional":true},"rule_name":{"type":"string","description":"name of the alert rule","description_kind":"plain","optional":true},"test_ids":{"type":["list","number"],"description":"Valid test IDs","description_kind":"plain","optional":true}},"block_types":{"notifications":{"nesting_mode":"set","block":{"block_types":{"email":{"nesting_mode":"set","block":{"attributes":{"message":{"type":"string","description":"Email message","description_kind":"plain","optional":true},"recipient":{"type":["list","string"],"description":"Email address","description_kind":"plain","optional":true}},"description":"Email notification","description_kind":"plain"}}},"description":"List of notifications for the Alert Rule","description_kind":"plain"}}},"description":"get ruleId from /alert-rules endpoint. If alertsEnabled is set to 1 and alertRules is not included in a creation/update query, applicable defaults will be used.","description_kind":"plain"}},"groups":{"nesting_mode":"list","block":{"attributes":{"builtin":{"type":"number","description":"1 for built-in labels, and 0 for user-created labels. Note that built-in labels are read-only","description_kind":"plain","computed":true},"group_id":{"type":"number","description":"Unique ID of the label","description_kind":"plain","required":true},"name":{"type":"string","description":"Name of the label","description_kind":"plain","optional":true},"type":{"type":"string","description":"Type of label (tests, agents, endpoint_tests, or endpoint_agents","description_kind":"plain","optional":true}},"block_types":{"agents":{"nesting_mode":"list","block":{"attributes":{"agent_id":{"type":"number","description":"agent id","description_kind":"plain","optional":true}},"description":"agents to use ","description_kind":"plain"}},"tests":{"nesting_mode":"list","block":{"attributes":{"test_id":{"type":"number","description":"test id","description_kind":"plain","optional":true}},"description":"list of tests","description_kind":"plain"}}},"description":"array of label objects","description_kind":"plain"}},"shared_with_accounts":{"nesting_mode":"list","block":{"attributes":{"aid":{"type":"number","description":"Account group ID","description_kind":"plain","required":true},"name":{"type":"string","description":"Name of account","description_kind":"plain","optional":true}},"description":"array of DNS Server objects {“serverName”: “fqdn of server”}","description_kind":"plain"}},"target_sip_credentials":{"nesting_mode":"list","block":{"attributes":{"auth_user":{"type":"string","description":"username for authentication with SIP server","description_kind":"plain","required":true},"password":{"type":"string","description":"password to be used to authenticate with the destination server","description_kind":"plain","optional":true},"port":{"type":"number","description":"target port","description_kind":"plain","optional":true},"protocol":{"type":"string","description":"transport layer for SIP communication: TCP, TLS (TLS over TCP), or UDP. Defaults to TCP","description_kind":"plain","required":true},"sip_proxy":{"type":"string","description":"SIP proxy that is distinct from the SIP server, specified as a domain name or IP address","description_kind":"plain","optional":true},"sip_registrar":{"type":"string","description":"SIP server to be tested, specified by domain name or IP address","description_kind":"plain","required":true},"user":{"type":"string","description":"username for SIP registration; should be unique within a ThousandEyes Account Group","description_kind":"plain","optional":true}},"description_kind":"plain"},"min_items":1,"max_items":1}},"description_kind":"plain"}},"thousandeyes_voice":{"version":0,"block":{"attributes":{"alerts_enabled":{"type":"number","description":"choose 1 to enable alerts, or 0 to disable alerts. Defaults to 1","description_kind":"plain","optional":true},"api_links":{"type":["list",["object",{"href":"string","rel":"string"}]],"description":"self links to endpoint to pull test metadata, and data links to endpoint for test data","description_kind":"plain","computed":true},"bgp_measurements":{"type":"number","description":"choose 1 to enable bgp measurements, 0 to disable; defaults to 1","description_kind":"plain","optional":true},"codec":{"type":"string","description":"codec label","description_kind":"plain","computed":true},"codec_id":{"type":"number","description":"codec to use","description_kind":"plain","optional":true},"created_by":{"type":"string","description":"created by user","description_kind":"plain","computed":true},"created_date":{"type":"string","description":"date of creation","description_kind":"plain","computed":true},"description":{"type":"string","description":"defaults to empty string","description_kind":"plain","optional":true},"dscp":{"type":"string","description":"dscp  label","description_kind":"plain","computed":true},"dscp_id":{"type":"number","description":"A Differentiated Services Code Point (DSCP) is a value found in an IP packet header which is used to request a level of priority for delivery (Defined in RFC 2474 https://www.ietf.org/rfc/rfc2474.txt). It is one of the Quality of Service management tools used in router configuration to protect real-time and high priority data applications.","description_kind":"plain","optional":true},"duration":{"type":"number","description":"duration of test, in seconds (5 to 30)","description_kind":"plain","optional":true},"enabled":{"type":"number","description":"0 or 1\tchoose 1 to enable the test, 0 to disable the test","description_kind":"plain","optional":true},"id":{"type":"string","description_kind":"plain","optional":true,"computed":true},"interval":{"type":"number","description":"interval to run test on, in seconds","description_kind":"plain","required":true},"jitter_buffer":{"type":"number","description":"de-jitter buffer size, in seconds (0 to 150)","description_kind":"plain","optional":true},"live_share":{"type":"number","description":"indicates 1 for a test shared with your account group, 0 for a normal test (does not apply to DNS+ tests)","description_kind":"plain","computed":true},"modified_by":{"type":"string","description":"Last modified by user","description_kind":"plain","computed":true},"modified_date":{"type":"string","description":"Last modified by date; shown in UTC","description_kind":"plain","computed":true},"mtu_measurements":{"type":"number","description":"set to 1 to measure MTU sizes on network from agents to the target.","description_kind":"plain","optional":true},"num_path_traces":{"type":"number","description":"number of path traces. default 3.","description_kind":"plain","optional":true},"saved_event":{"type":"number","description":"indicates 1 for a saved event, 0 for a normal test","description_kind":"plain","computed":true},"target_agent_id":{"type":"number","description":"pull from /agents endpoint\tBoth the 'agents': [] and the targetAgentID cannot be cloud agents. Can be Enterprise Agent -\u003e Cloud, Cloud -\u003e Enterprise Agent, or Enterprise Agent -\u003e Enterprise Agent","description_kind":"plain","required":true},"test_id":{"type":"number","description":"Unique ID of test","description_kind":"plain","computed":true},"test_name":{"type":"string","description":"Name of Test","description_kind":"plain","required":true},"type":{"type":"string","description":"Type of test","description_kind":"plain","computed":true},"use_public_bgp":{"type":"number","description":"set to 1 to automatically add all available Public BGP Monitors","description_kind":"plain","optional":true}},"block_types":{"agents":{"nesting_mode":"list","block":{"attributes":{"agent_id":{"type":"number","description_kind":"plain","optional":true},"agent_name":{"type":"string","description_kind":"plain","optional":true},"agent_state":{"type":"string","description_kind":"plain","optional":true},"agent_type":{"type":"string","description_kind":"plain","computed":true},"country_id":{"type":"string","description_kind":"plain","optional":true},"created_date":{"type":"string","description_kind":"plain","optional":true},"enabled":{"type":"number","description_kind":"plain","optional":true},"hostname":{"type":"string","description_kind":"plain","optional":true},"ip_addresses":{"type":["list","string"],"description_kind":"plain","optional":true},"ipv6_policy":{"type":"string","description_kind":"plain","optional":true},"keep_browser_cache":{"type":"number","description_kind":"plain","optional":true},"last_seen":{"type":"string","description_kind":"plain","optional":true},"location":{"type":"string","description_kind":"plain","optional":true},"network":{"type":"string","description_kind":"plain","optional":true},"prefix":{"type":"string","description_kind":"plain","optional":true},"target_for_tests":{"type":"string","description_kind":"plain","optional":true},"utilization":{"type":"number","description_kind":"plain","optional":true},"verify_ssl_certificate":{"type":"number","description_kind":"plain","optional":true}},"block_types":{"cluster_members":{"nesting_mode":"list","block":{"attributes":{"agent_state":{"type":"string","description_kind":"plain","optional":true},"ip_addresses":{"type":["list","string"],"description_kind":"plain","optional":true},"last_seen":{"type":"string","description_kind":"plain","optional":true},"member_id":{"type":"number","description_kind":"plain","optional":true},"name":{"type":"string","description_kind":"plain","optional":true},"network":{"type":"string","description_kind":"plain","optional":true},"prefix":{"type":"string","description_kind":"plain","optional":true},"public_ip_addresses":{"type":["list","string"],"description_kind":"plain","optional":true},"target_for_tests":{"type":"string","description_kind":"plain","optional":true},"utilization":{"type":"number","description_kind":"plain","optional":true}},"description_kind":"plain"}},"error_details":{"nesting_mode":"list","block":{"attributes":{"code":{"type":"string","description_kind":"plain","optional":true},"description":{"type":"string","description_kind":"plain","optional":true}},"description_kind":"plain"}},"groups":{"nesting_mode":"list","block":{"attributes":{"builtin":{"type":"number","description_kind":"plain","optional":true},"group_id":{"type":"number","description_kind":"plain","optional":true},"name":{"type":"string","description_kind":"plain","optional":true},"type":{"type":"string","description_kind":"plain","optional":true}},"description_kind":"plain"}}},"description":"agents to use ","description_kind":"plain"},"min_items":1},"alert_rules":{"nesting_mode":"list","block":{"attributes":{"alert_rule_id":{"type":"number","description":"ID of  alert rule","description_kind":"plain","computed":true},"alert_type":{"type":"string","description":"Acceptable test types, verbose names","description_kind":"plain","optional":true},"default":{"type":"number","description":"to set the rule as a default, set this value to 1.","description_kind":"plain","optional":true},"direction":{"type":"string","description":"[TO_TARGET, FROM_TARGET, BIDIRECTIONAL]\tDirection of the test (affects how results are shown)","description_kind":"plain","optional":true},"expression":{"type":"string","description":"Alert rule evaluation expression","description_kind":"plain","optional":true},"include_covered_prefixes":{"type":"number","description":"set to 1 to include queries for subprefixes detected under this prefix","description_kind":"plain","optional":true},"minimum_sources":{"type":"number","description":"The minimum number of agents or monitors that must meet the specified criteria in order to trigger an alert","description_kind":"plain","optional":true},"minimum_sources_pct":{"type":"number","description":"The minimum percentage of agents or monitors that must meet the specified criteria in order to trigger an alert","description_kind":"plain","optional":true},"notify_on_clear":{"type":"number","description":"set to 1 to trigger the notification when the alert clears.","description_kind":"plain","optional":true},"rounds_violating_mode":{"type":"string","description":"ANY or EXACT.  EXACT requires that the same agent(s) meet the threshold in consecutive rounds; default is ANY","description_kind":"plain","optional":true},"rounds_violating_out_of":{"type":"number","description":"specifies the divisor (Y value) of the “X of Y times” condition in an alert rule.  Minimum value is 1, maximum value is 10.","description_kind":"plain","optional":true},"rounds_violating_required":{"type":"number","description":"specifies the numerator (X value) of the “X of Y times” condition in an alert rule.  Minimum value is 1, maximum value is 10. Must be less than or equal to roundsViolatingOutOf","description_kind":"plain","optional":true},"rule_id":{"type":"number","description":"If alertsEnabled is set to 1 and alertRules is not included in a creation/update query, applicable defaults will be used.","description_kind":"plain","optional":true},"rule_name":{"type":"string","description":"name of the alert rule","description_kind":"plain","optional":true},"test_ids":{"type":["list","number"],"description":"Valid test IDs","description_kind":"plain","optional":true}},"block_types":{"notifications":{"nesting_mode":"set","block":{"block_types":{"email":{"nesting_mode":"set","block":{"attributes":{"message":{"type":"string","description":"Email message","description_kind":"plain","optional":true},"recipient":{"type":["list","string"],"description":"Email address","description_kind":"plain","optional":true}},"description":"Email notification","description_kind":"plain"}}},"description":"List of notifications for the Alert Rule","description_kind":"plain"}}},"description":"get ruleId from /alert-rules endpoint. If alertsEnabled is set to 1 and alertRules is not included in a creation/update query, applicable defaults will be used.","description_kind":"plain"}},"bgp_monitors":{"nesting_mode":"list","block":{"attributes":{"ip_address":{"type":"string","description_kind":"plain","optional":true},"monitor_id":{"type":"number","description":"monitor id","description_kind":"plain","required":true},"monitor_name":{"type":"string","description_kind":"plain","optional":true},"monitor_type":{"type":"string","description_kind":"plain","optional":true},"network":{"type":"string","description_kind":"plain","optional":true}},"description":"array of BGP Monitor objects","description_kind":"plain"}},"groups":{"nesting_mode":"list","block":{"attributes":{"builtin":{"type":"number","description":"1 for built-in labels, and 0 for user-created labels. Note that built-in labels are read-only","description_kind":"plain","computed":true},"group_id":{"type":"number","description":"Unique ID of the label","description_kind":"plain","required":true},"name":{"type":"string","description":"Name of the label","description_kind":"plain","optional":true},"type":{"type":"string","description":"Type of label (tests, agents, endpoint_tests, or endpoint_agents","description_kind":"plain","optional":true}},"block_types":{"agents":{"nesting_mode":"list","block":{"attributes":{"agent_id":{"type":"number","description":"agent id","description_kind":"plain","optional":true}},"description":"agents to use ","description_kind":"plain"}},"tests":{"nesting_mode":"list","block":{"attributes":{"test_id":{"type":"number","description":"test id","description_kind":"plain","optional":true}},"description":"list of tests","description_kind":"plain"}}},"description":"array of label objects","description_kind":"plain"}},"shared_with_accounts":{"nesting_mode":"list","block":{"attributes":{"aid":{"type":"number","description":"Account group ID","description_kind":"plain","required":true},"name":{"type":"string","description":"Name of account","description_kind":"plain","optional":true}},"description":"array of DNS Server objects {“serverName”: “fqdn of server”}","description_kind":"plain"}}},"description_kind":"plain"}},"thousandeyes_voice_call":{"version":0,"block":{"attributes":{"alerts_enabled":{"type":"number","description":"choose 1 to enable alerts, or 0 to disable alerts. Defaults to 1","description_kind":"plain","optional":true},"api_links":{"type":["list",["object",{"href":"string","rel":"string"}]],"description":"self links to endpoint to pull test metadata, and data links to endpoint for test data","description_kind":"plain","computed":true},"bgp_measurements":{"type":"number","description":"choose 1 to enable bgp measurements, 0 to disable; defaults to 1","description_kind":"plain","optional":true},"codec":{"type":"string","description":"codec label","description_kind":"plain","computed":true},"codec_id":{"type":"number","description":"codec to use","description_kind":"plain","optional":true},"created_by":{"type":"string","description":"created by user","description_kind":"plain","computed":true},"created_date":{"type":"string","description":"date of creation","description_kind":"plain","computed":true},"description":{"type":"string","description":"defaults to empty string","description_kind":"plain","optional":true},"dscp":{"type":"string","description":"dscp  label","description_kind":"plain","computed":true},"dscp_id":{"type":"number","description":"A Differentiated Services Code Point (DSCP) is a value found in an IP packet header which is used to request a level of priority for delivery (Defined in RFC 2474 https://www.ietf.org/rfc/rfc2474.txt). It is one of the Quality of Service management tools used in router configuration to protect real-time and high priority data applications.","description_kind":"plain","optional":true},"duration":{"type":"number","description":"duration of test, in seconds (5 to 30)","description_kind":"plain","optional":true},"enabled":{"type":"number","description":"0 or 1\tchoose 1 to enable the test, 0 to disable the test","description_kind":"plain","optional":true},"id":{"type":"string","description_kind":"plain","optional":true,"computed":true},"interval":{"type":"number","description":"interval to run test on, in seconds","description_kind":"plain","required":true},"jitter_buffer":{"type":"number","description":"de-jitter buffer size, in seconds (0 to 150)","description_kind":"plain","optional":true},"live_share":{"type":"number","description":"indicates 1 for a test shared with your account group, 0 for a normal test (does not apply to DNS+ tests)","description_kind":"plain","computed":true},"modified_by":{"type":"string","description":"Last modified by user","description_kind":"plain","computed":true},"modified_date":{"type":"string","description":"Last modified by date; shown in UTC","description_kind":"plain","computed":true},"num_path_traces":{"type":"number","description":"number of path traces. default 3.","description_kind":"plain","optional":true},"saved_event":{"type":"number","description":"indicates 1 for a saved event, 0 for a normal test","description_kind":"plain","computed":true},"sip_target_time":{"type":"number","description":"target time for test completion; specified in milliseconds","description_kind":"plain","optional":true},"sip_time_limit":{"type":"number","description":"defaults to 5 seconds","description_kind":"plain","optional":true},"source_sip_credentials":{"type":["map","string"],"description_kind":"plain","required":true},"target_agent_id":{"type":"number","description":"pull from /agents endpoint\tBoth the 'agents': [] and the targetAgentID cannot be cloud agents. Can be Enterprise Agent -\u003e Cloud, Cloud -\u003e Enterprise Agent, or Enterprise Agent -\u003e Enterprise Agent","description_kind":"plain","required":true},"test_id":{"type":"number","description":"Unique ID of test","description_kind":"plain","computed":true},"test_name":{"type":"string","description":"Name of Test","description_kind":"plain","required":true},"type":{"type":"string","description":"Type of test","description_kind":"plain","computed":true},"use_public_bgp":{"type":"number","description":"set to 1 to automatically add all available Public BGP Monitors","description_kind":"plain","optional":true}},"block_types":{"agents":{"nesting_mode":"list","block":{"attributes":{"agent_id":{"type":"number","description_kind":"plain","optional":true},"agent_name":{"type":"string","description_kind":"plain","optional":true},"agent_state":{"type":"string","description_kind":"plain","optional":true},"agent_type":{"type":"string","description_kind":"plain","computed":true},"country_id":{"type":"string","description_kind":"plain","optional":true},"created_date":{"type":"string","description_kind":"plain","optional":true},"enabled":{"type":"number","description_kind":"plain","optional":true},"hostname":{"type":"string","description_kind":"plain","optional":true},"ip_addresses":{"type":["list","string"],"description_kind":"plain","optional":true},"ipv6_policy":{"type":"string","description_kind":"plain","optional":true},"keep_browser_cache":{"type":"number","description_kind":"plain","optional":true},"last_seen":{"type":"string","description_kind":"plain","optional":true},"location":{"type":"string","description_kind":"plain","optional":true},"network":{"type":"string","description_kind":"plain","optional":true},"prefix":{"type":"string","description_kind":"plain","optional":true},"target_for_tests":{"type":"string","description_kind":"plain","optional":true},"utilization":{"type":"number","description_kind":"plain","optional":true},"verify_ssl_certificate":{"type":"number","description_kind":"plain","optional":true}},"block_types":{"cluster_members":{"nesting_mode":"list","block":{"attributes":{"agent_state":{"type":"string","description_kind":"plain","optional":true},"ip_addresses":{"type":["list","string"],"description_kind":"plain","optional":true},"last_seen":{"type":"string","description_kind":"plain","optional":true},"member_id":{"type":"number","description_kind":"plain","optional":true},"name":{"type":"string","description_kind":"plain","optional":true},"network":{"type":"string","description_kind":"plain","optional":true},"prefix":{"type":"string","description_kind":"plain","optional":true},"public_ip_addresses":{"type":["list","string"],"description_kind":"plain","optional":true},"target_for_tests":{"type":"string","description_kind":"plain","optional":true},"utilization":{"type":"number","description_kind":"plain","optional":true}},"description_kind":"plain"}},"error_details":{"nesting_mode":"list","block":{"attributes":{"code":{"type":"string","description_kind":"plain","optional":true},"description":{"type":"string","description_kind":"plain","optional":true}},"description_kind":"plain"}},"groups":{"nesting_mode":"list","block":{"attributes":{"builtin":{"type":"number","description_kind":"plain","optional":true},"group_id":{"type":"number","description_kind":"plain","optional":true},"name":{"type":"string","description_kind":"plain","optional":true},"type":{"type":"string","description_kind":"plain","optional":true}},"description_kind":"plain"}}},"description":"agents to use ","description_kind":"plain"},"min_items":1},"alert_rules":{"nesting_mode":"list","block":{"attributes":{"alert_rule_id":{"type":"number","description":"ID of  alert rule","description_kind":"plain","computed":true},"alert_type":{"type":"string","description":"Acceptable test types, verbose names","description_kind":"plain","optional":true},"default":{"type":"number","description":"to set the rule as a default, set this value to 1.","description_kind":"plain","optional":true},"direction":{"type":"string","description":"[TO_TARGET, FROM_TARGET, BIDIRECTIONAL]\tDirection of the test (affects how results are shown)","description_kind":"plain","optional":true},"expression":{"type":"string","description":"Alert rule evaluation expression","description_kind":"plain","optional":true},"include_covered_prefixes":{"type":"number","description":"set to 1 to include queries for subprefixes detected under this prefix","description_kind":"plain","optional":true},"minimum_sources":{"type":"number","description":"The minimum number of agents or monitors that must meet the specified criteria in order to trigger an alert","description_kind":"plain","optional":true},"minimum_sources_pct":{"type":"number","description":"The minimum percentage of agents or monitors that must meet the specified criteria in order to trigger an alert","description_kind":"plain","optional":true},"notify_on_clear":{"type":"number","description":"set to 1 to trigger the notification when the alert clears.","description_kind":"plain","optional":true},"rounds_violating_mode":{"type":"string","description":"ANY or EXACT.  EXACT requires that the same agent(s) meet the threshold in consecutive rounds; default is ANY","description_kind":"plain","optional":true},"rounds_violating_out_of":{"type":"number","description":"specifies the divisor (Y value) of the “X of Y times” condition in an alert rule.  Minimum value is 1, maximum value is 10.","description_kind":"plain","optional":true},"rounds_violating_required":{"type":"number","description":"specifies the numerator (X value) of the “X of Y times” condition in an alert rule.  Minimum value is 1, maximum value is 10. Must be less than or equal to roundsViolatingOutOf","description_kind":"plain","optional":true},"rule_id":{"type":"number","description":"If alertsEnabled is set to 1 and alertRules is not included in a creation/update query, applicable defaults will be used.","description_kind":"plain","optional":true},"rule_name":{"type":"string","description":"name of the alert rule","description_kind":"plain","optional":true},"test_ids":{"type":["list","number"],"description":"Valid test IDs","description_kind":"plain","optional":true}},"block_types":{"notifications":{"nesting_mode":"set","block":{"block_types":{"email":{"nesting_mode":"set","block":{"attributes":{"message":{"type":"string","description":"Email message","description_kind":"plain","optional":true},"recipient":{"type":["list","string"],"description":"Email address","description_kind":"plain","optional":true}},"description":"Email notification","description_kind":"plain"}}},"description":"List of notifications for the Alert Rule","description_kind":"plain"}}},"description":"get ruleId from /alert-rules endpoint. If alertsEnabled is set to 1 and alertRules is not included in a creation/update query, applicable defaults will be used.","description_kind":"plain"}},"groups":{"nesting_mode":"list","block":{"attributes":{"builtin":{"type":"number","description":"1 for built-in labels, and 0 for user-created labels. Note that built-in labels are read-only","description_kind":"plain","computed":true},"group_id":{"type":"number","description":"Unique ID of the label","description_kind":"plain","required":true},"name":{"type":"string","description":"Name of the label","description_kind":"plain","optional":true},"type":{"type":"string","description":"Type of label (tests, agents, endpoint_tests, or endpoint_agents","description_kind":"plain","optional":true}},"block_types":{"agents":{"nesting_mode":"list","block":{"attributes":{"agent_id":{"type":"number","description":"agent id","description_kind":"plain","optional":true}},"description":"agents to use ","description_kind":"plain"}},"tests":{"nesting_mode":"list","block":{"attributes":{"test_id":{"type":"number","description":"test id","description_kind":"plain","optional":true}},"description":"list of tests","description_kind":"plain"}}},"description":"array of label objects","description_kind":"plain"}},"shared_with_accounts":{"nesting_mode":"list","block":{"attributes":{"aid":{"type":"number","description":"Account group ID","description_kind":"plain","required":true},"name":{"type":"string","description":"Name of account","description_kind":"plain","optional":true}},"description":"array of DNS Server objects {“serverName”: “fqdn of server”}","description_kind":"plain"}},"target_sip_credentials":{"nesting_mode":"list","block":{"attributes":{"auth_user":{"type":"string","description":"username for authentication with SIP server","description_kind":"plain","required":true},"password":{"type":"string","description":"password to be used to authenticate with the destination server","description_kind":"plain","optional":true},"port":{"type":"number","description":"target port","description_kind":"plain","optional":true},"protocol":{"type":"string","description":"transport layer for SIP communication: TCP, TLS (TLS over TCP), or UDP. Defaults to TCP","description_kind":"plain","required":true},"sip_proxy":{"type":"string","description":"SIP proxy that is distinct from the SIP server, specified as a domain name or IP address","description_kind":"plain","optional":true},"sip_registrar":{"type":"string","description":"SIP server to be tested, specified by domain name or IP address","description_kind":"plain","required":true},"user":{"type":"string","description":"username for SIP registration; should be unique within a ThousandEyes Account Group","description_kind":"plain","optional":true}},"description_kind":"plain"},"min_items":1,"max_items":1}},"description_kind":"plain"}},"thousandeyes_web_transaction":{"version":0,"block":{"attributes":{"alerts_enabled":{"type":"number","description":"choose 1 to enable alerts, or 0 to disable alerts. Defaults to 1","description_kind":"plain","optional":true},"api_links":{"type":["list",["object",{"href":"string","rel":"string"}]],"description":"self links to endpoint to pull test metadata, and data links to endpoint for test data","description_kind":"plain","computed":true},"auth_type":{"type":"string","description":"auth type","description_kind":"plain","optional":true},"bandwidth_measurements":{"type":"number","description":"set to 1 to measure bandwidth; defaults to 0. Only applies to Enterprise Agents assigned to the test, and requires that networkMeasurements is set.","description_kind":"plain","optional":true},"content_regex":{"type":"string","description":"regular Expressions\tVerify content using a regular expression. This field does not require escaping","description_kind":"plain","optional":true},"created_by":{"type":"string","description":"created by user","description_kind":"plain","computed":true},"created_date":{"type":"string","description":"date of creation","description_kind":"plain","computed":true},"credentials":{"type":["list","number"],"description":"Array of credentialID integers.  Get credentialId from /credentials endpoint.","description_kind":"plain","optional":true},"custom_headers":{"type":["map","string"],"description_kind":"plain","optional":true},"description":{"type":"string","description":"defaults to empty string","description_kind":"plain","optional":true},"desired_status_code":{"type":"string","description":"A valid HTTP response code\tSet to the value you’re interested in retrieving","description_kind":"plain","optional":true},"enabled":{"type":"number","description":"0 or 1\tchoose 1 to enable the test, 0 to disable the test","description_kind":"plain","optional":true},"http_target_time":{"type":"number","description":"target time for HTTP server completion; specified in milliseconds","description_kind":"plain","optional":true},"http_time_limit":{"type":"number","description":"target time for HTTP server limits; specified in seconds","description_kind":"plain","optional":true},"http_version":{"type":"number","description":"2 for default (prefer HTTP/2), 1 for HTTP/1.1 only","description_kind":"plain","optional":true},"id":{"type":"string","description_kind":"plain","optional":true,"computed":true},"include_headers":{"type":"number","description":"set to 1 to capture response headers for objects loaded by the test.Default is 1.","description_kind":"plain","optional":true},"interval":{"type":"number","description":"interval to run test on, in seconds","description_kind":"plain","required":true},"live_share":{"type":"number","description":"indicates 1 for a test shared with your account group, 0 for a normal test (does not apply to DNS+ tests)","description_kind":"plain","computed":true},"modified_by":{"type":"string","description":"Last modified by user","description_kind":"plain","computed":true},"modified_date":{"type":"string","description":"Last modified by date; shown in UTC","description_kind":"plain","computed":true},"mtu_measurements":{"type":"number","description":"set to 1 to measure MTU sizes on network from agents to the target.","description_kind":"plain","optional":true},"network_measurements":{"type":"number","description":"integer\t0 or 1\tchoose 1 to enable network measurements, 0 to disable; defaults to 1","description_kind":"plain","optional":true},"num_path_traces":{"type":"number","description":"number of path traces. default 3.","description_kind":"plain","optional":true},"password":{"type":"string","description":"password to be used to authenticate with the destination server","description_kind":"plain","optional":true},"path_trace_mode":{"type":"string","description":"choose inSession to perform the path trace within a TCP session; defaults to classic","description_kind":"plain","optional":true},"probe_mode":{"type":"string","description":"probe mode used by End-to-end Network Test; only valid if protocol is set to TCP; defaults to AUTO","description_kind":"plain","optional":true},"protocol":{"type":"string","description":"protocol used by dependent Network tests (End-to-end, Path Trace, PMTUD); defaults to TCP","description_kind":"plain","optional":true},"saved_event":{"type":"number","description":"indicates 1 for a saved event, 0 for a normal test","description_kind":"plain","computed":true},"ssl_version_id":{"type":"number","description":"0 for auto, 3 for SSLv3, 4 for TLS v1.0, 5 for TLS v1.1, 6 for TLS v1.2","description_kind":"plain","optional":true},"subinterval":{"type":"number","description":"subinterval for round-robin testing (in seconds), must be less than or equal to interval","description_kind":"plain","optional":true},"target_time":{"type":"number","description":"target time for completion, defaults to 50% of time limit; specified in seconds","description_kind":"plain","optional":true},"test_id":{"type":"number","description":"Unique ID of test","description_kind":"plain","computed":true},"test_name":{"type":"string","description":"Name of Test","description_kind":"plain","required":true},"time_limit":{"type":"number","description":"time limit for transaction; defaults to 30s","description_kind":"plain","optional":true},"transaction_script":{"type":"string","description":"selenium transaction script","description_kind":"plain","required":true},"type":{"type":"string","description":"Type of test","description_kind":"plain","computed":true},"url":{"type":"string","description":"target for the test","description_kind":"plain","required":true},"use_ntlm":{"type":"number","description":"choose 0 to use Basic Authentication, or omit field.Requires username/password to be set","description_kind":"plain","optional":true},"user_agent":{"type":"string","description":"user-agent string to be provided during the test","description_kind":"plain","optional":true},"username":{"type":"string","description":"username to be used to authenticate with the destination server","description_kind":"plain","optional":true},"verify_certificate":{"type":"number","description":"set to 0 to ignore certificate errors (defaults to 1)","description_kind":"plain","optional":true}},"block_types":{"agents":{"nesting_mode":"list","block":{"attributes":{"agent_id":{"type":"number","description_kind":"plain","optional":true},"agent_name":{"type":"string","description_kind":"plain","optional":true},"agent_state":{"type":"string","description_kind":"plain","optional":true},"agent_type":{"type":"string","description_kind":"plain","computed":true},"country_id":{"type":"string","description_kind":"plain","optional":true},"created_date":{"type":"string","description_kind":"plain","optional":true},"enabled":{"type":"number","description_kind":"plain","optional":true},"hostname":{"type":"string","description_kind":"plain","optional":true},"ip_addresses":{"type":["list","string"],"description_kind":"plain","optional":true},"ipv6_policy":{"type":"string","description_kind":"plain","optional":true},"keep_browser_cache":{"type":"number","description_kind":"plain","optional":true},"last_seen":{"type":"string","description_kind":"plain","optional":true},"location":{"type":"string","description_kind":"plain","optional":true},"network":{"type":"string","description_kind":"plain","optional":true},"prefix":{"type":"string","description_kind":"plain","optional":true},"target_for_tests":{"type":"string","description_kind":"plain","optional":true},"utilization":{"type":"number","description_kind":"plain","optional":true},"verify_ssl_certificate":{"type":"number","description_kind":"plain","optional":true}},"block_types":{"cluster_members":{"nesting_mode":"list","block":{"attributes":{"agent_state":{"type":"string","description_kind":"plain","optional":true},"ip_addresses":{"type":["list","string"],"description_kind":"plain","optional":true},"last_seen":{"type":"string","description_kind":"plain","optional":true},"member_id":{"type":"number","description_kind":"plain","optional":true},"name":{"type":"string","description_kind":"plain","optional":true},"network":{"type":"string","description_kind":"plain","optional":true},"prefix":{"type":"string","description_kind":"plain","optional":true},"public_ip_addresses":{"type":["list","string"],"description_kind":"plain","optional":true},"target_for_tests":{"type":"string","description_kind":"plain","optional":true},"utilization":{"type":"number","description_kind":"plain","optional":true}},"description_kind":"plain"}},"error_details":{"nesting_mode":"list","block":{"attributes":{"code":{"type":"string","description_kind":"plain","optional":true},"description":{"type":"string","description_kind":"plain","optional":true}},"description_kind":"plain"}},"groups":{"nesting_mode":"list","block":{"attributes":{"builtin":{"type":"number","description_kind":"plain","optional":true},"group_id":{"type":"number","description_kind":"plain","optional":true},"name":{"type":"string","description_kind":"plain","optional":true},"type":{"type":"string","description_kind":"plain","optional":true}},"description_kind":"plain"}}},"description":"agents to use ","description_kind":"plain"},"min_items":1},"alert_rules":{"nesting_mode":"list","block":{"attributes":{"alert_rule_id":{"type":"number","description":"ID of  alert rule","description_kind":"plain","computed":true},"alert_type":{"type":"string","description":"Acceptable test types, verbose names","description_kind":"plain","optional":true},"default":{"type":"number","description":"to set the rule as a default, set this value to 1.","description_kind":"plain","optional":true},"direction":{"type":"string","description":"[TO_TARGET, FROM_TARGET, BIDIRECTIONAL]\tDirection of the test (affects how results are shown)","description_kind":"plain","optional":true},"expression":{"type":"string","description":"Alert rule evaluation expression","description_kind":"plain","optional":true},"include_covered_prefixes":{"type":"number","description":"set to 1 to include queries for subprefixes detected under this prefix","description_kind":"plain","optional":true},"minimum_sources":{"type":"number","description":"The minimum number of agents or monitors that must meet the specified criteria in order to trigger an alert","description_kind":"plain","optional":true},"minimum_sources_pct":{"type":"number","description":"The minimum percentage of agents or monitors that must meet the specified criteria in order to trigger an alert","description_kind":"plain","optional":true},"notify_on_clear":{"type":"number","description":"set to 1 to trigger the notification when the alert clears.","description_kind":"plain","optional":true},"rounds_violating_mode":{"type":"string","description":"ANY or EXACT.  EXACT requires that the same agent(s) meet the threshold in consecutive rounds; default is ANY","description_kind":"plain","optional":true},"rounds_violating_out_of":{"type":"number","description":"specifies the divisor (Y value) of the “X of Y times” condition in an alert rule.  Minimum value is 1, maximum value is 10.","description_kind":"plain","optional":true},"rounds_violating_required":{"type":"number","description":"specifies the numerator (X value) of the “X of Y times” condition in an alert rule.  Minimum value is 1, maximum value is 10. Must be less than or equal to roundsViolatingOutOf","description_kind":"plain","optional":true},"rule_id":{"type":"number","description":"If alertsEnabled is set to 1 and alertRules is not included in a creation/update query, applicable defaults will be used.","description_kind":"plain","optional":true},"rule_name":{"type":"string","description":"name of the alert rule","description_kind":"plain","optional":true},"test_ids":{"type":["list","number"],"description":"Valid test IDs","description_kind":"plain","optional":true}},"block_types":{"notifications":{"nesting_mode":"set","block":{"block_types":{"email":{"nesting_mode":"set","block":{"attributes":{"message":{"type":"string","description":"Email message","description_kind":"plain","optional":true},"recipient":{"type":["list","string"],"description":"Email address","description_kind":"plain","optional":true}},"description":"Email notification","description_kind":"plain"}}},"description":"List of notifications for the Alert Rule","description_kind":"plain"}}},"description":"get ruleId from /alert-rules endpoint. If alertsEnabled is set to 1 and alertRules is not included in a creation/update query, applicable defaults will be used.","description_kind":"plain"}},"groups":{"nesting_mode":"list","block":{"attributes":{"builtin":{"type":"number","description":"1 for built-in labels, and 0 for user-created labels. Note that built-in labels are read-only","description_kind":"plain","computed":true},"group_id":{"type":"number","description":"Unique ID of the label","description_kind":"plain","required":true},"name":{"type":"string","description":"Name of the label","description_kind":"plain","optional":true},"type":{"type":"string","description":"Type of label (tests, agents, endpoint_tests, or endpoint_agents","description_kind":"plain","optional":true}},"block_types":{"agents":{"nesting_mode":"list","block":{"attributes":{"agent_id":{"type":"number","description":"agent id","description_kind":"plain","optional":true}},"description":"agents to use ","description_kind":"plain"}},"tests":{"nesting_mode":"list","block":{"attributes":{"test_id":{"type":"number","description":"test id","description_kind":"plain","optional":true}},"description":"list of tests","description_kind":"plain"}}},"description":"array of label objects","description_kind":"plain"}},"shared_with_accounts":{"nesting_mode":"list","block":{"attributes":{"aid":{"type":"number","description":"Account group ID","description_kind":"plain","required":true},"name":{"type":"string","description":"Name of account","description_kind":"plain","optional":true}},"description":"array of DNS Server objects {“serverName”: “fqdn of server”}","description_kind":"plain"}}},"description_kind":"plain"}}},"data_source_schemas":{"thousandeyes_account_group":{"version":0,"block":{"attributes":{"aid":{"type":"number","description_kind":"plain","computed":true},"id":{"type":"string","description_kind":"plain","optional":true,"computed":true},"name":{"type":"string","description_kind":"plain","required":true}},"description_kind":"plain"}},"thousandeyes_agent":{"version":0,"block":{"attributes":{"agent_id":{"type":"number","description_kind":"plain","computed":true},"agent_name":{"type":"string","description_kind":"plain","required":true},"agent_type":{"type":"string","description_kind":"plain","computed":true},"id":{"type":"string","description_kind":"plain","optional":true,"computed":true}},"description_kind":"plain"}},"thousandeyes_bgp_monitor":{"version":0,"block":{"attributes":{"id":{"type":"string","description_kind":"plain","optional":true,"computed":true},"ip_address":{"type":"string","description":"IP address of the BGP monitor","description_kind":"plain","computed":true},"monitor_id":{"type":"number","description":"unique ID of BGP monitor","description_kind":"plain","optional":true},"monitor_name":{"type":"string","description":"display name of the BGP monitor","description_kind":"plain","optional":true},"monitor_type":{"type":"string","description":"either Public or Private, shows the type of monitor","description_kind":"plain","computed":true},"network":{"type":"string","description":"name of the autonomous system in which the monitor is found","description_kind":"plain","computed":true}},"description_kind":"plain"}},"thousandeyes_integration":{"version":0,"block":{"attributes":{"auth_method":{"type":"string","description":"(PagerDuty only) always set to `Auth Token`","description_kind":"plain","computed":true},"auth_token":{"type":"string","description":"(PagerDuty only) authentication token","description_kind":"plain","computed":true},"auth_user":{"type":"string","description":"(PagerDuty only) PagerDuty user`","description_kind":"plain","computed":true},"channel":{"type":"string","description":"(Slack only) Slack #channel or @user","description_kind":"plain","computed":true},"id":{"type":"string","description_kind":"plain","optional":true,"computed":true},"integration_id":{"type":"string","description":"unique ID of the integration","description_kind":"plain","computed":true},"integration_name":{"type":"string","description":"name of the integration","description_kind":"plain","required":true},"integration_type":{"type":"string","description":"Type of integration","description_kind":"plain","computed":true},"target":{"type":"string","description":"target URL of the integration","description_kind":"plain","computed":true}},"description_kind":"plain"}}}}}}
