{"format_version":"0.2","provider_schemas":{"registry.terraform.io/winebarrel/mysql":{"provider":{"version":0,"block":{"attributes":{"authentication_plugin":{"type":"string","description_kind":"plain","optional":true},"connect_retry_timeout_sec":{"type":"number","description_kind":"plain","optional":true},"endpoint":{"type":"string","description_kind":"plain","required":true},"max_conn_lifetime_sec":{"type":"number","description_kind":"plain","optional":true},"max_open_conns":{"type":"number","description_kind":"plain","optional":true},"password":{"type":"string","description_kind":"plain","optional":true},"proxy":{"type":"string","description_kind":"plain","optional":true},"tls":{"type":"string","description_kind":"plain","optional":true},"username":{"type":"string","description_kind":"plain","required":true}},"description_kind":"plain"}},"resource_schemas":{"mysql_database":{"version":0,"block":{"attributes":{"default_character_set":{"type":"string","description_kind":"plain","optional":true},"default_collation":{"type":"string","description_kind":"plain","optional":true},"id":{"type":"string","description_kind":"plain","optional":true,"computed":true},"name":{"type":"string","description_kind":"plain","required":true}},"description_kind":"plain"}},"mysql_grant":{"version":0,"block":{"attributes":{"database":{"type":"string","description_kind":"plain","required":true},"grant":{"type":"bool","description_kind":"plain","optional":true},"host":{"type":"string","description_kind":"plain","optional":true},"id":{"type":"string","description_kind":"plain","optional":true,"computed":true},"privileges":{"type":["set","string"],"description_kind":"plain","optional":true},"role":{"type":"string","description_kind":"plain","optional":true},"roles":{"type":["set","string"],"description_kind":"plain","optional":true},"table":{"type":"string","description_kind":"plain","optional":true},"tls_option":{"type":"string","description_kind":"plain","optional":true},"user":{"type":"string","description_kind":"plain","optional":true}},"description_kind":"plain"}},"mysql_role":{"version":0,"block":{"attributes":{"id":{"type":"string","description_kind":"plain","optional":true,"computed":true},"name":{"type":"string","description_kind":"plain","required":true}},"description_kind":"plain"}},"mysql_sql":{"version":0,"block":{"attributes":{"create_sql":{"type":"string","description_kind":"plain","required":true},"delete_sql":{"type":"string","description_kind":"plain","required":true},"id":{"type":"string","description_kind":"plain","optional":true,"computed":true},"name":{"type":"string","description_kind":"plain","required":true}},"description_kind":"plain"}},"mysql_user":{"version":0,"block":{"attributes":{"auth_plugin":{"type":"string","description_kind":"plain","optional":true},"host":{"type":"string","description_kind":"plain","optional":true},"id":{"type":"string","description_kind":"plain","optional":true,"computed":true},"password":{"type":"string","description_kind":"plain","optional":true,"sensitive":true},"plaintext_password":{"type":"string","description_kind":"plain","optional":true,"sensitive":true},"tls_option":{"type":"string","description_kind":"plain","optional":true},"user":{"type":"string","description_kind":"plain","required":true}},"description_kind":"plain"}},"mysql_user_password":{"version":0,"block":{"attributes":{"encrypted_password":{"type":"string","description_kind":"plain","computed":true},"host":{"type":"string","description_kind":"plain","optional":true},"id":{"type":"string","description_kind":"plain","optional":true,"computed":true},"key_fingerprint":{"type":"string","description_kind":"plain","computed":true},"pgp_key":{"type":"string","description_kind":"plain","required":true},"user":{"type":"string","description_kind":"plain","required":true}},"description_kind":"plain"}}},"data_source_schemas":{"mysql_tables":{"version":0,"block":{"attributes":{"database":{"type":"string","description_kind":"plain","required":true},"id":{"type":"string","description_kind":"plain","optional":true,"computed":true},"pattern":{"type":"string","description_kind":"plain","optional":true},"tables":{"type":["list","string"],"description_kind":"plain","computed":true}},"description_kind":"plain"}}}}}}
