{"format_version":"0.2","provider_schemas":{"registry.terraform.io/wndtnl/bamboo":{"provider":{"version":0,"block":{"attributes":{"address":{"type":"string","description_kind":"plain","optional":true},"password":{"type":"string","description_kind":"plain","optional":true,"sensitive":true},"username":{"type":"string","description_kind":"plain","optional":true}},"description_kind":"plain"}},"resource_schemas":{"bamboo_deployment_project":{"version":0,"block":{"attributes":{"description":{"type":"string","description_kind":"plain","optional":true},"id":{"type":"string","description_kind":"plain","computed":true},"name":{"type":"string","description_kind":"plain","required":true},"plan_key":{"type":"string","description_kind":"plain","required":true}},"description_kind":"plain"}},"bamboo_global_permission":{"version":0,"block":{"attributes":{"id":{"type":"string","description_kind":"plain","optional":true,"computed":true},"name":{"type":"string","description_kind":"plain","required":true},"permissions":{"type":["set","string"],"description_kind":"plain","required":true},"type":{"type":"string","description_kind":"plain","required":true}},"description_kind":"plain"}},"bamboo_global_variable":{"version":0,"block":{"attributes":{"id":{"type":"string","description_kind":"plain","computed":true},"key":{"type":"string","description_kind":"plain","required":true},"value":{"type":"string","description_kind":"plain","required":true}},"description_kind":"plain"}},"bamboo_group":{"version":0,"block":{"attributes":{"id":{"type":"string","description_kind":"plain","optional":true,"computed":true},"members":{"type":["set","string"],"description_kind":"plain","optional":true},"name":{"type":"string","description_kind":"plain","required":true}},"description_kind":"plain"}},"bamboo_linked_repository":{"version":0,"block":{"attributes":{"auth_type":{"type":"string","description_kind":"plain","required":true},"branch":{"type":"string","description_kind":"plain","optional":true},"change_set_regex":{"type":"string","description_kind":"plain","optional":true},"command_timeout":{"type":"number","description_kind":"plain","optional":true},"fetch_whole_repository":{"type":"bool","description_kind":"plain","optional":true},"filter_pattern":{"type":"string","description_kind":"plain","optional":true},"filter_pattern_regex":{"type":"string","description_kind":"plain","optional":true},"id":{"type":"string","description_kind":"plain","computed":true},"lfs":{"type":"bool","description_kind":"plain","optional":true},"name":{"type":"string","description_kind":"plain","required":true},"password":{"type":"string","description_kind":"plain","optional":true,"sensitive":true},"quiet_period_max_retries":{"type":"number","description_kind":"plain","optional":true},"quiet_period_wait_time":{"type":"number","description_kind":"plain","optional":true},"quit_period":{"type":"bool","description_kind":"plain","optional":true},"remote_agent_cache":{"type":"bool","description_kind":"plain","optional":true},"repository_url":{"type":"string","description_kind":"plain","required":true},"shallow_clones":{"type":"bool","description_kind":"plain","optional":true},"shared_credential_id":{"type":"string","description_kind":"plain","optional":true},"ssh_key":{"type":"string","description_kind":"plain","optional":true},"ssh_passphrase":{"type":"string","description_kind":"plain","optional":true,"sensitive":true},"submodules":{"type":"bool","description_kind":"plain","optional":true},"type":{"type":"string","description_kind":"plain","required":true},"username":{"type":"string","description_kind":"plain","optional":true},"verbose_logs":{"type":"bool","description_kind":"plain","optional":true}},"description_kind":"plain"}},"bamboo_linked_repository_permission":{"version":0,"block":{"attributes":{"id":{"type":"string","description_kind":"plain","optional":true,"computed":true},"name":{"type":"string","description_kind":"plain","required":true},"permissions":{"type":["set","string"],"description_kind":"plain","required":true},"repository_id":{"type":"string","description_kind":"plain","required":true},"type":{"type":"string","description_kind":"plain","required":true}},"description_kind":"plain"}},"bamboo_local_agent":{"version":0,"block":{"attributes":{"description":{"type":"string","description_kind":"plain","optional":true},"enabled":{"type":"bool","description_kind":"plain","optional":true},"id":{"type":"string","description_kind":"plain","computed":true},"name":{"type":"string","description_kind":"plain","required":true}},"description_kind":"plain"}},"bamboo_project":{"version":0,"block":{"attributes":{"description":{"type":"string","description_kind":"plain","optional":true},"id":{"type":"string","description_kind":"plain","computed":true},"key":{"type":"string","description_kind":"plain","required":true},"name":{"type":"string","description_kind":"plain","required":true}},"description_kind":"plain"}},"bamboo_shared_credential":{"version":0,"block":{"attributes":{"access_key":{"type":"string","description_kind":"plain","optional":true},"id":{"type":"string","description_kind":"plain","computed":true},"name":{"type":"string","description_kind":"plain","required":true},"password":{"type":"string","description_kind":"plain","optional":true,"sensitive":true},"secret_key":{"type":"string","description_kind":"plain","optional":true,"sensitive":true},"ssh_key":{"type":"string","description_kind":"plain","optional":true},"ssh_passphrase":{"type":"string","description_kind":"plain","optional":true,"sensitive":true},"type":{"type":"string","description_kind":"plain","required":true},"username":{"type":"string","description_kind":"plain","optional":true}},"description_kind":"plain"}},"bamboo_user":{"version":0,"block":{"attributes":{"active":{"type":"bool","description_kind":"plain","optional":true},"email":{"type":"string","description_kind":"plain","required":true},"full_name":{"type":"string","description_kind":"plain","required":true},"id":{"type":"string","description_kind":"plain","optional":true,"computed":true},"jabber_address":{"type":"string","description_kind":"plain","optional":true},"password":{"type":"string","description_kind":"plain","optional":true,"sensitive":true},"username":{"type":"string","description_kind":"plain","required":true}},"description_kind":"plain"}}}}}}
