{"format_version":"0.2","provider_schemas":{"registry.terraform.io/wonko/jose":{"provider":{"version":0,"block":{"description_kind":"plain"}},"resource_schemas":{"jose_jwt":{"version":0,"block":{"attributes":{"alg":{"type":"string","description":"Algorithm used for signing","description_kind":"plain","optional":true},"id":{"type":"string","description":"Token ID.","description_kind":"plain","computed":true},"jwt":{"type":"string","description":"The generated JWT","description_kind":"plain","computed":true},"private_key":{"type":"string","description":"Private key used for signing","description_kind":"plain","required":true}},"block_types":{"claims":{"nesting_mode":"list","block":{"attributes":{"audience":{"type":["set","string"],"description_kind":"plain","optional":true},"claim_id":{"type":"string","description_kind":"plain","optional":true},"expiry":{"type":"string","description_kind":"plain","optional":true},"issued_at":{"type":"string","description_kind":"plain","optional":true},"issuer":{"type":"string","description_kind":"plain","optional":true},"not_before":{"type":"string","description_kind":"plain","optional":true},"private_claims":{"type":["map","string"],"description":"Map of claims to include in the token","description_kind":"plain","optional":true},"subject":{"type":"string","description_kind":"plain","optional":true}},"description_kind":"plain"}}},"description":"The resource `jose_jwt` generates a JWT token","description_kind":"plain"}},"jose_keypair":{"version":0,"block":{"attributes":{"alg":{"type":"string","description":"The algorithm to use. Should be one of 'EdDSA', 'ES256', 'ES384', 'ES512', 'RS256' (default), 'RS384', 'RS512', 'PS256', 'PS384', 'PS512'  for verification or one of 'RSA1_5', 'RSA-OAEP', 'RSA-OAEP-256', 'ECDH-ES', 'ECDH-ES+A128KW', 'ECDH-ES+A192KW', 'ECDH-ES+A256KW' for encryption.","description_kind":"plain","optional":true},"id":{"type":"string","description":"Generated key id (kid).","description_kind":"plain","computed":true},"private_key":{"type":"string","description":"Generated private key","description_kind":"plain","computed":true},"private_key_pem":{"type":"string","description":"Generated private key","description_kind":"plain","computed":true},"public_key":{"type":"string","description":"Generated public key","description_kind":"plain","computed":true},"public_key_pem":{"type":"string","description":"Generated private key","description_kind":"plain","computed":true},"size":{"type":"number","description":"Key size in bits (e.g. 2048 if generating an RSA key). Default is 4096","description_kind":"plain","optional":true},"use":{"type":"string","description":"Desired public key usage (use header), one of [enc sig]. Defaults to 'sig'","description_kind":"plain","optional":true}},"description":"The resource `jose_keypair` generates a keypair to be used for signing or encryption","description_kind":"plain"}}},"data_source_schemas":{"jose_expand":{"version":0,"block":{"attributes":{"format":{"type":"string","description":"The format, either JWS or JWE","description_kind":"plain","optional":true},"id":{"type":"number","description":"The data sources ID","description_kind":"plain","computed":true},"payload":{"type":"string","description":"The payload to expand","description_kind":"plain","required":true},"result":{"type":"string","description":"The expanded payload","description_kind":"plain","computed":true}},"description_kind":"plain"}}}}}}
