{"format_version":"0.2","provider_schemas":{"registry.terraform.io/xilution/xilution":{"provider":{"version":0,"block":{"attributes":{"client_id":{"type":"string","description_kind":"plain","optional":true},"client_secret":{"type":"string","description_kind":"plain","optional":true,"sensitive":true},"grant_type":{"type":"string","description_kind":"plain","optional":true},"organization_id":{"type":"string","description_kind":"plain","optional":true},"password":{"type":"string","description_kind":"plain","optional":true,"sensitive":true},"scope":{"type":"string","description_kind":"plain","optional":true},"username":{"type":"string","description_kind":"plain","optional":true}},"description_kind":"plain"}},"resource_schemas":{"xilution_api_pipeline":{"version":0,"block":{"attributes":{"branch":{"type":"string","description_kind":"plain","required":true},"created_at":{"type":"string","description_kind":"plain","computed":true},"git_repo_id":{"type":"string","description_kind":"plain","required":true},"id":{"type":"string","description_kind":"plain","computed":true},"modified_at":{"type":"string","description_kind":"plain","computed":true},"name":{"type":"string","description_kind":"plain","required":true},"organization_id":{"type":"string","description_kind":"plain","required":true},"owning_user_id":{"type":"string","description_kind":"plain","required":true},"pipeline_type":{"type":"string","description_kind":"plain","required":true},"vpc_pipeline_id":{"type":"string","description_kind":"plain","required":true}},"block_types":{"stages":{"nesting_mode":"list","block":{"attributes":{"name":{"type":"string","description_kind":"plain","required":true}},"description_kind":"plain"},"min_items":1}},"description_kind":"plain"}},"xilution_api_pipeline_event":{"version":0,"block":{"attributes":{"created_at":{"type":"string","description_kind":"plain","computed":true},"event_type":{"type":"string","description_kind":"plain","required":true},"id":{"type":"string","description_kind":"plain","computed":true},"modified_at":{"type":"string","description_kind":"plain","computed":true},"organization_id":{"type":"string","description_kind":"plain","required":true},"owning_user_id":{"type":"string","description_kind":"plain","required":true},"pipeline_id":{"type":"string","description_kind":"plain","required":true}},"description_kind":"plain"}},"xilution_cloud_provider":{"version":0,"block":{"attributes":{"account_id":{"type":"string","description_kind":"plain","required":true},"cloud_provider":{"type":"string","description_kind":"plain","required":true},"created_at":{"type":"string","description_kind":"plain","computed":true},"id":{"type":"string","description_kind":"plain","computed":true},"modified_at":{"type":"string","description_kind":"plain","computed":true},"name":{"type":"string","description_kind":"plain","required":true},"organization_id":{"type":"string","description_kind":"plain","required":true},"owning_user_id":{"type":"string","description_kind":"plain","required":true},"region":{"type":"string","description_kind":"plain","required":true}},"description_kind":"plain"}},"xilution_git_account":{"version":0,"block":{"attributes":{"created_at":{"type":"string","description_kind":"plain","computed":true},"git_provider":{"type":"string","description_kind":"plain","required":true},"id":{"type":"string","description_kind":"plain","computed":true},"modified_at":{"type":"string","description_kind":"plain","computed":true},"name":{"type":"string","description_kind":"plain","required":true},"organization_id":{"type":"string","description_kind":"plain","required":true},"owning_user_id":{"type":"string","description_kind":"plain","required":true}},"description_kind":"plain"}},"xilution_git_repo":{"version":0,"block":{"attributes":{"created_at":{"type":"string","description_kind":"plain","computed":true},"git_account_id":{"type":"string","description_kind":"plain","required":true},"id":{"type":"string","description_kind":"plain","computed":true},"modified_at":{"type":"string","description_kind":"plain","computed":true},"name":{"type":"string","description_kind":"plain","required":true},"organization_id":{"type":"string","description_kind":"plain","required":true},"owning_user_id":{"type":"string","description_kind":"plain","required":true}},"description_kind":"plain"}},"xilution_git_repo_event":{"version":0,"block":{"attributes":{"created_at":{"type":"string","description_kind":"plain","computed":true},"event_type":{"type":"string","description_kind":"plain","required":true},"git_account_id":{"type":"string","description_kind":"plain","required":true},"git_repo_id":{"type":"string","description_kind":"plain","required":true},"id":{"type":"string","description_kind":"plain","computed":true},"modified_at":{"type":"string","description_kind":"plain","computed":true},"organization_id":{"type":"string","description_kind":"plain","required":true},"owning_user_id":{"type":"string","description_kind":"plain","required":true},"parameters":{"type":"string","description_kind":"plain","required":true}},"description_kind":"plain"}},"xilution_k8s_pipeline":{"version":0,"block":{"attributes":{"created_at":{"type":"string","description_kind":"plain","computed":true},"id":{"type":"string","description_kind":"plain","computed":true},"modified_at":{"type":"string","description_kind":"plain","computed":true},"name":{"type":"string","description_kind":"plain","required":true},"organization_id":{"type":"string","description_kind":"plain","required":true},"owning_user_id":{"type":"string","description_kind":"plain","required":true},"pipeline_type":{"type":"string","description_kind":"plain","required":true},"vpc_pipeline_id":{"type":"string","description_kind":"plain","required":true}},"description_kind":"plain"}},"xilution_k8s_pipeline_event":{"version":0,"block":{"attributes":{"created_at":{"type":"string","description_kind":"plain","computed":true},"event_type":{"type":"string","description_kind":"plain","required":true},"id":{"type":"string","description_kind":"plain","computed":true},"modified_at":{"type":"string","description_kind":"plain","computed":true},"organization_id":{"type":"string","description_kind":"plain","required":true},"owning_user_id":{"type":"string","description_kind":"plain","required":true},"pipeline_id":{"type":"string","description_kind":"plain","required":true}},"description_kind":"plain"}},"xilution_static_content_pipeline":{"version":0,"block":{"attributes":{"branch":{"type":"string","description_kind":"plain","required":true},"cloud_provider_id":{"type":"string","description_kind":"plain","required":true},"created_at":{"type":"string","description_kind":"plain","computed":true},"git_repo_id":{"type":"string","description_kind":"plain","required":true},"id":{"type":"string","description_kind":"plain","computed":true},"modified_at":{"type":"string","description_kind":"plain","computed":true},"name":{"type":"string","description_kind":"plain","required":true},"organization_id":{"type":"string","description_kind":"plain","required":true},"owning_user_id":{"type":"string","description_kind":"plain","required":true},"pipeline_type":{"type":"string","description_kind":"plain","required":true}},"block_types":{"stages":{"nesting_mode":"list","block":{"attributes":{"name":{"type":"string","description_kind":"plain","required":true}},"description_kind":"plain"},"min_items":1}},"description_kind":"plain"}},"xilution_static_content_pipeline_event":{"version":0,"block":{"attributes":{"created_at":{"type":"string","description_kind":"plain","computed":true},"event_type":{"type":"string","description_kind":"plain","required":true},"id":{"type":"string","description_kind":"plain","computed":true},"modified_at":{"type":"string","description_kind":"plain","computed":true},"organization_id":{"type":"string","description_kind":"plain","required":true},"owning_user_id":{"type":"string","description_kind":"plain","required":true},"pipeline_id":{"type":"string","description_kind":"plain","required":true}},"description_kind":"plain"}},"xilution_vpc_pipeline":{"version":0,"block":{"attributes":{"cloud_provider_id":{"type":"string","description_kind":"plain","required":true},"created_at":{"type":"string","description_kind":"plain","computed":true},"id":{"type":"string","description_kind":"plain","computed":true},"modified_at":{"type":"string","description_kind":"plain","computed":true},"name":{"type":"string","description_kind":"plain","required":true},"organization_id":{"type":"string","description_kind":"plain","required":true},"owning_user_id":{"type":"string","description_kind":"plain","required":true},"pipeline_type":{"type":"string","description_kind":"plain","required":true}},"description_kind":"plain"}},"xilution_vpc_pipeline_event":{"version":0,"block":{"attributes":{"created_at":{"type":"string","description_kind":"plain","computed":true},"event_type":{"type":"string","description_kind":"plain","required":true},"id":{"type":"string","description_kind":"plain","computed":true},"modified_at":{"type":"string","description_kind":"plain","computed":true},"organization_id":{"type":"string","description_kind":"plain","required":true},"owning_user_id":{"type":"string","description_kind":"plain","required":true},"pipeline_id":{"type":"string","description_kind":"plain","required":true}},"description_kind":"plain"}},"xilution_word_press_pipeline":{"version":0,"block":{"attributes":{"branch":{"type":"string","description_kind":"plain","required":true},"created_at":{"type":"string","description_kind":"plain","computed":true},"git_repo_id":{"type":"string","description_kind":"plain","required":true},"id":{"type":"string","description_kind":"plain","computed":true},"k8s_pipeline_id":{"type":"string","description_kind":"plain","required":true},"modified_at":{"type":"string","description_kind":"plain","computed":true},"name":{"type":"string","description_kind":"plain","required":true},"organization_id":{"type":"string","description_kind":"plain","required":true},"owning_user_id":{"type":"string","description_kind":"plain","required":true},"pipeline_type":{"type":"string","description_kind":"plain","required":true}},"block_types":{"stages":{"nesting_mode":"list","block":{"attributes":{"name":{"type":"string","description_kind":"plain","required":true}},"description_kind":"plain"},"min_items":1}},"description_kind":"plain"}},"xilution_word_press_pipeline_event":{"version":0,"block":{"attributes":{"created_at":{"type":"string","description_kind":"plain","computed":true},"event_type":{"type":"string","description_kind":"plain","required":true},"id":{"type":"string","description_kind":"plain","computed":true},"modified_at":{"type":"string","description_kind":"plain","computed":true},"organization_id":{"type":"string","description_kind":"plain","required":true},"owning_user_id":{"type":"string","description_kind":"plain","required":true},"pipeline_id":{"type":"string","description_kind":"plain","required":true}},"description_kind":"plain"}}},"data_source_schemas":{"xilution_api_pipeline":{"version":0,"block":{"attributes":{"branch":{"type":"string","description_kind":"plain","computed":true},"created_at":{"type":"string","description_kind":"plain","computed":true},"git_repo_id":{"type":"string","description_kind":"plain","computed":true},"id":{"type":"string","description_kind":"plain","required":true},"modified_at":{"type":"string","description_kind":"plain","computed":true},"name":{"type":"string","description_kind":"plain","computed":true},"organization_id":{"type":"string","description_kind":"plain","required":true},"owning_user_id":{"type":"string","description_kind":"plain","computed":true},"pipeline_type":{"type":"string","description_kind":"plain","computed":true},"vpc_pipeline_id":{"type":"string","description_kind":"plain","computed":true}},"block_types":{"stages":{"nesting_mode":"list","block":{"attributes":{"name":{"type":"string","description_kind":"plain","computed":true}},"description_kind":"plain"}}},"description_kind":"plain"}},"xilution_api_pipeline_event":{"version":0,"block":{"attributes":{"created_at":{"type":"string","description_kind":"plain","computed":true},"event_type":{"type":"string","description_kind":"plain","computed":true},"id":{"type":"string","description_kind":"plain","required":true},"modified_at":{"type":"string","description_kind":"plain","computed":true},"organization_id":{"type":"string","description_kind":"plain","required":true},"owning_user_id":{"type":"string","description_kind":"plain","computed":true},"pipeline_id":{"type":"string","description_kind":"plain","computed":true}},"description_kind":"plain"}},"xilution_client":{"version":0,"block":{"attributes":{"active":{"type":"bool","description_kind":"plain","computed":true},"client_user_id":{"type":"string","description_kind":"plain","computed":true},"created_at":{"type":"string","description_kind":"plain","computed":true},"grants":{"type":["list","string"],"description_kind":"plain","computed":true},"id":{"type":"string","description_kind":"plain","required":true},"modified_at":{"type":"string","description_kind":"plain","computed":true},"name":{"type":"string","description_kind":"plain","computed":true},"organization_id":{"type":"string","description_kind":"plain","required":true},"owning_user_id":{"type":"string","description_kind":"plain","computed":true},"redirect_uris":{"type":["list","string"],"description_kind":"plain","computed":true},"secret":{"type":"string","description_kind":"plain","computed":true,"sensitive":true}},"description_kind":"plain"}},"xilution_cloud_provider":{"version":0,"block":{"attributes":{"account_id":{"type":"string","description_kind":"plain","computed":true},"cloud_provider":{"type":"string","description_kind":"plain","computed":true},"created_at":{"type":"string","description_kind":"plain","computed":true},"id":{"type":"string","description_kind":"plain","required":true},"modified_at":{"type":"string","description_kind":"plain","computed":true},"name":{"type":"string","description_kind":"plain","computed":true},"organization_id":{"type":"string","description_kind":"plain","required":true},"owning_user_id":{"type":"string","description_kind":"plain","computed":true},"region":{"type":"string","description_kind":"plain","computed":true}},"description_kind":"plain"}},"xilution_git_account":{"version":0,"block":{"attributes":{"created_at":{"type":"string","description_kind":"plain","computed":true},"git_provider":{"type":"string","description_kind":"plain","computed":true},"id":{"type":"string","description_kind":"plain","required":true},"modified_at":{"type":"string","description_kind":"plain","computed":true},"name":{"type":"string","description_kind":"plain","computed":true},"organization_id":{"type":"string","description_kind":"plain","required":true},"owning_user_id":{"type":"string","description_kind":"plain","computed":true}},"description_kind":"plain"}},"xilution_git_repo":{"version":0,"block":{"attributes":{"created_at":{"type":"string","description_kind":"plain","computed":true},"git_account_id":{"type":"string","description_kind":"plain","computed":true},"id":{"type":"string","description_kind":"plain","required":true},"modified_at":{"type":"string","description_kind":"plain","computed":true},"name":{"type":"string","description_kind":"plain","computed":true},"organization_id":{"type":"string","description_kind":"plain","required":true},"owning_user_id":{"type":"string","description_kind":"plain","computed":true}},"description_kind":"plain"}},"xilution_git_repo_event":{"version":0,"block":{"attributes":{"created_at":{"type":"string","description_kind":"plain","computed":true},"event_type":{"type":"string","description_kind":"plain","computed":true},"git_account_id":{"type":"string","description_kind":"plain","computed":true},"git_repo_id":{"type":"string","description_kind":"plain","computed":true},"id":{"type":"string","description_kind":"plain","required":true},"modified_at":{"type":"string","description_kind":"plain","computed":true},"organization_id":{"type":"string","description_kind":"plain","required":true},"owning_user_id":{"type":"string","description_kind":"plain","computed":true},"parameters":{"type":"string","description_kind":"plain","computed":true}},"description_kind":"plain"}},"xilution_k8s_pipeline":{"version":0,"block":{"attributes":{"created_at":{"type":"string","description_kind":"plain","computed":true},"id":{"type":"string","description_kind":"plain","required":true},"modified_at":{"type":"string","description_kind":"plain","computed":true},"name":{"type":"string","description_kind":"plain","computed":true},"organization_id":{"type":"string","description_kind":"plain","required":true},"owning_user_id":{"type":"string","description_kind":"plain","computed":true},"pipeline_type":{"type":"string","description_kind":"plain","computed":true},"vpc_pipeline_id":{"type":"string","description_kind":"plain","computed":true}},"description_kind":"plain"}},"xilution_k8s_pipeline_event":{"version":0,"block":{"attributes":{"created_at":{"type":"string","description_kind":"plain","computed":true},"event_type":{"type":"string","description_kind":"plain","computed":true},"id":{"type":"string","description_kind":"plain","required":true},"modified_at":{"type":"string","description_kind":"plain","computed":true},"organization_id":{"type":"string","description_kind":"plain","required":true},"owning_user_id":{"type":"string","description_kind":"plain","computed":true},"pipeline_id":{"type":"string","description_kind":"plain","computed":true}},"description_kind":"plain"}},"xilution_organization":{"version":0,"block":{"attributes":{"active":{"type":"bool","description_kind":"plain","computed":true},"auth_client_id":{"type":"string","description_kind":"plain","computed":true},"auto_auth":{"type":"bool","description_kind":"plain","computed":true},"created_at":{"type":"string","description_kind":"plain","computed":true},"domain":{"type":"string","description_kind":"plain","computed":true},"id":{"type":"string","description_kind":"plain","required":true},"modified_at":{"type":"string","description_kind":"plain","computed":true},"name":{"type":"string","description_kind":"plain","computed":true},"organization_id":{"type":"string","description_kind":"plain","computed":true},"owning_user_id":{"type":"string","description_kind":"plain","computed":true},"show_sign_up":{"type":"bool","description_kind":"plain","computed":true},"url":{"type":"string","description_kind":"plain","computed":true}},"description_kind":"plain"}},"xilution_static_content_pipeline":{"version":0,"block":{"attributes":{"branch":{"type":"string","description_kind":"plain","computed":true},"cloud_provider_id":{"type":"string","description_kind":"plain","computed":true},"created_at":{"type":"string","description_kind":"plain","computed":true},"git_repo_id":{"type":"string","description_kind":"plain","computed":true},"id":{"type":"string","description_kind":"plain","required":true},"modified_at":{"type":"string","description_kind":"plain","computed":true},"name":{"type":"string","description_kind":"plain","computed":true},"organization_id":{"type":"string","description_kind":"plain","required":true},"owning_user_id":{"type":"string","description_kind":"plain","computed":true},"pipeline_type":{"type":"string","description_kind":"plain","computed":true}},"block_types":{"stages":{"nesting_mode":"list","block":{"attributes":{"name":{"type":"string","description_kind":"plain","computed":true}},"description_kind":"plain"}}},"description_kind":"plain"}},"xilution_static_content_pipeline_event":{"version":0,"block":{"attributes":{"created_at":{"type":"string","description_kind":"plain","computed":true},"event_type":{"type":"string","description_kind":"plain","computed":true},"id":{"type":"string","description_kind":"plain","required":true},"modified_at":{"type":"string","description_kind":"plain","computed":true},"organization_id":{"type":"string","description_kind":"plain","required":true},"owning_user_id":{"type":"string","description_kind":"plain","computed":true},"pipeline_id":{"type":"string","description_kind":"plain","computed":true}},"description_kind":"plain"}},"xilution_user":{"version":0,"block":{"attributes":{"active":{"type":"bool","description_kind":"plain","computed":true},"created_at":{"type":"string","description_kind":"plain","computed":true},"email":{"type":"string","description_kind":"plain","computed":true},"first_name":{"type":"string","description_kind":"plain","computed":true},"id":{"type":"string","description_kind":"plain","required":true},"last_name":{"type":"string","description_kind":"plain","computed":true},"modified_at":{"type":"string","description_kind":"plain","computed":true},"organization_id":{"type":"string","description_kind":"plain","required":true},"owning_user_id":{"type":"string","description_kind":"plain","computed":true},"username":{"type":"string","description_kind":"plain","computed":true}},"description_kind":"plain"}},"xilution_vpc_pipeline":{"version":0,"block":{"attributes":{"cloud_provider_id":{"type":"string","description_kind":"plain","computed":true},"created_at":{"type":"string","description_kind":"plain","computed":true},"id":{"type":"string","description_kind":"plain","required":true},"modified_at":{"type":"string","description_kind":"plain","computed":true},"name":{"type":"string","description_kind":"plain","computed":true},"organization_id":{"type":"string","description_kind":"plain","required":true},"owning_user_id":{"type":"string","description_kind":"plain","computed":true},"pipeline_type":{"type":"string","description_kind":"plain","computed":true}},"description_kind":"plain"}},"xilution_vpc_pipeline_event":{"version":0,"block":{"attributes":{"created_at":{"type":"string","description_kind":"plain","computed":true},"event_type":{"type":"string","description_kind":"plain","computed":true},"id":{"type":"string","description_kind":"plain","required":true},"modified_at":{"type":"string","description_kind":"plain","computed":true},"organization_id":{"type":"string","description_kind":"plain","required":true},"owning_user_id":{"type":"string","description_kind":"plain","computed":true},"pipeline_id":{"type":"string","description_kind":"plain","computed":true}},"description_kind":"plain"}},"xilution_word_press_pipeline":{"version":0,"block":{"attributes":{"branch":{"type":"string","description_kind":"plain","computed":true},"created_at":{"type":"string","description_kind":"plain","computed":true},"git_repo_id":{"type":"string","description_kind":"plain","computed":true},"id":{"type":"string","description_kind":"plain","required":true},"k8s_pipeline_id":{"type":"string","description_kind":"plain","computed":true},"modified_at":{"type":"string","description_kind":"plain","computed":true},"name":{"type":"string","description_kind":"plain","computed":true},"organization_id":{"type":"string","description_kind":"plain","required":true},"owning_user_id":{"type":"string","description_kind":"plain","computed":true},"pipeline_type":{"type":"string","description_kind":"plain","computed":true}},"block_types":{"stages":{"nesting_mode":"list","block":{"attributes":{"name":{"type":"string","description_kind":"plain","computed":true}},"description_kind":"plain"}}},"description_kind":"plain"}},"xilution_word_press_pipeline_event":{"version":0,"block":{"attributes":{"created_at":{"type":"string","description_kind":"plain","computed":true},"event_type":{"type":"string","description_kind":"plain","computed":true},"id":{"type":"string","description_kind":"plain","required":true},"modified_at":{"type":"string","description_kind":"plain","computed":true},"organization_id":{"type":"string","description_kind":"plain","required":true},"owning_user_id":{"type":"string","description_kind":"plain","computed":true},"pipeline_id":{"type":"string","description_kind":"plain","computed":true}},"description_kind":"plain"}}}}}}
