{"format_version":"0.2","provider_schemas":{"registry.terraform.io/xonvanetta/truenas":{"provider":{"version":0,"block":{"attributes":{"api_key":{"type":"string","description_kind":"plain","required":true,"sensitive":true},"host":{"type":"string","description_kind":"plain","optional":true}},"description_kind":"plain"}},"resource_schemas":{"truenas_pool_dataset":{"version":0,"block":{"attributes":{"aclmode":{"type":"string","description_kind":"plain","optional":true},"acltype":{"type":"string","description_kind":"plain","optional":true},"atime":{"type":"string","description_kind":"plain","optional":true},"available":{"type":"string","description_kind":"plain","optional":true},"casesensitivity":{"type":"string","description_kind":"plain","optional":true},"compression":{"type":"string","description_kind":"plain","optional":true},"compressratio":{"type":"string","description_kind":"plain","optional":true},"copies":{"type":"string","description_kind":"plain","optional":true},"deduplication":{"type":"string","description_kind":"plain","optional":true},"encrypted":{"type":"bool","description_kind":"plain","optional":true},"encryption_algorithm":{"type":"string","description_kind":"plain","optional":true},"encryption_root":{"type":"string","description_kind":"plain","optional":true},"exec":{"type":"string","description_kind":"plain","optional":true},"id":{"type":"string","description_kind":"plain","computed":true},"key_format":{"type":"string","description_kind":"plain","optional":true},"key_loaded":{"type":"bool","description_kind":"plain","optional":true},"locked":{"type":"bool","description_kind":"plain","optional":true},"mountpoint":{"type":"string","description_kind":"plain","optional":true},"name":{"type":"string","description_kind":"plain","required":true},"origin":{"type":"string","description_kind":"plain","optional":true},"pbkdf2iters":{"type":"string","description_kind":"plain","optional":true},"pool":{"type":"string","description_kind":"plain","optional":true},"quota":{"type":"string","description_kind":"plain","optional":true},"readonly":{"type":"string","description_kind":"plain","optional":true},"recordsize":{"type":"string","description_kind":"plain","optional":true},"refquota":{"type":"string","description_kind":"plain","optional":true},"refreservation":{"type":"string","description_kind":"plain","optional":true},"reservation":{"type":"string","description_kind":"plain","optional":true},"snapdir":{"type":"string","description_kind":"plain","optional":true},"special_small_block_size":{"type":"string","description_kind":"plain","optional":true},"sync":{"type":"string","description_kind":"plain","optional":true},"type":{"type":"string","description_kind":"plain","optional":true},"used":{"type":"string","description_kind":"plain","optional":true},"xattr":{"type":"string","description_kind":"plain","optional":true}},"description_kind":"plain"}},"truenas_sharing_nfs":{"version":0,"block":{"attributes":{"aliases":{"type":["set","string"],"description_kind":"plain","optional":true},"alldirs":{"type":"bool","description_kind":"plain","optional":true},"comment":{"type":"string","description_kind":"plain","optional":true},"enabled":{"type":"bool","description_kind":"plain","optional":true},"hosts":{"type":["set","string"],"description_kind":"plain","optional":true},"id":{"type":"string","description_kind":"plain","computed":true},"mapall_group":{"type":"string","description_kind":"plain","optional":true},"mapall_user":{"type":"string","description_kind":"plain","optional":true},"maproot_group":{"type":"string","description_kind":"plain","optional":true},"maproot_user":{"type":"string","description_kind":"plain","optional":true},"networks":{"type":["set","string"],"description_kind":"plain","optional":true},"paths":{"type":["set","string"],"description_kind":"plain","required":true},"quiet":{"type":"bool","description_kind":"plain","optional":true},"ro":{"type":"bool","description_kind":"plain","optional":true},"security":{"type":["set","string"],"description_kind":"plain","optional":true}},"description_kind":"plain"}}},"data_source_schemas":{"truenas_pool_dataset":{"version":0,"block":{"attributes":{"id":{"type":"string","description_kind":"plain","optional":true,"computed":true},"truenas_pool_dataset":{"type":["list",["object",{"aclmode":"string","acltype":"string","atime":"string","available":"string","casesensitivity":"string","compression":"string","compressratio":"string","copies":"string","deduplication":"string","encrypted":"bool","encryption_algorithm":"string","encryption_root":"string","exec":"string","id":"string","key_format":"string","key_loaded":"bool","locked":"bool","mountpoint":"string","name":"string","origin":"string","pbkdf2iters":"string","pool":"string","quota":"string","readonly":"string","recordsize":"string","refquota":"string","refreservation":"string","reservation":"string","snapdir":"string","special_small_block_size":"string","sync":"string","type":"string","used":"string","xattr":"string"}]],"description_kind":"plain","computed":true}},"description_kind":"plain"}},"truenas_sharing_nfs":{"version":0,"block":{"attributes":{"id":{"type":"string","description_kind":"plain","optional":true,"computed":true},"truenas_sharing_nfs":{"type":["list",["object",{"aliases":["set","string"],"alldirs":"bool","comment":"string","enabled":"bool","hosts":["set","string"],"id":"string","mapall_group":"string","mapall_user":"string","maproot_group":"string","maproot_user":"string","networks":["set","string"],"paths":["set","string"],"quiet":"bool","ro":"bool","security":["set","string"]}]],"description_kind":"plain","computed":true}},"description_kind":"plain"}}}}}}
