{"format_version":"0.2","provider_schemas":{"registry.terraform.io/yaegashi/msgraph":{"provider":{"version":0,"block":{"attributes":{"client_id":{"type":"string","description":"Client ID","description_kind":"plain","optional":true},"client_secret":{"type":"string","description":"Client Secret","description_kind":"plain","optional":true},"console_device_path":{"type":"string","description":"Console Device Path","description_kind":"plain","optional":true},"tenant_id":{"type":"string","description":"Tenant ID","description_kind":"plain","optional":true},"token_cache_path":{"type":"string","description":"Token Cache Path","description_kind":"plain","optional":true}},"description_kind":"plain"}},"resource_schemas":{"msgraph_application":{"version":0,"block":{"attributes":{"app_id":{"type":"string","description_kind":"plain","computed":true},"display_name":{"type":"string","description_kind":"plain","required":true},"enable_access_token_issuance":{"type":"bool","description_kind":"plain","optional":true},"enable_id_token_issuance":{"type":"bool","description_kind":"plain","optional":true},"home_page_url":{"type":"string","description_kind":"plain","optional":true},"id":{"type":"string","description_kind":"plain","optional":true,"computed":true},"identifier_uris":{"type":["list","string"],"description_kind":"plain","optional":true},"logout_url":{"type":"string","description_kind":"plain","optional":true},"redirect_uris":{"type":["list","string"],"description_kind":"plain","optional":true},"sign_in_audience":{"type":"string","description_kind":"plain","optional":true}},"block_types":{"api":{"nesting_mode":"list","block":{"attributes":{"accept_mapped_claims":{"type":"bool","description_kind":"plain","optional":true},"known_client_applications":{"type":["set","string"],"description_kind":"plain","optional":true},"requested_access_token_version":{"type":"number","description_kind":"plain","optional":true}},"block_types":{"oauth2_permission_scope":{"nesting_mode":"set","block":{"attributes":{"admin_consent_description":{"type":"string","description_kind":"plain","required":true},"admin_consent_display_name":{"type":"string","description_kind":"plain","required":true},"id":{"type":"string","description_kind":"plain","optional":true,"computed":true},"is_enabled":{"type":"bool","description_kind":"plain","optional":true},"origin":{"type":"string","description_kind":"plain","optional":true},"type":{"type":"string","description_kind":"plain","required":true},"user_consent_description":{"type":"string","description_kind":"plain","optional":true},"user_consent_display_name":{"type":"string","description_kind":"plain","optional":true},"value":{"type":"string","description_kind":"plain","required":true}},"description_kind":"plain"}},"pre_authorized_applications":{"nesting_mode":"set","block":{"attributes":{"app_id":{"type":"string","description_kind":"plain","required":true},"delegated_permission_ids":{"type":["set","string"],"description_kind":"plain","required":true}},"description_kind":"plain"}}},"description_kind":"plain"},"max_items":1},"app_role":{"nesting_mode":"set","block":{"attributes":{"allowed_member_types":{"type":["set","string"],"description_kind":"plain","required":true},"description":{"type":"string","description_kind":"plain","required":true},"display_name":{"type":"string","description_kind":"plain","required":true},"id":{"type":"string","description_kind":"plain","optional":true,"computed":true},"is_enabled":{"type":"bool","description_kind":"plain","optional":true},"value":{"type":"string","description_kind":"plain","required":true}},"description_kind":"plain"}},"required_resource_access":{"nesting_mode":"set","block":{"attributes":{"resource_app_id":{"type":"string","description_kind":"plain","required":true}},"block_types":{"resource_access":{"nesting_mode":"set","block":{"attributes":{"id":{"type":"string","description_kind":"plain","required":true},"type":{"type":"string","description_kind":"plain","required":true}},"description_kind":"plain"},"min_items":1}},"description_kind":"plain"}}},"description_kind":"plain"}},"msgraph_application_password":{"version":0,"block":{"attributes":{"application_id":{"type":"string","description_kind":"plain","required":true},"display_name":{"type":"string","description_kind":"plain","required":true},"end_date_time":{"type":"string","description_kind":"plain","optional":true,"computed":true},"id":{"type":"string","description_kind":"plain","optional":true,"computed":true},"secret_text":{"type":"string","description_kind":"plain","computed":true,"sensitive":true},"start_date_time":{"type":"string","description_kind":"plain","optional":true,"computed":true}},"description_kind":"plain"}},"msgraph_group":{"version":0,"block":{"attributes":{"display_name":{"type":"string","description_kind":"plain","required":true},"group_types":{"type":["list","string"],"description_kind":"plain","optional":true},"id":{"type":"string","description_kind":"plain","optional":true,"computed":true},"mail":{"type":"string","description_kind":"plain","computed":true},"mail_enabled":{"type":"bool","description_kind":"plain","computed":true},"mail_nickname":{"type":"string","description_kind":"plain","required":true},"security_enabled":{"type":"bool","description_kind":"plain","computed":true},"visibility":{"type":"string","description_kind":"plain","optional":true}},"description_kind":"plain"}},"msgraph_group_member":{"version":0,"block":{"attributes":{"group_id":{"type":"string","description_kind":"plain","required":true},"id":{"type":"string","description_kind":"plain","optional":true,"computed":true},"member_id":{"type":"string","description_kind":"plain","required":true}},"description_kind":"plain"}},"msgraph_user":{"version":0,"block":{"attributes":{"account_enabled":{"type":"bool","description_kind":"plain","required":true},"display_name":{"type":"string","description_kind":"plain","required":true},"force_change_password_next_sign_in":{"type":"bool","description_kind":"plain","optional":true,"computed":true},"given_name":{"type":"string","description_kind":"plain","optional":true},"id":{"type":"string","description_kind":"plain","optional":true,"computed":true},"mail":{"type":"string","description_kind":"plain","computed":true},"mail_nickname":{"type":"string","description_kind":"plain","required":true},"other_mails":{"type":["list","string"],"description_kind":"plain","optional":true},"password":{"type":"string","description_kind":"plain","optional":true,"computed":true,"sensitive":true},"surname":{"type":"string","description_kind":"plain","optional":true},"user_principal_name":{"type":"string","description_kind":"plain","required":true}},"description_kind":"plain"}}},"data_source_schemas":{"msgraph_group":{"version":0,"block":{"attributes":{"display_name":{"type":"string","description_kind":"plain","computed":true},"group_types":{"type":["list","string"],"description_kind":"plain","computed":true},"id":{"type":"string","description_kind":"plain","optional":true,"computed":true},"mail":{"type":"string","description_kind":"plain","computed":true},"mail_enabled":{"type":"bool","description_kind":"plain","computed":true},"mail_nickname":{"type":"string","description_kind":"plain","optional":true,"computed":true},"security_enabled":{"type":"bool","description_kind":"plain","computed":true},"visibility":{"type":"string","description_kind":"plain","computed":true}},"description_kind":"plain"}},"msgraph_user":{"version":0,"block":{"attributes":{"account_enabled":{"type":"bool","description_kind":"plain","computed":true},"display_name":{"type":"string","description_kind":"plain","computed":true},"given_name":{"type":"string","description_kind":"plain","computed":true},"id":{"type":"string","description_kind":"plain","optional":true,"computed":true},"mail":{"type":"string","description_kind":"plain","computed":true},"mail_nickname":{"type":"string","description_kind":"plain","optional":true,"computed":true},"other_mails":{"type":["list","string"],"description_kind":"plain","computed":true},"surname":{"type":"string","description_kind":"plain","computed":true},"user_principal_name":{"type":"string","description_kind":"plain","optional":true,"computed":true}},"description_kind":"plain"}}}}}}
