{"format_version":"0.2","provider_schemas":{"registry.terraform.io/yamamoto-febc/gmailfilter":{"provider":{"version":0,"block":{"attributes":{"credentials":{"type":"string","description_kind":"plain","optional":true},"impersonated_user_email":{"type":"string","description_kind":"plain","optional":true}},"description_kind":"plain"}},"resource_schemas":{"gmailfilter_filter":{"version":0,"block":{"attributes":{"id":{"type":"string","description_kind":"plain","optional":true,"computed":true}},"block_types":{"action":{"nesting_mode":"list","block":{"attributes":{"add_label_ids":{"type":["list","string"],"description":"List of labels to add to the message","description_kind":"plain","optional":true},"forward":{"type":"string","description":"Email address that the message should be forwarded to","description_kind":"plain","optional":true},"remove_label_ids":{"type":["list","string"],"description":"List of labels to remove from the message","description_kind":"plain","optional":true}},"description_kind":"plain"},"min_items":1,"max_items":1},"criteria":{"nesting_mode":"list","block":{"attributes":{"exclude_chats":{"type":"bool","description":"Whether the response should exclude chats","description_kind":"plain","optional":true},"from":{"type":"string","description":"The sender's display name or email address","description_kind":"plain","optional":true},"has_attachment":{"type":"bool","description":"Whether the message has any attachment","description_kind":"plain","optional":true},"negated_query":{"type":"string","description":"Only return messages not matching the specified query. Supports the same query format as the Gmail search box. For example, \"from:someuser@example.com rfc822msgid: is:unread\"","description_kind":"plain","optional":true},"query":{"type":"string","description":"Only return messages matching the specified query. Supports the same query format as the Gmail search box. For example, \"from:someuser@example.com rfc822msgid: is:unread\"","description_kind":"plain","optional":true},"size":{"type":"number","description":"The size of the entire RFC822 message in bytes, including all headers and attachments","description_kind":"plain","optional":true},"size_comparison":{"type":"string","description":"How the message size in bytes should be in relation to the size field. Acceptable values are: `larger` / `smaller` / `unspecified`","description_kind":"plain","optional":true},"subject":{"type":"string","description":"Case-insensitive phrase found in the message's subject. Trailing and leading whitespace are be trimmed and adjacent spaces are collapsed","description_kind":"plain","optional":true},"to":{"type":"string","description":"The recipient's display name or email address. Includes recipients in the \"to\", \"cc\", and \"bcc\" header fields. You can use simply the local part of the email address. For example, \"example\" and \"example@\" both match \"example@gmail.com\". This field is case-insensitive","description_kind":"plain","optional":true}},"description_kind":"plain"},"min_items":1,"max_items":1}},"description_kind":"plain"}},"gmailfilter_label":{"version":0,"block":{"attributes":{"background_color":{"type":"string","description":"The background color represented as hex string #RRGGBB (ex #000000). This field is required in order to set the color of a label. See https://developers.google.com/gmail/api/v1/reference/users/labels for more details","description_kind":"plain","optional":true},"id":{"type":"string","description_kind":"plain","optional":true,"computed":true},"label_list_visibility":{"type":"string","description":"The visibility of the label in the label list in the Gmail web interface. Acceptable values are: `labelHide` / `labelShow` / `labelShowIfUnread`","description_kind":"plain","optional":true},"message_list_visibility":{"type":"string","description":"The visibility of messages with this label in the message list in the Gmail web interface. Acceptable values are: `hide` / `show`","description_kind":"plain","optional":true},"messages_total":{"type":"number","description":"The total number of messages with the label","description_kind":"plain","computed":true},"messages_unread":{"type":"number","description":"The number of unread messages with the label","description_kind":"plain","computed":true},"name":{"type":"string","description":"The display name of the label","description_kind":"plain","required":true},"text_color":{"type":"string","description":"The text color of the label, represented as hex string. This field is required in order to set the color of a label. See https://developers.google.com/gmail/api/v1/reference/users/labels for more details","description_kind":"plain","optional":true},"threads_total":{"type":"number","description":"The total number of threads with the label","description_kind":"plain","computed":true},"threads_unread":{"type":"number","description":"The number of unread threads with the label","description_kind":"plain","computed":true},"type":{"type":"string","description":"The owner type for the label. User labels are created by the user and can be modified and deleted by the user and can be applied to any message or thread. System labels are internally created and cannot be added, modified, or deleted. System labels may be able to be applied to or removed from messages and threads under some circumstances but this is not guaranteed. For example, users can apply and remove the `INBOX` and `UNREAD` labels from messages and threads, but cannot apply or remove the `DRAFTS` or `SENT` labels from messages or threads","description_kind":"plain","computed":true}},"description_kind":"plain"}}},"data_source_schemas":{"gmailfilter_filter":{"version":0,"block":{"attributes":{"action":{"type":["list",["object",{"add_label_ids":["list","string"],"forward":"string","remove_label_ids":["list","string"]}]],"description_kind":"plain","computed":true},"criteria":{"type":["list",["object",{"exclude_chats":"bool","from":"string","has_attachment":"bool","negated_query":"string","query":"string","size":"number","size_comparison":"string","subject":"string","to":"string"}]],"description_kind":"plain","computed":true},"filter_id":{"type":"string","description":"The filter","description_kind":"plain","required":true},"id":{"type":"string","description_kind":"plain","optional":true,"computed":true}},"description_kind":"plain"}},"gmailfilter_label":{"version":0,"block":{"attributes":{"background_color":{"type":"string","description":"The background color represented as hex string #RRGGBB (ex #000000). This field is required in order to set the color of a label. See https://developers.google.com/gmail/api/v1/reference/users/labels for more details","description_kind":"plain","computed":true},"id":{"type":"string","description_kind":"plain","optional":true,"computed":true},"label_list_visibility":{"type":"string","description":"The visibility of the label in the label list in the Gmail web interface. Acceptable values are: `labelHide` / `labelShow` / `labelShowIfUnread`","description_kind":"plain","computed":true},"message_list_visibility":{"type":"string","description":"The visibility of messages with this label in the message list in the Gmail web interface. Acceptable values are: `hide` / `show`","description_kind":"plain","computed":true},"messages_total":{"type":"number","description":"The total number of messages with the label","description_kind":"plain","computed":true},"messages_unread":{"type":"number","description":"The number of unread messages with the label","description_kind":"plain","computed":true},"name":{"type":"string","description":"The display name of the label","description_kind":"plain","required":true},"text_color":{"type":"string","description":"The text color of the label, represented as hex string. This field is required in order to set the color of a label. See https://developers.google.com/gmail/api/v1/reference/users/labels for more details","description_kind":"plain","computed":true},"threads_total":{"type":"number","description":"The total number of threads with the label","description_kind":"plain","computed":true},"threads_unread":{"type":"number","description":"The number of unread threads with the label","description_kind":"plain","computed":true},"type":{"type":"string","description":"The owner type for the label. User labels are created by the user and can be modified and deleted by the user and can be applied to any message or thread. System labels are internally created and cannot be added, modified, or deleted. System labels may be able to be applied to or removed from messages and threads under some circumstances but this is not guaranteed. For example, users can apply and remove the `INBOX` and `UNREAD` labels from messages and threads, but cannot apply or remove the `DRAFTS` or `SENT` labels from messages or threads","description_kind":"plain","computed":true}},"description_kind":"plain"}}}}}}
