{"format_version":"0.2","provider_schemas":{"registry.terraform.io/yandex-cloud/yandex":{"provider":{"version":0,"block":{"attributes":{"cloud_id":{"type":"string","description":"ID of Yandex.Cloud tenant.","description_kind":"plain","optional":true},"endpoint":{"type":"string","description":"The API endpoint for Yandex.Cloud SDK client.","description_kind":"plain","optional":true},"folder_id":{"type":"string","description":"The default folder ID where resources will be placed.","description_kind":"plain","optional":true},"insecure":{"type":"bool","description":"Explicitly allow the provider to perform \"insecure\" SSL requests. If omitted,default value is `false`.","description_kind":"plain","optional":true},"max_retries":{"type":"number","description":"The maximum number of times an API request is being executed. \nIf the API request still fails, an error is thrown.","description_kind":"plain","optional":true},"plaintext":{"type":"bool","description":"Disable use of TLS. Default value is `false`.","description_kind":"plain","optional":true},"service_account_key_file":{"type":"string","description":"Either the path to or the contents of a Service Account key file in JSON format.","description_kind":"plain","optional":true},"storage_access_key":{"type":"string","description":"Yandex.Cloud storage service access key. \nUsed when a storage data/resource doesn't have an access key explicitly specified.","description_kind":"plain","optional":true},"storage_endpoint":{"type":"string","description":"Yandex.Cloud storage service endpoint. Default is \nstorage.yandexcloud.net","description_kind":"plain","optional":true},"storage_secret_key":{"type":"string","description":"Yandex.Cloud storage service secret key. \nUsed when a storage data/resource doesn't have a secret key explicitly specified.","description_kind":"plain","optional":true},"token":{"type":"string","description":"The access token for API operations.","description_kind":"plain","optional":true},"ymq_access_key":{"type":"string","description":"Yandex.Cloud Message Queue service access key. \nUsed when a message queue resource doesn't have an access key explicitly specified.","description_kind":"plain","optional":true},"ymq_endpoint":{"type":"string","description":"Yandex.Cloud Message Queue service endpoint. Default is \nmessage-queue.api.cloud.yandex.net","description_kind":"plain","optional":true},"ymq_secret_key":{"type":"string","description":"Yandex.Cloud Message Queue service secret key. \nUsed when a message queue resource doesn't have a secret key explicitly specified.","description_kind":"plain","optional":true,"sensitive":true},"zone":{"type":"string","description":"The zone where operations will take place. Examples\nare ru-central1-a, ru-central2-c, etc.","description_kind":"plain","optional":true}},"description_kind":"plain"}},"resource_schemas":{"yandex_alb_backend_group":{"version":0,"block":{"attributes":{"created_at":{"type":"string","description_kind":"plain","computed":true},"description":{"type":"string","description_kind":"plain","optional":true},"folder_id":{"type":"string","description_kind":"plain","optional":true,"computed":true},"id":{"type":"string","description_kind":"plain","optional":true,"computed":true},"labels":{"type":["map","string"],"description_kind":"plain","optional":true},"name":{"type":"string","description_kind":"plain","optional":true}},"block_types":{"grpc_backend":{"nesting_mode":"set","block":{"attributes":{"name":{"type":"string","description_kind":"plain","required":true},"port":{"type":"number","description_kind":"plain","optional":true},"target_group_ids":{"type":["list","string"],"description_kind":"plain","required":true},"weight":{"type":"number","description_kind":"plain","optional":true}},"block_types":{"healthcheck":{"nesting_mode":"set","block":{"attributes":{"healthcheck_port":{"type":"number","description_kind":"plain","optional":true},"healthy_threshold":{"type":"number","description_kind":"plain","optional":true},"interval":{"type":"string","description_kind":"plain","required":true},"interval_jitter_percent":{"type":"number","description_kind":"plain","optional":true},"timeout":{"type":"string","description_kind":"plain","required":true},"unhealthy_threshold":{"type":"number","description_kind":"plain","optional":true}},"block_types":{"grpc_healthcheck":{"nesting_mode":"list","block":{"attributes":{"service_name":{"type":"string","description_kind":"plain","optional":true}},"description_kind":"plain"},"max_items":1},"http_healthcheck":{"nesting_mode":"list","block":{"attributes":{"host":{"type":"string","description_kind":"plain","optional":true},"http2":{"type":"bool","description_kind":"plain","optional":true},"path":{"type":"string","description_kind":"plain","required":true}},"description_kind":"plain"},"max_items":1},"stream_healthcheck":{"nesting_mode":"list","block":{"attributes":{"receive":{"type":"string","description_kind":"plain","optional":true},"send":{"type":"string","description_kind":"plain","optional":true}},"description_kind":"plain"},"max_items":1}},"description_kind":"plain"},"max_items":1},"load_balancing_config":{"nesting_mode":"list","block":{"attributes":{"locality_aware_routing_percent":{"type":"number","description_kind":"plain","optional":true},"panic_threshold":{"type":"number","description_kind":"plain","optional":true},"strict_locality":{"type":"bool","description_kind":"plain","optional":true}},"description_kind":"plain"},"max_items":1},"tls":{"nesting_mode":"list","block":{"attributes":{"sni":{"type":"string","description_kind":"plain","optional":true}},"block_types":{"validation_context":{"nesting_mode":"list","block":{"attributes":{"trusted_ca_bytes":{"type":"string","description_kind":"plain","optional":true},"trusted_ca_id":{"type":"string","description_kind":"plain","optional":true}},"description_kind":"plain"},"max_items":1}},"description_kind":"plain"},"max_items":1}},"description_kind":"plain"}},"http_backend":{"nesting_mode":"set","block":{"attributes":{"http2":{"type":"bool","description_kind":"plain","optional":true},"name":{"type":"string","description_kind":"plain","required":true},"port":{"type":"number","description_kind":"plain","optional":true},"target_group_ids":{"type":["list","string"],"description_kind":"plain","required":true},"weight":{"type":"number","description_kind":"plain","optional":true}},"block_types":{"healthcheck":{"nesting_mode":"set","block":{"attributes":{"healthcheck_port":{"type":"number","description_kind":"plain","optional":true},"healthy_threshold":{"type":"number","description_kind":"plain","optional":true},"interval":{"type":"string","description_kind":"plain","required":true},"interval_jitter_percent":{"type":"number","description_kind":"plain","optional":true},"timeout":{"type":"string","description_kind":"plain","required":true},"unhealthy_threshold":{"type":"number","description_kind":"plain","optional":true}},"block_types":{"grpc_healthcheck":{"nesting_mode":"list","block":{"attributes":{"service_name":{"type":"string","description_kind":"plain","optional":true}},"description_kind":"plain"},"max_items":1},"http_healthcheck":{"nesting_mode":"list","block":{"attributes":{"host":{"type":"string","description_kind":"plain","optional":true},"http2":{"type":"bool","description_kind":"plain","optional":true},"path":{"type":"string","description_kind":"plain","required":true}},"description_kind":"plain"},"max_items":1},"stream_healthcheck":{"nesting_mode":"list","block":{"attributes":{"receive":{"type":"string","description_kind":"plain","optional":true},"send":{"type":"string","description_kind":"plain","optional":true}},"description_kind":"plain"},"max_items":1}},"description_kind":"plain"},"max_items":1},"load_balancing_config":{"nesting_mode":"list","block":{"attributes":{"locality_aware_routing_percent":{"type":"number","description_kind":"plain","optional":true},"panic_threshold":{"type":"number","description_kind":"plain","optional":true},"strict_locality":{"type":"bool","description_kind":"plain","optional":true}},"description_kind":"plain"},"max_items":1},"tls":{"nesting_mode":"list","block":{"attributes":{"sni":{"type":"string","description_kind":"plain","optional":true}},"block_types":{"validation_context":{"nesting_mode":"list","block":{"attributes":{"trusted_ca_bytes":{"type":"string","description_kind":"plain","optional":true},"trusted_ca_id":{"type":"string","description_kind":"plain","optional":true}},"description_kind":"plain"},"max_items":1}},"description_kind":"plain"},"max_items":1}},"description_kind":"plain"}},"timeouts":{"nesting_mode":"single","block":{"attributes":{"create":{"type":"string","description_kind":"plain","optional":true},"delete":{"type":"string","description_kind":"plain","optional":true},"update":{"type":"string","description_kind":"plain","optional":true}},"description_kind":"plain"}}},"description_kind":"plain"}},"yandex_alb_http_router":{"version":0,"block":{"attributes":{"created_at":{"type":"string","description_kind":"plain","computed":true},"description":{"type":"string","description_kind":"plain","optional":true},"folder_id":{"type":"string","description_kind":"plain","optional":true,"computed":true},"id":{"type":"string","description_kind":"plain","optional":true,"computed":true},"labels":{"type":["map","string"],"description_kind":"plain","optional":true},"name":{"type":"string","description_kind":"plain","optional":true}},"block_types":{"timeouts":{"nesting_mode":"single","block":{"attributes":{"create":{"type":"string","description_kind":"plain","optional":true},"delete":{"type":"string","description_kind":"plain","optional":true},"update":{"type":"string","description_kind":"plain","optional":true}},"description_kind":"plain"}}},"description_kind":"plain"}},"yandex_alb_load_balancer":{"version":0,"block":{"attributes":{"created_at":{"type":"string","description_kind":"plain","computed":true},"description":{"type":"string","description_kind":"plain","optional":true},"folder_id":{"type":"string","description_kind":"plain","optional":true,"computed":true},"id":{"type":"string","description_kind":"plain","optional":true,"computed":true},"labels":{"type":["map","string"],"description_kind":"plain","optional":true},"log_group_id":{"type":"string","description_kind":"plain","computed":true},"name":{"type":"string","description_kind":"plain","optional":true},"network_id":{"type":"string","description_kind":"plain","required":true},"region_id":{"type":"string","description_kind":"plain","optional":true},"security_group_ids":{"type":["set","string"],"description_kind":"plain","optional":true},"status":{"type":"string","description_kind":"plain","computed":true}},"block_types":{"allocation_policy":{"nesting_mode":"list","block":{"block_types":{"location":{"nesting_mode":"set","block":{"attributes":{"disable_traffic":{"type":"bool","description_kind":"plain","optional":true},"subnet_id":{"type":"string","description_kind":"plain","required":true},"zone_id":{"type":"string","description_kind":"plain","required":true}},"description_kind":"plain"},"min_items":1}},"description_kind":"plain"},"min_items":1,"max_items":1},"listener":{"nesting_mode":"list","block":{"attributes":{"name":{"type":"string","description_kind":"plain","required":true}},"block_types":{"endpoint":{"nesting_mode":"list","block":{"attributes":{"ports":{"type":["list","number"],"description_kind":"plain","required":true}},"block_types":{"address":{"nesting_mode":"list","block":{"block_types":{"external_ipv4_address":{"nesting_mode":"list","block":{"attributes":{"address":{"type":"string","description_kind":"plain","optional":true,"computed":true}},"description_kind":"plain"},"max_items":1},"external_ipv6_address":{"nesting_mode":"list","block":{"attributes":{"address":{"type":"string","description_kind":"plain","optional":true,"computed":true}},"description_kind":"plain"},"max_items":1},"internal_ipv4_address":{"nesting_mode":"list","block":{"attributes":{"address":{"type":"string","description_kind":"plain","optional":true,"computed":true},"subnet_id":{"type":"string","description_kind":"plain","optional":true,"computed":true}},"description_kind":"plain"},"max_items":1}},"description_kind":"plain"},"min_items":1}},"description_kind":"plain"}},"http":{"nesting_mode":"list","block":{"block_types":{"handler":{"nesting_mode":"list","block":{"attributes":{"allow_http10":{"type":"bool","description_kind":"plain","optional":true},"http_router_id":{"type":"string","description_kind":"plain","optional":true}},"block_types":{"http2_options":{"nesting_mode":"list","block":{"attributes":{"max_concurrent_streams":{"type":"number","description_kind":"plain","optional":true}},"description_kind":"plain"},"max_items":1}},"description_kind":"plain"},"max_items":1},"redirects":{"nesting_mode":"list","block":{"attributes":{"http_to_https":{"type":"bool","description_kind":"plain","optional":true}},"description_kind":"plain"},"max_items":1}},"description_kind":"plain"},"max_items":1},"tls":{"nesting_mode":"list","block":{"block_types":{"default_handler":{"nesting_mode":"list","block":{"attributes":{"certificate_ids":{"type":["set","string"],"description_kind":"plain","required":true}},"block_types":{"http_handler":{"nesting_mode":"list","block":{"attributes":{"allow_http10":{"type":"bool","description_kind":"plain","optional":true},"http_router_id":{"type":"string","description_kind":"plain","optional":true}},"block_types":{"http2_options":{"nesting_mode":"list","block":{"attributes":{"max_concurrent_streams":{"type":"number","description_kind":"plain","optional":true}},"description_kind":"plain"},"max_items":1}},"description_kind":"plain"},"max_items":1}},"description_kind":"plain"},"min_items":1,"max_items":1},"sni_handler":{"nesting_mode":"list","block":{"attributes":{"name":{"type":"string","description_kind":"plain","required":true},"server_names":{"type":["set","string"],"description_kind":"plain","required":true}},"block_types":{"handler":{"nesting_mode":"list","block":{"attributes":{"certificate_ids":{"type":["set","string"],"description_kind":"plain","required":true}},"block_types":{"http_handler":{"nesting_mode":"list","block":{"attributes":{"allow_http10":{"type":"bool","description_kind":"plain","optional":true},"http_router_id":{"type":"string","description_kind":"plain","optional":true}},"block_types":{"http2_options":{"nesting_mode":"list","block":{"attributes":{"max_concurrent_streams":{"type":"number","description_kind":"plain","optional":true}},"description_kind":"plain"},"max_items":1}},"description_kind":"plain"},"max_items":1}},"description_kind":"plain"},"min_items":1,"max_items":1}},"description_kind":"plain"}}},"description_kind":"plain"},"max_items":1}},"description_kind":"plain"}},"timeouts":{"nesting_mode":"single","block":{"attributes":{"create":{"type":"string","description_kind":"plain","optional":true},"delete":{"type":"string","description_kind":"plain","optional":true},"update":{"type":"string","description_kind":"plain","optional":true}},"description_kind":"plain"}}},"description_kind":"plain"}},"yandex_alb_target_group":{"version":0,"block":{"attributes":{"created_at":{"type":"string","description_kind":"plain","computed":true},"description":{"type":"string","description_kind":"plain","optional":true},"folder_id":{"type":"string","description_kind":"plain","optional":true,"computed":true},"id":{"type":"string","description_kind":"plain","optional":true,"computed":true},"labels":{"type":["map","string"],"description_kind":"plain","optional":true},"name":{"type":"string","description_kind":"plain","optional":true}},"block_types":{"target":{"nesting_mode":"set","block":{"attributes":{"ip_address":{"type":"string","description_kind":"plain","required":true},"subnet_id":{"type":"string","description_kind":"plain","required":true}},"description_kind":"plain"}},"timeouts":{"nesting_mode":"single","block":{"attributes":{"create":{"type":"string","description_kind":"plain","optional":true},"delete":{"type":"string","description_kind":"plain","optional":true},"update":{"type":"string","description_kind":"plain","optional":true}},"description_kind":"plain"}}},"description_kind":"plain"}},"yandex_alb_virtual_host":{"version":0,"block":{"attributes":{"authority":{"type":["set","string"],"description_kind":"plain","optional":true},"http_router_id":{"type":"string","description_kind":"plain","required":true},"id":{"type":"string","description_kind":"plain","optional":true,"computed":true},"name":{"type":"string","description_kind":"plain","required":true}},"block_types":{"modify_request_headers":{"nesting_mode":"set","block":{"attributes":{"append":{"type":"string","description_kind":"plain","optional":true},"name":{"type":"string","description_kind":"plain","optional":true},"remove":{"type":"bool","description_kind":"plain","optional":true},"replace":{"type":"string","description_kind":"plain","optional":true}},"description_kind":"plain"}},"modify_response_headers":{"nesting_mode":"set","block":{"attributes":{"append":{"type":"string","description_kind":"plain","optional":true},"name":{"type":"string","description_kind":"plain","optional":true},"remove":{"type":"bool","description_kind":"plain","optional":true},"replace":{"type":"string","description_kind":"plain","optional":true}},"description_kind":"plain"}},"route":{"nesting_mode":"list","block":{"attributes":{"name":{"type":"string","description_kind":"plain","optional":true}},"block_types":{"grpc_route":{"nesting_mode":"list","block":{"block_types":{"grpc_match":{"nesting_mode":"list","block":{"block_types":{"fqmn":{"nesting_mode":"list","block":{"attributes":{"exact":{"type":"string","description_kind":"plain","optional":true},"prefix":{"type":"string","description_kind":"plain","optional":true}},"description_kind":"plain"},"max_items":1}},"description_kind":"plain"}},"grpc_route_action":{"nesting_mode":"list","block":{"attributes":{"auto_host_rewrite":{"type":"bool","description_kind":"plain","optional":true},"backend_group_id":{"type":"string","description_kind":"plain","required":true},"host_rewrite":{"type":"string","description_kind":"plain","optional":true},"idle_timeout":{"type":"string","description_kind":"plain","optional":true},"max_timeout":{"type":"string","description_kind":"plain","optional":true}},"description_kind":"plain"},"max_items":1},"grpc_status_response_action":{"nesting_mode":"list","block":{"attributes":{"status":{"type":"string","description_kind":"plain","optional":true}},"description_kind":"plain"},"max_items":1}},"description_kind":"plain"},"max_items":1},"http_route":{"nesting_mode":"list","block":{"block_types":{"direct_response_action":{"nesting_mode":"list","block":{"attributes":{"body":{"type":"string","description_kind":"plain","optional":true},"status":{"type":"number","description_kind":"plain","optional":true}},"description_kind":"plain"},"max_items":1},"http_match":{"nesting_mode":"list","block":{"attributes":{"http_method":{"type":["set","string"],"description_kind":"plain","optional":true}},"block_types":{"path":{"nesting_mode":"list","block":{"attributes":{"exact":{"type":"string","description_kind":"plain","optional":true},"prefix":{"type":"string","description_kind":"plain","optional":true}},"description_kind":"plain"},"max_items":1}},"description_kind":"plain"}},"http_route_action":{"nesting_mode":"list","block":{"attributes":{"auto_host_rewrite":{"type":"bool","description_kind":"plain","optional":true},"backend_group_id":{"type":"string","description_kind":"plain","required":true},"host_rewrite":{"type":"string","description_kind":"plain","optional":true},"idle_timeout":{"type":"string","description_kind":"plain","optional":true},"prefix_rewrite":{"type":"string","description_kind":"plain","optional":true},"timeout":{"type":"string","description_kind":"plain","optional":true},"upgrade_types":{"type":["set","string"],"description_kind":"plain","optional":true}},"description_kind":"plain"},"max_items":1},"redirect_action":{"nesting_mode":"list","block":{"attributes":{"remove_query":{"type":"bool","description_kind":"plain","optional":true},"replace_host":{"type":"string","description_kind":"plain","optional":true},"replace_path":{"type":"string","description_kind":"plain","optional":true},"replace_port":{"type":"number","description_kind":"plain","optional":true},"replace_prefix":{"type":"string","description_kind":"plain","optional":true},"replace_scheme":{"type":"string","description_kind":"plain","optional":true},"response_code":{"type":"string","description_kind":"plain","optional":true}},"description_kind":"plain"},"max_items":1}},"description_kind":"plain"},"max_items":1}},"description_kind":"plain"}},"timeouts":{"nesting_mode":"single","block":{"attributes":{"create":{"type":"string","description_kind":"plain","optional":true},"delete":{"type":"string","description_kind":"plain","optional":true},"update":{"type":"string","description_kind":"plain","optional":true}},"description_kind":"plain"}}},"description_kind":"plain"}},"yandex_api_gateway":{"version":0,"block":{"attributes":{"created_at":{"type":"string","description_kind":"plain","computed":true},"description":{"type":"string","description_kind":"plain","optional":true},"domain":{"type":"string","description_kind":"plain","computed":true},"folder_id":{"type":"string","description_kind":"plain","optional":true,"computed":true},"id":{"type":"string","description_kind":"plain","optional":true,"computed":true},"labels":{"type":["map","string"],"description_kind":"plain","optional":true},"log_group_id":{"type":"string","description_kind":"plain","computed":true},"name":{"type":"string","description_kind":"plain","required":true},"spec":{"type":"string","description_kind":"plain","required":true},"status":{"type":"string","description_kind":"plain","computed":true},"user_domains":{"type":["set","string"],"description_kind":"plain","computed":true}},"block_types":{"timeouts":{"nesting_mode":"single","block":{"attributes":{"create":{"type":"string","description_kind":"plain","optional":true},"delete":{"type":"string","description_kind":"plain","optional":true},"update":{"type":"string","description_kind":"plain","optional":true}},"description_kind":"plain"}}},"description_kind":"plain"}},"yandex_compute_disk":{"version":0,"block":{"attributes":{"created_at":{"type":"string","description_kind":"plain","computed":true},"description":{"type":"string","description_kind":"plain","optional":true},"folder_id":{"type":"string","description_kind":"plain","optional":true,"computed":true},"id":{"type":"string","description_kind":"plain","optional":true,"computed":true},"image_id":{"type":"string","description_kind":"plain","optional":true},"labels":{"type":["map","string"],"description_kind":"plain","optional":true},"name":{"type":"string","description_kind":"plain","optional":true},"product_ids":{"type":["list","string"],"description_kind":"plain","computed":true},"size":{"type":"number","description_kind":"plain","optional":true},"snapshot_id":{"type":"string","description_kind":"plain","optional":true},"status":{"type":"string","description_kind":"plain","computed":true},"type":{"type":"string","description_kind":"plain","optional":true},"zone":{"type":"string","description_kind":"plain","optional":true,"computed":true}},"block_types":{"disk_placement_policy":{"nesting_mode":"list","block":{"attributes":{"disk_placement_group_id":{"type":"string","description_kind":"plain","required":true}},"description_kind":"plain"},"max_items":1},"timeouts":{"nesting_mode":"single","block":{"attributes":{"create":{"type":"string","description_kind":"plain","optional":true},"delete":{"type":"string","description_kind":"plain","optional":true},"update":{"type":"string","description_kind":"plain","optional":true}},"description_kind":"plain"}}},"description_kind":"plain"}},"yandex_compute_disk_placement_group":{"version":0,"block":{"attributes":{"created_at":{"type":"string","description_kind":"plain","computed":true},"description":{"type":"string","description_kind":"plain","optional":true},"folder_id":{"type":"string","description_kind":"plain","optional":true,"computed":true},"id":{"type":"string","description_kind":"plain","optional":true,"computed":true},"labels":{"type":["map","string"],"description_kind":"plain","optional":true},"name":{"type":"string","description_kind":"plain","optional":true},"status":{"type":"string","description_kind":"plain","computed":true},"zone":{"type":"string","description_kind":"plain","optional":true}},"block_types":{"timeouts":{"nesting_mode":"single","block":{"attributes":{"create":{"type":"string","description_kind":"plain","optional":true},"delete":{"type":"string","description_kind":"plain","optional":true},"update":{"type":"string","description_kind":"plain","optional":true}},"description_kind":"plain"}}},"description_kind":"plain"}},"yandex_compute_image":{"version":0,"block":{"attributes":{"created_at":{"type":"string","description_kind":"plain","computed":true},"description":{"type":"string","description_kind":"plain","optional":true},"family":{"type":"string","description_kind":"plain","optional":true},"folder_id":{"type":"string","description_kind":"plain","optional":true,"computed":true},"id":{"type":"string","description_kind":"plain","optional":true,"computed":true},"labels":{"type":["map","string"],"description_kind":"plain","optional":true},"min_disk_size":{"type":"number","description_kind":"plain","optional":true,"computed":true},"name":{"type":"string","description_kind":"plain","optional":true},"os_type":{"type":"string","description_kind":"plain","optional":true,"computed":true},"product_ids":{"type":["set","string"],"description_kind":"plain","optional":true,"computed":true},"size":{"type":"number","description_kind":"plain","computed":true},"source_disk":{"type":"string","description_kind":"plain","optional":true,"computed":true},"source_family":{"type":"string","description_kind":"plain","optional":true,"computed":true},"source_image":{"type":"string","description_kind":"plain","optional":true,"computed":true},"source_snapshot":{"type":"string","description_kind":"plain","optional":true,"computed":true},"source_url":{"type":"string","description_kind":"plain","optional":true,"computed":true},"status":{"type":"string","description_kind":"plain","computed":true}},"block_types":{"timeouts":{"nesting_mode":"single","block":{"attributes":{"create":{"type":"string","description_kind":"plain","optional":true},"delete":{"type":"string","description_kind":"plain","optional":true},"update":{"type":"string","description_kind":"plain","optional":true}},"description_kind":"plain"}}},"description_kind":"plain"}},"yandex_compute_instance":{"version":1,"block":{"attributes":{"allow_stopping_for_update":{"type":"bool","description_kind":"plain","optional":true},"created_at":{"type":"string","description_kind":"plain","computed":true},"description":{"type":"string","description_kind":"plain","optional":true},"folder_id":{"type":"string","description_kind":"plain","optional":true,"computed":true},"fqdn":{"type":"string","description_kind":"plain","computed":true},"hostname":{"type":"string","description_kind":"plain","optional":true,"computed":true},"id":{"type":"string","description_kind":"plain","optional":true,"computed":true},"labels":{"type":["map","string"],"description_kind":"plain","optional":true},"metadata":{"type":["map","string"],"description_kind":"plain","optional":true},"name":{"type":"string","description_kind":"plain","optional":true},"network_acceleration_type":{"type":"string","description_kind":"plain","optional":true},"platform_id":{"type":"string","description_kind":"plain","optional":true},"service_account_id":{"type":"string","description_kind":"plain","optional":true,"computed":true},"status":{"type":"string","description_kind":"plain","computed":true},"zone":{"type":"string","description_kind":"plain","optional":true,"computed":true}},"block_types":{"boot_disk":{"nesting_mode":"list","block":{"attributes":{"auto_delete":{"type":"bool","description_kind":"plain","optional":true},"device_name":{"type":"string","description_kind":"plain","optional":true,"computed":true},"disk_id":{"type":"string","description_kind":"plain","optional":true,"computed":true},"mode":{"type":"string","description_kind":"plain","optional":true,"computed":true}},"block_types":{"initialize_params":{"nesting_mode":"list","block":{"attributes":{"description":{"type":"string","description_kind":"plain","optional":true,"computed":true},"image_id":{"type":"string","description_kind":"plain","optional":true,"computed":true},"name":{"type":"string","description_kind":"plain","optional":true,"computed":true},"size":{"type":"number","description_kind":"plain","optional":true,"computed":true},"snapshot_id":{"type":"string","description_kind":"plain","optional":true,"computed":true},"type":{"type":"string","description_kind":"plain","optional":true}},"description_kind":"plain"},"max_items":1}},"description_kind":"plain"},"min_items":1,"max_items":1},"network_interface":{"nesting_mode":"list","block":{"attributes":{"index":{"type":"number","description_kind":"plain","computed":true},"ip_address":{"type":"string","description_kind":"plain","optional":true,"computed":true},"ipv4":{"type":"bool","description_kind":"plain","optional":true},"ipv6":{"type":"bool","description_kind":"plain","optional":true,"computed":true},"ipv6_address":{"type":"string","description_kind":"plain","optional":true,"computed":true},"mac_address":{"type":"string","description_kind":"plain","computed":true},"nat":{"type":"bool","description_kind":"plain","optional":true,"computed":true},"nat_ip_address":{"type":"string","description_kind":"plain","optional":true,"computed":true},"nat_ip_version":{"type":"string","description_kind":"plain","computed":true},"security_group_ids":{"type":["set","string"],"description_kind":"plain","optional":true,"computed":true},"subnet_id":{"type":"string","description_kind":"plain","required":true}},"block_types":{"dns_record":{"nesting_mode":"list","block":{"attributes":{"dns_zone_id":{"type":"string","description_kind":"plain","optional":true},"fqdn":{"type":"string","description_kind":"plain","required":true},"ptr":{"type":"bool","description_kind":"plain","optional":true},"ttl":{"type":"number","description_kind":"plain","optional":true}},"description_kind":"plain"}},"ipv6_dns_record":{"nesting_mode":"list","block":{"attributes":{"dns_zone_id":{"type":"string","description_kind":"plain","optional":true},"fqdn":{"type":"string","description_kind":"plain","required":true},"ptr":{"type":"bool","description_kind":"plain","optional":true},"ttl":{"type":"number","description_kind":"plain","optional":true}},"description_kind":"plain"}},"nat_dns_record":{"nesting_mode":"list","block":{"attributes":{"dns_zone_id":{"type":"string","description_kind":"plain","optional":true},"fqdn":{"type":"string","description_kind":"plain","required":true},"ptr":{"type":"bool","description_kind":"plain","optional":true},"ttl":{"type":"number","description_kind":"plain","optional":true}},"description_kind":"plain"}}},"description_kind":"plain"},"min_items":1},"placement_policy":{"nesting_mode":"list","block":{"attributes":{"placement_group_id":{"type":"string","description_kind":"plain","required":true}},"description_kind":"plain"},"max_items":1},"resources":{"nesting_mode":"list","block":{"attributes":{"core_fraction":{"type":"number","description_kind":"plain","optional":true},"cores":{"type":"number","description_kind":"plain","required":true},"gpus":{"type":"number","description_kind":"plain","optional":true},"memory":{"type":"number","description_kind":"plain","required":true}},"description_kind":"plain"},"min_items":1,"max_items":1},"scheduling_policy":{"nesting_mode":"list","block":{"attributes":{"preemptible":{"type":"bool","description_kind":"plain","optional":true}},"description_kind":"plain"},"max_items":1},"secondary_disk":{"nesting_mode":"list","block":{"attributes":{"auto_delete":{"type":"bool","description_kind":"plain","optional":true},"device_name":{"type":"string","description_kind":"plain","optional":true,"computed":true},"disk_id":{"type":"string","description_kind":"plain","required":true},"mode":{"type":"string","description_kind":"plain","optional":true}},"description_kind":"plain"}},"timeouts":{"nesting_mode":"single","block":{"attributes":{"create":{"type":"string","description_kind":"plain","optional":true},"delete":{"type":"string","description_kind":"plain","optional":true},"update":{"type":"string","description_kind":"plain","optional":true}},"description_kind":"plain"}}},"description_kind":"plain"}},"yandex_compute_instance_group":{"version":0,"block":{"attributes":{"created_at":{"type":"string","description_kind":"plain","computed":true},"deletion_protection":{"type":"bool","description_kind":"plain","optional":true},"description":{"type":"string","description_kind":"plain","optional":true},"folder_id":{"type":"string","description_kind":"plain","optional":true,"computed":true},"id":{"type":"string","description_kind":"plain","optional":true,"computed":true},"instances":{"type":["list",["object",{"fqdn":"string","instance_id":"string","name":"string","network_interface":["list",["object",{"index":"number","ip_address":"string","ipv4":"bool","ipv6":"bool","ipv6_address":"string","mac_address":"string","nat":"bool","nat_ip_address":"string","nat_ip_version":"string","subnet_id":"string"}]],"status":"string","status_changed_at":"string","status_message":"string","zone_id":"string"}]],"description_kind":"plain","computed":true},"labels":{"type":["map","string"],"description_kind":"plain","optional":true},"max_checking_health_duration":{"type":"number","description_kind":"plain","optional":true},"name":{"type":"string","description_kind":"plain","optional":true},"service_account_id":{"type":"string","description_kind":"plain","required":true},"status":{"type":"string","description_kind":"plain","computed":true},"variables":{"type":["map","string"],"description_kind":"plain","optional":true}},"block_types":{"allocation_policy":{"nesting_mode":"list","block":{"attributes":{"zones":{"type":["set","string"],"description_kind":"plain","required":true}},"description_kind":"plain"},"min_items":1,"max_items":1},"application_load_balancer":{"nesting_mode":"list","block":{"attributes":{"max_opening_traffic_duration":{"type":"number","description_kind":"plain","optional":true},"status_message":{"type":"string","description_kind":"plain","computed":true},"target_group_description":{"type":"string","description_kind":"plain","optional":true},"target_group_id":{"type":"string","description_kind":"plain","computed":true},"target_group_labels":{"type":["map","string"],"description_kind":"plain","optional":true},"target_group_name":{"type":"string","description_kind":"plain","optional":true}},"description_kind":"plain"},"max_items":1},"deploy_policy":{"nesting_mode":"list","block":{"attributes":{"max_creating":{"type":"number","description_kind":"plain","optional":true},"max_deleting":{"type":"number","description_kind":"plain","optional":true},"max_expansion":{"type":"number","description_kind":"plain","required":true},"max_unavailable":{"type":"number","description_kind":"plain","required":true},"startup_duration":{"type":"number","description_kind":"plain","optional":true},"strategy":{"type":"string","description_kind":"plain","optional":true,"computed":true}},"description_kind":"plain"},"min_items":1,"max_items":1},"health_check":{"nesting_mode":"list","block":{"attributes":{"healthy_threshold":{"type":"number","description_kind":"plain","optional":true},"interval":{"type":"number","description_kind":"plain","optional":true},"timeout":{"type":"number","description_kind":"plain","optional":true},"unhealthy_threshold":{"type":"number","description_kind":"plain","optional":true}},"block_types":{"http_options":{"nesting_mode":"list","block":{"attributes":{"path":{"type":"string","description_kind":"plain","required":true},"port":{"type":"number","description_kind":"plain","required":true}},"description_kind":"plain"}},"tcp_options":{"nesting_mode":"list","block":{"attributes":{"port":{"type":"number","description_kind":"plain","required":true}},"description_kind":"plain"}}},"description_kind":"plain"}},"instance_template":{"nesting_mode":"list","block":{"attributes":{"description":{"type":"string","description_kind":"plain","optional":true},"hostname":{"type":"string","description_kind":"plain","optional":true},"labels":{"type":["map","string"],"description_kind":"plain","optional":true},"metadata":{"type":["map","string"],"description_kind":"plain","optional":true},"name":{"type":"string","description_kind":"plain","optional":true},"platform_id":{"type":"string","description_kind":"plain","optional":true},"service_account_id":{"type":"string","description_kind":"plain","optional":true}},"block_types":{"boot_disk":{"nesting_mode":"list","block":{"attributes":{"device_name":{"type":"string","description_kind":"plain","optional":true,"computed":true},"disk_id":{"type":"string","description_kind":"plain","optional":true},"mode":{"type":"string","description_kind":"plain","optional":true}},"block_types":{"initialize_params":{"nesting_mode":"list","block":{"attributes":{"description":{"type":"string","description_kind":"plain","optional":true},"image_id":{"type":"string","description_kind":"plain","optional":true,"computed":true},"size":{"type":"number","description_kind":"plain","optional":true,"computed":true},"snapshot_id":{"type":"string","description_kind":"plain","optional":true,"computed":true},"type":{"type":"string","description_kind":"plain","optional":true}},"description_kind":"plain"},"max_items":1}},"description_kind":"plain"},"min_items":1,"max_items":1},"network_interface":{"nesting_mode":"list","block":{"attributes":{"ip_address":{"type":"string","description_kind":"plain","optional":true,"computed":true},"ipv4":{"type":"bool","description_kind":"plain","optional":true},"ipv6":{"type":"bool","description_kind":"plain","optional":true,"computed":true},"ipv6_address":{"type":"string","description_kind":"plain","optional":true,"computed":true},"nat":{"type":"bool","description_kind":"plain","optional":true,"computed":true},"nat_ip_address":{"type":"string","description_kind":"plain","optional":true},"network_id":{"type":"string","description_kind":"plain","optional":true},"security_group_ids":{"type":["set","string"],"description_kind":"plain","optional":true},"subnet_ids":{"type":["set","string"],"description_kind":"plain","optional":true}},"block_types":{"dns_record":{"nesting_mode":"list","block":{"attributes":{"dns_zone_id":{"type":"string","description_kind":"plain","optional":true},"fqdn":{"type":"string","description_kind":"plain","required":true},"ptr":{"type":"bool","description_kind":"plain","optional":true,"computed":true},"ttl":{"type":"number","description_kind":"plain","optional":true}},"description_kind":"plain"}},"ipv6_dns_record":{"nesting_mode":"list","block":{"attributes":{"dns_zone_id":{"type":"string","description_kind":"plain","optional":true},"fqdn":{"type":"string","description_kind":"plain","required":true},"ptr":{"type":"bool","description_kind":"plain","optional":true,"computed":true},"ttl":{"type":"number","description_kind":"plain","optional":true}},"description_kind":"plain"}},"nat_dns_record":{"nesting_mode":"list","block":{"attributes":{"dns_zone_id":{"type":"string","description_kind":"plain","optional":true},"fqdn":{"type":"string","description_kind":"plain","required":true},"ptr":{"type":"bool","description_kind":"plain","optional":true,"computed":true},"ttl":{"type":"number","description_kind":"plain","optional":true}},"description_kind":"plain"}}},"description_kind":"plain"},"min_items":1},"network_settings":{"nesting_mode":"list","block":{"attributes":{"type":{"type":"string","description_kind":"plain","optional":true}},"description_kind":"plain"}},"placement_policy":{"nesting_mode":"list","block":{"attributes":{"placement_group_id":{"type":"string","description_kind":"plain","required":true}},"description_kind":"plain"},"max_items":1},"resources":{"nesting_mode":"list","block":{"attributes":{"core_fraction":{"type":"number","description_kind":"plain","optional":true},"cores":{"type":"number","description_kind":"plain","required":true},"gpus":{"type":"number","description_kind":"plain","optional":true},"memory":{"type":"number","description_kind":"plain","required":true}},"description_kind":"plain"},"min_items":1,"max_items":1},"scheduling_policy":{"nesting_mode":"list","block":{"attributes":{"preemptible":{"type":"bool","description_kind":"plain","optional":true}},"description_kind":"plain"},"max_items":1},"secondary_disk":{"nesting_mode":"list","block":{"attributes":{"device_name":{"type":"string","description_kind":"plain","optional":true},"disk_id":{"type":"string","description_kind":"plain","optional":true},"mode":{"type":"string","description_kind":"plain","optional":true}},"block_types":{"initialize_params":{"nesting_mode":"list","block":{"attributes":{"description":{"type":"string","description_kind":"plain","optional":true},"image_id":{"type":"string","description_kind":"plain","optional":true},"size":{"type":"number","description_kind":"plain","optional":true},"snapshot_id":{"type":"string","description_kind":"plain","optional":true},"type":{"type":"string","description_kind":"plain","optional":true}},"description_kind":"plain"},"max_items":1}},"description_kind":"plain"}}},"description_kind":"plain"},"min_items":1,"max_items":1},"load_balancer":{"nesting_mode":"list","block":{"attributes":{"max_opening_traffic_duration":{"type":"number","description_kind":"plain","optional":true},"status_message":{"type":"string","description_kind":"plain","computed":true},"target_group_description":{"type":"string","description_kind":"plain","optional":true},"target_group_id":{"type":"string","description_kind":"plain","computed":true},"target_group_labels":{"type":["map","string"],"description_kind":"plain","optional":true},"target_group_name":{"type":"string","description_kind":"plain","optional":true}},"description_kind":"plain"},"max_items":1},"scale_policy":{"nesting_mode":"list","block":{"block_types":{"auto_scale":{"nesting_mode":"list","block":{"attributes":{"cpu_utilization_target":{"type":"number","description_kind":"plain","optional":true},"initial_size":{"type":"number","description_kind":"plain","required":true},"max_size":{"type":"number","description_kind":"plain","optional":true},"measurement_duration":{"type":"number","description_kind":"plain","required":true},"min_zone_size":{"type":"number","description_kind":"plain","optional":true},"stabilization_duration":{"type":"number","description_kind":"plain","optional":true,"computed":true},"warmup_duration":{"type":"number","description_kind":"plain","optional":true,"computed":true}},"block_types":{"custom_rule":{"nesting_mode":"list","block":{"attributes":{"folder_id":{"type":"string","description_kind":"plain","optional":true},"labels":{"type":["map","string"],"description_kind":"plain","optional":true},"metric_name":{"type":"string","description_kind":"plain","required":true},"metric_type":{"type":"string","description_kind":"plain","required":true},"rule_type":{"type":"string","description_kind":"plain","required":true},"service":{"type":"string","description_kind":"plain","optional":true},"target":{"type":"number","description_kind":"plain","required":true}},"description_kind":"plain"}}},"description_kind":"plain"},"max_items":1},"fixed_scale":{"nesting_mode":"list","block":{"attributes":{"size":{"type":"number","description_kind":"plain","required":true}},"description_kind":"plain"},"max_items":1},"test_auto_scale":{"nesting_mode":"list","block":{"attributes":{"cpu_utilization_target":{"type":"number","description_kind":"plain","optional":true},"initial_size":{"type":"number","description_kind":"plain","required":true},"max_size":{"type":"number","description_kind":"plain","optional":true},"measurement_duration":{"type":"number","description_kind":"plain","required":true},"min_zone_size":{"type":"number","description_kind":"plain","optional":true},"stabilization_duration":{"type":"number","description_kind":"plain","optional":true,"computed":true},"warmup_duration":{"type":"number","description_kind":"plain","optional":true,"computed":true}},"block_types":{"custom_rule":{"nesting_mode":"list","block":{"attributes":{"folder_id":{"type":"string","description_kind":"plain","optional":true},"labels":{"type":["map","string"],"description_kind":"plain","optional":true},"metric_name":{"type":"string","description_kind":"plain","required":true},"metric_type":{"type":"string","description_kind":"plain","required":true},"rule_type":{"type":"string","description_kind":"plain","required":true},"service":{"type":"string","description_kind":"plain","optional":true},"target":{"type":"number","description_kind":"plain","required":true}},"description_kind":"plain"}}},"description_kind":"plain"},"max_items":1}},"description_kind":"plain"},"min_items":1,"max_items":1},"timeouts":{"nesting_mode":"single","block":{"attributes":{"create":{"type":"string","description_kind":"plain","optional":true},"delete":{"type":"string","description_kind":"plain","optional":true},"update":{"type":"string","description_kind":"plain","optional":true}},"description_kind":"plain"}}},"description_kind":"plain"}},"yandex_compute_placement_group":{"version":0,"block":{"attributes":{"created_at":{"type":"string","description_kind":"plain","computed":true},"description":{"type":"string","description_kind":"plain","optional":true},"folder_id":{"type":"string","description_kind":"plain","optional":true,"computed":true},"id":{"type":"string","description_kind":"plain","optional":true,"computed":true},"labels":{"type":["map","string"],"description_kind":"plain","optional":true},"name":{"type":"string","description_kind":"plain","optional":true}},"block_types":{"timeouts":{"nesting_mode":"single","block":{"attributes":{"create":{"type":"string","description_kind":"plain","optional":true},"delete":{"type":"string","description_kind":"plain","optional":true},"update":{"type":"string","description_kind":"plain","optional":true}},"description_kind":"plain"}}},"description_kind":"plain"}},"yandex_compute_snapshot":{"version":0,"block":{"attributes":{"created_at":{"type":"string","description_kind":"plain","computed":true},"description":{"type":"string","description_kind":"plain","optional":true},"disk_size":{"type":"number","description_kind":"plain","computed":true},"folder_id":{"type":"string","description_kind":"plain","optional":true,"computed":true},"id":{"type":"string","description_kind":"plain","optional":true,"computed":true},"labels":{"type":["map","string"],"description_kind":"plain","optional":true},"name":{"type":"string","description_kind":"plain","optional":true},"source_disk_id":{"type":"string","description_kind":"plain","required":true},"storage_size":{"type":"number","description_kind":"plain","computed":true}},"block_types":{"timeouts":{"nesting_mode":"single","block":{"attributes":{"create":{"type":"string","description_kind":"plain","optional":true},"delete":{"type":"string","description_kind":"plain","optional":true},"update":{"type":"string","description_kind":"plain","optional":true}},"description_kind":"plain"}}},"description_kind":"plain"}},"yandex_container_registry":{"version":0,"block":{"attributes":{"created_at":{"type":"string","description_kind":"plain","computed":true},"folder_id":{"type":"string","description_kind":"plain","optional":true,"computed":true},"id":{"type":"string","description_kind":"plain","optional":true,"computed":true},"labels":{"type":["map","string"],"description_kind":"plain","optional":true},"name":{"type":"string","description_kind":"plain","optional":true,"computed":true},"status":{"type":"string","description_kind":"plain","computed":true}},"block_types":{"timeouts":{"nesting_mode":"single","block":{"attributes":{"create":{"type":"string","description_kind":"plain","optional":true},"delete":{"type":"string","description_kind":"plain","optional":true},"update":{"type":"string","description_kind":"plain","optional":true}},"description_kind":"plain"}}},"description_kind":"plain"}},"yandex_container_registry_iam_binding":{"version":0,"block":{"attributes":{"id":{"type":"string","description_kind":"plain","optional":true,"computed":true},"members":{"type":["set","string"],"description_kind":"plain","required":true},"registry_id":{"type":"string","description_kind":"plain","required":true},"role":{"type":"string","description_kind":"plain","required":true},"sleep_after":{"type":"number","description_kind":"plain","optional":true}},"description_kind":"plain"}},"yandex_container_repository":{"version":0,"block":{"attributes":{"id":{"type":"string","description_kind":"plain","optional":true,"computed":true},"name":{"type":"string","description_kind":"plain","optional":true,"computed":true}},"block_types":{"timeouts":{"nesting_mode":"single","block":{"attributes":{"create":{"type":"string","description_kind":"plain","optional":true},"delete":{"type":"string","description_kind":"plain","optional":true}},"description_kind":"plain"}}},"description_kind":"plain"}},"yandex_container_repository_iam_binding":{"version":0,"block":{"attributes":{"id":{"type":"string","description_kind":"plain","optional":true,"computed":true},"members":{"type":["set","string"],"description_kind":"plain","required":true},"repository_id":{"type":"string","description_kind":"plain","required":true},"role":{"type":"string","description_kind":"plain","required":true},"sleep_after":{"type":"number","description_kind":"plain","optional":true}},"description_kind":"plain"}},"yandex_dataproc_cluster":{"version":0,"block":{"attributes":{"bucket":{"type":"string","description_kind":"plain","optional":true},"created_at":{"type":"string","description_kind":"plain","computed":true},"deletion_protection":{"type":"bool","description_kind":"plain","optional":true,"computed":true},"description":{"type":"string","description_kind":"plain","optional":true},"folder_id":{"type":"string","description_kind":"plain","optional":true,"computed":true},"host_group_ids":{"type":["set","string"],"description_kind":"plain","optional":true},"id":{"type":"string","description_kind":"plain","optional":true,"computed":true},"labels":{"type":["map","string"],"description_kind":"plain","optional":true},"name":{"type":"string","description_kind":"plain","required":true},"security_group_ids":{"type":["set","string"],"description_kind":"plain","optional":true},"service_account_id":{"type":"string","description_kind":"plain","required":true},"ui_proxy":{"type":"bool","description_kind":"plain","optional":true},"zone_id":{"type":"string","description_kind":"plain","optional":true,"computed":true}},"block_types":{"cluster_config":{"nesting_mode":"list","block":{"attributes":{"version_id":{"type":"string","description_kind":"plain","optional":true,"computed":true}},"block_types":{"hadoop":{"nesting_mode":"list","block":{"attributes":{"properties":{"type":["map","string"],"description_kind":"plain","optional":true},"services":{"type":["set","string"],"description_kind":"plain","optional":true},"ssh_public_keys":{"type":["set","string"],"description_kind":"plain","optional":true}},"description_kind":"plain"},"max_items":1},"subcluster_spec":{"nesting_mode":"list","block":{"attributes":{"hosts_count":{"type":"number","description_kind":"plain","required":true},"id":{"type":"string","description_kind":"plain","computed":true},"name":{"type":"string","description_kind":"plain","required":true},"role":{"type":"string","description_kind":"plain","required":true},"subnet_id":{"type":"string","description_kind":"plain","required":true}},"block_types":{"autoscaling_config":{"nesting_mode":"list","block":{"attributes":{"cpu_utilization_target":{"type":"number","description_kind":"plain","optional":true},"decommission_timeout":{"type":"number","description_kind":"plain","optional":true},"max_hosts_count":{"type":"number","description_kind":"plain","required":true},"measurement_duration":{"type":"number","description_kind":"plain","optional":true},"preemptible":{"type":"bool","description_kind":"plain","optional":true},"stabilization_duration":{"type":"number","description_kind":"plain","optional":true},"warmup_duration":{"type":"number","description_kind":"plain","optional":true}},"description_kind":"plain"},"max_items":1},"resources":{"nesting_mode":"list","block":{"attributes":{"disk_size":{"type":"number","description_kind":"plain","required":true},"disk_type_id":{"type":"string","description_kind":"plain","optional":true},"resource_preset_id":{"type":"string","description_kind":"plain","required":true}},"description_kind":"plain"},"min_items":1,"max_items":1}},"description_kind":"plain"},"min_items":1}},"description_kind":"plain"},"min_items":1,"max_items":1},"timeouts":{"nesting_mode":"single","block":{"attributes":{"create":{"type":"string","description_kind":"plain","optional":true},"delete":{"type":"string","description_kind":"plain","optional":true},"update":{"type":"string","description_kind":"plain","optional":true}},"description_kind":"plain"}}},"description_kind":"plain"}},"yandex_dns_recordset":{"version":0,"block":{"attributes":{"data":{"type":["set","string"],"description_kind":"plain","required":true},"id":{"type":"string","description_kind":"plain","optional":true,"computed":true},"name":{"type":"string","description_kind":"plain","required":true},"ttl":{"type":"number","description_kind":"plain","required":true},"type":{"type":"string","description_kind":"plain","required":true},"zone_id":{"type":"string","description_kind":"plain","required":true}},"block_types":{"timeouts":{"nesting_mode":"single","block":{"attributes":{"create":{"type":"string","description_kind":"plain","optional":true},"delete":{"type":"string","description_kind":"plain","optional":true},"update":{"type":"string","description_kind":"plain","optional":true}},"description_kind":"plain"}}},"description_kind":"plain"}},"yandex_dns_zone":{"version":0,"block":{"attributes":{"created_at":{"type":"string","description_kind":"plain","computed":true},"description":{"type":"string","description_kind":"plain","optional":true},"folder_id":{"type":"string","description_kind":"plain","optional":true,"computed":true},"id":{"type":"string","description_kind":"plain","optional":true,"computed":true},"labels":{"type":["map","string"],"description_kind":"plain","optional":true},"name":{"type":"string","description_kind":"plain","optional":true},"private_networks":{"type":["set","string"],"description_kind":"plain","optional":true,"computed":true},"public":{"type":"bool","description_kind":"plain","optional":true,"computed":true},"zone":{"type":"string","description_kind":"plain","required":true}},"block_types":{"timeouts":{"nesting_mode":"single","block":{"attributes":{"create":{"type":"string","description_kind":"plain","optional":true},"delete":{"type":"string","description_kind":"plain","optional":true},"update":{"type":"string","description_kind":"plain","optional":true}},"description_kind":"plain"}}},"description_kind":"plain"}},"yandex_function":{"version":0,"block":{"attributes":{"created_at":{"type":"string","description_kind":"plain","computed":true},"description":{"type":"string","description_kind":"plain","optional":true},"entrypoint":{"type":"string","description_kind":"plain","required":true},"environment":{"type":["map","string"],"description_kind":"plain","optional":true},"execution_timeout":{"type":"string","description_kind":"plain","optional":true},"folder_id":{"type":"string","description_kind":"plain","optional":true,"computed":true},"id":{"type":"string","description_kind":"plain","optional":true,"computed":true},"image_size":{"type":"number","description_kind":"plain","computed":true},"labels":{"type":["map","string"],"description_kind":"plain","optional":true},"loggroup_id":{"type":"string","description_kind":"plain","computed":true},"memory":{"type":"number","description_kind":"plain","required":true},"name":{"type":"string","description_kind":"plain","required":true},"runtime":{"type":"string","description_kind":"plain","required":true},"service_account_id":{"type":"string","description_kind":"plain","optional":true},"tags":{"type":["set","string"],"description_kind":"plain","optional":true,"computed":true},"user_hash":{"type":"string","description_kind":"plain","required":true},"version":{"type":"string","description_kind":"plain","computed":true}},"block_types":{"content":{"nesting_mode":"list","block":{"attributes":{"zip_filename":{"type":"string","description_kind":"plain","required":true}},"description_kind":"plain"},"max_items":1},"package":{"nesting_mode":"list","block":{"attributes":{"bucket_name":{"type":"string","description_kind":"plain","required":true},"object_name":{"type":"string","description_kind":"plain","required":true},"sha_256":{"type":"string","description_kind":"plain","optional":true}},"description_kind":"plain"},"max_items":1},"timeouts":{"nesting_mode":"single","block":{"attributes":{"create":{"type":"string","description_kind":"plain","optional":true},"delete":{"type":"string","description_kind":"plain","optional":true},"update":{"type":"string","description_kind":"plain","optional":true}},"description_kind":"plain"}}},"description_kind":"plain"}},"yandex_function_iam_binding":{"version":0,"block":{"attributes":{"function_id":{"type":"string","description_kind":"plain","required":true},"id":{"type":"string","description_kind":"plain","optional":true,"computed":true},"members":{"type":["set","string"],"description_kind":"plain","required":true},"role":{"type":"string","description_kind":"plain","required":true},"sleep_after":{"type":"number","description_kind":"plain","optional":true}},"description_kind":"plain"}},"yandex_function_scaling_policy":{"version":0,"block":{"attributes":{"function_id":{"type":"string","description_kind":"plain","required":true},"id":{"type":"string","description_kind":"plain","optional":true,"computed":true}},"block_types":{"policy":{"nesting_mode":"set","block":{"attributes":{"tag":{"type":"string","description_kind":"plain","required":true},"zone_instances_limit":{"type":"number","description_kind":"plain","optional":true},"zone_requests_limit":{"type":"number","description_kind":"plain","optional":true}},"description_kind":"plain"}}},"description_kind":"plain"}},"yandex_function_trigger":{"version":0,"block":{"attributes":{"created_at":{"type":"string","description_kind":"plain","computed":true},"description":{"type":"string","description_kind":"plain","optional":true},"folder_id":{"type":"string","description_kind":"plain","optional":true,"computed":true},"id":{"type":"string","description_kind":"plain","optional":true,"computed":true},"labels":{"type":["map","string"],"description_kind":"plain","optional":true},"name":{"type":"string","description_kind":"plain","required":true}},"block_types":{"dlq":{"nesting_mode":"list","block":{"attributes":{"queue_id":{"type":"string","description_kind":"plain","required":true},"service_account_id":{"type":"string","description_kind":"plain","required":true}},"description_kind":"plain"},"max_items":1},"function":{"nesting_mode":"list","block":{"attributes":{"id":{"type":"string","description_kind":"plain","required":true},"retry_attempts":{"type":"string","description_kind":"plain","optional":true},"retry_interval":{"type":"string","description_kind":"plain","optional":true},"service_account_id":{"type":"string","description_kind":"plain","optional":true},"tag":{"type":"string","description_kind":"plain","optional":true}},"description_kind":"plain"},"min_items":1,"max_items":1},"iot":{"nesting_mode":"list","block":{"attributes":{"device_id":{"type":"string","description_kind":"plain","optional":true},"registry_id":{"type":"string","description_kind":"plain","required":true},"topic":{"type":"string","description_kind":"plain","optional":true}},"description_kind":"plain"},"max_items":1},"log_group":{"nesting_mode":"list","block":{"attributes":{"batch_cutoff":{"type":"string","description_kind":"plain","required":true},"batch_size":{"type":"string","description_kind":"plain","optional":true},"log_group_ids":{"type":["set","string"],"description_kind":"plain","required":true}},"description_kind":"plain"},"max_items":1},"logging":{"nesting_mode":"list","block":{"attributes":{"batch_cutoff":{"type":"string","description_kind":"plain","required":true},"batch_size":{"type":"string","description_kind":"plain","optional":true},"group_id":{"type":"string","description_kind":"plain","required":true},"levels":{"type":["set","string"],"description_kind":"plain","required":true},"resource_ids":{"type":["set","string"],"description_kind":"plain","required":true},"resource_types":{"type":["set","string"],"description_kind":"plain","required":true}},"description_kind":"plain"},"max_items":1},"message_queue":{"nesting_mode":"list","block":{"attributes":{"batch_cutoff":{"type":"string","description_kind":"plain","required":true},"batch_size":{"type":"string","description_kind":"plain","optional":true},"queue_id":{"type":"string","description_kind":"plain","required":true},"service_account_id":{"type":"string","description_kind":"plain","required":true},"visibility_timeout":{"type":"string","description_kind":"plain","optional":true}},"description_kind":"plain"},"max_items":1},"object_storage":{"nesting_mode":"list","block":{"attributes":{"bucket_id":{"type":"string","description_kind":"plain","required":true},"create":{"type":"bool","description_kind":"plain","optional":true},"delete":{"type":"bool","description_kind":"plain","optional":true},"prefix":{"type":"string","description_kind":"plain","optional":true},"suffix":{"type":"string","description_kind":"plain","optional":true},"update":{"type":"bool","description_kind":"plain","optional":true}},"description_kind":"plain"},"max_items":1},"timeouts":{"nesting_mode":"single","block":{"attributes":{"create":{"type":"string","description_kind":"plain","optional":true},"delete":{"type":"string","description_kind":"plain","optional":true},"update":{"type":"string","description_kind":"plain","optional":true}},"description_kind":"plain"}},"timer":{"nesting_mode":"list","block":{"attributes":{"cron_expression":{"type":"string","description_kind":"plain","required":true}},"description_kind":"plain"},"max_items":1}},"description_kind":"plain"}},"yandex_iam_service_account":{"version":0,"block":{"attributes":{"created_at":{"type":"string","description_kind":"plain","computed":true},"description":{"type":"string","description_kind":"plain","optional":true},"folder_id":{"type":"string","description_kind":"plain","optional":true,"computed":true},"id":{"type":"string","description_kind":"plain","optional":true,"computed":true},"name":{"type":"string","description_kind":"plain","required":true}},"block_types":{"timeouts":{"nesting_mode":"single","block":{"attributes":{"create":{"type":"string","description_kind":"plain","optional":true},"delete":{"type":"string","description_kind":"plain","optional":true},"update":{"type":"string","description_kind":"plain","optional":true}},"description_kind":"plain"}}},"description_kind":"plain"}},"yandex_iam_service_account_api_key":{"version":0,"block":{"attributes":{"created_at":{"type":"string","description_kind":"plain","computed":true},"description":{"type":"string","description_kind":"plain","optional":true},"encrypted_secret_key":{"type":"string","description_kind":"plain","computed":true},"id":{"type":"string","description_kind":"plain","optional":true,"computed":true},"key_fingerprint":{"type":"string","description_kind":"plain","computed":true},"pgp_key":{"type":"string","description_kind":"plain","optional":true},"secret_key":{"type":"string","description_kind":"plain","computed":true,"sensitive":true},"service_account_id":{"type":"string","description_kind":"plain","required":true}},"description_kind":"plain"}},"yandex_iam_service_account_iam_binding":{"version":0,"block":{"attributes":{"id":{"type":"string","description_kind":"plain","optional":true,"computed":true},"members":{"type":["set","string"],"description_kind":"plain","required":true},"role":{"type":"string","description_kind":"plain","required":true},"service_account_id":{"type":"string","description_kind":"plain","required":true},"sleep_after":{"type":"number","description_kind":"plain","optional":true}},"description_kind":"plain"}},"yandex_iam_service_account_iam_member":{"version":0,"block":{"attributes":{"id":{"type":"string","description_kind":"plain","optional":true,"computed":true},"member":{"type":"string","description_kind":"plain","required":true},"role":{"type":"string","description_kind":"plain","required":true},"service_account_id":{"type":"string","description_kind":"plain","required":true},"sleep_after":{"type":"number","description_kind":"plain","optional":true}},"description_kind":"plain"}},"yandex_iam_service_account_iam_policy":{"version":0,"block":{"attributes":{"id":{"type":"string","description_kind":"plain","optional":true,"computed":true},"policy_data":{"type":"string","description_kind":"plain","required":true},"service_account_id":{"type":"string","description_kind":"plain","required":true}},"description_kind":"plain"}},"yandex_iam_service_account_key":{"version":0,"block":{"attributes":{"created_at":{"type":"string","description_kind":"plain","computed":true},"description":{"type":"string","description_kind":"plain","optional":true},"encrypted_private_key":{"type":"string","description_kind":"plain","computed":true},"format":{"type":"string","description_kind":"plain","optional":true},"id":{"type":"string","description_kind":"plain","optional":true,"computed":true},"key_algorithm":{"type":"string","description_kind":"plain","optional":true},"key_fingerprint":{"type":"string","description_kind":"plain","computed":true},"pgp_key":{"type":"string","description_kind":"plain","optional":true},"private_key":{"type":"string","description_kind":"plain","computed":true,"sensitive":true},"public_key":{"type":"string","description_kind":"plain","computed":true},"service_account_id":{"type":"string","description_kind":"plain","required":true}},"description_kind":"plain"}},"yandex_iam_service_account_static_access_key":{"version":0,"block":{"attributes":{"access_key":{"type":"string","description_kind":"plain","computed":true},"created_at":{"type":"string","description_kind":"plain","computed":true},"description":{"type":"string","description_kind":"plain","optional":true},"encrypted_secret_key":{"type":"string","description_kind":"plain","computed":true},"id":{"type":"string","description_kind":"plain","optional":true,"computed":true},"key_fingerprint":{"type":"string","description_kind":"plain","computed":true},"pgp_key":{"type":"string","description_kind":"plain","optional":true},"secret_key":{"type":"string","description_kind":"plain","computed":true,"sensitive":true},"service_account_id":{"type":"string","description_kind":"plain","required":true}},"description_kind":"plain"}},"yandex_iot_core_device":{"version":0,"block":{"attributes":{"aliases":{"type":["map","string"],"description_kind":"plain","optional":true},"certificates":{"type":["set","string"],"description_kind":"plain","optional":true},"created_at":{"type":"string","description_kind":"plain","computed":true},"description":{"type":"string","description_kind":"plain","optional":true},"id":{"type":"string","description_kind":"plain","optional":true,"computed":true},"name":{"type":"string","description_kind":"plain","required":true},"passwords":{"type":["set","string"],"description_kind":"plain","optional":true,"sensitive":true},"registry_id":{"type":"string","description_kind":"plain","required":true}},"block_types":{"timeouts":{"nesting_mode":"single","block":{"attributes":{"create":{"type":"string","description_kind":"plain","optional":true},"delete":{"type":"string","description_kind":"plain","optional":true},"update":{"type":"string","description_kind":"plain","optional":true}},"description_kind":"plain"}}},"description_kind":"plain"}},"yandex_iot_core_registry":{"version":0,"block":{"attributes":{"certificates":{"type":["set","string"],"description_kind":"plain","optional":true},"created_at":{"type":"string","description_kind":"plain","computed":true},"description":{"type":"string","description_kind":"plain","optional":true},"folder_id":{"type":"string","description_kind":"plain","optional":true,"computed":true},"id":{"type":"string","description_kind":"plain","optional":true,"computed":true},"labels":{"type":["map","string"],"description_kind":"plain","optional":true},"name":{"type":"string","description_kind":"plain","required":true},"passwords":{"type":["set","string"],"description_kind":"plain","optional":true,"sensitive":true}},"block_types":{"timeouts":{"nesting_mode":"single","block":{"attributes":{"create":{"type":"string","description_kind":"plain","optional":true},"delete":{"type":"string","description_kind":"plain","optional":true},"update":{"type":"string","description_kind":"plain","optional":true}},"description_kind":"plain"}}},"description_kind":"plain"}},"yandex_kms_secret_ciphertext":{"version":0,"block":{"attributes":{"aad_context":{"type":"string","description_kind":"plain","optional":true},"ciphertext":{"type":"string","description_kind":"plain","computed":true},"id":{"type":"string","description_kind":"plain","optional":true,"computed":true},"key_id":{"type":"string","description_kind":"plain","required":true},"plaintext":{"type":"string","description_kind":"plain","required":true,"sensitive":true}},"block_types":{"timeouts":{"nesting_mode":"single","block":{"attributes":{"create":{"type":"string","description_kind":"plain","optional":true},"delete":{"type":"string","description_kind":"plain","optional":true},"read":{"type":"string","description_kind":"plain","optional":true}},"description_kind":"plain"}}},"description_kind":"plain"}},"yandex_kms_symmetric_key":{"version":0,"block":{"attributes":{"created_at":{"type":"string","description_kind":"plain","computed":true},"default_algorithm":{"type":"string","description_kind":"plain","optional":true},"description":{"type":"string","description_kind":"plain","optional":true},"folder_id":{"type":"string","description_kind":"plain","optional":true,"computed":true},"id":{"type":"string","description_kind":"plain","optional":true,"computed":true},"labels":{"type":["map","string"],"description_kind":"plain","optional":true},"name":{"type":"string","description_kind":"plain","optional":true},"rotated_at":{"type":"string","description_kind":"plain","computed":true},"rotation_period":{"type":"string","description_kind":"plain","optional":true},"status":{"type":"string","description_kind":"plain","computed":true}},"block_types":{"timeouts":{"nesting_mode":"single","block":{"attributes":{"create":{"type":"string","description_kind":"plain","optional":true},"delete":{"type":"string","description_kind":"plain","optional":true},"read":{"type":"string","description_kind":"plain","optional":true},"update":{"type":"string","description_kind":"plain","optional":true}},"description_kind":"plain"}}},"description_kind":"plain"}},"yandex_kms_symmetric_key_iam_binding":{"version":0,"block":{"attributes":{"id":{"type":"string","description_kind":"plain","optional":true,"computed":true},"members":{"type":["set","string"],"description_kind":"plain","required":true},"role":{"type":"string","description_kind":"plain","required":true},"sleep_after":{"type":"number","description_kind":"plain","optional":true},"symmetric_key_id":{"type":"string","description_kind":"plain","required":true}},"description_kind":"plain"}},"yandex_kubernetes_cluster":{"version":0,"block":{"attributes":{"cluster_ipv4_range":{"type":"string","description_kind":"plain","optional":true,"computed":true},"cluster_ipv6_range":{"type":"string","description_kind":"plain","optional":true,"computed":true},"created_at":{"type":"string","description_kind":"plain","computed":true},"description":{"type":"string","description_kind":"plain","optional":true,"computed":true},"folder_id":{"type":"string","description_kind":"plain","optional":true,"computed":true},"health":{"type":"string","description_kind":"plain","computed":true},"id":{"type":"string","description_kind":"plain","optional":true,"computed":true},"labels":{"type":["map","string"],"description_kind":"plain","optional":true,"computed":true},"log_group_id":{"type":"string","description_kind":"plain","computed":true},"name":{"type":"string","description_kind":"plain","optional":true,"computed":true},"network_id":{"type":"string","description_kind":"plain","required":true},"network_policy_provider":{"type":"string","description_kind":"plain","optional":true},"node_ipv4_cidr_mask_size":{"type":"number","description_kind":"plain","optional":true},"node_service_account_id":{"type":"string","description_kind":"plain","required":true},"release_channel":{"type":"string","description_kind":"plain","optional":true,"computed":true},"service_account_id":{"type":"string","description_kind":"plain","required":true},"service_ipv4_range":{"type":"string","description_kind":"plain","optional":true,"computed":true},"service_ipv6_range":{"type":"string","description_kind":"plain","optional":true,"computed":true},"status":{"type":"string","description_kind":"plain","computed":true}},"block_types":{"kms_provider":{"nesting_mode":"list","block":{"attributes":{"key_id":{"type":"string","description_kind":"plain","optional":true}},"description_kind":"plain"},"max_items":1},"master":{"nesting_mode":"list","block":{"attributes":{"cluster_ca_certificate":{"type":"string","description_kind":"plain","computed":true},"external_v4_address":{"type":"string","description_kind":"plain","computed":true},"external_v4_endpoint":{"type":"string","description_kind":"plain","computed":true},"internal_v4_address":{"type":"string","description_kind":"plain","computed":true},"internal_v4_endpoint":{"type":"string","description_kind":"plain","computed":true},"public_ip":{"type":"bool","description_kind":"plain","optional":true,"computed":true},"security_group_ids":{"type":["set","string"],"description_kind":"plain","optional":true},"version":{"type":"string","description_kind":"plain","optional":true,"computed":true},"version_info":{"type":["list",["object",{"current_version":"string","new_revision_available":"bool","new_revision_summary":"string","version_deprecated":"bool"}]],"description_kind":"plain","computed":true}},"block_types":{"maintenance_policy":{"nesting_mode":"list","block":{"attributes":{"auto_upgrade":{"type":"bool","description_kind":"plain","required":true}},"block_types":{"maintenance_window":{"nesting_mode":"set","block":{"attributes":{"day":{"type":"string","description_kind":"plain","optional":true,"computed":true},"duration":{"type":"string","description_kind":"plain","required":true},"start_time":{"type":"string","description_kind":"plain","required":true}},"description_kind":"plain"}}},"description_kind":"plain"},"max_items":1},"regional":{"nesting_mode":"list","block":{"attributes":{"region":{"type":"string","description_kind":"plain","required":true}},"block_types":{"location":{"nesting_mode":"list","block":{"attributes":{"subnet_id":{"type":"string","description_kind":"plain","optional":true},"zone":{"type":"string","description_kind":"plain","optional":true}},"description_kind":"plain"}}},"description_kind":"plain"},"max_items":1},"zonal":{"nesting_mode":"list","block":{"attributes":{"subnet_id":{"type":"string","description_kind":"plain","optional":true},"zone":{"type":"string","description_kind":"plain","optional":true,"computed":true}},"description_kind":"plain"},"max_items":1}},"description_kind":"plain"},"min_items":1,"max_items":1},"network_implementation":{"nesting_mode":"list","block":{"block_types":{"cilium":{"nesting_mode":"list","block":{"description_kind":"plain"},"max_items":1}},"description_kind":"plain"},"max_items":1},"timeouts":{"nesting_mode":"single","block":{"attributes":{"create":{"type":"string","description_kind":"plain","optional":true},"delete":{"type":"string","description_kind":"plain","optional":true},"read":{"type":"string","description_kind":"plain","optional":true},"update":{"type":"string","description_kind":"plain","optional":true}},"description_kind":"plain"}}},"description_kind":"plain"}},"yandex_kubernetes_node_group":{"version":0,"block":{"attributes":{"allowed_unsafe_sysctls":{"type":["list","string"],"description_kind":"plain","optional":true},"cluster_id":{"type":"string","description_kind":"plain","required":true},"created_at":{"type":"string","description_kind":"plain","computed":true},"description":{"type":"string","description_kind":"plain","optional":true,"computed":true},"id":{"type":"string","description_kind":"plain","optional":true,"computed":true},"instance_group_id":{"type":"string","description_kind":"plain","computed":true},"labels":{"type":["map","string"],"description_kind":"plain","optional":true,"computed":true},"name":{"type":"string","description_kind":"plain","optional":true,"computed":true},"node_labels":{"type":["map","string"],"description_kind":"plain","optional":true},"node_taints":{"type":["list","string"],"description_kind":"plain","optional":true},"status":{"type":"string","description_kind":"plain","computed":true},"version":{"type":"string","description_kind":"plain","optional":true,"computed":true},"version_info":{"type":["list",["object",{"current_version":"string","new_revision_available":"bool","new_revision_summary":"string","version_deprecated":"bool"}]],"description_kind":"plain","computed":true}},"block_types":{"allocation_policy":{"nesting_mode":"list","block":{"block_types":{"location":{"nesting_mode":"list","block":{"attributes":{"subnet_id":{"type":"string","description_kind":"plain","optional":true,"computed":true},"zone":{"type":"string","description_kind":"plain","optional":true,"computed":true}},"description_kind":"plain"}}},"description_kind":"plain"},"max_items":1},"deploy_policy":{"nesting_mode":"list","block":{"attributes":{"max_expansion":{"type":"number","description_kind":"plain","required":true},"max_unavailable":{"type":"number","description_kind":"plain","required":true}},"description_kind":"plain"},"max_items":1},"instance_template":{"nesting_mode":"list","block":{"attributes":{"metadata":{"type":["map","string"],"description_kind":"plain","optional":true,"computed":true},"nat":{"type":"bool","description_kind":"plain","optional":true,"computed":true},"network_acceleration_type":{"type":"string","description_kind":"plain","optional":true,"computed":true},"platform_id":{"type":"string","description_kind":"plain","optional":true,"computed":true}},"block_types":{"boot_disk":{"nesting_mode":"list","block":{"attributes":{"size":{"type":"number","description_kind":"plain","optional":true,"computed":true},"type":{"type":"string","description_kind":"plain","optional":true,"computed":true}},"description_kind":"plain"},"max_items":1},"network_interface":{"nesting_mode":"list","block":{"attributes":{"ipv4":{"type":"bool","description_kind":"plain","optional":true},"ipv6":{"type":"bool","description_kind":"plain","optional":true,"computed":true},"nat":{"type":"bool","description_kind":"plain","optional":true,"computed":true},"security_group_ids":{"type":["set","string"],"description_kind":"plain","optional":true},"subnet_ids":{"type":["set","string"],"description_kind":"plain","required":true}},"description_kind":"plain"}},"placement_policy":{"nesting_mode":"list","block":{"attributes":{"placement_group_id":{"type":"string","description_kind":"plain","required":true}},"description_kind":"plain"},"max_items":1},"resources":{"nesting_mode":"list","block":{"attributes":{"core_fraction":{"type":"number","description_kind":"plain","optional":true,"computed":true},"cores":{"type":"number","description_kind":"plain","optional":true,"computed":true},"gpus":{"type":"number","description_kind":"plain","optional":true},"memory":{"type":"number","description_kind":"plain","optional":true,"computed":true}},"description_kind":"plain"},"max_items":1},"scheduling_policy":{"nesting_mode":"list","block":{"attributes":{"preemptible":{"type":"bool","description_kind":"plain","optional":true,"computed":true}},"description_kind":"plain"},"max_items":1}},"description_kind":"plain"},"min_items":1,"max_items":1},"maintenance_policy":{"nesting_mode":"list","block":{"attributes":{"auto_repair":{"type":"bool","description_kind":"plain","required":true},"auto_upgrade":{"type":"bool","description_kind":"plain","required":true}},"block_types":{"maintenance_window":{"nesting_mode":"set","block":{"attributes":{"day":{"type":"string","description_kind":"plain","optional":true,"computed":true},"duration":{"type":"string","description_kind":"plain","required":true},"start_time":{"type":"string","description_kind":"plain","required":true}},"description_kind":"plain"}}},"description_kind":"plain"},"max_items":1},"scale_policy":{"nesting_mode":"list","block":{"block_types":{"auto_scale":{"nesting_mode":"list","block":{"attributes":{"initial":{"type":"number","description_kind":"plain","required":true},"max":{"type":"number","description_kind":"plain","required":true},"min":{"type":"number","description_kind":"plain","required":true}},"description_kind":"plain"},"max_items":1},"fixed_scale":{"nesting_mode":"list","block":{"attributes":{"size":{"type":"number","description_kind":"plain","optional":true,"computed":true}},"description_kind":"plain"},"max_items":1}},"description_kind":"plain"},"min_items":1,"max_items":1},"timeouts":{"nesting_mode":"single","block":{"attributes":{"create":{"type":"string","description_kind":"plain","optional":true},"delete":{"type":"string","description_kind":"plain","optional":true},"read":{"type":"string","description_kind":"plain","optional":true},"update":{"type":"string","description_kind":"plain","optional":true}},"description_kind":"plain"}}},"description_kind":"plain"}},"yandex_lb_network_load_balancer":{"version":0,"block":{"attributes":{"created_at":{"type":"string","description_kind":"plain","computed":true},"description":{"type":"string","description_kind":"plain","optional":true},"folder_id":{"type":"string","description_kind":"plain","optional":true,"computed":true},"id":{"type":"string","description_kind":"plain","optional":true,"computed":true},"labels":{"type":["map","string"],"description_kind":"plain","optional":true},"name":{"type":"string","description_kind":"plain","optional":true},"region_id":{"type":"string","description_kind":"plain","optional":true},"type":{"type":"string","description_kind":"plain","optional":true}},"block_types":{"attached_target_group":{"nesting_mode":"set","block":{"attributes":{"target_group_id":{"type":"string","description_kind":"plain","required":true}},"block_types":{"healthcheck":{"nesting_mode":"list","block":{"attributes":{"healthy_threshold":{"type":"number","description_kind":"plain","optional":true},"interval":{"type":"number","description_kind":"plain","optional":true},"name":{"type":"string","description_kind":"plain","required":true},"timeout":{"type":"number","description_kind":"plain","optional":true},"unhealthy_threshold":{"type":"number","description_kind":"plain","optional":true}},"block_types":{"http_options":{"nesting_mode":"list","block":{"attributes":{"path":{"type":"string","description_kind":"plain","optional":true},"port":{"type":"number","description_kind":"plain","required":true}},"description_kind":"plain"},"max_items":1},"tcp_options":{"nesting_mode":"list","block":{"attributes":{"port":{"type":"number","description_kind":"plain","required":true}},"description_kind":"plain"},"max_items":1}},"description_kind":"plain"},"min_items":1}},"description_kind":"plain"}},"listener":{"nesting_mode":"set","block":{"attributes":{"name":{"type":"string","description_kind":"plain","required":true},"port":{"type":"number","description_kind":"plain","required":true},"protocol":{"type":"string","description_kind":"plain","optional":true,"computed":true},"target_port":{"type":"number","description_kind":"plain","optional":true,"computed":true}},"block_types":{"external_address_spec":{"nesting_mode":"set","block":{"attributes":{"address":{"type":"string","description_kind":"plain","optional":true,"computed":true},"ip_version":{"type":"string","description_kind":"plain","optional":true}},"description_kind":"plain"},"max_items":1},"internal_address_spec":{"nesting_mode":"set","block":{"attributes":{"address":{"type":"string","description_kind":"plain","optional":true,"computed":true},"ip_version":{"type":"string","description_kind":"plain","optional":true},"subnet_id":{"type":"string","description_kind":"plain","required":true}},"description_kind":"plain"},"max_items":1}},"description_kind":"plain"}},"timeouts":{"nesting_mode":"single","block":{"attributes":{"create":{"type":"string","description_kind":"plain","optional":true},"delete":{"type":"string","description_kind":"plain","optional":true},"update":{"type":"string","description_kind":"plain","optional":true}},"description_kind":"plain"}}},"description_kind":"plain"}},"yandex_lb_target_group":{"version":0,"block":{"attributes":{"created_at":{"type":"string","description_kind":"plain","computed":true},"description":{"type":"string","description_kind":"plain","optional":true},"folder_id":{"type":"string","description_kind":"plain","optional":true,"computed":true},"id":{"type":"string","description_kind":"plain","optional":true,"computed":true},"labels":{"type":["map","string"],"description_kind":"plain","optional":true},"name":{"type":"string","description_kind":"plain","optional":true},"region_id":{"type":"string","description_kind":"plain","optional":true}},"block_types":{"target":{"nesting_mode":"set","block":{"attributes":{"address":{"type":"string","description_kind":"plain","required":true},"subnet_id":{"type":"string","description_kind":"plain","required":true}},"description_kind":"plain"}},"timeouts":{"nesting_mode":"single","block":{"attributes":{"create":{"type":"string","description_kind":"plain","optional":true},"delete":{"type":"string","description_kind":"plain","optional":true},"update":{"type":"string","description_kind":"plain","optional":true}},"description_kind":"plain"}}},"description_kind":"plain"}},"yandex_logging_group":{"version":0,"block":{"attributes":{"cloud_id":{"type":"string","description_kind":"plain","computed":true},"created_at":{"type":"string","description_kind":"plain","computed":true},"description":{"type":"string","description_kind":"plain","optional":true},"folder_id":{"type":"string","description_kind":"plain","optional":true,"computed":true},"id":{"type":"string","description_kind":"plain","optional":true,"computed":true},"labels":{"type":["map","string"],"description_kind":"plain","optional":true},"name":{"type":"string","description_kind":"plain","optional":true,"computed":true},"retention_period":{"type":"string","description_kind":"plain","optional":true,"computed":true},"status":{"type":"string","description_kind":"plain","computed":true}},"block_types":{"timeouts":{"nesting_mode":"single","block":{"attributes":{"default":{"type":"string","description_kind":"plain","optional":true}},"description_kind":"plain"}}},"description_kind":"plain"}},"yandex_mdb_clickhouse_cluster":{"version":0,"block":{"attributes":{"admin_password":{"type":"string","description_kind":"plain","optional":true,"sensitive":true},"copy_schema_on_new_hosts":{"type":"bool","description_kind":"plain","optional":true},"created_at":{"type":"string","description_kind":"plain","computed":true},"deletion_protection":{"type":"bool","description_kind":"plain","optional":true,"computed":true},"description":{"type":"string","description_kind":"plain","optional":true},"environment":{"type":"string","description_kind":"plain","required":true},"folder_id":{"type":"string","description_kind":"plain","optional":true,"computed":true},"health":{"type":"string","description_kind":"plain","computed":true},"id":{"type":"string","description_kind":"plain","optional":true,"computed":true},"labels":{"type":["map","string"],"description_kind":"plain","optional":true,"computed":true},"name":{"type":"string","description_kind":"plain","required":true},"network_id":{"type":"string","description_kind":"plain","required":true},"security_group_ids":{"type":["set","string"],"description_kind":"plain","optional":true,"computed":true},"service_account_id":{"type":"string","description_kind":"plain","optional":true,"computed":true},"sql_database_management":{"type":"bool","description_kind":"plain","optional":true,"computed":true},"sql_user_management":{"type":"bool","description_kind":"plain","optional":true,"computed":true},"status":{"type":"string","description_kind":"plain","computed":true},"version":{"type":"string","description_kind":"plain","optional":true,"computed":true}},"block_types":{"access":{"nesting_mode":"list","block":{"attributes":{"data_lens":{"type":"bool","description_kind":"plain","optional":true},"metrika":{"type":"bool","description_kind":"plain","optional":true},"serverless":{"type":"bool","description_kind":"plain","optional":true},"web_sql":{"type":"bool","description_kind":"plain","optional":true}},"description_kind":"plain"},"max_items":1},"backup_window_start":{"nesting_mode":"list","block":{"attributes":{"hours":{"type":"number","description_kind":"plain","optional":true},"minutes":{"type":"number","description_kind":"plain","optional":true}},"description_kind":"plain"},"max_items":1},"clickhouse":{"nesting_mode":"list","block":{"block_types":{"config":{"nesting_mode":"list","block":{"attributes":{"background_pool_size":{"type":"number","description_kind":"plain","optional":true,"computed":true},"background_schedule_pool_size":{"type":"number","description_kind":"plain","optional":true,"computed":true},"geobase_uri":{"type":"string","description_kind":"plain","optional":true,"computed":true},"keep_alive_timeout":{"type":"number","description_kind":"plain","optional":true,"computed":true},"log_level":{"type":"string","description_kind":"plain","optional":true,"computed":true},"mark_cache_size":{"type":"number","description_kind":"plain","optional":true,"computed":true},"max_concurrent_queries":{"type":"number","description_kind":"plain","optional":true,"computed":true},"max_connections":{"type":"number","description_kind":"plain","optional":true,"computed":true},"max_partition_size_to_drop":{"type":"number","description_kind":"plain","optional":true,"computed":true},"max_table_size_to_drop":{"type":"number","description_kind":"plain","optional":true,"computed":true},"metric_log_enabled":{"type":"bool","description_kind":"plain","optional":true,"computed":true},"metric_log_retention_size":{"type":"number","description_kind":"plain","optional":true,"computed":true},"metric_log_retention_time":{"type":"number","description_kind":"plain","optional":true,"computed":true},"part_log_retention_size":{"type":"number","description_kind":"plain","optional":true,"computed":true},"part_log_retention_time":{"type":"number","description_kind":"plain","optional":true,"computed":true},"query_log_retention_size":{"type":"number","description_kind":"plain","optional":true,"computed":true},"query_log_retention_time":{"type":"number","description_kind":"plain","optional":true,"computed":true},"query_thread_log_enabled":{"type":"bool","description_kind":"plain","optional":true,"computed":true},"query_thread_log_retention_size":{"type":"number","description_kind":"plain","optional":true,"computed":true},"query_thread_log_retention_time":{"type":"number","description_kind":"plain","optional":true,"computed":true},"text_log_enabled":{"type":"bool","description_kind":"plain","optional":true,"computed":true},"text_log_level":{"type":"string","description_kind":"plain","optional":true,"computed":true},"text_log_retention_size":{"type":"number","description_kind":"plain","optional":true,"computed":true},"text_log_retention_time":{"type":"number","description_kind":"plain","optional":true,"computed":true},"timezone":{"type":"string","description_kind":"plain","optional":true,"computed":true},"trace_log_enabled":{"type":"bool","description_kind":"plain","optional":true,"computed":true},"trace_log_retention_size":{"type":"number","description_kind":"plain","optional":true,"computed":true},"trace_log_retention_time":{"type":"number","description_kind":"plain","optional":true,"computed":true},"uncompressed_cache_size":{"type":"number","description_kind":"plain","optional":true,"computed":true}},"block_types":{"compression":{"nesting_mode":"list","block":{"attributes":{"method":{"type":"string","description_kind":"plain","required":true},"min_part_size":{"type":"number","description_kind":"plain","required":true},"min_part_size_ratio":{"type":"number","description_kind":"plain","required":true}},"description_kind":"plain"}},"graphite_rollup":{"nesting_mode":"list","block":{"attributes":{"name":{"type":"string","description_kind":"plain","required":true}},"block_types":{"pattern":{"nesting_mode":"list","block":{"attributes":{"function":{"type":"string","description_kind":"plain","required":true},"regexp":{"type":"string","description_kind":"plain","optional":true,"computed":true}},"block_types":{"retention":{"nesting_mode":"list","block":{"attributes":{"age":{"type":"number","description_kind":"plain","required":true},"precision":{"type":"number","description_kind":"plain","required":true}},"description_kind":"plain"}}},"description_kind":"plain"}}},"description_kind":"plain"}},"kafka":{"nesting_mode":"list","block":{"attributes":{"sasl_mechanism":{"type":"string","description_kind":"plain","optional":true,"computed":true},"sasl_password":{"type":"string","description_kind":"plain","optional":true,"computed":true,"sensitive":true},"sasl_username":{"type":"string","description_kind":"plain","optional":true,"computed":true},"security_protocol":{"type":"string","description_kind":"plain","optional":true,"computed":true}},"description_kind":"plain"},"max_items":1},"kafka_topic":{"nesting_mode":"list","block":{"attributes":{"name":{"type":"string","description_kind":"plain","required":true}},"block_types":{"settings":{"nesting_mode":"list","block":{"attributes":{"sasl_mechanism":{"type":"string","description_kind":"plain","optional":true},"sasl_password":{"type":"string","description_kind":"plain","optional":true,"sensitive":true},"sasl_username":{"type":"string","description_kind":"plain","optional":true},"security_protocol":{"type":"string","description_kind":"plain","optional":true}},"description_kind":"plain"},"max_items":1}},"description_kind":"plain"}},"merge_tree":{"nesting_mode":"list","block":{"attributes":{"max_bytes_to_merge_at_min_space_in_pool":{"type":"number","description_kind":"plain","optional":true,"computed":true},"max_replicated_merges_in_queue":{"type":"number","description_kind":"plain","optional":true,"computed":true},"number_of_free_entries_in_pool_to_lower_max_size_of_merge":{"type":"number","description_kind":"plain","optional":true,"computed":true},"parts_to_delay_insert":{"type":"number","description_kind":"plain","optional":true,"computed":true},"parts_to_throw_insert":{"type":"number","description_kind":"plain","optional":true,"computed":true},"replicated_deduplication_window":{"type":"number","description_kind":"plain","optional":true,"computed":true},"replicated_deduplication_window_seconds":{"type":"number","description_kind":"plain","optional":true,"computed":true}},"description_kind":"plain"},"max_items":1},"rabbitmq":{"nesting_mode":"list","block":{"attributes":{"password":{"type":"string","description_kind":"plain","optional":true,"computed":true,"sensitive":true},"username":{"type":"string","description_kind":"plain","optional":true,"computed":true}},"description_kind":"plain"},"max_items":1}},"description_kind":"plain"},"max_items":1},"resources":{"nesting_mode":"list","block":{"attributes":{"disk_size":{"type":"number","description_kind":"plain","required":true},"disk_type_id":{"type":"string","description_kind":"plain","required":true},"resource_preset_id":{"type":"string","description_kind":"plain","required":true}},"description_kind":"plain"},"min_items":1,"max_items":1}},"description_kind":"plain"},"min_items":1,"max_items":1},"cloud_storage":{"nesting_mode":"list","block":{"attributes":{"enabled":{"type":"bool","description_kind":"plain","required":true}},"description_kind":"plain"},"max_items":1},"database":{"nesting_mode":"set","block":{"attributes":{"name":{"type":"string","description_kind":"plain","required":true}},"description_kind":"plain"}},"format_schema":{"nesting_mode":"set","block":{"attributes":{"name":{"type":"string","description_kind":"plain","required":true},"type":{"type":"string","description_kind":"plain","required":true},"uri":{"type":"string","description_kind":"plain","required":true}},"description_kind":"plain"}},"host":{"nesting_mode":"list","block":{"attributes":{"assign_public_ip":{"type":"bool","description_kind":"plain","optional":true},"fqdn":{"type":"string","description_kind":"plain","computed":true},"shard_name":{"type":"string","description_kind":"plain","optional":true,"computed":true},"subnet_id":{"type":"string","description_kind":"plain","optional":true,"computed":true},"type":{"type":"string","description_kind":"plain","required":true},"zone":{"type":"string","description_kind":"plain","required":true}},"description_kind":"plain"},"min_items":1},"maintenance_window":{"nesting_mode":"list","block":{"attributes":{"day":{"type":"string","description_kind":"plain","optional":true},"hour":{"type":"number","description_kind":"plain","optional":true},"type":{"type":"string","description_kind":"plain","required":true}},"description_kind":"plain"},"max_items":1},"ml_model":{"nesting_mode":"set","block":{"attributes":{"name":{"type":"string","description_kind":"plain","required":true},"type":{"type":"string","description_kind":"plain","required":true},"uri":{"type":"string","description_kind":"plain","required":true}},"description_kind":"plain"}},"shard_group":{"nesting_mode":"list","block":{"attributes":{"description":{"type":"string","description_kind":"plain","optional":true},"name":{"type":"string","description_kind":"plain","required":true},"shard_names":{"type":["list","string"],"description_kind":"plain","required":true}},"description_kind":"plain"}},"timeouts":{"nesting_mode":"single","block":{"attributes":{"create":{"type":"string","description_kind":"plain","optional":true},"delete":{"type":"string","description_kind":"plain","optional":true},"update":{"type":"string","description_kind":"plain","optional":true}},"description_kind":"plain"}},"user":{"nesting_mode":"set","block":{"attributes":{"name":{"type":"string","description_kind":"plain","required":true},"password":{"type":"string","description_kind":"plain","required":true,"sensitive":true}},"block_types":{"permission":{"nesting_mode":"set","block":{"attributes":{"database_name":{"type":"string","description_kind":"plain","required":true}},"description_kind":"plain"}},"quota":{"nesting_mode":"set","block":{"attributes":{"errors":{"type":"number","description_kind":"plain","optional":true,"computed":true},"execution_time":{"type":"number","description_kind":"plain","optional":true,"computed":true},"interval_duration":{"type":"number","description_kind":"plain","required":true},"queries":{"type":"number","description_kind":"plain","optional":true,"computed":true},"read_rows":{"type":"number","description_kind":"plain","optional":true,"computed":true},"result_rows":{"type":"number","description_kind":"plain","optional":true,"computed":true}},"description_kind":"plain"}},"settings":{"nesting_mode":"list","block":{"attributes":{"add_http_cors_header":{"type":"bool","description_kind":"plain","optional":true,"computed":true},"allow_ddl":{"type":"bool","description_kind":"plain","optional":true,"computed":true},"compile":{"type":"bool","description_kind":"plain","optional":true,"computed":true},"compile_expressions":{"type":"bool","description_kind":"plain","optional":true,"computed":true},"connect_timeout":{"type":"number","description_kind":"plain","optional":true,"computed":true},"count_distinct_implementation":{"type":"string","description_kind":"plain","optional":true,"computed":true},"distinct_overflow_mode":{"type":"string","description_kind":"plain","optional":true,"computed":true},"distributed_aggregation_memory_efficient":{"type":"bool","description_kind":"plain","optional":true,"computed":true},"distributed_ddl_task_timeout":{"type":"number","description_kind":"plain","optional":true,"computed":true},"distributed_product_mode":{"type":"string","description_kind":"plain","optional":true,"computed":true},"empty_result_for_aggregation_by_empty_set":{"type":"bool","description_kind":"plain","optional":true,"computed":true},"enable_http_compression":{"type":"bool","description_kind":"plain","optional":true,"computed":true},"fallback_to_stale_replicas_for_distributed_queries":{"type":"bool","description_kind":"plain","optional":true,"computed":true},"force_index_by_date":{"type":"bool","description_kind":"plain","optional":true,"computed":true},"force_primary_key":{"type":"bool","description_kind":"plain","optional":true,"computed":true},"group_by_overflow_mode":{"type":"string","description_kind":"plain","optional":true,"computed":true},"group_by_two_level_threshold":{"type":"number","description_kind":"plain","optional":true,"computed":true},"group_by_two_level_threshold_bytes":{"type":"number","description_kind":"plain","optional":true,"computed":true},"http_connection_timeout":{"type":"number","description_kind":"plain","optional":true,"computed":true},"http_headers_progress_interval":{"type":"number","description_kind":"plain","optional":true,"computed":true},"http_receive_timeout":{"type":"number","description_kind":"plain","optional":true,"computed":true},"http_send_timeout":{"type":"number","description_kind":"plain","optional":true,"computed":true},"input_format_defaults_for_omitted_fields":{"type":"bool","description_kind":"plain","optional":true,"computed":true},"input_format_values_interpret_expressions":{"type":"bool","description_kind":"plain","optional":true,"computed":true},"insert_quorum":{"type":"number","description_kind":"plain","optional":true,"computed":true},"insert_quorum_timeout":{"type":"number","description_kind":"plain","optional":true,"computed":true},"join_overflow_mode":{"type":"string","description_kind":"plain","optional":true,"computed":true},"join_use_nulls":{"type":"bool","description_kind":"plain","optional":true,"computed":true},"joined_subquery_requires_alias":{"type":"bool","description_kind":"plain","optional":true,"computed":true},"low_cardinality_allow_in_native_format":{"type":"bool","description_kind":"plain","optional":true,"computed":true},"max_ast_depth":{"type":"number","description_kind":"plain","optional":true,"computed":true},"max_ast_elements":{"type":"number","description_kind":"plain","optional":true,"computed":true},"max_block_size":{"type":"number","description_kind":"plain","optional":true,"computed":true},"max_bytes_before_external_group_by":{"type":"number","description_kind":"plain","optional":true,"computed":true},"max_bytes_before_external_sort":{"type":"number","description_kind":"plain","optional":true,"computed":true},"max_bytes_in_distinct":{"type":"number","description_kind":"plain","optional":true,"computed":true},"max_bytes_in_join":{"type":"number","description_kind":"plain","optional":true,"computed":true},"max_bytes_in_set":{"type":"number","description_kind":"plain","optional":true,"computed":true},"max_bytes_to_read":{"type":"number","description_kind":"plain","optional":true,"computed":true},"max_bytes_to_sort":{"type":"number","description_kind":"plain","optional":true,"computed":true},"max_bytes_to_transfer":{"type":"number","description_kind":"plain","optional":true,"computed":true},"max_columns_to_read":{"type":"number","description_kind":"plain","optional":true,"computed":true},"max_execution_time":{"type":"number","description_kind":"plain","optional":true,"computed":true},"max_expanded_ast_elements":{"type":"number","description_kind":"plain","optional":true,"computed":true},"max_insert_block_size":{"type":"number","description_kind":"plain","optional":true,"computed":true},"max_memory_usage":{"type":"number","description_kind":"plain","optional":true,"computed":true},"max_memory_usage_for_user":{"type":"number","description_kind":"plain","optional":true,"computed":true},"max_network_bandwidth":{"type":"number","description_kind":"plain","optional":true,"computed":true},"max_network_bandwidth_for_user":{"type":"number","description_kind":"plain","optional":true,"computed":true},"max_query_size":{"type":"number","description_kind":"plain","optional":true,"computed":true},"max_replica_delay_for_distributed_queries":{"type":"number","description_kind":"plain","optional":true,"computed":true},"max_result_bytes":{"type":"number","description_kind":"plain","optional":true,"computed":true},"max_result_rows":{"type":"number","description_kind":"plain","optional":true,"computed":true},"max_rows_in_distinct":{"type":"number","description_kind":"plain","optional":true,"computed":true},"max_rows_in_join":{"type":"number","description_kind":"plain","optional":true,"computed":true},"max_rows_in_set":{"type":"number","description_kind":"plain","optional":true,"computed":true},"max_rows_to_group_by":{"type":"number","description_kind":"plain","optional":true,"computed":true},"max_rows_to_read":{"type":"number","description_kind":"plain","optional":true,"computed":true},"max_rows_to_sort":{"type":"number","description_kind":"plain","optional":true,"computed":true},"max_rows_to_transfer":{"type":"number","description_kind":"plain","optional":true,"computed":true},"max_temporary_columns":{"type":"number","description_kind":"plain","optional":true,"computed":true},"max_temporary_non_const_columns":{"type":"number","description_kind":"plain","optional":true,"computed":true},"max_threads":{"type":"number","description_kind":"plain","optional":true,"computed":true},"merge_tree_max_bytes_to_use_cache":{"type":"number","description_kind":"plain","optional":true,"computed":true},"merge_tree_max_rows_to_use_cache":{"type":"number","description_kind":"plain","optional":true,"computed":true},"merge_tree_min_bytes_for_concurrent_read":{"type":"number","description_kind":"plain","optional":true,"computed":true},"merge_tree_min_rows_for_concurrent_read":{"type":"number","description_kind":"plain","optional":true,"computed":true},"min_bytes_to_use_direct_io":{"type":"number","description_kind":"plain","optional":true,"computed":true},"min_count_to_compile":{"type":"number","description_kind":"plain","optional":true,"computed":true},"min_count_to_compile_expression":{"type":"number","description_kind":"plain","optional":true,"computed":true},"min_execution_speed":{"type":"number","description_kind":"plain","optional":true,"computed":true},"min_execution_speed_bytes":{"type":"number","description_kind":"plain","optional":true,"computed":true},"min_insert_block_size_bytes":{"type":"number","description_kind":"plain","optional":true,"computed":true},"min_insert_block_size_rows":{"type":"number","description_kind":"plain","optional":true,"computed":true},"output_format_json_quote_64bit_integers":{"type":"bool","description_kind":"plain","optional":true,"computed":true},"output_format_json_quote_denormals":{"type":"bool","description_kind":"plain","optional":true,"computed":true},"priority":{"type":"number","description_kind":"plain","optional":true,"computed":true},"quota_mode":{"type":"string","description_kind":"plain","optional":true,"computed":true},"read_overflow_mode":{"type":"string","description_kind":"plain","optional":true,"computed":true},"readonly":{"type":"number","description_kind":"plain","optional":true,"computed":true},"receive_timeout":{"type":"number","description_kind":"plain","optional":true,"computed":true},"replication_alter_partitions_sync":{"type":"number","description_kind":"plain","optional":true,"computed":true},"result_overflow_mode":{"type":"string","description_kind":"plain","optional":true,"computed":true},"select_sequential_consistency":{"type":"bool","description_kind":"plain","optional":true,"computed":true},"send_progress_in_http_headers":{"type":"bool","description_kind":"plain","optional":true,"computed":true},"send_timeout":{"type":"number","description_kind":"plain","optional":true,"computed":true},"set_overflow_mode":{"type":"string","description_kind":"plain","optional":true,"computed":true},"skip_unavailable_shards":{"type":"bool","description_kind":"plain","optional":true,"computed":true},"sort_overflow_mode":{"type":"string","description_kind":"plain","optional":true,"computed":true},"timeout_overflow_mode":{"type":"string","description_kind":"plain","optional":true,"computed":true},"transfer_overflow_mode":{"type":"string","description_kind":"plain","optional":true,"computed":true},"transform_null_in":{"type":"bool","description_kind":"plain","optional":true,"computed":true},"use_uncompressed_cache":{"type":"bool","description_kind":"plain","optional":true,"computed":true}},"description_kind":"plain"},"max_items":1}},"description_kind":"plain"}},"zookeeper":{"nesting_mode":"list","block":{"block_types":{"resources":{"nesting_mode":"list","block":{"attributes":{"disk_size":{"type":"number","description_kind":"plain","optional":true,"computed":true},"disk_type_id":{"type":"string","description_kind":"plain","optional":true,"computed":true},"resource_preset_id":{"type":"string","description_kind":"plain","optional":true,"computed":true}},"description_kind":"plain"},"max_items":1}},"description_kind":"plain"},"max_items":1}},"description_kind":"plain"}},"yandex_mdb_elasticsearch_cluster":{"version":0,"block":{"attributes":{"created_at":{"type":"string","description_kind":"plain","computed":true},"deletion_protection":{"type":"bool","description_kind":"plain","optional":true,"computed":true},"description":{"type":"string","description_kind":"plain","optional":true},"environment":{"type":"string","description_kind":"plain","required":true},"folder_id":{"type":"string","description_kind":"plain","optional":true,"computed":true},"health":{"type":"string","description_kind":"plain","computed":true},"id":{"type":"string","description_kind":"plain","optional":true,"computed":true},"labels":{"type":["map","string"],"description_kind":"plain","optional":true},"name":{"type":"string","description_kind":"plain","required":true},"network_id":{"type":"string","description_kind":"plain","required":true},"security_group_ids":{"type":["set","string"],"description_kind":"plain","optional":true},"service_account_id":{"type":"string","description_kind":"plain","optional":true},"status":{"type":"string","description_kind":"plain","computed":true}},"block_types":{"config":{"nesting_mode":"list","block":{"attributes":{"admin_password":{"type":"string","description_kind":"plain","required":true,"sensitive":true},"edition":{"type":"string","description_kind":"plain","optional":true,"computed":true},"plugins":{"type":["set","string"],"description_kind":"plain","optional":true},"version":{"type":"string","description_kind":"plain","optional":true,"computed":true}},"block_types":{"data_node":{"nesting_mode":"list","block":{"block_types":{"resources":{"nesting_mode":"list","block":{"attributes":{"disk_size":{"type":"number","description_kind":"plain","required":true},"disk_type_id":{"type":"string","description_kind":"plain","required":true},"resource_preset_id":{"type":"string","description_kind":"plain","required":true}},"description_kind":"plain"},"min_items":1,"max_items":1}},"description_kind":"plain"},"min_items":1,"max_items":1},"master_node":{"nesting_mode":"list","block":{"block_types":{"resources":{"nesting_mode":"list","block":{"attributes":{"disk_size":{"type":"number","description_kind":"plain","required":true},"disk_type_id":{"type":"string","description_kind":"plain","required":true},"resource_preset_id":{"type":"string","description_kind":"plain","required":true}},"description_kind":"plain"},"min_items":1,"max_items":1}},"description_kind":"plain"},"max_items":1}},"description_kind":"plain"},"min_items":1,"max_items":1},"host":{"nesting_mode":"set","block":{"attributes":{"assign_public_ip":{"type":"bool","description_kind":"plain","optional":true},"fqdn":{"type":"string","description_kind":"plain","computed":true},"name":{"type":"string","description_kind":"plain","required":true},"subnet_id":{"type":"string","description_kind":"plain","optional":true,"computed":true},"type":{"type":"string","description_kind":"plain","required":true},"zone":{"type":"string","description_kind":"plain","required":true}},"description_kind":"plain"}},"timeouts":{"nesting_mode":"single","block":{"attributes":{"create":{"type":"string","description_kind":"plain","optional":true},"delete":{"type":"string","description_kind":"plain","optional":true},"update":{"type":"string","description_kind":"plain","optional":true}},"description_kind":"plain"}}},"description_kind":"plain"}},"yandex_mdb_greenplum_cluster":{"version":0,"block":{"attributes":{"assign_public_ip":{"type":"bool","description_kind":"plain","required":true},"created_at":{"type":"string","description_kind":"plain","computed":true},"deletion_protection":{"type":"bool","description_kind":"plain","optional":true,"computed":true},"description":{"type":"string","description_kind":"plain","optional":true},"environment":{"type":"string","description_kind":"plain","required":true},"folder_id":{"type":"string","description_kind":"plain","optional":true,"computed":true},"health":{"type":"string","description_kind":"plain","computed":true},"id":{"type":"string","description_kind":"plain","optional":true,"computed":true},"labels":{"type":["map","string"],"description_kind":"plain","optional":true},"master_host_count":{"type":"number","description_kind":"plain","required":true},"master_hosts":{"type":["list",["object",{"assign_public_ip":"bool","fqdn":"string"}]],"description_kind":"plain","computed":true},"name":{"type":"string","description_kind":"plain","required":true},"network_id":{"type":"string","description_kind":"plain","required":true},"security_group_ids":{"type":["set","string"],"description_kind":"plain","optional":true},"segment_host_count":{"type":"number","description_kind":"plain","required":true},"segment_hosts":{"type":["list",["object",{"fqdn":"string"}]],"description_kind":"plain","computed":true},"segment_in_host":{"type":"number","description_kind":"plain","required":true},"status":{"type":"string","description_kind":"plain","computed":true},"subnet_id":{"type":"string","description_kind":"plain","required":true},"user_name":{"type":"string","description_kind":"plain","required":true},"user_password":{"type":"string","description_kind":"plain","required":true,"sensitive":true},"version":{"type":"string","description_kind":"plain","required":true},"zone":{"type":"string","description_kind":"plain","required":true}},"block_types":{"access":{"nesting_mode":"list","block":{"attributes":{"data_lens":{"type":"bool","description_kind":"plain","optional":true},"web_sql":{"type":"bool","description_kind":"plain","optional":true}},"description_kind":"plain"},"max_items":1},"backup_window_start":{"nesting_mode":"list","block":{"attributes":{"hours":{"type":"number","description_kind":"plain","optional":true},"minutes":{"type":"number","description_kind":"plain","optional":true}},"description_kind":"plain"},"max_items":1},"master_subcluster":{"nesting_mode":"list","block":{"block_types":{"resources":{"nesting_mode":"list","block":{"attributes":{"disk_size":{"type":"number","description_kind":"plain","required":true},"disk_type_id":{"type":"string","description_kind":"plain","required":true},"resource_preset_id":{"type":"string","description_kind":"plain","required":true}},"description_kind":"plain"},"min_items":1,"max_items":1}},"description_kind":"plain"},"min_items":1,"max_items":1},"segment_subcluster":{"nesting_mode":"list","block":{"block_types":{"resources":{"nesting_mode":"list","block":{"attributes":{"disk_size":{"type":"number","description_kind":"plain","required":true},"disk_type_id":{"type":"string","description_kind":"plain","required":true},"resource_preset_id":{"type":"string","description_kind":"plain","required":true}},"description_kind":"plain"},"min_items":1,"max_items":1}},"description_kind":"plain"},"min_items":1,"max_items":1},"timeouts":{"nesting_mode":"single","block":{"attributes":{"create":{"type":"string","description_kind":"plain","optional":true},"delete":{"type":"string","description_kind":"plain","optional":true},"update":{"type":"string","description_kind":"plain","optional":true}},"description_kind":"plain"}}},"description_kind":"plain"}},"yandex_mdb_kafka_cluster":{"version":0,"block":{"attributes":{"created_at":{"type":"string","description_kind":"plain","computed":true},"deletion_protection":{"type":"bool","description_kind":"plain","optional":true,"computed":true},"description":{"type":"string","description_kind":"plain","optional":true},"environment":{"type":"string","description_kind":"plain","optional":true},"folder_id":{"type":"string","description_kind":"plain","optional":true,"computed":true},"health":{"type":"string","description_kind":"plain","computed":true},"host":{"type":["set",["object",{"assign_public_ip":"bool","health":"string","name":"string","role":"string","subnet_id":"string","zone_id":"string"}]],"description_kind":"plain","computed":true},"host_group_ids":{"type":["set","string"],"description_kind":"plain","optional":true,"computed":true},"id":{"type":"string","description_kind":"plain","optional":true,"computed":true},"labels":{"type":["map","string"],"description_kind":"plain","optional":true,"computed":true},"name":{"type":"string","description_kind":"plain","required":true},"network_id":{"type":"string","description_kind":"plain","required":true},"security_group_ids":{"type":["set","string"],"description_kind":"plain","optional":true,"computed":true},"status":{"type":"string","description_kind":"plain","computed":true},"subnet_ids":{"type":["list","string"],"description_kind":"plain","optional":true}},"block_types":{"config":{"nesting_mode":"list","block":{"attributes":{"assign_public_ip":{"type":"bool","description_kind":"plain","optional":true},"brokers_count":{"type":"number","description_kind":"plain","optional":true},"schema_registry":{"type":"bool","description_kind":"plain","optional":true},"unmanaged_topics":{"type":"bool","description_kind":"plain","optional":true},"version":{"type":"string","description_kind":"plain","required":true},"zones":{"type":["list","string"],"description_kind":"plain","required":true}},"block_types":{"kafka":{"nesting_mode":"list","block":{"block_types":{"kafka_config":{"nesting_mode":"list","block":{"attributes":{"auto_create_topics_enable":{"type":"bool","description_kind":"plain","optional":true},"compression_type":{"type":"string","description_kind":"plain","optional":true},"default_replication_factor":{"type":"string","description_kind":"plain","optional":true},"log_flush_interval_messages":{"type":"string","description_kind":"plain","optional":true},"log_flush_interval_ms":{"type":"string","description_kind":"plain","optional":true},"log_flush_scheduler_interval_ms":{"type":"string","description_kind":"plain","optional":true},"log_preallocate":{"type":"bool","description_kind":"plain","optional":true},"log_retention_bytes":{"type":"string","description_kind":"plain","optional":true},"log_retention_hours":{"type":"string","description_kind":"plain","optional":true},"log_retention_minutes":{"type":"string","description_kind":"plain","optional":true},"log_retention_ms":{"type":"string","description_kind":"plain","optional":true},"log_segment_bytes":{"type":"string","description_kind":"plain","optional":true},"num_partitions":{"type":"string","description_kind":"plain","optional":true},"socket_receive_buffer_bytes":{"type":"string","description_kind":"plain","optional":true},"socket_send_buffer_bytes":{"type":"string","description_kind":"plain","optional":true}},"description_kind":"plain"},"max_items":1},"resources":{"nesting_mode":"list","block":{"attributes":{"disk_size":{"type":"number","description_kind":"plain","required":true},"disk_type_id":{"type":"string","description_kind":"plain","required":true},"resource_preset_id":{"type":"string","description_kind":"plain","required":true}},"description_kind":"plain"},"min_items":1,"max_items":1}},"description_kind":"plain"},"min_items":1,"max_items":1},"zookeeper":{"nesting_mode":"list","block":{"block_types":{"resources":{"nesting_mode":"list","block":{"attributes":{"disk_size":{"type":"number","description_kind":"plain","optional":true,"computed":true},"disk_type_id":{"type":"string","description_kind":"plain","optional":true,"computed":true},"resource_preset_id":{"type":"string","description_kind":"plain","optional":true,"computed":true}},"description_kind":"plain"},"max_items":1}},"description_kind":"plain"},"max_items":1}},"description_kind":"plain"},"min_items":1,"max_items":1},"timeouts":{"nesting_mode":"single","block":{"attributes":{"create":{"type":"string","description_kind":"plain","optional":true},"delete":{"type":"string","description_kind":"plain","optional":true},"read":{"type":"string","description_kind":"plain","optional":true},"update":{"type":"string","description_kind":"plain","optional":true}},"description_kind":"plain"}},"topic":{"nesting_mode":"list","block":{"attributes":{"name":{"type":"string","description_kind":"plain","required":true},"partitions":{"type":"number","description_kind":"plain","required":true},"replication_factor":{"type":"number","description_kind":"plain","required":true}},"block_types":{"topic_config":{"nesting_mode":"list","block":{"attributes":{"cleanup_policy":{"type":"string","description_kind":"plain","optional":true},"compression_type":{"type":"string","description_kind":"plain","optional":true},"delete_retention_ms":{"type":"string","description_kind":"plain","optional":true},"file_delete_delay_ms":{"type":"string","description_kind":"plain","optional":true},"flush_messages":{"type":"string","description_kind":"plain","optional":true},"flush_ms":{"type":"string","description_kind":"plain","optional":true},"max_message_bytes":{"type":"string","description_kind":"plain","optional":true},"min_compaction_lag_ms":{"type":"string","description_kind":"plain","optional":true},"min_insync_replicas":{"type":"string","description_kind":"plain","optional":true},"preallocate":{"type":"bool","description_kind":"plain","optional":true},"retention_bytes":{"type":"string","description_kind":"plain","optional":true},"retention_ms":{"type":"string","description_kind":"plain","optional":true},"segment_bytes":{"type":"string","description_kind":"plain","optional":true}},"description_kind":"plain"},"max_items":1}},"description_kind":"plain"}},"user":{"nesting_mode":"set","block":{"attributes":{"name":{"type":"string","description_kind":"plain","required":true},"password":{"type":"string","description_kind":"plain","required":true,"sensitive":true}},"block_types":{"permission":{"nesting_mode":"set","block":{"attributes":{"role":{"type":"string","description_kind":"plain","required":true},"topic_name":{"type":"string","description_kind":"plain","required":true}},"description_kind":"plain"}}},"description_kind":"plain"}}},"description_kind":"plain"}},"yandex_mdb_kafka_topic":{"version":0,"block":{"attributes":{"cluster_id":{"type":"string","description_kind":"plain","required":true},"id":{"type":"string","description_kind":"plain","optional":true,"computed":true},"name":{"type":"string","description_kind":"plain","required":true},"partitions":{"type":"number","description_kind":"plain","required":true},"replication_factor":{"type":"number","description_kind":"plain","required":true}},"block_types":{"timeouts":{"nesting_mode":"single","block":{"attributes":{"create":{"type":"string","description_kind":"plain","optional":true},"delete":{"type":"string","description_kind":"plain","optional":true},"read":{"type":"string","description_kind":"plain","optional":true},"update":{"type":"string","description_kind":"plain","optional":true}},"description_kind":"plain"}},"topic_config":{"nesting_mode":"list","block":{"attributes":{"cleanup_policy":{"type":"string","description_kind":"plain","optional":true},"compression_type":{"type":"string","description_kind":"plain","optional":true},"delete_retention_ms":{"type":"string","description_kind":"plain","optional":true},"file_delete_delay_ms":{"type":"string","description_kind":"plain","optional":true},"flush_messages":{"type":"string","description_kind":"plain","optional":true},"flush_ms":{"type":"string","description_kind":"plain","optional":true},"max_message_bytes":{"type":"string","description_kind":"plain","optional":true},"min_compaction_lag_ms":{"type":"string","description_kind":"plain","optional":true},"min_insync_replicas":{"type":"string","description_kind":"plain","optional":true},"preallocate":{"type":"bool","description_kind":"plain","optional":true},"retention_bytes":{"type":"string","description_kind":"plain","optional":true},"retention_ms":{"type":"string","description_kind":"plain","optional":true},"segment_bytes":{"type":"string","description_kind":"plain","optional":true}},"description_kind":"plain"},"max_items":1}},"description_kind":"plain"}},"yandex_mdb_mongodb_cluster":{"version":0,"block":{"attributes":{"cluster_id":{"type":"string","description_kind":"plain","optional":true,"computed":true},"created_at":{"type":"string","description_kind":"plain","computed":true},"deletion_protection":{"type":"bool","description_kind":"plain","optional":true,"computed":true},"description":{"type":"string","description_kind":"plain","optional":true,"computed":true},"environment":{"type":"string","description_kind":"plain","required":true},"folder_id":{"type":"string","description_kind":"plain","optional":true,"computed":true},"health":{"type":"string","description_kind":"plain","computed":true},"id":{"type":"string","description_kind":"plain","optional":true,"computed":true},"labels":{"type":["map","string"],"description_kind":"plain","optional":true,"computed":true},"name":{"type":"string","description_kind":"plain","required":true},"network_id":{"type":"string","description_kind":"plain","required":true},"security_group_ids":{"type":["set","string"],"description_kind":"plain","optional":true},"sharded":{"type":"bool","description_kind":"plain","computed":true},"status":{"type":"string","description_kind":"plain","computed":true}},"block_types":{"cluster_config":{"nesting_mode":"list","block":{"attributes":{"feature_compatibility_version":{"type":"string","description_kind":"plain","optional":true,"computed":true},"version":{"type":"string","description_kind":"plain","required":true}},"block_types":{"access":{"nesting_mode":"list","block":{"attributes":{"data_lens":{"type":"bool","description_kind":"plain","computed":true}},"description_kind":"plain"},"max_items":1},"backup_window_start":{"nesting_mode":"list","block":{"attributes":{"hours":{"type":"number","description_kind":"plain","optional":true},"minutes":{"type":"number","description_kind":"plain","optional":true}},"description_kind":"plain"},"max_items":1}},"description_kind":"plain"},"min_items":1,"max_items":1},"database":{"nesting_mode":"set","block":{"attributes":{"name":{"type":"string","description_kind":"plain","required":true}},"description_kind":"plain"},"min_items":1},"host":{"nesting_mode":"list","block":{"attributes":{"assign_public_ip":{"type":"bool","description_kind":"plain","optional":true,"computed":true},"health":{"type":"string","description_kind":"plain","computed":true},"name":{"type":"string","description_kind":"plain","computed":true},"role":{"type":"string","description_kind":"plain","optional":true,"computed":true},"shard_name":{"type":"string","description_kind":"plain","optional":true,"computed":true},"subnet_id":{"type":"string","description_kind":"plain","required":true},"type":{"type":"string","description_kind":"plain","optional":true,"computed":true},"zone_id":{"type":"string","description_kind":"plain","required":true}},"description_kind":"plain"},"min_items":1},"maintenance_window":{"nesting_mode":"list","block":{"attributes":{"day":{"type":"string","description_kind":"plain","optional":true},"hour":{"type":"number","description_kind":"plain","optional":true},"type":{"type":"string","description_kind":"plain","required":true}},"description_kind":"plain"},"max_items":1},"resources":{"nesting_mode":"list","block":{"attributes":{"disk_size":{"type":"number","description_kind":"plain","required":true},"disk_type_id":{"type":"string","description_kind":"plain","required":true},"resource_preset_id":{"type":"string","description_kind":"plain","required":true}},"description_kind":"plain"},"min_items":1,"max_items":1},"timeouts":{"nesting_mode":"single","block":{"attributes":{"create":{"type":"string","description_kind":"plain","optional":true},"delete":{"type":"string","description_kind":"plain","optional":true},"update":{"type":"string","description_kind":"plain","optional":true}},"description_kind":"plain"}},"user":{"nesting_mode":"set","block":{"attributes":{"name":{"type":"string","description_kind":"plain","required":true},"password":{"type":"string","description_kind":"plain","required":true,"sensitive":true}},"block_types":{"permission":{"nesting_mode":"set","block":{"attributes":{"database_name":{"type":"string","description_kind":"plain","required":true},"roles":{"type":["list","string"],"description_kind":"plain","optional":true}},"description_kind":"plain"}}},"description_kind":"plain"},"min_items":1}},"description_kind":"plain"}},"yandex_mdb_mysql_cluster":{"version":0,"block":{"attributes":{"allow_regeneration_host":{"type":"bool","description_kind":"plain","optional":true},"created_at":{"type":"string","description_kind":"plain","computed":true},"deletion_protection":{"type":"bool","description_kind":"plain","optional":true,"computed":true},"description":{"type":"string","description_kind":"plain","optional":true},"environment":{"type":"string","description_kind":"plain","required":true},"folder_id":{"type":"string","description_kind":"plain","optional":true,"computed":true},"health":{"type":"string","description_kind":"plain","computed":true},"id":{"type":"string","description_kind":"plain","optional":true,"computed":true},"labels":{"type":["map","string"],"description_kind":"plain","optional":true},"mysql_config":{"type":["map","string"],"description_kind":"plain","optional":true,"computed":true},"name":{"type":"string","description_kind":"plain","required":true},"network_id":{"type":"string","description_kind":"plain","required":true},"security_group_ids":{"type":["set","string"],"description_kind":"plain","optional":true},"status":{"type":"string","description_kind":"plain","computed":true},"version":{"type":"string","description_kind":"plain","required":true}},"block_types":{"access":{"nesting_mode":"list","block":{"attributes":{"data_lens":{"type":"bool","description_kind":"plain","optional":true},"web_sql":{"type":"bool","description_kind":"plain","optional":true}},"description_kind":"plain"},"max_items":1},"backup_window_start":{"nesting_mode":"list","block":{"attributes":{"hours":{"type":"number","description_kind":"plain","optional":true},"minutes":{"type":"number","description_kind":"plain","optional":true}},"description_kind":"plain"},"max_items":1},"database":{"nesting_mode":"set","block":{"attributes":{"name":{"type":"string","description_kind":"plain","required":true}},"description_kind":"plain"},"min_items":1},"host":{"nesting_mode":"list","block":{"attributes":{"assign_public_ip":{"type":"bool","description_kind":"plain","optional":true},"fqdn":{"type":"string","description_kind":"plain","computed":true},"name":{"type":"string","description_kind":"plain","optional":true},"replication_source":{"type":"string","description_kind":"plain","computed":true},"replication_source_name":{"type":"string","description_kind":"plain","optional":true},"subnet_id":{"type":"string","description_kind":"plain","optional":true,"computed":true},"zone":{"type":"string","description_kind":"plain","required":true}},"description_kind":"plain"},"min_items":1},"maintenance_window":{"nesting_mode":"list","block":{"attributes":{"day":{"type":"string","description_kind":"plain","optional":true},"hour":{"type":"number","description_kind":"plain","optional":true},"type":{"type":"string","description_kind":"plain","required":true}},"description_kind":"plain"},"max_items":1},"resources":{"nesting_mode":"list","block":{"attributes":{"disk_size":{"type":"number","description_kind":"plain","required":true},"disk_type_id":{"type":"string","description_kind":"plain","required":true},"resource_preset_id":{"type":"string","description_kind":"plain","required":true}},"description_kind":"plain"},"min_items":1,"max_items":1},"restore":{"nesting_mode":"list","block":{"attributes":{"backup_id":{"type":"string","description_kind":"plain","required":true},"time":{"type":"string","description_kind":"plain","optional":true}},"description_kind":"plain"},"max_items":1},"timeouts":{"nesting_mode":"single","block":{"attributes":{"create":{"type":"string","description_kind":"plain","optional":true},"delete":{"type":"string","description_kind":"plain","optional":true},"update":{"type":"string","description_kind":"plain","optional":true}},"description_kind":"plain"}},"user":{"nesting_mode":"list","block":{"attributes":{"authentication_plugin":{"type":"string","description_kind":"plain","optional":true,"computed":true},"global_permissions":{"type":["list","string"],"description_kind":"plain","optional":true,"computed":true},"name":{"type":"string","description_kind":"plain","required":true},"password":{"type":"string","description_kind":"plain","required":true,"sensitive":true}},"block_types":{"connection_limits":{"nesting_mode":"list","block":{"attributes":{"max_connections_per_hour":{"type":"number","description_kind":"plain","optional":true},"max_questions_per_hour":{"type":"number","description_kind":"plain","optional":true},"max_updates_per_hour":{"type":"number","description_kind":"plain","optional":true},"max_user_connections":{"type":"number","description_kind":"plain","optional":true}},"description_kind":"plain"},"max_items":1},"permission":{"nesting_mode":"set","block":{"attributes":{"database_name":{"type":"string","description_kind":"plain","required":true},"roles":{"type":["list","string"],"description_kind":"plain","optional":true}},"description_kind":"plain"}}},"description_kind":"plain"},"min_items":1}},"description_kind":"plain"}},"yandex_mdb_postgresql_cluster":{"version":0,"block":{"attributes":{"created_at":{"type":"string","description_kind":"plain","computed":true},"deletion_protection":{"type":"bool","description_kind":"plain","optional":true,"computed":true},"description":{"type":"string","description_kind":"plain","optional":true},"environment":{"type":"string","description_kind":"plain","required":true},"folder_id":{"type":"string","description_kind":"plain","optional":true,"computed":true},"health":{"type":"string","description_kind":"plain","computed":true},"host_master_name":{"type":"string","description_kind":"plain","optional":true,"computed":true},"id":{"type":"string","description_kind":"plain","optional":true,"computed":true},"labels":{"type":["map","string"],"description_kind":"plain","optional":true},"name":{"type":"string","description_kind":"plain","required":true},"network_id":{"type":"string","description_kind":"plain","required":true},"security_group_ids":{"type":["set","string"],"description_kind":"plain","optional":true},"status":{"type":"string","description_kind":"plain","computed":true}},"block_types":{"config":{"nesting_mode":"list","block":{"attributes":{"autofailover":{"type":"bool","description_kind":"plain","optional":true,"computed":true},"backup_retain_period_days":{"type":"number","description_kind":"plain","optional":true,"computed":true},"postgresql_config":{"type":["map","string"],"description_kind":"plain","optional":true,"computed":true},"version":{"type":"string","description_kind":"plain","required":true}},"block_types":{"access":{"nesting_mode":"list","block":{"attributes":{"data_lens":{"type":"bool","description_kind":"plain","optional":true},"web_sql":{"type":"bool","description_kind":"plain","optional":true,"computed":true}},"description_kind":"plain"},"max_items":1},"backup_window_start":{"nesting_mode":"list","block":{"attributes":{"hours":{"type":"number","description_kind":"plain","optional":true},"minutes":{"type":"number","description_kind":"plain","optional":true}},"description_kind":"plain"},"max_items":1},"performance_diagnostics":{"nesting_mode":"list","block":{"attributes":{"enabled":{"type":"bool","description_kind":"plain","optional":true,"computed":true},"sessions_sampling_interval":{"type":"number","description_kind":"plain","required":true},"statements_sampling_interval":{"type":"number","description_kind":"plain","required":true}},"description_kind":"plain"},"max_items":1},"pooler_config":{"nesting_mode":"list","block":{"attributes":{"pool_discard":{"type":"bool","description_kind":"plain","optional":true},"pooling_mode":{"type":"string","description_kind":"plain","optional":true}},"description_kind":"plain"},"max_items":1},"resources":{"nesting_mode":"list","block":{"attributes":{"disk_size":{"type":"number","description_kind":"plain","required":true},"disk_type_id":{"type":"string","description_kind":"plain","optional":true},"resource_preset_id":{"type":"string","description_kind":"plain","required":true}},"description_kind":"plain"},"min_items":1,"max_items":1}},"description_kind":"plain"},"min_items":1,"max_items":1},"database":{"nesting_mode":"list","block":{"attributes":{"lc_collate":{"type":"string","description_kind":"plain","optional":true},"lc_type":{"type":"string","description_kind":"plain","optional":true},"name":{"type":"string","description_kind":"plain","required":true},"owner":{"type":"string","description_kind":"plain","required":true}},"block_types":{"extension":{"nesting_mode":"set","block":{"attributes":{"name":{"type":"string","description_kind":"plain","required":true},"version":{"type":"string","description_kind":"plain","optional":true}},"description_kind":"plain"}}},"description_kind":"plain"},"min_items":1},"host":{"nesting_mode":"list","block":{"attributes":{"assign_public_ip":{"type":"bool","description_kind":"plain","optional":true},"fqdn":{"type":"string","description_kind":"plain","computed":true},"name":{"type":"string","description_kind":"plain","optional":true},"priority":{"type":"number","description_kind":"plain","optional":true},"replication_source":{"type":"string","description_kind":"plain","computed":true},"replication_source_name":{"type":"string","description_kind":"plain","optional":true},"role":{"type":"string","description_kind":"plain","computed":true},"subnet_id":{"type":"string","description_kind":"plain","optional":true,"computed":true},"zone":{"type":"string","description_kind":"plain","required":true}},"description_kind":"plain"},"min_items":1},"maintenance_window":{"nesting_mode":"list","block":{"attributes":{"day":{"type":"string","description_kind":"plain","optional":true},"hour":{"type":"number","description_kind":"plain","optional":true},"type":{"type":"string","description_kind":"plain","required":true}},"description_kind":"plain"},"max_items":1},"restore":{"nesting_mode":"list","block":{"attributes":{"backup_id":{"type":"string","description_kind":"plain","required":true},"time":{"type":"string","description_kind":"plain","optional":true},"time_inclusive":{"type":"bool","description_kind":"plain","optional":true}},"description_kind":"plain"},"max_items":1},"timeouts":{"nesting_mode":"single","block":{"attributes":{"create":{"type":"string","description_kind":"plain","optional":true},"delete":{"type":"string","description_kind":"plain","optional":true},"update":{"type":"string","description_kind":"plain","optional":true}},"description_kind":"plain"}},"user":{"nesting_mode":"list","block":{"attributes":{"conn_limit":{"type":"number","description_kind":"plain","optional":true,"computed":true},"grants":{"type":["list","string"],"description_kind":"plain","optional":true},"login":{"type":"bool","description_kind":"plain","optional":true},"name":{"type":"string","description_kind":"plain","required":true},"password":{"type":"string","description_kind":"plain","required":true,"sensitive":true},"settings":{"type":["map","string"],"description_kind":"plain","optional":true,"computed":true}},"block_types":{"permission":{"nesting_mode":"set","block":{"attributes":{"database_name":{"type":"string","description_kind":"plain","required":true}},"description_kind":"plain"}}},"description_kind":"plain"},"min_items":1}},"description_kind":"plain"}},"yandex_mdb_redis_cluster":{"version":0,"block":{"attributes":{"created_at":{"type":"string","description_kind":"plain","computed":true},"deletion_protection":{"type":"bool","description_kind":"plain","optional":true,"computed":true},"description":{"type":"string","description_kind":"plain","optional":true},"environment":{"type":"string","description_kind":"plain","required":true},"folder_id":{"type":"string","description_kind":"plain","optional":true,"computed":true},"health":{"type":"string","description_kind":"plain","computed":true},"id":{"type":"string","description_kind":"plain","optional":true,"computed":true},"labels":{"type":["map","string"],"description_kind":"plain","optional":true},"name":{"type":"string","description_kind":"plain","required":true},"network_id":{"type":"string","description_kind":"plain","required":true},"security_group_ids":{"type":["set","string"],"description_kind":"plain","optional":true},"sharded":{"type":"bool","description_kind":"plain","optional":true},"status":{"type":"string","description_kind":"plain","computed":true},"tls_enabled":{"type":"bool","description_kind":"plain","optional":true,"computed":true}},"block_types":{"config":{"nesting_mode":"list","block":{"attributes":{"databases":{"type":"number","description_kind":"plain","optional":true,"computed":true},"maxmemory_policy":{"type":"string","description_kind":"plain","optional":true,"computed":true},"notify_keyspace_events":{"type":"string","description_kind":"plain","optional":true,"computed":true},"password":{"type":"string","description_kind":"plain","required":true,"sensitive":true},"slowlog_log_slower_than":{"type":"number","description_kind":"plain","optional":true,"computed":true},"slowlog_max_len":{"type":"number","description_kind":"plain","optional":true,"computed":true},"timeout":{"type":"number","description_kind":"plain","optional":true,"computed":true},"version":{"type":"string","description_kind":"plain","required":true}},"description_kind":"plain"},"min_items":1,"max_items":1},"host":{"nesting_mode":"list","block":{"attributes":{"fqdn":{"type":"string","description_kind":"plain","computed":true},"shard_name":{"type":"string","description_kind":"plain","optional":true,"computed":true},"subnet_id":{"type":"string","description_kind":"plain","optional":true,"computed":true},"zone":{"type":"string","description_kind":"plain","required":true}},"description_kind":"plain"},"min_items":1},"maintenance_window":{"nesting_mode":"list","block":{"attributes":{"day":{"type":"string","description_kind":"plain","optional":true},"hour":{"type":"number","description_kind":"plain","optional":true},"type":{"type":"string","description_kind":"plain","required":true}},"description_kind":"plain"},"max_items":1},"resources":{"nesting_mode":"list","block":{"attributes":{"disk_size":{"type":"number","description_kind":"plain","required":true},"disk_type_id":{"type":"string","description_kind":"plain","optional":true,"computed":true},"resource_preset_id":{"type":"string","description_kind":"plain","required":true}},"description_kind":"plain"},"min_items":1,"max_items":1},"timeouts":{"nesting_mode":"single","block":{"attributes":{"create":{"type":"string","description_kind":"plain","optional":true},"delete":{"type":"string","description_kind":"plain","optional":true},"update":{"type":"string","description_kind":"plain","optional":true}},"description_kind":"plain"}}},"description_kind":"plain"}},"yandex_mdb_sqlserver_cluster":{"version":0,"block":{"attributes":{"created_at":{"type":"string","description_kind":"plain","computed":true},"deletion_protection":{"type":"bool","description_kind":"plain","optional":true,"computed":true},"description":{"type":"string","description_kind":"plain","optional":true},"environment":{"type":"string","description_kind":"plain","required":true},"folder_id":{"type":"string","description_kind":"plain","optional":true,"computed":true},"health":{"type":"string","description_kind":"plain","computed":true},"id":{"type":"string","description_kind":"plain","optional":true,"computed":true},"labels":{"type":["map","string"],"description_kind":"plain","optional":true},"name":{"type":"string","description_kind":"plain","required":true},"network_id":{"type":"string","description_kind":"plain","required":true},"security_group_ids":{"type":["set","string"],"description_kind":"plain","optional":true},"sqlserver_config":{"type":["map","string"],"description_kind":"plain","optional":true,"computed":true},"status":{"type":"string","description_kind":"plain","computed":true},"version":{"type":"string","description_kind":"plain","required":true}},"block_types":{"backup_window_start":{"nesting_mode":"list","block":{"attributes":{"hours":{"type":"number","description_kind":"plain","optional":true},"minutes":{"type":"number","description_kind":"plain","optional":true}},"description_kind":"plain"},"max_items":1},"database":{"nesting_mode":"list","block":{"attributes":{"name":{"type":"string","description_kind":"plain","required":true}},"description_kind":"plain"},"min_items":1},"host":{"nesting_mode":"list","block":{"attributes":{"assign_public_ip":{"type":"bool","description_kind":"plain","optional":true},"fqdn":{"type":"string","description_kind":"plain","computed":true},"subnet_id":{"type":"string","description_kind":"plain","optional":true,"computed":true},"zone":{"type":"string","description_kind":"plain","required":true}},"description_kind":"plain"},"min_items":1},"resources":{"nesting_mode":"list","block":{"attributes":{"disk_size":{"type":"number","description_kind":"plain","required":true},"disk_type_id":{"type":"string","description_kind":"plain","required":true},"resource_preset_id":{"type":"string","description_kind":"plain","required":true}},"description_kind":"plain"},"min_items":1,"max_items":1},"timeouts":{"nesting_mode":"single","block":{"attributes":{"create":{"type":"string","description_kind":"plain","optional":true},"delete":{"type":"string","description_kind":"plain","optional":true},"update":{"type":"string","description_kind":"plain","optional":true}},"description_kind":"plain"}},"user":{"nesting_mode":"list","block":{"attributes":{"name":{"type":"string","description_kind":"plain","required":true},"password":{"type":"string","description_kind":"plain","required":true,"sensitive":true}},"block_types":{"permission":{"nesting_mode":"set","block":{"attributes":{"database_name":{"type":"string","description_kind":"plain","required":true},"roles":{"type":["set","string"],"description_kind":"plain","optional":true}},"description_kind":"plain"}}},"description_kind":"plain"},"min_items":1}},"description_kind":"plain"}},"yandex_message_queue":{"version":0,"block":{"attributes":{"access_key":{"type":"string","description_kind":"plain","optional":true},"arn":{"type":"string","description_kind":"plain","computed":true},"content_based_deduplication":{"type":"bool","description_kind":"plain","optional":true},"delay_seconds":{"type":"number","description_kind":"plain","optional":true},"fifo_queue":{"type":"bool","description_kind":"plain","optional":true},"id":{"type":"string","description_kind":"plain","optional":true,"computed":true},"max_message_size":{"type":"number","description_kind":"plain","optional":true},"message_retention_seconds":{"type":"number","description_kind":"plain","optional":true},"name":{"type":"string","description_kind":"plain","optional":true,"computed":true},"name_prefix":{"type":"string","description_kind":"plain","optional":true},"receive_wait_time_seconds":{"type":"number","description_kind":"plain","optional":true},"redrive_policy":{"type":"string","description_kind":"plain","optional":true},"secret_key":{"type":"string","description_kind":"plain","optional":true,"sensitive":true},"visibility_timeout_seconds":{"type":"number","description_kind":"plain","optional":true}},"description_kind":"plain"}},"yandex_organizationmanager_organization_iam_binding":{"version":0,"block":{"attributes":{"id":{"type":"string","description_kind":"plain","optional":true,"computed":true},"members":{"type":["set","string"],"description_kind":"plain","required":true},"organization_id":{"type":"string","description_kind":"plain","required":true},"role":{"type":"string","description_kind":"plain","required":true},"sleep_after":{"type":"number","description_kind":"plain","optional":true}},"description_kind":"plain"}},"yandex_organizationmanager_organization_iam_member":{"version":0,"block":{"attributes":{"id":{"type":"string","description_kind":"plain","optional":true,"computed":true},"member":{"type":"string","description_kind":"plain","required":true},"organization_id":{"type":"string","description_kind":"plain","required":true},"role":{"type":"string","description_kind":"plain","required":true},"sleep_after":{"type":"number","description_kind":"plain","optional":true}},"description_kind":"plain"}},"yandex_resourcemanager_cloud_iam_binding":{"version":0,"block":{"attributes":{"cloud_id":{"type":"string","description_kind":"plain","required":true},"id":{"type":"string","description_kind":"plain","optional":true,"computed":true},"members":{"type":["set","string"],"description_kind":"plain","required":true},"role":{"type":"string","description_kind":"plain","required":true},"sleep_after":{"type":"number","description_kind":"plain","optional":true}},"description_kind":"plain"}},"yandex_resourcemanager_cloud_iam_member":{"version":0,"block":{"attributes":{"cloud_id":{"type":"string","description_kind":"plain","required":true},"id":{"type":"string","description_kind":"plain","optional":true,"computed":true},"member":{"type":"string","description_kind":"plain","required":true},"role":{"type":"string","description_kind":"plain","required":true},"sleep_after":{"type":"number","description_kind":"plain","optional":true}},"description_kind":"plain"}},"yandex_resourcemanager_folder":{"version":0,"block":{"attributes":{"cloud_id":{"type":"string","description_kind":"plain","optional":true,"computed":true},"created_at":{"type":"string","description_kind":"plain","computed":true},"description":{"type":"string","description_kind":"plain","optional":true},"id":{"type":"string","description_kind":"plain","optional":true,"computed":true},"labels":{"type":["map","string"],"description_kind":"plain","optional":true},"name":{"type":"string","description_kind":"plain","optional":true}},"block_types":{"timeouts":{"nesting_mode":"single","block":{"attributes":{"create":{"type":"string","description_kind":"plain","optional":true},"delete":{"type":"string","description_kind":"plain","optional":true},"read":{"type":"string","description_kind":"plain","optional":true},"update":{"type":"string","description_kind":"plain","optional":true}},"description_kind":"plain"}}},"description_kind":"plain"}},"yandex_resourcemanager_folder_iam_binding":{"version":0,"block":{"attributes":{"folder_id":{"type":"string","description_kind":"plain","required":true},"id":{"type":"string","description_kind":"plain","optional":true,"computed":true},"members":{"type":["set","string"],"description_kind":"plain","required":true},"role":{"type":"string","description_kind":"plain","required":true},"sleep_after":{"type":"number","description_kind":"plain","optional":true}},"description_kind":"plain"}},"yandex_resourcemanager_folder_iam_member":{"version":0,"block":{"attributes":{"folder_id":{"type":"string","description_kind":"plain","required":true},"id":{"type":"string","description_kind":"plain","optional":true,"computed":true},"member":{"type":"string","description_kind":"plain","required":true},"role":{"type":"string","description_kind":"plain","required":true},"sleep_after":{"type":"number","description_kind":"plain","optional":true}},"description_kind":"plain"}},"yandex_resourcemanager_folder_iam_policy":{"version":0,"block":{"attributes":{"folder_id":{"type":"string","description_kind":"plain","required":true},"id":{"type":"string","description_kind":"plain","optional":true,"computed":true},"policy_data":{"type":"string","description_kind":"plain","required":true}},"description_kind":"plain"}},"yandex_storage_bucket":{"version":0,"block":{"attributes":{"access_key":{"type":"string","description_kind":"plain","optional":true},"acl":{"type":"string","description_kind":"plain","optional":true},"bucket":{"type":"string","description_kind":"plain","optional":true,"computed":true},"bucket_domain_name":{"type":"string","description_kind":"plain","computed":true},"bucket_prefix":{"type":"string","description_kind":"plain","optional":true},"force_destroy":{"type":"bool","description_kind":"plain","optional":true},"id":{"type":"string","description_kind":"plain","optional":true,"computed":true},"policy":{"type":"string","description_kind":"plain","optional":true},"secret_key":{"type":"string","description_kind":"plain","optional":true,"sensitive":true},"website_domain":{"type":"string","description_kind":"plain","optional":true,"computed":true},"website_endpoint":{"type":"string","description_kind":"plain","optional":true,"computed":true}},"block_types":{"cors_rule":{"nesting_mode":"list","block":{"attributes":{"allowed_headers":{"type":["list","string"],"description_kind":"plain","optional":true},"allowed_methods":{"type":["list","string"],"description_kind":"plain","required":true},"allowed_origins":{"type":["list","string"],"description_kind":"plain","required":true},"expose_headers":{"type":["list","string"],"description_kind":"plain","optional":true},"max_age_seconds":{"type":"number","description_kind":"plain","optional":true}},"description_kind":"plain"}},"grant":{"nesting_mode":"set","block":{"attributes":{"id":{"type":"string","description_kind":"plain","optional":true},"permissions":{"type":["set","string"],"description_kind":"plain","required":true},"type":{"type":"string","description_kind":"plain","required":true},"uri":{"type":"string","description_kind":"plain","optional":true}},"description_kind":"plain"}},"lifecycle_rule":{"nesting_mode":"list","block":{"attributes":{"abort_incomplete_multipart_upload_days":{"type":"number","description_kind":"plain","optional":true},"enabled":{"type":"bool","description_kind":"plain","required":true},"id":{"type":"string","description_kind":"plain","optional":true,"computed":true},"prefix":{"type":"string","description_kind":"plain","optional":true}},"block_types":{"expiration":{"nesting_mode":"list","block":{"attributes":{"date":{"type":"string","description_kind":"plain","optional":true},"days":{"type":"number","description_kind":"plain","optional":true},"expired_object_delete_marker":{"type":"bool","description_kind":"plain","optional":true}},"description_kind":"plain"},"max_items":1},"noncurrent_version_expiration":{"nesting_mode":"list","block":{"attributes":{"days":{"type":"number","description_kind":"plain","optional":true}},"description_kind":"plain"},"max_items":1},"noncurrent_version_transition":{"nesting_mode":"set","block":{"attributes":{"days":{"type":"number","description_kind":"plain","optional":true},"storage_class":{"type":"string","description_kind":"plain","required":true}},"description_kind":"plain"}},"transition":{"nesting_mode":"set","block":{"attributes":{"date":{"type":"string","description_kind":"plain","optional":true},"days":{"type":"number","description_kind":"plain","optional":true},"storage_class":{"type":"string","description_kind":"plain","required":true}},"description_kind":"plain"}}},"description_kind":"plain"}},"logging":{"nesting_mode":"set","block":{"attributes":{"target_bucket":{"type":"string","description_kind":"plain","required":true},"target_prefix":{"type":"string","description_kind":"plain","optional":true}},"description_kind":"plain"}},"server_side_encryption_configuration":{"nesting_mode":"list","block":{"block_types":{"rule":{"nesting_mode":"list","block":{"block_types":{"apply_server_side_encryption_by_default":{"nesting_mode":"list","block":{"attributes":{"kms_master_key_id":{"type":"string","description_kind":"plain","required":true},"sse_algorithm":{"type":"string","description_kind":"plain","required":true}},"description_kind":"plain"},"min_items":1,"max_items":1}},"description_kind":"plain"},"min_items":1,"max_items":1}},"description_kind":"plain"},"max_items":1},"versioning":{"nesting_mode":"list","block":{"attributes":{"enabled":{"type":"bool","description_kind":"plain","optional":true}},"description_kind":"plain"},"max_items":1},"website":{"nesting_mode":"list","block":{"attributes":{"error_document":{"type":"string","description_kind":"plain","optional":true},"index_document":{"type":"string","description_kind":"plain","optional":true},"redirect_all_requests_to":{"type":"string","description_kind":"plain","optional":true},"routing_rules":{"type":"string","description_kind":"plain","optional":true}},"description_kind":"plain"},"max_items":1}},"description_kind":"plain"}},"yandex_storage_object":{"version":0,"block":{"attributes":{"access_key":{"type":"string","description_kind":"plain","optional":true},"acl":{"type":"string","description_kind":"plain","optional":true},"bucket":{"type":"string","description_kind":"plain","required":true},"content":{"type":"string","description_kind":"plain","optional":true},"content_base64":{"type":"string","description_kind":"plain","optional":true},"content_type":{"type":"string","description_kind":"plain","optional":true,"computed":true},"id":{"type":"string","description_kind":"plain","optional":true,"computed":true},"key":{"type":"string","description_kind":"plain","required":true},"secret_key":{"type":"string","description_kind":"plain","optional":true,"sensitive":true},"source":{"type":"string","description_kind":"plain","optional":true}},"description_kind":"plain"}},"yandex_vpc_address":{"version":0,"block":{"attributes":{"created_at":{"type":"string","description_kind":"plain","computed":true},"description":{"type":"string","description_kind":"plain","optional":true},"folder_id":{"type":"string","description_kind":"plain","optional":true,"computed":true},"id":{"type":"string","description_kind":"plain","optional":true,"computed":true},"labels":{"type":["map","string"],"description_kind":"plain","optional":true,"computed":true},"name":{"type":"string","description_kind":"plain","optional":true,"computed":true},"reserved":{"type":"bool","description_kind":"plain","computed":true},"used":{"type":"bool","description_kind":"plain","computed":true}},"block_types":{"external_ipv4_address":{"nesting_mode":"list","block":{"attributes":{"address":{"type":"string","description_kind":"plain","computed":true},"ddos_protection_provider":{"type":"string","description_kind":"plain","optional":true,"computed":true},"outgoing_smtp_capability":{"type":"string","description_kind":"plain","optional":true,"computed":true},"zone_id":{"type":"string","description_kind":"plain","optional":true,"computed":true}},"description_kind":"plain"},"max_items":1},"timeouts":{"nesting_mode":"single","block":{"attributes":{"create":{"type":"string","description_kind":"plain","optional":true},"delete":{"type":"string","description_kind":"plain","optional":true},"update":{"type":"string","description_kind":"plain","optional":true}},"description_kind":"plain"}}},"description_kind":"plain"}},"yandex_vpc_default_security_group":{"version":0,"block":{"attributes":{"created_at":{"type":"string","description_kind":"plain","computed":true},"description":{"type":"string","description_kind":"plain","optional":true},"folder_id":{"type":"string","description_kind":"plain","optional":true,"computed":true},"id":{"type":"string","description_kind":"plain","optional":true,"computed":true},"labels":{"type":["map","string"],"description_kind":"plain","optional":true,"computed":true},"name":{"type":"string","description_kind":"plain","computed":true},"network_id":{"type":"string","description_kind":"plain","required":true},"status":{"type":"string","description_kind":"plain","computed":true}},"block_types":{"egress":{"nesting_mode":"set","block":{"attributes":{"description":{"type":"string","description_kind":"plain","optional":true},"from_port":{"type":"number","description_kind":"plain","optional":true},"id":{"type":"string","description_kind":"plain","computed":true},"labels":{"type":["map","string"],"description_kind":"plain","optional":true,"computed":true},"port":{"type":"number","description_kind":"plain","optional":true},"predefined_target":{"type":"string","description_kind":"plain","optional":true},"protocol":{"type":"string","description_kind":"plain","required":true},"security_group_id":{"type":"string","description_kind":"plain","optional":true},"to_port":{"type":"number","description_kind":"plain","optional":true},"v4_cidr_blocks":{"type":["list","string"],"description_kind":"plain","optional":true},"v6_cidr_blocks":{"type":["list","string"],"description_kind":"plain","optional":true}},"description_kind":"plain"}},"ingress":{"nesting_mode":"set","block":{"attributes":{"description":{"type":"string","description_kind":"plain","optional":true},"from_port":{"type":"number","description_kind":"plain","optional":true},"id":{"type":"string","description_kind":"plain","computed":true},"labels":{"type":["map","string"],"description_kind":"plain","optional":true,"computed":true},"port":{"type":"number","description_kind":"plain","optional":true},"predefined_target":{"type":"string","description_kind":"plain","optional":true},"protocol":{"type":"string","description_kind":"plain","required":true},"security_group_id":{"type":"string","description_kind":"plain","optional":true},"to_port":{"type":"number","description_kind":"plain","optional":true},"v4_cidr_blocks":{"type":["list","string"],"description_kind":"plain","optional":true},"v6_cidr_blocks":{"type":["list","string"],"description_kind":"plain","optional":true}},"description_kind":"plain"}},"timeouts":{"nesting_mode":"single","block":{"attributes":{"create":{"type":"string","description_kind":"plain","optional":true},"delete":{"type":"string","description_kind":"plain","optional":true},"read":{"type":"string","description_kind":"plain","optional":true},"update":{"type":"string","description_kind":"plain","optional":true}},"description_kind":"plain"}}},"description_kind":"plain"}},"yandex_vpc_network":{"version":0,"block":{"attributes":{"created_at":{"type":"string","description_kind":"plain","computed":true},"default_security_group_id":{"type":"string","description_kind":"plain","computed":true},"description":{"type":"string","description_kind":"plain","optional":true},"folder_id":{"type":"string","description_kind":"plain","optional":true,"computed":true},"id":{"type":"string","description_kind":"plain","optional":true,"computed":true},"labels":{"type":["map","string"],"description_kind":"plain","optional":true,"computed":true},"name":{"type":"string","description_kind":"plain","optional":true,"computed":true},"subnet_ids":{"type":["list","string"],"description_kind":"plain","computed":true}},"block_types":{"timeouts":{"nesting_mode":"single","block":{"attributes":{"create":{"type":"string","description_kind":"plain","optional":true},"delete":{"type":"string","description_kind":"plain","optional":true},"update":{"type":"string","description_kind":"plain","optional":true}},"description_kind":"plain"}}},"description_kind":"plain"}},"yandex_vpc_route_table":{"version":0,"block":{"attributes":{"created_at":{"type":"string","description_kind":"plain","computed":true},"description":{"type":"string","description_kind":"plain","optional":true},"folder_id":{"type":"string","description_kind":"plain","optional":true,"computed":true},"id":{"type":"string","description_kind":"plain","optional":true,"computed":true},"labels":{"type":["map","string"],"description_kind":"plain","optional":true,"computed":true},"name":{"type":"string","description_kind":"plain","optional":true},"network_id":{"type":"string","description_kind":"plain","required":true}},"block_types":{"static_route":{"nesting_mode":"set","block":{"attributes":{"destination_prefix":{"type":"string","description_kind":"plain","optional":true},"next_hop_address":{"type":"string","description_kind":"plain","optional":true}},"description_kind":"plain"}},"timeouts":{"nesting_mode":"single","block":{"attributes":{"create":{"type":"string","description_kind":"plain","optional":true},"delete":{"type":"string","description_kind":"plain","optional":true},"update":{"type":"string","description_kind":"plain","optional":true}},"description_kind":"plain"}}},"description_kind":"plain"}},"yandex_vpc_security_group":{"version":0,"block":{"attributes":{"created_at":{"type":"string","description_kind":"plain","computed":true},"description":{"type":"string","description_kind":"plain","optional":true},"folder_id":{"type":"string","description_kind":"plain","optional":true,"computed":true},"id":{"type":"string","description_kind":"plain","optional":true,"computed":true},"labels":{"type":["map","string"],"description_kind":"plain","optional":true,"computed":true},"name":{"type":"string","description_kind":"plain","optional":true},"network_id":{"type":"string","description_kind":"plain","required":true},"status":{"type":"string","description_kind":"plain","computed":true}},"block_types":{"egress":{"nesting_mode":"set","block":{"attributes":{"description":{"type":"string","description_kind":"plain","optional":true},"from_port":{"type":"number","description_kind":"plain","optional":true},"id":{"type":"string","description_kind":"plain","computed":true},"labels":{"type":["map","string"],"description_kind":"plain","optional":true,"computed":true},"port":{"type":"number","description_kind":"plain","optional":true},"predefined_target":{"type":"string","description_kind":"plain","optional":true},"protocol":{"type":"string","description_kind":"plain","required":true},"security_group_id":{"type":"string","description_kind":"plain","optional":true},"to_port":{"type":"number","description_kind":"plain","optional":true},"v4_cidr_blocks":{"type":["list","string"],"description_kind":"plain","optional":true},"v6_cidr_blocks":{"type":["list","string"],"description_kind":"plain","optional":true}},"description_kind":"plain"}},"ingress":{"nesting_mode":"set","block":{"attributes":{"description":{"type":"string","description_kind":"plain","optional":true},"from_port":{"type":"number","description_kind":"plain","optional":true},"id":{"type":"string","description_kind":"plain","computed":true},"labels":{"type":["map","string"],"description_kind":"plain","optional":true,"computed":true},"port":{"type":"number","description_kind":"plain","optional":true},"predefined_target":{"type":"string","description_kind":"plain","optional":true},"protocol":{"type":"string","description_kind":"plain","required":true},"security_group_id":{"type":"string","description_kind":"plain","optional":true},"to_port":{"type":"number","description_kind":"plain","optional":true},"v4_cidr_blocks":{"type":["list","string"],"description_kind":"plain","optional":true},"v6_cidr_blocks":{"type":["list","string"],"description_kind":"plain","optional":true}},"description_kind":"plain"}},"timeouts":{"nesting_mode":"single","block":{"attributes":{"create":{"type":"string","description_kind":"plain","optional":true},"delete":{"type":"string","description_kind":"plain","optional":true},"update":{"type":"string","description_kind":"plain","optional":true}},"description_kind":"plain"}}},"description_kind":"plain"}},"yandex_vpc_security_group_rule":{"version":0,"block":{"attributes":{"description":{"type":"string","description_kind":"plain","optional":true},"direction":{"type":"string","description_kind":"plain","required":true},"from_port":{"type":"number","description_kind":"plain","optional":true},"id":{"type":"string","description_kind":"plain","optional":true,"computed":true},"labels":{"type":["map","string"],"description_kind":"plain","optional":true,"computed":true},"port":{"type":"number","description_kind":"plain","optional":true},"predefined_target":{"type":"string","description_kind":"plain","optional":true},"protocol":{"type":"string","description_kind":"plain","optional":true},"security_group_binding":{"type":"string","description_kind":"plain","required":true},"security_group_id":{"type":"string","description_kind":"plain","optional":true},"to_port":{"type":"number","description_kind":"plain","optional":true},"v4_cidr_blocks":{"type":["list","string"],"description_kind":"plain","optional":true},"v6_cidr_blocks":{"type":["list","string"],"description_kind":"plain","optional":true}},"block_types":{"timeouts":{"nesting_mode":"single","block":{"attributes":{"create":{"type":"string","description_kind":"plain","optional":true},"delete":{"type":"string","description_kind":"plain","optional":true},"read":{"type":"string","description_kind":"plain","optional":true},"update":{"type":"string","description_kind":"plain","optional":true}},"description_kind":"plain"}}},"description_kind":"plain"}},"yandex_vpc_subnet":{"version":0,"block":{"attributes":{"created_at":{"type":"string","description_kind":"plain","computed":true},"description":{"type":"string","description_kind":"plain","optional":true},"folder_id":{"type":"string","description_kind":"plain","optional":true,"computed":true},"id":{"type":"string","description_kind":"plain","optional":true,"computed":true},"labels":{"type":["map","string"],"description_kind":"plain","optional":true,"computed":true},"name":{"type":"string","description_kind":"plain","optional":true,"computed":true},"network_id":{"type":"string","description_kind":"plain","required":true},"route_table_id":{"type":"string","description_kind":"plain","optional":true},"v4_cidr_blocks":{"type":["list","string"],"description_kind":"plain","required":true},"v6_cidr_blocks":{"type":["list","string"],"description_kind":"plain","computed":true},"zone":{"type":"string","description_kind":"plain","optional":true,"computed":true}},"block_types":{"dhcp_options":{"nesting_mode":"list","block":{"attributes":{"domain_name":{"type":"string","description_kind":"plain","optional":true},"domain_name_servers":{"type":["list","string"],"description_kind":"plain","optional":true},"ntp_servers":{"type":["list","string"],"description_kind":"plain","optional":true}},"description_kind":"plain"},"max_items":1},"timeouts":{"nesting_mode":"single","block":{"attributes":{"create":{"type":"string","description_kind":"plain","optional":true},"delete":{"type":"string","description_kind":"plain","optional":true},"update":{"type":"string","description_kind":"plain","optional":true}},"description_kind":"plain"}}},"description_kind":"plain"}},"yandex_ydb_database_dedicated":{"version":0,"block":{"attributes":{"assign_public_ips":{"type":"bool","description_kind":"plain","optional":true},"created_at":{"type":"string","description_kind":"plain","computed":true},"database_path":{"type":"string","description_kind":"plain","computed":true},"description":{"type":"string","description_kind":"plain","optional":true},"folder_id":{"type":"string","description_kind":"plain","optional":true,"computed":true},"id":{"type":"string","description_kind":"plain","optional":true,"computed":true},"labels":{"type":["map","string"],"description_kind":"plain","optional":true},"location_id":{"type":"string","description_kind":"plain","optional":true,"computed":true},"name":{"type":"string","description_kind":"plain","required":true},"network_id":{"type":"string","description_kind":"plain","required":true},"resource_preset_id":{"type":"string","description_kind":"plain","required":true},"status":{"type":"string","description_kind":"plain","computed":true},"subnet_ids":{"type":["set","string"],"description_kind":"plain","required":true},"tls_enabled":{"type":"bool","description_kind":"plain","computed":true},"ydb_api_endpoint":{"type":"string","description_kind":"plain","computed":true},"ydb_full_endpoint":{"type":"string","description_kind":"plain","computed":true}},"block_types":{"location":{"nesting_mode":"list","block":{"block_types":{"region":{"nesting_mode":"list","block":{"attributes":{"id":{"type":"string","description_kind":"plain","required":true}},"description_kind":"plain"},"max_items":1}},"description_kind":"plain"},"max_items":1},"scale_policy":{"nesting_mode":"list","block":{"block_types":{"fixed_scale":{"nesting_mode":"list","block":{"attributes":{"size":{"type":"number","description_kind":"plain","required":true}},"description_kind":"plain"},"min_items":1,"max_items":1}},"description_kind":"plain"},"min_items":1,"max_items":1},"storage_config":{"nesting_mode":"list","block":{"attributes":{"group_count":{"type":"number","description_kind":"plain","required":true},"storage_type_id":{"type":"string","description_kind":"plain","required":true}},"description_kind":"plain"},"min_items":1,"max_items":1},"timeouts":{"nesting_mode":"single","block":{"attributes":{"default":{"type":"string","description_kind":"plain","optional":true}},"description_kind":"plain"}}},"description_kind":"plain"}},"yandex_ydb_database_serverless":{"version":0,"block":{"attributes":{"created_at":{"type":"string","description_kind":"plain","computed":true},"database_path":{"type":"string","description_kind":"plain","computed":true},"description":{"type":"string","description_kind":"plain","optional":true},"document_api_endpoint":{"type":"string","description_kind":"plain","computed":true},"folder_id":{"type":"string","description_kind":"plain","optional":true,"computed":true},"id":{"type":"string","description_kind":"plain","optional":true,"computed":true},"labels":{"type":["map","string"],"description_kind":"plain","optional":true},"location_id":{"type":"string","description_kind":"plain","optional":true,"computed":true},"name":{"type":"string","description_kind":"plain","required":true},"status":{"type":"string","description_kind":"plain","computed":true},"tls_enabled":{"type":"bool","description_kind":"plain","computed":true},"ydb_api_endpoint":{"type":"string","description_kind":"plain","computed":true},"ydb_full_endpoint":{"type":"string","description_kind":"plain","computed":true}},"block_types":{"timeouts":{"nesting_mode":"single","block":{"attributes":{"default":{"type":"string","description_kind":"plain","optional":true}},"description_kind":"plain"}}},"description_kind":"plain"}}},"data_source_schemas":{"yandex_alb_backend_group":{"version":0,"block":{"attributes":{"backend_group_id":{"type":"string","description_kind":"plain","optional":true,"computed":true},"created_at":{"type":"string","description_kind":"plain","computed":true},"description":{"type":"string","description_kind":"plain","optional":true,"computed":true},"folder_id":{"type":"string","description_kind":"plain","optional":true,"computed":true},"id":{"type":"string","description_kind":"plain","optional":true,"computed":true},"labels":{"type":["map","string"],"description_kind":"plain","optional":true,"computed":true},"name":{"type":"string","description_kind":"plain","optional":true,"computed":true}},"block_types":{"grpc_backend":{"nesting_mode":"set","block":{"attributes":{"name":{"type":"string","description_kind":"plain","computed":true},"port":{"type":"number","description_kind":"plain","optional":true,"computed":true},"target_group_ids":{"type":["list","string"],"description_kind":"plain","computed":true},"weight":{"type":"number","description_kind":"plain","optional":true,"computed":true}},"block_types":{"healthcheck":{"nesting_mode":"set","block":{"attributes":{"healthcheck_port":{"type":"number","description_kind":"plain","optional":true,"computed":true},"healthy_threshold":{"type":"number","description_kind":"plain","optional":true,"computed":true},"interval":{"type":"string","description_kind":"plain","computed":true},"interval_jitter_percent":{"type":"number","description_kind":"plain","optional":true,"computed":true},"timeout":{"type":"string","description_kind":"plain","computed":true},"unhealthy_threshold":{"type":"number","description_kind":"plain","optional":true,"computed":true}},"block_types":{"grpc_healthcheck":{"nesting_mode":"list","block":{"attributes":{"service_name":{"type":"string","description_kind":"plain","optional":true,"computed":true}},"description_kind":"plain"},"max_items":1},"http_healthcheck":{"nesting_mode":"list","block":{"attributes":{"host":{"type":"string","description_kind":"plain","optional":true,"computed":true},"http2":{"type":"bool","description_kind":"plain","optional":true,"computed":true},"path":{"type":"string","description_kind":"plain","computed":true}},"description_kind":"plain"},"max_items":1},"stream_healthcheck":{"nesting_mode":"list","block":{"attributes":{"receive":{"type":"string","description_kind":"plain","optional":true,"computed":true},"send":{"type":"string","description_kind":"plain","optional":true,"computed":true}},"description_kind":"plain"},"max_items":1}},"description_kind":"plain"},"max_items":1},"load_balancing_config":{"nesting_mode":"list","block":{"attributes":{"locality_aware_routing_percent":{"type":"number","description_kind":"plain","optional":true,"computed":true},"panic_threshold":{"type":"number","description_kind":"plain","optional":true,"computed":true},"strict_locality":{"type":"bool","description_kind":"plain","optional":true,"computed":true}},"description_kind":"plain"},"max_items":1},"tls":{"nesting_mode":"list","block":{"attributes":{"sni":{"type":"string","description_kind":"plain","optional":true,"computed":true}},"block_types":{"validation_context":{"nesting_mode":"list","block":{"attributes":{"trusted_ca_bytes":{"type":"string","description_kind":"plain","optional":true,"computed":true},"trusted_ca_id":{"type":"string","description_kind":"plain","optional":true,"computed":true}},"description_kind":"plain"},"max_items":1}},"description_kind":"plain"},"max_items":1}},"description_kind":"plain"}},"http_backend":{"nesting_mode":"set","block":{"attributes":{"http2":{"type":"bool","description_kind":"plain","optional":true,"computed":true},"name":{"type":"string","description_kind":"plain","computed":true},"port":{"type":"number","description_kind":"plain","optional":true,"computed":true},"target_group_ids":{"type":["list","string"],"description_kind":"plain","computed":true},"weight":{"type":"number","description_kind":"plain","optional":true,"computed":true}},"block_types":{"healthcheck":{"nesting_mode":"set","block":{"attributes":{"healthcheck_port":{"type":"number","description_kind":"plain","optional":true,"computed":true},"healthy_threshold":{"type":"number","description_kind":"plain","optional":true,"computed":true},"interval":{"type":"string","description_kind":"plain","computed":true},"interval_jitter_percent":{"type":"number","description_kind":"plain","optional":true,"computed":true},"timeout":{"type":"string","description_kind":"plain","computed":true},"unhealthy_threshold":{"type":"number","description_kind":"plain","optional":true,"computed":true}},"block_types":{"grpc_healthcheck":{"nesting_mode":"list","block":{"attributes":{"service_name":{"type":"string","description_kind":"plain","optional":true,"computed":true}},"description_kind":"plain"},"max_items":1},"http_healthcheck":{"nesting_mode":"list","block":{"attributes":{"host":{"type":"string","description_kind":"plain","optional":true,"computed":true},"http2":{"type":"bool","description_kind":"plain","optional":true,"computed":true},"path":{"type":"string","description_kind":"plain","computed":true}},"description_kind":"plain"},"max_items":1},"stream_healthcheck":{"nesting_mode":"list","block":{"attributes":{"receive":{"type":"string","description_kind":"plain","optional":true,"computed":true},"send":{"type":"string","description_kind":"plain","optional":true,"computed":true}},"description_kind":"plain"},"max_items":1}},"description_kind":"plain"},"max_items":1},"load_balancing_config":{"nesting_mode":"list","block":{"attributes":{"locality_aware_routing_percent":{"type":"number","description_kind":"plain","optional":true,"computed":true},"panic_threshold":{"type":"number","description_kind":"plain","optional":true,"computed":true},"strict_locality":{"type":"bool","description_kind":"plain","optional":true,"computed":true}},"description_kind":"plain"},"max_items":1},"tls":{"nesting_mode":"list","block":{"attributes":{"sni":{"type":"string","description_kind":"plain","optional":true,"computed":true}},"block_types":{"validation_context":{"nesting_mode":"list","block":{"attributes":{"trusted_ca_bytes":{"type":"string","description_kind":"plain","optional":true,"computed":true},"trusted_ca_id":{"type":"string","description_kind":"plain","optional":true,"computed":true}},"description_kind":"plain"},"max_items":1}},"description_kind":"plain"},"max_items":1}},"description_kind":"plain"}}},"description_kind":"plain"}},"yandex_alb_http_router":{"version":0,"block":{"attributes":{"created_at":{"type":"string","description_kind":"plain","computed":true},"description":{"type":"string","description_kind":"plain","optional":true,"computed":true},"folder_id":{"type":"string","description_kind":"plain","optional":true,"computed":true},"http_router_id":{"type":"string","description_kind":"plain","optional":true,"computed":true},"id":{"type":"string","description_kind":"plain","optional":true,"computed":true},"labels":{"type":["map","string"],"description_kind":"plain","computed":true},"name":{"type":"string","description_kind":"plain","optional":true,"computed":true}},"description_kind":"plain"}},"yandex_alb_load_balancer":{"version":0,"block":{"attributes":{"allocation_policy":{"type":["list",["object",{"location":["set",["object",{"disable_traffic":"bool","subnet_id":"string","zone_id":"string"}]]}]],"description_kind":"plain","computed":true},"created_at":{"type":"string","description_kind":"plain","computed":true},"description":{"type":"string","description_kind":"plain","computed":true},"folder_id":{"type":"string","description_kind":"plain","computed":true},"id":{"type":"string","description_kind":"plain","optional":true,"computed":true},"labels":{"type":["map","string"],"description_kind":"plain","computed":true},"listener":{"type":["list",["object",{"endpoint":["list",["object",{"address":["list",["object",{"external_ipv4_address":["list",["object",{"address":"string"}]],"external_ipv6_address":["list",["object",{"address":"string"}]],"internal_ipv4_address":["list",["object",{"address":"string","subnet_id":"string"}]]}]],"ports":["list","number"]}]],"http":["list",["object",{"handler":["list",["object",{"allow_http10":"bool","http2_options":["list",["object",{"max_concurrent_streams":"number"}]],"http_router_id":"string"}]],"redirects":["list",["object",{"http_to_https":"bool"}]]}]],"name":"string","tls":["list",["object",{"default_handler":["list",["object",{"certificate_ids":["set","string"],"http_handler":["list",["object",{"allow_http10":"bool","http2_options":["list",["object",{"max_concurrent_streams":"number"}]],"http_router_id":"string"}]]}]],"sni_handler":["list",["object",{"handler":["list",["object",{"certificate_ids":["set","string"],"http_handler":["list",["object",{"allow_http10":"bool","http2_options":["list",["object",{"max_concurrent_streams":"number"}]],"http_router_id":"string"}]]}]],"name":"string","server_names":["set","string"]}]]}]]}]],"description_kind":"plain","computed":true},"load_balancer_id":{"type":"string","description_kind":"plain","optional":true,"computed":true},"log_group_id":{"type":"string","description_kind":"plain","computed":true},"name":{"type":"string","description_kind":"plain","optional":true,"computed":true},"network_id":{"type":"string","description_kind":"plain","computed":true},"region_id":{"type":"string","description_kind":"plain","computed":true},"security_group_ids":{"type":["set","string"],"description_kind":"plain","computed":true},"status":{"type":"string","description_kind":"plain","computed":true}},"block_types":{"timeouts":{"nesting_mode":"single","block":{"attributes":{"create":{"type":"string","description_kind":"plain","optional":true},"delete":{"type":"string","description_kind":"plain","optional":true},"update":{"type":"string","description_kind":"plain","optional":true}},"description_kind":"plain"}}},"description_kind":"plain"}},"yandex_alb_target_group":{"version":0,"block":{"attributes":{"created_at":{"type":"string","description_kind":"plain","computed":true},"description":{"type":"string","description_kind":"plain","optional":true,"computed":true},"folder_id":{"type":"string","description_kind":"plain","optional":true,"computed":true},"id":{"type":"string","description_kind":"plain","optional":true,"computed":true},"labels":{"type":["map","string"],"description_kind":"plain","computed":true},"name":{"type":"string","description_kind":"plain","optional":true,"computed":true},"target":{"type":["set",["object",{"ip_address":"string","subnet_id":"string"}]],"description_kind":"plain","computed":true},"target_group_id":{"type":"string","description_kind":"plain","optional":true,"computed":true}},"description_kind":"plain"}},"yandex_alb_virtual_host":{"version":0,"block":{"attributes":{"authority":{"type":["set","string"],"description_kind":"plain","computed":true},"http_router_id":{"type":"string","description_kind":"plain","optional":true,"computed":true},"id":{"type":"string","description_kind":"plain","optional":true,"computed":true},"modify_request_headers":{"type":["set",["object",{"append":"string","name":"string","remove":"bool","replace":"string"}]],"description_kind":"plain","computed":true},"modify_response_headers":{"type":["set",["object",{"append":"string","name":"string","remove":"bool","replace":"string"}]],"description_kind":"plain","computed":true},"name":{"type":"string","description_kind":"plain","optional":true,"computed":true},"route":{"type":["list",["object",{"grpc_route":["list",["object",{"grpc_match":["list",["object",{"fqmn":["list",["object",{"exact":"string","prefix":"string"}]]}]],"grpc_route_action":["list",["object",{"auto_host_rewrite":"bool","backend_group_id":"string","host_rewrite":"string","idle_timeout":"string","max_timeout":"string"}]],"grpc_status_response_action":["list",["object",{"status":"string"}]]}]],"http_route":["list",["object",{"direct_response_action":["list",["object",{"body":"string","status":"number"}]],"http_match":["list",["object",{"http_method":["set","string"],"path":["list",["object",{"exact":"string","prefix":"string"}]]}]],"http_route_action":["list",["object",{"auto_host_rewrite":"bool","backend_group_id":"string","host_rewrite":"string","idle_timeout":"string","prefix_rewrite":"string","timeout":"string","upgrade_types":["set","string"]}]],"redirect_action":["list",["object",{"remove_query":"bool","replace_host":"string","replace_path":"string","replace_port":"number","replace_prefix":"string","replace_scheme":"string","response_code":"string"}]]}]],"name":"string"}]],"description_kind":"plain","computed":true},"virtual_host_id":{"type":"string","description_kind":"plain","optional":true,"computed":true}},"description_kind":"plain"}},"yandex_api_gateway":{"version":0,"block":{"attributes":{"api_gateway_id":{"type":"string","description_kind":"plain","optional":true},"created_at":{"type":"string","description_kind":"plain","computed":true},"description":{"type":"string","description_kind":"plain","computed":true},"domain":{"type":"string","description_kind":"plain","computed":true},"folder_id":{"type":"string","description_kind":"plain","optional":true},"id":{"type":"string","description_kind":"plain","optional":true,"computed":true},"labels":{"type":["map","string"],"description_kind":"plain","computed":true},"log_group_id":{"type":"string","description_kind":"plain","computed":true},"name":{"type":"string","description_kind":"plain","optional":true},"status":{"type":"string","description_kind":"plain","computed":true},"user_domains":{"type":["set","string"],"description_kind":"plain","computed":true}},"description_kind":"plain"}},"yandex_client_config":{"version":0,"block":{"attributes":{"cloud_id":{"type":"string","description_kind":"plain","computed":true},"folder_id":{"type":"string","description_kind":"plain","computed":true},"iam_token":{"type":"string","description_kind":"plain","computed":true,"sensitive":true},"id":{"type":"string","description_kind":"plain","optional":true,"computed":true},"zone":{"type":"string","description_kind":"plain","computed":true}},"description_kind":"plain"}},"yandex_compute_disk":{"version":0,"block":{"attributes":{"created_at":{"type":"string","description_kind":"plain","computed":true},"description":{"type":"string","description_kind":"plain","computed":true},"disk_id":{"type":"string","description_kind":"plain","optional":true,"computed":true},"folder_id":{"type":"string","description_kind":"plain","optional":true,"computed":true},"id":{"type":"string","description_kind":"plain","optional":true,"computed":true},"image_id":{"type":"string","description_kind":"plain","computed":true},"instance_ids":{"type":["list","string"],"description_kind":"plain","computed":true},"labels":{"type":["map","string"],"description_kind":"plain","computed":true},"name":{"type":"string","description_kind":"plain","optional":true,"computed":true},"product_ids":{"type":["list","string"],"description_kind":"plain","computed":true},"size":{"type":"number","description_kind":"plain","computed":true},"snapshot_id":{"type":"string","description_kind":"plain","computed":true},"status":{"type":"string","description_kind":"plain","computed":true},"type":{"type":"string","description_kind":"plain","computed":true},"zone":{"type":"string","description_kind":"plain","computed":true}},"block_types":{"disk_placement_policy":{"nesting_mode":"list","block":{"attributes":{"disk_placement_group_id":{"type":"string","description_kind":"plain","required":true}},"description_kind":"plain"},"max_items":1}},"description_kind":"plain"}},"yandex_compute_disk_placement_group":{"version":0,"block":{"attributes":{"created_at":{"type":"string","description_kind":"plain","computed":true},"description":{"type":"string","description_kind":"plain","optional":true},"folder_id":{"type":"string","description_kind":"plain","optional":true,"computed":true},"group_id":{"type":"string","description_kind":"plain","optional":true,"computed":true},"id":{"type":"string","description_kind":"plain","optional":true,"computed":true},"labels":{"type":["map","string"],"description_kind":"plain","optional":true},"name":{"type":"string","description_kind":"plain","optional":true},"status":{"type":"string","description_kind":"plain","computed":true},"zone":{"type":"string","description_kind":"plain","optional":true}},"description_kind":"plain"}},"yandex_compute_image":{"version":0,"block":{"attributes":{"created_at":{"type":"string","description_kind":"plain","computed":true},"description":{"type":"string","description_kind":"plain","computed":true},"family":{"type":"string","description_kind":"plain","optional":true,"computed":true},"folder_id":{"type":"string","description_kind":"plain","optional":true,"computed":true},"id":{"type":"string","description_kind":"plain","optional":true,"computed":true},"image_id":{"type":"string","description_kind":"plain","optional":true,"computed":true},"labels":{"type":["map","string"],"description_kind":"plain","computed":true},"min_disk_size":{"type":"number","description_kind":"plain","computed":true},"name":{"type":"string","description_kind":"plain","optional":true,"computed":true},"os_type":{"type":"string","description_kind":"plain","computed":true},"product_ids":{"type":["set","string"],"description_kind":"plain","computed":true},"size":{"type":"number","description_kind":"plain","computed":true},"status":{"type":"string","description_kind":"plain","computed":true}},"description_kind":"plain"}},"yandex_compute_instance":{"version":1,"block":{"attributes":{"boot_disk":{"type":["list",["object",{"auto_delete":"bool","device_name":"string","disk_id":"string","initialize_params":["list",["object",{"description":"string","image_id":"string","name":"string","size":"number","snapshot_id":"string","type":"string"}]],"mode":"string"}]],"description_kind":"plain","computed":true},"created_at":{"type":"string","description_kind":"plain","computed":true},"description":{"type":"string","description_kind":"plain","computed":true},"folder_id":{"type":"string","description_kind":"plain","optional":true,"computed":true},"fqdn":{"type":"string","description_kind":"plain","computed":true},"id":{"type":"string","description_kind":"plain","optional":true,"computed":true},"instance_id":{"type":"string","description_kind":"plain","optional":true,"computed":true},"labels":{"type":["map","string"],"description_kind":"plain","computed":true},"metadata":{"type":["map","string"],"description_kind":"plain","computed":true},"name":{"type":"string","description_kind":"plain","optional":true,"computed":true},"network_acceleration_type":{"type":"string","description_kind":"plain","computed":true},"network_interface":{"type":["list",["object",{"dns_record":["list",["object",{"dns_zone_id":"string","fqdn":"string","ptr":"bool","ttl":"number"}]],"index":"number","ip_address":"string","ipv4":"bool","ipv6":"bool","ipv6_address":"string","ipv6_dns_record":["list",["object",{"dns_zone_id":"string","fqdn":"string","ptr":"bool","ttl":"number"}]],"mac_address":"string","nat":"bool","nat_dns_record":["list",["object",{"dns_zone_id":"string","fqdn":"string","ptr":"bool","ttl":"number"}]],"nat_ip_address":"string","nat_ip_version":"string","security_group_ids":["set","string"],"subnet_id":"string"}]],"description_kind":"plain","computed":true},"platform_id":{"type":"string","description_kind":"plain","computed":true},"resources":{"type":["list",["object",{"core_fraction":"number","cores":"number","gpus":"number","memory":"number"}]],"description_kind":"plain","computed":true},"secondary_disk":{"type":["list",["object",{"auto_delete":"bool","device_name":"string","disk_id":"string","mode":"string"}]],"description_kind":"plain","computed":true},"service_account_id":{"type":"string","description_kind":"plain","computed":true},"status":{"type":"string","description_kind":"plain","computed":true},"zone":{"type":"string","description_kind":"plain","computed":true}},"block_types":{"placement_policy":{"nesting_mode":"list","block":{"attributes":{"placement_group_id":{"type":"string","description_kind":"plain","required":true}},"description_kind":"plain"},"max_items":1},"scheduling_policy":{"nesting_mode":"list","block":{"attributes":{"preemptible":{"type":"bool","description_kind":"plain","optional":true}},"description_kind":"plain"},"max_items":1}},"description_kind":"plain"}},"yandex_compute_instance_group":{"version":0,"block":{"attributes":{"allocation_policy":{"type":["list",["object",{"zones":["set","string"]}]],"description_kind":"plain","computed":true},"application_balancer_state":{"type":["list",["object",{"status_message":"string","target_group_id":"string"}]],"description_kind":"plain","computed":true},"application_load_balancer":{"type":["list",["object",{"max_opening_traffic_duration":"number","status_message":"string","target_group_description":"string","target_group_id":"string","target_group_labels":["map","string"],"target_group_name":"string"}]],"description_kind":"plain","computed":true},"created_at":{"type":"string","description_kind":"plain","computed":true},"deletion_protection":{"type":"bool","description_kind":"plain","computed":true},"deploy_policy":{"type":["list",["object",{"max_creating":"number","max_deleting":"number","max_expansion":"number","max_unavailable":"number","startup_duration":"number","strategy":"string"}]],"description_kind":"plain","computed":true},"description":{"type":"string","description_kind":"plain","computed":true},"folder_id":{"type":"string","description_kind":"plain","computed":true},"health_check":{"type":["list",["object",{"healthy_threshold":"number","http_options":["list",["object",{"path":"string","port":"number"}]],"interval":"number","tcp_options":["list",["object",{"port":"number"}]],"timeout":"number","unhealthy_threshold":"number"}]],"description_kind":"plain","computed":true},"id":{"type":"string","description_kind":"plain","optional":true,"computed":true},"instance_group_id":{"type":"string","description_kind":"plain","required":true},"instance_template":{"type":["list",["object",{"boot_disk":["list",["object",{"device_name":"string","disk_id":"string","initialize_params":["list",["object",{"description":"string","image_id":"string","size":"number","snapshot_id":"string","type":"string"}]],"mode":"string"}]],"description":"string","hostname":"string","labels":["map","string"],"metadata":["map","string"],"name":"string","network_interface":["list",["object",{"dns_record":["list",["object",{"dns_zone_id":"string","fqdn":"string","ptr":"bool","ttl":"number"}]],"ip_address":"string","ipv4":"bool","ipv6":"bool","ipv6_address":"string","ipv6_dns_record":["list",["object",{"dns_zone_id":"string","fqdn":"string","ptr":"bool","ttl":"number"}]],"nat":"bool","nat_dns_record":["list",["object",{"dns_zone_id":"string","fqdn":"string","ptr":"bool","ttl":"number"}]],"nat_ip_address":"string","network_id":"string","security_group_ids":["set","string"],"subnet_ids":["set","string"]}]],"network_settings":["list",["object",{"type":"string"}]],"placement_policy":["list",["object",{"placement_group_id":"string"}]],"platform_id":"string","resources":["list",["object",{"core_fraction":"number","cores":"number","gpus":"number","memory":"number"}]],"scheduling_policy":["list",["object",{"preemptible":"bool"}]],"secondary_disk":["list",["object",{"device_name":"string","disk_id":"string","initialize_params":["list",["object",{"description":"string","image_id":"string","size":"number","snapshot_id":"string","type":"string"}]],"mode":"string"}]],"service_account_id":"string"}]],"description_kind":"plain","computed":true},"instances":{"type":["list",["object",{"fqdn":"string","instance_id":"string","name":"string","network_interface":["list",["object",{"index":"number","ip_address":"string","ipv4":"bool","ipv6":"bool","ipv6_address":"string","mac_address":"string","nat":"bool","nat_ip_address":"string","nat_ip_version":"string","subnet_id":"string"}]],"status":"string","status_changed_at":"string","status_message":"string","zone_id":"string"}]],"description_kind":"plain","computed":true},"labels":{"type":["map","string"],"description_kind":"plain","computed":true},"load_balancer":{"type":["list",["object",{"max_opening_traffic_duration":"number","status_message":"string","target_group_description":"string","target_group_id":"string","target_group_labels":["map","string"],"target_group_name":"string"}]],"description_kind":"plain","computed":true},"load_balancer_state":{"type":["list",["object",{"status_message":"string","target_group_id":"string"}]],"description_kind":"plain","computed":true},"max_checking_health_duration":{"type":"number","description_kind":"plain","computed":true},"name":{"type":"string","description_kind":"plain","computed":true},"scale_policy":{"type":["list",["object",{"auto_scale":["list",["object",{"cpu_utilization_target":"number","custom_rule":["list",["object",{"folder_id":"string","labels":["map","string"],"metric_name":"string","metric_type":"string","rule_type":"string","service":"string","target":"number"}]],"initial_size":"number","max_size":"number","measurement_duration":"number","min_zone_size":"number","stabilization_duration":"number","warmup_duration":"number"}]],"fixed_scale":["list",["object",{"size":"number"}]],"test_auto_scale":["list",["object",{"cpu_utilization_target":"number","custom_rule":["list",["object",{"folder_id":"string","labels":["map","string"],"metric_name":"string","metric_type":"string","rule_type":"string","service":"string","target":"number"}]],"initial_size":"number","max_size":"number","measurement_duration":"number","min_zone_size":"number","stabilization_duration":"number","warmup_duration":"number"}]]}]],"description_kind":"plain","computed":true},"service_account_id":{"type":"string","description_kind":"plain","computed":true},"status":{"type":"string","description_kind":"plain","computed":true},"variables":{"type":["map","string"],"description_kind":"plain","computed":true}},"description_kind":"plain"}},"yandex_compute_placement_group":{"version":0,"block":{"attributes":{"created_at":{"type":"string","description_kind":"plain","computed":true},"description":{"type":"string","description_kind":"plain","optional":true},"folder_id":{"type":"string","description_kind":"plain","optional":true,"computed":true},"group_id":{"type":"string","description_kind":"plain","optional":true,"computed":true},"id":{"type":"string","description_kind":"plain","optional":true,"computed":true},"labels":{"type":["map","string"],"description_kind":"plain","optional":true},"name":{"type":"string","description_kind":"plain","optional":true}},"description_kind":"plain"}},"yandex_compute_snapshot":{"version":0,"block":{"attributes":{"created_at":{"type":"string","description_kind":"plain","computed":true},"description":{"type":"string","description_kind":"plain","computed":true},"disk_size":{"type":"number","description_kind":"plain","computed":true},"folder_id":{"type":"string","description_kind":"plain","optional":true,"computed":true},"id":{"type":"string","description_kind":"plain","optional":true,"computed":true},"labels":{"type":["map","string"],"description_kind":"plain","computed":true},"name":{"type":"string","description_kind":"plain","optional":true,"computed":true},"product_ids":{"type":["list","string"],"description_kind":"plain","computed":true},"snapshot_id":{"type":"string","description_kind":"plain","optional":true,"computed":true},"source_disk_id":{"type":"string","description_kind":"plain","computed":true},"status":{"type":"string","description_kind":"plain","computed":true},"storage_size":{"type":"number","description_kind":"plain","computed":true}},"description_kind":"plain"}},"yandex_container_registry":{"version":0,"block":{"attributes":{"created_at":{"type":"string","description_kind":"plain","computed":true},"folder_id":{"type":"string","description_kind":"plain","optional":true,"computed":true},"id":{"type":"string","description_kind":"plain","optional":true,"computed":true},"labels":{"type":["map","string"],"description_kind":"plain","optional":true},"name":{"type":"string","description_kind":"plain","optional":true,"computed":true},"registry_id":{"type":"string","description_kind":"plain","optional":true,"computed":true},"status":{"type":"string","description_kind":"plain","computed":true}},"description_kind":"plain"}},"yandex_container_repository":{"version":0,"block":{"attributes":{"id":{"type":"string","description_kind":"plain","optional":true,"computed":true},"name":{"type":"string","description_kind":"plain","optional":true,"computed":true},"repository_id":{"type":"string","description_kind":"plain","optional":true,"computed":true}},"description_kind":"plain"}},"yandex_dataproc_cluster":{"version":0,"block":{"attributes":{"bucket":{"type":"string","description_kind":"plain","computed":true},"cluster_config":{"type":["list",["object",{"hadoop":["list",["object",{"properties":["map","string"],"services":["set","string"],"ssh_public_keys":["set","string"]}]],"subcluster_spec":["list",["object",{"autoscaling_config":["list",["object",{"cpu_utilization_target":"number","decommission_timeout":"number","max_hosts_count":"number","measurement_duration":"number","preemptible":"bool","stabilization_duration":"number","warmup_duration":"number"}]],"hosts_count":"number","id":"string","name":"string","resources":["list",["object",{"disk_size":"number","disk_type_id":"string","resource_preset_id":"string"}]],"role":"string","subnet_id":"string"}]],"version_id":"string"}]],"description_kind":"plain","computed":true},"cluster_id":{"type":"string","description_kind":"plain","optional":true,"computed":true},"created_at":{"type":"string","description_kind":"plain","computed":true},"deletion_protection":{"type":"bool","description_kind":"plain","computed":true},"description":{"type":"string","description_kind":"plain","computed":true},"folder_id":{"type":"string","description_kind":"plain","computed":true},"host_group_ids":{"type":["set","string"],"description_kind":"plain","computed":true},"id":{"type":"string","description_kind":"plain","optional":true,"computed":true},"labels":{"type":["map","string"],"description_kind":"plain","computed":true},"name":{"type":"string","description_kind":"plain","optional":true,"computed":true},"security_group_ids":{"type":["set","string"],"description_kind":"plain","computed":true},"service_account_id":{"type":"string","description_kind":"plain","computed":true},"ui_proxy":{"type":"bool","description_kind":"plain","computed":true},"zone_id":{"type":"string","description_kind":"plain","computed":true}},"description_kind":"plain"}},"yandex_dns_zone":{"version":0,"block":{"attributes":{"created_at":{"type":"string","description_kind":"plain","computed":true},"description":{"type":"string","description_kind":"plain","computed":true},"dns_zone_id":{"type":"string","description_kind":"plain","required":true},"folder_id":{"type":"string","description_kind":"plain","computed":true},"id":{"type":"string","description_kind":"plain","optional":true,"computed":true},"labels":{"type":["map","string"],"description_kind":"plain","computed":true},"name":{"type":"string","description_kind":"plain","computed":true},"private_networks":{"type":["set","string"],"description_kind":"plain","computed":true},"public":{"type":"bool","description_kind":"plain","computed":true},"zone":{"type":"string","description_kind":"plain","computed":true}},"block_types":{"timeouts":{"nesting_mode":"single","block":{"attributes":{"create":{"type":"string","description_kind":"plain","optional":true},"delete":{"type":"string","description_kind":"plain","optional":true},"update":{"type":"string","description_kind":"plain","optional":true}},"description_kind":"plain"}}},"description_kind":"plain"}},"yandex_function":{"version":0,"block":{"attributes":{"created_at":{"type":"string","description_kind":"plain","computed":true},"description":{"type":"string","description_kind":"plain","computed":true},"entrypoint":{"type":"string","description_kind":"plain","computed":true},"environment":{"type":["map","string"],"description_kind":"plain","computed":true},"execution_timeout":{"type":"string","description_kind":"plain","computed":true},"folder_id":{"type":"string","description_kind":"plain","optional":true},"function_id":{"type":"string","description_kind":"plain","optional":true},"id":{"type":"string","description_kind":"plain","optional":true,"computed":true},"image_size":{"type":"number","description_kind":"plain","computed":true},"labels":{"type":["map","string"],"description_kind":"plain","computed":true},"loggroup_id":{"type":"string","description_kind":"plain","computed":true},"memory":{"type":"number","description_kind":"plain","computed":true},"name":{"type":"string","description_kind":"plain","optional":true},"runtime":{"type":"string","description_kind":"plain","computed":true},"service_account_id":{"type":"string","description_kind":"plain","computed":true},"tags":{"type":["set","string"],"description_kind":"plain","computed":true},"version":{"type":"string","description_kind":"plain","computed":true}},"description_kind":"plain"}},"yandex_function_scaling_policy":{"version":0,"block":{"attributes":{"function_id":{"type":"string","description_kind":"plain","required":true},"id":{"type":"string","description_kind":"plain","optional":true,"computed":true}},"block_types":{"policy":{"nesting_mode":"list","block":{"attributes":{"tag":{"type":"string","description_kind":"plain","computed":true},"zone_instances_limit":{"type":"number","description_kind":"plain","optional":true},"zone_requests_limit":{"type":"number","description_kind":"plain","optional":true}},"description_kind":"plain"}}},"description_kind":"plain"}},"yandex_function_trigger":{"version":0,"block":{"attributes":{"created_at":{"type":"string","description_kind":"plain","computed":true},"description":{"type":"string","description_kind":"plain","computed":true},"dlq":{"type":["list",["object",{"queue_id":"string","service_account_id":"string"}]],"description_kind":"plain","computed":true},"folder_id":{"type":"string","description_kind":"plain","optional":true},"function":{"type":["list",["object",{"id":"string","retry_attempts":"string","retry_interval":"string","service_account_id":"string","tag":"string"}]],"description_kind":"plain","computed":true},"id":{"type":"string","description_kind":"plain","optional":true,"computed":true},"iot":{"type":["list",["object",{"device_id":"string","registry_id":"string","topic":"string"}]],"description_kind":"plain","computed":true},"labels":{"type":["map","string"],"description_kind":"plain","computed":true},"log_group":{"type":["list",["object",{"batch_cutoff":"string","batch_size":"string","log_group_ids":["set","string"]}]],"description_kind":"plain","computed":true},"logging":{"type":["list",["object",{"batch_cutoff":"string","batch_size":"string","group_id":"string","levels":["set","string"],"resource_ids":["set","string"],"resource_types":["set","string"]}]],"description_kind":"plain","computed":true},"message_queue":{"type":["list",["object",{"batch_cutoff":"string","batch_size":"string","queue_id":"string","service_account_id":"string","visibility_timeout":"string"}]],"description_kind":"plain","computed":true},"name":{"type":"string","description_kind":"plain","optional":true},"object_storage":{"type":["list",["object",{"bucket_id":"string","create":"bool","delete":"bool","prefix":"string","suffix":"string","update":"bool"}]],"description_kind":"plain","computed":true},"timer":{"type":["list",["object",{"cron_expression":"string"}]],"description_kind":"plain","computed":true},"trigger_id":{"type":"string","description_kind":"plain","optional":true}},"description_kind":"plain"}},"yandex_iam_policy":{"version":0,"block":{"attributes":{"id":{"type":"string","description_kind":"plain","optional":true,"computed":true},"policy_data":{"type":"string","description_kind":"plain","computed":true}},"block_types":{"binding":{"nesting_mode":"set","block":{"attributes":{"members":{"type":["set","string"],"description_kind":"plain","required":true},"role":{"type":"string","description_kind":"plain","required":true}},"description_kind":"plain"},"min_items":1}},"description_kind":"plain"}},"yandex_iam_role":{"version":0,"block":{"attributes":{"description":{"type":"string","description_kind":"plain","optional":true},"id":{"type":"string","description_kind":"plain","optional":true,"computed":true},"role_id":{"type":"string","description_kind":"plain","optional":true,"computed":true}},"description_kind":"plain"}},"yandex_iam_service_account":{"version":0,"block":{"attributes":{"created_at":{"type":"string","description_kind":"plain","computed":true},"description":{"type":"string","description_kind":"plain","computed":true},"folder_id":{"type":"string","description_kind":"plain","optional":true,"computed":true},"id":{"type":"string","description_kind":"plain","optional":true,"computed":true},"name":{"type":"string","description_kind":"plain","optional":true,"computed":true},"service_account_id":{"type":"string","description_kind":"plain","optional":true,"computed":true}},"description_kind":"plain"}},"yandex_iam_user":{"version":0,"block":{"attributes":{"default_email":{"type":"string","description_kind":"plain","computed":true},"id":{"type":"string","description_kind":"plain","optional":true,"computed":true},"login":{"type":"string","description_kind":"plain","optional":true,"computed":true},"user_id":{"type":"string","description_kind":"plain","optional":true,"computed":true}},"description_kind":"plain"}},"yandex_iot_core_device":{"version":0,"block":{"attributes":{"aliases":{"type":["map","string"],"description_kind":"plain","computed":true},"certificates":{"type":["set","string"],"description_kind":"plain","computed":true},"created_at":{"type":"string","description_kind":"plain","computed":true},"description":{"type":"string","description_kind":"plain","computed":true},"device_id":{"type":"string","description_kind":"plain","optional":true},"id":{"type":"string","description_kind":"plain","optional":true,"computed":true},"name":{"type":"string","description_kind":"plain","optional":true},"passwords":{"type":["set","string"],"description_kind":"plain","computed":true},"registry_id":{"type":"string","description_kind":"plain","computed":true}},"description_kind":"plain"}},"yandex_iot_core_registry":{"version":0,"block":{"attributes":{"certificates":{"type":["set","string"],"description_kind":"plain","computed":true},"created_at":{"type":"string","description_kind":"plain","computed":true},"description":{"type":"string","description_kind":"plain","computed":true},"folder_id":{"type":"string","description_kind":"plain","optional":true},"id":{"type":"string","description_kind":"plain","optional":true,"computed":true},"labels":{"type":["map","string"],"description_kind":"plain","computed":true},"name":{"type":"string","description_kind":"plain","optional":true},"passwords":{"type":["set","string"],"description_kind":"plain","computed":true},"registry_id":{"type":"string","description_kind":"plain","optional":true}},"description_kind":"plain"}},"yandex_kubernetes_cluster":{"version":0,"block":{"attributes":{"cluster_id":{"type":"string","description_kind":"plain","optional":true,"computed":true},"cluster_ipv4_range":{"type":"string","description_kind":"plain","computed":true},"cluster_ipv6_range":{"type":"string","description_kind":"plain","computed":true},"created_at":{"type":"string","description_kind":"plain","computed":true},"description":{"type":"string","description_kind":"plain","computed":true},"folder_id":{"type":"string","description_kind":"plain","optional":true,"computed":true},"health":{"type":"string","description_kind":"plain","computed":true},"id":{"type":"string","description_kind":"plain","optional":true,"computed":true},"kms_provider":{"type":["list",["object",{"key_id":"string"}]],"description_kind":"plain","computed":true},"labels":{"type":["map","string"],"description_kind":"plain","computed":true},"log_group_id":{"type":"string","description_kind":"plain","computed":true},"master":{"type":["list",["object",{"cluster_ca_certificate":"string","external_v4_address":"string","external_v4_endpoint":"string","internal_v4_address":"string","internal_v4_endpoint":"string","maintenance_policy":["list",["object",{"auto_upgrade":"bool","maintenance_window":["set",["object",{"day":"string","duration":"string","start_time":"string"}]]}]],"public_ip":"bool","regional":["list",["object",{"region":"string"}]],"security_group_ids":["set","string"],"version":"string","version_info":["list",["object",{"current_version":"string","new_revision_available":"bool","new_revision_summary":"string","version_deprecated":"bool"}]],"zonal":["list",["object",{"zone":"string"}]]}]],"description_kind":"plain","computed":true},"name":{"type":"string","description_kind":"plain","optional":true,"computed":true},"network_id":{"type":"string","description_kind":"plain","computed":true},"network_implementation":{"type":["list",["object",{"cilium":["list",["object",{"routing_mode":"string"}]]}]],"description_kind":"plain","computed":true},"network_policy_provider":{"type":"string","description_kind":"plain","computed":true},"node_ipv4_cidr_mask_size":{"type":"number","description_kind":"plain","computed":true},"node_service_account_id":{"type":"string","description_kind":"plain","computed":true},"release_channel":{"type":"string","description_kind":"plain","computed":true},"service_account_id":{"type":"string","description_kind":"plain","computed":true},"service_ipv4_range":{"type":"string","description_kind":"plain","computed":true},"service_ipv6_range":{"type":"string","description_kind":"plain","computed":true},"status":{"type":"string","description_kind":"plain","computed":true}},"description_kind":"plain"}},"yandex_kubernetes_node_group":{"version":0,"block":{"attributes":{"allocation_policy":{"type":["list",["object",{"location":["list",["object",{"subnet_id":"string","zone":"string"}]]}]],"description_kind":"plain","computed":true},"allowed_unsafe_sysctls":{"type":["list","string"],"description_kind":"plain","computed":true},"cluster_id":{"type":"string","description_kind":"plain","computed":true},"created_at":{"type":"string","description_kind":"plain","computed":true},"deploy_policy":{"type":["list",["object",{"max_expansion":"number","max_unavailable":"number"}]],"description_kind":"plain","computed":true},"description":{"type":"string","description_kind":"plain","computed":true},"folder_id":{"type":"string","description_kind":"plain","optional":true,"computed":true},"id":{"type":"string","description_kind":"plain","optional":true,"computed":true},"instance_group_id":{"type":"string","description_kind":"plain","computed":true},"instance_template":{"type":["list",["object",{"boot_disk":["list",["object",{"size":"number","type":"string"}]],"metadata":["map","string"],"nat":"bool","network_acceleration_type":"string","network_interface":["list",["object",{"ipv4":"bool","ipv6":"bool","nat":"bool","security_group_ids":["set","string"],"subnet_ids":["set","string"]}]],"placement_policy":["list",["object",{"placement_group_id":"string"}]],"platform_id":"string","resources":["list",["object",{"core_fraction":"number","cores":"number","gpus":"number","memory":"number"}]],"scheduling_policy":["list",["object",{"preemptible":"bool"}]]}]],"description_kind":"plain","computed":true},"labels":{"type":["map","string"],"description_kind":"plain","computed":true},"maintenance_policy":{"type":["list",["object",{"auto_repair":"bool","auto_upgrade":"bool","maintenance_window":["set",["object",{"day":"string","duration":"string","start_time":"string"}]]}]],"description_kind":"plain","computed":true},"name":{"type":"string","description_kind":"plain","optional":true,"computed":true},"node_group_id":{"type":"string","description_kind":"plain","optional":true,"computed":true},"node_labels":{"type":["map","string"],"description_kind":"plain","computed":true},"node_taints":{"type":["list","string"],"description_kind":"plain","computed":true},"scale_policy":{"type":["list",["object",{"auto_scale":["list",["object",{"initial":"number","max":"number","min":"number"}]],"fixed_scale":["list",["object",{"size":"number"}]]}]],"description_kind":"plain","computed":true},"status":{"type":"string","description_kind":"plain","computed":true},"version_info":{"type":["list",["object",{"current_version":"string","new_revision_available":"bool","new_revision_summary":"string","version_deprecated":"bool"}]],"description_kind":"plain","computed":true}},"description_kind":"plain"}},"yandex_lb_network_load_balancer":{"version":0,"block":{"attributes":{"attached_target_group":{"type":["set",["object",{"healthcheck":["list",["object",{"healthy_threshold":"number","http_options":["list",["object",{"path":"string","port":"number"}]],"interval":"number","name":"string","tcp_options":["list",["object",{"port":"number"}]],"timeout":"number","unhealthy_threshold":"number"}]],"target_group_id":"string"}]],"description_kind":"plain","computed":true},"created_at":{"type":"string","description_kind":"plain","computed":true},"description":{"type":"string","description_kind":"plain","computed":true},"folder_id":{"type":"string","description_kind":"plain","optional":true,"computed":true},"id":{"type":"string","description_kind":"plain","optional":true,"computed":true},"labels":{"type":["map","string"],"description_kind":"plain","computed":true},"listener":{"type":["set",["object",{"external_address_spec":["set",["object",{"address":"string","ip_version":"string"}]],"internal_address_spec":["set",["object",{"address":"string","ip_version":"string","subnet_id":"string"}]],"name":"string","port":"number","protocol":"string","target_port":"number"}]],"description_kind":"plain","computed":true},"name":{"type":"string","description_kind":"plain","optional":true,"computed":true},"network_load_balancer_id":{"type":"string","description_kind":"plain","optional":true,"computed":true},"region_id":{"type":"string","description_kind":"plain","computed":true},"type":{"type":"string","description_kind":"plain","computed":true}},"description_kind":"plain"}},"yandex_lb_target_group":{"version":0,"block":{"attributes":{"created_at":{"type":"string","description_kind":"plain","computed":true},"description":{"type":"string","description_kind":"plain","computed":true},"folder_id":{"type":"string","description_kind":"plain","optional":true,"computed":true},"id":{"type":"string","description_kind":"plain","optional":true,"computed":true},"labels":{"type":["map","string"],"description_kind":"plain","computed":true},"name":{"type":"string","description_kind":"plain","optional":true,"computed":true},"target":{"type":["set",["object",{"address":"string","subnet_id":"string"}]],"description_kind":"plain","computed":true},"target_group_id":{"type":"string","description_kind":"plain","optional":true,"computed":true}},"description_kind":"plain"}},"yandex_logging_group":{"version":0,"block":{"attributes":{"cloud_id":{"type":"string","description_kind":"plain","computed":true},"created_at":{"type":"string","description_kind":"plain","computed":true},"description":{"type":"string","description_kind":"plain","computed":true},"folder_id":{"type":"string","description_kind":"plain","optional":true,"computed":true},"group_id":{"type":"string","description_kind":"plain","optional":true,"computed":true},"id":{"type":"string","description_kind":"plain","optional":true,"computed":true},"labels":{"type":["map","string"],"description_kind":"plain","computed":true},"name":{"type":"string","description_kind":"plain","optional":true,"computed":true},"retention_period":{"type":"string","description_kind":"plain","computed":true},"status":{"type":"string","description_kind":"plain","computed":true}},"description_kind":"plain"}},"yandex_mdb_clickhouse_cluster":{"version":0,"block":{"attributes":{"access":{"type":["list",["object",{"data_lens":"bool","metrika":"bool","serverless":"bool","web_sql":"bool"}]],"description_kind":"plain","computed":true},"backup_window_start":{"type":["list",["object",{"hours":"number","minutes":"number"}]],"description_kind":"plain","computed":true},"clickhouse":{"type":["list",["object",{"config":["list",["object",{"background_pool_size":"number","background_schedule_pool_size":"number","compression":["list",["object",{"method":"string","min_part_size":"number","min_part_size_ratio":"number"}]],"geobase_uri":"string","graphite_rollup":["list",["object",{"name":"string","pattern":["list",["object",{"function":"string","regexp":"string","retention":["list",["object",{"age":"number","precision":"number"}]]}]]}]],"kafka":["list",["object",{"sasl_mechanism":"string","sasl_password":"string","sasl_username":"string","security_protocol":"string"}]],"kafka_topic":["list",["object",{"name":"string","settings":["list",["object",{"sasl_mechanism":"string","sasl_password":"string","sasl_username":"string","security_protocol":"string"}]]}]],"keep_alive_timeout":"number","log_level":"string","mark_cache_size":"number","max_concurrent_queries":"number","max_connections":"number","max_partition_size_to_drop":"number","max_table_size_to_drop":"number","merge_tree":["list",["object",{"max_bytes_to_merge_at_min_space_in_pool":"number","max_replicated_merges_in_queue":"number","number_of_free_entries_in_pool_to_lower_max_size_of_merge":"number","parts_to_delay_insert":"number","parts_to_throw_insert":"number","replicated_deduplication_window":"number","replicated_deduplication_window_seconds":"number"}]],"metric_log_enabled":"bool","metric_log_retention_size":"number","metric_log_retention_time":"number","part_log_retention_size":"number","part_log_retention_time":"number","query_log_retention_size":"number","query_log_retention_time":"number","query_thread_log_enabled":"bool","query_thread_log_retention_size":"number","query_thread_log_retention_time":"number","rabbitmq":["list",["object",{"password":"string","username":"string"}]],"text_log_enabled":"bool","text_log_level":"string","text_log_retention_size":"number","text_log_retention_time":"number","timezone":"string","trace_log_enabled":"bool","trace_log_retention_size":"number","trace_log_retention_time":"number","uncompressed_cache_size":"number"}]],"resources":["list",["object",{"disk_size":"number","disk_type_id":"string","resource_preset_id":"string"}]]}]],"description_kind":"plain","computed":true},"cluster_id":{"type":"string","description_kind":"plain","optional":true,"computed":true},"created_at":{"type":"string","description_kind":"plain","computed":true},"database":{"type":["set",["object",{"name":"string"}]],"description_kind":"plain","computed":true},"deletion_protection":{"type":"bool","description_kind":"plain","optional":true,"computed":true},"description":{"type":"string","description_kind":"plain","computed":true},"environment":{"type":"string","description_kind":"plain","computed":true},"folder_id":{"type":"string","description_kind":"plain","optional":true,"computed":true},"format_schema":{"type":["list",["object",{"name":"string","type":"string","uri":"string"}]],"description_kind":"plain","computed":true},"health":{"type":"string","description_kind":"plain","computed":true},"host":{"type":["list",["object",{"assign_public_ip":"bool","fqdn":"string","shard_name":"string","subnet_id":"string","type":"string","zone":"string"}]],"description_kind":"plain","computed":true},"id":{"type":"string","description_kind":"plain","optional":true,"computed":true},"labels":{"type":["map","string"],"description_kind":"plain","computed":true},"maintenance_window":{"type":["list",["object",{"day":"string","hour":"number","type":"string"}]],"description_kind":"plain","computed":true},"ml_model":{"type":["list",["object",{"name":"string","type":"string","uri":"string"}]],"description_kind":"plain","computed":true},"name":{"type":"string","description_kind":"plain","optional":true,"computed":true},"network_id":{"type":"string","description_kind":"plain","computed":true},"security_group_ids":{"type":["set","string"],"description_kind":"plain","computed":true},"service_account_id":{"type":"string","description_kind":"plain","optional":true,"computed":true},"shard_group":{"type":["list",["object",{"description":"string","name":"string","shard_names":["list","string"]}]],"description_kind":"plain","computed":true},"sql_database_management":{"type":"bool","description_kind":"plain","computed":true},"sql_user_management":{"type":"bool","description_kind":"plain","computed":true},"status":{"type":"string","description_kind":"plain","computed":true},"user":{"type":["set",["object",{"name":"string","permission":["set",["object",{"database_name":"string"}]],"quota":["set",["object",{"errors":"number","execution_time":"number","interval_duration":"number","queries":"number","read_rows":"number","result_rows":"number"}]],"settings":["list",["object",{"add_http_cors_header":"bool","allow_ddl":"bool","compile":"bool","compile_expressions":"bool","connect_timeout":"number","count_distinct_implementation":"string","distinct_overflow_mode":"string","distributed_aggregation_memory_efficient":"bool","distributed_ddl_task_timeout":"number","distributed_product_mode":"string","empty_result_for_aggregation_by_empty_set":"bool","enable_http_compression":"bool","fallback_to_stale_replicas_for_distributed_queries":"bool","force_index_by_date":"bool","force_primary_key":"bool","group_by_overflow_mode":"string","group_by_two_level_threshold":"number","group_by_two_level_threshold_bytes":"number","http_connection_timeout":"number","http_headers_progress_interval":"number","http_receive_timeout":"number","http_send_timeout":"number","input_format_defaults_for_omitted_fields":"bool","input_format_values_interpret_expressions":"bool","insert_quorum":"number","insert_quorum_timeout":"number","join_overflow_mode":"string","join_use_nulls":"bool","joined_subquery_requires_alias":"bool","low_cardinality_allow_in_native_format":"bool","max_ast_depth":"number","max_ast_elements":"number","max_block_size":"number","max_bytes_before_external_group_by":"number","max_bytes_before_external_sort":"number","max_bytes_in_distinct":"number","max_bytes_in_join":"number","max_bytes_in_set":"number","max_bytes_to_read":"number","max_bytes_to_sort":"number","max_bytes_to_transfer":"number","max_columns_to_read":"number","max_execution_time":"number","max_expanded_ast_elements":"number","max_insert_block_size":"number","max_memory_usage":"number","max_memory_usage_for_user":"number","max_network_bandwidth":"number","max_network_bandwidth_for_user":"number","max_query_size":"number","max_replica_delay_for_distributed_queries":"number","max_result_bytes":"number","max_result_rows":"number","max_rows_in_distinct":"number","max_rows_in_join":"number","max_rows_in_set":"number","max_rows_to_group_by":"number","max_rows_to_read":"number","max_rows_to_sort":"number","max_rows_to_transfer":"number","max_temporary_columns":"number","max_temporary_non_const_columns":"number","max_threads":"number","merge_tree_max_bytes_to_use_cache":"number","merge_tree_max_rows_to_use_cache":"number","merge_tree_min_bytes_for_concurrent_read":"number","merge_tree_min_rows_for_concurrent_read":"number","min_bytes_to_use_direct_io":"number","min_count_to_compile":"number","min_count_to_compile_expression":"number","min_execution_speed":"number","min_execution_speed_bytes":"number","min_insert_block_size_bytes":"number","min_insert_block_size_rows":"number","output_format_json_quote_64bit_integers":"bool","output_format_json_quote_denormals":"bool","priority":"number","quota_mode":"string","read_overflow_mode":"string","readonly":"number","receive_timeout":"number","replication_alter_partitions_sync":"number","result_overflow_mode":"string","select_sequential_consistency":"bool","send_progress_in_http_headers":"bool","send_timeout":"number","set_overflow_mode":"string","skip_unavailable_shards":"bool","sort_overflow_mode":"string","timeout_overflow_mode":"string","transfer_overflow_mode":"string","transform_null_in":"bool","use_uncompressed_cache":"bool"}]]}]],"description_kind":"plain","computed":true},"version":{"type":"string","description_kind":"plain","computed":true},"zookeeper":{"type":["list",["object",{"resources":["list",["object",{"disk_size":"number","disk_type_id":"string","resource_preset_id":"string"}]]}]],"description_kind":"plain","computed":true}},"block_types":{"cloud_storage":{"nesting_mode":"list","block":{"attributes":{"enabled":{"type":"bool","description_kind":"plain","required":true}},"description_kind":"plain"},"max_items":1}},"description_kind":"plain"}},"yandex_mdb_elasticsearch_cluster":{"version":0,"block":{"attributes":{"cluster_id":{"type":"string","description_kind":"plain","optional":true,"computed":true},"config":{"type":["list",["object",{"admin_password":"string","data_node":["list",["object",{"resources":["list",["object",{"disk_size":"number","disk_type_id":"string","resource_preset_id":"string"}]]}]],"edition":"string","master_node":["list",["object",{"resources":["list",["object",{"disk_size":"number","disk_type_id":"string","resource_preset_id":"string"}]]}]],"plugins":["set","string"],"version":"string"}]],"description_kind":"plain","computed":true},"created_at":{"type":"string","description_kind":"plain","computed":true},"deletion_protection":{"type":"bool","description_kind":"plain","optional":true,"computed":true},"description":{"type":"string","description_kind":"plain","optional":true,"computed":true},"environment":{"type":"string","description_kind":"plain","computed":true},"folder_id":{"type":"string","description_kind":"plain","optional":true,"computed":true},"health":{"type":"string","description_kind":"plain","computed":true},"host":{"type":["set",["object",{"assign_public_ip":"bool","fqdn":"string","name":"string","subnet_id":"string","type":"string","zone":"string"}]],"description_kind":"plain","computed":true},"id":{"type":"string","description_kind":"plain","optional":true,"computed":true},"labels":{"type":["map","string"],"description_kind":"plain","optional":true,"computed":true},"name":{"type":"string","description_kind":"plain","optional":true,"computed":true},"network_id":{"type":"string","description_kind":"plain","computed":true},"security_group_ids":{"type":["set","string"],"description_kind":"plain","optional":true,"computed":true},"service_account_id":{"type":"string","description_kind":"plain","optional":true,"computed":true},"status":{"type":"string","description_kind":"plain","computed":true}},"description_kind":"plain"}},"yandex_mdb_greenplum_cluster":{"version":0,"block":{"attributes":{"access":{"type":["list",["object",{"data_lens":"bool","web_sql":"bool"}]],"description_kind":"plain","computed":true},"assign_public_ip":{"type":"bool","description_kind":"plain","computed":true},"backup_window_start":{"type":["list",["object",{"hours":"number","minutes":"number"}]],"description_kind":"plain","computed":true},"cluster_id":{"type":"string","description_kind":"plain","optional":true,"computed":true},"created_at":{"type":"string","description_kind":"plain","computed":true},"deletion_protection":{"type":"bool","description_kind":"plain","computed":true},"description":{"type":"string","description_kind":"plain","computed":true},"environment":{"type":"string","description_kind":"plain","computed":true},"folder_id":{"type":"string","description_kind":"plain","optional":true,"computed":true},"health":{"type":"string","description_kind":"plain","computed":true},"id":{"type":"string","description_kind":"plain","optional":true,"computed":true},"labels":{"type":["map","string"],"description_kind":"plain","computed":true},"master_host_count":{"type":"number","description_kind":"plain","computed":true},"master_hosts":{"type":["list",["object",{"assign_public_ip":"bool","fqdn":"string"}]],"description_kind":"plain","computed":true},"master_subcluster":{"type":["list",["object",{"resources":["list",["object",{"disk_size":"number","disk_type_id":"string","resource_preset_id":"string"}]]}]],"description_kind":"plain","computed":true},"name":{"type":"string","description_kind":"plain","optional":true,"computed":true},"network_id":{"type":"string","description_kind":"plain","computed":true},"security_group_ids":{"type":["set","string"],"description_kind":"plain","computed":true},"segment_host_count":{"type":"number","description_kind":"plain","computed":true},"segment_hosts":{"type":["list",["object",{"fqdn":"string"}]],"description_kind":"plain","computed":true},"segment_in_host":{"type":"number","description_kind":"plain","computed":true},"segment_subcluster":{"type":["list",["object",{"resources":["list",["object",{"disk_size":"number","disk_type_id":"string","resource_preset_id":"string"}]]}]],"description_kind":"plain","computed":true},"status":{"type":"string","description_kind":"plain","computed":true},"subnet_id":{"type":"string","description_kind":"plain","computed":true},"user_name":{"type":"string","description_kind":"plain","computed":true},"version":{"type":"string","description_kind":"plain","computed":true},"zone":{"type":"string","description_kind":"plain","computed":true}},"description_kind":"plain"}},"yandex_mdb_kafka_cluster":{"version":0,"block":{"attributes":{"cluster_id":{"type":"string","description_kind":"plain","optional":true,"computed":true},"created_at":{"type":"string","description_kind":"plain","computed":true},"deletion_protection":{"type":"bool","description_kind":"plain","optional":true,"computed":true},"description":{"type":"string","description_kind":"plain","computed":true},"environment":{"type":"string","description_kind":"plain","computed":true},"folder_id":{"type":"string","description_kind":"plain","optional":true,"computed":true},"health":{"type":"string","description_kind":"plain","computed":true},"host":{"type":["set",["object",{"assign_public_ip":"bool","health":"string","name":"string","role":"string","subnet_id":"string","zone_id":"string"}]],"description_kind":"plain","computed":true},"host_group_ids":{"type":["set","string"],"description_kind":"plain","computed":true},"id":{"type":"string","description_kind":"plain","optional":true,"computed":true},"labels":{"type":["map","string"],"description_kind":"plain","computed":true},"name":{"type":"string","description_kind":"plain","optional":true,"computed":true},"network_id":{"type":"string","description_kind":"plain","computed":true},"security_group_ids":{"type":["set","string"],"description_kind":"plain","computed":true},"status":{"type":"string","description_kind":"plain","computed":true},"subnet_ids":{"type":["list","string"],"description_kind":"plain","optional":true}},"block_types":{"config":{"nesting_mode":"list","block":{"attributes":{"assign_public_ip":{"type":"bool","description_kind":"plain","optional":true},"brokers_count":{"type":"number","description_kind":"plain","optional":true},"schema_registry":{"type":"bool","description_kind":"plain","optional":true},"unmanaged_topics":{"type":"bool","description_kind":"plain","optional":true},"version":{"type":"string","description_kind":"plain","required":true},"zones":{"type":["list","string"],"description_kind":"plain","required":true}},"block_types":{"kafka":{"nesting_mode":"list","block":{"block_types":{"kafka_config":{"nesting_mode":"list","block":{"attributes":{"auto_create_topics_enable":{"type":"bool","description_kind":"plain","optional":true},"compression_type":{"type":"string","description_kind":"plain","optional":true},"default_replication_factor":{"type":"string","description_kind":"plain","optional":true},"log_flush_interval_messages":{"type":"string","description_kind":"plain","optional":true},"log_flush_interval_ms":{"type":"string","description_kind":"plain","optional":true},"log_flush_scheduler_interval_ms":{"type":"string","description_kind":"plain","optional":true},"log_preallocate":{"type":"bool","description_kind":"plain","optional":true},"log_retention_bytes":{"type":"string","description_kind":"plain","optional":true},"log_retention_hours":{"type":"string","description_kind":"plain","optional":true},"log_retention_minutes":{"type":"string","description_kind":"plain","optional":true},"log_retention_ms":{"type":"string","description_kind":"plain","optional":true},"log_segment_bytes":{"type":"string","description_kind":"plain","optional":true},"num_partitions":{"type":"string","description_kind":"plain","optional":true},"socket_receive_buffer_bytes":{"type":"string","description_kind":"plain","optional":true},"socket_send_buffer_bytes":{"type":"string","description_kind":"plain","optional":true}},"description_kind":"plain"},"max_items":1},"resources":{"nesting_mode":"list","block":{"attributes":{"disk_size":{"type":"number","description_kind":"plain","required":true},"disk_type_id":{"type":"string","description_kind":"plain","required":true},"resource_preset_id":{"type":"string","description_kind":"plain","required":true}},"description_kind":"plain"},"min_items":1,"max_items":1}},"description_kind":"plain"},"min_items":1,"max_items":1},"zookeeper":{"nesting_mode":"list","block":{"block_types":{"resources":{"nesting_mode":"list","block":{"attributes":{"disk_size":{"type":"number","description_kind":"plain","optional":true,"computed":true},"disk_type_id":{"type":"string","description_kind":"plain","optional":true,"computed":true},"resource_preset_id":{"type":"string","description_kind":"plain","optional":true,"computed":true}},"description_kind":"plain"},"max_items":1}},"description_kind":"plain"},"max_items":1}},"description_kind":"plain"},"max_items":1},"topic":{"nesting_mode":"list","block":{"attributes":{"cluster_id":{"type":"string","description_kind":"plain","required":true},"name":{"type":"string","description_kind":"plain","required":true},"partitions":{"type":"number","description_kind":"plain","required":true},"replication_factor":{"type":"number","description_kind":"plain","required":true}},"block_types":{"topic_config":{"nesting_mode":"list","block":{"attributes":{"cleanup_policy":{"type":"string","description_kind":"plain","optional":true},"compression_type":{"type":"string","description_kind":"plain","optional":true},"delete_retention_ms":{"type":"string","description_kind":"plain","optional":true},"file_delete_delay_ms":{"type":"string","description_kind":"plain","optional":true},"flush_messages":{"type":"string","description_kind":"plain","optional":true},"flush_ms":{"type":"string","description_kind":"plain","optional":true},"max_message_bytes":{"type":"string","description_kind":"plain","optional":true},"min_compaction_lag_ms":{"type":"string","description_kind":"plain","optional":true},"min_insync_replicas":{"type":"string","description_kind":"plain","optional":true},"preallocate":{"type":"bool","description_kind":"plain","optional":true},"retention_bytes":{"type":"string","description_kind":"plain","optional":true},"retention_ms":{"type":"string","description_kind":"plain","optional":true},"segment_bytes":{"type":"string","description_kind":"plain","optional":true}},"description_kind":"plain"},"max_items":1}},"description_kind":"plain"}},"user":{"nesting_mode":"set","block":{"attributes":{"name":{"type":"string","description_kind":"plain","required":true},"password":{"type":"string","description_kind":"plain","required":true,"sensitive":true}},"block_types":{"permission":{"nesting_mode":"set","block":{"attributes":{"role":{"type":"string","description_kind":"plain","required":true},"topic_name":{"type":"string","description_kind":"plain","required":true}},"description_kind":"plain"}}},"description_kind":"plain"}}},"description_kind":"plain"}},"yandex_mdb_kafka_topic":{"version":0,"block":{"attributes":{"cluster_id":{"type":"string","description_kind":"plain","required":true},"id":{"type":"string","description_kind":"plain","optional":true,"computed":true},"name":{"type":"string","description_kind":"plain","required":true},"partitions":{"type":"number","description_kind":"plain","computed":true},"replication_factor":{"type":"number","description_kind":"plain","computed":true},"topic_config":{"type":["list",["object",{"cleanup_policy":"string","compression_type":"string","delete_retention_ms":"string","file_delete_delay_ms":"string","flush_messages":"string","flush_ms":"string","max_message_bytes":"string","min_compaction_lag_ms":"string","min_insync_replicas":"string","preallocate":"bool","retention_bytes":"string","retention_ms":"string","segment_bytes":"string"}]],"description_kind":"plain","computed":true}},"description_kind":"plain"}},"yandex_mdb_mongodb_cluster":{"version":0,"block":{"attributes":{"cluster_config":{"type":["list",["object",{"access":["list",["object",{"data_lens":"bool"}]],"backup_window_start":["list",["object",{"hours":"number","minutes":"number"}]],"feature_compatibility_version":"string","version":"string"}]],"description_kind":"plain","computed":true},"cluster_id":{"type":"string","description_kind":"plain","optional":true,"computed":true},"created_at":{"type":"string","description_kind":"plain","computed":true},"database":{"type":["set",["object",{"name":"string"}]],"description_kind":"plain","computed":true},"deletion_protection":{"type":"bool","description_kind":"plain","optional":true,"computed":true},"description":{"type":"string","description_kind":"plain","computed":true},"environment":{"type":"string","description_kind":"plain","computed":true},"folder_id":{"type":"string","description_kind":"plain","optional":true,"computed":true},"health":{"type":"string","description_kind":"plain","computed":true},"host":{"type":["list",["object",{"assign_public_ip":"bool","health":"string","name":"string","role":"string","shard_name":"string","subnet_id":"string","type":"string","zone_id":"string"}]],"description_kind":"plain","computed":true},"id":{"type":"string","description_kind":"plain","optional":true,"computed":true},"labels":{"type":["map","string"],"description_kind":"plain","computed":true},"maintenance_window":{"type":["list",["object",{"day":"string","hour":"number","type":"string"}]],"description_kind":"plain","computed":true},"name":{"type":"string","description_kind":"plain","optional":true,"computed":true},"network_id":{"type":"string","description_kind":"plain","computed":true},"resources":{"type":["list",["object",{"disk_size":"number","disk_type_id":"string","resource_preset_id":"string"}]],"description_kind":"plain","computed":true},"security_group_ids":{"type":["set","string"],"description_kind":"plain","computed":true},"sharded":{"type":"bool","description_kind":"plain","computed":true},"status":{"type":"string","description_kind":"plain","computed":true},"user":{"type":["set",["object",{"name":"string","permission":["set",["object",{"database_name":"string","roles":["list","string"]}]]}]],"description_kind":"plain","computed":true}},"description_kind":"plain"}},"yandex_mdb_mysql_cluster":{"version":0,"block":{"attributes":{"backup_window_start":{"type":["list",["object",{"hours":"number","minutes":"number"}]],"description_kind":"plain","computed":true},"cluster_id":{"type":"string","description_kind":"plain","optional":true,"computed":true},"created_at":{"type":"string","description_kind":"plain","computed":true},"database":{"type":["set",["object",{"name":"string"}]],"description_kind":"plain","computed":true},"deletion_protection":{"type":"bool","description_kind":"plain","optional":true,"computed":true},"description":{"type":"string","description_kind":"plain","optional":true},"environment":{"type":"string","description_kind":"plain","computed":true},"folder_id":{"type":"string","description_kind":"plain","optional":true,"computed":true},"health":{"type":"string","description_kind":"plain","computed":true},"host":{"type":["list",["object",{"assign_public_ip":"bool","fqdn":"string","replication_source":"string","subnet_id":"string","zone":"string"}]],"description_kind":"plain","computed":true},"id":{"type":"string","description_kind":"plain","optional":true,"computed":true},"labels":{"type":["map","string"],"description_kind":"plain","optional":true},"maintenance_window":{"type":["list",["object",{"day":"string","hour":"number","type":"string"}]],"description_kind":"plain","computed":true},"mysql_config":{"type":["map","string"],"description_kind":"plain","optional":true,"computed":true},"name":{"type":"string","description_kind":"plain","optional":true,"computed":true},"network_id":{"type":"string","description_kind":"plain","computed":true},"resources":{"type":["list",["object",{"disk_size":"number","disk_type_id":"string","resource_preset_id":"string"}]],"description_kind":"plain","computed":true},"security_group_ids":{"type":["set","string"],"description_kind":"plain","computed":true},"status":{"type":"string","description_kind":"plain","computed":true},"user":{"type":["list",["object",{"authentication_plugin":"string","connection_limits":["list",["object",{"max_connections_per_hour":"number","max_questions_per_hour":"number","max_updates_per_hour":"number","max_user_connections":"number"}]],"global_permissions":["list","string"],"name":"string","password":"string","permission":["set",["object",{"database_name":"string","roles":["list","string"]}]]}]],"description_kind":"plain","computed":true},"version":{"type":"string","description_kind":"plain","computed":true}},"block_types":{"access":{"nesting_mode":"list","block":{"attributes":{"data_lens":{"type":"bool","description_kind":"plain","computed":true},"web_sql":{"type":"bool","description_kind":"plain","computed":true}},"description_kind":"plain"},"max_items":1}},"description_kind":"plain"}},"yandex_mdb_postgresql_cluster":{"version":0,"block":{"attributes":{"cluster_id":{"type":"string","description_kind":"plain","optional":true,"computed":true},"config":{"type":["list",["object",{"access":["list",["object",{"data_lens":"bool","web_sql":"bool"}]],"autofailover":"bool","backup_retain_period_days":"number","backup_window_start":["list",["object",{"hours":"number","minutes":"number"}]],"performance_diagnostics":["list",["object",{"enabled":"bool","sessions_sampling_interval":"number","statements_sampling_interval":"number"}]],"pooler_config":["list",["object",{"pool_discard":"bool","pooling_mode":"string"}]],"postgresql_config":["map","string"],"resources":["list",["object",{"disk_size":"number","disk_type_id":"string","resource_preset_id":"string"}]],"version":"string"}]],"description_kind":"plain","computed":true},"created_at":{"type":"string","description_kind":"plain","computed":true},"database":{"type":["list",["object",{"extension":["set",["object",{"name":"string","version":"string"}]],"lc_collate":"string","lc_type":"string","name":"string","owner":"string"}]],"description_kind":"plain","computed":true},"deletion_protection":{"type":"bool","description_kind":"plain","optional":true,"computed":true},"description":{"type":"string","description_kind":"plain","optional":true},"environment":{"type":"string","description_kind":"plain","computed":true},"folder_id":{"type":"string","description_kind":"plain","optional":true,"computed":true},"health":{"type":"string","description_kind":"plain","computed":true},"host":{"type":["list",["object",{"assign_public_ip":"bool","fqdn":"string","priority":"number","replication_source":"string","role":"string","subnet_id":"string","zone":"string"}]],"description_kind":"plain","computed":true},"id":{"type":"string","description_kind":"plain","optional":true,"computed":true},"labels":{"type":["map","string"],"description_kind":"plain","computed":true},"maintenance_window":{"type":["list",["object",{"day":"string","hour":"number","type":"string"}]],"description_kind":"plain","computed":true},"name":{"type":"string","description_kind":"plain","optional":true,"computed":true},"network_id":{"type":"string","description_kind":"plain","computed":true},"security_group_ids":{"type":["set","string"],"description_kind":"plain","computed":true},"status":{"type":"string","description_kind":"plain","computed":true},"user":{"type":["list",["object",{"conn_limit":"number","grants":["list","string"],"login":"bool","name":"string","password":"string","permission":["set",["object",{"database_name":"string"}]],"settings":["map","string"]}]],"description_kind":"plain","computed":true}},"description_kind":"plain"}},"yandex_mdb_redis_cluster":{"version":0,"block":{"attributes":{"cluster_id":{"type":"string","description_kind":"plain","optional":true,"computed":true},"config":{"type":["list",["object",{"databases":"number","maxmemory_policy":"string","notify_keyspace_events":"string","slowlog_log_slower_than":"number","slowlog_max_len":"number","timeout":"number","version":"string"}]],"description_kind":"plain","computed":true},"created_at":{"type":"string","description_kind":"plain","computed":true},"deletion_protection":{"type":"bool","description_kind":"plain","optional":true,"computed":true},"description":{"type":"string","description_kind":"plain","computed":true},"environment":{"type":"string","description_kind":"plain","computed":true},"folder_id":{"type":"string","description_kind":"plain","optional":true,"computed":true},"health":{"type":"string","description_kind":"plain","computed":true},"host":{"type":["list",["object",{"fqdn":"string","shard_name":"string","subnet_id":"string","zone":"string"}]],"description_kind":"plain","computed":true},"id":{"type":"string","description_kind":"plain","optional":true,"computed":true},"labels":{"type":["map","string"],"description_kind":"plain","computed":true},"maintenance_window":{"type":["list",["object",{"day":"string","hour":"number","type":"string"}]],"description_kind":"plain","computed":true},"name":{"type":"string","description_kind":"plain","optional":true,"computed":true},"network_id":{"type":"string","description_kind":"plain","computed":true},"resources":{"type":["list",["object",{"disk_size":"number","disk_type_id":"string","resource_preset_id":"string"}]],"description_kind":"plain","computed":true},"security_group_ids":{"type":["set","string"],"description_kind":"plain","computed":true},"sharded":{"type":"bool","description_kind":"plain","computed":true},"status":{"type":"string","description_kind":"plain","computed":true},"tls_enabled":{"type":"bool","description_kind":"plain","computed":true}},"description_kind":"plain"}},"yandex_mdb_sqlserver_cluster":{"version":0,"block":{"attributes":{"backup_window_start":{"type":["list",["object",{"hours":"number","minutes":"number"}]],"description_kind":"plain","computed":true},"cluster_id":{"type":"string","description_kind":"plain","optional":true,"computed":true},"created_at":{"type":"string","description_kind":"plain","computed":true},"database":{"type":["list",["object",{"name":"string"}]],"description_kind":"plain","computed":true},"deletion_protection":{"type":"bool","description_kind":"plain","optional":true,"computed":true},"description":{"type":"string","description_kind":"plain","computed":true},"environment":{"type":"string","description_kind":"plain","computed":true},"folder_id":{"type":"string","description_kind":"plain","optional":true,"computed":true},"health":{"type":"string","description_kind":"plain","computed":true},"host":{"type":["list",["object",{"assign_public_ip":"bool","fqdn":"string","subnet_id":"string","zone":"string"}]],"description_kind":"plain","computed":true},"id":{"type":"string","description_kind":"plain","optional":true,"computed":true},"labels":{"type":["map","string"],"description_kind":"plain","computed":true},"name":{"type":"string","description_kind":"plain","optional":true,"computed":true},"network_id":{"type":"string","description_kind":"plain","computed":true},"resources":{"type":["list",["object",{"disk_size":"number","disk_type_id":"string","resource_preset_id":"string"}]],"description_kind":"plain","computed":true},"security_group_ids":{"type":["set","string"],"description_kind":"plain","computed":true},"sqlserver_config":{"type":["map","string"],"description_kind":"plain","optional":true,"computed":true},"status":{"type":"string","description_kind":"plain","computed":true},"user":{"type":["list",["object",{"name":"string","password":"string","permission":["set",["object",{"database_name":"string","roles":["set","string"]}]]}]],"description_kind":"plain","computed":true},"version":{"type":"string","description_kind":"plain","computed":true}},"description_kind":"plain"}},"yandex_message_queue":{"version":0,"block":{"attributes":{"access_key":{"type":"string","description_kind":"plain","optional":true},"arn":{"type":"string","description_kind":"plain","computed":true},"id":{"type":"string","description_kind":"plain","optional":true,"computed":true},"name":{"type":"string","description_kind":"plain","required":true},"secret_key":{"type":"string","description_kind":"plain","optional":true,"sensitive":true},"url":{"type":"string","description_kind":"plain","computed":true}},"description_kind":"plain"}},"yandex_resourcemanager_cloud":{"version":0,"block":{"attributes":{"cloud_id":{"type":"string","description_kind":"plain","optional":true,"computed":true},"created_at":{"type":"string","description_kind":"plain","computed":true},"description":{"type":"string","description_kind":"plain","optional":true},"id":{"type":"string","description_kind":"plain","optional":true,"computed":true},"name":{"type":"string","description_kind":"plain","optional":true,"computed":true}},"description_kind":"plain"}},"yandex_resourcemanager_folder":{"version":0,"block":{"attributes":{"cloud_id":{"type":"string","description_kind":"plain","optional":true,"computed":true},"created_at":{"type":"string","description_kind":"plain","computed":true},"description":{"type":"string","description_kind":"plain","computed":true},"folder_id":{"type":"string","description_kind":"plain","optional":true,"computed":true},"id":{"type":"string","description_kind":"plain","optional":true,"computed":true},"labels":{"type":["map","string"],"description_kind":"plain","optional":true},"name":{"type":"string","description_kind":"plain","optional":true,"computed":true},"status":{"type":"string","description_kind":"plain","computed":true}},"description_kind":"plain"}},"yandex_vpc_address":{"version":0,"block":{"attributes":{"address_id":{"type":"string","description_kind":"plain","optional":true,"computed":true},"created_at":{"type":"string","description_kind":"plain","computed":true},"description":{"type":"string","description_kind":"plain","computed":true},"external_ipv4_address":{"type":["list",["object",{"address":"string","ddos_protection_provider":"string","outgoing_smtp_capability":"string","zone_id":"string"}]],"description_kind":"plain","computed":true},"folder_id":{"type":"string","description_kind":"plain","optional":true,"computed":true},"id":{"type":"string","description_kind":"plain","optional":true,"computed":true},"labels":{"type":["map","string"],"description_kind":"plain","computed":true},"name":{"type":"string","description_kind":"plain","optional":true,"computed":true},"reserved":{"type":"bool","description_kind":"plain","computed":true},"used":{"type":"bool","description_kind":"plain","computed":true}},"description_kind":"plain"}},"yandex_vpc_network":{"version":0,"block":{"attributes":{"created_at":{"type":"string","description_kind":"plain","computed":true},"default_security_group_id":{"type":"string","description_kind":"plain","computed":true},"description":{"type":"string","description_kind":"plain","computed":true},"folder_id":{"type":"string","description_kind":"plain","optional":true,"computed":true},"id":{"type":"string","description_kind":"plain","optional":true,"computed":true},"labels":{"type":["map","string"],"description_kind":"plain","computed":true},"name":{"type":"string","description_kind":"plain","optional":true,"computed":true},"network_id":{"type":"string","description_kind":"plain","optional":true,"computed":true},"subnet_ids":{"type":["list","string"],"description_kind":"plain","computed":true}},"description_kind":"plain"}},"yandex_vpc_route_table":{"version":0,"block":{"attributes":{"created_at":{"type":"string","description_kind":"plain","computed":true},"description":{"type":"string","description_kind":"plain","computed":true},"folder_id":{"type":"string","description_kind":"plain","optional":true,"computed":true},"id":{"type":"string","description_kind":"plain","optional":true,"computed":true},"labels":{"type":["map","string"],"description_kind":"plain","computed":true},"name":{"type":"string","description_kind":"plain","optional":true,"computed":true},"network_id":{"type":"string","description_kind":"plain","computed":true},"route_table_id":{"type":"string","description_kind":"plain","optional":true,"computed":true},"static_route":{"type":["set",["object",{"destination_prefix":"string","next_hop_address":"string"}]],"description_kind":"plain","computed":true}},"description_kind":"plain"}},"yandex_vpc_security_group":{"version":0,"block":{"attributes":{"created_at":{"type":"string","description_kind":"plain","computed":true},"description":{"type":"string","description_kind":"plain","computed":true},"egress":{"type":["set",["object",{"description":"string","from_port":"number","id":"string","labels":["map","string"],"port":"number","predefined_target":"string","protocol":"string","security_group_id":"string","to_port":"number","v4_cidr_blocks":["list","string"],"v6_cidr_blocks":["list","string"]}]],"description_kind":"plain","computed":true},"folder_id":{"type":"string","description_kind":"plain","optional":true,"computed":true},"id":{"type":"string","description_kind":"plain","optional":true,"computed":true},"ingress":{"type":["set",["object",{"description":"string","from_port":"number","id":"string","labels":["map","string"],"port":"number","predefined_target":"string","protocol":"string","security_group_id":"string","to_port":"number","v4_cidr_blocks":["list","string"],"v6_cidr_blocks":["list","string"]}]],"description_kind":"plain","computed":true},"labels":{"type":["map","string"],"description_kind":"plain","computed":true},"name":{"type":"string","description_kind":"plain","optional":true,"computed":true},"network_id":{"type":"string","description_kind":"plain","computed":true},"security_group_id":{"type":"string","description_kind":"plain","optional":true,"computed":true},"status":{"type":"string","description_kind":"plain","computed":true}},"description_kind":"plain"}},"yandex_vpc_security_group_rule":{"version":0,"block":{"attributes":{"description":{"type":"string","description_kind":"plain","computed":true},"direction":{"type":"string","description_kind":"plain","computed":true},"from_port":{"type":"number","description_kind":"plain","computed":true},"id":{"type":"string","description_kind":"plain","optional":true,"computed":true},"labels":{"type":["map","string"],"description_kind":"plain","computed":true},"port":{"type":"number","description_kind":"plain","computed":true},"predefined_target":{"type":"string","description_kind":"plain","computed":true},"protocol":{"type":"string","description_kind":"plain","computed":true},"rule_id":{"type":"string","description_kind":"plain","required":true},"security_group_binding":{"type":"string","description_kind":"plain","required":true},"security_group_id":{"type":"string","description_kind":"plain","computed":true},"to_port":{"type":"number","description_kind":"plain","computed":true},"v4_cidr_blocks":{"type":["list","string"],"description_kind":"plain","computed":true},"v6_cidr_blocks":{"type":["list","string"],"description_kind":"plain","computed":true}},"description_kind":"plain"}},"yandex_vpc_subnet":{"version":0,"block":{"attributes":{"created_at":{"type":"string","description_kind":"plain","computed":true},"description":{"type":"string","description_kind":"plain","computed":true},"dhcp_options":{"type":["list",["object",{"domain_name":"string","domain_name_servers":["list","string"],"ntp_servers":["list","string"]}]],"description_kind":"plain","computed":true},"folder_id":{"type":"string","description_kind":"plain","optional":true,"computed":true},"id":{"type":"string","description_kind":"plain","optional":true,"computed":true},"labels":{"type":["map","string"],"description_kind":"plain","computed":true},"name":{"type":"string","description_kind":"plain","optional":true,"computed":true},"network_id":{"type":"string","description_kind":"plain","computed":true},"route_table_id":{"type":"string","description_kind":"plain","computed":true},"subnet_id":{"type":"string","description_kind":"plain","optional":true,"computed":true},"v4_cidr_blocks":{"type":["list","string"],"description_kind":"plain","computed":true},"v6_cidr_blocks":{"type":["list","string"],"description_kind":"plain","computed":true},"zone":{"type":"string","description_kind":"plain","computed":true}},"description_kind":"plain"}},"yandex_ydb_database_dedicated":{"version":0,"block":{"attributes":{"assign_public_ips":{"type":"bool","description_kind":"plain","computed":true},"created_at":{"type":"string","description_kind":"plain","computed":true},"database_id":{"type":"string","description_kind":"plain","optional":true},"database_path":{"type":"string","description_kind":"plain","computed":true},"description":{"type":"string","description_kind":"plain","computed":true},"folder_id":{"type":"string","description_kind":"plain","optional":true},"id":{"type":"string","description_kind":"plain","optional":true,"computed":true},"labels":{"type":["map","string"],"description_kind":"plain","computed":true},"location":{"type":["list",["object",{"region":["list",["object",{"id":"string"}]],"zone":["list",["object",{"id":"string"}]]}]],"description_kind":"plain","computed":true},"location_id":{"type":"string","description_kind":"plain","computed":true},"name":{"type":"string","description_kind":"plain","optional":true},"network_id":{"type":"string","description_kind":"plain","computed":true},"resource_preset_id":{"type":"string","description_kind":"plain","computed":true},"scale_policy":{"type":["list",["object",{"fixed_scale":["list",["object",{"size":"number"}]]}]],"description_kind":"plain","computed":true},"status":{"type":"string","description_kind":"plain","computed":true},"storage_config":{"type":["list",["object",{"group_count":"number","storage_type_id":"string"}]],"description_kind":"plain","computed":true},"subnet_ids":{"type":["set","string"],"description_kind":"plain","computed":true},"tls_enabled":{"type":"bool","description_kind":"plain","computed":true},"ydb_api_endpoint":{"type":"string","description_kind":"plain","computed":true},"ydb_full_endpoint":{"type":"string","description_kind":"plain","computed":true}},"description_kind":"plain"}},"yandex_ydb_database_serverless":{"version":0,"block":{"attributes":{"created_at":{"type":"string","description_kind":"plain","computed":true},"database_id":{"type":"string","description_kind":"plain","optional":true},"database_path":{"type":"string","description_kind":"plain","computed":true},"description":{"type":"string","description_kind":"plain","computed":true},"document_api_endpoint":{"type":"string","description_kind":"plain","computed":true},"folder_id":{"type":"string","description_kind":"plain","optional":true},"id":{"type":"string","description_kind":"plain","optional":true,"computed":true},"labels":{"type":["map","string"],"description_kind":"plain","computed":true},"location_id":{"type":"string","description_kind":"plain","computed":true},"name":{"type":"string","description_kind":"plain","optional":true},"status":{"type":"string","description_kind":"plain","computed":true},"tls_enabled":{"type":"bool","description_kind":"plain","computed":true},"ydb_api_endpoint":{"type":"string","description_kind":"plain","computed":true},"ydb_full_endpoint":{"type":"string","description_kind":"plain","computed":true}},"description_kind":"plain"}}}}}}
