{"format_version":"0.2","provider_schemas":{"registry.terraform.io/yannh/statuspage":{"provider":{"version":0,"block":{"attributes":{"token":{"type":"string","description_kind":"plain","optional":true}},"description_kind":"plain"}},"resource_schemas":{"statuspage_component":{"version":0,"block":{"attributes":{"automation_email":{"type":"string","description":"Email address to send automation events to","description_kind":"plain","computed":true},"description":{"type":"string","description":"More detailed description for the component","description_kind":"plain","optional":true},"id":{"type":"string","description_kind":"plain","optional":true,"computed":true},"name":{"type":"string","description":"Display Name for the component","description_kind":"plain","required":true},"only_show_if_degraded":{"type":"bool","description":"Should this component be shown component only if in degraded state","description_kind":"plain","optional":true},"page_id":{"type":"string","description":"the ID of the page this component belongs to","description_kind":"plain","required":true},"showcase":{"type":"bool","description":"Should this component be showcased","description_kind":"plain","optional":true},"status":{"type":"string","description":"Status of component","description_kind":"plain","optional":true}},"description_kind":"plain"}},"statuspage_component_group":{"version":0,"block":{"attributes":{"components":{"type":["set","string"],"description":"An array with the IDs of the components in this group","description_kind":"plain","required":true},"description":{"type":"string","description":"More detailed description for this component group","description_kind":"plain","optional":true},"id":{"type":"string","description_kind":"plain","optional":true,"computed":true},"name":{"type":"string","description":"Display name for this component group","description_kind":"plain","required":true},"page_id":{"type":"string","description":"the ID of the page this component group belongs to","description_kind":"plain","required":true}},"description_kind":"plain"}},"statuspage_metric":{"version":0,"block":{"attributes":{"decimal_places":{"type":"number","description":"How many decimal places to render on the graph","description_kind":"plain","optional":true},"display":{"type":"bool","description":"Should the metric be displayed","description_kind":"plain","optional":true},"id":{"type":"string","description_kind":"plain","optional":true,"computed":true},"metric_identifier":{"type":"string","description":"The identifier used to look up the metric data from the provider","description_kind":"plain","optional":true},"metrics_provider_id":{"type":"string","description":"ID of the metric provider","description_kind":"plain","required":true},"name":{"type":"string","description":"Display name for the metric","description_kind":"plain","optional":true},"page_id":{"type":"string","description":"The ID of the page this metric belongs to","description_kind":"plain","required":true},"suffix":{"type":"string","description":"Suffix to describe the units on the graph","description_kind":"plain","optional":true},"tooltip_description":{"type":"string","description":"Tooltip for the metric","description_kind":"plain","optional":true},"transform":{"type":"string","description":"The transform to apply to metric before pulling into Statuspage. One of: 'average', 'count', 'max', 'min', 'sum', 'response_time' or 'uptime'","description_kind":"plain","optional":true},"y_axis_hidden":{"type":"bool","description":"Should the values on the y axis be hidden on render","description_kind":"plain","optional":true},"y_axis_max":{"type":"number","description":"The upper bound of the y axis","description_kind":"plain","optional":true},"y_axis_min":{"type":"number","description":"The lower bound of the y axis","description_kind":"plain","optional":true}},"description_kind":"plain"}},"statuspage_metrics_provider":{"version":0,"block":{"attributes":{"api_key":{"type":"string","description":"Required by the Datadog and NewRelic type metrics providers","description_kind":"plain","optional":true,"sensitive":true},"api_token":{"type":"string","description":"Required by the Librato, Pingdom and Datadog type metrics providers","description_kind":"plain","optional":true,"sensitive":true},"application_key":{"type":"string","description":"Required by the Pingdom-type metrics provider","description_kind":"plain","optional":true,"sensitive":true},"email":{"type":"string","description":"Required by the Librato and Pingdom type metrics providers","description_kind":"plain","optional":true},"id":{"type":"string","description_kind":"plain","optional":true,"computed":true},"metric_base_uri":{"type":"string","description":"Required by the NewRelic-type metrics provider","description_kind":"plain","optional":true},"page_id":{"type":"string","description":"The ID of the page this metric provider belongs to","description_kind":"plain","required":true},"password":{"type":"string","description":"Required by the Pingdom-type metrics provider","description_kind":"plain","optional":true,"sensitive":true},"type":{"type":"string","description":"One of 'Pingdom', 'NewRelic', 'Librato', 'Datadog', or 'Self'","description_kind":"plain","required":true}},"description_kind":"plain"}}}}}}
