{"format_version":"0.2","provider_schemas":{"registry.terraform.io/yardstick/mailtrap":{"provider":{"version":0,"block":{"attributes":{"token":{"type":"string","description_kind":"plain","optional":true}},"description_kind":"plain"}},"resource_schemas":{"mailtrap_inbox":{"version":0,"block":{"attributes":{"id":{"type":"string","description_kind":"plain","optional":true,"computed":true},"name":{"type":"string","description":"The name of the resource, also acts as it's unique ID","description_kind":"plain","required":true},"project_id":{"type":"string","description":"The project to put the inbox into","description_kind":"plain","required":true},"smtp_host":{"type":"string","description_kind":"plain","computed":true},"smtp_password":{"type":"string","description_kind":"plain","computed":true},"smtp_username":{"type":"string","description_kind":"plain","computed":true}},"description_kind":"plain"}},"mailtrap_project":{"version":0,"block":{"attributes":{"id":{"type":"string","description_kind":"plain","optional":true,"computed":true},"name":{"type":"string","description":"The name of the project","description_kind":"plain","required":true}},"description_kind":"plain"}}},"data_source_schemas":{"mailtrap_project":{"version":0,"block":{"attributes":{"id":{"type":"string","description_kind":"plain","computed":true},"name":{"type":"string","description_kind":"plain","required":true}},"description_kind":"plain"}}}}}}
