{"format_version":"0.2","provider_schemas":{"registry.terraform.io/yherve/fdklfreo":{"provider":{"version":0,"block":{"attributes":{"apikey":{"type":"string","description_kind":"plain"},"url":{"type":"string","description_kind":"plain"},"ver":{"type":"string","description_kind":"plain"}},"description":"Attributes:\nurl: smc rest api url\napikey: smc rest api apikey","description_kind":"plain"}},"resource_schemas":{"smc_resource":{"version":1,"block":{"attributes":{"data":{"type":"dynamic","description_kind":"plain"},"href":{"type":"string","description_kind":"plain","computed":true},"id":{"type":"string","description_kind":"plain","computed":true},"path":{"type":"string","description_kind":"plain"}},"description_kind":"plain"}}},"data_source_schemas":{"smc_query":{"version":0,"block":{"attributes":{"href":{"type":"string","description_kind":"plain","computed":true},"id":{"type":"string","description_kind":"plain","computed":true},"name":{"type":"string","description_kind":"plain"},"path":{"type":"string","description_kind":"plain"}},"description":"Attributes:\nname: this is name desc\nid: this is id desc","description_kind":"plain"}}}}}}
