{"format_version":"0.2","provider_schemas":{"registry.terraform.io/yi-jiayu/telegram":{"provider":{"version":0,"block":{"attributes":{"bot_token":{"type":"string","description_kind":"plain","optional":true}},"description_kind":"plain"}},"resource_schemas":{"telegram_bot_commands":{"version":0,"block":{"attributes":{"commands":{"type":["list",["map","string"]],"description_kind":"plain","required":true},"id":{"type":"string","description_kind":"plain","optional":true,"computed":true}},"description_kind":"plain"}},"telegram_bot_webhook":{"version":0,"block":{"attributes":{"allowed_updates":{"type":["set","string"],"description_kind":"plain","optional":true},"id":{"type":"string","description_kind":"plain","optional":true,"computed":true},"max_connections":{"type":"number","description_kind":"plain","optional":true},"url":{"type":"string","description_kind":"plain","required":true}},"description_kind":"plain"}}},"data_source_schemas":{"telegram_bot":{"version":0,"block":{"attributes":{"id":{"type":"string","description_kind":"plain","optional":true,"computed":true},"name":{"type":"string","description_kind":"plain","computed":true},"user_id":{"type":"number","description_kind":"plain","computed":true},"username":{"type":"string","description_kind":"plain","computed":true}},"description_kind":"plain"}}}}}}
