{"format_version":"0.2","provider_schemas":{"registry.terraform.io/yinzara/sendgrid":{"provider":{"version":0,"block":{"attributes":{"api_key":{"type":"string","description_kind":"plain","optional":true,"sensitive":true},"host":{"type":"string","description_kind":"plain","optional":true},"subuser":{"type":"string","description_kind":"plain","optional":true}},"description_kind":"plain"}},"resource_schemas":{"sendgrid_api_key":{"version":0,"block":{"attributes":{"api_key":{"type":"string","description":"The API key created by the API.","description_kind":"plain","computed":true},"id":{"type":"string","description_kind":"plain","optional":true,"computed":true},"name":{"type":"string","description":"The name you will use to describe this API Key.","description_kind":"plain","required":true},"scopes":{"type":["set","string"],"description":"The individual permissions that you are giving to this API Key.","description_kind":"plain","optional":true,"computed":true},"sub_user_on_behalf_of":{"type":"string","description":"The subuser's username. Generates the API call as if the subuser account was making the call","description_kind":"plain","optional":true}},"description_kind":"plain"}},"sendgrid_event_webhook":{"version":0,"block":{"attributes":{"bounce":{"type":"bool","description":"Receiving server could not or would not accept message.","description_kind":"plain","optional":true},"click":{"type":"bool","description":"Recipient clicked on a link within the message. You need to enable Click Tracking for getting this type of event.","description_kind":"plain","optional":true},"deferred":{"type":"bool","description":"Recipient's email server temporarily rejected message.","description_kind":"plain","optional":true},"delivered":{"type":"bool","description":"Message has been successfully delivered to the receiving server.","description_kind":"plain","optional":true},"dropped":{"type":"bool","description":"You may see the following drop reasons: Invalid SMTPAPI header, Spam Content (if spam checker app enabled), Unsubscribed Address, Bounced Address, Spam Reporting Address, Invalid, Recipient List over Package Quota.","description_kind":"plain","optional":true},"enabled":{"type":"bool","description":"Indicates if the event webhook is enabled.","description_kind":"plain","required":true},"group_resubscribe":{"type":"bool","description":"Recipient resubscribes to specific group by updating preferences. You need to enable Subscription Tracking for getting this type of event.","description_kind":"plain","optional":true},"group_unsubscribe":{"type":"bool","description":"Recipient unsubscribe from specific group, by either direct link or updating preferences. You need to enable Subscription Tracking for getting this type of event.","description_kind":"plain","optional":true},"id":{"type":"string","description_kind":"plain","optional":true,"computed":true},"oauth_client_id":{"type":"string","description":"The client ID Twilio SendGrid sends to your OAuth server or service provider to generate an OAuth access token.","description_kind":"plain","optional":true},"oauth_client_secret":{"type":"string","description":"This secret is needed only once to create an access token. SendGrid will store this secret, allowing you to update your Client ID and Token URL without passing the secret to SendGrid again. When passing data in this field, you must also include the oauth_client_id and oauth_token_url fields.","description_kind":"plain","optional":true,"sensitive":true},"oauth_token_url":{"type":"string","description":"The URL where Twilio SendGrid sends the Client ID and Client Secret to generate an access token. This should be your OAuth server or service provider. When passing data in this field, you must also include the oauth_client_id field.","description_kind":"plain","optional":true},"open":{"type":"bool","description":"Recipient has opened the HTML message. You need to enable Open Tracking for getting this type of event.","description_kind":"plain","optional":true},"processed":{"type":"bool","description":"Message has been received and is ready to be delivered.","description_kind":"plain","optional":true},"spam_report":{"type":"bool","description":"Recipient marked a message as spam.","description_kind":"plain","optional":true},"unsubscribe":{"type":"bool","description":"Recipient clicked on message's subscription management link. You need to enable Subscription Tracking for getting this type of event.","description_kind":"plain","optional":true},"url":{"type":"string","description":"The public URL where you would like SendGrid to POST the data events from your email. Any emails sent with the given hostname provided (whose MX records have been updated to point to SendGrid) will be eventd and POSTed to this URL.","description_kind":"plain","required":true}},"description_kind":"plain"}},"sendgrid_parse_webhook":{"version":0,"block":{"attributes":{"hostname":{"type":"string","description":"A specific and unique domain or subdomain that you have created to use exclusively to parse your incoming email. For example, parse.yourdomain.com.","description_kind":"plain","required":true},"id":{"type":"string","description_kind":"plain","optional":true,"computed":true},"send_raw":{"type":"bool","description":"Indicates if you would like SendGrid to post the original MIME-type content of your parsed email. When this parameter is set to \"true\", SendGrid will send a JSON payload of the content of your email.","description_kind":"plain","optional":true},"spam_check":{"type":"bool","description":"Indicates if you would like SendGrid to check the content parsed from your emails for spam before POSTing them to your domain.","description_kind":"plain","optional":true},"url":{"type":"string","description":"The public URL where you would like SendGrid to POST the data parsed from your email. Any emails sent with the given hostname provided (whose MX records have been updated to point to SendGrid) will be parsed and POSTed to this URL.","description_kind":"plain","required":true}},"description_kind":"plain"}},"sendgrid_subuser":{"version":0,"block":{"attributes":{"authorization_token":{"type":"string","description_kind":"plain","computed":true},"credit_allocation_type":{"type":"string","description_kind":"plain","computed":true},"disabled":{"type":"bool","description_kind":"plain","optional":true,"computed":true},"email":{"type":"string","description":"The email of the subuser.","description_kind":"plain","required":true},"id":{"type":"string","description_kind":"plain","optional":true,"computed":true},"ips":{"type":["set","string"],"description":"The IP addresses that should be assigned to this subuser.","description_kind":"plain","required":true},"password":{"type":"string","description":"The password the subuser will use when logging into SendGrid.","description_kind":"plain","required":true,"sensitive":true},"signup_session_token":{"type":"string","description_kind":"plain","computed":true},"user_id":{"type":"number","description_kind":"plain","computed":true},"username":{"type":"string","description":"The name of the subuser.","description_kind":"plain","required":true}},"description_kind":"plain"}},"sendgrid_template":{"version":0,"block":{"attributes":{"generation":{"type":"string","description":"Defines the generation of the template, allowed values: legacy, dynamic (default).","description_kind":"plain","optional":true},"id":{"type":"string","description_kind":"plain","optional":true,"computed":true},"name":{"type":"string","description":"The name of the template, max length: 100.","description_kind":"plain","required":true},"updated_at":{"type":"string","description":"The date and time of the last update of this template.","description_kind":"plain","computed":true}},"description_kind":"plain"}},"sendgrid_template_version":{"version":0,"block":{"attributes":{"active":{"type":"number","description":"Set the version as the active version associated with the template. Only one version of a template can be active. The first version created for a template will automatically be set to Active. Allowed values: 0, 1.","description_kind":"plain","optional":true},"editor":{"type":"string","description":"The editor used in the UI, allowed values: code (default), design.","description_kind":"plain","optional":true},"generate_plain_content":{"type":"bool","description":"If true (default), plain_content is always generated from html_content. If false, plain_content is not altered.","description_kind":"plain","optional":true},"html_content":{"type":"string","description":"The HTML content of the version, maximum of 1048576 bytes allowed.","description_kind":"plain","optional":true},"id":{"type":"string","description_kind":"plain","optional":true,"computed":true},"name":{"type":"string","description":"Name of the transactional template version, max length: 100.","description_kind":"plain","required":true},"plain_content":{"type":"string","description":"Text/plain content of the transactional template version, maximum of 1048576 bytes allowed.","description_kind":"plain","computed":true},"subject":{"type":"string","description":"Subject of the new transactional template version, max length: 255.","description_kind":"plain","required":true},"template_id":{"type":"string","description":"ID of the transactional template.","description_kind":"plain","required":true},"test_data":{"type":"string","description":"For dynamic templates only, the mock json data that will be used for template preview and test sends.","description_kind":"plain","optional":true},"thumbnail_url":{"type":"string","description":"A thumbnail preview of the template's html content.","description_kind":"plain","computed":true},"updated_at":{"type":"string","description":"The date and time that this transactional template version was updated.","description_kind":"plain","computed":true}},"description_kind":"plain"}},"sendgrid_unsubscribe_group":{"version":0,"block":{"attributes":{"description":{"type":"string","description":"The description of the unsubscribe group","description_kind":"plain","optional":true},"id":{"type":"string","description_kind":"plain","optional":true,"computed":true},"is_default":{"type":"bool","description":"Should this unsubscribe group be used as the default group?","description_kind":"plain","optional":true},"name":{"type":"string","description":"The name you will use to describe this API Key.","description_kind":"plain","required":true},"unsubscribes":{"type":"number","description":"The number of unsubscribes that belong to the group.","description_kind":"plain","computed":true}},"description_kind":"plain"}}}}}}
