{"format_version":"0.2","provider_schemas":{"registry.terraform.io/zahiar/bitbucket":{"provider":{"version":0,"block":{"attributes":{"password":{"type":"string","description":"Password to authenticate with Bitbucket.","description_kind":"plain","required":true},"username":{"type":"string","description":"Username to authenticate with Bitbucket.","description_kind":"plain","required":true}},"description_kind":"plain"}},"resource_schemas":{"bitbucket_branch_restriction":{"version":0,"block":{"attributes":{"groups":{"type":["list","string"],"description":"A list of groups (group names or group UUID) that are exempt from this branch restriction. Can only be set if restriction type (`kind`) is set to `push` or `restrict_merges`.","description_kind":"plain","optional":true},"id":{"type":"string","description":"The ID of the branch restriction.","description_kind":"plain","computed":true},"kind":{"type":"string","description":"The type of restriction to apply.","description_kind":"plain","required":true},"pattern":{"type":"string","description":"The pattern to match against branches this restriction will apply to.","description_kind":"plain","required":true},"repository":{"type":"string","description":"The name of the repository (must consist of only lowercase ASCII letters, numbers, underscores and hyphens).","description_kind":"plain","required":true},"users":{"type":["list","string"],"description":"A list of users (usernames or user's UUID) that are exempt from this branch restriction. Can only be set if restriction type (`kind`) is set to `push` or `restrict_merges`.","description_kind":"plain","optional":true},"value":{"type":"number","description":"A configurable value used by the following restrictions: `require_passing_builds_to_merge` uses it to define the number of minimum number of passing builds, `require_approvals_to_merge` uses it to define the minimum number of approvals before the PR can be merged, `require_default_reviewer_approvals_to_merge` uses it to define the minimum number of approvals from default reviewers before the PR can be merged.","description_kind":"plain","optional":true},"workspace":{"type":"string","description":"The slug or UUID (including the enclosing `{}`) of the workspace.","description_kind":"plain","required":true}},"description_kind":"plain"}},"bitbucket_default_reviewer":{"version":0,"block":{"attributes":{"id":{"type":"string","description":"The ID of the default reviewer.","description_kind":"plain","computed":true},"repository":{"type":"string","description":"The name of the repository (must consist of only lowercase ASCII letters, numbers, underscores and hyphens).","description_kind":"plain","required":true},"user":{"type":"string","description":"The user's UUID.","description_kind":"plain","required":true},"workspace":{"type":"string","description":"The slug or UUID (including the enclosing `{}`) of the workspace.","description_kind":"plain","required":true}},"description_kind":"plain"}},"bitbucket_deploy_key":{"version":0,"block":{"attributes":{"id":{"type":"string","description":"The ID of the deploy key.","description_kind":"plain","computed":true},"key":{"type":"string","description":"The public SSH key to attach to this deploy key.","description_kind":"plain","required":true,"sensitive":true},"label":{"type":"string","description":"The label of the deploy key.","description_kind":"plain","required":true},"repository":{"type":"string","description":"The name of the repository (must consist of only lowercase ASCII letters, numbers, underscores and hyphens).","description_kind":"plain","required":true},"workspace":{"type":"string","description":"The slug or UUID (including the enclosing `{}`) of the workspace.","description_kind":"plain","required":true}},"description_kind":"plain"}},"bitbucket_project":{"version":0,"block":{"attributes":{"description":{"type":"string","description":"The description of the project.","description_kind":"plain","optional":true},"id":{"type":"string","description":"The UUID of the project.","description_kind":"plain","computed":true},"is_private":{"type":"bool","description":"A boolean to state if the project is private or not.","description_kind":"plain","optional":true},"key":{"type":"string","description":"The key of the project.","description_kind":"plain","required":true},"name":{"type":"string","description":"The name of the project.","description_kind":"plain","required":true},"workspace":{"type":"string","description":"The slug or UUID (including the enclosing `{}`) of the workspace the project belongs to.","description_kind":"plain","required":true}},"description_kind":"plain"}},"bitbucket_repository":{"version":0,"block":{"attributes":{"description":{"type":"string","description":"The description of the repository.","description_kind":"plain","optional":true},"fork_policy":{"type":"string","description":"The name of the fork policy to apply to this repository.","description_kind":"plain","optional":true},"id":{"type":"string","description":"The UUID of the repository.","description_kind":"plain","computed":true},"is_private":{"type":"bool","description":"A boolean to state if the repository is private or not.","description_kind":"plain","optional":true},"name":{"type":"string","description":"The name of the repository (must consist of only lowercase ASCII letters, numbers, underscores and hyphens).","description_kind":"plain","required":true},"project_key":{"type":"string","description":"The key of the project this repository belongs to.","description_kind":"plain","required":true},"workspace":{"type":"string","description":"The slug or UUID (including the enclosing `{}`) of the workspace this repository belongs to.","description_kind":"plain","required":true}},"description_kind":"plain"}},"bitbucket_webhook":{"version":0,"block":{"attributes":{"events":{"type":["list","string"],"description":"A list of events that will trigger the webhook - see docs for a complete list.","description_kind":"plain","required":true},"id":{"type":"string","description":"The UUID of the webhook.","description_kind":"plain","computed":true},"is_active":{"type":"bool","description":"A boolean to state if the webhook is active or not.","description_kind":"plain","optional":true},"name":{"type":"string","description":"The name of the webhook.","description_kind":"plain","required":true},"repository":{"type":"string","description":"The name of the repository (must consist of only lowercase ASCII letters, numbers, underscores and hyphens).","description_kind":"plain","required":true},"url":{"type":"string","description":"The url to configure the webhook with.","description_kind":"plain","required":true},"workspace":{"type":"string","description":"The slug or UUID (including the enclosing `{}`) of the workspace this webhook belongs to.","description_kind":"plain","required":true}},"description_kind":"plain"}}},"data_source_schemas":{"bitbucket_branch_restriction":{"version":0,"block":{"attributes":{"id":{"type":"string","description":"The ID of the branch restriction.","description_kind":"plain","required":true},"kind":{"type":"string","description":"The type of restriction to apply.","description_kind":"plain","computed":true},"pattern":{"type":"string","description":"The pattern to match against branches this restriction will apply to.","description_kind":"plain","computed":true},"repository":{"type":"string","description":"The name of the repository (must consist of only lowercase ASCII letters, numbers, underscores and hyphens).","description_kind":"plain","required":true},"value":{"type":"number","description":"A configurable value used by the following restrictions: `require_passing_builds_to_merge` uses it to define the number of minimum number of passing builds, `require_approvals_to_merge` uses it to define the minimum number of approvals before the PR can be merged, `require_default_reviewer_approvals_to_merge` uses it to define the minimum number of approvals from default reviewers before the PR can be merged.","description_kind":"plain","computed":true},"workspace":{"type":"string","description":"The slug or UUID (including the enclosing `{}`) of the workspace.","description_kind":"plain","required":true}},"description_kind":"plain"}},"bitbucket_default_reviewer":{"version":0,"block":{"attributes":{"id":{"type":"string","description":"The ID of the default reviewer.","description_kind":"plain","computed":true},"repository":{"type":"string","description":"The name of the repository (must consist of only lowercase ASCII letters, numbers, underscores and hyphens).","description_kind":"plain","required":true},"user":{"type":"string","description":"The user's UUID.","description_kind":"plain","required":true},"workspace":{"type":"string","description":"The slug or UUID (including the enclosing `{}`) of the workspace.","description_kind":"plain","required":true}},"description_kind":"plain"}},"bitbucket_deploy_key":{"version":0,"block":{"attributes":{"id":{"type":"string","description":"The ID of the deploy key.","description_kind":"plain","required":true},"key":{"type":"string","description":"The public SSH key to attach to this deploy key.","description_kind":"plain","computed":true,"sensitive":true},"label":{"type":"string","description":"The label of the deploy key.","description_kind":"plain","computed":true},"repository":{"type":"string","description":"The name of the repository (must consist of only lowercase ASCII letters, numbers, underscores and hyphens).","description_kind":"plain","required":true},"workspace":{"type":"string","description":"The slug or UUID (including the enclosing `{}`) of the workspace.","description_kind":"plain","required":true}},"description_kind":"plain"}},"bitbucket_project":{"version":0,"block":{"attributes":{"description":{"type":"string","description":"The description of the project.","description_kind":"plain","computed":true},"id":{"type":"string","description":"The UUID of the project.","description_kind":"plain","computed":true},"is_private":{"type":"bool","description":"A boolean to state if the project is private or not.","description_kind":"plain","computed":true},"key":{"type":"string","description":"The key of the project.","description_kind":"plain","required":true},"name":{"type":"string","description":"The name of the project.","description_kind":"plain","computed":true},"workspace":{"type":"string","description":"The slug or UUID (including the enclosing `{}`) of the workspace the project belongs to.","description_kind":"plain","required":true}},"description_kind":"plain"}},"bitbucket_repository":{"version":0,"block":{"attributes":{"description":{"type":"string","description":"The description of the repository.","description_kind":"plain","computed":true},"fork_policy":{"type":"string","description":"The name of the fork policy to apply to this repository.","description_kind":"plain","computed":true},"id":{"type":"string","description":"The UUID of the repository.","description_kind":"plain","computed":true},"is_private":{"type":"bool","description":"A boolean to state if the repository is private or not.","description_kind":"plain","computed":true},"name":{"type":"string","description":"The name of the repository (must consist of only lowercase ASCII letters, numbers, underscores and hyphens).","description_kind":"plain","required":true},"project_key":{"type":"string","description":"The key of the project this repository belongs to.","description_kind":"plain","computed":true},"workspace":{"type":"string","description":"The slug or UUID (including the enclosing `{}`) of the workspace this repository belongs to.","description_kind":"plain","required":true}},"description_kind":"plain"}},"bitbucket_user":{"version":0,"block":{"attributes":{"account_id":{"type":"string","description":"The User's account ID.","description_kind":"plain","computed":true},"account_status":{"type":"string","description":"The User's account status. Will be one of active, inactive or closed.","description_kind":"plain","computed":true},"display_name":{"type":"string","description":"The User's display name.","description_kind":"plain","computed":true},"id":{"type":"string","description":"The User's UUID.","description_kind":"plain","required":true},"nickname":{"type":"string","description":"The User's nickname.","description_kind":"plain","computed":true}},"description_kind":"plain"}},"bitbucket_webhook":{"version":0,"block":{"attributes":{"events":{"type":["list","string"],"description":"A list of events that will trigger the webhook - see docs for a complete list.","description_kind":"plain","computed":true},"id":{"type":"string","description":"The UUID of the webhook.","description_kind":"plain","required":true},"is_active":{"type":"bool","description":"A boolean to state if the webhook is active or not.","description_kind":"plain","computed":true},"name":{"type":"string","description":"The name of the webhook.","description_kind":"plain","computed":true},"repository":{"type":"string","description":"The name of the repository (must consist of only lowercase ASCII letters, numbers, underscores and hyphens).","description_kind":"plain","required":true},"url":{"type":"string","description":"The url to configure the webhook with.","description_kind":"plain","computed":true},"workspace":{"type":"string","description":"The slug or UUID (including the enclosing `{}`) of the workspace this webhook belongs to.","description_kind":"plain","required":true}},"description_kind":"plain"}},"bitbucket_workspace":{"version":0,"block":{"attributes":{"id":{"type":"string","description":"The slug of the workspace.","description_kind":"plain","required":true},"is_private":{"type":"bool","description":"A boolean to state if the project is private or not.","description_kind":"plain","computed":true},"name":{"type":"string","description":"The name of the workspace.","description_kind":"plain","computed":true},"type":{"type":"string","description":"The type of the workspace.","description_kind":"plain","computed":true},"uuid":{"type":"string","description":"The UUID of the workspace.","description_kind":"plain","computed":true}},"description_kind":"plain"}}}}}}
