{"format_version":"0.2","provider_schemas":{"registry.terraform.io/zapier/opslevel":{"provider":{"version":0,"block":{"attributes":{"token":{"type":"string","description":"The OpsLevel API token to use for authentication.","description_kind":"plain","optional":true,"sensitive":true}},"description_kind":"plain"}},"resource_schemas":{"opslevel_service":{"version":0,"block":{"attributes":{"aliases":{"type":["list","string"],"description":"A list of human-friendly, unique identifiers for the service","description_kind":"plain","optional":true},"description":{"type":"string","description":"A brief description of the service.","description_kind":"plain","optional":true},"framework":{"type":"string","description":"The primary software development framework that the service uses.","description_kind":"plain","optional":true},"id":{"type":"string","description_kind":"plain","optional":true,"computed":true},"language":{"type":"string","description":"The primary programming language that the service is written in.","description_kind":"plain","optional":true},"name":{"type":"string","description":"The display name of the service.","description_kind":"plain","required":true},"owner_id":{"type":"string","description":"The ID of the Team that owns this service.","description_kind":"plain","optional":true},"product":{"type":"string","description":"A product is an application that your end user interacts with. Multiple services can work together to power a single product.","description_kind":"plain","optional":true},"slug":{"type":"string","description":"Slug form of the service name. Also a valid service alias.","description_kind":"plain","computed":true},"tags":{"type":["map","string"],"description":"A map of tags applied to the service","description_kind":"plain","optional":true},"tier_id":{"type":"string","description":"The ID of the software tier that the service belongs to.","description_kind":"plain","optional":true}},"description_kind":"plain"}}},"data_source_schemas":{"opslevel_services":{"version":0,"block":{"attributes":{"id":{"type":"string","description_kind":"plain","optional":true,"computed":true},"services":{"type":["list",["object",{"aliases":["list","string"],"description":"string","framework":"string","id":"string","language":"string","name":"string","owner_id":"string","product":"string","slug":"string","tags":["map","string"],"tier_id":"string"}]],"description":"The services matching specified filters.","description_kind":"plain","computed":true}},"block_types":{"filter":{"nesting_mode":"list","block":{"attributes":{"field":{"type":"string","description":"The service field to filter on. Accepts `alias`, `id`, `framework`, `language`, `ownerAlias`, `tag`.","description_kind":"plain","required":true},"value":{"type":"string","description":"The service field value to match.","description_kind":"plain","optional":true}},"description":"The services matching filter.","description_kind":"plain"},"min_items":1,"max_items":1}},"description_kind":"plain"}},"opslevel_teams":{"version":0,"block":{"attributes":{"id":{"type":"string","description_kind":"plain","optional":true,"computed":true},"teams":{"type":["list",["object",{"alias":"string","contacts":["list",["object",{"address":"string","display_name":"string"}]],"id":"string","name":"string","responsibilities":"string"}]],"description":"The teams matching filter.","description_kind":"plain","computed":true}},"description_kind":"plain"}}}}}}
