{"format_version":"0.2","provider_schemas":{"registry.terraform.io/zededa/zedcloud":{"provider":{"version":0,"block":{"attributes":{"password":{"type":"string","description":"password to be used to login to ZEDCloud. One of token OR username/password must be specified.","description_kind":"plain","optional":true},"token":{"type":"string","description":"API token to be used to login to ZEDCloud. One of token OR username/password must be specified.","description_kind":"plain","optional":true},"username":{"type":"string","description":"Username to be used to login to ZEDCloud. One of token OR username/password must be specified.","description_kind":"plain","optional":true},"zedcloud_url":{"type":"string","description":"ZEDCloud url. Ex: https://zedcontrol.zededa.net","description_kind":"plain","optional":true}},"description_kind":"plain"}},"resource_schemas":{"zedcloud_edgeapp":{"version":0,"block":{"attributes":{"cpus":{"type":"number","description":"Number of CPUs to be assigned to an App Instance of this app","description_kind":"plain","optional":true},"description":{"type":"string","description":"Detailed description of the Object","description_kind":"plain","optional":true},"drives":{"type":"number","description":"Number of drives required for an App Instance of this App","description_kind":"plain","optional":true},"id":{"type":"string","description":"System defined unique Id of the Object","description_kind":"plain","computed":true},"manifest_file":{"type":"string","description":"Location of Edge Application Manifest file (JSON format)","description_kind":"plain","optional":true},"memory":{"type":"number","description":"Memory to be assigned to an App Instance of this App","description_kind":"plain","optional":true},"name":{"type":"string","description":"User defined name of the object. Must be unique across the enterprise. Once object is created, name can’t be changed","description_kind":"plain","required":true},"networks":{"type":"number","description":"Number of Networks required by the App","description_kind":"plain","optional":true},"origin_type":{"type":"string","description":"Origin of object","description_kind":"plain","computed":true},"parent_detail":{"type":["list",["object",{"id_of_parent":"string","reference_exists":"bool","update_available":"bool","version_of_parent_object":"number"}]],"description":"Details of Parent Object","description_kind":"plain","computed":true},"revision":{"type":["list",["object",{"created_at":"string","created_by":"string","curr":"string","prev":"string","updated_at":"string","updated_by":"string"}]],"description":"System defined revision information of the object","description_kind":"plain","computed":true},"storage":{"type":"number","description":"Amount of Storage required for App Instance of this App","description_kind":"plain","optional":true},"title":{"type":"string","description":"User defined title of the object. title can be changed any time.","description_kind":"plain","optional":true},"user_defined_version":{"type":"string","description":"User defined version of the edge-app","description_kind":"plain","optional":true}},"description_kind":"plain"}},"zedcloud_edgeapp_instance":{"version":0,"block":{"attributes":{"activate":{"type":"bool","description":"Mandatory Parameter. Used to activate (set to true) / deactivate ( set to false ) an Edge Application Instance","description_kind":"plain","optional":true},"app_id":{"type":"string","description":"ID of the Edge APP to be used.","description_kind":"plain","optional":true},"app_policy_id":{"type":"string","description":"ID of the associated App Policy Object","description_kind":"plain","optional":true},"app_type":{"type":"string","description":"Type of Edge App - VM / Container etc. The following are valid values: APP_TYPE_UNSPECIFIED, APP_TYPE_VM, APP_TYPE_VM_RUNTIME, APP_TYPE_CONTAINER, APP_TYPE_MODULE","description_kind":"plain","optional":true},"bundleversion":{"type":"string","description":"Version of Edge App the instance is referring to","description_kind":"plain","computed":true},"cluster_id":{"type":"string","description":"ID of the Cluster","description_kind":"plain","computed":true},"collect_stats_ip_addr":{"type":"string","description":"IP Address of the Stats Collector module.","description_kind":"plain","optional":true},"crypto_key":{"type":"string","description":"SENSITIVE. Crypto Key for decrypting user secret information. This field will not be published by terraform import command.","description_kind":"plain","optional":true},"deployment_type":{"type":"string","description":"Type of deployment for the app, eg: azure, k3s, standalone. This comes from the App Manifest.","description_kind":"plain","optional":true},"description":{"type":"string","description":"Detailed description of the Object","description_kind":"plain","optional":true},"device_id":{"type":"string","description":"Edge Node id where the App Instance is deployed.","description_kind":"plain","optional":true},"encrypted_secrets":{"type":["map","string"],"description":"SENSITIVE. Map of encrypted secretsThis field will not be published by terraform import command.","description_kind":"plain","optional":true},"id":{"type":"string","description":"System defined unique Id of the Object","description_kind":"plain","computed":true},"is_secret_updated":{"type":"bool","description":"This field tells whether user secrets has updated or not, especially the custom config","description_kind":"plain","computed":true},"name":{"type":"string","description":"User defined name of the object. Must be unique across the enterprise. Once object is created, name can’t be changed","description_kind":"plain","required":true},"project_id":{"type":"string","description":"ID of the project to which the Object belongs","description_kind":"plain","computed":true},"purge":{"type":["list",["object",{"counter":"number","ops_time":"string"}]],"description":"Purge counter: ZedCloudOpsCmd","description_kind":"plain","computed":true},"refresh":{"type":["list",["object",{"counter":"number","ops_time":"string"}]],"description":"Refresh counter: ZedCloudOpsCmd","description_kind":"plain","computed":true},"remote_console":{"type":"bool","description":"Enable ( true ) / Disable (false ) Remote Console for the Edge App Instance","description_kind":"plain","optional":true},"restart":{"type":["list",["object",{"counter":"number","ops_time":"string"}]],"description":"Restart counter: ZedCloudOpsCmd","description_kind":"plain","computed":true},"revision":{"type":["list",["object",{"created_at":"string","created_by":"string","curr":"string","prev":"string","updated_at":"string","updated_by":"string"}]],"description":"System defined revision information of the object","description_kind":"plain","computed":true},"tags":{"type":["map","string"],"description":"Tags are name/value pairs that enable you to categorize resources. Tag names are case insensitive with max_length 512 and min_length 3. Tag values are case sensitive with max_length 256 and min_length 3","description_kind":"plain","optional":true},"title":{"type":"string","description":"User defined title of the object. title can be changed any time.","description_kind":"plain","optional":true},"user_defined_version":{"type":"string","description":"Edge app UserDefinedVersion this instance is running with","description_kind":"plain","computed":true},"vminfo":{"type":["list",["object",{"cpus":"number","memory":"number","mode":"string","vnc":"bool","vnc_display":"number"}]],"description":"Virtual machine info","description_kind":"plain","computed":true}},"block_types":{"custom_config":{"nesting_mode":"list","block":{"attributes":{"add":{"type":"bool","description":"Add Custom Config","description_kind":"plain","optional":true},"allow_storage_resize":{"type":"bool","description":"Allow storage resize","description_kind":"plain","optional":true},"field_delimiter":{"type":"string","description":"Field delimiter","description_kind":"plain","optional":true},"name":{"type":"string","description":"User Defined name of Custom Config","description_kind":"plain","optional":true},"override":{"type":"bool","description":"Override","description_kind":"plain","optional":true},"template":{"type":"string","description":"Template","description_kind":"plain","optional":true}},"block_types":{"variable_group":{"nesting_mode":"list","block":{"attributes":{"name":{"type":"string","description":"Name of Variable group","description_kind":"plain","optional":true},"required":{"type":"bool","description":"Indicates if this is a required condition","description_kind":"plain","optional":true}},"block_types":{"condition":{"nesting_mode":"list","block":{"attributes":{"name":{"type":"string","description":"Name of variable group condition","description_kind":"plain","optional":true},"operator":{"type":"string","description":"Condition Operator","description_kind":"plain","optional":true},"value":{"type":"string","description":"Value","description_kind":"plain","optional":true}},"description":"Condition","description_kind":"plain"},"max_items":1},"variable":{"nesting_mode":"list","block":{"attributes":{"default":{"type":"string","description":"Default value for the Variable Group Variable","description_kind":"plain","optional":true},"encode":{"type":"string","description":"Encoding Type. Valid Values: FILE_ENCODING_UNSPECIFIED, FILE_ENCODING_BASE64","description_kind":"plain","optional":true},"format":{"type":"string","description":"Format of the Variable. Valid Values: VARIABLE_FORMAT_UNSPECIFIED, VARIABLE_FORMAT_TEXT, VARIABLE_FORMAT_NUMBER, VARIABLE_FORMAT_FILE, VARIABLE_FORMAT_DROPDOWN, VARIABLE_FORMAT_BOOLEAN, VARIABLE_FORMAT_PASSWORD","description_kind":"plain","optional":true},"label":{"type":"string","description":"Label","description_kind":"plain","optional":true},"max_length":{"type":"string","description":"Max length of the variable","description_kind":"plain","optional":true},"name":{"type":"string","description":"Name of Variable Group Variable","description_kind":"plain","optional":true},"process_input":{"type":"string","description":"Process input","description_kind":"plain","optional":true},"required":{"type":"bool","description":"Flag indicates if this is a required variable","description_kind":"plain","optional":true},"type":{"type":"string","description":"Type of variable group variable.","description_kind":"plain","optional":true},"value":{"type":"string","description":"Value of variable group variable.","description_kind":"plain","optional":true}},"block_types":{"option":{"nesting_mode":"list","block":{"attributes":{"label":{"type":"string","description":"Label of option","description_kind":"plain","optional":true},"value":{"type":"string","description":"Value of option","description_kind":"plain","optional":true}},"description":"Variable Options","description_kind":"plain"}}},"description":"List of variables","description_kind":"plain"}}},"description":"Variable group","description_kind":"plain"}}},"description":"Application initialization script template in cloud-config format and user specified values","description_kind":"plain"},"max_items":1},"drive":{"nesting_mode":"list","block":{"attributes":{"cleartext":{"type":"bool","description":"If set, don't encrypt the drive. Store in cleartext","description_kind":"plain","optional":true},"drvtype":{"type":"string","description":"Type of Drive. Valid Values: UNSPECIFIED, CDROM, HDD, NET, HDD_EMPTY. HDD_EMPTY is to allocate the empty disk of maxsizebytes specified","description_kind":"plain","optional":true},"ignorepurge":{"type":"bool","description":"Don't purge this drive as part of purge command for mutable volumes","description_kind":"plain","optional":true},"imagename":{"type":"string","description":"Name of Image Object used for the drive.","description_kind":"plain","optional":true},"imvolname":{"type":"string","description":"Immutable Volume for this drive. Only one of imvolname and mvolname must be specified.","description_kind":"plain","computed":true},"maxsize":{"type":"number","description":"Drive maximum size","description_kind":"plain","optional":true},"mountpath":{"type":"string","description":"Mount Path for the drive in the App Instance","description_kind":"plain","optional":true},"mvolname":{"type":"string","description":"Mutable Volume for this drive. Only one of imvolname and mvolname must be specified.","description_kind":"plain","computed":true},"preserve":{"type":"bool","description":"Preserve the drive even when all app instances using it are deleted","description_kind":"plain","optional":true},"readonly":{"type":"bool","description":"ReadOnly Flag. If set, drive is mounted as readonly by app instance.","description_kind":"plain","optional":true},"target":{"type":"string","description":"Target drive","description_kind":"plain","optional":true},"volumelabel":{"type":"string","description":"User defined volume to use for this drive","description_kind":"plain","optional":true}},"description":"List of Drive configurations","description_kind":"plain"}},"interface":{"nesting_mode":"list","block":{"attributes":{"access_vlan_id":{"type":"number","description":"Access port vlan id. app interface with access vlan id zero will be treated as trunk port. valid vlan id range: 2 - 4093","description_kind":"plain","optional":true},"acl":{"type":["list",["object",{"action":["list",["object",{"drop":"bool","limit":"bool","limitburst":"number","limitrate":"number","limitunit":"string","mapparams":["list",["object",{"port":"number"}]],"portmap":"bool"}]],"id":"number","match":["list",["object",{"type":"string","value":"string"}]],"name":"string"}]],"description":"App Access Control Lists on the Interface","description_kind":"plain","computed":true},"default_net_instance":{"type":"bool","description":"Use the project default Network Instance for this interface.","description_kind":"plain","optional":true},"directattach":{"type":"bool","description":"Comes from manifest during app create. If true, Assign the interface to the App Instance.","description_kind":"plain","computed":true},"intfname":{"type":"string","description":"Name of the Interface as specified in the Edge App","description_kind":"plain","optional":true},"ipaddr":{"type":"string","description":"Static IP Address (/32) to be assigned to the Interface. Applicable only if network instance is configured as static DHCP","description_kind":"plain","optional":true},"macaddr":{"type":"string","description":"In case of p2v we might want to provide a mac-address. Applicable only in case of DHCP=passthrough","description_kind":"plain","optional":true},"netinstname":{"type":"string","description":"Network Instance name attached to the interface. Applicable only when \"directattach\" flag is false","description_kind":"plain","optional":true},"netinsttag":{"type":["map","string"],"description":"Tags for Network Instance","description_kind":"plain","optional":true}},"block_types":{"io":{"nesting_mode":"list","block":{"attributes":{"name":{"type":"string","description":"Physical Adapter name","description_kind":"plain","optional":true},"tags":{"type":["map","string"],"description":"Tags are name/value pairs that enable you to categorize resources. Tag names are case insensitive with max_length 512 and min_length 3. Tag values are case sensitive with max_length 256 and min_length 3","description_kind":"plain","optional":true},"type":{"type":"string","description":"IoType specifies the type of the Input output of the Edge Node / App Instance. Valid Values: IO_TYPE_UNSPECIFIED, IO_TYPE_ETH, IO_TYPE_USB, IO_TYPE_COM, IO_TYPE_AUDIO, IO_TYPE_WLAN, IO_TYPE_WWAN, IO_TYPE_HDMI, IO_TYPE_LTE, IO_TYPE_OTHER","description_kind":"plain","optional":true}},"description":"Physical Adapter to be matched for interface assignment. Applicable only when \"directattach\" flag is true","description_kind":"plain"},"max_items":1}},"description":"Interface Configuration for the App Instance","description_kind":"plain"}},"logs":{"nesting_mode":"list","block":{"attributes":{"access":{"type":"bool","description":"Flag to enable (true) / disable (false) sending of logs generated by app instance to ZEDCloud.","description_kind":"plain","optional":true}},"description":"App Instance Logs related Configuration.","description_kind":"plain"},"max_items":1}},"description_kind":"plain"}},"zedcloud_edgenode":{"version":0,"block":{"attributes":{"adminstate":{"type":"string","description":"Administrative state of device","description_kind":"plain","computed":true},"asset_id":{"type":"string","description":"Device asset ID","description_kind":"plain","optional":true},"client_ip":{"type":"string","description":"Client IP","description_kind":"plain","optional":true},"cluster_id":{"type":"string","description":"ID of the Cluster to which the Edge Node belongs.","description_kind":"plain","computed":true},"config_items":{"type":["map","string"],"description":"EVE Runtime Configuration Properties","description_kind":"plain","optional":true},"cpu":{"type":"number","description":"CPU (configured values)","description_kind":"plain","computed":true},"description":{"type":"string","description":"Detailed description of the Object","description_kind":"plain","optional":true},"eve_image_version":{"type":"string","description":"Verion of EVE-OS image to be used by the Edge Node","description_kind":"plain","optional":true},"id":{"type":"string","description":"System defined unique Id of the Object","description_kind":"plain","computed":true},"memory":{"type":"number","description":"Device memory in MBs","description_kind":"plain","computed":true},"model_id":{"type":"string","description":"ID of device model object for the Edge Node","description_kind":"plain","computed":true},"name":{"type":"string","description":"User defined name of the object. Must be unique across the enterprise. Once object is created, name can’t be changed","description_kind":"plain","required":true},"project_id":{"type":"string","description":"ID of the project to which the Object belongs","description_kind":"plain","computed":true},"reset_counter":{"type":"number","description":"Reset Counter Value","description_kind":"plain","computed":true},"reset_time":{"type":"string","description":"Edge Node Last Reset Time","description_kind":"plain","computed":true},"revision":{"type":["list",["object",{"created_at":"string","created_by":"string","curr":"string","prev":"string","updated_at":"string","updated_by":"string"}]],"description":"System defined revision information of the object","description_kind":"plain","computed":true},"serialno":{"type":"string","description":"Edge Node serial number","description_kind":"plain","computed":true},"storage":{"type":"number","description":"Device storage in GBs","description_kind":"plain","computed":true},"tags":{"type":["map","string"],"description":"Tags are name/value pairs that enable you to categorize resources. Tag names are case insensitive with max_length 512 and min_length 3. Tag values are case sensitive with max_length 256 and min_length 3","description_kind":"plain","optional":true},"thread":{"type":"number","description":"Threads","description_kind":"plain","computed":true},"title":{"type":"string","description":"User defined title of the object. title can be changed any time.","description_kind":"plain","optional":true},"utype":{"type":"string","description":"Device Model Archecture Type","description_kind":"plain","computed":true}},"block_types":{"dev_location":{"nesting_mode":"list","block":{"attributes":{"city":{"type":"string","description":"City","description_kind":"plain","optional":true},"country":{"type":"string","description":"Country code consisting of 2 capital letters as per ISO 3166-1 alpha2 standard","description_kind":"plain","optional":true},"freeloc":{"type":"string","description":"Free formatted location string","description_kind":"plain","optional":true},"hostname":{"type":"string","description":"Host name","description_kind":"plain","optional":true},"loc":{"type":"string","description":"Ordered pair of (latitude, longitude) separated by comma (,). Latitude is the horizontal component used for geographic positioning. It is the angle between 0° (the equator) and ±90° (north or south) at the poles measured in decimal degrees. It is the first value in an ordered pair. A negative number denotes a location south of the equator. a positive number is north. Longitude is the vertical component used for  geographic positioning; it is the angle between 0° (the Prime Meridian) and ±180° (westward or eastward) measured in decimal degrees. It is the second number in an ordered pair. A negative number indicates a location west of Greenwich, England; a positive number east.","description_kind":"plain","optional":true},"org":{"type":"string","description":"The name of the recipient, firm, or company at this geographical location.","description_kind":"plain","optional":true},"postal":{"type":"string","description":"Postal code (ZIP code for USA) of the geographical location","description_kind":"plain","optional":true},"region":{"type":"string","description":"Region","description_kind":"plain","optional":true},"underlay_ip":{"type":"string","description":"Single IP address, either in IPv4 or in IPv6 format","description_kind":"plain","optional":true}},"description":"User specified geo location","description_kind":"plain"}},"interface":{"nesting_mode":"set","block":{"attributes":{"cost":{"type":"number","description":"Cost of using this interface. Default is 0. Maximum: 255","description_kind":"plain","optional":true},"intf_usage":{"type":"string","description":"Adapter Usage. Valid values are: ADAPTER_USAGE_UNSPECIFIED, ADAPTER_USAGE_MANAGEMENT, ADAPTER_USAGE_APP_DIRECT, ADAPTER_USAGE_APP_SHARED, ADAPTER_USAGE_DISABLED ","description_kind":"plain","optional":true},"intfname":{"type":"string","description":"Name of interface in the manifest to which this network or adapter maps to","description_kind":"plain","optional":true},"ipaddr":{"type":"string","description":"IP address. Required if network is configured for static address","description_kind":"plain","optional":true},"macaddr":{"type":"string","description":"Mac address to be used for the interface. Could be over-written in some cases","description_kind":"plain","optional":true},"netname":{"type":"string","description":"Name of network object attached to the interface","description_kind":"plain","optional":true},"tags":{"type":["map","string"],"description":"Tags are name/value pairs that enable you to categorize resources. Tag names are case insensitive with max_length 512 and min_length 3. Tag values are case sensitive with max_length 256 and min_length 3","description_kind":"plain","optional":true}},"description":"System Interface Set","description_kind":"plain"}}},"description_kind":"plain"}},"zedcloud_image":{"version":0,"block":{"attributes":{"datastore_id":{"type":"string","description":"Datastore Id where image binary is located","description_kind":"plain","optional":true},"description":{"type":"string","description":"Detailed description of the Object","description_kind":"plain","optional":true},"id":{"type":"string","description":"System defined unique Id of the Object","description_kind":"plain","computed":true},"image_arch":{"type":"string","description":"Image Architecture. Valid Values: AMD64, ARM64","description_kind":"plain","optional":true},"image_error":{"type":"string","description":"Image upload/uplink detailed error/status message","description_kind":"plain","computed":true},"image_format":{"type":"string","description":"Image binary format. Valid Values: FmtUnknown, RAW, QCOW, QCOW2, VHD, VMDK, OVA, VHDX, CONTAINER","description_kind":"plain","optional":true},"image_local":{"type":"string","description":"Internal image location.","description_kind":"plain","computed":true},"image_rel_url":{"type":"string","description":"Image relative path w.r.t. Datastore","description_kind":"plain","optional":true},"image_sha_256":{"type":"string","description":"Image checksum in SHA256 format","description_kind":"plain","optional":true},"image_size_bytes":{"type":"string","description":"Image size in KBytes.","description_kind":"plain","optional":true},"image_status":{"type":"string","description":"Image status","description_kind":"plain","computed":true},"image_type":{"type":"string","description":"IMAGE_TYPE_EVE, IMAGE_TYPE_APPLICATION, IMAGE_TYPE_EVEPRIVATE","description_kind":"plain","optional":true},"image_version":{"type":"string","description":"System defined Version of the Object","description_kind":"plain","computed":true},"name":{"type":"string","description":"User defined name of the object. Must be unique across the enterprise. Once object is created, name can’t be changed","description_kind":"plain","required":true},"origin_type":{"type":"string","description":"Origin type of image, Valid Values: ORIGIN_UNSPECIFIED, ORIGIN_IMPORTED, ORIGIN_LOCAL, ORIGIN_GLOBAL","description_kind":"plain","computed":true},"revision":{"type":["list",["object",{"created_at":"string","created_by":"string","curr":"string","prev":"string","updated_at":"string","updated_by":"string"}]],"description":"System defined revision information of the object","description_kind":"plain","computed":true},"title":{"type":"string","description":"User defined title of the object. title can be changed any time.","description_kind":"plain","optional":true}},"description_kind":"plain"}},"zedcloud_network":{"version":0,"block":{"attributes":{"description":{"type":"string","description":"Detailed description of the Object","description_kind":"plain","optional":true},"enterprise_default":{"type":"bool","description":"Flag to make this network default for device","description_kind":"plain","optional":true},"id":{"type":"string","description":"System defined unique Id of the Object","description_kind":"plain","computed":true},"kind":{"type":"string","description":"Kind of network. Valid Values: NETWORK_KIND_V4, NETWORK_KIND_V6","description_kind":"plain","optional":true},"name":{"type":"string","description":"User defined name of the object. Must be unique across the enterprise. Once object is created, name can’t be changed","description_kind":"plain","required":true},"project_id":{"type":"string","description":"ID of the project to which the Object belongs","description_kind":"plain","optional":true},"revision":{"type":["list",["object",{"created_at":"string","created_by":"string","curr":"string","prev":"string","updated_at":"string","updated_by":"string"}]],"description":"System defined revision information of the object","description_kind":"plain","computed":true},"title":{"type":"string","description":"User defined title of the object. title can be changed any time.","description_kind":"plain","optional":true}},"block_types":{"dns_list":{"nesting_mode":"list","block":{"attributes":{"addrs":{"type":["list","string"],"description":"List of IP addresses for the specified hostname","description_kind":"plain","optional":true},"hostname":{"type":"string","description":"DNS Host name","description_kind":"plain","optional":true}},"description":"List of Static DNS entries","description_kind":"plain"}},"ip":{"nesting_mode":"list","block":{"attributes":{"dhcp":{"type":"string","description":"DHCP Type (Static / Client etc.). Valid Values: NETWORK_DHCP_TYPE_STATIC, NETWORK_DHCP_TYPE_PASSTHROUGH, NETWORK_DHCP_TYPE_CLIENT","description_kind":"plain","optional":true},"dns":{"type":["list","string"],"description":"List of IP Addresses of DNS servers","description_kind":"plain","optional":true},"domain":{"type":"string","description":"Network domain","description_kind":"plain","optional":true},"gateway":{"type":"string","description":"IP Address of Network Gateway","description_kind":"plain","optional":true},"mask":{"type":"string","description":"Subnet Mask","description_kind":"plain","optional":true},"ntp":{"type":"string","description":"IP Address of NTP Server","description_kind":"plain","optional":true},"subnet":{"type":"string","description":"Subnet address","description_kind":"plain","optional":true}},"block_types":{"dhcp_range":{"nesting_mode":"list","block":{"attributes":{"end":{"type":"string","description":"End of IP Address range","description_kind":"plain","optional":true},"start":{"type":"string","description":"Start of IP Address range","description_kind":"plain","optional":true}},"description":"Range of IP addresses to be used for DHCP","description_kind":"plain"}}},"description":"IP configuration for the Network","description_kind":"plain"}},"proxy":{"nesting_mode":"list","block":{"attributes":{"exceptions":{"type":"string","description":"Proxy exceptions","description_kind":"plain","optional":true},"network_proxy":{"type":"bool","description":"Enable WPAD (Web Proxy Auto Discovery) Protocol to discover and download PAC file.","description_kind":"plain","optional":true},"network_proxy_certs":{"type":["list","string"],"description":"List of Network Proxy Certificates","description_kind":"plain","optional":true},"network_proxy_url":{"type":"string","description":"URL for wpad.dat file to be downloaded. Used when network_proxy is set to False.","description_kind":"plain","optional":true},"pacfile":{"type":"string","description":"Proxy configuration in a pacfile. Used when network_proxy is set to False.","description_kind":"plain","optional":true}},"block_types":{"proxy":{"nesting_mode":"list","block":{"attributes":{"port":{"type":"number","description":"Net Proxy Port","description_kind":"plain","optional":true},"proto":{"type":"string","description":"Net Proxy proto. Valid Values: NETWORK_PROXY_PROTO_HTTP, NETWORK_PROXY_PROTO_HTTPS, NETWORK_PROXY_PROTO_SOCKS, NETWORK_PROXY_PROTO_FTP, NETWORK_PROXY_PROTO_OTHER","description_kind":"plain","optional":true},"server":{"type":"string","description":"Net Proxy Server","description_kind":"plain","optional":true}},"description":"Net Proxy: protocol level proxies. Used when network_proxy is set to False.","description_kind":"plain"}}},"description":"Proxy configuration for the network","description_kind":"plain"}},"wireless":{"nesting_mode":"list","block":{"attributes":{"type":{"type":"string","description":"Type of Wireless Network. Valid values: NETWORK_WIRELESS_TYPE_WIFI, NETWORK_WIRELESS_TYPE_CELLULAR","description_kind":"plain","optional":true}},"block_types":{"cellular_cfg":{"nesting_mode":"list","block":{"attributes":{"apn":{"type":"string","description":"APN string","description_kind":"plain","optional":true}},"description":"Cellular config","description_kind":"plain"}},"wifi_cfg":{"nesting_mode":"list","block":{"attributes":{"identity":{"type":"string","description":"SENSITIVE. WPA2 Enterprise user identity/username. Use Value from Vault. This field will not be published by terraform import","description_kind":"plain","optional":true},"key_scheme":{"type":"string","description":"Key management scheme. Valid Values: NETWORK_WIFIKEY_SCHEME_WPAPSK, NETWORK_WIFIKEY_SCHEME_WPAEAPPSK","description_kind":"plain","optional":true},"priority":{"type":"number","description":"Priority of connection, default is 0","description_kind":"plain","optional":true},"wifi_ssid":{"type":"string","description":"WIFI SSID","description_kind":"plain","optional":true}},"block_types":{"secret":{"nesting_mode":"list","block":{"attributes":{"wifi_passwd":{"type":"string","description":"SENSITIVE: Wifi Password. This field will not be published by terraform import","description_kind":"plain","optional":true}},"description":"SENSITIVE. List of wifi secrets (passwords). This field will not be published by terraform import command.","description_kind":"plain"}}},"description":"Wifi, can be multiple APs on a single wlan, e.g. one for 2.5Ghz, other 5Ghz SSIDs","description_kind":"plain"}}},"description":"Wireless (Wifi / Cellular) Configuration for the Network","description_kind":"plain"}}},"description_kind":"plain"}},"zedcloud_network_instance":{"version":0,"block":{"attributes":{"cluster_id":{"type":"string","description":"ID of the Cluster in which the network instance is configured","description_kind":"plain","computed":true},"description":{"type":"string","description":"Detailed description of the Object","description_kind":"plain","optional":true},"device_default":{"type":"bool","description":"Flag to indicate if this is the default network instance for the device","description_kind":"plain","optional":true},"device_id":{"type":"string","description":"ID of the device on which network instance is created","description_kind":"plain","optional":true},"id":{"type":"string","description":"System defined unique Id of the Object","description_kind":"plain","computed":true},"kind":{"type":"string","description":"Kind of Network Instance. Valid Values: NETWORK_INSTANCE_KIND_UNSPECIFIED, NETWORK_INSTANCE_KIND_TRANSPARENT, NETWORK_INSTANCE_KIND_SWITCH, NETWORK_INSTANCE_KIND_LOCAL NETWORK_INSTANCE_KIND_CLOUD, NETWORK_INSTANCE_KIND_MESH, NETWORK_INSTANCE_KIND_HONEYPOT","description_kind":"plain","optional":true},"name":{"type":"string","description":"User defined name of the object. Must be unique across the enterprise. Once object is created, name can’t be changed","description_kind":"plain","required":true},"network_policy_id":{"type":"string","description":"ID of the network policy to be attached to this network instance","description_kind":"plain","optional":true},"port":{"type":"string","description":"Name of port mapping in the model","description_kind":"plain","optional":true},"port_tags":{"type":["map","string"],"description":"Port Tags are name/value pairs that enable you to categorize resources. Tag names are case insensitive with max_length 512 and min_length 3.  Tag values are case sensitive with max_length 256 and min_length 3.","description_kind":"plain","optional":true},"project_id":{"type":"string","description":"ID of the project to which the Object belongs","description_kind":"plain","computed":true},"revision":{"type":["list",["object",{"created_at":"string","created_by":"string","curr":"string","prev":"string","updated_at":"string","updated_by":"string"}]],"description":"System defined revision information of the object","description_kind":"plain","computed":true},"tags":{"type":["map","string"],"description":"Tags are name/value pairs that enable you to categorize resources. Tag names are case insensitive with max_length 512 and min_length 3. Tag values are case sensitive with max_length 256 and min_length 3","description_kind":"plain","optional":true},"title":{"type":"string","description":"User defined title of the object. title can be changed any time.","description_kind":"plain","optional":true},"type":{"type":"string","description":"Network Instance DHCP type. Valid Values: NETWORK_INSTANCE_DHCP_TYPE_V4, NETWORK_INSTANCE_DHCP_TYPE_V6, NETWORK_INSTANCE_DHCP_TYPE_CRYPTOEID, NETWORK_INSTANCE_DHCP_TYPE_CRYPTOV4, NETWORK_INSTANCE_DHCP_TYPE_CRYPTOV6","description_kind":"plain","optional":true}},"block_types":{"dns_list":{"nesting_mode":"list","block":{"attributes":{"addrs":{"type":["list","string"],"description":"Addresses","description_kind":"plain","optional":true},"hostname":{"type":"string","description":"Host name","description_kind":"plain","optional":true}},"description":"List of Static DNS entries","description_kind":"plain"}},"ip":{"nesting_mode":"list","block":{"attributes":{"dns":{"type":["list","string"],"description":"List of IP Addresses of DNS servers","description_kind":"plain","optional":true},"domain":{"type":"string","description":"Network domain","description_kind":"plain","optional":true},"gateway":{"type":"string","description":"IP Address of Network Gateway","description_kind":"plain","optional":true},"mask":{"type":"string","description":"Subnet Mask","description_kind":"plain","optional":true},"ntp":{"type":"string","description":"IP Address of NTP Server","description_kind":"plain","optional":true},"subnet":{"type":"string","description":"Subnet address","description_kind":"plain","optional":true}},"block_types":{"dhcp_range":{"nesting_mode":"list","block":{"attributes":{"end":{"type":"string","description":"End of IP Address range","description_kind":"plain","optional":true},"start":{"type":"string","description":"Start of IP Address range","description_kind":"plain","optional":true}},"description":"Range of IP addresses to be used for DHCP","description_kind":"plain"},"max_items":1}},"description":"Dhcp Server Configuration","description_kind":"plain"}},"opaque":{"nesting_mode":"list","block":{"attributes":{"oconfig":{"type":"string","description":"Base64 encoded string of opaque config","description_kind":"plain","optional":true},"type":{"type":"string","description":"Type of Opaque config. Valid Values: OPAQUE_CONFIG_TYPE_VPN","description_kind":"plain","optional":true}},"description":"Service specific Config","description_kind":"plain"},"max_items":1}},"description_kind":"plain"}},"zedcloud_volume_instance":{"version":0,"block":{"attributes":{"accessmode":{"type":"string","description":"Access mode. Valid Values: VOLUME_INSTANCE_ACCESS_MODE_INVALID, VOLUME_INSTANCE_ACCESS_MODE_READWRITE, VOLUME_INSTANCE_ACCESS_MODE_READONLY, VOLUME_INSTANCE_ACCESS_MODE_MULTIREAD_SINGLEWRITE","description_kind":"plain","optional":true},"cleartext":{"type":"bool","description":"Flag to keep the contents of the volume unencrypted (in clear text)","description_kind":"plain","optional":true},"content_tree_id":{"type":"string","description":"Content tree ID","description_kind":"plain","optional":true},"description":{"type":"string","description":"Detailed description of the Object","description_kind":"plain","optional":true},"device_id":{"type":"string","description":"ID of the device on which volume instance is created","description_kind":"plain","optional":true},"id":{"type":"string","description":"System defined unique Id of the Object","description_kind":"plain","computed":true},"image":{"type":"string","description":"Name of the image","description_kind":"plain","optional":true},"implicit":{"type":"bool","description":"Flag to create implicit volumes","description_kind":"plain","computed":true},"label":{"type":"string","description":"Label","description_kind":"plain","optional":true},"multiattach":{"type":"bool","description":"Flag to enable the volume to be attached to multiple app instances","description_kind":"plain","optional":true},"name":{"type":"string","description":"User defined name of the object. Must be unique across the enterprise. Once object is created, name can’t be changed","description_kind":"plain","required":true},"project_id":{"type":"string","description":"ID of the project to which the Object belongs","description_kind":"plain","computed":true},"purge":{"type":["list",["object",{"counter":"number","ops_time":"string"}]],"description":"Purge Counter information","description_kind":"plain","computed":true},"revision":{"type":["list",["object",{"created_at":"string","created_by":"string","curr":"string","prev":"string","updated_at":"string","updated_by":"string"}]],"description":"System defined revision information of the object","description_kind":"plain","computed":true},"size_bytes":{"type":"string","description":"Size of volume","description_kind":"plain","optional":true},"title":{"type":"string","description":"User defined title of the object. title can be changed any time.","description_kind":"plain","optional":true},"type":{"type":"string","description":"Type of Volume Instance. Valid Values: VOLUME_INSTANCE_TYPE_UNSPECIFIED, VOLUME_INSTANCE_TYPE_EMPTYDIR, VOLUME_INSTANCE_TYPE_BLOCKSTORAGE, VOLUME_INSTANCE_TYPE_HOSTFS, VOLUME_INSTANCE_TYPE_TMPFS, VOLUME_INSTANCE_TYPE_SECRET, VOLUME_INSTANCE_TYPE_NFS, VOLUME_INSTANCE_TYPE_AWS_BLOCK_STORAGE, VOLUME_INSTANCE_TYPE_CONTENT_TREE","description_kind":"plain","optional":true}},"description_kind":"plain"}}},"data_source_schemas":{"zedcloud_datastore":{"version":0,"block":{"attributes":{"id":{"type":"string","description":"System defined unique Id of the Object","description_kind":"plain","computed":true},"name":{"type":"string","description":"User defined name of the object. Must be unique across the enterprise. Once object is created, name can’t be changed","description_kind":"plain","required":true}},"description":"Schema for data source zedcloud_DataStore. Must specify id or name","description_kind":"plain"}},"zedcloud_edgeapp":{"version":0,"block":{"attributes":{"cpus":{"type":"number","description":"Number of CPUs to be assigned to an App Instance of this app","description_kind":"plain","optional":true},"description":{"type":"string","description":"Detailed description of the Object","description_kind":"plain","optional":true},"drives":{"type":"number","description":"Number of drives required for an App Instance of this App","description_kind":"plain","optional":true},"id":{"type":"string","description":"System defined unique Id of the Object","description_kind":"plain","computed":true},"manifest_file":{"type":"string","description":"Location of Edge Application Manifest file (JSON format)","description_kind":"plain","optional":true},"memory":{"type":"number","description":"Memory to be assigned to an App Instance of this App","description_kind":"plain","optional":true},"name":{"type":"string","description":"User defined name of the object. Must be unique across the enterprise. Once object is created, name can’t be changed","description_kind":"plain","required":true},"networks":{"type":"number","description":"Number of Networks required by the App","description_kind":"plain","optional":true},"origin_type":{"type":"string","description":"Origin of object","description_kind":"plain","computed":true},"parent_detail":{"type":["list",["object",{"id_of_parent":"string","reference_exists":"bool","update_available":"bool","version_of_parent_object":"number"}]],"description":"Details of Parent Object","description_kind":"plain","computed":true},"revision":{"type":["list",["object",{"created_at":"string","created_by":"string","curr":"string","prev":"string","updated_at":"string","updated_by":"string"}]],"description":"System defined revision information of the object","description_kind":"plain","computed":true},"storage":{"type":"number","description":"Amount of Storage required for App Instance of this App","description_kind":"plain","optional":true},"title":{"type":"string","description":"User defined title of the object. title can be changed any time.","description_kind":"plain","optional":true},"user_defined_version":{"type":"string","description":"User defined version of the edge-app","description_kind":"plain","optional":true}},"description":"Schema for data source zedcloud_edgeapp. Must specify id or name","description_kind":"plain"}},"zedcloud_edgeapp_instance":{"version":0,"block":{"attributes":{"activate":{"type":"bool","description":"Mandatory Parameter. Used to activate (set to true) / deactivate ( set to false ) an Edge Application Instance","description_kind":"plain","optional":true},"app_id":{"type":"string","description":"ID of the Edge APP to be used.","description_kind":"plain","optional":true},"app_policy_id":{"type":"string","description":"ID of the associated App Policy Object","description_kind":"plain","optional":true},"app_type":{"type":"string","description":"Type of Edge App - VM / Container etc. The following are valid values: APP_TYPE_UNSPECIFIED, APP_TYPE_VM, APP_TYPE_VM_RUNTIME, APP_TYPE_CONTAINER, APP_TYPE_MODULE","description_kind":"plain","optional":true},"bundleversion":{"type":"string","description":"Version of Edge App the instance is referring to","description_kind":"plain","computed":true},"cluster_id":{"type":"string","description":"ID of the Cluster","description_kind":"plain","computed":true},"collect_stats_ip_addr":{"type":"string","description":"IP Address of the Stats Collector module.","description_kind":"plain","optional":true},"crypto_key":{"type":"string","description":"SENSITIVE. Crypto Key for decrypting user secret information. This field will not be published by terraform import command.","description_kind":"plain","optional":true},"deployment_type":{"type":"string","description":"Type of deployment for the app, eg: azure, k3s, standalone. This comes from the App Manifest.","description_kind":"plain","optional":true},"description":{"type":"string","description":"Detailed description of the Object","description_kind":"plain","optional":true},"device_id":{"type":"string","description":"Edge Node id where the App Instance is deployed.","description_kind":"plain","optional":true},"encrypted_secrets":{"type":["map","string"],"description":"SENSITIVE. Map of encrypted secretsThis field will not be published by terraform import command.","description_kind":"plain","optional":true},"id":{"type":"string","description":"System defined unique Id of the Object","description_kind":"plain","computed":true},"is_secret_updated":{"type":"bool","description":"This field tells whether user secrets has updated or not, especially the custom config","description_kind":"plain","computed":true},"name":{"type":"string","description":"User defined name of the object. Must be unique across the enterprise. Once object is created, name can’t be changed","description_kind":"plain","required":true},"project_id":{"type":"string","description":"ID of the project to which the Object belongs","description_kind":"plain","computed":true},"purge":{"type":["list",["object",{"counter":"number","ops_time":"string"}]],"description":"Purge counter: ZedCloudOpsCmd","description_kind":"plain","computed":true},"refresh":{"type":["list",["object",{"counter":"number","ops_time":"string"}]],"description":"Refresh counter: ZedCloudOpsCmd","description_kind":"plain","computed":true},"remote_console":{"type":"bool","description":"Enable ( true ) / Disable (false ) Remote Console for the Edge App Instance","description_kind":"plain","optional":true},"restart":{"type":["list",["object",{"counter":"number","ops_time":"string"}]],"description":"Restart counter: ZedCloudOpsCmd","description_kind":"plain","computed":true},"revision":{"type":["list",["object",{"created_at":"string","created_by":"string","curr":"string","prev":"string","updated_at":"string","updated_by":"string"}]],"description":"System defined revision information of the object","description_kind":"plain","computed":true},"tags":{"type":["map","string"],"description":"Tags are name/value pairs that enable you to categorize resources. Tag names are case insensitive with max_length 512 and min_length 3. Tag values are case sensitive with max_length 256 and min_length 3","description_kind":"plain","optional":true},"title":{"type":"string","description":"User defined title of the object. title can be changed any time.","description_kind":"plain","optional":true},"user_defined_version":{"type":"string","description":"Edge app UserDefinedVersion this instance is running with","description_kind":"plain","computed":true},"vminfo":{"type":["list",["object",{"cpus":"number","memory":"number","mode":"string","vnc":"bool","vnc_display":"number"}]],"description":"Virtual machine info","description_kind":"plain","computed":true}},"block_types":{"custom_config":{"nesting_mode":"list","block":{"attributes":{"add":{"type":"bool","description":"Add Custom Config","description_kind":"plain","optional":true},"allow_storage_resize":{"type":"bool","description":"Allow storage resize","description_kind":"plain","optional":true},"field_delimiter":{"type":"string","description":"Field delimiter","description_kind":"plain","optional":true},"name":{"type":"string","description":"User Defined name of Custom Config","description_kind":"plain","optional":true},"override":{"type":"bool","description":"Override","description_kind":"plain","optional":true},"template":{"type":"string","description":"Template","description_kind":"plain","optional":true}},"block_types":{"variable_group":{"nesting_mode":"list","block":{"attributes":{"name":{"type":"string","description":"Name of Variable group","description_kind":"plain","optional":true},"required":{"type":"bool","description":"Indicates if this is a required condition","description_kind":"plain","optional":true}},"block_types":{"condition":{"nesting_mode":"list","block":{"attributes":{"name":{"type":"string","description":"Name of variable group condition","description_kind":"plain","optional":true},"operator":{"type":"string","description":"Condition Operator","description_kind":"plain","optional":true},"value":{"type":"string","description":"Value","description_kind":"plain","optional":true}},"description":"Condition","description_kind":"plain"},"max_items":1},"variable":{"nesting_mode":"list","block":{"attributes":{"default":{"type":"string","description":"Default value for the Variable Group Variable","description_kind":"plain","optional":true},"encode":{"type":"string","description":"Encoding Type. Valid Values: FILE_ENCODING_UNSPECIFIED, FILE_ENCODING_BASE64","description_kind":"plain","optional":true},"format":{"type":"string","description":"Format of the Variable. Valid Values: VARIABLE_FORMAT_UNSPECIFIED, VARIABLE_FORMAT_TEXT, VARIABLE_FORMAT_NUMBER, VARIABLE_FORMAT_FILE, VARIABLE_FORMAT_DROPDOWN, VARIABLE_FORMAT_BOOLEAN, VARIABLE_FORMAT_PASSWORD","description_kind":"plain","optional":true},"label":{"type":"string","description":"Label","description_kind":"plain","optional":true},"max_length":{"type":"string","description":"Max length of the variable","description_kind":"plain","optional":true},"name":{"type":"string","description":"Name of Variable Group Variable","description_kind":"plain","optional":true},"process_input":{"type":"string","description":"Process input","description_kind":"plain","optional":true},"required":{"type":"bool","description":"Flag indicates if this is a required variable","description_kind":"plain","optional":true},"type":{"type":"string","description":"Type of variable group variable.","description_kind":"plain","optional":true},"value":{"type":"string","description":"Value of variable group variable.","description_kind":"plain","optional":true}},"block_types":{"option":{"nesting_mode":"list","block":{"attributes":{"label":{"type":"string","description":"Label of option","description_kind":"plain","optional":true},"value":{"type":"string","description":"Value of option","description_kind":"plain","optional":true}},"description":"Variable Options","description_kind":"plain"}}},"description":"List of variables","description_kind":"plain"}}},"description":"Variable group","description_kind":"plain"}}},"description":"Application initialization script template in cloud-config format and user specified values","description_kind":"plain"},"max_items":1},"drive":{"nesting_mode":"list","block":{"attributes":{"cleartext":{"type":"bool","description":"If set, don't encrypt the drive. Store in cleartext","description_kind":"plain","optional":true},"drvtype":{"type":"string","description":"Type of Drive. Valid Values: UNSPECIFIED, CDROM, HDD, NET, HDD_EMPTY. HDD_EMPTY is to allocate the empty disk of maxsizebytes specified","description_kind":"plain","optional":true},"ignorepurge":{"type":"bool","description":"Don't purge this drive as part of purge command for mutable volumes","description_kind":"plain","optional":true},"imagename":{"type":"string","description":"Name of Image Object used for the drive.","description_kind":"plain","optional":true},"imvolname":{"type":"string","description":"Immutable Volume for this drive. Only one of imvolname and mvolname must be specified.","description_kind":"plain","computed":true},"maxsize":{"type":"number","description":"Drive maximum size","description_kind":"plain","optional":true},"mountpath":{"type":"string","description":"Mount Path for the drive in the App Instance","description_kind":"plain","optional":true},"mvolname":{"type":"string","description":"Mutable Volume for this drive. Only one of imvolname and mvolname must be specified.","description_kind":"plain","computed":true},"preserve":{"type":"bool","description":"Preserve the drive even when all app instances using it are deleted","description_kind":"plain","optional":true},"readonly":{"type":"bool","description":"ReadOnly Flag. If set, drive is mounted as readonly by app instance.","description_kind":"plain","optional":true},"target":{"type":"string","description":"Target drive","description_kind":"plain","optional":true},"volumelabel":{"type":"string","description":"User defined volume to use for this drive","description_kind":"plain","optional":true}},"description":"List of Drive configurations","description_kind":"plain"}},"interface":{"nesting_mode":"list","block":{"attributes":{"access_vlan_id":{"type":"number","description":"Access port vlan id. app interface with access vlan id zero will be treated as trunk port. valid vlan id range: 2 - 4093","description_kind":"plain","optional":true},"acl":{"type":["list",["object",{"action":["list",["object",{"drop":"bool","limit":"bool","limitburst":"number","limitrate":"number","limitunit":"string","mapparams":["list",["object",{"port":"number"}]],"portmap":"bool"}]],"id":"number","match":["list",["object",{"type":"string","value":"string"}]],"name":"string"}]],"description":"App Access Control Lists on the Interface","description_kind":"plain","computed":true},"default_net_instance":{"type":"bool","description":"Use the project default Network Instance for this interface.","description_kind":"plain","optional":true},"directattach":{"type":"bool","description":"Comes from manifest during app create. If true, Assign the interface to the App Instance.","description_kind":"plain","computed":true},"intfname":{"type":"string","description":"Name of the Interface as specified in the Edge App","description_kind":"plain","optional":true},"ipaddr":{"type":"string","description":"Static IP Address (/32) to be assigned to the Interface. Applicable only if network instance is configured as static DHCP","description_kind":"plain","optional":true},"macaddr":{"type":"string","description":"In case of p2v we might want to provide a mac-address. Applicable only in case of DHCP=passthrough","description_kind":"plain","optional":true},"netinstname":{"type":"string","description":"Network Instance name attached to the interface. Applicable only when \"directattach\" flag is false","description_kind":"plain","optional":true},"netinsttag":{"type":["map","string"],"description":"Tags for Network Instance","description_kind":"plain","optional":true}},"block_types":{"io":{"nesting_mode":"list","block":{"attributes":{"name":{"type":"string","description":"Physical Adapter name","description_kind":"plain","optional":true},"tags":{"type":["map","string"],"description":"Tags are name/value pairs that enable you to categorize resources. Tag names are case insensitive with max_length 512 and min_length 3. Tag values are case sensitive with max_length 256 and min_length 3","description_kind":"plain","optional":true},"type":{"type":"string","description":"IoType specifies the type of the Input output of the Edge Node / App Instance. Valid Values: IO_TYPE_UNSPECIFIED, IO_TYPE_ETH, IO_TYPE_USB, IO_TYPE_COM, IO_TYPE_AUDIO, IO_TYPE_WLAN, IO_TYPE_WWAN, IO_TYPE_HDMI, IO_TYPE_LTE, IO_TYPE_OTHER","description_kind":"plain","optional":true}},"description":"Physical Adapter to be matched for interface assignment. Applicable only when \"directattach\" flag is true","description_kind":"plain"},"max_items":1}},"description":"Interface Configuration for the App Instance","description_kind":"plain"}},"logs":{"nesting_mode":"list","block":{"attributes":{"access":{"type":"bool","description":"Flag to enable (true) / disable (false) sending of logs generated by app instance to ZEDCloud.","description_kind":"plain","optional":true}},"description":"App Instance Logs related Configuration.","description_kind":"plain"},"max_items":1}},"description":"Schema for data source zedcloud_edgeapp_instance. Must specify id or name","description_kind":"plain"}},"zedcloud_edgenode":{"version":0,"block":{"attributes":{"adminstate":{"type":"string","description":"Administrative state of device","description_kind":"plain","computed":true},"asset_id":{"type":"string","description":"Device asset ID","description_kind":"plain","optional":true},"client_ip":{"type":"string","description":"Client IP","description_kind":"plain","optional":true},"cluster_id":{"type":"string","description":"ID of the Cluster to which the Edge Node belongs.","description_kind":"plain","computed":true},"config_items":{"type":["map","string"],"description":"EVE Runtime Configuration Properties","description_kind":"plain","optional":true},"cpu":{"type":"number","description":"CPU (configured values)","description_kind":"plain","computed":true},"description":{"type":"string","description":"Detailed description of the Object","description_kind":"plain","optional":true},"eve_image_version":{"type":"string","description":"Verion of EVE-OS image to be used by the Edge Node","description_kind":"plain","optional":true},"id":{"type":"string","description":"System defined unique Id of the Object","description_kind":"plain","computed":true},"memory":{"type":"number","description":"Device memory in MBs","description_kind":"plain","computed":true},"model_id":{"type":"string","description":"ID of device model object for the Edge Node","description_kind":"plain","computed":true},"name":{"type":"string","description":"User defined name of the object. Must be unique across the enterprise. Once object is created, name can’t be changed","description_kind":"plain","required":true},"project_id":{"type":"string","description":"ID of the project to which the Object belongs","description_kind":"plain","computed":true},"reset_counter":{"type":"number","description":"Reset Counter Value","description_kind":"plain","computed":true},"reset_time":{"type":"string","description":"Edge Node Last Reset Time","description_kind":"plain","computed":true},"revision":{"type":["list",["object",{"created_at":"string","created_by":"string","curr":"string","prev":"string","updated_at":"string","updated_by":"string"}]],"description":"System defined revision information of the object","description_kind":"plain","computed":true},"serialno":{"type":"string","description":"Edge Node serial number","description_kind":"plain","computed":true},"storage":{"type":"number","description":"Device storage in GBs","description_kind":"plain","computed":true},"tags":{"type":["map","string"],"description":"Tags are name/value pairs that enable you to categorize resources. Tag names are case insensitive with max_length 512 and min_length 3. Tag values are case sensitive with max_length 256 and min_length 3","description_kind":"plain","optional":true},"thread":{"type":"number","description":"Threads","description_kind":"plain","computed":true},"title":{"type":"string","description":"User defined title of the object. title can be changed any time.","description_kind":"plain","optional":true},"utype":{"type":"string","description":"Device Model Archecture Type","description_kind":"plain","computed":true}},"block_types":{"dev_location":{"nesting_mode":"list","block":{"attributes":{"city":{"type":"string","description":"City","description_kind":"plain","optional":true},"country":{"type":"string","description":"Country code consisting of 2 capital letters as per ISO 3166-1 alpha2 standard","description_kind":"plain","optional":true},"freeloc":{"type":"string","description":"Free formatted location string","description_kind":"plain","optional":true},"hostname":{"type":"string","description":"Host name","description_kind":"plain","optional":true},"loc":{"type":"string","description":"Ordered pair of (latitude, longitude) separated by comma (,). Latitude is the horizontal component used for geographic positioning. It is the angle between 0° (the equator) and ±90° (north or south) at the poles measured in decimal degrees. It is the first value in an ordered pair. A negative number denotes a location south of the equator. a positive number is north. Longitude is the vertical component used for  geographic positioning; it is the angle between 0° (the Prime Meridian) and ±180° (westward or eastward) measured in decimal degrees. It is the second number in an ordered pair. A negative number indicates a location west of Greenwich, England; a positive number east.","description_kind":"plain","optional":true},"org":{"type":"string","description":"The name of the recipient, firm, or company at this geographical location.","description_kind":"plain","optional":true},"postal":{"type":"string","description":"Postal code (ZIP code for USA) of the geographical location","description_kind":"plain","optional":true},"region":{"type":"string","description":"Region","description_kind":"plain","optional":true},"underlay_ip":{"type":"string","description":"Single IP address, either in IPv4 or in IPv6 format","description_kind":"plain","optional":true}},"description":"User specified geo location","description_kind":"plain"}},"interface":{"nesting_mode":"set","block":{"attributes":{"cost":{"type":"number","description":"Cost of using this interface. Default is 0. Maximum: 255","description_kind":"plain","optional":true},"intf_usage":{"type":"string","description":"Adapter Usage. Valid values are: ADAPTER_USAGE_UNSPECIFIED, ADAPTER_USAGE_MANAGEMENT, ADAPTER_USAGE_APP_DIRECT, ADAPTER_USAGE_APP_SHARED, ADAPTER_USAGE_DISABLED ","description_kind":"plain","optional":true},"intfname":{"type":"string","description":"Name of interface in the manifest to which this network or adapter maps to","description_kind":"plain","optional":true},"ipaddr":{"type":"string","description":"IP address. Required if network is configured for static address","description_kind":"plain","optional":true},"macaddr":{"type":"string","description":"Mac address to be used for the interface. Could be over-written in some cases","description_kind":"plain","optional":true},"netname":{"type":"string","description":"Name of network object attached to the interface","description_kind":"plain","optional":true},"tags":{"type":["map","string"],"description":"Tags are name/value pairs that enable you to categorize resources. Tag names are case insensitive with max_length 512 and min_length 3. Tag values are case sensitive with max_length 256 and min_length 3","description_kind":"plain","optional":true}},"description":"System Interface Set","description_kind":"plain"}}},"description":"Schema for data source zedcloud_edgenode. Must specify id or name","description_kind":"plain"}},"zedcloud_image":{"version":0,"block":{"attributes":{"datastore_id":{"type":"string","description":"Datastore Id where image binary is located","description_kind":"plain","optional":true},"description":{"type":"string","description":"Detailed description of the Object","description_kind":"plain","optional":true},"id":{"type":"string","description":"System defined unique Id of the Object","description_kind":"plain","computed":true},"image_arch":{"type":"string","description":"Image Architecture. Valid Values: AMD64, ARM64","description_kind":"plain","optional":true},"image_error":{"type":"string","description":"Image upload/uplink detailed error/status message","description_kind":"plain","computed":true},"image_format":{"type":"string","description":"Image binary format. Valid Values: FmtUnknown, RAW, QCOW, QCOW2, VHD, VMDK, OVA, VHDX, CONTAINER","description_kind":"plain","optional":true},"image_local":{"type":"string","description":"Internal image location.","description_kind":"plain","computed":true},"image_rel_url":{"type":"string","description":"Image relative path w.r.t. Datastore","description_kind":"plain","optional":true},"image_sha_256":{"type":"string","description":"Image checksum in SHA256 format","description_kind":"plain","optional":true},"image_size_bytes":{"type":"string","description":"Image size in KBytes.","description_kind":"plain","optional":true},"image_status":{"type":"string","description":"Image status","description_kind":"plain","computed":true},"image_type":{"type":"string","description":"IMAGE_TYPE_EVE, IMAGE_TYPE_APPLICATION, IMAGE_TYPE_EVEPRIVATE","description_kind":"plain","optional":true},"image_version":{"type":"string","description":"System defined Version of the Object","description_kind":"plain","computed":true},"name":{"type":"string","description":"User defined name of the object. Must be unique across the enterprise. Once object is created, name can’t be changed","description_kind":"plain","required":true},"origin_type":{"type":"string","description":"Origin type of image, Valid Values: ORIGIN_UNSPECIFIED, ORIGIN_IMPORTED, ORIGIN_LOCAL, ORIGIN_GLOBAL","description_kind":"plain","computed":true},"revision":{"type":["list",["object",{"created_at":"string","created_by":"string","curr":"string","prev":"string","updated_at":"string","updated_by":"string"}]],"description":"System defined revision information of the object","description_kind":"plain","computed":true},"title":{"type":"string","description":"User defined title of the object. title can be changed any time.","description_kind":"plain","optional":true}},"description":"Schema for data source zedcloud_image. Must specify id or name","description_kind":"plain"}},"zedcloud_network":{"version":0,"block":{"attributes":{"description":{"type":"string","description":"Detailed description of the Object","description_kind":"plain","optional":true},"enterprise_default":{"type":"bool","description":"Flag to make this network default for device","description_kind":"plain","optional":true},"id":{"type":"string","description":"System defined unique Id of the Object","description_kind":"plain","computed":true},"kind":{"type":"string","description":"Kind of network. Valid Values: NETWORK_KIND_V4, NETWORK_KIND_V6","description_kind":"plain","optional":true},"name":{"type":"string","description":"User defined name of the object. Must be unique across the enterprise. Once object is created, name can’t be changed","description_kind":"plain","required":true},"project_id":{"type":"string","description":"ID of the project to which the Object belongs","description_kind":"plain","optional":true},"revision":{"type":["list",["object",{"created_at":"string","created_by":"string","curr":"string","prev":"string","updated_at":"string","updated_by":"string"}]],"description":"System defined revision information of the object","description_kind":"plain","computed":true},"title":{"type":"string","description":"User defined title of the object. title can be changed any time.","description_kind":"plain","optional":true}},"block_types":{"dns_list":{"nesting_mode":"list","block":{"attributes":{"addrs":{"type":["list","string"],"description":"List of IP addresses for the specified hostname","description_kind":"plain","optional":true},"hostname":{"type":"string","description":"DNS Host name","description_kind":"plain","optional":true}},"description":"List of Static DNS entries","description_kind":"plain"}},"ip":{"nesting_mode":"list","block":{"attributes":{"dhcp":{"type":"string","description":"DHCP Type (Static / Client etc.). Valid Values: NETWORK_DHCP_TYPE_STATIC, NETWORK_DHCP_TYPE_PASSTHROUGH, NETWORK_DHCP_TYPE_CLIENT","description_kind":"plain","optional":true},"dns":{"type":["list","string"],"description":"List of IP Addresses of DNS servers","description_kind":"plain","optional":true},"domain":{"type":"string","description":"Network domain","description_kind":"plain","optional":true},"gateway":{"type":"string","description":"IP Address of Network Gateway","description_kind":"plain","optional":true},"mask":{"type":"string","description":"Subnet Mask","description_kind":"plain","optional":true},"ntp":{"type":"string","description":"IP Address of NTP Server","description_kind":"plain","optional":true},"subnet":{"type":"string","description":"Subnet address","description_kind":"plain","optional":true}},"block_types":{"dhcp_range":{"nesting_mode":"list","block":{"attributes":{"end":{"type":"string","description":"End of IP Address range","description_kind":"plain","optional":true},"start":{"type":"string","description":"Start of IP Address range","description_kind":"plain","optional":true}},"description":"Range of IP addresses to be used for DHCP","description_kind":"plain"}}},"description":"IP configuration for the Network","description_kind":"plain"}},"proxy":{"nesting_mode":"list","block":{"attributes":{"exceptions":{"type":"string","description":"Proxy exceptions","description_kind":"plain","optional":true},"network_proxy":{"type":"bool","description":"Enable WPAD (Web Proxy Auto Discovery) Protocol to discover and download PAC file.","description_kind":"plain","optional":true},"network_proxy_certs":{"type":["list","string"],"description":"List of Network Proxy Certificates","description_kind":"plain","optional":true},"network_proxy_url":{"type":"string","description":"URL for wpad.dat file to be downloaded. Used when network_proxy is set to False.","description_kind":"plain","optional":true},"pacfile":{"type":"string","description":"Proxy configuration in a pacfile. Used when network_proxy is set to False.","description_kind":"plain","optional":true}},"block_types":{"proxy":{"nesting_mode":"list","block":{"attributes":{"port":{"type":"number","description":"Net Proxy Port","description_kind":"plain","optional":true},"proto":{"type":"string","description":"Net Proxy proto. Valid Values: NETWORK_PROXY_PROTO_HTTP, NETWORK_PROXY_PROTO_HTTPS, NETWORK_PROXY_PROTO_SOCKS, NETWORK_PROXY_PROTO_FTP, NETWORK_PROXY_PROTO_OTHER","description_kind":"plain","optional":true},"server":{"type":"string","description":"Net Proxy Server","description_kind":"plain","optional":true}},"description":"Net Proxy: protocol level proxies. Used when network_proxy is set to False.","description_kind":"plain"}}},"description":"Proxy configuration for the network","description_kind":"plain"}},"wireless":{"nesting_mode":"list","block":{"attributes":{"type":{"type":"string","description":"Type of Wireless Network. Valid values: NETWORK_WIRELESS_TYPE_WIFI, NETWORK_WIRELESS_TYPE_CELLULAR","description_kind":"plain","optional":true}},"block_types":{"cellular_cfg":{"nesting_mode":"list","block":{"attributes":{"apn":{"type":"string","description":"APN string","description_kind":"plain","optional":true}},"description":"Cellular config","description_kind":"plain"}},"wifi_cfg":{"nesting_mode":"list","block":{"attributes":{"identity":{"type":"string","description":"SENSITIVE. WPA2 Enterprise user identity/username. Use Value from Vault. This field will not be published by terraform import","description_kind":"plain","optional":true},"key_scheme":{"type":"string","description":"Key management scheme. Valid Values: NETWORK_WIFIKEY_SCHEME_WPAPSK, NETWORK_WIFIKEY_SCHEME_WPAEAPPSK","description_kind":"plain","optional":true},"priority":{"type":"number","description":"Priority of connection, default is 0","description_kind":"plain","optional":true},"wifi_ssid":{"type":"string","description":"WIFI SSID","description_kind":"plain","optional":true}},"block_types":{"secret":{"nesting_mode":"list","block":{"attributes":{"wifi_passwd":{"type":"string","description":"SENSITIVE: Wifi Password. This field will not be published by terraform import","description_kind":"plain","optional":true}},"description":"SENSITIVE. List of wifi secrets (passwords). This field will not be published by terraform import command.","description_kind":"plain"}}},"description":"Wifi, can be multiple APs on a single wlan, e.g. one for 2.5Ghz, other 5Ghz SSIDs","description_kind":"plain"}}},"description":"Wireless (Wifi / Cellular) Configuration for the Network","description_kind":"plain"}}},"description":"Schema for data source zedcloud_network. Must specify id or name","description_kind":"plain"}},"zedcloud_network_instance":{"version":0,"block":{"attributes":{"cluster_id":{"type":"string","description":"ID of the Cluster in which the network instance is configured","description_kind":"plain","computed":true},"description":{"type":"string","description":"Detailed description of the Object","description_kind":"plain","optional":true},"device_default":{"type":"bool","description":"Flag to indicate if this is the default network instance for the device","description_kind":"plain","optional":true},"device_id":{"type":"string","description":"ID of the device on which network instance is created","description_kind":"plain","optional":true},"id":{"type":"string","description":"System defined unique Id of the Object","description_kind":"plain","computed":true},"kind":{"type":"string","description":"Kind of Network Instance. Valid Values: NETWORK_INSTANCE_KIND_UNSPECIFIED, NETWORK_INSTANCE_KIND_TRANSPARENT, NETWORK_INSTANCE_KIND_SWITCH, NETWORK_INSTANCE_KIND_LOCAL NETWORK_INSTANCE_KIND_CLOUD, NETWORK_INSTANCE_KIND_MESH, NETWORK_INSTANCE_KIND_HONEYPOT","description_kind":"plain","optional":true},"name":{"type":"string","description":"User defined name of the object. Must be unique across the enterprise. Once object is created, name can’t be changed","description_kind":"plain","required":true},"network_policy_id":{"type":"string","description":"ID of the network policy to be attached to this network instance","description_kind":"plain","optional":true},"port":{"type":"string","description":"Name of port mapping in the model","description_kind":"plain","optional":true},"port_tags":{"type":["map","string"],"description":"Port Tags are name/value pairs that enable you to categorize resources. Tag names are case insensitive with max_length 512 and min_length 3.  Tag values are case sensitive with max_length 256 and min_length 3.","description_kind":"plain","optional":true},"project_id":{"type":"string","description":"ID of the project to which the Object belongs","description_kind":"plain","computed":true},"revision":{"type":["list",["object",{"created_at":"string","created_by":"string","curr":"string","prev":"string","updated_at":"string","updated_by":"string"}]],"description":"System defined revision information of the object","description_kind":"plain","computed":true},"tags":{"type":["map","string"],"description":"Tags are name/value pairs that enable you to categorize resources. Tag names are case insensitive with max_length 512 and min_length 3. Tag values are case sensitive with max_length 256 and min_length 3","description_kind":"plain","optional":true},"title":{"type":"string","description":"User defined title of the object. title can be changed any time.","description_kind":"plain","optional":true},"type":{"type":"string","description":"Network Instance DHCP type. Valid Values: NETWORK_INSTANCE_DHCP_TYPE_V4, NETWORK_INSTANCE_DHCP_TYPE_V6, NETWORK_INSTANCE_DHCP_TYPE_CRYPTOEID, NETWORK_INSTANCE_DHCP_TYPE_CRYPTOV4, NETWORK_INSTANCE_DHCP_TYPE_CRYPTOV6","description_kind":"plain","optional":true}},"block_types":{"dns_list":{"nesting_mode":"list","block":{"attributes":{"addrs":{"type":["list","string"],"description":"Addresses","description_kind":"plain","optional":true},"hostname":{"type":"string","description":"Host name","description_kind":"plain","optional":true}},"description":"List of Static DNS entries","description_kind":"plain"}},"ip":{"nesting_mode":"list","block":{"attributes":{"dns":{"type":["list","string"],"description":"List of IP Addresses of DNS servers","description_kind":"plain","optional":true},"domain":{"type":"string","description":"Network domain","description_kind":"plain","optional":true},"gateway":{"type":"string","description":"IP Address of Network Gateway","description_kind":"plain","optional":true},"mask":{"type":"string","description":"Subnet Mask","description_kind":"plain","optional":true},"ntp":{"type":"string","description":"IP Address of NTP Server","description_kind":"plain","optional":true},"subnet":{"type":"string","description":"Subnet address","description_kind":"plain","optional":true}},"block_types":{"dhcp_range":{"nesting_mode":"list","block":{"attributes":{"end":{"type":"string","description":"End of IP Address range","description_kind":"plain","optional":true},"start":{"type":"string","description":"Start of IP Address range","description_kind":"plain","optional":true}},"description":"Range of IP addresses to be used for DHCP","description_kind":"plain"},"max_items":1}},"description":"Dhcp Server Configuration","description_kind":"plain"}},"opaque":{"nesting_mode":"list","block":{"attributes":{"oconfig":{"type":"string","description":"Base64 encoded string of opaque config","description_kind":"plain","optional":true},"type":{"type":"string","description":"Type of Opaque config. Valid Values: OPAQUE_CONFIG_TYPE_VPN","description_kind":"plain","optional":true}},"description":"Service specific Config","description_kind":"plain"},"max_items":1}},"description":"Schema for data source zedcloud_network_instance. Must specify id or name","description_kind":"plain"}},"zedcloud_volume_instance":{"version":0,"block":{"attributes":{"accessmode":{"type":"string","description":"Access mode. Valid Values: VOLUME_INSTANCE_ACCESS_MODE_INVALID, VOLUME_INSTANCE_ACCESS_MODE_READWRITE, VOLUME_INSTANCE_ACCESS_MODE_READONLY, VOLUME_INSTANCE_ACCESS_MODE_MULTIREAD_SINGLEWRITE","description_kind":"plain","optional":true},"cleartext":{"type":"bool","description":"Flag to keep the contents of the volume unencrypted (in clear text)","description_kind":"plain","optional":true},"content_tree_id":{"type":"string","description":"Content tree ID","description_kind":"plain","optional":true},"description":{"type":"string","description":"Detailed description of the Object","description_kind":"plain","optional":true},"device_id":{"type":"string","description":"ID of the device on which volume instance is created","description_kind":"plain","optional":true},"id":{"type":"string","description":"System defined unique Id of the Object","description_kind":"plain","computed":true},"image":{"type":"string","description":"Name of the image","description_kind":"plain","optional":true},"implicit":{"type":"bool","description":"Flag to create implicit volumes","description_kind":"plain","computed":true},"label":{"type":"string","description":"Label","description_kind":"plain","optional":true},"multiattach":{"type":"bool","description":"Flag to enable the volume to be attached to multiple app instances","description_kind":"plain","optional":true},"name":{"type":"string","description":"User defined name of the object. Must be unique across the enterprise. Once object is created, name can’t be changed","description_kind":"plain","required":true},"project_id":{"type":"string","description":"ID of the project to which the Object belongs","description_kind":"plain","computed":true},"purge":{"type":["list",["object",{"counter":"number","ops_time":"string"}]],"description":"Purge Counter information","description_kind":"plain","computed":true},"revision":{"type":["list",["object",{"created_at":"string","created_by":"string","curr":"string","prev":"string","updated_at":"string","updated_by":"string"}]],"description":"System defined revision information of the object","description_kind":"plain","computed":true},"size_bytes":{"type":"string","description":"Size of volume","description_kind":"plain","optional":true},"title":{"type":"string","description":"User defined title of the object. title can be changed any time.","description_kind":"plain","optional":true},"type":{"type":"string","description":"Type of Volume Instance. Valid Values: VOLUME_INSTANCE_TYPE_UNSPECIFIED, VOLUME_INSTANCE_TYPE_EMPTYDIR, VOLUME_INSTANCE_TYPE_BLOCKSTORAGE, VOLUME_INSTANCE_TYPE_HOSTFS, VOLUME_INSTANCE_TYPE_TMPFS, VOLUME_INSTANCE_TYPE_SECRET, VOLUME_INSTANCE_TYPE_NFS, VOLUME_INSTANCE_TYPE_AWS_BLOCK_STORAGE, VOLUME_INSTANCE_TYPE_CONTENT_TREE","description_kind":"plain","optional":true}},"description":"Schema for data source zedcloud_volume_instance. Must specify id or name","description_kind":"plain"}}}}}}
